cd tests && go test -run TestRunBankingSolutions -count=1 -v -timeout 600m
[32mINFO[0m: [32m[CloudInfoService][0m logger.go:937 API cache disabled
=== RUN   TestRunBankingSolutions
=== PAUSE TestRunBankingSolutions
=== CONT  TestRunBankingSolutions
TestRunBankingSolutions 2025-12-10T11:26:03+05:30 pr_test.go:178: Tempdir:  /var/folders/jn/vh4gc581529bsrj1t0w22v7m0000gn/T/rag-da-tj2una-qnmusp2153614321/existing-resources
TestRunBankingSolutions 2025-12-10T11:26:03+05:30 retry.go:91: terraform [workspace list]
TestRunBankingSolutions 2025-12-10T11:26:03+05:30 logger.go:67: Running command terraform with args [workspace list]
TestRunBankingSolutions 2025-12-10T11:26:03+05:30 logger.go:67: * default
TestRunBankingSolutions 2025-12-10T11:26:03+05:30 logger.go:67: 
TestRunBankingSolutions 2025-12-10T11:26:03+05:30 retry.go:91: terraform [workspace new rag-da-tj2una]
TestRunBankingSolutions 2025-12-10T11:26:03+05:30 logger.go:67: Running command terraform with args [workspace new rag-da-tj2una]
TestRunBankingSolutions 2025-12-10T11:26:03+05:30 logger.go:67: [0m[32m[1mCreated and switched to workspace "rag-da-tj2una"![0m[32m
TestRunBankingSolutions 2025-12-10T11:26:03+05:30 logger.go:67: 
TestRunBankingSolutions 2025-12-10T11:26:03+05:30 logger.go:67: You're now on a new, empty workspace. Workspaces isolate their state,
TestRunBankingSolutions 2025-12-10T11:26:03+05:30 logger.go:67: so if you run "terraform plan" Terraform will not see any existing state
TestRunBankingSolutions 2025-12-10T11:26:03+05:30 logger.go:67: for this configuration.[0m
TestRunBankingSolutions 2025-12-10T11:26:03+05:30 retry.go:91: terraform [workspace show]
TestRunBankingSolutions 2025-12-10T11:26:03+05:30 logger.go:67: Running command terraform with args [workspace show]
TestRunBankingSolutions 2025-12-10T11:26:03+05:30 logger.go:67: rag-da-tj2una
TestRunBankingSolutions 2025-12-10T11:26:03+05:30 retry.go:91: terraform [init -upgrade=true]
TestRunBankingSolutions 2025-12-10T11:26:03+05:30 logger.go:67: Running command terraform with args [init -upgrade=true]
TestRunBankingSolutions 2025-12-10T11:26:03+05:30 logger.go:67: [0m[1mInitializing the backend...[0m
TestRunBankingSolutions 2025-12-10T11:26:03+05:30 logger.go:67: [0m[1mUpgrading modules...[0m
TestRunBankingSolutions 2025-12-10T11:26:04+05:30 logger.go:67: Downloading registry.terraform.io/terraform-ibm-modules/base-ocp-vpc/ibm 3.70.0 for ocp_base...
TestRunBankingSolutions 2025-12-10T11:26:08+05:30 logger.go:67: - ocp_base in .terraform/modules/ocp_base
TestRunBankingSolutions 2025-12-10T11:26:08+05:30 logger.go:67: Downloading registry.terraform.io/terraform-ibm-modules/security-group/ibm 2.8.0 for ocp_base.attach_sg_to_api_vpe...
TestRunBankingSolutions 2025-12-10T11:26:11+05:30 logger.go:67: - ocp_base.attach_sg_to_api_vpe in .terraform/modules/ocp_base.attach_sg_to_api_vpe
TestRunBankingSolutions 2025-12-10T11:26:11+05:30 logger.go:67: Downloading registry.terraform.io/terraform-ibm-modules/security-group/ibm 2.8.0 for ocp_base.attach_sg_to_lb...
TestRunBankingSolutions 2025-12-10T11:26:11+05:30 logger.go:67: - ocp_base.attach_sg_to_lb in .terraform/modules/ocp_base.attach_sg_to_lb
TestRunBankingSolutions 2025-12-10T11:26:11+05:30 logger.go:67: Downloading registry.terraform.io/terraform-ibm-modules/security-group/ibm 2.8.0 for ocp_base.attach_sg_to_master_vpe...
TestRunBankingSolutions 2025-12-10T11:26:11+05:30 logger.go:67: - ocp_base.attach_sg_to_master_vpe in .terraform/modules/ocp_base.attach_sg_to_master_vpe
TestRunBankingSolutions 2025-12-10T11:26:11+05:30 logger.go:67: Downloading registry.terraform.io/terraform-ibm-modules/security-group/ibm 2.8.0 for ocp_base.attach_sg_to_registry_vpe...
TestRunBankingSolutions 2025-12-10T11:26:11+05:30 logger.go:67: - ocp_base.attach_sg_to_registry_vpe in .terraform/modules/ocp_base.attach_sg_to_registry_vpe
TestRunBankingSolutions 2025-12-10T11:26:11+05:30 logger.go:67: Downloading registry.terraform.io/terraform-ibm-modules/cbr/ibm 1.33.7 for ocp_base.cbr_rule...
TestRunBankingSolutions 2025-12-10T11:26:15+05:30 logger.go:67: - ocp_base.cbr_rule in .terraform/modules/ocp_base.cbr_rule/modules/cbr-rule-module
TestRunBankingSolutions 2025-12-10T11:26:15+05:30 logger.go:67: Downloading registry.terraform.io/terraform-ibm-modules/cos/ibm 10.5.1 for ocp_base.cos_instance...
TestRunBankingSolutions 2025-12-10T11:26:23+05:30 logger.go:67: - ocp_base.cos_instance in .terraform/modules/ocp_base.cos_instance
TestRunBankingSolutions 2025-12-10T11:26:23+05:30 logger.go:67: Downloading registry.terraform.io/terraform-ibm-modules/cbr/ibm 1.33.2 for ocp_base.cos_instance.bucket_cbr_rule...
TestRunBankingSolutions 2025-12-10T11:26:26+05:30 logger.go:67: - ocp_base.cos_instance.bucket_cbr_rule in .terraform/modules/ocp_base.cos_instance.bucket_cbr_rule/modules/cbr-rule-module
TestRunBankingSolutions 2025-12-10T11:26:26+05:30 logger.go:67: Downloading registry.terraform.io/terraform-ibm-modules/cbr/ibm 1.33.2 for ocp_base.cos_instance.instance_cbr_rule...
TestRunBankingSolutions 2025-12-10T11:26:26+05:30 logger.go:67: - ocp_base.cos_instance.instance_cbr_rule in .terraform/modules/ocp_base.cos_instance.instance_cbr_rule/modules/cbr-rule-module
TestRunBankingSolutions 2025-12-10T11:26:26+05:30 logger.go:67: Downloading registry.terraform.io/terraform-ibm-modules/common-utilities/ibm 1.2.0 for ocp_base.existing_secrets_manager_instance_parser...
TestRunBankingSolutions 2025-12-10T11:26:29+05:30 logger.go:67: - ocp_base.existing_secrets_manager_instance_parser in .terraform/modules/ocp_base.existing_secrets_manager_instance_parser/modules/crn-parser
TestRunBankingSolutions 2025-12-10T11:26:29+05:30 logger.go:67: - ocp_base.worker_pools in .terraform/modules/ocp_base/modules/worker-pool
TestRunBankingSolutions 2025-12-10T11:26:29+05:30 logger.go:67: Downloading registry.terraform.io/terraform-ibm-modules/resource-group/ibm 1.4.0 for resource_group...
TestRunBankingSolutions 2025-12-10T11:26:32+05:30 logger.go:67: - resource_group in .terraform/modules/resource_group
TestRunBankingSolutions 2025-12-10T11:26:32+05:30 logger.go:67: [0m[1mInitializing provider plugins...[0m
TestRunBankingSolutions 2025-12-10T11:26:32+05:30 logger.go:67: - Finding ibm-cloud/ibm versions matching ">= 1.53.0, >= 1.59.0, >= 1.78.2, >= 1.79.0, >= 1.79.2, < 2.0.0"...
TestRunBankingSolutions 2025-12-10T11:26:32+05:30 logger.go:67: - Finding hashicorp/time versions matching ">= 0.9.1, < 1.0.0"...
TestRunBankingSolutions 2025-12-10T11:26:32+05:30 logger.go:67: - Finding hashicorp/null versions matching ">= 3.2.1, < 4.0.0"...
TestRunBankingSolutions 2025-12-10T11:26:32+05:30 logger.go:67: - Finding hashicorp/kubernetes versions matching ">= 2.16.1, < 3.0.0"...
TestRunBankingSolutions 2025-12-10T11:26:33+05:30 logger.go:67: - Finding hashicorp/random versions matching ">= 3.5.1, < 4.0.0"...
TestRunBankingSolutions 2025-12-10T11:26:34+05:30 logger.go:67: - Installing ibm-cloud/ibm v1.86.0...
TestRunBankingSolutions 2025-12-10T11:26:45+05:30 logger.go:67: - Installed ibm-cloud/ibm v1.86.0 (self-signed, key ID [0m[1mAAD3B791C49CC253[0m[0m)
TestRunBankingSolutions 2025-12-10T11:26:45+05:30 logger.go:67: - Installing hashicorp/time v0.13.1...
TestRunBankingSolutions 2025-12-10T11:26:47+05:30 logger.go:67: - Installed hashicorp/time v0.13.1 (signed by HashiCorp)
TestRunBankingSolutions 2025-12-10T11:26:47+05:30 logger.go:67: - Installing hashicorp/null v3.2.4...
TestRunBankingSolutions 2025-12-10T11:26:49+05:30 logger.go:67: - Installed hashicorp/null v3.2.4 (signed by HashiCorp)
TestRunBankingSolutions 2025-12-10T11:26:49+05:30 logger.go:67: - Installing hashicorp/kubernetes v2.38.0...
TestRunBankingSolutions 2025-12-10T11:26:54+05:30 logger.go:67: - Installed hashicorp/kubernetes v2.38.0 (signed by HashiCorp)
TestRunBankingSolutions 2025-12-10T11:26:54+05:30 logger.go:67: - Installing hashicorp/random v3.7.2...
TestRunBankingSolutions 2025-12-10T11:26:56+05:30 logger.go:67: - Installed hashicorp/random v3.7.2 (signed by HashiCorp)
TestRunBankingSolutions 2025-12-10T11:26:56+05:30 logger.go:67: Partner and community providers are signed by their developers.
TestRunBankingSolutions 2025-12-10T11:26:56+05:30 logger.go:67: If you'd like to know more about provider signing, you can read about it here:
TestRunBankingSolutions 2025-12-10T11:26:56+05:30 logger.go:67: https://developer.hashicorp.com/terraform/cli/plugins/signing
TestRunBankingSolutions 2025-12-10T11:26:56+05:30 logger.go:67: Terraform has created a lock file [1m.terraform.lock.hcl[0m to record the provider
TestRunBankingSolutions 2025-12-10T11:26:56+05:30 logger.go:67: selections it made above. Include this file in your version control repository
TestRunBankingSolutions 2025-12-10T11:26:56+05:30 logger.go:67: so that Terraform can guarantee to make the same selections by default when
TestRunBankingSolutions 2025-12-10T11:26:56+05:30 logger.go:67: you run "terraform init" in the future.[0m
TestRunBankingSolutions 2025-12-10T11:26:56+05:30 logger.go:67: 
TestRunBankingSolutions 2025-12-10T11:26:56+05:30 logger.go:67: [0m[1m[32mTerraform has been successfully initialized![0m[32m[0m
TestRunBankingSolutions 2025-12-10T11:26:56+05:30 logger.go:67: [0m[32m
TestRunBankingSolutions 2025-12-10T11:26:56+05:30 logger.go:67: You may now begin working with Terraform. Try running "terraform plan" to see
TestRunBankingSolutions 2025-12-10T11:26:56+05:30 logger.go:67: any changes that are required for your infrastructure. All Terraform commands
TestRunBankingSolutions 2025-12-10T11:26:56+05:30 logger.go:67: should now work.
TestRunBankingSolutions 2025-12-10T11:26:56+05:30 logger.go:67: 
TestRunBankingSolutions 2025-12-10T11:26:56+05:30 logger.go:67: If you ever set or change modules or backend configuration for Terraform,
TestRunBankingSolutions 2025-12-10T11:26:56+05:30 logger.go:67: rerun this command to reinitialize your working directory. If you forget, other
TestRunBankingSolutions 2025-12-10T11:26:56+05:30 logger.go:67: commands will detect it and remind you to do so if necessary.[0m
TestRunBankingSolutions 2025-12-10T11:26:56+05:30 retry.go:91: terraform [apply -input=false -auto-approve -var prefix=rag-da-tj2una -var region=us-south -var create_ocp_cluster=true -lock=false]
TestRunBankingSolutions 2025-12-10T11:26:56+05:30 logger.go:67: Running command terraform with args [apply -input=false -auto-approve -var prefix=rag-da-tj2una -var region=us-south -var create_ocp_cluster=true -lock=false]
TestRunBankingSolutions 2025-12-10T11:27:02+05:30 logger.go:67: 
TestRunBankingSolutions 2025-12-10T11:27:02+05:30 logger.go:67: Terraform used the selected providers to generate the following execution
TestRunBankingSolutions 2025-12-10T11:27:02+05:30 logger.go:67: plan. Resource actions are indicated with the following symbols:
TestRunBankingSolutions 2025-12-10T11:27:02+05:30 logger.go:67:   [32m+[0m create[0m
TestRunBankingSolutions 2025-12-10T11:27:02+05:30 logger.go:67:  [36m<=[0m read (data resources)[0m
TestRunBankingSolutions 2025-12-10T11:27:02+05:30 logger.go:67: 
TestRunBankingSolutions 2025-12-10T11:27:02+05:30 logger.go:67: Terraform will perform the following actions:
TestRunBankingSolutions 2025-12-10T11:27:02+05:30 logger.go:67: 
TestRunBankingSolutions 2025-12-10T11:27:02+05:30 logger.go:67: [1m  # ibm_cd_tekton_pipeline.cd_tekton_pipeline_instance[0m will be created
TestRunBankingSolutions 2025-12-10T11:27:02+05:30 logger.go:67: [0m  [32m+[0m[0m resource "ibm_cd_tekton_pipeline" "cd_tekton_pipeline_instance" {
TestRunBankingSolutions 2025-12-10T11:27:02+05:30 logger.go:67:       [32m+[0m[0m build_number           = (known after apply)
TestRunBankingSolutions 2025-12-10T11:27:02+05:30 logger.go:67:       [32m+[0m[0m created_at             = (known after apply)
TestRunBankingSolutions 2025-12-10T11:27:02+05:30 logger.go:67:       [32m+[0m[0m definitions            = (known after apply)
TestRunBankingSolutions 2025-12-10T11:27:02+05:30 logger.go:67:       [32m+[0m[0m enable_notifications   = false
TestRunBankingSolutions 2025-12-10T11:27:02+05:30 logger.go:67:       [32m+[0m[0m enable_partial_cloning = false
TestRunBankingSolutions 2025-12-10T11:27:02+05:30 logger.go:67:       [32m+[0m[0m enabled                = (known after apply)
TestRunBankingSolutions 2025-12-10T11:27:02+05:30 logger.go:67:       [32m+[0m[0m href                   = (known after apply)
TestRunBankingSolutions 2025-12-10T11:27:02+05:30 logger.go:67:       [32m+[0m[0m id                     = (known after apply)
TestRunBankingSolutions 2025-12-10T11:27:02+05:30 logger.go:67:       [32m+[0m[0m name                   = (known after apply)
TestRunBankingSolutions 2025-12-10T11:27:02+05:30 logger.go:67:       [32m+[0m[0m pipeline_id            = (known after apply)
TestRunBankingSolutions 2025-12-10T11:27:02+05:30 logger.go:67:       [32m+[0m[0m properties             = (known after apply)
TestRunBankingSolutions 2025-12-10T11:27:02+05:30 logger.go:67:       [32m+[0m[0m resource_group         = (known after apply)
TestRunBankingSolutions 2025-12-10T11:27:02+05:30 logger.go:67:       [32m+[0m[0m runs_url               = (known after apply)
TestRunBankingSolutions 2025-12-10T11:27:02+05:30 logger.go:67:       [32m+[0m[0m status                 = (known after apply)
TestRunBankingSolutions 2025-12-10T11:27:02+05:30 logger.go:67:       [32m+[0m[0m toolchain              = (known after apply)
TestRunBankingSolutions 2025-12-10T11:27:02+05:30 logger.go:67:       [32m+[0m[0m triggers               = (known after apply)
TestRunBankingSolutions 2025-12-10T11:27:02+05:30 logger.go:67:       [32m+[0m[0m updated_at             = (known after apply)
TestRunBankingSolutions 2025-12-10T11:27:02+05:30 logger.go:67:     }
TestRunBankingSolutions 2025-12-10T11:27:02+05:30 logger.go:67: 
TestRunBankingSolutions 2025-12-10T11:27:02+05:30 logger.go:67: [1m  # ibm_cd_tekton_pipeline.ci_tekton_pipeline_instance[0m will be created
TestRunBankingSolutions 2025-12-10T11:27:02+05:30 logger.go:67: [0m  [32m+[0m[0m resource "ibm_cd_tekton_pipeline" "ci_tekton_pipeline_instance" {
TestRunBankingSolutions 2025-12-10T11:27:02+05:30 logger.go:67:       [32m+[0m[0m build_number           = (known after apply)
TestRunBankingSolutions 2025-12-10T11:27:02+05:30 logger.go:67:       [32m+[0m[0m created_at             = (known after apply)
TestRunBankingSolutions 2025-12-10T11:27:02+05:30 logger.go:67:       [32m+[0m[0m definitions            = (known after apply)
TestRunBankingSolutions 2025-12-10T11:27:02+05:30 logger.go:67:       [32m+[0m[0m enable_notifications   = false
TestRunBankingSolutions 2025-12-10T11:27:02+05:30 logger.go:67:       [32m+[0m[0m enable_partial_cloning = false
TestRunBankingSolutions 2025-12-10T11:27:02+05:30 logger.go:67:       [32m+[0m[0m enabled                = (known after apply)
TestRunBankingSolutions 2025-12-10T11:27:02+05:30 logger.go:67:       [32m+[0m[0m href                   = (known after apply)
TestRunBankingSolutions 2025-12-10T11:27:02+05:30 logger.go:67:       [32m+[0m[0m id                     = (known after apply)
TestRunBankingSolutions 2025-12-10T11:27:02+05:30 logger.go:67:       [32m+[0m[0m name                   = (known after apply)
TestRunBankingSolutions 2025-12-10T11:27:02+05:30 logger.go:67:       [32m+[0m[0m pipeline_id            = (known after apply)
TestRunBankingSolutions 2025-12-10T11:27:02+05:30 logger.go:67:       [32m+[0m[0m properties             = (known after apply)
TestRunBankingSolutions 2025-12-10T11:27:02+05:30 logger.go:67:       [32m+[0m[0m resource_group         = (known after apply)
TestRunBankingSolutions 2025-12-10T11:27:02+05:30 logger.go:67:       [32m+[0m[0m runs_url               = (known after apply)
TestRunBankingSolutions 2025-12-10T11:27:02+05:30 logger.go:67:       [32m+[0m[0m status                 = (known after apply)
TestRunBankingSolutions 2025-12-10T11:27:02+05:30 logger.go:67:       [32m+[0m[0m toolchain              = (known after apply)
TestRunBankingSolutions 2025-12-10T11:27:02+05:30 logger.go:67:       [32m+[0m[0m triggers               = (known after apply)
TestRunBankingSolutions 2025-12-10T11:27:02+05:30 logger.go:67:       [32m+[0m[0m updated_at             = (known after apply)
TestRunBankingSolutions 2025-12-10T11:27:02+05:30 logger.go:67:     }
TestRunBankingSolutions 2025-12-10T11:27:02+05:30 logger.go:67: 
TestRunBankingSolutions 2025-12-10T11:27:02+05:30 logger.go:67: [1m  # ibm_cd_toolchain.cd_toolchain_instance[0m will be created
TestRunBankingSolutions 2025-12-10T11:27:02+05:30 logger.go:67: [0m  [32m+[0m[0m resource "ibm_cd_toolchain" "cd_toolchain_instance" {
TestRunBankingSolutions 2025-12-10T11:27:02+05:30 logger.go:67:       [32m+[0m[0m account_id        = (known after apply)
TestRunBankingSolutions 2025-12-10T11:27:02+05:30 logger.go:67:       [32m+[0m[0m created_at        = (known after apply)
TestRunBankingSolutions 2025-12-10T11:27:02+05:30 logger.go:67:       [32m+[0m[0m created_by        = (known after apply)
TestRunBankingSolutions 2025-12-10T11:27:02+05:30 logger.go:67:       [32m+[0m[0m crn               = (known after apply)
TestRunBankingSolutions 2025-12-10T11:27:02+05:30 logger.go:67:       [32m+[0m[0m href              = (known after apply)
TestRunBankingSolutions 2025-12-10T11:27:02+05:30 logger.go:67:       [32m+[0m[0m id                = (known after apply)
TestRunBankingSolutions 2025-12-10T11:27:02+05:30 logger.go:67:       [32m+[0m[0m location          = (known after apply)
TestRunBankingSolutions 2025-12-10T11:27:02+05:30 logger.go:67:       [32m+[0m[0m name              = "rag-da-tj2una-toolchain-instance"
TestRunBankingSolutions 2025-12-10T11:27:02+05:30 logger.go:67:       [32m+[0m[0m resource_group_id = (known after apply)
TestRunBankingSolutions 2025-12-10T11:27:02+05:30 logger.go:67:       [32m+[0m[0m tags              = (known after apply)
TestRunBankingSolutions 2025-12-10T11:27:02+05:30 logger.go:67:       [32m+[0m[0m ui_href           = (known after apply)
TestRunBankingSolutions 2025-12-10T11:27:02+05:30 logger.go:67:       [32m+[0m[0m updated_at        = (known after apply)
TestRunBankingSolutions 2025-12-10T11:27:02+05:30 logger.go:67:     }
TestRunBankingSolutions 2025-12-10T11:27:02+05:30 logger.go:67: 
TestRunBankingSolutions 2025-12-10T11:27:02+05:30 logger.go:67: [1m  # ibm_cd_toolchain_tool_pipeline.cd_toolchain_tool_pipeline_instance[0m will be created
TestRunBankingSolutions 2025-12-10T11:27:02+05:30 logger.go:67: [0m  [32m+[0m[0m resource "ibm_cd_toolchain_tool_pipeline" "cd_toolchain_tool_pipeline_instance" {
TestRunBankingSolutions 2025-12-10T11:27:02+05:30 logger.go:67:       [32m+[0m[0m crn               = (known after apply)
TestRunBankingSolutions 2025-12-10T11:27:02+05:30 logger.go:67:       [32m+[0m[0m href              = (known after apply)
TestRunBankingSolutions 2025-12-10T11:27:02+05:30 logger.go:67:       [32m+[0m[0m id                = (known after apply)
TestRunBankingSolutions 2025-12-10T11:27:02+05:30 logger.go:67:       [32m+[0m[0m referent          = (known after apply)
TestRunBankingSolutions 2025-12-10T11:27:02+05:30 logger.go:67:       [32m+[0m[0m resource_group_id = (known after apply)
TestRunBankingSolutions 2025-12-10T11:27:02+05:30 logger.go:67:       [32m+[0m[0m state             = (known after apply)
TestRunBankingSolutions 2025-12-10T11:27:02+05:30 logger.go:67:       [32m+[0m[0m tool_id           = (known after apply)
TestRunBankingSolutions 2025-12-10T11:27:02+05:30 logger.go:67:       [32m+[0m[0m toolchain_crn     = (known after apply)
TestRunBankingSolutions 2025-12-10T11:27:02+05:30 logger.go:67:       [32m+[0m[0m toolchain_id      = (known after apply)
TestRunBankingSolutions 2025-12-10T11:27:02+05:30 logger.go:67:       [32m+[0m[0m updated_at        = (known after apply)
TestRunBankingSolutions 2025-12-10T11:27:02+05:30 logger.go:67: 
TestRunBankingSolutions 2025-12-10T11:27:02+05:30 logger.go:67:       [32m+[0m[0m parameters {
TestRunBankingSolutions 2025-12-10T11:27:02+05:30 logger.go:67:           [32m+[0m[0m name = "rag-da-tj2una-pipeline-cd-01"
TestRunBankingSolutions 2025-12-10T11:27:02+05:30 logger.go:67:         }
TestRunBankingSolutions 2025-12-10T11:27:02+05:30 logger.go:67:     }
TestRunBankingSolutions 2025-12-10T11:27:02+05:30 logger.go:67: 
TestRunBankingSolutions 2025-12-10T11:27:02+05:30 logger.go:67: [1m  # ibm_cd_toolchain_tool_pipeline.ci_toolchain_tool_pipeline_instance[0m will be created
TestRunBankingSolutions 2025-12-10T11:27:02+05:30 logger.go:67: [0m  [32m+[0m[0m resource "ibm_cd_toolchain_tool_pipeline" "ci_toolchain_tool_pipeline_instance" {
TestRunBankingSolutions 2025-12-10T11:27:02+05:30 logger.go:67:       [32m+[0m[0m crn               = (known after apply)
TestRunBankingSolutions 2025-12-10T11:27:02+05:30 logger.go:67:       [32m+[0m[0m href              = (known after apply)
TestRunBankingSolutions 2025-12-10T11:27:02+05:30 logger.go:67:       [32m+[0m[0m id                = (known after apply)
TestRunBankingSolutions 2025-12-10T11:27:02+05:30 logger.go:67:       [32m+[0m[0m referent          = (known after apply)
TestRunBankingSolutions 2025-12-10T11:27:02+05:30 logger.go:67:       [32m+[0m[0m resource_group_id = (known after apply)
TestRunBankingSolutions 2025-12-10T11:27:02+05:30 logger.go:67:       [32m+[0m[0m state             = (known after apply)
TestRunBankingSolutions 2025-12-10T11:27:02+05:30 logger.go:67:       [32m+[0m[0m tool_id           = (known after apply)
TestRunBankingSolutions 2025-12-10T11:27:02+05:30 logger.go:67:       [32m+[0m[0m toolchain_crn     = (known after apply)
TestRunBankingSolutions 2025-12-10T11:27:02+05:30 logger.go:67:       [32m+[0m[0m toolchain_id      = (known after apply)
TestRunBankingSolutions 2025-12-10T11:27:02+05:30 logger.go:67:       [32m+[0m[0m updated_at        = (known after apply)
TestRunBankingSolutions 2025-12-10T11:27:02+05:30 logger.go:67: 
TestRunBankingSolutions 2025-12-10T11:27:02+05:30 logger.go:67:       [32m+[0m[0m parameters {
TestRunBankingSolutions 2025-12-10T11:27:02+05:30 logger.go:67:           [32m+[0m[0m name = "rag-da-tj2una-pipeline-ci-01"
TestRunBankingSolutions 2025-12-10T11:27:02+05:30 logger.go:67:         }
TestRunBankingSolutions 2025-12-10T11:27:02+05:30 logger.go:67:     }
TestRunBankingSolutions 2025-12-10T11:27:02+05:30 logger.go:67: 
TestRunBankingSolutions 2025-12-10T11:27:02+05:30 logger.go:67: [1m  # ibm_is_public_gateway.gateway[0][0m will be created
TestRunBankingSolutions 2025-12-10T11:27:02+05:30 logger.go:67: [0m  [32m+[0m[0m resource "ibm_is_public_gateway" "gateway" {
TestRunBankingSolutions 2025-12-10T11:27:02+05:30 logger.go:67:       [32m+[0m[0m access_tags             = (known after apply)
TestRunBankingSolutions 2025-12-10T11:27:02+05:30 logger.go:67:       [32m+[0m[0m crn                     = (known after apply)
TestRunBankingSolutions 2025-12-10T11:27:02+05:30 logger.go:67:       [32m+[0m[0m floating_ip             = (known after apply)
TestRunBankingSolutions 2025-12-10T11:27:02+05:30 logger.go:67:       [32m+[0m[0m id                      = (known after apply)
TestRunBankingSolutions 2025-12-10T11:27:02+05:30 logger.go:67:       [32m+[0m[0m name                    = "rag-da-tj2una-gateway-1"
TestRunBankingSolutions 2025-12-10T11:27:02+05:30 logger.go:67:       [32m+[0m[0m resource_controller_url = (known after apply)
TestRunBankingSolutions 2025-12-10T11:27:02+05:30 logger.go:67:       [32m+[0m[0m resource_crn            = (known after apply)
TestRunBankingSolutions 2025-12-10T11:27:02+05:30 logger.go:67:       [32m+[0m[0m resource_group          = (known after apply)
TestRunBankingSolutions 2025-12-10T11:27:02+05:30 logger.go:67:       [32m+[0m[0m resource_group_name     = (known after apply)
TestRunBankingSolutions 2025-12-10T11:27:02+05:30 logger.go:67:       [32m+[0m[0m resource_name           = (known after apply)
TestRunBankingSolutions 2025-12-10T11:27:02+05:30 logger.go:67:       [32m+[0m[0m resource_status         = (known after apply)
TestRunBankingSolutions 2025-12-10T11:27:02+05:30 logger.go:67:       [32m+[0m[0m status                  = (known after apply)
TestRunBankingSolutions 2025-12-10T11:27:02+05:30 logger.go:67:       [32m+[0m[0m tags                    = (known after apply)
TestRunBankingSolutions 2025-12-10T11:27:02+05:30 logger.go:67:       [32m+[0m[0m vpc                     = (known after apply)
TestRunBankingSolutions 2025-12-10T11:27:02+05:30 logger.go:67:       [32m+[0m[0m zone                    = "us-south-1"
TestRunBankingSolutions 2025-12-10T11:27:02+05:30 logger.go:67:     }
TestRunBankingSolutions 2025-12-10T11:27:02+05:30 logger.go:67: 
TestRunBankingSolutions 2025-12-10T11:27:02+05:30 logger.go:67: [1m  # ibm_is_subnet.subnet_zone_1[0][0m will be created
TestRunBankingSolutions 2025-12-10T11:27:02+05:30 logger.go:67: [0m  [32m+[0m[0m resource "ibm_is_subnet" "subnet_zone_1" {
TestRunBankingSolutions 2025-12-10T11:27:02+05:30 logger.go:67:       [32m+[0m[0m access_tags                  = (known after apply)
TestRunBankingSolutions 2025-12-10T11:27:02+05:30 logger.go:67:       [32m+[0m[0m available_ipv4_address_count = (known after apply)
TestRunBankingSolutions 2025-12-10T11:27:02+05:30 logger.go:67:       [32m+[0m[0m crn                          = (known after apply)
TestRunBankingSolutions 2025-12-10T11:27:02+05:30 logger.go:67:       [32m+[0m[0m id                           = (known after apply)
TestRunBankingSolutions 2025-12-10T11:27:02+05:30 logger.go:67:       [32m+[0m[0m ip_version                   = "ipv4"
TestRunBankingSolutions 2025-12-10T11:27:02+05:30 logger.go:67:       [32m+[0m[0m ipv4_cidr_block              = (known after apply)
TestRunBankingSolutions 2025-12-10T11:27:02+05:30 logger.go:67:       [32m+[0m[0m name                         = "rag-da-tj2una-subnet-1"
TestRunBankingSolutions 2025-12-10T11:27:02+05:30 logger.go:67:       [32m+[0m[0m network_acl                  = (known after apply)
TestRunBankingSolutions 2025-12-10T11:27:02+05:30 logger.go:67:       [32m+[0m[0m public_gateway               = (known after apply)
TestRunBankingSolutions 2025-12-10T11:27:02+05:30 logger.go:67:       [32m+[0m[0m resource_controller_url      = (known after apply)
TestRunBankingSolutions 2025-12-10T11:27:02+05:30 logger.go:67:       [32m+[0m[0m resource_crn                 = (known after apply)
TestRunBankingSolutions 2025-12-10T11:27:02+05:30 logger.go:67:       [32m+[0m[0m resource_group               = (known after apply)
TestRunBankingSolutions 2025-12-10T11:27:02+05:30 logger.go:67:       [32m+[0m[0m resource_group_name          = (known after apply)
TestRunBankingSolutions 2025-12-10T11:27:02+05:30 logger.go:67:       [32m+[0m[0m resource_name                = (known after apply)
TestRunBankingSolutions 2025-12-10T11:27:02+05:30 logger.go:67:       [32m+[0m[0m resource_status              = (known after apply)
TestRunBankingSolutions 2025-12-10T11:27:02+05:30 logger.go:67:       [32m+[0m[0m routing_table                = (known after apply)
TestRunBankingSolutions 2025-12-10T11:27:02+05:30 logger.go:67:       [32m+[0m[0m routing_table_crn            = (known after apply)
TestRunBankingSolutions 2025-12-10T11:27:02+05:30 logger.go:67:       [32m+[0m[0m status                       = (known after apply)
TestRunBankingSolutions 2025-12-10T11:27:02+05:30 logger.go:67:       [32m+[0m[0m tags                         = (known after apply)
TestRunBankingSolutions 2025-12-10T11:27:02+05:30 logger.go:67:       [32m+[0m[0m total_ipv4_address_count     = 256
TestRunBankingSolutions 2025-12-10T11:27:02+05:30 logger.go:67:       [32m+[0m[0m vpc                          = (known after apply)
TestRunBankingSolutions 2025-12-10T11:27:02+05:30 logger.go:67:       [32m+[0m[0m zone                         = "us-south-1"
TestRunBankingSolutions 2025-12-10T11:27:02+05:30 logger.go:67:     }
TestRunBankingSolutions 2025-12-10T11:27:02+05:30 logger.go:67: 
TestRunBankingSolutions 2025-12-10T11:27:02+05:30 logger.go:67: [1m  # ibm_is_vpc.vpc[0][0m will be created
TestRunBankingSolutions 2025-12-10T11:27:02+05:30 logger.go:67: [0m  [32m+[0m[0m resource "ibm_is_vpc" "vpc" {
TestRunBankingSolutions 2025-12-10T11:27:02+05:30 logger.go:67:       [32m+[0m[0m access_tags                 = (known after apply)
TestRunBankingSolutions 2025-12-10T11:27:02+05:30 logger.go:67:       [32m+[0m[0m address_prefix_management   = "auto"
TestRunBankingSolutions 2025-12-10T11:27:02+05:30 logger.go:67:       [32m+[0m[0m classic_access              = false
TestRunBankingSolutions 2025-12-10T11:27:02+05:30 logger.go:67:       [32m+[0m[0m crn                         = (known after apply)
TestRunBankingSolutions 2025-12-10T11:27:02+05:30 logger.go:67:       [32m+[0m[0m cse_source_addresses        = (known after apply)
TestRunBankingSolutions 2025-12-10T11:27:02+05:30 logger.go:67:       [32m+[0m[0m default_address_prefixes    = (known after apply)
TestRunBankingSolutions 2025-12-10T11:27:02+05:30 logger.go:67:       [32m+[0m[0m default_network_acl         = (known after apply)
TestRunBankingSolutions 2025-12-10T11:27:02+05:30 logger.go:67:       [32m+[0m[0m default_network_acl_crn     = (known after apply)
TestRunBankingSolutions 2025-12-10T11:27:02+05:30 logger.go:67:       [32m+[0m[0m default_network_acl_name    = (known after apply)
TestRunBankingSolutions 2025-12-10T11:27:02+05:30 logger.go:67:       [32m+[0m[0m default_routing_table       = (known after apply)
TestRunBankingSolutions 2025-12-10T11:27:02+05:30 logger.go:67:       [32m+[0m[0m default_routing_table_crn   = (known after apply)
TestRunBankingSolutions 2025-12-10T11:27:02+05:30 logger.go:67:       [32m+[0m[0m default_routing_table_name  = (known after apply)
TestRunBankingSolutions 2025-12-10T11:27:02+05:30 logger.go:67:       [32m+[0m[0m default_security_group      = (known after apply)
TestRunBankingSolutions 2025-12-10T11:27:02+05:30 logger.go:67:       [32m+[0m[0m default_security_group_crn  = (known after apply)
TestRunBankingSolutions 2025-12-10T11:27:02+05:30 logger.go:67:       [32m+[0m[0m default_security_group_name = (known after apply)
TestRunBankingSolutions 2025-12-10T11:27:02+05:30 logger.go:67:       [32m+[0m[0m health_reasons              = (known after apply)
TestRunBankingSolutions 2025-12-10T11:27:02+05:30 logger.go:67:       [32m+[0m[0m health_state                = (known after apply)
TestRunBankingSolutions 2025-12-10T11:27:02+05:30 logger.go:67:       [32m+[0m[0m id                          = (known after apply)
TestRunBankingSolutions 2025-12-10T11:27:02+05:30 logger.go:67:       [32m+[0m[0m name                        = "rag-da-tj2una-vpc"
TestRunBankingSolutions 2025-12-10T11:27:02+05:30 logger.go:67:       [32m+[0m[0m no_sg_acl_rules             = false
TestRunBankingSolutions 2025-12-10T11:27:02+05:30 logger.go:67:       [32m+[0m[0m public_address_ranges       = (known after apply)
TestRunBankingSolutions 2025-12-10T11:27:02+05:30 logger.go:67:       [32m+[0m[0m resource_controller_url     = (known after apply)
TestRunBankingSolutions 2025-12-10T11:27:02+05:30 logger.go:67:       [32m+[0m[0m resource_crn                = (known after apply)
TestRunBankingSolutions 2025-12-10T11:27:02+05:30 logger.go:67:       [32m+[0m[0m resource_group              = (known after apply)
TestRunBankingSolutions 2025-12-10T11:27:02+05:30 logger.go:67:       [32m+[0m[0m resource_group_name         = (known after apply)
TestRunBankingSolutions 2025-12-10T11:27:02+05:30 logger.go:67:       [32m+[0m[0m resource_name               = (known after apply)
TestRunBankingSolutions 2025-12-10T11:27:02+05:30 logger.go:67:       [32m+[0m[0m resource_status             = (known after apply)
TestRunBankingSolutions 2025-12-10T11:27:02+05:30 logger.go:67:       [32m+[0m[0m security_group              = (known after apply)
TestRunBankingSolutions 2025-12-10T11:27:02+05:30 logger.go:67:       [32m+[0m[0m status                      = (known after apply)
TestRunBankingSolutions 2025-12-10T11:27:02+05:30 logger.go:67:       [32m+[0m[0m subnets                     = (known after apply)
TestRunBankingSolutions 2025-12-10T11:27:02+05:30 logger.go:67:       [32m+[0m[0m tags                        = (known after apply)
TestRunBankingSolutions 2025-12-10T11:27:02+05:30 logger.go:67: 
TestRunBankingSolutions 2025-12-10T11:27:02+05:30 logger.go:67:       [32m+[0m[0m dns (known after apply)
TestRunBankingSolutions 2025-12-10T11:27:02+05:30 logger.go:67:     }
TestRunBankingSolutions 2025-12-10T11:27:02+05:30 logger.go:67: 
TestRunBankingSolutions 2025-12-10T11:27:02+05:30 logger.go:67: [1m  # ibm_resource_instance.assistant_instance[0m will be created
TestRunBankingSolutions 2025-12-10T11:27:02+05:30 logger.go:67: [0m  [32m+[0m[0m resource "ibm_resource_instance" "assistant_instance" {
TestRunBankingSolutions 2025-12-10T11:27:02+05:30 logger.go:67:       [32m+[0m[0m account_id              = (known after apply)
TestRunBankingSolutions 2025-12-10T11:27:02+05:30 logger.go:67:       [32m+[0m[0m allow_cleanup           = (known after apply)
TestRunBankingSolutions 2025-12-10T11:27:02+05:30 logger.go:67:       [32m+[0m[0m created_at              = (known after apply)
TestRunBankingSolutions 2025-12-10T11:27:02+05:30 logger.go:67:       [32m+[0m[0m created_by              = (known after apply)
TestRunBankingSolutions 2025-12-10T11:27:02+05:30 logger.go:67:       [32m+[0m[0m crn                     = (known after apply)
TestRunBankingSolutions 2025-12-10T11:27:02+05:30 logger.go:67:       [32m+[0m[0m dashboard_url           = (known after apply)
TestRunBankingSolutions 2025-12-10T11:27:02+05:30 logger.go:67:       [32m+[0m[0m deleted_at              = (known after apply)
TestRunBankingSolutions 2025-12-10T11:27:02+05:30 logger.go:67:       [32m+[0m[0m deleted_by              = (known after apply)
TestRunBankingSolutions 2025-12-10T11:27:02+05:30 logger.go:67:       [32m+[0m[0m extensions              = (known after apply)
TestRunBankingSolutions 2025-12-10T11:27:02+05:30 logger.go:67:       [32m+[0m[0m guid                    = (known after apply)
TestRunBankingSolutions 2025-12-10T11:27:02+05:30 logger.go:67:       [32m+[0m[0m id                      = (known after apply)
TestRunBankingSolutions 2025-12-10T11:27:02+05:30 logger.go:67:       [32m+[0m[0m last_operation          = (known after apply)
TestRunBankingSolutions 2025-12-10T11:27:02+05:30 logger.go:67:       [32m+[0m[0m location                = "us-south"
TestRunBankingSolutions 2025-12-10T11:27:02+05:30 logger.go:67:       [32m+[0m[0m locked                  = (known after apply)
TestRunBankingSolutions 2025-12-10T11:27:02+05:30 logger.go:67:       [32m+[0m[0m name                    = "rag-da-tj2una-watson-assistant-instance"
TestRunBankingSolutions 2025-12-10T11:27:02+05:30 logger.go:67:       [32m+[0m[0m onetime_credentials     = (known after apply)
TestRunBankingSolutions 2025-12-10T11:27:02+05:30 logger.go:67:       [32m+[0m[0m plan                    = "plus"
TestRunBankingSolutions 2025-12-10T11:27:02+05:30 logger.go:67:       [32m+[0m[0m plan_history            = (known after apply)
TestRunBankingSolutions 2025-12-10T11:27:02+05:30 logger.go:67:       [32m+[0m[0m resource_aliases_url    = (known after apply)
TestRunBankingSolutions 2025-12-10T11:27:02+05:30 logger.go:67:       [32m+[0m[0m resource_bindings_url   = (known after apply)
TestRunBankingSolutions 2025-12-10T11:27:02+05:30 logger.go:67:       [32m+[0m[0m resource_controller_url = (known after apply)
TestRunBankingSolutions 2025-12-10T11:27:02+05:30 logger.go:67:       [32m+[0m[0m resource_crn            = (known after apply)
TestRunBankingSolutions 2025-12-10T11:27:02+05:30 logger.go:67:       [32m+[0m[0m resource_group_crn      = (known after apply)
TestRunBankingSolutions 2025-12-10T11:27:02+05:30 logger.go:67:       [32m+[0m[0m resource_group_id       = (known after apply)
TestRunBankingSolutions 2025-12-10T11:27:02+05:30 logger.go:67:       [32m+[0m[0m resource_group_name     = (known after apply)
TestRunBankingSolutions 2025-12-10T11:27:02+05:30 logger.go:67:       [32m+[0m[0m resource_id             = (known after apply)
TestRunBankingSolutions 2025-12-10T11:27:02+05:30 logger.go:67:       [32m+[0m[0m resource_keys_url       = (known after apply)
TestRunBankingSolutions 2025-12-10T11:27:02+05:30 logger.go:67:       [32m+[0m[0m resource_name           = (known after apply)
TestRunBankingSolutions 2025-12-10T11:27:02+05:30 logger.go:67:       [32m+[0m[0m resource_plan_id        = (known after apply)
TestRunBankingSolutions 2025-12-10T11:27:02+05:30 logger.go:67:       [32m+[0m[0m resource_status         = (known after apply)
TestRunBankingSolutions 2025-12-10T11:27:02+05:30 logger.go:67:       [32m+[0m[0m restored_at             = (known after apply)
TestRunBankingSolutions 2025-12-10T11:27:02+05:30 logger.go:67:       [32m+[0m[0m restored_by             = (known after apply)
TestRunBankingSolutions 2025-12-10T11:27:02+05:30 logger.go:67:       [32m+[0m[0m scheduled_reclaim_at    = (known after apply)
TestRunBankingSolutions 2025-12-10T11:27:02+05:30 logger.go:67:       [32m+[0m[0m scheduled_reclaim_by    = (known after apply)
TestRunBankingSolutions 2025-12-10T11:27:02+05:30 logger.go:67:       [32m+[0m[0m service                 = "conversation"
TestRunBankingSolutions 2025-12-10T11:27:02+05:30 logger.go:67:       [32m+[0m[0m service_endpoints       = (known after apply)
TestRunBankingSolutions 2025-12-10T11:27:02+05:30 logger.go:67:       [32m+[0m[0m state                   = (known after apply)
TestRunBankingSolutions 2025-12-10T11:27:02+05:30 logger.go:67:       [32m+[0m[0m status                  = (known after apply)
TestRunBankingSolutions 2025-12-10T11:27:02+05:30 logger.go:67:       [32m+[0m[0m sub_type                = (known after apply)
TestRunBankingSolutions 2025-12-10T11:27:02+05:30 logger.go:67:       [32m+[0m[0m tags                    = (known after apply)
TestRunBankingSolutions 2025-12-10T11:27:02+05:30 logger.go:67:       [32m+[0m[0m target_crn              = (known after apply)
TestRunBankingSolutions 2025-12-10T11:27:02+05:30 logger.go:67:       [32m+[0m[0m type                    = (known after apply)
TestRunBankingSolutions 2025-12-10T11:27:02+05:30 logger.go:67:       [32m+[0m[0m update_at               = (known after apply)
TestRunBankingSolutions 2025-12-10T11:27:02+05:30 logger.go:67:       [32m+[0m[0m update_by               = (known after apply)
TestRunBankingSolutions 2025-12-10T11:27:02+05:30 logger.go:67: 
TestRunBankingSolutions 2025-12-10T11:27:02+05:30 logger.go:67:       [32m+[0m[0m timeouts {
TestRunBankingSolutions 2025-12-10T11:27:02+05:30 logger.go:67:           [32m+[0m[0m create = "15m"
TestRunBankingSolutions 2025-12-10T11:27:02+05:30 logger.go:67:           [32m+[0m[0m delete = "15m"
TestRunBankingSolutions 2025-12-10T11:27:02+05:30 logger.go:67:           [32m+[0m[0m update = "15m"
TestRunBankingSolutions 2025-12-10T11:27:02+05:30 logger.go:67:         }
TestRunBankingSolutions 2025-12-10T11:27:02+05:30 logger.go:67:     }
TestRunBankingSolutions 2025-12-10T11:27:02+05:30 logger.go:67: 
TestRunBankingSolutions 2025-12-10T11:27:02+05:30 logger.go:67: [1m  # ibm_resource_instance.cd_instance[0m will be created
TestRunBankingSolutions 2025-12-10T11:27:02+05:30 logger.go:67: [0m  [32m+[0m[0m resource "ibm_resource_instance" "cd_instance" {
TestRunBankingSolutions 2025-12-10T11:27:02+05:30 logger.go:67:       [32m+[0m[0m account_id              = (known after apply)
TestRunBankingSolutions 2025-12-10T11:27:02+05:30 logger.go:67:       [32m+[0m[0m allow_cleanup           = (known after apply)
TestRunBankingSolutions 2025-12-10T11:27:02+05:30 logger.go:67:       [32m+[0m[0m created_at              = (known after apply)
TestRunBankingSolutions 2025-12-10T11:27:02+05:30 logger.go:67:       [32m+[0m[0m created_by              = (known after apply)
TestRunBankingSolutions 2025-12-10T11:27:02+05:30 logger.go:67:       [32m+[0m[0m crn                     = (known after apply)
TestRunBankingSolutions 2025-12-10T11:27:02+05:30 logger.go:67:       [32m+[0m[0m dashboard_url           = (known after apply)
TestRunBankingSolutions 2025-12-10T11:27:02+05:30 logger.go:67:       [32m+[0m[0m deleted_at              = (known after apply)
TestRunBankingSolutions 2025-12-10T11:27:02+05:30 logger.go:67:       [32m+[0m[0m deleted_by              = (known after apply)
TestRunBankingSolutions 2025-12-10T11:27:02+05:30 logger.go:67:       [32m+[0m[0m extensions              = (known after apply)
TestRunBankingSolutions 2025-12-10T11:27:02+05:30 logger.go:67:       [32m+[0m[0m guid                    = (known after apply)
TestRunBankingSolutions 2025-12-10T11:27:02+05:30 logger.go:67:       [32m+[0m[0m id                      = (known after apply)
TestRunBankingSolutions 2025-12-10T11:27:02+05:30 logger.go:67:       [32m+[0m[0m last_operation          = (known after apply)
TestRunBankingSolutions 2025-12-10T11:27:02+05:30 logger.go:67:       [32m+[0m[0m location                = "us-south"
TestRunBankingSolutions 2025-12-10T11:27:02+05:30 logger.go:67:       [32m+[0m[0m locked                  = (known after apply)
TestRunBankingSolutions 2025-12-10T11:27:02+05:30 logger.go:67:       [32m+[0m[0m name                    = "rag-da-tj2una-cd-instance"
TestRunBankingSolutions 2025-12-10T11:27:02+05:30 logger.go:67:       [32m+[0m[0m onetime_credentials     = (known after apply)
TestRunBankingSolutions 2025-12-10T11:27:02+05:30 logger.go:67:       [32m+[0m[0m plan                    = "professional"
TestRunBankingSolutions 2025-12-10T11:27:02+05:30 logger.go:67:       [32m+[0m[0m plan_history            = (known after apply)
TestRunBankingSolutions 2025-12-10T11:27:02+05:30 logger.go:67:       [32m+[0m[0m resource_aliases_url    = (known after apply)
TestRunBankingSolutions 2025-12-10T11:27:02+05:30 logger.go:67:       [32m+[0m[0m resource_bindings_url   = (known after apply)
TestRunBankingSolutions 2025-12-10T11:27:02+05:30 logger.go:67:       [32m+[0m[0m resource_controller_url = (known after apply)
TestRunBankingSolutions 2025-12-10T11:27:02+05:30 logger.go:67:       [32m+[0m[0m resource_crn            = (known after apply)
TestRunBankingSolutions 2025-12-10T11:27:02+05:30 logger.go:67:       [32m+[0m[0m resource_group_crn      = (known after apply)
TestRunBankingSolutions 2025-12-10T11:27:02+05:30 logger.go:67:       [32m+[0m[0m resource_group_id       = (known after apply)
TestRunBankingSolutions 2025-12-10T11:27:02+05:30 logger.go:67:       [32m+[0m[0m resource_group_name     = (known after apply)
TestRunBankingSolutions 2025-12-10T11:27:02+05:30 logger.go:67:       [32m+[0m[0m resource_id             = (known after apply)
TestRunBankingSolutions 2025-12-10T11:27:02+05:30 logger.go:67:       [32m+[0m[0m resource_keys_url       = (known after apply)
TestRunBankingSolutions 2025-12-10T11:27:02+05:30 logger.go:67:       [32m+[0m[0m resource_name           = (known after apply)
TestRunBankingSolutions 2025-12-10T11:27:02+05:30 logger.go:67:       [32m+[0m[0m resource_plan_id        = (known after apply)
TestRunBankingSolutions 2025-12-10T11:27:02+05:30 logger.go:67:       [32m+[0m[0m resource_status         = (known after apply)
TestRunBankingSolutions 2025-12-10T11:27:02+05:30 logger.go:67:       [32m+[0m[0m restored_at             = (known after apply)
TestRunBankingSolutions 2025-12-10T11:27:02+05:30 logger.go:67:       [32m+[0m[0m restored_by             = (known after apply)
TestRunBankingSolutions 2025-12-10T11:27:02+05:30 logger.go:67:       [32m+[0m[0m scheduled_reclaim_at    = (known after apply)
TestRunBankingSolutions 2025-12-10T11:27:02+05:30 logger.go:67:       [32m+[0m[0m scheduled_reclaim_by    = (known after apply)
TestRunBankingSolutions 2025-12-10T11:27:02+05:30 logger.go:67:       [32m+[0m[0m service                 = "continuous-delivery"
TestRunBankingSolutions 2025-12-10T11:27:02+05:30 logger.go:67:       [32m+[0m[0m service_endpoints       = (known after apply)
TestRunBankingSolutions 2025-12-10T11:27:02+05:30 logger.go:67:       [32m+[0m[0m state                   = (known after apply)
TestRunBankingSolutions 2025-12-10T11:27:02+05:30 logger.go:67:       [32m+[0m[0m status                  = (known after apply)
TestRunBankingSolutions 2025-12-10T11:27:02+05:30 logger.go:67:       [32m+[0m[0m sub_type                = (known after apply)
TestRunBankingSolutions 2025-12-10T11:27:02+05:30 logger.go:67:       [32m+[0m[0m tags                    = (known after apply)
TestRunBankingSolutions 2025-12-10T11:27:02+05:30 logger.go:67:       [32m+[0m[0m target_crn              = (known after apply)
TestRunBankingSolutions 2025-12-10T11:27:02+05:30 logger.go:67:       [32m+[0m[0m type                    = (known after apply)
TestRunBankingSolutions 2025-12-10T11:27:02+05:30 logger.go:67:       [32m+[0m[0m update_at               = (known after apply)
TestRunBankingSolutions 2025-12-10T11:27:02+05:30 logger.go:67:       [32m+[0m[0m update_by               = (known after apply)
TestRunBankingSolutions 2025-12-10T11:27:02+05:30 logger.go:67:     }
TestRunBankingSolutions 2025-12-10T11:27:02+05:30 logger.go:67: 
TestRunBankingSolutions 2025-12-10T11:27:02+05:30 logger.go:67: [1m  # ibm_resource_instance.discovery_instance[0m will be created
TestRunBankingSolutions 2025-12-10T11:27:02+05:30 logger.go:67: [0m  [32m+[0m[0m resource "ibm_resource_instance" "discovery_instance" {
TestRunBankingSolutions 2025-12-10T11:27:02+05:30 logger.go:67:       [32m+[0m[0m account_id              = (known after apply)
TestRunBankingSolutions 2025-12-10T11:27:02+05:30 logger.go:67:       [32m+[0m[0m allow_cleanup           = (known after apply)
TestRunBankingSolutions 2025-12-10T11:27:02+05:30 logger.go:67:       [32m+[0m[0m created_at              = (known after apply)
TestRunBankingSolutions 2025-12-10T11:27:02+05:30 logger.go:67:       [32m+[0m[0m created_by              = (known after apply)
TestRunBankingSolutions 2025-12-10T11:27:02+05:30 logger.go:67:       [32m+[0m[0m crn                     = (known after apply)
TestRunBankingSolutions 2025-12-10T11:27:02+05:30 logger.go:67:       [32m+[0m[0m dashboard_url           = (known after apply)
TestRunBankingSolutions 2025-12-10T11:27:02+05:30 logger.go:67:       [32m+[0m[0m deleted_at              = (known after apply)
TestRunBankingSolutions 2025-12-10T11:27:02+05:30 logger.go:67:       [32m+[0m[0m deleted_by              = (known after apply)
TestRunBankingSolutions 2025-12-10T11:27:02+05:30 logger.go:67:       [32m+[0m[0m extensions              = (known after apply)
TestRunBankingSolutions 2025-12-10T11:27:02+05:30 logger.go:67:       [32m+[0m[0m guid                    = (known after apply)
TestRunBankingSolutions 2025-12-10T11:27:02+05:30 logger.go:67:       [32m+[0m[0m id                      = (known after apply)
TestRunBankingSolutions 2025-12-10T11:27:02+05:30 logger.go:67:       [32m+[0m[0m last_operation          = (known after apply)
TestRunBankingSolutions 2025-12-10T11:27:02+05:30 logger.go:67:       [32m+[0m[0m location                = "us-south"
TestRunBankingSolutions 2025-12-10T11:27:02+05:30 logger.go:67:       [32m+[0m[0m locked                  = (known after apply)
TestRunBankingSolutions 2025-12-10T11:27:02+05:30 logger.go:67:       [32m+[0m[0m name                    = "rag-da-tj2una-watson-discovery-instance"
TestRunBankingSolutions 2025-12-10T11:27:02+05:30 logger.go:67:       [32m+[0m[0m onetime_credentials     = (known after apply)
TestRunBankingSolutions 2025-12-10T11:27:02+05:30 logger.go:67:       [32m+[0m[0m plan                    = "plus"
TestRunBankingSolutions 2025-12-10T11:27:02+05:30 logger.go:67:       [32m+[0m[0m plan_history            = (known after apply)
TestRunBankingSolutions 2025-12-10T11:27:02+05:30 logger.go:67:       [32m+[0m[0m resource_aliases_url    = (known after apply)
TestRunBankingSolutions 2025-12-10T11:27:02+05:30 logger.go:67:       [32m+[0m[0m resource_bindings_url   = (known after apply)
TestRunBankingSolutions 2025-12-10T11:27:02+05:30 logger.go:67:       [32m+[0m[0m resource_controller_url = (known after apply)
TestRunBankingSolutions 2025-12-10T11:27:02+05:30 logger.go:67:       [32m+[0m[0m resource_crn            = (known after apply)
TestRunBankingSolutions 2025-12-10T11:27:02+05:30 logger.go:67:       [32m+[0m[0m resource_group_crn      = (known after apply)
TestRunBankingSolutions 2025-12-10T11:27:02+05:30 logger.go:67:       [32m+[0m[0m resource_group_id       = (known after apply)
TestRunBankingSolutions 2025-12-10T11:27:02+05:30 logger.go:67:       [32m+[0m[0m resource_group_name     = (known after apply)
TestRunBankingSolutions 2025-12-10T11:27:02+05:30 logger.go:67:       [32m+[0m[0m resource_id             = (known after apply)
TestRunBankingSolutions 2025-12-10T11:27:02+05:30 logger.go:67:       [32m+[0m[0m resource_keys_url       = (known after apply)
TestRunBankingSolutions 2025-12-10T11:27:02+05:30 logger.go:67:       [32m+[0m[0m resource_name           = (known after apply)
TestRunBankingSolutions 2025-12-10T11:27:02+05:30 logger.go:67:       [32m+[0m[0m resource_plan_id        = (known after apply)
TestRunBankingSolutions 2025-12-10T11:27:02+05:30 logger.go:67:       [32m+[0m[0m resource_status         = (known after apply)
TestRunBankingSolutions 2025-12-10T11:27:02+05:30 logger.go:67:       [32m+[0m[0m restored_at             = (known after apply)
TestRunBankingSolutions 2025-12-10T11:27:02+05:30 logger.go:67:       [32m+[0m[0m restored_by             = (known after apply)
TestRunBankingSolutions 2025-12-10T11:27:02+05:30 logger.go:67:       [32m+[0m[0m scheduled_reclaim_at    = (known after apply)
TestRunBankingSolutions 2025-12-10T11:27:02+05:30 logger.go:67:       [32m+[0m[0m scheduled_reclaim_by    = (known after apply)
TestRunBankingSolutions 2025-12-10T11:27:02+05:30 logger.go:67:       [32m+[0m[0m service                 = "discovery"
TestRunBankingSolutions 2025-12-10T11:27:02+05:30 logger.go:67:       [32m+[0m[0m service_endpoints       = (known after apply)
TestRunBankingSolutions 2025-12-10T11:27:02+05:30 logger.go:67:       [32m+[0m[0m state                   = (known after apply)
TestRunBankingSolutions 2025-12-10T11:27:02+05:30 logger.go:67:       [32m+[0m[0m status                  = (known after apply)
TestRunBankingSolutions 2025-12-10T11:27:02+05:30 logger.go:67:       [32m+[0m[0m sub_type                = (known after apply)
TestRunBankingSolutions 2025-12-10T11:27:02+05:30 logger.go:67:       [32m+[0m[0m tags                    = (known after apply)
TestRunBankingSolutions 2025-12-10T11:27:02+05:30 logger.go:67:       [32m+[0m[0m target_crn              = (known after apply)
TestRunBankingSolutions 2025-12-10T11:27:02+05:30 logger.go:67:       [32m+[0m[0m type                    = (known after apply)
TestRunBankingSolutions 2025-12-10T11:27:02+05:30 logger.go:67:       [32m+[0m[0m update_at               = (known after apply)
TestRunBankingSolutions 2025-12-10T11:27:02+05:30 logger.go:67:       [32m+[0m[0m update_by               = (known after apply)
TestRunBankingSolutions 2025-12-10T11:27:02+05:30 logger.go:67: 
TestRunBankingSolutions 2025-12-10T11:27:02+05:30 logger.go:67:       [32m+[0m[0m timeouts {
TestRunBankingSolutions 2025-12-10T11:27:02+05:30 logger.go:67:           [32m+[0m[0m create = "15m"
TestRunBankingSolutions 2025-12-10T11:27:02+05:30 logger.go:67:           [32m+[0m[0m delete = "15m"
TestRunBankingSolutions 2025-12-10T11:27:02+05:30 logger.go:67:           [32m+[0m[0m update = "15m"
TestRunBankingSolutions 2025-12-10T11:27:02+05:30 logger.go:67:         }
TestRunBankingSolutions 2025-12-10T11:27:02+05:30 logger.go:67:     }
TestRunBankingSolutions 2025-12-10T11:27:02+05:30 logger.go:67: 
TestRunBankingSolutions 2025-12-10T11:27:02+05:30 logger.go:67: [1m  # ibm_resource_instance.machine_learning_instance[0m will be created
TestRunBankingSolutions 2025-12-10T11:27:02+05:30 logger.go:67: [0m  [32m+[0m[0m resource "ibm_resource_instance" "machine_learning_instance" {
TestRunBankingSolutions 2025-12-10T11:27:02+05:30 logger.go:67:       [32m+[0m[0m account_id              = (known after apply)
TestRunBankingSolutions 2025-12-10T11:27:02+05:30 logger.go:67:       [32m+[0m[0m allow_cleanup           = (known after apply)
TestRunBankingSolutions 2025-12-10T11:27:02+05:30 logger.go:67:       [32m+[0m[0m created_at              = (known after apply)
TestRunBankingSolutions 2025-12-10T11:27:02+05:30 logger.go:67:       [32m+[0m[0m created_by              = (known after apply)
TestRunBankingSolutions 2025-12-10T11:27:02+05:30 logger.go:67:       [32m+[0m[0m crn                     = (known after apply)
TestRunBankingSolutions 2025-12-10T11:27:02+05:30 logger.go:67:       [32m+[0m[0m dashboard_url           = (known after apply)
TestRunBankingSolutions 2025-12-10T11:27:02+05:30 logger.go:67:       [32m+[0m[0m deleted_at              = (known after apply)
TestRunBankingSolutions 2025-12-10T11:27:02+05:30 logger.go:67:       [32m+[0m[0m deleted_by              = (known after apply)
TestRunBankingSolutions 2025-12-10T11:27:02+05:30 logger.go:67:       [32m+[0m[0m extensions              = (known after apply)
TestRunBankingSolutions 2025-12-10T11:27:02+05:30 logger.go:67:       [32m+[0m[0m guid                    = (known after apply)
TestRunBankingSolutions 2025-12-10T11:27:02+05:30 logger.go:67:       [32m+[0m[0m id                      = (known after apply)
TestRunBankingSolutions 2025-12-10T11:27:02+05:30 logger.go:67:       [32m+[0m[0m last_operation          = (known after apply)
TestRunBankingSolutions 2025-12-10T11:27:02+05:30 logger.go:67:       [32m+[0m[0m location                = "us-south"
TestRunBankingSolutions 2025-12-10T11:27:02+05:30 logger.go:67:       [32m+[0m[0m locked                  = (known after apply)
TestRunBankingSolutions 2025-12-10T11:27:02+05:30 logger.go:67:       [32m+[0m[0m name                    = "rag-da-tj2una-watson-machine-learning-instance"
TestRunBankingSolutions 2025-12-10T11:27:02+05:30 logger.go:67:       [32m+[0m[0m onetime_credentials     = (known after apply)
TestRunBankingSolutions 2025-12-10T11:27:02+05:30 logger.go:67:       [32m+[0m[0m plan                    = "v2-standard"
TestRunBankingSolutions 2025-12-10T11:27:02+05:30 logger.go:67:       [32m+[0m[0m plan_history            = (known after apply)
TestRunBankingSolutions 2025-12-10T11:27:02+05:30 logger.go:67:       [32m+[0m[0m resource_aliases_url    = (known after apply)
TestRunBankingSolutions 2025-12-10T11:27:02+05:30 logger.go:67:       [32m+[0m[0m resource_bindings_url   = (known after apply)
TestRunBankingSolutions 2025-12-10T11:27:02+05:30 logger.go:67:       [32m+[0m[0m resource_controller_url = (known after apply)
TestRunBankingSolutions 2025-12-10T11:27:02+05:30 logger.go:67:       [32m+[0m[0m resource_crn            = (known after apply)
TestRunBankingSolutions 2025-12-10T11:27:02+05:30 logger.go:67:       [32m+[0m[0m resource_group_crn      = (known after apply)
TestRunBankingSolutions 2025-12-10T11:27:02+05:30 logger.go:67:       [32m+[0m[0m resource_group_id       = (known after apply)
TestRunBankingSolutions 2025-12-10T11:27:02+05:30 logger.go:67:       [32m+[0m[0m resource_group_name     = (known after apply)
TestRunBankingSolutions 2025-12-10T11:27:02+05:30 logger.go:67:       [32m+[0m[0m resource_id             = (known after apply)
TestRunBankingSolutions 2025-12-10T11:27:02+05:30 logger.go:67:       [32m+[0m[0m resource_keys_url       = (known after apply)
TestRunBankingSolutions 2025-12-10T11:27:02+05:30 logger.go:67:       [32m+[0m[0m resource_name           = (known after apply)
TestRunBankingSolutions 2025-12-10T11:27:02+05:30 logger.go:67:       [32m+[0m[0m resource_plan_id        = (known after apply)
TestRunBankingSolutions 2025-12-10T11:27:02+05:30 logger.go:67:       [32m+[0m[0m resource_status         = (known after apply)
TestRunBankingSolutions 2025-12-10T11:27:02+05:30 logger.go:67:       [32m+[0m[0m restored_at             = (known after apply)
TestRunBankingSolutions 2025-12-10T11:27:02+05:30 logger.go:67:       [32m+[0m[0m restored_by             = (known after apply)
TestRunBankingSolutions 2025-12-10T11:27:02+05:30 logger.go:67:       [32m+[0m[0m scheduled_reclaim_at    = (known after apply)
TestRunBankingSolutions 2025-12-10T11:27:02+05:30 logger.go:67:       [32m+[0m[0m scheduled_reclaim_by    = (known after apply)
TestRunBankingSolutions 2025-12-10T11:27:02+05:30 logger.go:67:       [32m+[0m[0m service                 = "pm-20"
TestRunBankingSolutions 2025-12-10T11:27:02+05:30 logger.go:67:       [32m+[0m[0m service_endpoints       = (known after apply)
TestRunBankingSolutions 2025-12-10T11:27:02+05:30 logger.go:67:       [32m+[0m[0m state                   = (known after apply)
TestRunBankingSolutions 2025-12-10T11:27:02+05:30 logger.go:67:       [32m+[0m[0m status                  = (known after apply)
TestRunBankingSolutions 2025-12-10T11:27:02+05:30 logger.go:67:       [32m+[0m[0m sub_type                = (known after apply)
TestRunBankingSolutions 2025-12-10T11:27:02+05:30 logger.go:67:       [32m+[0m[0m tags                    = (known after apply)
TestRunBankingSolutions 2025-12-10T11:27:02+05:30 logger.go:67:       [32m+[0m[0m target_crn              = (known after apply)
TestRunBankingSolutions 2025-12-10T11:27:02+05:30 logger.go:67:       [32m+[0m[0m type                    = (known after apply)
TestRunBankingSolutions 2025-12-10T11:27:02+05:30 logger.go:67:       [32m+[0m[0m update_at               = (known after apply)
TestRunBankingSolutions 2025-12-10T11:27:02+05:30 logger.go:67:       [32m+[0m[0m update_by               = (known after apply)
TestRunBankingSolutions 2025-12-10T11:27:02+05:30 logger.go:67: 
TestRunBankingSolutions 2025-12-10T11:27:02+05:30 logger.go:67:       [32m+[0m[0m timeouts {
TestRunBankingSolutions 2025-12-10T11:27:02+05:30 logger.go:67:           [32m+[0m[0m create = "15m"
TestRunBankingSolutions 2025-12-10T11:27:02+05:30 logger.go:67:           [32m+[0m[0m delete = "15m"
TestRunBankingSolutions 2025-12-10T11:27:02+05:30 logger.go:67:           [32m+[0m[0m update = "15m"
TestRunBankingSolutions 2025-12-10T11:27:02+05:30 logger.go:67:         }
TestRunBankingSolutions 2025-12-10T11:27:02+05:30 logger.go:67:     }
TestRunBankingSolutions 2025-12-10T11:27:02+05:30 logger.go:67: 
TestRunBankingSolutions 2025-12-10T11:27:02+05:30 logger.go:67: [1m  # module.ocp_base[0].data.ibm_container_addons.existing_addons[0m will be read during apply
TestRunBankingSolutions 2025-12-10T11:27:02+05:30 logger.go:67:   # (config refers to values not yet known)
TestRunBankingSolutions 2025-12-10T11:27:02+05:30 logger.go:67: [0m [36m<=[0m[0m data "ibm_container_addons" "existing_addons" {
TestRunBankingSolutions 2025-12-10T11:27:02+05:30 logger.go:67:       [32m+[0m[0m addons            = (known after apply)
TestRunBankingSolutions 2025-12-10T11:27:02+05:30 logger.go:67:       [32m+[0m[0m cluster           = (known after apply)
TestRunBankingSolutions 2025-12-10T11:27:02+05:30 logger.go:67:       [32m+[0m[0m id                = (known after apply)
TestRunBankingSolutions 2025-12-10T11:27:02+05:30 logger.go:67:       [32m+[0m[0m resource_group_id = (known after apply)
TestRunBankingSolutions 2025-12-10T11:27:02+05:30 logger.go:67:     }
TestRunBankingSolutions 2025-12-10T11:27:02+05:30 logger.go:67: 
TestRunBankingSolutions 2025-12-10T11:27:02+05:30 logger.go:67: [1m  # module.ocp_base[0].data.ibm_container_cluster_config.cluster_config[0][0m will be read during apply
TestRunBankingSolutions 2025-12-10T11:27:02+05:30 logger.go:67:   # (config refers to values not yet known)
TestRunBankingSolutions 2025-12-10T11:27:02+05:30 logger.go:67: [0m [36m<=[0m[0m data "ibm_container_cluster_config" "cluster_config" {
TestRunBankingSolutions 2025-12-10T11:27:02+05:30 logger.go:67:       [32m+[0m[0m admin                   = true
TestRunBankingSolutions 2025-12-10T11:27:02+05:30 logger.go:67:       [32m+[0m[0m admin_certificate       = (sensitive value)
TestRunBankingSolutions 2025-12-10T11:27:02+05:30 logger.go:67:       [32m+[0m[0m admin_key               = (sensitive value)
TestRunBankingSolutions 2025-12-10T11:27:02+05:30 logger.go:67:       [32m+[0m[0m ca_certificate          = (sensitive value)
TestRunBankingSolutions 2025-12-10T11:27:02+05:30 logger.go:67:       [32m+[0m[0m calico_config_file_path = (known after apply)
TestRunBankingSolutions 2025-12-10T11:27:02+05:30 logger.go:67:       [32m+[0m[0m cluster_name_id         = (known after apply)
TestRunBankingSolutions 2025-12-10T11:27:02+05:30 logger.go:67:       [32m+[0m[0m config_dir              = ".terraform/modules/ocp_base/kubeconfig"
TestRunBankingSolutions 2025-12-10T11:27:02+05:30 logger.go:67:       [32m+[0m[0m config_file_path        = (known after apply)
TestRunBankingSolutions 2025-12-10T11:27:02+05:30 logger.go:67:       [32m+[0m[0m host                    = (known after apply)
TestRunBankingSolutions 2025-12-10T11:27:02+05:30 logger.go:67:       [32m+[0m[0m id                      = (known after apply)
TestRunBankingSolutions 2025-12-10T11:27:02+05:30 logger.go:67:       [32m+[0m[0m resource_group_id       = (known after apply)
TestRunBankingSolutions 2025-12-10T11:27:02+05:30 logger.go:67:       [32m+[0m[0m token                   = (sensitive value)
TestRunBankingSolutions 2025-12-10T11:27:02+05:30 logger.go:67:     }
TestRunBankingSolutions 2025-12-10T11:27:02+05:30 logger.go:67: 
TestRunBankingSolutions 2025-12-10T11:27:02+05:30 logger.go:67: [1m  # module.ocp_base[0].data.ibm_container_cluster_versions.cluster_versions[0m will be read during apply
TestRunBankingSolutions 2025-12-10T11:27:02+05:30 logger.go:67:   # (config refers to values not yet known)
TestRunBankingSolutions 2025-12-10T11:27:02+05:30 logger.go:67: [0m [36m<=[0m[0m data "ibm_container_cluster_versions" "cluster_versions" {
TestRunBankingSolutions 2025-12-10T11:27:02+05:30 logger.go:67:       [32m+[0m[0m default_kube_version      = (known after apply)
TestRunBankingSolutions 2025-12-10T11:27:02+05:30 logger.go:67:       [32m+[0m[0m default_openshift_version = (known after apply)
TestRunBankingSolutions 2025-12-10T11:27:02+05:30 logger.go:67:       [32m+[0m[0m id                        = (known after apply)
TestRunBankingSolutions 2025-12-10T11:27:02+05:30 logger.go:67:       [32m+[0m[0m resource_group_id         = (known after apply)
TestRunBankingSolutions 2025-12-10T11:27:02+05:30 logger.go:67:       [32m+[0m[0m valid_kube_versions       = (known after apply)
TestRunBankingSolutions 2025-12-10T11:27:02+05:30 logger.go:67:       [32m+[0m[0m valid_openshift_versions  = (known after apply)
TestRunBankingSolutions 2025-12-10T11:27:02+05:30 logger.go:67:     }
TestRunBankingSolutions 2025-12-10T11:27:02+05:30 logger.go:67: 
TestRunBankingSolutions 2025-12-10T11:27:02+05:30 logger.go:67: [1m  # module.ocp_base[0].ibm_container_addons.addons[0m will be created
TestRunBankingSolutions 2025-12-10T11:27:02+05:30 logger.go:67: [0m  [32m+[0m[0m resource "ibm_container_addons" "addons" {
TestRunBankingSolutions 2025-12-10T11:27:02+05:30 logger.go:67:       [32m+[0m[0m cluster           = (known after apply)
TestRunBankingSolutions 2025-12-10T11:27:02+05:30 logger.go:67:       [32m+[0m[0m id                = (known after apply)
TestRunBankingSolutions 2025-12-10T11:27:02+05:30 logger.go:67:       [32m+[0m[0m manage_all_addons = false
TestRunBankingSolutions 2025-12-10T11:27:02+05:30 logger.go:67:       [32m+[0m[0m managed_addons    = (known after apply)
TestRunBankingSolutions 2025-12-10T11:27:02+05:30 logger.go:67:       [32m+[0m[0m resource_group_id = (known after apply)
TestRunBankingSolutions 2025-12-10T11:27:02+05:30 logger.go:67: 
TestRunBankingSolutions 2025-12-10T11:27:02+05:30 logger.go:67:       [32m+[0m[0m addons (known after apply)
TestRunBankingSolutions 2025-12-10T11:27:02+05:30 logger.go:67: 
TestRunBankingSolutions 2025-12-10T11:27:02+05:30 logger.go:67:       [32m+[0m[0m timeouts {
TestRunBankingSolutions 2025-12-10T11:27:02+05:30 logger.go:67:           [32m+[0m[0m create = "1h"
TestRunBankingSolutions 2025-12-10T11:27:02+05:30 logger.go:67:         }
TestRunBankingSolutions 2025-12-10T11:27:02+05:30 logger.go:67:     }
TestRunBankingSolutions 2025-12-10T11:27:02+05:30 logger.go:67: 
TestRunBankingSolutions 2025-12-10T11:27:02+05:30 logger.go:67: [1m  # module.ocp_base[0].ibm_container_vpc_cluster.cluster[0][0m will be created
TestRunBankingSolutions 2025-12-10T11:27:02+05:30 logger.go:67: [0m  [32m+[0m[0m resource "ibm_container_vpc_cluster" "cluster" {
TestRunBankingSolutions 2025-12-10T11:27:02+05:30 logger.go:67:       [32m+[0m[0m albs                                = (known after apply)
TestRunBankingSolutions 2025-12-10T11:27:02+05:30 logger.go:67:       [32m+[0m[0m cos_instance_crn                    = (known after apply)
TestRunBankingSolutions 2025-12-10T11:27:02+05:30 logger.go:67:       [32m+[0m[0m crn                                 = (known after apply)
TestRunBankingSolutions 2025-12-10T11:27:02+05:30 logger.go:67:       [32m+[0m[0m disable_outbound_traffic_protection = (known after apply)
TestRunBankingSolutions 2025-12-10T11:27:02+05:30 logger.go:67:       [32m+[0m[0m disable_public_service_endpoint     = false
TestRunBankingSolutions 2025-12-10T11:27:02+05:30 logger.go:67:       [32m+[0m[0m flavor                              = "bx2.4x16"
TestRunBankingSolutions 2025-12-10T11:27:02+05:30 logger.go:67:       [32m+[0m[0m force_delete_storage                = true
TestRunBankingSolutions 2025-12-10T11:27:02+05:30 logger.go:67:       [32m+[0m[0m id                                  = (known after apply)
TestRunBankingSolutions 2025-12-10T11:27:02+05:30 logger.go:67:       [32m+[0m[0m image_security_enforcement          = false
TestRunBankingSolutions 2025-12-10T11:27:02+05:30 logger.go:67:       [32m+[0m[0m ingress_hostname                    = (known after apply)
TestRunBankingSolutions 2025-12-10T11:27:02+05:30 logger.go:67:       [32m+[0m[0m ingress_secret                      = (sensitive value)
TestRunBankingSolutions 2025-12-10T11:27:02+05:30 logger.go:67:       [32m+[0m[0m kube_version                        = (known after apply)
TestRunBankingSolutions 2025-12-10T11:27:02+05:30 logger.go:67:       [32m+[0m[0m master_status                       = (known after apply)
TestRunBankingSolutions 2025-12-10T11:27:02+05:30 logger.go:67:       [32m+[0m[0m master_url                          = (known after apply)
TestRunBankingSolutions 2025-12-10T11:27:02+05:30 logger.go:67:       [32m+[0m[0m name                                = "rag-da-tj2una"
TestRunBankingSolutions 2025-12-10T11:27:02+05:30 logger.go:67:       [32m+[0m[0m operating_system                    = "RHEL_9_64"
TestRunBankingSolutions 2025-12-10T11:27:02+05:30 logger.go:67:       [32m+[0m[0m pod_subnet                          = (known after apply)
TestRunBankingSolutions 2025-12-10T11:27:02+05:30 logger.go:67:       [32m+[0m[0m private_service_endpoint_url        = (known after apply)
TestRunBankingSolutions 2025-12-10T11:27:02+05:30 logger.go:67:       [32m+[0m[0m public_service_endpoint_url         = (known after apply)
TestRunBankingSolutions 2025-12-10T11:27:02+05:30 logger.go:67:       [32m+[0m[0m resource_controller_url             = (known after apply)
TestRunBankingSolutions 2025-12-10T11:27:02+05:30 logger.go:67:       [32m+[0m[0m resource_crn                        = (known after apply)
TestRunBankingSolutions 2025-12-10T11:27:02+05:30 logger.go:67:       [32m+[0m[0m resource_group_id                   = (known after apply)
TestRunBankingSolutions 2025-12-10T11:27:02+05:30 logger.go:67:       [32m+[0m[0m resource_group_name                 = (known after apply)
TestRunBankingSolutions 2025-12-10T11:27:02+05:30 logger.go:67:       [32m+[0m[0m resource_name                       = (known after apply)
TestRunBankingSolutions 2025-12-10T11:27:02+05:30 logger.go:67:       [32m+[0m[0m resource_status                     = (known after apply)
TestRunBankingSolutions 2025-12-10T11:27:02+05:30 logger.go:67:       [32m+[0m[0m secondary_storage                   = (known after apply)
TestRunBankingSolutions 2025-12-10T11:27:02+05:30 logger.go:67:       [32m+[0m[0m service_subnet                      = (known after apply)
TestRunBankingSolutions 2025-12-10T11:27:02+05:30 logger.go:67:       [32m+[0m[0m state                               = (known after apply)
TestRunBankingSolutions 2025-12-10T11:27:02+05:30 logger.go:67:       [32m+[0m[0m tags                                = (known after apply)
TestRunBankingSolutions 2025-12-10T11:27:02+05:30 logger.go:67:       [32m+[0m[0m update_all_workers                  = false
TestRunBankingSolutions 2025-12-10T11:27:02+05:30 logger.go:67:       [32m+[0m[0m vpc_id                              = (known after apply)
TestRunBankingSolutions 2025-12-10T11:27:02+05:30 logger.go:67:       [32m+[0m[0m vpe_service_endpoint_url            = (known after apply)
TestRunBankingSolutions 2025-12-10T11:27:02+05:30 logger.go:67:       [32m+[0m[0m wait_for_worker_update              = true
TestRunBankingSolutions 2025-12-10T11:27:02+05:30 logger.go:67:       [32m+[0m[0m wait_till                           = "IngressReady"
TestRunBankingSolutions 2025-12-10T11:27:02+05:30 logger.go:67:       [32m+[0m[0m worker_count                        = 2
TestRunBankingSolutions 2025-12-10T11:27:02+05:30 logger.go:67:       [32m+[0m[0m worker_labels                       = (known after apply)
TestRunBankingSolutions 2025-12-10T11:27:02+05:30 logger.go:67: 
TestRunBankingSolutions 2025-12-10T11:27:02+05:30 logger.go:67:       [32m+[0m[0m timeouts {
TestRunBankingSolutions 2025-12-10T11:27:02+05:30 logger.go:67:           [32m+[0m[0m create = "3h"
TestRunBankingSolutions 2025-12-10T11:27:02+05:30 logger.go:67:           [32m+[0m[0m delete = "2h"
TestRunBankingSolutions 2025-12-10T11:27:02+05:30 logger.go:67:           [32m+[0m[0m update = "3h"
TestRunBankingSolutions 2025-12-10T11:27:02+05:30 logger.go:67:         }
TestRunBankingSolutions 2025-12-10T11:27:02+05:30 logger.go:67: 
TestRunBankingSolutions 2025-12-10T11:27:02+05:30 logger.go:67:       [32m+[0m[0m zones {
TestRunBankingSolutions 2025-12-10T11:27:02+05:30 logger.go:67:           [32m+[0m[0m name      = "us-south-1"
TestRunBankingSolutions 2025-12-10T11:27:02+05:30 logger.go:67:           [32m+[0m[0m subnet_id = (known after apply)
TestRunBankingSolutions 2025-12-10T11:27:02+05:30 logger.go:67:         }
TestRunBankingSolutions 2025-12-10T11:27:02+05:30 logger.go:67:     }
TestRunBankingSolutions 2025-12-10T11:27:02+05:30 logger.go:67: 
TestRunBankingSolutions 2025-12-10T11:27:02+05:30 logger.go:67: [1m  # module.ocp_base[0].null_resource.confirm_network_healthy[0][0m will be created
TestRunBankingSolutions 2025-12-10T11:27:02+05:30 logger.go:67: [0m  [32m+[0m[0m resource "null_resource" "confirm_network_healthy" {
TestRunBankingSolutions 2025-12-10T11:27:02+05:30 logger.go:67:       [32m+[0m[0m id = (known after apply)
TestRunBankingSolutions 2025-12-10T11:27:02+05:30 logger.go:67:     }
TestRunBankingSolutions 2025-12-10T11:27:02+05:30 logger.go:67: 
TestRunBankingSolutions 2025-12-10T11:27:02+05:30 logger.go:67: [1m  # module.resource_group.ibm_resource_group.resource_group[0][0m will be created
TestRunBankingSolutions 2025-12-10T11:27:02+05:30 logger.go:67: [0m  [32m+[0m[0m resource "ibm_resource_group" "resource_group" {
TestRunBankingSolutions 2025-12-10T11:27:02+05:30 logger.go:67:       [32m+[0m[0m created_at          = (known after apply)
TestRunBankingSolutions 2025-12-10T11:27:02+05:30 logger.go:67:       [32m+[0m[0m crn                 = (known after apply)
TestRunBankingSolutions 2025-12-10T11:27:02+05:30 logger.go:67:       [32m+[0m[0m default             = (known after apply)
TestRunBankingSolutions 2025-12-10T11:27:02+05:30 logger.go:67:       [32m+[0m[0m id                  = (known after apply)
TestRunBankingSolutions 2025-12-10T11:27:02+05:30 logger.go:67:       [32m+[0m[0m name                = "rag-da-tj2una-resource-group"
TestRunBankingSolutions 2025-12-10T11:27:02+05:30 logger.go:67:       [32m+[0m[0m payment_methods_url = (known after apply)
TestRunBankingSolutions 2025-12-10T11:27:02+05:30 logger.go:67:       [32m+[0m[0m quota_id            = (known after apply)
TestRunBankingSolutions 2025-12-10T11:27:02+05:30 logger.go:67:       [32m+[0m[0m quota_url           = (known after apply)
TestRunBankingSolutions 2025-12-10T11:27:02+05:30 logger.go:67:       [32m+[0m[0m resource_linkages   = (known after apply)
TestRunBankingSolutions 2025-12-10T11:27:02+05:30 logger.go:67:       [32m+[0m[0m state               = (known after apply)
TestRunBankingSolutions 2025-12-10T11:27:02+05:30 logger.go:67:       [32m+[0m[0m teams_url           = (known after apply)
TestRunBankingSolutions 2025-12-10T11:27:02+05:30 logger.go:67:       [32m+[0m[0m updated_at          = (known after apply)
TestRunBankingSolutions 2025-12-10T11:27:02+05:30 logger.go:67:     }
TestRunBankingSolutions 2025-12-10T11:27:02+05:30 logger.go:67: 
TestRunBankingSolutions 2025-12-10T11:27:02+05:30 logger.go:67: [1m  # module.ocp_base[0].module.cos_instance[0].ibm_resource_instance.cos_instance[0][0m will be created
TestRunBankingSolutions 2025-12-10T11:27:02+05:30 logger.go:67: [0m  [32m+[0m[0m resource "ibm_resource_instance" "cos_instance" {
TestRunBankingSolutions 2025-12-10T11:27:02+05:30 logger.go:67:       [32m+[0m[0m account_id              = (known after apply)
TestRunBankingSolutions 2025-12-10T11:27:02+05:30 logger.go:67:       [32m+[0m[0m allow_cleanup           = (known after apply)
TestRunBankingSolutions 2025-12-10T11:27:02+05:30 logger.go:67:       [32m+[0m[0m created_at              = (known after apply)
TestRunBankingSolutions 2025-12-10T11:27:02+05:30 logger.go:67:       [32m+[0m[0m created_by              = (known after apply)
TestRunBankingSolutions 2025-12-10T11:27:02+05:30 logger.go:67:       [32m+[0m[0m crn                     = (known after apply)
TestRunBankingSolutions 2025-12-10T11:27:02+05:30 logger.go:67:       [32m+[0m[0m dashboard_url           = (known after apply)
TestRunBankingSolutions 2025-12-10T11:27:02+05:30 logger.go:67:       [32m+[0m[0m deleted_at              = (known after apply)
TestRunBankingSolutions 2025-12-10T11:27:02+05:30 logger.go:67:       [32m+[0m[0m deleted_by              = (known after apply)
TestRunBankingSolutions 2025-12-10T11:27:02+05:30 logger.go:67:       [32m+[0m[0m extensions              = (known after apply)
TestRunBankingSolutions 2025-12-10T11:27:02+05:30 logger.go:67:       [32m+[0m[0m guid                    = (known after apply)
TestRunBankingSolutions 2025-12-10T11:27:02+05:30 logger.go:67:       [32m+[0m[0m id                      = (known after apply)
TestRunBankingSolutions 2025-12-10T11:27:02+05:30 logger.go:67:       [32m+[0m[0m last_operation          = (known after apply)
TestRunBankingSolutions 2025-12-10T11:27:02+05:30 logger.go:67:       [32m+[0m[0m location                = "global"
TestRunBankingSolutions 2025-12-10T11:27:02+05:30 logger.go:67:       [32m+[0m[0m locked                  = (known after apply)
TestRunBankingSolutions 2025-12-10T11:27:02+05:30 logger.go:67:       [32m+[0m[0m name                    = "rag-da-tj2una_cos"
TestRunBankingSolutions 2025-12-10T11:27:02+05:30 logger.go:67:       [32m+[0m[0m onetime_credentials     = (known after apply)
TestRunBankingSolutions 2025-12-10T11:27:02+05:30 logger.go:67:       [32m+[0m[0m plan                    = "standard"
TestRunBankingSolutions 2025-12-10T11:27:02+05:30 logger.go:67:       [32m+[0m[0m plan_history            = (known after apply)
TestRunBankingSolutions 2025-12-10T11:27:02+05:30 logger.go:67:       [32m+[0m[0m resource_aliases_url    = (known after apply)
TestRunBankingSolutions 2025-12-10T11:27:02+05:30 logger.go:67:       [32m+[0m[0m resource_bindings_url   = (known after apply)
TestRunBankingSolutions 2025-12-10T11:27:02+05:30 logger.go:67:       [32m+[0m[0m resource_controller_url = (known after apply)
TestRunBankingSolutions 2025-12-10T11:27:02+05:30 logger.go:67:       [32m+[0m[0m resource_crn            = (known after apply)
TestRunBankingSolutions 2025-12-10T11:27:02+05:30 logger.go:67:       [32m+[0m[0m resource_group_crn      = (known after apply)
TestRunBankingSolutions 2025-12-10T11:27:02+05:30 logger.go:67:       [32m+[0m[0m resource_group_id       = (known after apply)
TestRunBankingSolutions 2025-12-10T11:27:02+05:30 logger.go:67:       [32m+[0m[0m resource_group_name     = (known after apply)
TestRunBankingSolutions 2025-12-10T11:27:02+05:30 logger.go:67:       [32m+[0m[0m resource_id             = (known after apply)
TestRunBankingSolutions 2025-12-10T11:27:02+05:30 logger.go:67:       [32m+[0m[0m resource_keys_url       = (known after apply)
TestRunBankingSolutions 2025-12-10T11:27:02+05:30 logger.go:67:       [32m+[0m[0m resource_name           = (known after apply)
TestRunBankingSolutions 2025-12-10T11:27:02+05:30 logger.go:67:       [32m+[0m[0m resource_plan_id        = (known after apply)
TestRunBankingSolutions 2025-12-10T11:27:02+05:30 logger.go:67:       [32m+[0m[0m resource_status         = (known after apply)
TestRunBankingSolutions 2025-12-10T11:27:02+05:30 logger.go:67:       [32m+[0m[0m restored_at             = (known after apply)
TestRunBankingSolutions 2025-12-10T11:27:02+05:30 logger.go:67:       [32m+[0m[0m restored_by             = (known after apply)
TestRunBankingSolutions 2025-12-10T11:27:02+05:30 logger.go:67:       [32m+[0m[0m scheduled_reclaim_at    = (known after apply)
TestRunBankingSolutions 2025-12-10T11:27:02+05:30 logger.go:67:       [32m+[0m[0m scheduled_reclaim_by    = (known after apply)
TestRunBankingSolutions 2025-12-10T11:27:02+05:30 logger.go:67:       [32m+[0m[0m service                 = "cloud-object-storage"
TestRunBankingSolutions 2025-12-10T11:27:02+05:30 logger.go:67:       [32m+[0m[0m service_endpoints       = (known after apply)
TestRunBankingSolutions 2025-12-10T11:27:02+05:30 logger.go:67:       [32m+[0m[0m state                   = (known after apply)
TestRunBankingSolutions 2025-12-10T11:27:02+05:30 logger.go:67:       [32m+[0m[0m status                  = (known after apply)
TestRunBankingSolutions 2025-12-10T11:27:02+05:30 logger.go:67:       [32m+[0m[0m sub_type                = (known after apply)
TestRunBankingSolutions 2025-12-10T11:27:02+05:30 logger.go:67:       [32m+[0m[0m tags                    = (known after apply)
TestRunBankingSolutions 2025-12-10T11:27:02+05:30 logger.go:67:       [32m+[0m[0m target_crn              = (known after apply)
TestRunBankingSolutions 2025-12-10T11:27:02+05:30 logger.go:67:       [32m+[0m[0m type                    = (known after apply)
TestRunBankingSolutions 2025-12-10T11:27:02+05:30 logger.go:67:       [32m+[0m[0m update_at               = (known after apply)
TestRunBankingSolutions 2025-12-10T11:27:02+05:30 logger.go:67:       [32m+[0m[0m update_by               = (known after apply)
TestRunBankingSolutions 2025-12-10T11:27:02+05:30 logger.go:67:     }
TestRunBankingSolutions 2025-12-10T11:27:02+05:30 logger.go:67: 
TestRunBankingSolutions 2025-12-10T11:27:02+05:30 logger.go:67: [1m  # module.ocp_base[0].module.cos_instance[0].random_string.bucket_name_suffix[0][0m will be created
TestRunBankingSolutions 2025-12-10T11:27:02+05:30 logger.go:67: [0m  [32m+[0m[0m resource "random_string" "bucket_name_suffix" {
TestRunBankingSolutions 2025-12-10T11:27:02+05:30 logger.go:67:       [32m+[0m[0m id          = (known after apply)
TestRunBankingSolutions 2025-12-10T11:27:02+05:30 logger.go:67:       [32m+[0m[0m length      = 4
TestRunBankingSolutions 2025-12-10T11:27:02+05:30 logger.go:67:       [32m+[0m[0m lower       = true
TestRunBankingSolutions 2025-12-10T11:27:02+05:30 logger.go:67:       [32m+[0m[0m min_lower   = 0
TestRunBankingSolutions 2025-12-10T11:27:02+05:30 logger.go:67:       [32m+[0m[0m min_numeric = 0
TestRunBankingSolutions 2025-12-10T11:27:02+05:30 logger.go:67:       [32m+[0m[0m min_special = 0
TestRunBankingSolutions 2025-12-10T11:27:02+05:30 logger.go:67:       [32m+[0m[0m min_upper   = 0
TestRunBankingSolutions 2025-12-10T11:27:02+05:30 logger.go:67:       [32m+[0m[0m number      = true
TestRunBankingSolutions 2025-12-10T11:27:02+05:30 logger.go:67:       [32m+[0m[0m numeric     = true
TestRunBankingSolutions 2025-12-10T11:27:02+05:30 logger.go:67:       [32m+[0m[0m result      = (known after apply)
TestRunBankingSolutions 2025-12-10T11:27:02+05:30 logger.go:67:       [32m+[0m[0m special     = false
TestRunBankingSolutions 2025-12-10T11:27:02+05:30 logger.go:67:       [32m+[0m[0m upper       = false
TestRunBankingSolutions 2025-12-10T11:27:02+05:30 logger.go:67:     }
TestRunBankingSolutions 2025-12-10T11:27:02+05:30 logger.go:67: 
TestRunBankingSolutions 2025-12-10T11:27:02+05:30 logger.go:67: [1m  # module.ocp_base[0].module.worker_pools.data.ibm_container_vpc_worker_pool.all_pools["default"][0m will be read during apply
TestRunBankingSolutions 2025-12-10T11:27:02+05:30 logger.go:67:   # (config refers to values not yet known)
TestRunBankingSolutions 2025-12-10T11:27:02+05:30 logger.go:67: [0m [36m<=[0m[0m data "ibm_container_vpc_worker_pool" "all_pools" {
TestRunBankingSolutions 2025-12-10T11:27:02+05:30 logger.go:67:       [32m+[0m[0m autoscale_enabled = (known after apply)
TestRunBankingSolutions 2025-12-10T11:27:02+05:30 logger.go:67:       [32m+[0m[0m cluster           = (known after apply)
TestRunBankingSolutions 2025-12-10T11:27:02+05:30 logger.go:67:       [32m+[0m[0m crk               = (known after apply)
TestRunBankingSolutions 2025-12-10T11:27:02+05:30 logger.go:67:       [32m+[0m[0m flavor            = (known after apply)
TestRunBankingSolutions 2025-12-10T11:27:02+05:30 logger.go:67:       [32m+[0m[0m host_pool_id      = (known after apply)
TestRunBankingSolutions 2025-12-10T11:27:02+05:30 logger.go:67:       [32m+[0m[0m id                = (known after apply)
TestRunBankingSolutions 2025-12-10T11:27:02+05:30 logger.go:67:       [32m+[0m[0m isolation         = (known after apply)
TestRunBankingSolutions 2025-12-10T11:27:02+05:30 logger.go:67:       [32m+[0m[0m kms_account_id    = (known after apply)
TestRunBankingSolutions 2025-12-10T11:27:02+05:30 logger.go:67:       [32m+[0m[0m kms_instance_id   = (known after apply)
TestRunBankingSolutions 2025-12-10T11:27:02+05:30 logger.go:67:       [32m+[0m[0m labels            = (known after apply)
TestRunBankingSolutions 2025-12-10T11:27:02+05:30 logger.go:67:       [32m+[0m[0m operating_system  = (known after apply)
TestRunBankingSolutions 2025-12-10T11:27:02+05:30 logger.go:67:       [32m+[0m[0m resource_group_id = (known after apply)
TestRunBankingSolutions 2025-12-10T11:27:02+05:30 logger.go:67:       [32m+[0m[0m secondary_storage = (known after apply)
TestRunBankingSolutions 2025-12-10T11:27:02+05:30 logger.go:67:       [32m+[0m[0m vpc_id            = (known after apply)
TestRunBankingSolutions 2025-12-10T11:27:02+05:30 logger.go:67:       [32m+[0m[0m worker_count      = (known after apply)
TestRunBankingSolutions 2025-12-10T11:27:02+05:30 logger.go:67:       [32m+[0m[0m worker_pool_name  = "default"
TestRunBankingSolutions 2025-12-10T11:27:02+05:30 logger.go:67:       [32m+[0m[0m zones             = (known after apply)
TestRunBankingSolutions 2025-12-10T11:27:02+05:30 logger.go:67:     }
TestRunBankingSolutions 2025-12-10T11:27:02+05:30 logger.go:67: 
TestRunBankingSolutions 2025-12-10T11:27:02+05:30 logger.go:67: [1m  # module.ocp_base[0].module.worker_pools.ibm_container_vpc_worker_pool.pool["default"][0m will be created
TestRunBankingSolutions 2025-12-10T11:27:02+05:30 logger.go:67: [0m  [32m+[0m[0m resource "ibm_container_vpc_worker_pool" "pool" {
TestRunBankingSolutions 2025-12-10T11:27:02+05:30 logger.go:67:       [32m+[0m[0m autoscale_enabled       = (known after apply)
TestRunBankingSolutions 2025-12-10T11:27:02+05:30 logger.go:67:       [32m+[0m[0m cluster                 = (known after apply)
TestRunBankingSolutions 2025-12-10T11:27:02+05:30 logger.go:67:       [32m+[0m[0m flavor                  = "bx2.4x16"
TestRunBankingSolutions 2025-12-10T11:27:02+05:30 logger.go:67:       [32m+[0m[0m id                      = (known after apply)
TestRunBankingSolutions 2025-12-10T11:27:02+05:30 logger.go:67:       [32m+[0m[0m import_on_create        = true
TestRunBankingSolutions 2025-12-10T11:27:02+05:30 logger.go:67:       [32m+[0m[0m labels                  = (known after apply)
TestRunBankingSolutions 2025-12-10T11:27:02+05:30 logger.go:67:       [32m+[0m[0m operating_system        = "RHEL_9_64"
TestRunBankingSolutions 2025-12-10T11:27:02+05:30 logger.go:67:       [32m+[0m[0m orphan_on_delete        = true
TestRunBankingSolutions 2025-12-10T11:27:02+05:30 logger.go:67:       [32m+[0m[0m resource_controller_url = (known after apply)
TestRunBankingSolutions 2025-12-10T11:27:02+05:30 logger.go:67:       [32m+[0m[0m resource_group_id       = (known after apply)
TestRunBankingSolutions 2025-12-10T11:27:02+05:30 logger.go:67:       [32m+[0m[0m vpc_id                  = (known after apply)
TestRunBankingSolutions 2025-12-10T11:27:02+05:30 logger.go:67:       [32m+[0m[0m worker_count            = 2
TestRunBankingSolutions 2025-12-10T11:27:02+05:30 logger.go:67:       [32m+[0m[0m worker_pool_id          = (known after apply)
TestRunBankingSolutions 2025-12-10T11:27:02+05:30 logger.go:67:       [32m+[0m[0m worker_pool_name        = "default"
TestRunBankingSolutions 2025-12-10T11:27:02+05:30 logger.go:67: 
TestRunBankingSolutions 2025-12-10T11:27:02+05:30 logger.go:67:       [32m+[0m[0m taints (known after apply)
TestRunBankingSolutions 2025-12-10T11:27:02+05:30 logger.go:67: 
TestRunBankingSolutions 2025-12-10T11:27:02+05:30 logger.go:67:       [32m+[0m[0m timeouts {
TestRunBankingSolutions 2025-12-10T11:27:02+05:30 logger.go:67:           [32m+[0m[0m create = "2h"
TestRunBankingSolutions 2025-12-10T11:27:02+05:30 logger.go:67:           [32m+[0m[0m delete = "2h"
TestRunBankingSolutions 2025-12-10T11:27:02+05:30 logger.go:67:         }
TestRunBankingSolutions 2025-12-10T11:27:02+05:30 logger.go:67: 
TestRunBankingSolutions 2025-12-10T11:27:02+05:30 logger.go:67:       [32m+[0m[0m zones {
TestRunBankingSolutions 2025-12-10T11:27:02+05:30 logger.go:67:           [32m+[0m[0m name      = "us-south-1"
TestRunBankingSolutions 2025-12-10T11:27:02+05:30 logger.go:67:           [32m+[0m[0m subnet_id = (known after apply)
TestRunBankingSolutions 2025-12-10T11:27:02+05:30 logger.go:67:         }
TestRunBankingSolutions 2025-12-10T11:27:02+05:30 logger.go:67:     }
TestRunBankingSolutions 2025-12-10T11:27:02+05:30 logger.go:67: 
TestRunBankingSolutions 2025-12-10T11:27:02+05:30 logger.go:67: [1mPlan:[0m 19 to add, 0 to change, 0 to destroy.
TestRunBankingSolutions 2025-12-10T11:27:02+05:30 logger.go:67: [0m
TestRunBankingSolutions 2025-12-10T11:27:02+05:30 logger.go:67: Changes to Outputs:
TestRunBankingSolutions 2025-12-10T11:27:02+05:30 logger.go:67:   [32m+[0m[0m cd_pipeline_id                                 = (known after apply)
TestRunBankingSolutions 2025-12-10T11:27:02+05:30 logger.go:67:   [32m+[0m[0m ci_pipeline_id                                 = (known after apply)
TestRunBankingSolutions 2025-12-10T11:27:02+05:30 logger.go:67:   [32m+[0m[0m cluster_name                                   = "rag-da-tj2una"
TestRunBankingSolutions 2025-12-10T11:27:02+05:30 logger.go:67:   [32m+[0m[0m resource_group_name                            = "rag-da-tj2una-resource-group"
TestRunBankingSolutions 2025-12-10T11:27:02+05:30 logger.go:67:   [32m+[0m[0m signing_key                                    = (sensitive value)
TestRunBankingSolutions 2025-12-10T11:27:02+05:30 logger.go:67:   [32m+[0m[0m watson_assistant_instance_id                   = (known after apply)
TestRunBankingSolutions 2025-12-10T11:27:02+05:30 logger.go:67:   [32m+[0m[0m watson_assistant_region                        = "us-south"
TestRunBankingSolutions 2025-12-10T11:27:02+05:30 logger.go:67:   [32m+[0m[0m watson_discovery_instance_id                   = (known after apply)
TestRunBankingSolutions 2025-12-10T11:27:02+05:30 logger.go:67:   [32m+[0m[0m watson_discovery_region                        = "us-south"
TestRunBankingSolutions 2025-12-10T11:27:02+05:30 logger.go:67:   [32m+[0m[0m watson_machine_learning_instance_crn           = (known after apply)
TestRunBankingSolutions 2025-12-10T11:27:02+05:30 logger.go:67:   [32m+[0m[0m watson_machine_learning_instance_guid          = (known after apply)
TestRunBankingSolutions 2025-12-10T11:27:02+05:30 logger.go:67:   [32m+[0m[0m watson_machine_learning_instance_resource_name = (known after apply)
TestRunBankingSolutions 2025-12-10T11:27:02+05:30 logger.go:67: [0m[1mmodule.ocp_base[0].module.cos_instance[0].random_string.bucket_name_suffix[0]: Creating...[0m[0m
TestRunBankingSolutions 2025-12-10T11:27:02+05:30 logger.go:67: [0m[1mmodule.ocp_base[0].module.cos_instance[0].random_string.bucket_name_suffix[0]: Creation complete after 0s [id=s7g6][0m
TestRunBankingSolutions 2025-12-10T11:27:02+05:30 logger.go:67: [0m[1mmodule.resource_group.ibm_resource_group.resource_group[0]: Creating...[0m[0m
TestRunBankingSolutions 2025-12-10T11:27:08+05:30 logger.go:67: [0m[1mmodule.resource_group.ibm_resource_group.resource_group[0]: Creation complete after 5s [id=2c229fbcb1934d18b91bd6ec366cb260][0m
TestRunBankingSolutions 2025-12-10T11:27:08+05:30 logger.go:67: [0m[1mmodule.ocp_base[0].data.ibm_container_cluster_versions.cluster_versions: Reading...[0m[0m
TestRunBankingSolutions 2025-12-10T11:27:08+05:30 logger.go:67: [0m[1mibm_resource_instance.discovery_instance: Creating...[0m[0m
TestRunBankingSolutions 2025-12-10T11:27:08+05:30 logger.go:67: [0m[1mibm_resource_instance.assistant_instance: Creating...[0m[0m
TestRunBankingSolutions 2025-12-10T11:27:08+05:30 logger.go:67: [0m[1mmodule.ocp_base[0].module.cos_instance[0].ibm_resource_instance.cos_instance[0]: Creating...[0m[0m
TestRunBankingSolutions 2025-12-10T11:27:08+05:30 logger.go:67: [0m[1mibm_resource_instance.machine_learning_instance: Creating...[0m[0m
TestRunBankingSolutions 2025-12-10T11:27:08+05:30 logger.go:67: [0m[1mibm_resource_instance.cd_instance: Creating...[0m[0m
TestRunBankingSolutions 2025-12-10T11:27:08+05:30 logger.go:67: [0m[1mibm_is_vpc.vpc[0]: Creating...[0m[0m
TestRunBankingSolutions 2025-12-10T11:27:09+05:30 logger.go:67: [0m[1mmodule.ocp_base[0].data.ibm_container_cluster_versions.cluster_versions: Read complete after 1s [id=2025-12-10 05:57:09.462011 +0000 UTC][0m
TestRunBankingSolutions 2025-12-10T11:27:18+05:30 logger.go:67: [0m[1mibm_resource_instance.discovery_instance: Still creating... [00m10s elapsed][0m[0m
TestRunBankingSolutions 2025-12-10T11:27:18+05:30 logger.go:67: [0m[1mibm_resource_instance.assistant_instance: Still creating... [00m10s elapsed][0m[0m
TestRunBankingSolutions 2025-12-10T11:27:18+05:30 logger.go:67: [0m[1mmodule.ocp_base[0].module.cos_instance[0].ibm_resource_instance.cos_instance[0]: Still creating... [00m10s elapsed][0m[0m
TestRunBankingSolutions 2025-12-10T11:27:18+05:30 logger.go:67: [0m[1mibm_resource_instance.machine_learning_instance: Still creating... [00m10s elapsed][0m[0m
TestRunBankingSolutions 2025-12-10T11:27:18+05:30 logger.go:67: [0m[1mibm_resource_instance.cd_instance: Still creating... [00m10s elapsed][0m[0m
TestRunBankingSolutions 2025-12-10T11:27:18+05:30 logger.go:67: [0m[1mibm_is_vpc.vpc[0]: Still creating... [00m10s elapsed][0m[0m
TestRunBankingSolutions 2025-12-10T11:27:23+05:30 logger.go:67: [0m[1mibm_resource_instance.machine_learning_instance: Creation complete after 15s [id=crn:v1:bluemix:public:pm-20:us-south:a/abac0df06b644a9cabc6e44f55b3880e:8a9676c7-a3cc-4170-aef6-310322720dd0::][0m
TestRunBankingSolutions 2025-12-10T11:27:23+05:30 logger.go:67: [0m[1mibm_resource_instance.cd_instance: Creation complete after 16s [id=crn:v1:bluemix:public:continuous-delivery:us-south:a/abac0df06b644a9cabc6e44f55b3880e:84ab387f-bb0c-4d37-8da1-75a525891b33::][0m
TestRunBankingSolutions 2025-12-10T11:27:23+05:30 logger.go:67: [0m[1mibm_cd_toolchain.cd_toolchain_instance: Creating...[0m[0m
TestRunBankingSolutions 2025-12-10T11:27:23+05:30 logger.go:67: [0m[1mibm_resource_instance.assistant_instance: Creation complete after 16s [id=crn:v1:bluemix:public:conversation:us-south:a/abac0df06b644a9cabc6e44f55b3880e:1561d39c-06f1-442a-b1a4-3bed06835dda::][0m
TestRunBankingSolutions 2025-12-10T11:27:25+05:30 logger.go:67: [0m[1mmodule.ocp_base[0].module.cos_instance[0].ibm_resource_instance.cos_instance[0]: Creation complete after 17s [id=crn:v1:bluemix:public:cloud-object-storage:global:a/abac0df06b644a9cabc6e44f55b3880e:0378507d-21c8-45b4-aa38-431f17160dd2::][0m
TestRunBankingSolutions 2025-12-10T11:27:25+05:30 logger.go:67: [0m[1mibm_resource_instance.discovery_instance: Creation complete after 17s [id=crn:v1:bluemix:public:discovery:us-south:a/abac0df06b644a9cabc6e44f55b3880e:1443f64b-f7a4-4336-a6fd-867fd01f1aaf::][0m
TestRunBankingSolutions 2025-12-10T11:27:28+05:30 logger.go:67: [0m[1mibm_is_vpc.vpc[0]: Still creating... [00m20s elapsed][0m[0m
TestRunBankingSolutions 2025-12-10T11:27:29+05:30 logger.go:67: [0m[1mibm_is_vpc.vpc[0]: Creation complete after 22s [id=r006-e17948de-378c-4508-902e-7701e6a2446d][0m
TestRunBankingSolutions 2025-12-10T11:27:29+05:30 logger.go:67: [0m[1mibm_cd_toolchain.cd_toolchain_instance: Creation complete after 6s [id=5be5ff32-13a4-4cbe-ab1a-8a8fc3de9d8b][0m
TestRunBankingSolutions 2025-12-10T11:27:29+05:30 logger.go:67: [0m[1mibm_cd_toolchain_tool_pipeline.ci_toolchain_tool_pipeline_instance: Creating...[0m[0m
TestRunBankingSolutions 2025-12-10T11:27:29+05:30 logger.go:67: [0m[1mibm_cd_toolchain_tool_pipeline.cd_toolchain_tool_pipeline_instance: Creating...[0m[0m
TestRunBankingSolutions 2025-12-10T11:27:29+05:30 logger.go:67: [0m[1mibm_is_public_gateway.gateway[0]: Creating...[0m[0m
TestRunBankingSolutions 2025-12-10T11:27:31+05:30 logger.go:67: [0m[1mibm_cd_toolchain_tool_pipeline.ci_toolchain_tool_pipeline_instance: Creation complete after 2s [id=5be5ff32-13a4-4cbe-ab1a-8a8fc3de9d8b/32d0fab2-15fb-4a88-a7d5-23a21aac0afe][0m
TestRunBankingSolutions 2025-12-10T11:27:31+05:30 logger.go:67: [0m[1mibm_cd_tekton_pipeline.ci_tekton_pipeline_instance: Creating...[0m[0m
TestRunBankingSolutions 2025-12-10T11:27:32+05:30 logger.go:67: [0m[1mibm_cd_toolchain_tool_pipeline.cd_toolchain_tool_pipeline_instance: Creation complete after 2s [id=5be5ff32-13a4-4cbe-ab1a-8a8fc3de9d8b/70b60c36-da62-4d8d-82c2-e0c7e5975db1][0m
TestRunBankingSolutions 2025-12-10T11:27:32+05:30 logger.go:67: [0m[1mibm_cd_tekton_pipeline.cd_tekton_pipeline_instance: Creating...[0m[0m
TestRunBankingSolutions 2025-12-10T11:27:35+05:30 logger.go:67: [0m[1mibm_cd_tekton_pipeline.cd_tekton_pipeline_instance: Creation complete after 4s [id=70b60c36-da62-4d8d-82c2-e0c7e5975db1][0m
TestRunBankingSolutions 2025-12-10T11:27:35+05:30 logger.go:67: [0m[1mibm_cd_tekton_pipeline.ci_tekton_pipeline_instance: Creation complete after 4s [id=32d0fab2-15fb-4a88-a7d5-23a21aac0afe][0m
TestRunBankingSolutions 2025-12-10T11:27:39+05:30 logger.go:67: [0m[1mibm_is_public_gateway.gateway[0]: Still creating... [00m10s elapsed][0m[0m
TestRunBankingSolutions 2025-12-10T11:27:45+05:30 logger.go:67: [0m[1mibm_is_public_gateway.gateway[0]: Creation complete after 15s [id=r006-8f35b8cd-af6d-4036-92b0-7e993d92dd41][0m
TestRunBankingSolutions 2025-12-10T11:27:45+05:30 logger.go:67: [0m[1mibm_is_subnet.subnet_zone_1[0]: Creating...[0m[0m
TestRunBankingSolutions 2025-12-10T11:27:55+05:30 logger.go:67: [0m[1mibm_is_subnet.subnet_zone_1[0]: Still creating... [00m10s elapsed][0m[0m
TestRunBankingSolutions 2025-12-10T11:27:58+05:30 logger.go:67: [0m[1mibm_is_subnet.subnet_zone_1[0]: Creation complete after 14s [id=0717-0092fcc3-43f2-4fd0-b34a-5250ddf61d68][0m
TestRunBankingSolutions 2025-12-10T11:27:58+05:30 logger.go:67: [0m[1mmodule.ocp_base[0].ibm_container_vpc_cluster.cluster[0]: Creating...[0m[0m
TestRunBankingSolutions 2025-12-10T11:28:08+05:30 logger.go:67: [0m[1mmodule.ocp_base[0].ibm_container_vpc_cluster.cluster[0]: Still creating... [00m10s elapsed][0m[0m
TestRunBankingSolutions 2025-12-10T11:28:18+05:30 logger.go:67: [0m[1mmodule.ocp_base[0].ibm_container_vpc_cluster.cluster[0]: Still creating... [00m20s elapsed][0m[0m
TestRunBankingSolutions 2025-12-10T11:28:28+05:30 logger.go:67: [0m[1mmodule.ocp_base[0].ibm_container_vpc_cluster.cluster[0]: Still creating... [00m30s elapsed][0m[0m
TestRunBankingSolutions 2025-12-10T11:28:38+05:30 logger.go:67: [0m[1mmodule.ocp_base[0].ibm_container_vpc_cluster.cluster[0]: Still creating... [00m40s elapsed][0m[0m
TestRunBankingSolutions 2025-12-10T11:28:48+05:30 logger.go:67: [0m[1mmodule.ocp_base[0].ibm_container_vpc_cluster.cluster[0]: Still creating... [00m50s elapsed][0m[0m
TestRunBankingSolutions 2025-12-10T11:28:58+05:30 logger.go:67: [0m[1mmodule.ocp_base[0].ibm_container_vpc_cluster.cluster[0]: Still creating... [01m00s elapsed][0m[0m
TestRunBankingSolutions 2025-12-10T11:29:08+05:30 logger.go:67: [0m[1mmodule.ocp_base[0].ibm_container_vpc_cluster.cluster[0]: Still creating... [01m10s elapsed][0m[0m
TestRunBankingSolutions 2025-12-10T11:29:18+05:30 logger.go:67: [0m[1mmodule.ocp_base[0].ibm_container_vpc_cluster.cluster[0]: Still creating... [01m20s elapsed][0m[0m
TestRunBankingSolutions 2025-12-10T11:29:28+05:30 logger.go:67: [0m[1mmodule.ocp_base[0].ibm_container_vpc_cluster.cluster[0]: Still creating... [01m30s elapsed][0m[0m
TestRunBankingSolutions 2025-12-10T11:29:38+05:30 logger.go:67: [0m[1mmodule.ocp_base[0].ibm_container_vpc_cluster.cluster[0]: Still creating... [01m40s elapsed][0m[0m
TestRunBankingSolutions 2025-12-10T11:29:48+05:30 logger.go:67: [0m[1mmodule.ocp_base[0].ibm_container_vpc_cluster.cluster[0]: Still creating... [01m50s elapsed][0m[0m
TestRunBankingSolutions 2025-12-10T11:29:58+05:30 logger.go:67: [0m[1mmodule.ocp_base[0].ibm_container_vpc_cluster.cluster[0]: Still creating... [02m00s elapsed][0m[0m
TestRunBankingSolutions 2025-12-10T11:30:08+05:30 logger.go:67: [0m[1mmodule.ocp_base[0].ibm_container_vpc_cluster.cluster[0]: Still creating... [02m10s elapsed][0m[0m
TestRunBankingSolutions 2025-12-10T11:30:18+05:30 logger.go:67: [0m[1mmodule.ocp_base[0].ibm_container_vpc_cluster.cluster[0]: Still creating... [02m20s elapsed][0m[0m
TestRunBankingSolutions 2025-12-10T11:30:28+05:30 logger.go:67: [0m[1mmodule.ocp_base[0].ibm_container_vpc_cluster.cluster[0]: Still creating... [02m30s elapsed][0m[0m
TestRunBankingSolutions 2025-12-10T11:30:38+05:30 logger.go:67: [0m[1mmodule.ocp_base[0].ibm_container_vpc_cluster.cluster[0]: Still creating... [02m40s elapsed][0m[0m
TestRunBankingSolutions 2025-12-10T11:30:48+05:30 logger.go:67: [0m[1mmodule.ocp_base[0].ibm_container_vpc_cluster.cluster[0]: Still creating... [02m50s elapsed][0m[0m
TestRunBankingSolutions 2025-12-10T11:30:58+05:30 logger.go:67: [0m[1mmodule.ocp_base[0].ibm_container_vpc_cluster.cluster[0]: Still creating... [03m00s elapsed][0m[0m
TestRunBankingSolutions 2025-12-10T11:31:08+05:30 logger.go:67: [0m[1mmodule.ocp_base[0].ibm_container_vpc_cluster.cluster[0]: Still creating... [03m10s elapsed][0m[0m
TestRunBankingSolutions 2025-12-10T11:31:18+05:30 logger.go:67: [0m[1mmodule.ocp_base[0].ibm_container_vpc_cluster.cluster[0]: Still creating... [03m20s elapsed][0m[0m
TestRunBankingSolutions 2025-12-10T11:31:28+05:30 logger.go:67: [0m[1mmodule.ocp_base[0].ibm_container_vpc_cluster.cluster[0]: Still creating... [03m30s elapsed][0m[0m
TestRunBankingSolutions 2025-12-10T11:31:38+05:30 logger.go:67: [0m[1mmodule.ocp_base[0].ibm_container_vpc_cluster.cluster[0]: Still creating... [03m40s elapsed][0m[0m
TestRunBankingSolutions 2025-12-10T11:31:48+05:30 logger.go:67: [0m[1mmodule.ocp_base[0].ibm_container_vpc_cluster.cluster[0]: Still creating... [03m50s elapsed][0m[0m
TestRunBankingSolutions 2025-12-10T11:31:58+05:30 logger.go:67: [0m[1mmodule.ocp_base[0].ibm_container_vpc_cluster.cluster[0]: Still creating... [04m00s elapsed][0m[0m
TestRunBankingSolutions 2025-12-10T11:32:08+05:30 logger.go:67: [0m[1mmodule.ocp_base[0].ibm_container_vpc_cluster.cluster[0]: Still creating... [04m10s elapsed][0m[0m
TestRunBankingSolutions 2025-12-10T11:32:18+05:30 logger.go:67: [0m[1mmodule.ocp_base[0].ibm_container_vpc_cluster.cluster[0]: Still creating... [04m20s elapsed][0m[0m
TestRunBankingSolutions 2025-12-10T11:32:28+05:30 logger.go:67: [0m[1mmodule.ocp_base[0].ibm_container_vpc_cluster.cluster[0]: Still creating... [04m30s elapsed][0m[0m
TestRunBankingSolutions 2025-12-10T11:32:38+05:30 logger.go:67: [0m[1mmodule.ocp_base[0].ibm_container_vpc_cluster.cluster[0]: Still creating... [04m40s elapsed][0m[0m
TestRunBankingSolutions 2025-12-10T11:32:48+05:30 logger.go:67: [0m[1mmodule.ocp_base[0].ibm_container_vpc_cluster.cluster[0]: Still creating... [04m50s elapsed][0m[0m
TestRunBankingSolutions 2025-12-10T11:32:58+05:30 logger.go:67: [0m[1mmodule.ocp_base[0].ibm_container_vpc_cluster.cluster[0]: Still creating... [05m00s elapsed][0m[0m
TestRunBankingSolutions 2025-12-10T11:33:08+05:30 logger.go:67: [0m[1mmodule.ocp_base[0].ibm_container_vpc_cluster.cluster[0]: Still creating... [05m10s elapsed][0m[0m
TestRunBankingSolutions 2025-12-10T11:33:18+05:30 logger.go:67: [0m[1mmodule.ocp_base[0].ibm_container_vpc_cluster.cluster[0]: Still creating... [05m20s elapsed][0m[0m
TestRunBankingSolutions 2025-12-10T11:33:28+05:30 logger.go:67: [0m[1mmodule.ocp_base[0].ibm_container_vpc_cluster.cluster[0]: Still creating... [05m30s elapsed][0m[0m
TestRunBankingSolutions 2025-12-10T11:33:38+05:30 logger.go:67: [0m[1mmodule.ocp_base[0].ibm_container_vpc_cluster.cluster[0]: Still creating... [05m40s elapsed][0m[0m
TestRunBankingSolutions 2025-12-10T11:33:48+05:30 logger.go:67: [0m[1mmodule.ocp_base[0].ibm_container_vpc_cluster.cluster[0]: Still creating... [05m50s elapsed][0m[0m
TestRunBankingSolutions 2025-12-10T11:33:58+05:30 logger.go:67: [0m[1mmodule.ocp_base[0].ibm_container_vpc_cluster.cluster[0]: Still creating... [06m00s elapsed][0m[0m
TestRunBankingSolutions 2025-12-10T11:34:08+05:30 logger.go:67: [0m[1mmodule.ocp_base[0].ibm_container_vpc_cluster.cluster[0]: Still creating... [06m10s elapsed][0m[0m
TestRunBankingSolutions 2025-12-10T11:34:18+05:30 logger.go:67: [0m[1mmodule.ocp_base[0].ibm_container_vpc_cluster.cluster[0]: Still creating... [06m20s elapsed][0m[0m
TestRunBankingSolutions 2025-12-10T11:34:28+05:30 logger.go:67: [0m[1mmodule.ocp_base[0].ibm_container_vpc_cluster.cluster[0]: Still creating... [06m30s elapsed][0m[0m
TestRunBankingSolutions 2025-12-10T11:34:38+05:30 logger.go:67: [0m[1mmodule.ocp_base[0].ibm_container_vpc_cluster.cluster[0]: Still creating... [06m40s elapsed][0m[0m
TestRunBankingSolutions 2025-12-10T11:34:48+05:30 logger.go:67: [0m[1mmodule.ocp_base[0].ibm_container_vpc_cluster.cluster[0]: Still creating... [06m50s elapsed][0m[0m
TestRunBankingSolutions 2025-12-10T11:34:58+05:30 logger.go:67: [0m[1mmodule.ocp_base[0].ibm_container_vpc_cluster.cluster[0]: Still creating... [07m00s elapsed][0m[0m
TestRunBankingSolutions 2025-12-10T11:35:08+05:30 logger.go:67: [0m[1mmodule.ocp_base[0].ibm_container_vpc_cluster.cluster[0]: Still creating... [07m10s elapsed][0m[0m
TestRunBankingSolutions 2025-12-10T11:35:18+05:30 logger.go:67: [0m[1mmodule.ocp_base[0].ibm_container_vpc_cluster.cluster[0]: Still creating... [07m20s elapsed][0m[0m
TestRunBankingSolutions 2025-12-10T11:35:28+05:30 logger.go:67: [0m[1mmodule.ocp_base[0].ibm_container_vpc_cluster.cluster[0]: Still creating... [07m30s elapsed][0m[0m
TestRunBankingSolutions 2025-12-10T11:35:38+05:30 logger.go:67: [0m[1mmodule.ocp_base[0].ibm_container_vpc_cluster.cluster[0]: Still creating... [07m40s elapsed][0m[0m
TestRunBankingSolutions 2025-12-10T11:35:48+05:30 logger.go:67: [0m[1mmodule.ocp_base[0].ibm_container_vpc_cluster.cluster[0]: Still creating... [07m50s elapsed][0m[0m
TestRunBankingSolutions 2025-12-10T11:35:58+05:30 logger.go:67: [0m[1mmodule.ocp_base[0].ibm_container_vpc_cluster.cluster[0]: Still creating... [08m00s elapsed][0m[0m
TestRunBankingSolutions 2025-12-10T11:36:08+05:30 logger.go:67: [0m[1mmodule.ocp_base[0].ibm_container_vpc_cluster.cluster[0]: Still creating... [08m10s elapsed][0m[0m
TestRunBankingSolutions 2025-12-10T11:36:18+05:30 logger.go:67: [0m[1mmodule.ocp_base[0].ibm_container_vpc_cluster.cluster[0]: Still creating... [08m20s elapsed][0m[0m
TestRunBankingSolutions 2025-12-10T11:36:28+05:30 logger.go:67: [0m[1mmodule.ocp_base[0].ibm_container_vpc_cluster.cluster[0]: Still creating... [08m30s elapsed][0m[0m
TestRunBankingSolutions 2025-12-10T11:36:38+05:30 logger.go:67: [0m[1mmodule.ocp_base[0].ibm_container_vpc_cluster.cluster[0]: Still creating... [08m40s elapsed][0m[0m
TestRunBankingSolutions 2025-12-10T11:36:48+05:30 logger.go:67: [0m[1mmodule.ocp_base[0].ibm_container_vpc_cluster.cluster[0]: Still creating... [08m50s elapsed][0m[0m
TestRunBankingSolutions 2025-12-10T11:36:58+05:30 logger.go:67: [0m[1mmodule.ocp_base[0].ibm_container_vpc_cluster.cluster[0]: Still creating... [09m00s elapsed][0m[0m
TestRunBankingSolutions 2025-12-10T11:37:08+05:30 logger.go:67: [0m[1mmodule.ocp_base[0].ibm_container_vpc_cluster.cluster[0]: Still creating... [09m10s elapsed][0m[0m
TestRunBankingSolutions 2025-12-10T11:37:18+05:30 logger.go:67: [0m[1mmodule.ocp_base[0].ibm_container_vpc_cluster.cluster[0]: Still creating... [09m20s elapsed][0m[0m
TestRunBankingSolutions 2025-12-10T11:37:28+05:30 logger.go:67: [0m[1mmodule.ocp_base[0].ibm_container_vpc_cluster.cluster[0]: Still creating... [09m30s elapsed][0m[0m
TestRunBankingSolutions 2025-12-10T11:37:38+05:30 logger.go:67: [0m[1mmodule.ocp_base[0].ibm_container_vpc_cluster.cluster[0]: Still creating... [09m40s elapsed][0m[0m
TestRunBankingSolutions 2025-12-10T11:37:48+05:30 logger.go:67: [0m[1mmodule.ocp_base[0].ibm_container_vpc_cluster.cluster[0]: Still creating... [09m50s elapsed][0m[0m
TestRunBankingSolutions 2025-12-10T11:37:58+05:30 logger.go:67: [0m[1mmodule.ocp_base[0].ibm_container_vpc_cluster.cluster[0]: Still creating... [10m00s elapsed][0m[0m
TestRunBankingSolutions 2025-12-10T11:38:08+05:30 logger.go:67: [0m[1mmodule.ocp_base[0].ibm_container_vpc_cluster.cluster[0]: Still creating... [10m10s elapsed][0m[0m
TestRunBankingSolutions 2025-12-10T11:38:18+05:30 logger.go:67: [0m[1mmodule.ocp_base[0].ibm_container_vpc_cluster.cluster[0]: Still creating... [10m20s elapsed][0m[0m
TestRunBankingSolutions 2025-12-10T11:38:28+05:30 logger.go:67: [0m[1mmodule.ocp_base[0].ibm_container_vpc_cluster.cluster[0]: Still creating... [10m30s elapsed][0m[0m
TestRunBankingSolutions 2025-12-10T11:38:38+05:30 logger.go:67: [0m[1mmodule.ocp_base[0].ibm_container_vpc_cluster.cluster[0]: Still creating... [10m40s elapsed][0m[0m
TestRunBankingSolutions 2025-12-10T11:38:48+05:30 logger.go:67: [0m[1mmodule.ocp_base[0].ibm_container_vpc_cluster.cluster[0]: Still creating... [10m50s elapsed][0m[0m
TestRunBankingSolutions 2025-12-10T11:38:58+05:30 logger.go:67: [0m[1mmodule.ocp_base[0].ibm_container_vpc_cluster.cluster[0]: Still creating... [11m00s elapsed][0m[0m
TestRunBankingSolutions 2025-12-10T11:39:08+05:30 logger.go:67: [0m[1mmodule.ocp_base[0].ibm_container_vpc_cluster.cluster[0]: Still creating... [11m10s elapsed][0m[0m
TestRunBankingSolutions 2025-12-10T11:39:18+05:30 logger.go:67: [0m[1mmodule.ocp_base[0].ibm_container_vpc_cluster.cluster[0]: Still creating... [11m20s elapsed][0m[0m
TestRunBankingSolutions 2025-12-10T11:39:28+05:30 logger.go:67: [0m[1mmodule.ocp_base[0].ibm_container_vpc_cluster.cluster[0]: Still creating... [11m30s elapsed][0m[0m
TestRunBankingSolutions 2025-12-10T11:39:38+05:30 logger.go:67: [0m[1mmodule.ocp_base[0].ibm_container_vpc_cluster.cluster[0]: Still creating... [11m40s elapsed][0m[0m
TestRunBankingSolutions 2025-12-10T11:40:16+05:30 logger.go:67: [0m[1mmodule.ocp_base[0].ibm_container_vpc_cluster.cluster[0]: Still creating... [12m18s elapsed][0m[0m
TestRunBankingSolutions 2025-12-10T11:40:26+05:30 logger.go:67: [0m[1mmodule.ocp_base[0].ibm_container_vpc_cluster.cluster[0]: Still creating... [12m28s elapsed][0m[0m
TestRunBankingSolutions 2025-12-10T11:40:36+05:30 logger.go:67: [0m[1mmodule.ocp_base[0].ibm_container_vpc_cluster.cluster[0]: Still creating... [12m38s elapsed][0m[0m
TestRunBankingSolutions 2025-12-10T11:40:46+05:30 logger.go:67: [0m[1mmodule.ocp_base[0].ibm_container_vpc_cluster.cluster[0]: Still creating... [12m48s elapsed][0m[0m
TestRunBankingSolutions 2025-12-10T11:40:56+05:30 logger.go:67: [0m[1mmodule.ocp_base[0].ibm_container_vpc_cluster.cluster[0]: Still creating... [12m58s elapsed][0m[0m
TestRunBankingSolutions 2025-12-10T11:41:06+05:30 logger.go:67: [0m[1mmodule.ocp_base[0].ibm_container_vpc_cluster.cluster[0]: Still creating... [13m08s elapsed][0m[0m
TestRunBankingSolutions 2025-12-10T11:41:16+05:30 logger.go:67: [0m[1mmodule.ocp_base[0].ibm_container_vpc_cluster.cluster[0]: Still creating... [13m18s elapsed][0m[0m
TestRunBankingSolutions 2025-12-10T11:41:26+05:30 logger.go:67: [0m[1mmodule.ocp_base[0].ibm_container_vpc_cluster.cluster[0]: Still creating... [13m28s elapsed][0m[0m
TestRunBankingSolutions 2025-12-10T11:41:36+05:30 logger.go:67: [0m[1mmodule.ocp_base[0].ibm_container_vpc_cluster.cluster[0]: Still creating... [13m38s elapsed][0m[0m
TestRunBankingSolutions 2025-12-10T11:41:46+05:30 logger.go:67: [0m[1mmodule.ocp_base[0].ibm_container_vpc_cluster.cluster[0]: Still creating... [13m48s elapsed][0m[0m
TestRunBankingSolutions 2025-12-10T11:41:56+05:30 logger.go:67: [0m[1mmodule.ocp_base[0].ibm_container_vpc_cluster.cluster[0]: Still creating... [13m58s elapsed][0m[0m
TestRunBankingSolutions 2025-12-10T11:42:06+05:30 logger.go:67: [0m[1mmodule.ocp_base[0].ibm_container_vpc_cluster.cluster[0]: Still creating... [14m08s elapsed][0m[0m
TestRunBankingSolutions 2025-12-10T11:42:16+05:30 logger.go:67: [0m[1mmodule.ocp_base[0].ibm_container_vpc_cluster.cluster[0]: Still creating... [14m18s elapsed][0m[0m
TestRunBankingSolutions 2025-12-10T11:42:26+05:30 logger.go:67: [0m[1mmodule.ocp_base[0].ibm_container_vpc_cluster.cluster[0]: Still creating... [14m28s elapsed][0m[0m
TestRunBankingSolutions 2025-12-10T11:42:36+05:30 logger.go:67: [0m[1mmodule.ocp_base[0].ibm_container_vpc_cluster.cluster[0]: Still creating... [14m38s elapsed][0m[0m
TestRunBankingSolutions 2025-12-10T11:42:46+05:30 logger.go:67: [0m[1mmodule.ocp_base[0].ibm_container_vpc_cluster.cluster[0]: Still creating... [14m48s elapsed][0m[0m
TestRunBankingSolutions 2025-12-10T11:42:56+05:30 logger.go:67: [0m[1mmodule.ocp_base[0].ibm_container_vpc_cluster.cluster[0]: Still creating... [14m58s elapsed][0m[0m
TestRunBankingSolutions 2025-12-10T11:43:06+05:30 logger.go:67: [0m[1mmodule.ocp_base[0].ibm_container_vpc_cluster.cluster[0]: Still creating... [15m08s elapsed][0m[0m
TestRunBankingSolutions 2025-12-10T11:43:16+05:30 logger.go:67: [0m[1mmodule.ocp_base[0].ibm_container_vpc_cluster.cluster[0]: Still creating... [15m18s elapsed][0m[0m
TestRunBankingSolutions 2025-12-10T11:43:26+05:30 logger.go:67: [0m[1mmodule.ocp_base[0].ibm_container_vpc_cluster.cluster[0]: Still creating... [15m28s elapsed][0m[0m
TestRunBankingSolutions 2025-12-10T11:43:36+05:30 logger.go:67: [0m[1mmodule.ocp_base[0].ibm_container_vpc_cluster.cluster[0]: Still creating... [15m38s elapsed][0m[0m
TestRunBankingSolutions 2025-12-10T11:43:46+05:30 logger.go:67: [0m[1mmodule.ocp_base[0].ibm_container_vpc_cluster.cluster[0]: Still creating... [15m48s elapsed][0m[0m
TestRunBankingSolutions 2025-12-10T11:43:56+05:30 logger.go:67: [0m[1mmodule.ocp_base[0].ibm_container_vpc_cluster.cluster[0]: Still creating... [15m58s elapsed][0m[0m
TestRunBankingSolutions 2025-12-10T11:44:06+05:30 logger.go:67: [0m[1mmodule.ocp_base[0].ibm_container_vpc_cluster.cluster[0]: Still creating... [16m08s elapsed][0m[0m
TestRunBankingSolutions 2025-12-10T11:44:16+05:30 logger.go:67: [0m[1mmodule.ocp_base[0].ibm_container_vpc_cluster.cluster[0]: Still creating... [16m18s elapsed][0m[0m
TestRunBankingSolutions 2025-12-10T11:44:26+05:30 logger.go:67: [0m[1mmodule.ocp_base[0].ibm_container_vpc_cluster.cluster[0]: Still creating... [16m28s elapsed][0m[0m
TestRunBankingSolutions 2025-12-10T11:44:36+05:30 logger.go:67: [0m[1mmodule.ocp_base[0].ibm_container_vpc_cluster.cluster[0]: Still creating... [16m38s elapsed][0m[0m
TestRunBankingSolutions 2025-12-10T11:44:46+05:30 logger.go:67: [0m[1mmodule.ocp_base[0].ibm_container_vpc_cluster.cluster[0]: Still creating... [16m48s elapsed][0m[0m
TestRunBankingSolutions 2025-12-10T11:44:56+05:30 logger.go:67: [0m[1mmodule.ocp_base[0].ibm_container_vpc_cluster.cluster[0]: Still creating... [16m58s elapsed][0m[0m
TestRunBankingSolutions 2025-12-10T11:45:06+05:30 logger.go:67: [0m[1mmodule.ocp_base[0].ibm_container_vpc_cluster.cluster[0]: Still creating... [17m08s elapsed][0m[0m
TestRunBankingSolutions 2025-12-10T11:45:16+05:30 logger.go:67: [0m[1mmodule.ocp_base[0].ibm_container_vpc_cluster.cluster[0]: Still creating... [17m18s elapsed][0m[0m
TestRunBankingSolutions 2025-12-10T11:45:26+05:30 logger.go:67: [0m[1mmodule.ocp_base[0].ibm_container_vpc_cluster.cluster[0]: Still creating... [17m28s elapsed][0m[0m
TestRunBankingSolutions 2025-12-10T11:45:36+05:30 logger.go:67: [0m[1mmodule.ocp_base[0].ibm_container_vpc_cluster.cluster[0]: Still creating... [17m38s elapsed][0m[0m
TestRunBankingSolutions 2025-12-10T11:45:46+05:30 logger.go:67: [0m[1mmodule.ocp_base[0].ibm_container_vpc_cluster.cluster[0]: Still creating... [17m48s elapsed][0m[0m
TestRunBankingSolutions 2025-12-10T11:45:56+05:30 logger.go:67: [0m[1mmodule.ocp_base[0].ibm_container_vpc_cluster.cluster[0]: Still creating... [17m58s elapsed][0m[0m
TestRunBankingSolutions 2025-12-10T11:46:06+05:30 logger.go:67: [0m[1mmodule.ocp_base[0].ibm_container_vpc_cluster.cluster[0]: Still creating... [18m08s elapsed][0m[0m
TestRunBankingSolutions 2025-12-10T11:46:16+05:30 logger.go:67: [0m[1mmodule.ocp_base[0].ibm_container_vpc_cluster.cluster[0]: Still creating... [18m18s elapsed][0m[0m
TestRunBankingSolutions 2025-12-10T11:46:26+05:30 logger.go:67: [0m[1mmodule.ocp_base[0].ibm_container_vpc_cluster.cluster[0]: Still creating... [18m28s elapsed][0m[0m
TestRunBankingSolutions 2025-12-10T11:46:36+05:30 logger.go:67: [0m[1mmodule.ocp_base[0].ibm_container_vpc_cluster.cluster[0]: Still creating... [18m38s elapsed][0m[0m
TestRunBankingSolutions 2025-12-10T11:46:46+05:30 logger.go:67: [0m[1mmodule.ocp_base[0].ibm_container_vpc_cluster.cluster[0]: Still creating... [18m48s elapsed][0m[0m
TestRunBankingSolutions 2025-12-10T11:46:56+05:30 logger.go:67: [0m[1mmodule.ocp_base[0].ibm_container_vpc_cluster.cluster[0]: Still creating... [18m58s elapsed][0m[0m
TestRunBankingSolutions 2025-12-10T11:47:06+05:30 logger.go:67: [0m[1mmodule.ocp_base[0].ibm_container_vpc_cluster.cluster[0]: Still creating... [19m08s elapsed][0m[0m
TestRunBankingSolutions 2025-12-10T11:47:16+05:30 logger.go:67: [0m[1mmodule.ocp_base[0].ibm_container_vpc_cluster.cluster[0]: Still creating... [19m18s elapsed][0m[0m
TestRunBankingSolutions 2025-12-10T11:47:26+05:30 logger.go:67: [0m[1mmodule.ocp_base[0].ibm_container_vpc_cluster.cluster[0]: Still creating... [19m28s elapsed][0m[0m
TestRunBankingSolutions 2025-12-10T11:47:36+05:30 logger.go:67: [0m[1mmodule.ocp_base[0].ibm_container_vpc_cluster.cluster[0]: Still creating... [19m38s elapsed][0m[0m
TestRunBankingSolutions 2025-12-10T11:47:46+05:30 logger.go:67: [0m[1mmodule.ocp_base[0].ibm_container_vpc_cluster.cluster[0]: Still creating... [19m48s elapsed][0m[0m
TestRunBankingSolutions 2025-12-10T11:47:56+05:30 logger.go:67: [0m[1mmodule.ocp_base[0].ibm_container_vpc_cluster.cluster[0]: Still creating... [19m58s elapsed][0m[0m
TestRunBankingSolutions 2025-12-10T11:48:06+05:30 logger.go:67: [0m[1mmodule.ocp_base[0].ibm_container_vpc_cluster.cluster[0]: Still creating... [20m08s elapsed][0m[0m
TestRunBankingSolutions 2025-12-10T11:48:16+05:30 logger.go:67: [0m[1mmodule.ocp_base[0].ibm_container_vpc_cluster.cluster[0]: Still creating... [20m18s elapsed][0m[0m
TestRunBankingSolutions 2025-12-10T11:48:26+05:30 logger.go:67: [0m[1mmodule.ocp_base[0].ibm_container_vpc_cluster.cluster[0]: Still creating... [20m28s elapsed][0m[0m
TestRunBankingSolutions 2025-12-10T11:48:36+05:30 logger.go:67: [0m[1mmodule.ocp_base[0].ibm_container_vpc_cluster.cluster[0]: Still creating... [20m38s elapsed][0m[0m
TestRunBankingSolutions 2025-12-10T11:48:46+05:30 logger.go:67: [0m[1mmodule.ocp_base[0].ibm_container_vpc_cluster.cluster[0]: Still creating... [20m48s elapsed][0m[0m
TestRunBankingSolutions 2025-12-10T11:48:56+05:30 logger.go:67: [0m[1mmodule.ocp_base[0].ibm_container_vpc_cluster.cluster[0]: Still creating... [20m58s elapsed][0m[0m
TestRunBankingSolutions 2025-12-10T11:49:06+05:30 logger.go:67: [0m[1mmodule.ocp_base[0].ibm_container_vpc_cluster.cluster[0]: Still creating... [21m08s elapsed][0m[0m
TestRunBankingSolutions 2025-12-10T11:49:16+05:30 logger.go:67: [0m[1mmodule.ocp_base[0].ibm_container_vpc_cluster.cluster[0]: Still creating... [21m18s elapsed][0m[0m
TestRunBankingSolutions 2025-12-10T11:49:26+05:30 logger.go:67: [0m[1mmodule.ocp_base[0].ibm_container_vpc_cluster.cluster[0]: Still creating... [21m28s elapsed][0m[0m
TestRunBankingSolutions 2025-12-10T11:49:36+05:30 logger.go:67: [0m[1mmodule.ocp_base[0].ibm_container_vpc_cluster.cluster[0]: Still creating... [21m38s elapsed][0m[0m
TestRunBankingSolutions 2025-12-10T11:49:46+05:30 logger.go:67: [0m[1mmodule.ocp_base[0].ibm_container_vpc_cluster.cluster[0]: Still creating... [21m48s elapsed][0m[0m
TestRunBankingSolutions 2025-12-10T11:49:56+05:30 logger.go:67: [0m[1mmodule.ocp_base[0].ibm_container_vpc_cluster.cluster[0]: Still creating... [21m58s elapsed][0m[0m
TestRunBankingSolutions 2025-12-10T11:50:06+05:30 logger.go:67: [0m[1mmodule.ocp_base[0].ibm_container_vpc_cluster.cluster[0]: Still creating... [22m08s elapsed][0m[0m
TestRunBankingSolutions 2025-12-10T11:50:16+05:30 logger.go:67: [0m[1mmodule.ocp_base[0].ibm_container_vpc_cluster.cluster[0]: Still creating... [22m18s elapsed][0m[0m
TestRunBankingSolutions 2025-12-10T11:50:26+05:30 logger.go:67: [0m[1mmodule.ocp_base[0].ibm_container_vpc_cluster.cluster[0]: Still creating... [22m28s elapsed][0m[0m
TestRunBankingSolutions 2025-12-10T11:50:36+05:30 logger.go:67: [0m[1mmodule.ocp_base[0].ibm_container_vpc_cluster.cluster[0]: Still creating... [22m38s elapsed][0m[0m
TestRunBankingSolutions 2025-12-10T11:50:46+05:30 logger.go:67: [0m[1mmodule.ocp_base[0].ibm_container_vpc_cluster.cluster[0]: Still creating... [22m48s elapsed][0m[0m
TestRunBankingSolutions 2025-12-10T11:50:56+05:30 logger.go:67: [0m[1mmodule.ocp_base[0].ibm_container_vpc_cluster.cluster[0]: Still creating... [22m58s elapsed][0m[0m
TestRunBankingSolutions 2025-12-10T11:51:06+05:30 logger.go:67: [0m[1mmodule.ocp_base[0].ibm_container_vpc_cluster.cluster[0]: Still creating... [23m08s elapsed][0m[0m
TestRunBankingSolutions 2025-12-10T11:51:16+05:30 logger.go:67: [0m[1mmodule.ocp_base[0].ibm_container_vpc_cluster.cluster[0]: Still creating... [23m18s elapsed][0m[0m
TestRunBankingSolutions 2025-12-10T11:51:26+05:30 logger.go:67: [0m[1mmodule.ocp_base[0].ibm_container_vpc_cluster.cluster[0]: Still creating... [23m28s elapsed][0m[0m
TestRunBankingSolutions 2025-12-10T11:51:36+05:30 logger.go:67: [0m[1mmodule.ocp_base[0].ibm_container_vpc_cluster.cluster[0]: Still creating... [23m38s elapsed][0m[0m
TestRunBankingSolutions 2025-12-10T11:51:46+05:30 logger.go:67: [0m[1mmodule.ocp_base[0].ibm_container_vpc_cluster.cluster[0]: Still creating... [23m48s elapsed][0m[0m
TestRunBankingSolutions 2025-12-10T11:51:56+05:30 logger.go:67: [0m[1mmodule.ocp_base[0].ibm_container_vpc_cluster.cluster[0]: Still creating... [23m58s elapsed][0m[0m
TestRunBankingSolutions 2025-12-10T11:52:06+05:30 logger.go:67: [0m[1mmodule.ocp_base[0].ibm_container_vpc_cluster.cluster[0]: Still creating... [24m08s elapsed][0m[0m
TestRunBankingSolutions 2025-12-10T11:52:16+05:30 logger.go:67: [0m[1mmodule.ocp_base[0].ibm_container_vpc_cluster.cluster[0]: Still creating... [24m18s elapsed][0m[0m
TestRunBankingSolutions 2025-12-10T11:52:26+05:30 logger.go:67: [0m[1mmodule.ocp_base[0].ibm_container_vpc_cluster.cluster[0]: Still creating... [24m28s elapsed][0m[0m
TestRunBankingSolutions 2025-12-10T11:52:36+05:30 logger.go:67: [0m[1mmodule.ocp_base[0].ibm_container_vpc_cluster.cluster[0]: Still creating... [24m38s elapsed][0m[0m
TestRunBankingSolutions 2025-12-10T11:52:46+05:30 logger.go:67: [0m[1mmodule.ocp_base[0].ibm_container_vpc_cluster.cluster[0]: Still creating... [24m48s elapsed][0m[0m
TestRunBankingSolutions 2025-12-10T11:52:56+05:30 logger.go:67: [0m[1mmodule.ocp_base[0].ibm_container_vpc_cluster.cluster[0]: Still creating... [24m58s elapsed][0m[0m
TestRunBankingSolutions 2025-12-10T11:53:06+05:30 logger.go:67: [0m[1mmodule.ocp_base[0].ibm_container_vpc_cluster.cluster[0]: Still creating... [25m08s elapsed][0m[0m
TestRunBankingSolutions 2025-12-10T11:53:16+05:30 logger.go:67: [0m[1mmodule.ocp_base[0].ibm_container_vpc_cluster.cluster[0]: Still creating... [25m18s elapsed][0m[0m
TestRunBankingSolutions 2025-12-10T11:53:26+05:30 logger.go:67: [0m[1mmodule.ocp_base[0].ibm_container_vpc_cluster.cluster[0]: Still creating... [25m28s elapsed][0m[0m
TestRunBankingSolutions 2025-12-10T11:53:36+05:30 logger.go:67: [0m[1mmodule.ocp_base[0].ibm_container_vpc_cluster.cluster[0]: Still creating... [25m38s elapsed][0m[0m
TestRunBankingSolutions 2025-12-10T11:53:46+05:30 logger.go:67: [0m[1mmodule.ocp_base[0].ibm_container_vpc_cluster.cluster[0]: Still creating... [25m48s elapsed][0m[0m
TestRunBankingSolutions 2025-12-10T11:53:56+05:30 logger.go:67: [0m[1mmodule.ocp_base[0].ibm_container_vpc_cluster.cluster[0]: Still creating... [25m58s elapsed][0m[0m
TestRunBankingSolutions 2025-12-10T11:54:06+05:30 logger.go:67: [0m[1mmodule.ocp_base[0].ibm_container_vpc_cluster.cluster[0]: Still creating... [26m08s elapsed][0m[0m
TestRunBankingSolutions 2025-12-10T11:54:16+05:30 logger.go:67: [0m[1mmodule.ocp_base[0].ibm_container_vpc_cluster.cluster[0]: Still creating... [26m18s elapsed][0m[0m
TestRunBankingSolutions 2025-12-10T11:54:26+05:30 logger.go:67: [0m[1mmodule.ocp_base[0].ibm_container_vpc_cluster.cluster[0]: Still creating... [26m28s elapsed][0m[0m
TestRunBankingSolutions 2025-12-10T11:54:36+05:30 logger.go:67: [0m[1mmodule.ocp_base[0].ibm_container_vpc_cluster.cluster[0]: Still creating... [26m38s elapsed][0m[0m
TestRunBankingSolutions 2025-12-10T11:54:46+05:30 logger.go:67: [0m[1mmodule.ocp_base[0].ibm_container_vpc_cluster.cluster[0]: Still creating... [26m48s elapsed][0m[0m
TestRunBankingSolutions 2025-12-10T11:54:56+05:30 logger.go:67: [0m[1mmodule.ocp_base[0].ibm_container_vpc_cluster.cluster[0]: Still creating... [26m58s elapsed][0m[0m
TestRunBankingSolutions 2025-12-10T11:55:06+05:30 logger.go:67: [0m[1mmodule.ocp_base[0].ibm_container_vpc_cluster.cluster[0]: Still creating... [27m08s elapsed][0m[0m
TestRunBankingSolutions 2025-12-10T11:55:16+05:30 logger.go:67: [0m[1mmodule.ocp_base[0].ibm_container_vpc_cluster.cluster[0]: Still creating... [27m18s elapsed][0m[0m
TestRunBankingSolutions 2025-12-10T11:55:26+05:30 logger.go:67: [0m[1mmodule.ocp_base[0].ibm_container_vpc_cluster.cluster[0]: Still creating... [27m28s elapsed][0m[0m
TestRunBankingSolutions 2025-12-10T11:55:36+05:30 logger.go:67: [0m[1mmodule.ocp_base[0].ibm_container_vpc_cluster.cluster[0]: Still creating... [27m38s elapsed][0m[0m
TestRunBankingSolutions 2025-12-10T11:55:46+05:30 logger.go:67: [0m[1mmodule.ocp_base[0].ibm_container_vpc_cluster.cluster[0]: Still creating... [27m48s elapsed][0m[0m
TestRunBankingSolutions 2025-12-10T11:55:56+05:30 logger.go:67: [0m[1mmodule.ocp_base[0].ibm_container_vpc_cluster.cluster[0]: Still creating... [27m58s elapsed][0m[0m
TestRunBankingSolutions 2025-12-10T11:56:06+05:30 logger.go:67: [0m[1mmodule.ocp_base[0].ibm_container_vpc_cluster.cluster[0]: Still creating... [28m08s elapsed][0m[0m
TestRunBankingSolutions 2025-12-10T11:56:16+05:30 logger.go:67: [0m[1mmodule.ocp_base[0].ibm_container_vpc_cluster.cluster[0]: Still creating... [28m18s elapsed][0m[0m
TestRunBankingSolutions 2025-12-10T11:56:26+05:30 logger.go:67: [0m[1mmodule.ocp_base[0].ibm_container_vpc_cluster.cluster[0]: Still creating... [28m28s elapsed][0m[0m
TestRunBankingSolutions 2025-12-10T11:56:36+05:30 logger.go:67: [0m[1mmodule.ocp_base[0].ibm_container_vpc_cluster.cluster[0]: Still creating... [28m38s elapsed][0m[0m
TestRunBankingSolutions 2025-12-10T11:56:46+05:30 logger.go:67: [0m[1mmodule.ocp_base[0].ibm_container_vpc_cluster.cluster[0]: Still creating... [28m48s elapsed][0m[0m
TestRunBankingSolutions 2025-12-10T11:56:56+05:30 logger.go:67: [0m[1mmodule.ocp_base[0].ibm_container_vpc_cluster.cluster[0]: Still creating... [28m58s elapsed][0m[0m
TestRunBankingSolutions 2025-12-10T11:57:06+05:30 logger.go:67: [0m[1mmodule.ocp_base[0].ibm_container_vpc_cluster.cluster[0]: Still creating... [29m08s elapsed][0m[0m
TestRunBankingSolutions 2025-12-10T11:57:16+05:30 logger.go:67: [0m[1mmodule.ocp_base[0].ibm_container_vpc_cluster.cluster[0]: Still creating... [29m18s elapsed][0m[0m
TestRunBankingSolutions 2025-12-10T11:57:26+05:30 logger.go:67: [0m[1mmodule.ocp_base[0].ibm_container_vpc_cluster.cluster[0]: Still creating... [29m28s elapsed][0m[0m
TestRunBankingSolutions 2025-12-10T11:57:36+05:30 logger.go:67: [0m[1mmodule.ocp_base[0].ibm_container_vpc_cluster.cluster[0]: Still creating... [29m38s elapsed][0m[0m
TestRunBankingSolutions 2025-12-10T11:57:46+05:30 logger.go:67: [0m[1mmodule.ocp_base[0].ibm_container_vpc_cluster.cluster[0]: Still creating... [29m48s elapsed][0m[0m
TestRunBankingSolutions 2025-12-10T11:57:56+05:30 logger.go:67: [0m[1mmodule.ocp_base[0].ibm_container_vpc_cluster.cluster[0]: Still creating... [29m58s elapsed][0m[0m
TestRunBankingSolutions 2025-12-10T11:58:06+05:30 logger.go:67: [0m[1mmodule.ocp_base[0].ibm_container_vpc_cluster.cluster[0]: Still creating... [30m08s elapsed][0m[0m
TestRunBankingSolutions 2025-12-10T11:58:16+05:30 logger.go:67: [0m[1mmodule.ocp_base[0].ibm_container_vpc_cluster.cluster[0]: Still creating... [30m18s elapsed][0m[0m
TestRunBankingSolutions 2025-12-10T11:58:26+05:30 logger.go:67: [0m[1mmodule.ocp_base[0].ibm_container_vpc_cluster.cluster[0]: Still creating... [30m28s elapsed][0m[0m
TestRunBankingSolutions 2025-12-10T11:58:36+05:30 logger.go:67: [0m[1mmodule.ocp_base[0].ibm_container_vpc_cluster.cluster[0]: Still creating... [30m38s elapsed][0m[0m
TestRunBankingSolutions 2025-12-10T11:58:46+05:30 logger.go:67: [0m[1mmodule.ocp_base[0].ibm_container_vpc_cluster.cluster[0]: Still creating... [30m48s elapsed][0m[0m
TestRunBankingSolutions 2025-12-10T11:58:56+05:30 logger.go:67: [0m[1mmodule.ocp_base[0].ibm_container_vpc_cluster.cluster[0]: Still creating... [30m58s elapsed][0m[0m
TestRunBankingSolutions 2025-12-10T11:59:06+05:30 logger.go:67: [0m[1mmodule.ocp_base[0].ibm_container_vpc_cluster.cluster[0]: Still creating... [31m08s elapsed][0m[0m
TestRunBankingSolutions 2025-12-10T11:59:16+05:30 logger.go:67: [0m[1mmodule.ocp_base[0].ibm_container_vpc_cluster.cluster[0]: Still creating... [31m18s elapsed][0m[0m
TestRunBankingSolutions 2025-12-10T11:59:26+05:30 logger.go:67: [0m[1mmodule.ocp_base[0].ibm_container_vpc_cluster.cluster[0]: Still creating... [31m28s elapsed][0m[0m
TestRunBankingSolutions 2025-12-10T11:59:36+05:30 logger.go:67: [0m[1mmodule.ocp_base[0].ibm_container_vpc_cluster.cluster[0]: Still creating... [31m38s elapsed][0m[0m
TestRunBankingSolutions 2025-12-10T11:59:46+05:30 logger.go:67: [0m[1mmodule.ocp_base[0].ibm_container_vpc_cluster.cluster[0]: Still creating... [31m48s elapsed][0m[0m
TestRunBankingSolutions 2025-12-10T11:59:56+05:30 logger.go:67: [0m[1mmodule.ocp_base[0].ibm_container_vpc_cluster.cluster[0]: Still creating... [31m58s elapsed][0m[0m
TestRunBankingSolutions 2025-12-10T12:00:06+05:30 logger.go:67: [0m[1mmodule.ocp_base[0].ibm_container_vpc_cluster.cluster[0]: Still creating... [32m08s elapsed][0m[0m
TestRunBankingSolutions 2025-12-10T12:00:16+05:30 logger.go:67: [0m[1mmodule.ocp_base[0].ibm_container_vpc_cluster.cluster[0]: Still creating... [32m18s elapsed][0m[0m
TestRunBankingSolutions 2025-12-10T12:00:26+05:30 logger.go:67: [0m[1mmodule.ocp_base[0].ibm_container_vpc_cluster.cluster[0]: Still creating... [32m28s elapsed][0m[0m
TestRunBankingSolutions 2025-12-10T12:00:36+05:30 logger.go:67: [0m[1mmodule.ocp_base[0].ibm_container_vpc_cluster.cluster[0]: Still creating... [32m38s elapsed][0m[0m
TestRunBankingSolutions 2025-12-10T12:00:46+05:30 logger.go:67: [0m[1mmodule.ocp_base[0].ibm_container_vpc_cluster.cluster[0]: Still creating... [32m48s elapsed][0m[0m
TestRunBankingSolutions 2025-12-10T12:00:56+05:30 logger.go:67: [0m[1mmodule.ocp_base[0].ibm_container_vpc_cluster.cluster[0]: Still creating... [32m58s elapsed][0m[0m
TestRunBankingSolutions 2025-12-10T12:01:06+05:30 logger.go:67: [0m[1mmodule.ocp_base[0].ibm_container_vpc_cluster.cluster[0]: Still creating... [33m08s elapsed][0m[0m
TestRunBankingSolutions 2025-12-10T12:01:16+05:30 logger.go:67: [0m[1mmodule.ocp_base[0].ibm_container_vpc_cluster.cluster[0]: Still creating... [33m18s elapsed][0m[0m
TestRunBankingSolutions 2025-12-10T12:01:26+05:30 logger.go:67: [0m[1mmodule.ocp_base[0].ibm_container_vpc_cluster.cluster[0]: Still creating... [33m28s elapsed][0m[0m
TestRunBankingSolutions 2025-12-10T12:01:36+05:30 logger.go:67: [0m[1mmodule.ocp_base[0].ibm_container_vpc_cluster.cluster[0]: Still creating... [33m38s elapsed][0m[0m
TestRunBankingSolutions 2025-12-10T12:01:46+05:30 logger.go:67: [0m[1mmodule.ocp_base[0].ibm_container_vpc_cluster.cluster[0]: Still creating... [33m48s elapsed][0m[0m
TestRunBankingSolutions 2025-12-10T12:01:56+05:30 logger.go:67: [0m[1mmodule.ocp_base[0].ibm_container_vpc_cluster.cluster[0]: Still creating... [33m58s elapsed][0m[0m
TestRunBankingSolutions 2025-12-10T12:02:06+05:30 logger.go:67: [0m[1mmodule.ocp_base[0].ibm_container_vpc_cluster.cluster[0]: Still creating... [34m08s elapsed][0m[0m
TestRunBankingSolutions 2025-12-10T12:02:16+05:30 logger.go:67: [0m[1mmodule.ocp_base[0].ibm_container_vpc_cluster.cluster[0]: Still creating... [34m18s elapsed][0m[0m
TestRunBankingSolutions 2025-12-10T12:02:26+05:30 logger.go:67: [0m[1mmodule.ocp_base[0].ibm_container_vpc_cluster.cluster[0]: Still creating... [34m28s elapsed][0m[0m
TestRunBankingSolutions 2025-12-10T12:02:36+05:30 logger.go:67: [0m[1mmodule.ocp_base[0].ibm_container_vpc_cluster.cluster[0]: Still creating... [34m38s elapsed][0m[0m
TestRunBankingSolutions 2025-12-10T12:02:46+05:30 logger.go:67: [0m[1mmodule.ocp_base[0].ibm_container_vpc_cluster.cluster[0]: Still creating... [34m48s elapsed][0m[0m
TestRunBankingSolutions 2025-12-10T12:02:56+05:30 logger.go:67: [0m[1mmodule.ocp_base[0].ibm_container_vpc_cluster.cluster[0]: Still creating... [34m58s elapsed][0m[0m
TestRunBankingSolutions 2025-12-10T12:03:06+05:30 logger.go:67: [0m[1mmodule.ocp_base[0].ibm_container_vpc_cluster.cluster[0]: Still creating... [35m08s elapsed][0m[0m
TestRunBankingSolutions 2025-12-10T12:03:16+05:30 logger.go:67: [0m[1mmodule.ocp_base[0].ibm_container_vpc_cluster.cluster[0]: Still creating... [35m18s elapsed][0m[0m
TestRunBankingSolutions 2025-12-10T12:03:26+05:30 logger.go:67: [0m[1mmodule.ocp_base[0].ibm_container_vpc_cluster.cluster[0]: Still creating... [35m28s elapsed][0m[0m
TestRunBankingSolutions 2025-12-10T12:03:37+05:30 logger.go:67: [0m[1mmodule.ocp_base[0].ibm_container_vpc_cluster.cluster[0]: Still creating... [35m38s elapsed][0m[0m
TestRunBankingSolutions 2025-12-10T12:03:47+05:30 logger.go:67: [0m[1mmodule.ocp_base[0].ibm_container_vpc_cluster.cluster[0]: Still creating... [35m48s elapsed][0m[0m
TestRunBankingSolutions 2025-12-10T12:03:57+05:30 logger.go:67: [0m[1mmodule.ocp_base[0].ibm_container_vpc_cluster.cluster[0]: Still creating... [35m58s elapsed][0m[0m
TestRunBankingSolutions 2025-12-10T12:04:07+05:30 logger.go:67: [0m[1mmodule.ocp_base[0].ibm_container_vpc_cluster.cluster[0]: Still creating... [36m08s elapsed][0m[0m
TestRunBankingSolutions 2025-12-10T12:04:17+05:30 logger.go:67: [0m[1mmodule.ocp_base[0].ibm_container_vpc_cluster.cluster[0]: Still creating... [36m18s elapsed][0m[0m
TestRunBankingSolutions 2025-12-10T12:04:27+05:30 logger.go:67: [0m[1mmodule.ocp_base[0].ibm_container_vpc_cluster.cluster[0]: Still creating... [36m28s elapsed][0m[0m
TestRunBankingSolutions 2025-12-10T12:04:37+05:30 logger.go:67: [0m[1mmodule.ocp_base[0].ibm_container_vpc_cluster.cluster[0]: Still creating... [36m38s elapsed][0m[0m
TestRunBankingSolutions 2025-12-10T12:04:47+05:30 logger.go:67: [0m[1mmodule.ocp_base[0].ibm_container_vpc_cluster.cluster[0]: Still creating... [36m48s elapsed][0m[0m
TestRunBankingSolutions 2025-12-10T12:04:57+05:30 logger.go:67: [0m[1mmodule.ocp_base[0].ibm_container_vpc_cluster.cluster[0]: Still creating... [36m58s elapsed][0m[0m
TestRunBankingSolutions 2025-12-10T12:05:07+05:30 logger.go:67: [0m[1mmodule.ocp_base[0].ibm_container_vpc_cluster.cluster[0]: Still creating... [37m08s elapsed][0m[0m
TestRunBankingSolutions 2025-12-10T12:05:17+05:30 logger.go:67: [0m[1mmodule.ocp_base[0].ibm_container_vpc_cluster.cluster[0]: Still creating... [37m18s elapsed][0m[0m
TestRunBankingSolutions 2025-12-10T12:05:27+05:30 logger.go:67: [0m[1mmodule.ocp_base[0].ibm_container_vpc_cluster.cluster[0]: Still creating... [37m28s elapsed][0m[0m
TestRunBankingSolutions 2025-12-10T12:05:37+05:30 logger.go:67: [0m[1mmodule.ocp_base[0].ibm_container_vpc_cluster.cluster[0]: Still creating... [37m38s elapsed][0m[0m
TestRunBankingSolutions 2025-12-10T12:05:47+05:30 logger.go:67: [0m[1mmodule.ocp_base[0].ibm_container_vpc_cluster.cluster[0]: Still creating... [37m48s elapsed][0m[0m
TestRunBankingSolutions 2025-12-10T12:05:57+05:30 logger.go:67: [0m[1mmodule.ocp_base[0].ibm_container_vpc_cluster.cluster[0]: Still creating... [37m58s elapsed][0m[0m
TestRunBankingSolutions 2025-12-10T12:06:07+05:30 logger.go:67: [0m[1mmodule.ocp_base[0].ibm_container_vpc_cluster.cluster[0]: Still creating... [38m08s elapsed][0m[0m
TestRunBankingSolutions 2025-12-10T12:06:17+05:30 logger.go:67: [0m[1mmodule.ocp_base[0].ibm_container_vpc_cluster.cluster[0]: Still creating... [38m18s elapsed][0m[0m
TestRunBankingSolutions 2025-12-10T12:06:27+05:30 logger.go:67: [0m[1mmodule.ocp_base[0].ibm_container_vpc_cluster.cluster[0]: Still creating... [38m28s elapsed][0m[0m
TestRunBankingSolutions 2025-12-10T12:06:37+05:30 logger.go:67: [0m[1mmodule.ocp_base[0].ibm_container_vpc_cluster.cluster[0]: Still creating... [38m38s elapsed][0m[0m
TestRunBankingSolutions 2025-12-10T12:06:47+05:30 logger.go:67: [0m[1mmodule.ocp_base[0].ibm_container_vpc_cluster.cluster[0]: Still creating... [38m48s elapsed][0m[0m
TestRunBankingSolutions 2025-12-10T12:06:57+05:30 logger.go:67: [0m[1mmodule.ocp_base[0].ibm_container_vpc_cluster.cluster[0]: Still creating... [38m58s elapsed][0m[0m
TestRunBankingSolutions 2025-12-10T12:07:07+05:30 logger.go:67: [0m[1mmodule.ocp_base[0].ibm_container_vpc_cluster.cluster[0]: Still creating... [39m08s elapsed][0m[0m
TestRunBankingSolutions 2025-12-10T12:07:17+05:30 logger.go:67: [0m[1mmodule.ocp_base[0].ibm_container_vpc_cluster.cluster[0]: Still creating... [39m18s elapsed][0m[0m
TestRunBankingSolutions 2025-12-10T12:07:27+05:30 logger.go:67: [0m[1mmodule.ocp_base[0].ibm_container_vpc_cluster.cluster[0]: Still creating... [39m28s elapsed][0m[0m
TestRunBankingSolutions 2025-12-10T12:07:37+05:30 logger.go:67: [0m[1mmodule.ocp_base[0].ibm_container_vpc_cluster.cluster[0]: Still creating... [39m38s elapsed][0m[0m
TestRunBankingSolutions 2025-12-10T12:07:47+05:30 logger.go:67: [0m[1mmodule.ocp_base[0].ibm_container_vpc_cluster.cluster[0]: Still creating... [39m48s elapsed][0m[0m
TestRunBankingSolutions 2025-12-10T12:07:57+05:30 logger.go:67: [0m[1mmodule.ocp_base[0].ibm_container_vpc_cluster.cluster[0]: Still creating... [39m58s elapsed][0m[0m
TestRunBankingSolutions 2025-12-10T12:08:07+05:30 logger.go:67: [0m[1mmodule.ocp_base[0].ibm_container_vpc_cluster.cluster[0]: Still creating... [40m08s elapsed][0m[0m
TestRunBankingSolutions 2025-12-10T12:08:17+05:30 logger.go:67: [0m[1mmodule.ocp_base[0].ibm_container_vpc_cluster.cluster[0]: Still creating... [40m18s elapsed][0m[0m
TestRunBankingSolutions 2025-12-10T12:08:27+05:30 logger.go:67: [0m[1mmodule.ocp_base[0].ibm_container_vpc_cluster.cluster[0]: Still creating... [40m28s elapsed][0m[0m
TestRunBankingSolutions 2025-12-10T12:08:37+05:30 logger.go:67: [0m[1mmodule.ocp_base[0].ibm_container_vpc_cluster.cluster[0]: Still creating... [40m38s elapsed][0m[0m
TestRunBankingSolutions 2025-12-10T12:08:47+05:30 logger.go:67: [0m[1mmodule.ocp_base[0].ibm_container_vpc_cluster.cluster[0]: Still creating... [40m48s elapsed][0m[0m
TestRunBankingSolutions 2025-12-10T12:08:57+05:30 logger.go:67: [0m[1mmodule.ocp_base[0].ibm_container_vpc_cluster.cluster[0]: Still creating... [40m58s elapsed][0m[0m
TestRunBankingSolutions 2025-12-10T12:09:07+05:30 logger.go:67: [0m[1mmodule.ocp_base[0].ibm_container_vpc_cluster.cluster[0]: Still creating... [41m08s elapsed][0m[0m
TestRunBankingSolutions 2025-12-10T12:09:17+05:30 logger.go:67: [0m[1mmodule.ocp_base[0].ibm_container_vpc_cluster.cluster[0]: Still creating... [41m18s elapsed][0m[0m
TestRunBankingSolutions 2025-12-10T12:09:27+05:30 logger.go:67: [0m[1mmodule.ocp_base[0].ibm_container_vpc_cluster.cluster[0]: Still creating... [41m28s elapsed][0m[0m
TestRunBankingSolutions 2025-12-10T12:09:37+05:30 logger.go:67: [0m[1mmodule.ocp_base[0].ibm_container_vpc_cluster.cluster[0]: Still creating... [41m38s elapsed][0m[0m
TestRunBankingSolutions 2025-12-10T12:09:47+05:30 logger.go:67: [0m[1mmodule.ocp_base[0].ibm_container_vpc_cluster.cluster[0]: Still creating... [41m48s elapsed][0m[0m
TestRunBankingSolutions 2025-12-10T12:09:57+05:30 logger.go:67: [0m[1mmodule.ocp_base[0].ibm_container_vpc_cluster.cluster[0]: Still creating... [41m58s elapsed][0m[0m
TestRunBankingSolutions 2025-12-10T12:10:07+05:30 logger.go:67: [0m[1mmodule.ocp_base[0].ibm_container_vpc_cluster.cluster[0]: Still creating... [42m08s elapsed][0m[0m
TestRunBankingSolutions 2025-12-10T12:10:17+05:30 logger.go:67: [0m[1mmodule.ocp_base[0].ibm_container_vpc_cluster.cluster[0]: Still creating... [42m18s elapsed][0m[0m
TestRunBankingSolutions 2025-12-10T12:10:27+05:30 logger.go:67: [0m[1mmodule.ocp_base[0].ibm_container_vpc_cluster.cluster[0]: Still creating... [42m28s elapsed][0m[0m
TestRunBankingSolutions 2025-12-10T12:10:37+05:30 logger.go:67: [0m[1mmodule.ocp_base[0].ibm_container_vpc_cluster.cluster[0]: Still creating... [42m38s elapsed][0m[0m
TestRunBankingSolutions 2025-12-10T12:10:47+05:30 logger.go:67: [0m[1mmodule.ocp_base[0].ibm_container_vpc_cluster.cluster[0]: Still creating... [42m48s elapsed][0m[0m
TestRunBankingSolutions 2025-12-10T12:10:57+05:30 logger.go:67: [0m[1mmodule.ocp_base[0].ibm_container_vpc_cluster.cluster[0]: Still creating... [42m58s elapsed][0m[0m
TestRunBankingSolutions 2025-12-10T12:11:07+05:30 logger.go:67: [0m[1mmodule.ocp_base[0].ibm_container_vpc_cluster.cluster[0]: Still creating... [43m08s elapsed][0m[0m
TestRunBankingSolutions 2025-12-10T12:11:17+05:30 logger.go:67: [0m[1mmodule.ocp_base[0].ibm_container_vpc_cluster.cluster[0]: Still creating... [43m18s elapsed][0m[0m
TestRunBankingSolutions 2025-12-10T12:11:27+05:30 logger.go:67: [0m[1mmodule.ocp_base[0].ibm_container_vpc_cluster.cluster[0]: Still creating... [43m28s elapsed][0m[0m
TestRunBankingSolutions 2025-12-10T12:11:37+05:30 logger.go:67: [0m[1mmodule.ocp_base[0].ibm_container_vpc_cluster.cluster[0]: Still creating... [43m38s elapsed][0m[0m
TestRunBankingSolutions 2025-12-10T12:11:47+05:30 logger.go:67: [0m[1mmodule.ocp_base[0].ibm_container_vpc_cluster.cluster[0]: Still creating... [43m48s elapsed][0m[0m
TestRunBankingSolutions 2025-12-10T12:11:57+05:30 logger.go:67: [0m[1mmodule.ocp_base[0].ibm_container_vpc_cluster.cluster[0]: Still creating... [43m58s elapsed][0m[0m
TestRunBankingSolutions 2025-12-10T12:12:07+05:30 logger.go:67: [0m[1mmodule.ocp_base[0].ibm_container_vpc_cluster.cluster[0]: Still creating... [44m08s elapsed][0m[0m
TestRunBankingSolutions 2025-12-10T12:12:17+05:30 logger.go:67: [0m[1mmodule.ocp_base[0].ibm_container_vpc_cluster.cluster[0]: Still creating... [44m18s elapsed][0m[0m
TestRunBankingSolutions 2025-12-10T12:12:27+05:30 logger.go:67: [0m[1mmodule.ocp_base[0].ibm_container_vpc_cluster.cluster[0]: Still creating... [44m28s elapsed][0m[0m
TestRunBankingSolutions 2025-12-10T12:12:37+05:30 logger.go:67: [0m[1mmodule.ocp_base[0].ibm_container_vpc_cluster.cluster[0]: Still creating... [44m38s elapsed][0m[0m
TestRunBankingSolutions 2025-12-10T12:12:47+05:30 logger.go:67: [0m[1mmodule.ocp_base[0].ibm_container_vpc_cluster.cluster[0]: Still creating... [44m48s elapsed][0m[0m
TestRunBankingSolutions 2025-12-10T12:12:57+05:30 logger.go:67: [0m[1mmodule.ocp_base[0].ibm_container_vpc_cluster.cluster[0]: Still creating... [44m58s elapsed][0m[0m
TestRunBankingSolutions 2025-12-10T12:13:07+05:30 logger.go:67: [0m[1mmodule.ocp_base[0].ibm_container_vpc_cluster.cluster[0]: Still creating... [45m08s elapsed][0m[0m
TestRunBankingSolutions 2025-12-10T12:13:17+05:30 logger.go:67: [0m[1mmodule.ocp_base[0].ibm_container_vpc_cluster.cluster[0]: Still creating... [45m18s elapsed][0m[0m
TestRunBankingSolutions 2025-12-10T12:13:27+05:30 logger.go:67: [0m[1mmodule.ocp_base[0].ibm_container_vpc_cluster.cluster[0]: Still creating... [45m28s elapsed][0m[0m
TestRunBankingSolutions 2025-12-10T12:13:37+05:30 logger.go:67: [0m[1mmodule.ocp_base[0].ibm_container_vpc_cluster.cluster[0]: Still creating... [45m38s elapsed][0m[0m
TestRunBankingSolutions 2025-12-10T12:13:47+05:30 logger.go:67: [0m[1mmodule.ocp_base[0].ibm_container_vpc_cluster.cluster[0]: Still creating... [45m48s elapsed][0m[0m
TestRunBankingSolutions 2025-12-10T12:13:57+05:30 logger.go:67: [0m[1mmodule.ocp_base[0].ibm_container_vpc_cluster.cluster[0]: Still creating... [45m58s elapsed][0m[0m
TestRunBankingSolutions 2025-12-10T12:14:07+05:30 logger.go:67: [0m[1mmodule.ocp_base[0].ibm_container_vpc_cluster.cluster[0]: Still creating... [46m08s elapsed][0m[0m
TestRunBankingSolutions 2025-12-10T12:14:17+05:30 logger.go:67: [0m[1mmodule.ocp_base[0].ibm_container_vpc_cluster.cluster[0]: Still creating... [46m18s elapsed][0m[0m
TestRunBankingSolutions 2025-12-10T12:14:27+05:30 logger.go:67: [0m[1mmodule.ocp_base[0].ibm_container_vpc_cluster.cluster[0]: Still creating... [46m28s elapsed][0m[0m
TestRunBankingSolutions 2025-12-10T12:14:37+05:30 logger.go:67: [0m[1mmodule.ocp_base[0].ibm_container_vpc_cluster.cluster[0]: Still creating... [46m38s elapsed][0m[0m
TestRunBankingSolutions 2025-12-10T12:14:47+05:30 logger.go:67: [0m[1mmodule.ocp_base[0].ibm_container_vpc_cluster.cluster[0]: Still creating... [46m48s elapsed][0m[0m
TestRunBankingSolutions 2025-12-10T12:14:57+05:30 logger.go:67: [0m[1mmodule.ocp_base[0].ibm_container_vpc_cluster.cluster[0]: Still creating... [46m58s elapsed][0m[0m
TestRunBankingSolutions 2025-12-10T12:15:07+05:30 logger.go:67: [0m[1mmodule.ocp_base[0].ibm_container_vpc_cluster.cluster[0]: Still creating... [47m08s elapsed][0m[0m
TestRunBankingSolutions 2025-12-10T12:15:17+05:30 logger.go:67: [0m[1mmodule.ocp_base[0].ibm_container_vpc_cluster.cluster[0]: Still creating... [47m18s elapsed][0m[0m
TestRunBankingSolutions 2025-12-10T12:15:27+05:30 logger.go:67: [0m[1mmodule.ocp_base[0].ibm_container_vpc_cluster.cluster[0]: Still creating... [47m28s elapsed][0m[0m
TestRunBankingSolutions 2025-12-10T12:15:37+05:30 logger.go:67: [0m[1mmodule.ocp_base[0].ibm_container_vpc_cluster.cluster[0]: Still creating... [47m38s elapsed][0m[0m
TestRunBankingSolutions 2025-12-10T12:15:47+05:30 logger.go:67: [0m[1mmodule.ocp_base[0].ibm_container_vpc_cluster.cluster[0]: Still creating... [47m48s elapsed][0m[0m
TestRunBankingSolutions 2025-12-10T12:15:57+05:30 logger.go:67: [0m[1mmodule.ocp_base[0].ibm_container_vpc_cluster.cluster[0]: Still creating... [47m58s elapsed][0m[0m
TestRunBankingSolutions 2025-12-10T12:16:07+05:30 logger.go:67: [0m[1mmodule.ocp_base[0].ibm_container_vpc_cluster.cluster[0]: Still creating... [48m08s elapsed][0m[0m
TestRunBankingSolutions 2025-12-10T12:16:17+05:30 logger.go:67: [0m[1mmodule.ocp_base[0].ibm_container_vpc_cluster.cluster[0]: Still creating... [48m18s elapsed][0m[0m
TestRunBankingSolutions 2025-12-10T12:16:27+05:30 logger.go:67: [0m[1mmodule.ocp_base[0].ibm_container_vpc_cluster.cluster[0]: Still creating... [48m28s elapsed][0m[0m
TestRunBankingSolutions 2025-12-10T12:16:37+05:30 logger.go:67: [0m[1mmodule.ocp_base[0].ibm_container_vpc_cluster.cluster[0]: Still creating... [48m38s elapsed][0m[0m
TestRunBankingSolutions 2025-12-10T12:16:47+05:30 logger.go:67: [0m[1mmodule.ocp_base[0].ibm_container_vpc_cluster.cluster[0]: Still creating... [48m48s elapsed][0m[0m
TestRunBankingSolutions 2025-12-10T12:16:57+05:30 logger.go:67: [0m[1mmodule.ocp_base[0].ibm_container_vpc_cluster.cluster[0]: Still creating... [48m58s elapsed][0m[0m
TestRunBankingSolutions 2025-12-10T12:17:07+05:30 logger.go:67: [0m[1mmodule.ocp_base[0].ibm_container_vpc_cluster.cluster[0]: Still creating... [49m08s elapsed][0m[0m
TestRunBankingSolutions 2025-12-10T12:17:17+05:30 logger.go:67: [0m[1mmodule.ocp_base[0].ibm_container_vpc_cluster.cluster[0]: Still creating... [49m18s elapsed][0m[0m
TestRunBankingSolutions 2025-12-10T12:17:27+05:30 logger.go:67: [0m[1mmodule.ocp_base[0].ibm_container_vpc_cluster.cluster[0]: Still creating... [49m28s elapsed][0m[0m
TestRunBankingSolutions 2025-12-10T12:17:37+05:30 logger.go:67: [0m[1mmodule.ocp_base[0].ibm_container_vpc_cluster.cluster[0]: Still creating... [49m38s elapsed][0m[0m
TestRunBankingSolutions 2025-12-10T12:17:47+05:30 logger.go:67: [0m[1mmodule.ocp_base[0].ibm_container_vpc_cluster.cluster[0]: Still creating... [49m48s elapsed][0m[0m
TestRunBankingSolutions 2025-12-10T12:17:57+05:30 logger.go:67: [0m[1mmodule.ocp_base[0].ibm_container_vpc_cluster.cluster[0]: Still creating... [49m58s elapsed][0m[0m
TestRunBankingSolutions 2025-12-10T12:18:07+05:30 logger.go:67: [0m[1mmodule.ocp_base[0].ibm_container_vpc_cluster.cluster[0]: Still creating... [50m08s elapsed][0m[0m
TestRunBankingSolutions 2025-12-10T12:18:17+05:30 logger.go:67: [0m[1mmodule.ocp_base[0].ibm_container_vpc_cluster.cluster[0]: Still creating... [50m18s elapsed][0m[0m
TestRunBankingSolutions 2025-12-10T12:18:27+05:30 logger.go:67: [0m[1mmodule.ocp_base[0].ibm_container_vpc_cluster.cluster[0]: Still creating... [50m28s elapsed][0m[0m
TestRunBankingSolutions 2025-12-10T12:18:37+05:30 logger.go:67: [0m[1mmodule.ocp_base[0].ibm_container_vpc_cluster.cluster[0]: Still creating... [50m38s elapsed][0m[0m
TestRunBankingSolutions 2025-12-10T12:18:47+05:30 logger.go:67: [0m[1mmodule.ocp_base[0].ibm_container_vpc_cluster.cluster[0]: Still creating... [50m48s elapsed][0m[0m
TestRunBankingSolutions 2025-12-10T12:18:57+05:30 logger.go:67: [0m[1mmodule.ocp_base[0].ibm_container_vpc_cluster.cluster[0]: Still creating... [50m58s elapsed][0m[0m
TestRunBankingSolutions 2025-12-10T12:19:07+05:30 logger.go:67: [0m[1mmodule.ocp_base[0].ibm_container_vpc_cluster.cluster[0]: Still creating... [51m08s elapsed][0m[0m
TestRunBankingSolutions 2025-12-10T12:19:17+05:30 logger.go:67: [0m[1mmodule.ocp_base[0].ibm_container_vpc_cluster.cluster[0]: Still creating... [51m18s elapsed][0m[0m
TestRunBankingSolutions 2025-12-10T12:19:27+05:30 logger.go:67: [0m[1mmodule.ocp_base[0].ibm_container_vpc_cluster.cluster[0]: Still creating... [51m28s elapsed][0m[0m
TestRunBankingSolutions 2025-12-10T12:19:37+05:30 logger.go:67: [0m[1mmodule.ocp_base[0].ibm_container_vpc_cluster.cluster[0]: Still creating... [51m38s elapsed][0m[0m
TestRunBankingSolutions 2025-12-10T12:19:47+05:30 logger.go:67: [0m[1mmodule.ocp_base[0].ibm_container_vpc_cluster.cluster[0]: Still creating... [51m48s elapsed][0m[0m
TestRunBankingSolutions 2025-12-10T12:19:57+05:30 logger.go:67: [0m[1mmodule.ocp_base[0].ibm_container_vpc_cluster.cluster[0]: Still creating... [51m58s elapsed][0m[0m
TestRunBankingSolutions 2025-12-10T12:20:07+05:30 logger.go:67: [0m[1mmodule.ocp_base[0].ibm_container_vpc_cluster.cluster[0]: Still creating... [52m08s elapsed][0m[0m
TestRunBankingSolutions 2025-12-10T12:20:17+05:30 logger.go:67: [0m[1mmodule.ocp_base[0].ibm_container_vpc_cluster.cluster[0]: Still creating... [52m18s elapsed][0m[0m
TestRunBankingSolutions 2025-12-10T12:20:27+05:30 logger.go:67: [0m[1mmodule.ocp_base[0].ibm_container_vpc_cluster.cluster[0]: Still creating... [52m28s elapsed][0m[0m
TestRunBankingSolutions 2025-12-10T12:20:37+05:30 logger.go:67: [0m[1mmodule.ocp_base[0].ibm_container_vpc_cluster.cluster[0]: Still creating... [52m38s elapsed][0m[0m
TestRunBankingSolutions 2025-12-10T12:20:47+05:30 logger.go:67: [0m[1mmodule.ocp_base[0].ibm_container_vpc_cluster.cluster[0]: Still creating... [52m48s elapsed][0m[0m
TestRunBankingSolutions 2025-12-10T12:20:57+05:30 logger.go:67: [0m[1mmodule.ocp_base[0].ibm_container_vpc_cluster.cluster[0]: Still creating... [52m58s elapsed][0m[0m
TestRunBankingSolutions 2025-12-10T12:21:07+05:30 logger.go:67: [0m[1mmodule.ocp_base[0].ibm_container_vpc_cluster.cluster[0]: Still creating... [53m08s elapsed][0m[0m
TestRunBankingSolutions 2025-12-10T12:21:17+05:30 logger.go:67: [0m[1mmodule.ocp_base[0].ibm_container_vpc_cluster.cluster[0]: Still creating... [53m18s elapsed][0m[0m
TestRunBankingSolutions 2025-12-10T12:21:27+05:30 logger.go:67: [0m[1mmodule.ocp_base[0].ibm_container_vpc_cluster.cluster[0]: Still creating... [53m28s elapsed][0m[0m
TestRunBankingSolutions 2025-12-10T12:21:37+05:30 logger.go:67: [0m[1mmodule.ocp_base[0].ibm_container_vpc_cluster.cluster[0]: Still creating... [53m38s elapsed][0m[0m
TestRunBankingSolutions 2025-12-10T12:21:47+05:30 logger.go:67: [0m[1mmodule.ocp_base[0].ibm_container_vpc_cluster.cluster[0]: Still creating... [53m48s elapsed][0m[0m
TestRunBankingSolutions 2025-12-10T12:21:57+05:30 logger.go:67: [0m[1mmodule.ocp_base[0].ibm_container_vpc_cluster.cluster[0]: Still creating... [53m58s elapsed][0m[0m
TestRunBankingSolutions 2025-12-10T12:22:07+05:30 logger.go:67: [0m[1mmodule.ocp_base[0].ibm_container_vpc_cluster.cluster[0]: Still creating... [54m08s elapsed][0m[0m
TestRunBankingSolutions 2025-12-10T12:22:17+05:30 logger.go:67: [0m[1mmodule.ocp_base[0].ibm_container_vpc_cluster.cluster[0]: Still creating... [54m18s elapsed][0m[0m
TestRunBankingSolutions 2025-12-10T12:22:27+05:30 logger.go:67: [0m[1mmodule.ocp_base[0].ibm_container_vpc_cluster.cluster[0]: Still creating... [54m28s elapsed][0m[0m
TestRunBankingSolutions 2025-12-10T12:22:37+05:30 logger.go:67: [0m[1mmodule.ocp_base[0].ibm_container_vpc_cluster.cluster[0]: Still creating... [54m38s elapsed][0m[0m
TestRunBankingSolutions 2025-12-10T12:22:47+05:30 logger.go:67: [0m[1mmodule.ocp_base[0].ibm_container_vpc_cluster.cluster[0]: Still creating... [54m48s elapsed][0m[0m
TestRunBankingSolutions 2025-12-10T12:22:57+05:30 logger.go:67: [0m[1mmodule.ocp_base[0].ibm_container_vpc_cluster.cluster[0]: Still creating... [54m58s elapsed][0m[0m
TestRunBankingSolutions 2025-12-10T12:23:07+05:30 logger.go:67: [0m[1mmodule.ocp_base[0].ibm_container_vpc_cluster.cluster[0]: Still creating... [55m08s elapsed][0m[0m
TestRunBankingSolutions 2025-12-10T12:23:17+05:30 logger.go:67: [0m[1mmodule.ocp_base[0].ibm_container_vpc_cluster.cluster[0]: Still creating... [55m18s elapsed][0m[0m
TestRunBankingSolutions 2025-12-10T12:23:27+05:30 logger.go:67: [0m[1mmodule.ocp_base[0].ibm_container_vpc_cluster.cluster[0]: Still creating... [55m28s elapsed][0m[0m
TestRunBankingSolutions 2025-12-10T12:23:31+05:30 logger.go:67: [0m[1mmodule.ocp_base[0].ibm_container_vpc_cluster.cluster[0]: Creation complete after 55m33s [id=d4sgns2d0k79ij8ttff0][0m
TestRunBankingSolutions 2025-12-10T12:23:31+05:30 logger.go:67: [0m[1mmodule.ocp_base[0].data.ibm_container_addons.existing_addons: Reading...[0m[0m
TestRunBankingSolutions 2025-12-10T12:23:31+05:30 logger.go:67: [0m[1mmodule.ocp_base[0].data.ibm_container_cluster_config.cluster_config[0]: Reading...[0m[0m
TestRunBankingSolutions 2025-12-10T12:23:31+05:30 logger.go:67: [0m[1mmodule.ocp_base[0].module.worker_pools.ibm_container_vpc_worker_pool.pool["default"]: Creating...[0m[0m
TestRunBankingSolutions 2025-12-10T12:23:34+05:30 logger.go:67: [0m[1mmodule.ocp_base[0].data.ibm_container_addons.existing_addons: Read complete after 2s [id=d4sgns2d0k79ij8ttff0][0m
TestRunBankingSolutions 2025-12-10T12:23:37+05:30 logger.go:67: [0m[1mmodule.ocp_base[0].module.worker_pools.ibm_container_vpc_worker_pool.pool["default"]: Creation complete after 5s [id=d4sgns2d0k79ij8ttff0/d4sgns2d0k79ij8ttff0-67ec643][0m
TestRunBankingSolutions 2025-12-10T12:23:37+05:30 logger.go:67: [0m[1mmodule.ocp_base[0].module.worker_pools.data.ibm_container_vpc_worker_pool.all_pools["default"]: Reading...[0m[0m
TestRunBankingSolutions 2025-12-10T12:23:39+05:30 logger.go:67: [0m[1mmodule.ocp_base[0].module.worker_pools.data.ibm_container_vpc_worker_pool.all_pools["default"]: Read complete after 2s [id=d4sgns2d0k79ij8ttff0-67ec643][0m
TestRunBankingSolutions 2025-12-10T12:23:40+05:30 logger.go:67: [0m[1mmodule.ocp_base[0].data.ibm_container_cluster_config.cluster_config[0]: Read complete after 9s [id=d4sgns2d0k79ij8ttff0][0m
TestRunBankingSolutions 2025-12-10T12:23:41+05:30 logger.go:67: [0m[1mmodule.ocp_base[0].null_resource.confirm_network_healthy[0]: Creating...[0m[0m
TestRunBankingSolutions 2025-12-10T12:23:41+05:30 logger.go:67: [0m[1mmodule.ocp_base[0].null_resource.confirm_network_healthy[0]: Provisioning with 'local-exec'...[0m[0m
TestRunBankingSolutions 2025-12-10T12:23:41+05:30 logger.go:67: [0m[1mmodule.ocp_base[0].null_resource.confirm_network_healthy[0] (local-exec):[0m [0mExecuting: ["/bin/bash" "-c" ".terraform/modules/ocp_base/scripts/confirm_network_healthy.sh"]
TestRunBankingSolutions 2025-12-10T12:23:41+05:30 logger.go:67: [0m[1mmodule.ocp_base[0].null_resource.confirm_network_healthy[0] (local-exec):[0m [0mRunning script to ensure kube master can communicate with all worker nodes..
TestRunBankingSolutions 2025-12-10T12:23:51+05:30 logger.go:67: [0m[1mmodule.ocp_base[0].null_resource.confirm_network_healthy[0]: Still creating... [00m10s elapsed][0m[0m
TestRunBankingSolutions 2025-12-10T12:23:51+05:30 logger.go:67: [0m[1mmodule.ocp_base[0].null_resource.confirm_network_healthy[0] (local-exec):[0m [0mSuccess! Master can communicate with all worker nodes.
TestRunBankingSolutions 2025-12-10T12:23:51+05:30 logger.go:67: [0m[1mmodule.ocp_base[0].null_resource.confirm_network_healthy[0]: Creation complete after 11s [id=9195400366394302061][0m
TestRunBankingSolutions 2025-12-10T12:23:51+05:30 logger.go:67: [0m[1mmodule.ocp_base[0].ibm_container_addons.addons: Creating...[0m[0m
TestRunBankingSolutions 2025-12-10T12:24:01+05:30 logger.go:67: [0m[1mmodule.ocp_base[0].ibm_container_addons.addons: Still creating... [00m10s elapsed][0m[0m
TestRunBankingSolutions 2025-12-10T12:24:08+05:30 logger.go:67: [0m[1mmodule.ocp_base[0].ibm_container_addons.addons: Creation complete after 16s [id=d4sgns2d0k79ij8ttff0][0m
TestRunBankingSolutions 2025-12-10T12:24:08+05:30 logger.go:67: [0m[1m[32m
TestRunBankingSolutions 2025-12-10T12:24:08+05:30 logger.go:67: Apply complete! Resources: 19 added, 0 changed, 0 destroyed.
TestRunBankingSolutions 2025-12-10T12:24:08+05:30 logger.go:67: [0m[0m[1m[32m
TestRunBankingSolutions 2025-12-10T12:24:08+05:30 logger.go:67: Outputs:
TestRunBankingSolutions 2025-12-10T12:24:08+05:30 logger.go:67: 
TestRunBankingSolutions 2025-12-10T12:24:08+05:30 logger.go:67: [0mcd_pipeline_id = "70b60c36-da62-4d8d-82c2-e0c7e5975db1"
TestRunBankingSolutions 2025-12-10T12:24:08+05:30 logger.go:67: ci_pipeline_id = "32d0fab2-15fb-4a88-a7d5-23a21aac0afe"
TestRunBankingSolutions 2025-12-10T12:24:08+05:30 logger.go:67: cluster_name = "rag-da-tj2una"
TestRunBankingSolutions 2025-12-10T12:24:08+05:30 logger.go:67: resource_group_name = "rag-da-tj2una-resource-group"
TestRunBankingSolutions 2025-12-10T12:24:08+05:30 logger.go:67: signing_key = <sensitive>
TestRunBankingSolutions 2025-12-10T12:24:08+05:30 logger.go:67: watson_assistant_instance_id = "1561d39c-06f1-442a-b1a4-3bed06835dda"
TestRunBankingSolutions 2025-12-10T12:24:08+05:30 logger.go:67: watson_assistant_region = "us-south"
TestRunBankingSolutions 2025-12-10T12:24:08+05:30 logger.go:67: watson_discovery_instance_id = "1443f64b-f7a4-4336-a6fd-867fd01f1aaf"
TestRunBankingSolutions 2025-12-10T12:24:08+05:30 logger.go:67: watson_discovery_region = "us-south"
TestRunBankingSolutions 2025-12-10T12:24:08+05:30 logger.go:67: watson_machine_learning_instance_crn = "crn:v1:bluemix:public:pm-20:us-south:a/abac0df06b644a9cabc6e44f55b3880e:8a9676c7-a3cc-4170-aef6-310322720dd0::"
TestRunBankingSolutions 2025-12-10T12:24:08+05:30 logger.go:67: watson_machine_learning_instance_guid = "8a9676c7-a3cc-4170-aef6-310322720dd0"
TestRunBankingSolutions 2025-12-10T12:24:08+05:30 logger.go:67: watson_machine_learning_instance_resource_name = "rag-da-tj2una-watson-machine-learning-instance"
TestRunBankingSolutions 2025-12-10T12:24:08+05:30 retry.go:91: terraform [output -no-color -json ci_pipeline_id]
TestRunBankingSolutions 2025-12-10T12:24:08+05:30 logger.go:67: Running command terraform with args [output -no-color -json ci_pipeline_id]
TestRunBankingSolutions 2025-12-10T12:24:08+05:30 logger.go:67: "32d0fab2-15fb-4a88-a7d5-23a21aac0afe"
TestRunBankingSolutions 2025-12-10T12:24:08+05:30 retry.go:91: terraform [output -no-color -json cd_pipeline_id]
TestRunBankingSolutions 2025-12-10T12:24:08+05:30 logger.go:67: Running command terraform with args [output -no-color -json cd_pipeline_id]
TestRunBankingSolutions 2025-12-10T12:24:08+05:30 logger.go:67: "70b60c36-da62-4d8d-82c2-e0c7e5975db1"
TestRunBankingSolutions 2025-12-10T12:24:08+05:30 retry.go:91: terraform [output -no-color -json watson_assistant_instance_id]
TestRunBankingSolutions 2025-12-10T12:24:08+05:30 logger.go:67: Running command terraform with args [output -no-color -json watson_assistant_instance_id]
TestRunBankingSolutions 2025-12-10T12:24:08+05:30 logger.go:67: "1561d39c-06f1-442a-b1a4-3bed06835dda"
TestRunBankingSolutions 2025-12-10T12:24:08+05:30 retry.go:91: terraform [output -no-color -json watson_assistant_region]
TestRunBankingSolutions 2025-12-10T12:24:08+05:30 logger.go:67: Running command terraform with args [output -no-color -json watson_assistant_region]
TestRunBankingSolutions 2025-12-10T12:24:08+05:30 logger.go:67: "us-south"
TestRunBankingSolutions 2025-12-10T12:24:08+05:30 retry.go:91: terraform [output -no-color -json watson_discovery_instance_id]
TestRunBankingSolutions 2025-12-10T12:24:08+05:30 logger.go:67: Running command terraform with args [output -no-color -json watson_discovery_instance_id]
TestRunBankingSolutions 2025-12-10T12:24:08+05:30 logger.go:67: "1443f64b-f7a4-4336-a6fd-867fd01f1aaf"
TestRunBankingSolutions 2025-12-10T12:24:08+05:30 retry.go:91: terraform [output -no-color -json watson_discovery_region]
TestRunBankingSolutions 2025-12-10T12:24:08+05:30 logger.go:67: Running command terraform with args [output -no-color -json watson_discovery_region]
TestRunBankingSolutions 2025-12-10T12:24:09+05:30 logger.go:67: "us-south"
TestRunBankingSolutions 2025-12-10T12:24:09+05:30 retry.go:91: terraform [output -no-color -json resource_group_name]
TestRunBankingSolutions 2025-12-10T12:24:09+05:30 logger.go:67: Running command terraform with args [output -no-color -json resource_group_name]
TestRunBankingSolutions 2025-12-10T12:24:09+05:30 logger.go:67: "rag-da-tj2una-resource-group"
TestRunBankingSolutions 2025-12-10T12:24:09+05:30 retry.go:91: terraform [output -no-color -json resource_group_name]
TestRunBankingSolutions 2025-12-10T12:24:09+05:30 logger.go:67: Running command terraform with args [output -no-color -json resource_group_name]
TestRunBankingSolutions 2025-12-10T12:24:09+05:30 logger.go:67: "rag-da-tj2una-resource-group"
TestRunBankingSolutions 2025-12-10T12:24:09+05:30 retry.go:91: terraform [output -no-color -json watson_machine_learning_instance_crn]
TestRunBankingSolutions 2025-12-10T12:24:09+05:30 logger.go:67: Running command terraform with args [output -no-color -json watson_machine_learning_instance_crn]
TestRunBankingSolutions 2025-12-10T12:24:09+05:30 logger.go:67: "crn:v1:bluemix:public:pm-20:us-south:a/abac0df06b644a9cabc6e44f55b3880e:8a9676c7-a3cc-4170-aef6-310322720dd0::"
TestRunBankingSolutions 2025-12-10T12:24:09+05:30 retry.go:91: terraform [output -no-color -json watson_machine_learning_instance_guid]
TestRunBankingSolutions 2025-12-10T12:24:09+05:30 logger.go:67: Running command terraform with args [output -no-color -json watson_machine_learning_instance_guid]
TestRunBankingSolutions 2025-12-10T12:24:09+05:30 logger.go:67: "8a9676c7-a3cc-4170-aef6-310322720dd0"
TestRunBankingSolutions 2025-12-10T12:24:09+05:30 retry.go:91: terraform [output -no-color -json watson_machine_learning_instance_resource_name]
TestRunBankingSolutions 2025-12-10T12:24:09+05:30 logger.go:67: Running command terraform with args [output -no-color -json watson_machine_learning_instance_resource_name]
TestRunBankingSolutions 2025-12-10T12:24:09+05:30 logger.go:67: "rag-da-tj2una-watson-machine-learning-instance"
TestRunBankingSolutions 2025-12-10T12:24:09+05:30 retry.go:91: terraform [output -no-color -json signing_key]
TestRunBankingSolutions 2025-12-10T12:24:09+05:30 logger.go:67: Running command terraform with args [output -no-color -json signing_key]
TestRunBankingSolutions 2025-12-10T12:24:09+05:30 logger.go:67: "secret-signing-key-payload"
TestRunBankingSolutions 2025-12-10T12:24:09+05:30 retry.go:91: terraform [output -no-color -json cluster_name]
TestRunBankingSolutions 2025-12-10T12:24:09+05:30 logger.go:67: Running command terraform with args [output -no-color -json cluster_name]
TestRunBankingSolutions 2025-12-10T12:24:10+05:30 logger.go:67: "rag-da-tj2una"
TestRunBankingSolutions 2025-12-10T12:24:10+05:30 tests.go:75: TEMP CREATED:  /var/folders/jn/vh4gc581529bsrj1t0w22v7m0000gn/T/terraform--qks2711323194
TestRunBankingSolutions 2025-12-10T12:24:10+05:30 tests.go:675: START: Init / Apply
TestRunBankingSolutions 2025-12-10T12:24:10+05:30 retry.go:91: terraform [init -upgrade=true]
TestRunBankingSolutions 2025-12-10T12:24:10+05:30 logger.go:67: Running command terraform with args [init -upgrade=true]
TestRunBankingSolutions 2025-12-10T12:24:10+05:30 logger.go:67: [0m[1mInitializing the backend...[0m
TestRunBankingSolutions 2025-12-10T12:24:10+05:30 logger.go:67: [0m[1mUpgrading modules...[0m
TestRunBankingSolutions 2025-12-10T12:24:10+05:30 logger.go:67: - cluster_ingress in ../../modules/roks-ingress
TestRunBankingSolutions 2025-12-10T12:24:10+05:30 logger.go:67: - configure_discovery_project in ../../modules/watson-discovery
TestRunBankingSolutions 2025-12-10T12:24:10+05:30 logger.go:67: - configure_elastic_index in ../../modules/elastic-index
TestRunBankingSolutions 2025-12-10T12:24:10+05:30 logger.go:67: - configure_watson_assistant in ../../modules/watson-assistant
TestRunBankingSolutions 2025-12-10T12:24:10+05:30 logger.go:67: - configure_wml_project in ../../modules/watson-machine-learning
TestRunBankingSolutions 2025-12-10T12:24:10+05:30 logger.go:67: Downloading registry.terraform.io/terraform-ibm-modules/cos/ibm 10.5.5 for configure_wml_project.cos...
TestRunBankingSolutions 2025-12-10T12:24:15+05:30 logger.go:67: - configure_wml_project.cos in .terraform/modules/configure_wml_project.cos/modules/fscloud
TestRunBankingSolutions 2025-12-10T12:24:15+05:30 logger.go:67: - configure_wml_project.cos.buckets in .terraform/modules/configure_wml_project.cos/modules/buckets
TestRunBankingSolutions 2025-12-10T12:24:15+05:30 logger.go:67: - configure_wml_project.cos.buckets.buckets in .terraform/modules/configure_wml_project.cos
TestRunBankingSolutions 2025-12-10T12:24:15+05:30 logger.go:67: Downloading registry.terraform.io/terraform-ibm-modules/cbr/ibm 1.33.7 for configure_wml_project.cos.buckets.buckets.bucket_cbr_rule...
TestRunBankingSolutions 2025-12-10T12:24:18+05:30 logger.go:67: - configure_wml_project.cos.buckets.buckets.bucket_cbr_rule in .terraform/modules/configure_wml_project.cos.buckets.buckets.bucket_cbr_rule/modules/cbr-rule-module
TestRunBankingSolutions 2025-12-10T12:24:18+05:30 logger.go:67: Downloading registry.terraform.io/terraform-ibm-modules/cbr/ibm 1.33.7 for configure_wml_project.cos.buckets.buckets.instance_cbr_rule...
TestRunBankingSolutions 2025-12-10T12:24:18+05:30 logger.go:67: - configure_wml_project.cos.buckets.buckets.instance_cbr_rule in .terraform/modules/configure_wml_project.cos.buckets.buckets.instance_cbr_rule/modules/cbr-rule-module
TestRunBankingSolutions 2025-12-10T12:24:18+05:30 logger.go:67: - configure_wml_project.cos.cos_instance in .terraform/modules/configure_wml_project.cos
TestRunBankingSolutions 2025-12-10T12:24:18+05:30 logger.go:67: Downloading registry.terraform.io/terraform-ibm-modules/cbr/ibm 1.33.7 for configure_wml_project.cos.cos_instance.bucket_cbr_rule...
TestRunBankingSolutions 2025-12-10T12:24:18+05:30 logger.go:67: - configure_wml_project.cos.cos_instance.bucket_cbr_rule in .terraform/modules/configure_wml_project.cos.cos_instance.bucket_cbr_rule/modules/cbr-rule-module
TestRunBankingSolutions 2025-12-10T12:24:18+05:30 logger.go:67: Downloading registry.terraform.io/terraform-ibm-modules/cbr/ibm 1.33.7 for configure_wml_project.cos.cos_instance.instance_cbr_rule...
TestRunBankingSolutions 2025-12-10T12:24:18+05:30 logger.go:67: - configure_wml_project.cos.cos_instance.instance_cbr_rule in .terraform/modules/configure_wml_project.cos.cos_instance.instance_cbr_rule/modules/cbr-rule-module
TestRunBankingSolutions 2025-12-10T12:24:18+05:30 logger.go:67: Downloading registry.terraform.io/terraform-ibm-modules/cbr/ibm 1.33.7 for configure_wml_project.cos.instance_cbr_rules...
TestRunBankingSolutions 2025-12-10T12:24:18+05:30 logger.go:67: - configure_wml_project.cos.instance_cbr_rules in .terraform/modules/configure_wml_project.cos.instance_cbr_rules/modules/cbr-rule-module
TestRunBankingSolutions 2025-12-10T12:24:18+05:30 logger.go:67: Downloading git::https://github.com/terraform-ibm-modules/terraform-ibm-watsonx-saas-da.git?ref=v2.0.1 for configure_wml_project.storage_delegation...
TestRunBankingSolutions 2025-12-10T12:24:21+05:30 logger.go:67: - configure_wml_project.storage_delegation in .terraform/modules/configure_wml_project.storage_delegation/storage_delegation
TestRunBankingSolutions 2025-12-10T12:24:21+05:30 logger.go:67: Downloading registry.terraform.io/terraform-ibm-modules/common-utilities/ibm 1.1.0 for configure_wml_project.storage_delegation.kms_key_crn_parser...
TestRunBankingSolutions 2025-12-10T12:24:24+05:30 logger.go:67: - configure_wml_project.storage_delegation.kms_key_crn_parser in .terraform/modules/configure_wml_project.storage_delegation.kms_key_crn_parser/modules/crn-parser
TestRunBankingSolutions 2025-12-10T12:24:24+05:30 logger.go:67: Downloading registry.terraform.io/terraform-ibm-modules/resource-group/ibm 1.4.0 for resource_group...
TestRunBankingSolutions 2025-12-10T12:24:31+05:30 logger.go:67: - resource_group in .terraform/modules/resource_group
TestRunBankingSolutions 2025-12-10T12:24:31+05:30 logger.go:67: Downloading registry.terraform.io/terraform-ibm-modules/secrets-manager-secret/ibm 1.9.1 for secrets_manager_secret_ibm_iam...
TestRunBankingSolutions 2025-12-10T12:24:34+05:30 logger.go:67: - secrets_manager_secret_ibm_iam in .terraform/modules/secrets_manager_secret_ibm_iam
TestRunBankingSolutions 2025-12-10T12:24:34+05:30 logger.go:67: Downloading registry.terraform.io/terraform-ibm-modules/secrets-manager-secret/ibm 1.9.1 for secrets_manager_secret_signing_key...
TestRunBankingSolutions 2025-12-10T12:24:34+05:30 logger.go:67: - secrets_manager_secret_signing_key in .terraform/modules/secrets_manager_secret_signing_key
TestRunBankingSolutions 2025-12-10T12:24:34+05:30 logger.go:67: Downloading registry.terraform.io/terraform-ibm-modules/secrets-manager-secret/ibm 1.9.1 for secrets_manager_secret_watsonx_admin_api_key...
TestRunBankingSolutions 2025-12-10T12:24:34+05:30 logger.go:67: - secrets_manager_secret_watsonx_admin_api_key in .terraform/modules/secrets_manager_secret_watsonx_admin_api_key
TestRunBankingSolutions 2025-12-10T12:24:34+05:30 logger.go:67: [0m[1mInitializing provider plugins...[0m
TestRunBankingSolutions 2025-12-10T12:24:34+05:30 logger.go:67: - Finding hashicorp/time versions matching ">= 0.9.1, >= 0.12.1, < 1.0.0"...
TestRunBankingSolutions 2025-12-10T12:24:34+05:30 logger.go:67: - Finding mastercard/restapi versions matching ">= 1.19.1, 2.0.1, < 3.0.0"...
TestRunBankingSolutions 2025-12-10T12:24:34+05:30 logger.go:67: - Finding elastic/elasticstack versions matching ">= 0.11.0, 0.12.1"...
TestRunBankingSolutions 2025-12-10T12:24:35+05:30 logger.go:67: - Finding ibm-cloud/ibm versions matching ">= 1.67.1, >= 1.70.0, >= 1.79.0, >= 1.79.2, 1.84.3, < 2.0.0"...
TestRunBankingSolutions 2025-12-10T12:24:35+05:30 logger.go:67: - Finding hashicorp/null versions matching ">= 3.2.2, 3.2.4"...
TestRunBankingSolutions 2025-12-10T12:24:35+05:30 logger.go:67: - Finding hashicorp/random versions matching ">= 3.5.1, 3.7.2, < 4.0.0"...
TestRunBankingSolutions 2025-12-10T12:24:35+05:30 logger.go:67: - Finding scottwinkler/shell versions matching ">= 1.7.10, 1.7.10"...
TestRunBankingSolutions 2025-12-10T12:24:35+05:30 logger.go:67: - Finding hashicorp/kubernetes versions matching ">= 2.32.0, 2.38.0"...
TestRunBankingSolutions 2025-12-10T12:24:37+05:30 logger.go:67: - Installing elastic/elasticstack v0.12.1...
TestRunBankingSolutions 2025-12-10T12:24:41+05:30 logger.go:67: - Installed elastic/elasticstack v0.12.1 (signed by a HashiCorp partner, key ID [0m[1m7FE579EDEC6DAA7B[0m[0m)
TestRunBankingSolutions 2025-12-10T12:24:43+05:30 logger.go:67: - Installing ibm-cloud/ibm v1.84.3...
TestRunBankingSolutions 2025-12-10T12:24:57+05:30 logger.go:67: - Installed ibm-cloud/ibm v1.84.3 (self-signed, key ID [0m[1mAAD3B791C49CC253[0m[0m)
TestRunBankingSolutions 2025-12-10T12:24:58+05:30 logger.go:67: - Installing hashicorp/null v3.2.4...
TestRunBankingSolutions 2025-12-10T12:24:59+05:30 logger.go:67: - Installed hashicorp/null v3.2.4 (signed by HashiCorp)
TestRunBankingSolutions 2025-12-10T12:24:59+05:30 logger.go:67: - Installing hashicorp/random v3.7.2...
TestRunBankingSolutions 2025-12-10T12:25:01+05:30 logger.go:67: - Installed hashicorp/random v3.7.2 (signed by HashiCorp)
TestRunBankingSolutions 2025-12-10T12:25:05+05:30 logger.go:67: - Installing scottwinkler/shell v1.7.10...
TestRunBankingSolutions 2025-12-10T12:25:07+05:30 logger.go:67: - Installed scottwinkler/shell v1.7.10 (self-signed, key ID [0m[1m2CAB13AD54B7DF3D[0m[0m)
TestRunBankingSolutions 2025-12-10T12:25:07+05:30 logger.go:67: - Installing hashicorp/kubernetes v2.38.0...
TestRunBankingSolutions 2025-12-10T12:25:12+05:30 logger.go:67: - Installed hashicorp/kubernetes v2.38.0 (signed by HashiCorp)
TestRunBankingSolutions 2025-12-10T12:25:12+05:30 logger.go:67: - Installing hashicorp/time v0.13.1...
TestRunBankingSolutions 2025-12-10T12:25:14+05:30 logger.go:67: - Installed hashicorp/time v0.13.1 (signed by HashiCorp)
TestRunBankingSolutions 2025-12-10T12:25:16+05:30 logger.go:67: - Installing mastercard/restapi v2.0.1...
TestRunBankingSolutions 2025-12-10T12:25:18+05:30 logger.go:67: - Installed mastercard/restapi v2.0.1 (self-signed, key ID [0m[1mDCB8C431D71C30AB[0m[0m)
TestRunBankingSolutions 2025-12-10T12:25:18+05:30 logger.go:67: Partner and community providers are signed by their developers.
TestRunBankingSolutions 2025-12-10T12:25:18+05:30 logger.go:67: If you'd like to know more about provider signing, you can read about it here:
TestRunBankingSolutions 2025-12-10T12:25:18+05:30 logger.go:67: https://developer.hashicorp.com/terraform/cli/plugins/signing
TestRunBankingSolutions 2025-12-10T12:25:18+05:30 logger.go:67: Terraform has created a lock file [1m.terraform.lock.hcl[0m to record the provider
TestRunBankingSolutions 2025-12-10T12:25:18+05:30 logger.go:67: selections it made above. Include this file in your version control repository
TestRunBankingSolutions 2025-12-10T12:25:18+05:30 logger.go:67: so that Terraform can guarantee to make the same selections by default when
TestRunBankingSolutions 2025-12-10T12:25:18+05:30 logger.go:67: you run "terraform init" in the future.[0m
TestRunBankingSolutions 2025-12-10T12:25:18+05:30 logger.go:67: 
TestRunBankingSolutions 2025-12-10T12:25:18+05:30 logger.go:67: [0m[1m[32mTerraform has been successfully initialized![0m[32m[0m
TestRunBankingSolutions 2025-12-10T12:25:18+05:30 logger.go:67: [0m[32m
TestRunBankingSolutions 2025-12-10T12:25:18+05:30 logger.go:67: You may now begin working with Terraform. Try running "terraform plan" to see
TestRunBankingSolutions 2025-12-10T12:25:18+05:30 logger.go:67: any changes that are required for your infrastructure. All Terraform commands
TestRunBankingSolutions 2025-12-10T12:25:18+05:30 logger.go:67: should now work.
TestRunBankingSolutions 2025-12-10T12:25:18+05:30 logger.go:67: 
TestRunBankingSolutions 2025-12-10T12:25:18+05:30 logger.go:67: If you ever set or change modules or backend configuration for Terraform,
TestRunBankingSolutions 2025-12-10T12:25:18+05:30 logger.go:67: rerun this command to reinitialize your working directory. If you forget, other
TestRunBankingSolutions 2025-12-10T12:25:18+05:30 logger.go:67: commands will detect it and remind you to do so if necessary.[0m
TestRunBankingSolutions 2025-12-10T12:25:18+05:30 retry.go:91: terraform [apply -input=false -auto-approve -var toolchain_region=us-south -var toolchain_resource_group=rag-da-tj2una-resource-group -var watson_assistant_instance_id=1561d39c-06f1-442a-b1a4-3bed06835dda -var secrets_manager_region=us-south -var cd_pipeline_id=70b60c36-da62-4d8d-82c2-e0c7e5975db1 -var watson_discovery_region=us-south -var prefix=rag-da-tj2una -var use_existing_resource_group=true -var watson_discovery_instance_id=1443f64b-f7a4-4336-a6fd-867fd01f1aaf -var resource_group_name=rag-da-tj2una-resource-group -var watson_machine_learning_instance_crn=crn:v1:bluemix:public:pm-20:us-south:a/abac0df06b644a9cabc6e44f55b3880e:8a9676c7-a3cc-4170-aef6-310322720dd0:: -var watson_machine_learning_instance_resource_name=rag-da-tj2una-watson-machine-learning-instance -var secrets_manager_guid=79c6d411-c18f-4670-b009-b0044a238667 -var secrets_manager_endpoint_type=public -var cluster_name=rag-da-tj2una -var watson_assistant_region=us-south -var create_secrets=false -var watson_machine_learning_instance_guid=8a9676c7-a3cc-4170-aef6-310322720dd0 -var signing_key=secret-signing-key-payload -var provider_visibility=public -var trigger_ci_pipeline_run=false -var ci_pipeline_id=32d0fab2-15fb-4a88-a7d5-23a21aac0afe -var create_continuous_delivery_service_instance=false -lock=false]
TestRunBankingSolutions 2025-12-10T12:25:18+05:30 logger.go:67: Running command terraform with args [apply -input=false -auto-approve -var toolchain_region=us-south -var toolchain_resource_group=rag-da-tj2una-resource-group -var watson_assistant_instance_id=1561d39c-06f1-442a-b1a4-3bed06835dda -var secrets_manager_region=us-south -var cd_pipeline_id=70b60c36-da62-4d8d-82c2-e0c7e5975db1 -var watson_discovery_region=us-south -var prefix=rag-da-tj2una -var use_existing_resource_group=true -var watson_discovery_instance_id=1443f64b-f7a4-4336-a6fd-867fd01f1aaf -var resource_group_name=rag-da-tj2una-resource-group -var watson_machine_learning_instance_crn=crn:v1:bluemix:public:pm-20:us-south:a/abac0df06b644a9cabc6e44f55b3880e:8a9676c7-a3cc-4170-aef6-310322720dd0:: -var watson_machine_learning_instance_resource_name=rag-da-tj2una-watson-machine-learning-instance -var secrets_manager_guid=79c6d411-c18f-4670-b009-b0044a238667 -var secrets_manager_endpoint_type=public -var cluster_name=rag-da-tj2una -var watson_assistant_region=us-south -var create_secrets=false -var watson_machine_learning_instance_guid=8a9676c7-a3cc-4170-aef6-310322720dd0 -var signing_key=secret-signing-key-payload -var provider_visibility=public -var trigger_ci_pipeline_run=false -var ci_pipeline_id=32d0fab2-15fb-4a88-a7d5-23a21aac0afe -var create_continuous_delivery_service_instance=false -lock=false]
TestRunBankingSolutions 2025-12-10T12:25:25+05:30 logger.go:67: [0m[1mdata.ibm_iam_auth_token.tokendata: Reading...[0m[0m
TestRunBankingSolutions 2025-12-10T12:25:25+05:30 logger.go:67: [0m[1mdata.ibm_container_cluster_config.cluster_config[0]: Reading...[0m[0m
TestRunBankingSolutions 2025-12-10T12:25:25+05:30 logger.go:67: [0m[1mdata.ibm_iam_auth_token.tokendata: Read complete after 0s [id=2025-12-10 06:55:25.177648 +0000 UTC][0m
TestRunBankingSolutions 2025-12-10T12:25:25+05:30 logger.go:67: [0m[1mdata.ibm_resource_group.toolchain_resource_group_id: Reading...[0m[0m
TestRunBankingSolutions 2025-12-10T12:25:25+05:30 logger.go:67: [0m[1mmodule.resource_group.data.ibm_resource_group.existing_resource_group[0]: Reading...[0m[0m
TestRunBankingSolutions 2025-12-10T12:25:25+05:30 logger.go:67: [0m[1mmodule.cluster_ingress[0].data.ibm_container_nlb_dns.cluster_nlb_dns: Reading...[0m[0m
TestRunBankingSolutions 2025-12-10T12:25:27+05:30 logger.go:67: [0m[1mdata.ibm_resource_group.toolchain_resource_group_id: Read complete after 2s [id=2c229fbcb1934d18b91bd6ec366cb260][0m
TestRunBankingSolutions 2025-12-10T12:25:27+05:30 logger.go:67: [0m[1mmodule.resource_group.data.ibm_resource_group.existing_resource_group[0]: Read complete after 2s [id=2c229fbcb1934d18b91bd6ec366cb260][0m
TestRunBankingSolutions 2025-12-10T12:25:28+05:30 logger.go:67: [0m[1mmodule.cluster_ingress[0].data.ibm_container_nlb_dns.cluster_nlb_dns: Read complete after 3s [id=rag-da-tj2una][0m
TestRunBankingSolutions 2025-12-10T12:25:34+05:30 logger.go:67: [0m[1mdata.ibm_container_cluster_config.cluster_config[0]: Read complete after 9s [id=rag-da-tj2una][0m
TestRunBankingSolutions 2025-12-10T12:25:40+05:30 logger.go:67: 
TestRunBankingSolutions 2025-12-10T12:25:40+05:30 logger.go:67: Terraform used the selected providers to generate the following execution
TestRunBankingSolutions 2025-12-10T12:25:40+05:30 logger.go:67: plan. Resource actions are indicated with the following symbols:
TestRunBankingSolutions 2025-12-10T12:25:40+05:30 logger.go:67:   [32m+[0m create[0m
TestRunBankingSolutions 2025-12-10T12:25:40+05:30 logger.go:67:  [36m<=[0m read (data resources)[0m
TestRunBankingSolutions 2025-12-10T12:25:40+05:30 logger.go:67: 
TestRunBankingSolutions 2025-12-10T12:25:40+05:30 logger.go:67: Terraform will perform the following actions:
TestRunBankingSolutions 2025-12-10T12:25:40+05:30 logger.go:67: 
TestRunBankingSolutions 2025-12-10T12:25:40+05:30 logger.go:67: [1m  # ibm_cd_tekton_pipeline_property.application_flavor_pipeline_property_cd[0m will be created
TestRunBankingSolutions 2025-12-10T12:25:40+05:30 logger.go:67: [0m  [32m+[0m[0m resource "ibm_cd_tekton_pipeline_property" "application_flavor_pipeline_property_cd" {
TestRunBankingSolutions 2025-12-10T12:25:40+05:30 logger.go:67:       [32m+[0m[0m href        = (known after apply)
TestRunBankingSolutions 2025-12-10T12:25:40+05:30 logger.go:67:       [32m+[0m[0m id          = (known after apply)
TestRunBankingSolutions 2025-12-10T12:25:40+05:30 logger.go:67:       [32m+[0m[0m locked      = false
TestRunBankingSolutions 2025-12-10T12:25:40+05:30 logger.go:67:       [32m+[0m[0m name        = "app-flavor"
TestRunBankingSolutions 2025-12-10T12:25:40+05:30 logger.go:67:       [32m+[0m[0m pipeline_id = "70b60c36-da62-4d8d-82c2-e0c7e5975db1"
TestRunBankingSolutions 2025-12-10T12:25:40+05:30 logger.go:67:       [32m+[0m[0m type        = "text"
TestRunBankingSolutions 2025-12-10T12:25:40+05:30 logger.go:67:       [32m+[0m[0m value       = "banking"
TestRunBankingSolutions 2025-12-10T12:25:40+05:30 logger.go:67:     }
TestRunBankingSolutions 2025-12-10T12:25:40+05:30 logger.go:67: 
TestRunBankingSolutions 2025-12-10T12:25:40+05:30 logger.go:67: [1m  # ibm_cd_tekton_pipeline_property.application_flavor_pipeline_property_ci[0m will be created
TestRunBankingSolutions 2025-12-10T12:25:40+05:30 logger.go:67: [0m  [32m+[0m[0m resource "ibm_cd_tekton_pipeline_property" "application_flavor_pipeline_property_ci" {
TestRunBankingSolutions 2025-12-10T12:25:40+05:30 logger.go:67:       [32m+[0m[0m href        = (known after apply)
TestRunBankingSolutions 2025-12-10T12:25:40+05:30 logger.go:67:       [32m+[0m[0m id          = (known after apply)
TestRunBankingSolutions 2025-12-10T12:25:40+05:30 logger.go:67:       [32m+[0m[0m locked      = false
TestRunBankingSolutions 2025-12-10T12:25:40+05:30 logger.go:67:       [32m+[0m[0m name        = "app-flavor"
TestRunBankingSolutions 2025-12-10T12:25:40+05:30 logger.go:67:       [32m+[0m[0m pipeline_id = "32d0fab2-15fb-4a88-a7d5-23a21aac0afe"
TestRunBankingSolutions 2025-12-10T12:25:40+05:30 logger.go:67:       [32m+[0m[0m type        = "text"
TestRunBankingSolutions 2025-12-10T12:25:40+05:30 logger.go:67:       [32m+[0m[0m value       = "banking"
TestRunBankingSolutions 2025-12-10T12:25:40+05:30 logger.go:67:     }
TestRunBankingSolutions 2025-12-10T12:25:40+05:30 logger.go:67: 
TestRunBankingSolutions 2025-12-10T12:25:40+05:30 logger.go:67: [1m  # ibm_cd_tekton_pipeline_property.cluster_public_ingress_subdomain_pipeline_property_cd[0][0m will be created
TestRunBankingSolutions 2025-12-10T12:25:40+05:30 logger.go:67: [0m  [32m+[0m[0m resource "ibm_cd_tekton_pipeline_property" "cluster_public_ingress_subdomain_pipeline_property_cd" {
TestRunBankingSolutions 2025-12-10T12:25:40+05:30 logger.go:67:       [32m+[0m[0m href        = (known after apply)
TestRunBankingSolutions 2025-12-10T12:25:40+05:30 logger.go:67:       [32m+[0m[0m id          = (known after apply)
TestRunBankingSolutions 2025-12-10T12:25:40+05:30 logger.go:67:       [32m+[0m[0m locked      = false
TestRunBankingSolutions 2025-12-10T12:25:40+05:30 logger.go:67:       [32m+[0m[0m name        = "cluster_public_ingress_subdomain"
TestRunBankingSolutions 2025-12-10T12:25:40+05:30 logger.go:67:       [32m+[0m[0m pipeline_id = "70b60c36-da62-4d8d-82c2-e0c7e5975db1"
TestRunBankingSolutions 2025-12-10T12:25:40+05:30 logger.go:67:       [32m+[0m[0m type        = "text"
TestRunBankingSolutions 2025-12-10T12:25:40+05:30 logger.go:67:       [32m+[0m[0m value       = (known after apply)
TestRunBankingSolutions 2025-12-10T12:25:40+05:30 logger.go:67:     }
TestRunBankingSolutions 2025-12-10T12:25:40+05:30 logger.go:67: 
TestRunBankingSolutions 2025-12-10T12:25:40+05:30 logger.go:67: [1m  # ibm_cd_tekton_pipeline_property.cluster_public_ingress_subdomain_pipeline_property_ci[0][0m will be created
TestRunBankingSolutions 2025-12-10T12:25:40+05:30 logger.go:67: [0m  [32m+[0m[0m resource "ibm_cd_tekton_pipeline_property" "cluster_public_ingress_subdomain_pipeline_property_ci" {
TestRunBankingSolutions 2025-12-10T12:25:40+05:30 logger.go:67:       [32m+[0m[0m href        = (known after apply)
TestRunBankingSolutions 2025-12-10T12:25:40+05:30 logger.go:67:       [32m+[0m[0m id          = (known after apply)
TestRunBankingSolutions 2025-12-10T12:25:40+05:30 logger.go:67:       [32m+[0m[0m locked      = false
TestRunBankingSolutions 2025-12-10T12:25:40+05:30 logger.go:67:       [32m+[0m[0m name        = "cluster_public_ingress_subdomain"
TestRunBankingSolutions 2025-12-10T12:25:40+05:30 logger.go:67:       [32m+[0m[0m pipeline_id = "32d0fab2-15fb-4a88-a7d5-23a21aac0afe"
TestRunBankingSolutions 2025-12-10T12:25:40+05:30 logger.go:67:       [32m+[0m[0m type        = "text"
TestRunBankingSolutions 2025-12-10T12:25:40+05:30 logger.go:67:       [32m+[0m[0m value       = (known after apply)
TestRunBankingSolutions 2025-12-10T12:25:40+05:30 logger.go:67:     }
TestRunBankingSolutions 2025-12-10T12:25:40+05:30 logger.go:67: 
TestRunBankingSolutions 2025-12-10T12:25:40+05:30 logger.go:67: [1m  # ibm_cd_tekton_pipeline_property.resource_group_name_pipeline_property_ci[0][0m will be created
TestRunBankingSolutions 2025-12-10T12:25:40+05:30 logger.go:67: [0m  [32m+[0m[0m resource "ibm_cd_tekton_pipeline_property" "resource_group_name_pipeline_property_ci" {
TestRunBankingSolutions 2025-12-10T12:25:40+05:30 logger.go:67:       [32m+[0m[0m href        = (known after apply)
TestRunBankingSolutions 2025-12-10T12:25:40+05:30 logger.go:67:       [32m+[0m[0m id          = (known after apply)
TestRunBankingSolutions 2025-12-10T12:25:40+05:30 logger.go:67:       [32m+[0m[0m locked      = false
TestRunBankingSolutions 2025-12-10T12:25:40+05:30 logger.go:67:       [32m+[0m[0m name        = "dev-resource-group"
TestRunBankingSolutions 2025-12-10T12:25:40+05:30 logger.go:67:       [32m+[0m[0m pipeline_id = "32d0fab2-15fb-4a88-a7d5-23a21aac0afe"
TestRunBankingSolutions 2025-12-10T12:25:40+05:30 logger.go:67:       [32m+[0m[0m type        = "text"
TestRunBankingSolutions 2025-12-10T12:25:40+05:30 logger.go:67:       [32m+[0m[0m value       = "rag-da-tj2una-resource-group"
TestRunBankingSolutions 2025-12-10T12:25:40+05:30 logger.go:67:     }
TestRunBankingSolutions 2025-12-10T12:25:40+05:30 logger.go:67: 
TestRunBankingSolutions 2025-12-10T12:25:40+05:30 logger.go:67: [1m  # ibm_cd_tekton_pipeline_property.watsonx_assistant_id_pipeline_property_cd[0m will be created
TestRunBankingSolutions 2025-12-10T12:25:40+05:30 logger.go:67: [0m  [32m+[0m[0m resource "ibm_cd_tekton_pipeline_property" "watsonx_assistant_id_pipeline_property_cd" {
TestRunBankingSolutions 2025-12-10T12:25:40+05:30 logger.go:67:       [32m+[0m[0m href        = (known after apply)
TestRunBankingSolutions 2025-12-10T12:25:40+05:30 logger.go:67:       [32m+[0m[0m id          = (known after apply)
TestRunBankingSolutions 2025-12-10T12:25:40+05:30 logger.go:67:       [32m+[0m[0m locked      = false
TestRunBankingSolutions 2025-12-10T12:25:40+05:30 logger.go:67:       [32m+[0m[0m name        = "watsonx_assistant_id"
TestRunBankingSolutions 2025-12-10T12:25:40+05:30 logger.go:67:       [32m+[0m[0m pipeline_id = "70b60c36-da62-4d8d-82c2-e0c7e5975db1"
TestRunBankingSolutions 2025-12-10T12:25:40+05:30 logger.go:67:       [32m+[0m[0m type        = "text"
TestRunBankingSolutions 2025-12-10T12:25:40+05:30 logger.go:67:       [32m+[0m[0m value       = "1561d39c-06f1-442a-b1a4-3bed06835dda"
TestRunBankingSolutions 2025-12-10T12:25:40+05:30 logger.go:67:     }
TestRunBankingSolutions 2025-12-10T12:25:40+05:30 logger.go:67: 
TestRunBankingSolutions 2025-12-10T12:25:40+05:30 logger.go:67: [1m  # ibm_cd_tekton_pipeline_property.watsonx_assistant_id_pipeline_property_ci[0m will be created
TestRunBankingSolutions 2025-12-10T12:25:40+05:30 logger.go:67: [0m  [32m+[0m[0m resource "ibm_cd_tekton_pipeline_property" "watsonx_assistant_id_pipeline_property_ci" {
TestRunBankingSolutions 2025-12-10T12:25:40+05:30 logger.go:67:       [32m+[0m[0m href        = (known after apply)
TestRunBankingSolutions 2025-12-10T12:25:40+05:30 logger.go:67:       [32m+[0m[0m id          = (known after apply)
TestRunBankingSolutions 2025-12-10T12:25:40+05:30 logger.go:67:       [32m+[0m[0m locked      = false
TestRunBankingSolutions 2025-12-10T12:25:40+05:30 logger.go:67:       [32m+[0m[0m name        = "watsonx_assistant_id"
TestRunBankingSolutions 2025-12-10T12:25:40+05:30 logger.go:67:       [32m+[0m[0m pipeline_id = "32d0fab2-15fb-4a88-a7d5-23a21aac0afe"
TestRunBankingSolutions 2025-12-10T12:25:40+05:30 logger.go:67:       [32m+[0m[0m type        = "text"
TestRunBankingSolutions 2025-12-10T12:25:40+05:30 logger.go:67:       [32m+[0m[0m value       = "1561d39c-06f1-442a-b1a4-3bed06835dda"
TestRunBankingSolutions 2025-12-10T12:25:40+05:30 logger.go:67:     }
TestRunBankingSolutions 2025-12-10T12:25:40+05:30 logger.go:67: 
TestRunBankingSolutions 2025-12-10T12:25:40+05:30 logger.go:67: [1m  # ibm_cd_tekton_pipeline_property.watsonx_assistant_integration_id_pipeline_property_cd[0m will be created
TestRunBankingSolutions 2025-12-10T12:25:40+05:30 logger.go:67: [0m  [32m+[0m[0m resource "ibm_cd_tekton_pipeline_property" "watsonx_assistant_integration_id_pipeline_property_cd" {
TestRunBankingSolutions 2025-12-10T12:25:40+05:30 logger.go:67:       [32m+[0m[0m href        = (known after apply)
TestRunBankingSolutions 2025-12-10T12:25:40+05:30 logger.go:67:       [32m+[0m[0m id          = (known after apply)
TestRunBankingSolutions 2025-12-10T12:25:40+05:30 logger.go:67:       [32m+[0m[0m locked      = false
TestRunBankingSolutions 2025-12-10T12:25:40+05:30 logger.go:67:       [32m+[0m[0m name        = "watsonx_assistant_integration_id"
TestRunBankingSolutions 2025-12-10T12:25:40+05:30 logger.go:67:       [32m+[0m[0m pipeline_id = "70b60c36-da62-4d8d-82c2-e0c7e5975db1"
TestRunBankingSolutions 2025-12-10T12:25:40+05:30 logger.go:67:       [32m+[0m[0m type        = "text"
TestRunBankingSolutions 2025-12-10T12:25:40+05:30 logger.go:67:       [32m+[0m[0m value       = (known after apply)
TestRunBankingSolutions 2025-12-10T12:25:40+05:30 logger.go:67:     }
TestRunBankingSolutions 2025-12-10T12:25:40+05:30 logger.go:67: 
TestRunBankingSolutions 2025-12-10T12:25:40+05:30 logger.go:67: [1m  # ibm_cd_tekton_pipeline_property.watsonx_assistant_integration_id_pipeline_property_ci[0m will be created
TestRunBankingSolutions 2025-12-10T12:25:40+05:30 logger.go:67: [0m  [32m+[0m[0m resource "ibm_cd_tekton_pipeline_property" "watsonx_assistant_integration_id_pipeline_property_ci" {
TestRunBankingSolutions 2025-12-10T12:25:40+05:30 logger.go:67:       [32m+[0m[0m href        = (known after apply)
TestRunBankingSolutions 2025-12-10T12:25:40+05:30 logger.go:67:       [32m+[0m[0m id          = (known after apply)
TestRunBankingSolutions 2025-12-10T12:25:40+05:30 logger.go:67:       [32m+[0m[0m locked      = false
TestRunBankingSolutions 2025-12-10T12:25:40+05:30 logger.go:67:       [32m+[0m[0m name        = "watsonx_assistant_integration_id"
TestRunBankingSolutions 2025-12-10T12:25:40+05:30 logger.go:67:       [32m+[0m[0m pipeline_id = "32d0fab2-15fb-4a88-a7d5-23a21aac0afe"
TestRunBankingSolutions 2025-12-10T12:25:40+05:30 logger.go:67:       [32m+[0m[0m type        = "text"
TestRunBankingSolutions 2025-12-10T12:25:40+05:30 logger.go:67:       [32m+[0m[0m value       = (known after apply)
TestRunBankingSolutions 2025-12-10T12:25:40+05:30 logger.go:67:     }
TestRunBankingSolutions 2025-12-10T12:25:40+05:30 logger.go:67: 
TestRunBankingSolutions 2025-12-10T12:25:40+05:30 logger.go:67: [1m  # ibm_cd_tekton_pipeline_property.watsonx_assistant_region_pipeline_property_cd[0m will be created
TestRunBankingSolutions 2025-12-10T12:25:40+05:30 logger.go:67: [0m  [32m+[0m[0m resource "ibm_cd_tekton_pipeline_property" "watsonx_assistant_region_pipeline_property_cd" {
TestRunBankingSolutions 2025-12-10T12:25:40+05:30 logger.go:67:       [32m+[0m[0m href        = (known after apply)
TestRunBankingSolutions 2025-12-10T12:25:40+05:30 logger.go:67:       [32m+[0m[0m id          = (known after apply)
TestRunBankingSolutions 2025-12-10T12:25:40+05:30 logger.go:67:       [32m+[0m[0m locked      = false
TestRunBankingSolutions 2025-12-10T12:25:40+05:30 logger.go:67:       [32m+[0m[0m name        = "watsonx_assistant_region"
TestRunBankingSolutions 2025-12-10T12:25:40+05:30 logger.go:67:       [32m+[0m[0m pipeline_id = "70b60c36-da62-4d8d-82c2-e0c7e5975db1"
TestRunBankingSolutions 2025-12-10T12:25:40+05:30 logger.go:67:       [32m+[0m[0m type        = "text"
TestRunBankingSolutions 2025-12-10T12:25:40+05:30 logger.go:67:       [32m+[0m[0m value       = "us-south"
TestRunBankingSolutions 2025-12-10T12:25:40+05:30 logger.go:67:     }
TestRunBankingSolutions 2025-12-10T12:25:40+05:30 logger.go:67: 
TestRunBankingSolutions 2025-12-10T12:25:40+05:30 logger.go:67: [1m  # ibm_cd_tekton_pipeline_property.watsonx_assistant_region_pipeline_property_ci[0m will be created
TestRunBankingSolutions 2025-12-10T12:25:40+05:30 logger.go:67: [0m  [32m+[0m[0m resource "ibm_cd_tekton_pipeline_property" "watsonx_assistant_region_pipeline_property_ci" {
TestRunBankingSolutions 2025-12-10T12:25:40+05:30 logger.go:67:       [32m+[0m[0m href        = (known after apply)
TestRunBankingSolutions 2025-12-10T12:25:40+05:30 logger.go:67:       [32m+[0m[0m id          = (known after apply)
TestRunBankingSolutions 2025-12-10T12:25:40+05:30 logger.go:67:       [32m+[0m[0m locked      = false
TestRunBankingSolutions 2025-12-10T12:25:40+05:30 logger.go:67:       [32m+[0m[0m name        = "watsonx_assistant_region"
TestRunBankingSolutions 2025-12-10T12:25:40+05:30 logger.go:67:       [32m+[0m[0m pipeline_id = "32d0fab2-15fb-4a88-a7d5-23a21aac0afe"
TestRunBankingSolutions 2025-12-10T12:25:40+05:30 logger.go:67:       [32m+[0m[0m type        = "text"
TestRunBankingSolutions 2025-12-10T12:25:40+05:30 logger.go:67:       [32m+[0m[0m value       = "us-south"
TestRunBankingSolutions 2025-12-10T12:25:40+05:30 logger.go:67:     }
TestRunBankingSolutions 2025-12-10T12:25:40+05:30 logger.go:67: 
TestRunBankingSolutions 2025-12-10T12:25:40+05:30 logger.go:67: [1m  # ibm_cd_tekton_pipeline_trigger.ci_pipeline_webhook[0m will be created
TestRunBankingSolutions 2025-12-10T12:25:40+05:30 logger.go:67: [0m  [32m+[0m[0m resource "ibm_cd_tekton_pipeline_trigger" "ci_pipeline_webhook" {
TestRunBankingSolutions 2025-12-10T12:25:40+05:30 logger.go:67:       [32m+[0m[0m disable_draft_events     = false
TestRunBankingSolutions 2025-12-10T12:25:40+05:30 logger.go:67:       [32m+[0m[0m enable_events_from_forks = false
TestRunBankingSolutions 2025-12-10T12:25:40+05:30 logger.go:67:       [32m+[0m[0m enabled                  = true
TestRunBankingSolutions 2025-12-10T12:25:40+05:30 logger.go:67:       [32m+[0m[0m event_listener           = "ci-listener-gitlab"
TestRunBankingSolutions 2025-12-10T12:25:40+05:30 logger.go:67:       [32m+[0m[0m favorite                 = false
TestRunBankingSolutions 2025-12-10T12:25:40+05:30 logger.go:67:       [32m+[0m[0m href                     = (known after apply)
TestRunBankingSolutions 2025-12-10T12:25:40+05:30 logger.go:67:       [32m+[0m[0m id                       = (known after apply)
TestRunBankingSolutions 2025-12-10T12:25:40+05:30 logger.go:67:       [32m+[0m[0m limit_waiting_runs       = false
TestRunBankingSolutions 2025-12-10T12:25:40+05:30 logger.go:67:       [32m+[0m[0m name                     = "rag-webhook-trigger"
TestRunBankingSolutions 2025-12-10T12:25:40+05:30 logger.go:67:       [32m+[0m[0m pipeline_id              = "32d0fab2-15fb-4a88-a7d5-23a21aac0afe"
TestRunBankingSolutions 2025-12-10T12:25:40+05:30 logger.go:67:       [32m+[0m[0m properties               = (known after apply)
TestRunBankingSolutions 2025-12-10T12:25:40+05:30 logger.go:67:       [32m+[0m[0m trigger_id               = (known after apply)
TestRunBankingSolutions 2025-12-10T12:25:40+05:30 logger.go:67:       [32m+[0m[0m type                     = "generic"
TestRunBankingSolutions 2025-12-10T12:25:40+05:30 logger.go:67:       [32m+[0m[0m webhook_url              = (known after apply)
TestRunBankingSolutions 2025-12-10T12:25:40+05:30 logger.go:67: 
TestRunBankingSolutions 2025-12-10T12:25:40+05:30 logger.go:67:       [32m+[0m[0m secret {
TestRunBankingSolutions 2025-12-10T12:25:40+05:30 logger.go:67:           [32m+[0m[0m key_name = "webhook-token"
TestRunBankingSolutions 2025-12-10T12:25:40+05:30 logger.go:67:           [32m+[0m[0m source   = "payload"
TestRunBankingSolutions 2025-12-10T12:25:40+05:30 logger.go:67:           [32m+[0m[0m type     = "token_matches"
TestRunBankingSolutions 2025-12-10T12:25:40+05:30 logger.go:67:           [32m+[0m[0m value    = (known after apply)
TestRunBankingSolutions 2025-12-10T12:25:40+05:30 logger.go:67:         }
TestRunBankingSolutions 2025-12-10T12:25:40+05:30 logger.go:67:     }
TestRunBankingSolutions 2025-12-10T12:25:40+05:30 logger.go:67: 
TestRunBankingSolutions 2025-12-10T12:25:40+05:30 logger.go:67: [1m  # ibm_cd_tekton_pipeline_trigger_property.ci_pipeline_webhook_branch_property[0m will be created
TestRunBankingSolutions 2025-12-10T12:25:40+05:30 logger.go:67: [0m  [32m+[0m[0m resource "ibm_cd_tekton_pipeline_trigger_property" "ci_pipeline_webhook_branch_property" {
TestRunBankingSolutions 2025-12-10T12:25:40+05:30 logger.go:67:       [32m+[0m[0m href        = (known after apply)
TestRunBankingSolutions 2025-12-10T12:25:40+05:30 logger.go:67:       [32m+[0m[0m id          = (known after apply)
TestRunBankingSolutions 2025-12-10T12:25:40+05:30 logger.go:67:       [32m+[0m[0m locked      = false
TestRunBankingSolutions 2025-12-10T12:25:40+05:30 logger.go:67:       [32m+[0m[0m name        = "branch"
TestRunBankingSolutions 2025-12-10T12:25:40+05:30 logger.go:67:       [32m+[0m[0m pipeline_id = "32d0fab2-15fb-4a88-a7d5-23a21aac0afe"
TestRunBankingSolutions 2025-12-10T12:25:40+05:30 logger.go:67:       [32m+[0m[0m trigger_id  = (known after apply)
TestRunBankingSolutions 2025-12-10T12:25:40+05:30 logger.go:67:       [32m+[0m[0m type        = "text"
TestRunBankingSolutions 2025-12-10T12:25:40+05:30 logger.go:67:       [32m+[0m[0m value       = "main"
TestRunBankingSolutions 2025-12-10T12:25:40+05:30 logger.go:67:     }
TestRunBankingSolutions 2025-12-10T12:25:40+05:30 logger.go:67: 
TestRunBankingSolutions 2025-12-10T12:25:40+05:30 logger.go:67: [1m  # random_string.webhook_secret[0m will be created
TestRunBankingSolutions 2025-12-10T12:25:40+05:30 logger.go:67: [0m  [32m+[0m[0m resource "random_string" "webhook_secret" {
TestRunBankingSolutions 2025-12-10T12:25:40+05:30 logger.go:67:       [32m+[0m[0m id          = (known after apply)
TestRunBankingSolutions 2025-12-10T12:25:40+05:30 logger.go:67:       [32m+[0m[0m length      = 48
TestRunBankingSolutions 2025-12-10T12:25:40+05:30 logger.go:67:       [32m+[0m[0m lower       = true
TestRunBankingSolutions 2025-12-10T12:25:40+05:30 logger.go:67:       [32m+[0m[0m min_lower   = 0
TestRunBankingSolutions 2025-12-10T12:25:40+05:30 logger.go:67:       [32m+[0m[0m min_numeric = 0
TestRunBankingSolutions 2025-12-10T12:25:40+05:30 logger.go:67:       [32m+[0m[0m min_special = 0
TestRunBankingSolutions 2025-12-10T12:25:40+05:30 logger.go:67:       [32m+[0m[0m min_upper   = 0
TestRunBankingSolutions 2025-12-10T12:25:40+05:30 logger.go:67:       [32m+[0m[0m number      = true
TestRunBankingSolutions 2025-12-10T12:25:40+05:30 logger.go:67:       [32m+[0m[0m numeric     = true
TestRunBankingSolutions 2025-12-10T12:25:40+05:30 logger.go:67:       [32m+[0m[0m result      = (known after apply)
TestRunBankingSolutions 2025-12-10T12:25:40+05:30 logger.go:67:       [32m+[0m[0m special     = false
TestRunBankingSolutions 2025-12-10T12:25:40+05:30 logger.go:67:       [32m+[0m[0m upper       = false
TestRunBankingSolutions 2025-12-10T12:25:40+05:30 logger.go:67:     }
TestRunBankingSolutions 2025-12-10T12:25:40+05:30 logger.go:67: 
TestRunBankingSolutions 2025-12-10T12:25:40+05:30 logger.go:67: [1m  # module.cluster_ingress[0].data.ibm_is_lb.ingress_vpc_alb[0m will be read during apply
TestRunBankingSolutions 2025-12-10T12:25:40+05:30 logger.go:67:   # (config refers to values not yet known)
TestRunBankingSolutions 2025-12-10T12:25:40+05:30 logger.go:67: [0m [36m<=[0m[0m data "ibm_is_lb" "ingress_vpc_alb" {
TestRunBankingSolutions 2025-12-10T12:25:40+05:30 logger.go:67:       [32m+[0m[0m access_mode                             = (known after apply)
TestRunBankingSolutions 2025-12-10T12:25:40+05:30 logger.go:67:       [32m+[0m[0m access_tags                             = (known after apply)
TestRunBankingSolutions 2025-12-10T12:25:40+05:30 logger.go:67:       [32m+[0m[0m attached_load_balancer_pool_members     = (known after apply)
TestRunBankingSolutions 2025-12-10T12:25:40+05:30 logger.go:67:       [32m+[0m[0m availability                            = (known after apply)
TestRunBankingSolutions 2025-12-10T12:25:40+05:30 logger.go:67:       [32m+[0m[0m crn                                     = (known after apply)
TestRunBankingSolutions 2025-12-10T12:25:40+05:30 logger.go:67:       [32m+[0m[0m dns                                     = (known after apply)
TestRunBankingSolutions 2025-12-10T12:25:40+05:30 logger.go:67:       [32m+[0m[0m failsafe_policy_actions                 = (known after apply)
TestRunBankingSolutions 2025-12-10T12:25:40+05:30 logger.go:67:       [32m+[0m[0m hostname                                = (known after apply)
TestRunBankingSolutions 2025-12-10T12:25:40+05:30 logger.go:67:       [32m+[0m[0m id                                      = (known after apply)
TestRunBankingSolutions 2025-12-10T12:25:40+05:30 logger.go:67:       [32m+[0m[0m instance_groups_supported               = (known after apply)
TestRunBankingSolutions 2025-12-10T12:25:40+05:30 logger.go:67:       [32m+[0m[0m listeners                               = (known after apply)
TestRunBankingSolutions 2025-12-10T12:25:40+05:30 logger.go:67:       [32m+[0m[0m logging                                 = (known after apply)
TestRunBankingSolutions 2025-12-10T12:25:40+05:30 logger.go:67:       [32m+[0m[0m name                                    = (known after apply)
TestRunBankingSolutions 2025-12-10T12:25:40+05:30 logger.go:67:       [32m+[0m[0m operating_status                        = (known after apply)
TestRunBankingSolutions 2025-12-10T12:25:40+05:30 logger.go:67:       [32m+[0m[0m pools                                   = (known after apply)
TestRunBankingSolutions 2025-12-10T12:25:40+05:30 logger.go:67:       [32m+[0m[0m private_ip                              = (known after apply)
TestRunBankingSolutions 2025-12-10T12:25:40+05:30 logger.go:67:       [32m+[0m[0m private_ips                             = (known after apply)
TestRunBankingSolutions 2025-12-10T12:25:40+05:30 logger.go:67:       [32m+[0m[0m profile                                 = (known after apply)
TestRunBankingSolutions 2025-12-10T12:25:40+05:30 logger.go:67:       [32m+[0m[0m public_ips                              = (known after apply)
TestRunBankingSolutions 2025-12-10T12:25:40+05:30 logger.go:67:       [32m+[0m[0m resource_controller_url                 = (known after apply)
TestRunBankingSolutions 2025-12-10T12:25:40+05:30 logger.go:67:       [32m+[0m[0m resource_group                          = (known after apply)
TestRunBankingSolutions 2025-12-10T12:25:40+05:30 logger.go:67:       [32m+[0m[0m resource_group_name                     = (known after apply)
TestRunBankingSolutions 2025-12-10T12:25:40+05:30 logger.go:67:       [32m+[0m[0m resource_name                           = (known after apply)
TestRunBankingSolutions 2025-12-10T12:25:40+05:30 logger.go:67:       [32m+[0m[0m route_mode                              = (known after apply)
TestRunBankingSolutions 2025-12-10T12:25:40+05:30 logger.go:67:       [32m+[0m[0m security_group_supported                = (known after apply)
TestRunBankingSolutions 2025-12-10T12:25:40+05:30 logger.go:67:       [32m+[0m[0m security_groups                         = (known after apply)
TestRunBankingSolutions 2025-12-10T12:25:40+05:30 logger.go:67:       [32m+[0m[0m source_ip_session_persistence_supported = (known after apply)
TestRunBankingSolutions 2025-12-10T12:25:40+05:30 logger.go:67:       [32m+[0m[0m status                                  = (known after apply)
TestRunBankingSolutions 2025-12-10T12:25:40+05:30 logger.go:67:       [32m+[0m[0m subnets                                 = (known after apply)
TestRunBankingSolutions 2025-12-10T12:25:40+05:30 logger.go:67:       [32m+[0m[0m tags                                    = (known after apply)
TestRunBankingSolutions 2025-12-10T12:25:40+05:30 logger.go:67:       [32m+[0m[0m type                                    = (known after apply)
TestRunBankingSolutions 2025-12-10T12:25:40+05:30 logger.go:67:       [32m+[0m[0m udp_supported                           = (known after apply)
TestRunBankingSolutions 2025-12-10T12:25:40+05:30 logger.go:67:     }
TestRunBankingSolutions 2025-12-10T12:25:40+05:30 logger.go:67: 
TestRunBankingSolutions 2025-12-10T12:25:40+05:30 logger.go:67: [1m  # module.cluster_ingress[0].data.ibm_is_network_acl.alb_acl[0m will be read during apply
TestRunBankingSolutions 2025-12-10T12:25:40+05:30 logger.go:67:   # (config refers to values not yet known)
TestRunBankingSolutions 2025-12-10T12:25:40+05:30 logger.go:67: [0m [36m<=[0m[0m data "ibm_is_network_acl" "alb_acl" {
TestRunBankingSolutions 2025-12-10T12:25:40+05:30 logger.go:67:       [32m+[0m[0m access_tags    = (known after apply)
TestRunBankingSolutions 2025-12-10T12:25:40+05:30 logger.go:67:       [32m+[0m[0m created_at     = (known after apply)
TestRunBankingSolutions 2025-12-10T12:25:40+05:30 logger.go:67:       [32m+[0m[0m crn            = (known after apply)
TestRunBankingSolutions 2025-12-10T12:25:40+05:30 logger.go:67:       [32m+[0m[0m href           = (known after apply)
TestRunBankingSolutions 2025-12-10T12:25:40+05:30 logger.go:67:       [32m+[0m[0m id             = (known after apply)
TestRunBankingSolutions 2025-12-10T12:25:40+05:30 logger.go:67:       [32m+[0m[0m network_acl    = (known after apply)
TestRunBankingSolutions 2025-12-10T12:25:40+05:30 logger.go:67:       [32m+[0m[0m resource_group = (known after apply)
TestRunBankingSolutions 2025-12-10T12:25:40+05:30 logger.go:67:       [32m+[0m[0m rules          = (known after apply)
TestRunBankingSolutions 2025-12-10T12:25:40+05:30 logger.go:67:       [32m+[0m[0m subnets        = (known after apply)
TestRunBankingSolutions 2025-12-10T12:25:40+05:30 logger.go:67:       [32m+[0m[0m vpc            = (known after apply)
TestRunBankingSolutions 2025-12-10T12:25:40+05:30 logger.go:67:     }
TestRunBankingSolutions 2025-12-10T12:25:40+05:30 logger.go:67: 
TestRunBankingSolutions 2025-12-10T12:25:40+05:30 logger.go:67: [1m  # module.cluster_ingress[0].data.ibm_is_network_acl_rules.alb_acl_rules[0m will be read during apply
TestRunBankingSolutions 2025-12-10T12:25:40+05:30 logger.go:67:   # (config refers to values not yet known)
TestRunBankingSolutions 2025-12-10T12:25:40+05:30 logger.go:67: [0m [36m<=[0m[0m data "ibm_is_network_acl_rules" "alb_acl_rules" {
TestRunBankingSolutions 2025-12-10T12:25:40+05:30 logger.go:67:       [32m+[0m[0m id          = (known after apply)
TestRunBankingSolutions 2025-12-10T12:25:40+05:30 logger.go:67:       [32m+[0m[0m network_acl = (known after apply)
TestRunBankingSolutions 2025-12-10T12:25:40+05:30 logger.go:67:       [32m+[0m[0m rules       = (known after apply)
TestRunBankingSolutions 2025-12-10T12:25:40+05:30 logger.go:67:     }
TestRunBankingSolutions 2025-12-10T12:25:40+05:30 logger.go:67: 
TestRunBankingSolutions 2025-12-10T12:25:40+05:30 logger.go:67: [1m  # module.cluster_ingress[0].data.ibm_is_subnet.cluster_subnet[0m will be read during apply
TestRunBankingSolutions 2025-12-10T12:25:40+05:30 logger.go:67:   # (config refers to values not yet known)
TestRunBankingSolutions 2025-12-10T12:25:40+05:30 logger.go:67: [0m [36m<=[0m[0m data "ibm_is_subnet" "cluster_subnet" {
TestRunBankingSolutions 2025-12-10T12:25:40+05:30 logger.go:67:       [32m+[0m[0m access_tags                  = (known after apply)
TestRunBankingSolutions 2025-12-10T12:25:40+05:30 logger.go:67:       [32m+[0m[0m available_ipv4_address_count = (known after apply)
TestRunBankingSolutions 2025-12-10T12:25:40+05:30 logger.go:67:       [32m+[0m[0m crn                          = (known after apply)
TestRunBankingSolutions 2025-12-10T12:25:40+05:30 logger.go:67:       [32m+[0m[0m id                           = (known after apply)
TestRunBankingSolutions 2025-12-10T12:25:40+05:30 logger.go:67:       [32m+[0m[0m identifier                   = (known after apply)
TestRunBankingSolutions 2025-12-10T12:25:40+05:30 logger.go:67:       [32m+[0m[0m ipv4_cidr_block              = (known after apply)
TestRunBankingSolutions 2025-12-10T12:25:40+05:30 logger.go:67:       [32m+[0m[0m name                         = (known after apply)
TestRunBankingSolutions 2025-12-10T12:25:40+05:30 logger.go:67:       [32m+[0m[0m network_acl                  = (known after apply)
TestRunBankingSolutions 2025-12-10T12:25:40+05:30 logger.go:67:       [32m+[0m[0m public_gateway               = (known after apply)
TestRunBankingSolutions 2025-12-10T12:25:40+05:30 logger.go:67:       [32m+[0m[0m resource_controller_url      = (known after apply)
TestRunBankingSolutions 2025-12-10T12:25:40+05:30 logger.go:67:       [32m+[0m[0m resource_crn                 = (known after apply)
TestRunBankingSolutions 2025-12-10T12:25:40+05:30 logger.go:67:       [32m+[0m[0m resource_group               = (known after apply)
TestRunBankingSolutions 2025-12-10T12:25:40+05:30 logger.go:67:       [32m+[0m[0m resource_group_name          = (known after apply)
TestRunBankingSolutions 2025-12-10T12:25:40+05:30 logger.go:67:       [32m+[0m[0m resource_name                = (known after apply)
TestRunBankingSolutions 2025-12-10T12:25:40+05:30 logger.go:67:       [32m+[0m[0m resource_status              = (known after apply)
TestRunBankingSolutions 2025-12-10T12:25:40+05:30 logger.go:67:       [32m+[0m[0m routing_table                = (known after apply)
TestRunBankingSolutions 2025-12-10T12:25:40+05:30 logger.go:67:       [32m+[0m[0m status                       = (known after apply)
TestRunBankingSolutions 2025-12-10T12:25:40+05:30 logger.go:67:       [32m+[0m[0m tags                         = (known after apply)
TestRunBankingSolutions 2025-12-10T12:25:40+05:30 logger.go:67:       [32m+[0m[0m total_ipv4_address_count     = (known after apply)
TestRunBankingSolutions 2025-12-10T12:25:40+05:30 logger.go:67:       [32m+[0m[0m vpc                          = (known after apply)
TestRunBankingSolutions 2025-12-10T12:25:40+05:30 logger.go:67:       [32m+[0m[0m vpc_name                     = (known after apply)
TestRunBankingSolutions 2025-12-10T12:25:40+05:30 logger.go:67:       [32m+[0m[0m zone                         = (known after apply)
TestRunBankingSolutions 2025-12-10T12:25:40+05:30 logger.go:67:     }
TestRunBankingSolutions 2025-12-10T12:25:40+05:30 logger.go:67: 
TestRunBankingSolutions 2025-12-10T12:25:40+05:30 logger.go:67: [1m  # module.cluster_ingress[0].data.kubernetes_service.ingress_router_service[0m will be read during apply
TestRunBankingSolutions 2025-12-10T12:25:40+05:30 logger.go:67:   # (depends on a resource or a module with changes pending)
TestRunBankingSolutions 2025-12-10T12:25:40+05:30 logger.go:67: [0m [36m<=[0m[0m data "kubernetes_service" "ingress_router_service" {
TestRunBankingSolutions 2025-12-10T12:25:40+05:30 logger.go:67:       [32m+[0m[0m id     = (known after apply)
TestRunBankingSolutions 2025-12-10T12:25:40+05:30 logger.go:67:       [32m+[0m[0m spec   = (known after apply)
TestRunBankingSolutions 2025-12-10T12:25:40+05:30 logger.go:67:       [32m+[0m[0m status = (known after apply)
TestRunBankingSolutions 2025-12-10T12:25:40+05:30 logger.go:67: 
TestRunBankingSolutions 2025-12-10T12:25:40+05:30 logger.go:67:       [32m+[0m[0m metadata {
TestRunBankingSolutions 2025-12-10T12:25:40+05:30 logger.go:67:           [32m+[0m[0m generation       = (known after apply)
TestRunBankingSolutions 2025-12-10T12:25:40+05:30 logger.go:67:           [32m+[0m[0m name             = "router-rag-da-tj2una-ingress-public"
TestRunBankingSolutions 2025-12-10T12:25:40+05:30 logger.go:67:           [32m+[0m[0m namespace        = "openshift-ingress"
TestRunBankingSolutions 2025-12-10T12:25:40+05:30 logger.go:67:           [32m+[0m[0m resource_version = (known after apply)
TestRunBankingSolutions 2025-12-10T12:25:40+05:30 logger.go:67:           [32m+[0m[0m uid              = (known after apply)
TestRunBankingSolutions 2025-12-10T12:25:40+05:30 logger.go:67:         }
TestRunBankingSolutions 2025-12-10T12:25:40+05:30 logger.go:67:     }
TestRunBankingSolutions 2025-12-10T12:25:40+05:30 logger.go:67: 
TestRunBankingSolutions 2025-12-10T12:25:40+05:30 logger.go:67: [1m  # module.cluster_ingress[0].ibm_is_network_acl_rule.alb_https_req[0][0m will be created
TestRunBankingSolutions 2025-12-10T12:25:40+05:30 logger.go:67: [0m  [32m+[0m[0m resource "ibm_is_network_acl_rule" "alb_https_req" {
TestRunBankingSolutions 2025-12-10T12:25:40+05:30 logger.go:67:       [32m+[0m[0m action      = "allow"
TestRunBankingSolutions 2025-12-10T12:25:40+05:30 logger.go:67:       [32m+[0m[0m before      = (known after apply)
TestRunBankingSolutions 2025-12-10T12:25:40+05:30 logger.go:67:       [32m+[0m[0m destination = (known after apply)
TestRunBankingSolutions 2025-12-10T12:25:40+05:30 logger.go:67:       [32m+[0m[0m direction   = "inbound"
TestRunBankingSolutions 2025-12-10T12:25:40+05:30 logger.go:67:       [32m+[0m[0m href        = (known after apply)
TestRunBankingSolutions 2025-12-10T12:25:40+05:30 logger.go:67:       [32m+[0m[0m id          = (known after apply)
TestRunBankingSolutions 2025-12-10T12:25:40+05:30 logger.go:67:       [32m+[0m[0m ip_version  = (known after apply)
TestRunBankingSolutions 2025-12-10T12:25:40+05:30 logger.go:67:       [32m+[0m[0m name        = "rag-da-tj2una-public-ingress-lba-zone1-https-req"
TestRunBankingSolutions 2025-12-10T12:25:40+05:30 logger.go:67:       [32m+[0m[0m network_acl = (known after apply)
TestRunBankingSolutions 2025-12-10T12:25:40+05:30 logger.go:67:       [32m+[0m[0m protocol    = (known after apply)
TestRunBankingSolutions 2025-12-10T12:25:40+05:30 logger.go:67:       [32m+[0m[0m rule_id     = (known after apply)
TestRunBankingSolutions 2025-12-10T12:25:40+05:30 logger.go:67:       [32m+[0m[0m source      = "0.0.0.0/0"
TestRunBankingSolutions 2025-12-10T12:25:40+05:30 logger.go:67: 
TestRunBankingSolutions 2025-12-10T12:25:40+05:30 logger.go:67:       [32m+[0m[0m tcp {
TestRunBankingSolutions 2025-12-10T12:25:40+05:30 logger.go:67:           [32m+[0m[0m port_max        = 443
TestRunBankingSolutions 2025-12-10T12:25:40+05:30 logger.go:67:           [32m+[0m[0m port_min        = 443
TestRunBankingSolutions 2025-12-10T12:25:40+05:30 logger.go:67:           [32m+[0m[0m source_port_max = 65535
TestRunBankingSolutions 2025-12-10T12:25:40+05:30 logger.go:67:           [32m+[0m[0m source_port_min = 1024
TestRunBankingSolutions 2025-12-10T12:25:40+05:30 logger.go:67:         }
TestRunBankingSolutions 2025-12-10T12:25:40+05:30 logger.go:67:     }
TestRunBankingSolutions 2025-12-10T12:25:40+05:30 logger.go:67: 
TestRunBankingSolutions 2025-12-10T12:25:40+05:30 logger.go:67: [1m  # module.cluster_ingress[0].ibm_is_network_acl_rule.alb_https_req[1][0m will be created
TestRunBankingSolutions 2025-12-10T12:25:40+05:30 logger.go:67: [0m  [32m+[0m[0m resource "ibm_is_network_acl_rule" "alb_https_req" {
TestRunBankingSolutions 2025-12-10T12:25:40+05:30 logger.go:67:       [32m+[0m[0m action      = "allow"
TestRunBankingSolutions 2025-12-10T12:25:40+05:30 logger.go:67:       [32m+[0m[0m before      = (known after apply)
TestRunBankingSolutions 2025-12-10T12:25:40+05:30 logger.go:67:       [32m+[0m[0m destination = (known after apply)
TestRunBankingSolutions 2025-12-10T12:25:40+05:30 logger.go:67:       [32m+[0m[0m direction   = "inbound"
TestRunBankingSolutions 2025-12-10T12:25:40+05:30 logger.go:67:       [32m+[0m[0m href        = (known after apply)
TestRunBankingSolutions 2025-12-10T12:25:40+05:30 logger.go:67:       [32m+[0m[0m id          = (known after apply)
TestRunBankingSolutions 2025-12-10T12:25:40+05:30 logger.go:67:       [32m+[0m[0m ip_version  = (known after apply)
TestRunBankingSolutions 2025-12-10T12:25:40+05:30 logger.go:67:       [32m+[0m[0m name        = "rag-da-tj2una-public-ingress-lba-zone2-https-req"
TestRunBankingSolutions 2025-12-10T12:25:40+05:30 logger.go:67:       [32m+[0m[0m network_acl = (known after apply)
TestRunBankingSolutions 2025-12-10T12:25:40+05:30 logger.go:67:       [32m+[0m[0m protocol    = (known after apply)
TestRunBankingSolutions 2025-12-10T12:25:40+05:30 logger.go:67:       [32m+[0m[0m rule_id     = (known after apply)
TestRunBankingSolutions 2025-12-10T12:25:40+05:30 logger.go:67:       [32m+[0m[0m source      = "0.0.0.0/0"
TestRunBankingSolutions 2025-12-10T12:25:40+05:30 logger.go:67: 
TestRunBankingSolutions 2025-12-10T12:25:40+05:30 logger.go:67:       [32m+[0m[0m tcp {
TestRunBankingSolutions 2025-12-10T12:25:40+05:30 logger.go:67:           [32m+[0m[0m port_max        = 443
TestRunBankingSolutions 2025-12-10T12:25:40+05:30 logger.go:67:           [32m+[0m[0m port_min        = 443
TestRunBankingSolutions 2025-12-10T12:25:40+05:30 logger.go:67:           [32m+[0m[0m source_port_max = 65535
TestRunBankingSolutions 2025-12-10T12:25:40+05:30 logger.go:67:           [32m+[0m[0m source_port_min = 1024
TestRunBankingSolutions 2025-12-10T12:25:40+05:30 logger.go:67:         }
TestRunBankingSolutions 2025-12-10T12:25:40+05:30 logger.go:67:     }
TestRunBankingSolutions 2025-12-10T12:25:40+05:30 logger.go:67: 
TestRunBankingSolutions 2025-12-10T12:25:40+05:30 logger.go:67: [1m  # module.cluster_ingress[0].ibm_is_network_acl_rule.alb_https_resp[0][0m will be created
TestRunBankingSolutions 2025-12-10T12:25:40+05:30 logger.go:67: [0m  [32m+[0m[0m resource "ibm_is_network_acl_rule" "alb_https_resp" {
TestRunBankingSolutions 2025-12-10T12:25:40+05:30 logger.go:67:       [32m+[0m[0m action      = "allow"
TestRunBankingSolutions 2025-12-10T12:25:40+05:30 logger.go:67:       [32m+[0m[0m before      = (known after apply)
TestRunBankingSolutions 2025-12-10T12:25:40+05:30 logger.go:67:       [32m+[0m[0m destination = "0.0.0.0/0"
TestRunBankingSolutions 2025-12-10T12:25:40+05:30 logger.go:67:       [32m+[0m[0m direction   = "outbound"
TestRunBankingSolutions 2025-12-10T12:25:40+05:30 logger.go:67:       [32m+[0m[0m href        = (known after apply)
TestRunBankingSolutions 2025-12-10T12:25:40+05:30 logger.go:67:       [32m+[0m[0m id          = (known after apply)
TestRunBankingSolutions 2025-12-10T12:25:40+05:30 logger.go:67:       [32m+[0m[0m ip_version  = (known after apply)
TestRunBankingSolutions 2025-12-10T12:25:40+05:30 logger.go:67:       [32m+[0m[0m name        = "rag-da-tj2una-public-ingress-lba-zone1-https-resp"
TestRunBankingSolutions 2025-12-10T12:25:40+05:30 logger.go:67:       [32m+[0m[0m network_acl = (known after apply)
TestRunBankingSolutions 2025-12-10T12:25:40+05:30 logger.go:67:       [32m+[0m[0m protocol    = (known after apply)
TestRunBankingSolutions 2025-12-10T12:25:40+05:30 logger.go:67:       [32m+[0m[0m rule_id     = (known after apply)
TestRunBankingSolutions 2025-12-10T12:25:40+05:30 logger.go:67:       [32m+[0m[0m source      = (known after apply)
TestRunBankingSolutions 2025-12-10T12:25:40+05:30 logger.go:67: 
TestRunBankingSolutions 2025-12-10T12:25:40+05:30 logger.go:67:       [32m+[0m[0m tcp {
TestRunBankingSolutions 2025-12-10T12:25:40+05:30 logger.go:67:           [32m+[0m[0m port_max        = 65535
TestRunBankingSolutions 2025-12-10T12:25:40+05:30 logger.go:67:           [32m+[0m[0m port_min        = 1024
TestRunBankingSolutions 2025-12-10T12:25:40+05:30 logger.go:67:           [32m+[0m[0m source_port_max = 443
TestRunBankingSolutions 2025-12-10T12:25:40+05:30 logger.go:67:           [32m+[0m[0m source_port_min = 443
TestRunBankingSolutions 2025-12-10T12:25:40+05:30 logger.go:67:         }
TestRunBankingSolutions 2025-12-10T12:25:40+05:30 logger.go:67:     }
TestRunBankingSolutions 2025-12-10T12:25:40+05:30 logger.go:67: 
TestRunBankingSolutions 2025-12-10T12:25:40+05:30 logger.go:67: [1m  # module.cluster_ingress[0].ibm_is_network_acl_rule.alb_https_resp[1][0m will be created
TestRunBankingSolutions 2025-12-10T12:25:40+05:30 logger.go:67: [0m  [32m+[0m[0m resource "ibm_is_network_acl_rule" "alb_https_resp" {
TestRunBankingSolutions 2025-12-10T12:25:40+05:30 logger.go:67:       [32m+[0m[0m action      = "allow"
TestRunBankingSolutions 2025-12-10T12:25:40+05:30 logger.go:67:       [32m+[0m[0m before      = (known after apply)
TestRunBankingSolutions 2025-12-10T12:25:40+05:30 logger.go:67:       [32m+[0m[0m destination = "0.0.0.0/0"
TestRunBankingSolutions 2025-12-10T12:25:40+05:30 logger.go:67:       [32m+[0m[0m direction   = "outbound"
TestRunBankingSolutions 2025-12-10T12:25:40+05:30 logger.go:67:       [32m+[0m[0m href        = (known after apply)
TestRunBankingSolutions 2025-12-10T12:25:40+05:30 logger.go:67:       [32m+[0m[0m id          = (known after apply)
TestRunBankingSolutions 2025-12-10T12:25:40+05:30 logger.go:67:       [32m+[0m[0m ip_version  = (known after apply)
TestRunBankingSolutions 2025-12-10T12:25:40+05:30 logger.go:67:       [32m+[0m[0m name        = "rag-da-tj2una-public-ingress-lba-zone2-https-resp"
TestRunBankingSolutions 2025-12-10T12:25:40+05:30 logger.go:67:       [32m+[0m[0m network_acl = (known after apply)
TestRunBankingSolutions 2025-12-10T12:25:40+05:30 logger.go:67:       [32m+[0m[0m protocol    = (known after apply)
TestRunBankingSolutions 2025-12-10T12:25:40+05:30 logger.go:67:       [32m+[0m[0m rule_id     = (known after apply)
TestRunBankingSolutions 2025-12-10T12:25:40+05:30 logger.go:67:       [32m+[0m[0m source      = (known after apply)
TestRunBankingSolutions 2025-12-10T12:25:40+05:30 logger.go:67: 
TestRunBankingSolutions 2025-12-10T12:25:40+05:30 logger.go:67:       [32m+[0m[0m tcp {
TestRunBankingSolutions 2025-12-10T12:25:40+05:30 logger.go:67:           [32m+[0m[0m port_max        = 65535
TestRunBankingSolutions 2025-12-10T12:25:40+05:30 logger.go:67:           [32m+[0m[0m port_min        = 1024
TestRunBankingSolutions 2025-12-10T12:25:40+05:30 logger.go:67:           [32m+[0m[0m source_port_max = 443
TestRunBankingSolutions 2025-12-10T12:25:40+05:30 logger.go:67:           [32m+[0m[0m source_port_min = 443
TestRunBankingSolutions 2025-12-10T12:25:40+05:30 logger.go:67:         }
TestRunBankingSolutions 2025-12-10T12:25:40+05:30 logger.go:67:     }
TestRunBankingSolutions 2025-12-10T12:25:40+05:30 logger.go:67: 
TestRunBankingSolutions 2025-12-10T12:25:40+05:30 logger.go:67: [1m  # module.cluster_ingress[0].kubernetes_manifest.workload_ingress[0m will be created
TestRunBankingSolutions 2025-12-10T12:25:40+05:30 logger.go:67: [0m  [32m+[0m[0m resource "kubernetes_manifest" "workload_ingress" {
TestRunBankingSolutions 2025-12-10T12:25:40+05:30 logger.go:67:       [32m+[0m[0m manifest = {
TestRunBankingSolutions 2025-12-10T12:25:40+05:30 logger.go:67:           [32m+[0m[0m apiVersion = "operator.openshift.io/v1"
TestRunBankingSolutions 2025-12-10T12:25:40+05:30 logger.go:67:           [32m+[0m[0m kind       = "IngressController"
TestRunBankingSolutions 2025-12-10T12:25:40+05:30 logger.go:67:           [32m+[0m[0m metadata   = {
TestRunBankingSolutions 2025-12-10T12:25:40+05:30 logger.go:67:               [32m+[0m[0m name      = "rag-da-tj2una-ingress-public"
TestRunBankingSolutions 2025-12-10T12:25:40+05:30 logger.go:67:               [32m+[0m[0m namespace = "openshift-ingress-operator"
TestRunBankingSolutions 2025-12-10T12:25:40+05:30 logger.go:67:             }
TestRunBankingSolutions 2025-12-10T12:25:40+05:30 logger.go:67:           [32m+[0m[0m spec       = {
TestRunBankingSolutions 2025-12-10T12:25:40+05:30 logger.go:67:               [32m+[0m[0m defaultCertificate         = {
TestRunBankingSolutions 2025-12-10T12:25:40+05:30 logger.go:67:                   [32m+[0m[0m name = (known after apply)
TestRunBankingSolutions 2025-12-10T12:25:40+05:30 logger.go:67:                 }
TestRunBankingSolutions 2025-12-10T12:25:40+05:30 logger.go:67:               [32m+[0m[0m domain                     = (known after apply)
TestRunBankingSolutions 2025-12-10T12:25:40+05:30 logger.go:67:               [32m+[0m[0m endpointPublishingStrategy = {
TestRunBankingSolutions 2025-12-10T12:25:40+05:30 logger.go:67:                   [32m+[0m[0m loadBalancer = {
TestRunBankingSolutions 2025-12-10T12:25:40+05:30 logger.go:67:                       [32m+[0m[0m dnsManagementPolicy = "Managed"
TestRunBankingSolutions 2025-12-10T12:25:40+05:30 logger.go:67:                       [32m+[0m[0m scope               = "External"
TestRunBankingSolutions 2025-12-10T12:25:40+05:30 logger.go:67:                     }
TestRunBankingSolutions 2025-12-10T12:25:40+05:30 logger.go:67:                   [32m+[0m[0m type         = "LoadBalancerService"
TestRunBankingSolutions 2025-12-10T12:25:40+05:30 logger.go:67:                 }
TestRunBankingSolutions 2025-12-10T12:25:40+05:30 logger.go:67:               [32m+[0m[0m replicas                   = 2
TestRunBankingSolutions 2025-12-10T12:25:40+05:30 logger.go:67:               [32m+[0m[0m routeSelector              = {
TestRunBankingSolutions 2025-12-10T12:25:40+05:30 logger.go:67:                   [32m+[0m[0m matchLabels = {
TestRunBankingSolutions 2025-12-10T12:25:40+05:30 logger.go:67:                       [32m+[0m[0m ingress = "ingress-public"
TestRunBankingSolutions 2025-12-10T12:25:40+05:30 logger.go:67:                     }
TestRunBankingSolutions 2025-12-10T12:25:40+05:30 logger.go:67:                 }
TestRunBankingSolutions 2025-12-10T12:25:40+05:30 logger.go:67:             }
TestRunBankingSolutions 2025-12-10T12:25:40+05:30 logger.go:67:         }
TestRunBankingSolutions 2025-12-10T12:25:40+05:30 logger.go:67:       [32m+[0m[0m object   = {
TestRunBankingSolutions 2025-12-10T12:25:40+05:30 logger.go:67:           [32m+[0m[0m apiVersion = "operator.openshift.io/v1"
TestRunBankingSolutions 2025-12-10T12:25:40+05:30 logger.go:67:           [32m+[0m[0m kind       = "IngressController"
TestRunBankingSolutions 2025-12-10T12:25:40+05:30 logger.go:67:           [32m+[0m[0m metadata   = {
TestRunBankingSolutions 2025-12-10T12:25:40+05:30 logger.go:67:               [32m+[0m[0m annotations                = (known after apply)
TestRunBankingSolutions 2025-12-10T12:25:40+05:30 logger.go:67:               [32m+[0m[0m creationTimestamp          = (known after apply)
TestRunBankingSolutions 2025-12-10T12:25:40+05:30 logger.go:67:               [32m+[0m[0m deletionGracePeriodSeconds = (known after apply)
TestRunBankingSolutions 2025-12-10T12:25:40+05:30 logger.go:67:               [32m+[0m[0m deletionTimestamp          = (known after apply)
TestRunBankingSolutions 2025-12-10T12:25:40+05:30 logger.go:67:               [32m+[0m[0m finalizers                 = (known after apply)
TestRunBankingSolutions 2025-12-10T12:25:40+05:30 logger.go:67:               [32m+[0m[0m generateName               = (known after apply)
TestRunBankingSolutions 2025-12-10T12:25:40+05:30 logger.go:67:               [32m+[0m[0m generation                 = (known after apply)
TestRunBankingSolutions 2025-12-10T12:25:40+05:30 logger.go:67:               [32m+[0m[0m labels                     = (known after apply)
TestRunBankingSolutions 2025-12-10T12:25:40+05:30 logger.go:67:               [32m+[0m[0m managedFields              = (known after apply)
TestRunBankingSolutions 2025-12-10T12:25:40+05:30 logger.go:67:               [32m+[0m[0m name                       = "rag-da-tj2una-ingress-public"
TestRunBankingSolutions 2025-12-10T12:25:40+05:30 logger.go:67:               [32m+[0m[0m namespace                  = "openshift-ingress-operator"
TestRunBankingSolutions 2025-12-10T12:25:40+05:30 logger.go:67:               [32m+[0m[0m ownerReferences            = (known after apply)
TestRunBankingSolutions 2025-12-10T12:25:40+05:30 logger.go:67:               [32m+[0m[0m resourceVersion            = (known after apply)
TestRunBankingSolutions 2025-12-10T12:25:40+05:30 logger.go:67:               [32m+[0m[0m selfLink                   = (known after apply)
TestRunBankingSolutions 2025-12-10T12:25:40+05:30 logger.go:67:               [32m+[0m[0m uid                        = (known after apply)
TestRunBankingSolutions 2025-12-10T12:25:40+05:30 logger.go:67:             }
TestRunBankingSolutions 2025-12-10T12:25:40+05:30 logger.go:67:           [32m+[0m[0m spec       = {
TestRunBankingSolutions 2025-12-10T12:25:40+05:30 logger.go:67:               [32m+[0m[0m clientTLS                       = {
TestRunBankingSolutions 2025-12-10T12:25:40+05:30 logger.go:67:                   [32m+[0m[0m allowedSubjectPatterns  = (known after apply)
TestRunBankingSolutions 2025-12-10T12:25:40+05:30 logger.go:67:                   [32m+[0m[0m clientCA                = {
TestRunBankingSolutions 2025-12-10T12:25:40+05:30 logger.go:67:                       [32m+[0m[0m name = (known after apply)
TestRunBankingSolutions 2025-12-10T12:25:40+05:30 logger.go:67:                     }
TestRunBankingSolutions 2025-12-10T12:25:40+05:30 logger.go:67:                   [32m+[0m[0m clientCertificatePolicy = (known after apply)
TestRunBankingSolutions 2025-12-10T12:25:40+05:30 logger.go:67:                 }
TestRunBankingSolutions 2025-12-10T12:25:40+05:30 logger.go:67:               [32m+[0m[0m defaultCertificate              = {
TestRunBankingSolutions 2025-12-10T12:25:40+05:30 logger.go:67:                   [32m+[0m[0m name = (known after apply)
TestRunBankingSolutions 2025-12-10T12:25:40+05:30 logger.go:67:                 }
TestRunBankingSolutions 2025-12-10T12:25:40+05:30 logger.go:67:               [32m+[0m[0m domain                          = (known after apply)
TestRunBankingSolutions 2025-12-10T12:25:40+05:30 logger.go:67:               [32m+[0m[0m endpointPublishingStrategy      = {
TestRunBankingSolutions 2025-12-10T12:25:40+05:30 logger.go:67:                   [32m+[0m[0m hostNetwork  = {
TestRunBankingSolutions 2025-12-10T12:25:40+05:30 logger.go:67:                       [32m+[0m[0m httpPort  = (known after apply)
TestRunBankingSolutions 2025-12-10T12:25:40+05:30 logger.go:67:                       [32m+[0m[0m httpsPort = (known after apply)
TestRunBankingSolutions 2025-12-10T12:25:40+05:30 logger.go:67:                       [32m+[0m[0m protocol  = (known after apply)
TestRunBankingSolutions 2025-12-10T12:25:40+05:30 logger.go:67:                       [32m+[0m[0m statsPort = (known after apply)
TestRunBankingSolutions 2025-12-10T12:25:40+05:30 logger.go:67:                     }
TestRunBankingSolutions 2025-12-10T12:25:40+05:30 logger.go:67:                   [32m+[0m[0m loadBalancer = {
TestRunBankingSolutions 2025-12-10T12:25:40+05:30 logger.go:67:                       [32m+[0m[0m allowedSourceRanges = (known after apply)
TestRunBankingSolutions 2025-12-10T12:25:40+05:30 logger.go:67:                       [32m+[0m[0m dnsManagementPolicy = "Managed"
TestRunBankingSolutions 2025-12-10T12:25:40+05:30 logger.go:67:                       [32m+[0m[0m providerParameters  = {
TestRunBankingSolutions 2025-12-10T12:25:40+05:30 logger.go:67:                           [32m+[0m[0m aws       = {
TestRunBankingSolutions 2025-12-10T12:25:40+05:30 logger.go:67:                               [32m+[0m[0m classicLoadBalancer = {
TestRunBankingSolutions 2025-12-10T12:25:40+05:30 logger.go:67:                                   [32m+[0m[0m connectionIdleTimeout = (known after apply)
TestRunBankingSolutions 2025-12-10T12:25:40+05:30 logger.go:67:                                   [32m+[0m[0m subnets               = {
TestRunBankingSolutions 2025-12-10T12:25:40+05:30 logger.go:67:                                       [32m+[0m[0m ids   = (known after apply)
TestRunBankingSolutions 2025-12-10T12:25:40+05:30 logger.go:67:                                       [32m+[0m[0m names = (known after apply)
TestRunBankingSolutions 2025-12-10T12:25:40+05:30 logger.go:67:                                     }
TestRunBankingSolutions 2025-12-10T12:25:40+05:30 logger.go:67:                                 }
TestRunBankingSolutions 2025-12-10T12:25:40+05:30 logger.go:67:                               [32m+[0m[0m networkLoadBalancer = {
TestRunBankingSolutions 2025-12-10T12:25:40+05:30 logger.go:67:                                   [32m+[0m[0m eipAllocations = (known after apply)
TestRunBankingSolutions 2025-12-10T12:25:40+05:30 logger.go:67:                                   [32m+[0m[0m subnets        = {
TestRunBankingSolutions 2025-12-10T12:25:40+05:30 logger.go:67:                                       [32m+[0m[0m ids   = (known after apply)
TestRunBankingSolutions 2025-12-10T12:25:40+05:30 logger.go:67:                                       [32m+[0m[0m names = (known after apply)
TestRunBankingSolutions 2025-12-10T12:25:40+05:30 logger.go:67:                                     }
TestRunBankingSolutions 2025-12-10T12:25:40+05:30 logger.go:67:                                 }
TestRunBankingSolutions 2025-12-10T12:25:40+05:30 logger.go:67:                               [32m+[0m[0m type                = (known after apply)
TestRunBankingSolutions 2025-12-10T12:25:40+05:30 logger.go:67:                             }
TestRunBankingSolutions 2025-12-10T12:25:40+05:30 logger.go:67:                           [32m+[0m[0m gcp       = {
TestRunBankingSolutions 2025-12-10T12:25:40+05:30 logger.go:67:                               [32m+[0m[0m clientAccess = (known after apply)
TestRunBankingSolutions 2025-12-10T12:25:40+05:30 logger.go:67:                             }
TestRunBankingSolutions 2025-12-10T12:25:40+05:30 logger.go:67:                           [32m+[0m[0m ibm       = {
TestRunBankingSolutions 2025-12-10T12:25:40+05:30 logger.go:67:                               [32m+[0m[0m protocol = (known after apply)
TestRunBankingSolutions 2025-12-10T12:25:40+05:30 logger.go:67:                             }
TestRunBankingSolutions 2025-12-10T12:25:40+05:30 logger.go:67:                           [32m+[0m[0m openstack = {
TestRunBankingSolutions 2025-12-10T12:25:40+05:30 logger.go:67:                               [32m+[0m[0m floatingIP = (known after apply)
TestRunBankingSolutions 2025-12-10T12:25:40+05:30 logger.go:67:                             }
TestRunBankingSolutions 2025-12-10T12:25:40+05:30 logger.go:67:                           [32m+[0m[0m type      = (known after apply)
TestRunBankingSolutions 2025-12-10T12:25:40+05:30 logger.go:67:                         }
TestRunBankingSolutions 2025-12-10T12:25:40+05:30 logger.go:67:                       [32m+[0m[0m scope               = "External"
TestRunBankingSolutions 2025-12-10T12:25:40+05:30 logger.go:67:                     }
TestRunBankingSolutions 2025-12-10T12:25:40+05:30 logger.go:67:                   [32m+[0m[0m nodePort     = {
TestRunBankingSolutions 2025-12-10T12:25:40+05:30 logger.go:67:                       [32m+[0m[0m protocol = (known after apply)
TestRunBankingSolutions 2025-12-10T12:25:40+05:30 logger.go:67:                     }
TestRunBankingSolutions 2025-12-10T12:25:40+05:30 logger.go:67:                   [32m+[0m[0m private      = {
TestRunBankingSolutions 2025-12-10T12:25:40+05:30 logger.go:67:                       [32m+[0m[0m protocol = (known after apply)
TestRunBankingSolutions 2025-12-10T12:25:40+05:30 logger.go:67:                     }
TestRunBankingSolutions 2025-12-10T12:25:40+05:30 logger.go:67:                   [32m+[0m[0m type         = "LoadBalancerService"
TestRunBankingSolutions 2025-12-10T12:25:40+05:30 logger.go:67:                 }
TestRunBankingSolutions 2025-12-10T12:25:40+05:30 logger.go:67:               [32m+[0m[0m httpCompression                 = {
TestRunBankingSolutions 2025-12-10T12:25:40+05:30 logger.go:67:                   [32m+[0m[0m mimeTypes = (known after apply)
TestRunBankingSolutions 2025-12-10T12:25:40+05:30 logger.go:67:                 }
TestRunBankingSolutions 2025-12-10T12:25:40+05:30 logger.go:67:               [32m+[0m[0m httpEmptyRequestsPolicy         = (known after apply)
TestRunBankingSolutions 2025-12-10T12:25:40+05:30 logger.go:67:               [32m+[0m[0m httpErrorCodePages              = {
TestRunBankingSolutions 2025-12-10T12:25:40+05:30 logger.go:67:                   [32m+[0m[0m name = (known after apply)
TestRunBankingSolutions 2025-12-10T12:25:40+05:30 logger.go:67:                 }
TestRunBankingSolutions 2025-12-10T12:25:40+05:30 logger.go:67:               [32m+[0m[0m httpHeaders                     = {
TestRunBankingSolutions 2025-12-10T12:25:40+05:30 logger.go:67:                   [32m+[0m[0m actions                   = {
TestRunBankingSolutions 2025-12-10T12:25:40+05:30 logger.go:67:                       [32m+[0m[0m request  = (known after apply)
TestRunBankingSolutions 2025-12-10T12:25:40+05:30 logger.go:67:                       [32m+[0m[0m response = (known after apply)
TestRunBankingSolutions 2025-12-10T12:25:40+05:30 logger.go:67:                     }
TestRunBankingSolutions 2025-12-10T12:25:40+05:30 logger.go:67:                   [32m+[0m[0m forwardedHeaderPolicy     = (known after apply)
TestRunBankingSolutions 2025-12-10T12:25:40+05:30 logger.go:67:                   [32m+[0m[0m headerNameCaseAdjustments = (known after apply)
TestRunBankingSolutions 2025-12-10T12:25:40+05:30 logger.go:67:                   [32m+[0m[0m uniqueId                  = {
TestRunBankingSolutions 2025-12-10T12:25:40+05:30 logger.go:67:                       [32m+[0m[0m format = (known after apply)
TestRunBankingSolutions 2025-12-10T12:25:40+05:30 logger.go:67:                       [32m+[0m[0m name   = (known after apply)
TestRunBankingSolutions 2025-12-10T12:25:40+05:30 logger.go:67:                     }
TestRunBankingSolutions 2025-12-10T12:25:40+05:30 logger.go:67:                 }
TestRunBankingSolutions 2025-12-10T12:25:40+05:30 logger.go:67:               [32m+[0m[0m idleConnectionTerminationPolicy = (known after apply)
TestRunBankingSolutions 2025-12-10T12:25:40+05:30 logger.go:67:               [32m+[0m[0m logging                         = {
TestRunBankingSolutions 2025-12-10T12:25:40+05:30 logger.go:67:                   [32m+[0m[0m access = {
TestRunBankingSolutions 2025-12-10T12:25:40+05:30 logger.go:67:                       [32m+[0m[0m destination        = {
TestRunBankingSolutions 2025-12-10T12:25:40+05:30 logger.go:67:                           [32m+[0m[0m container = {
TestRunBankingSolutions 2025-12-10T12:25:40+05:30 logger.go:67:                               [32m+[0m[0m maxLength = (known after apply)
TestRunBankingSolutions 2025-12-10T12:25:40+05:30 logger.go:67:                             }
TestRunBankingSolutions 2025-12-10T12:25:40+05:30 logger.go:67:                           [32m+[0m[0m syslog    = {
TestRunBankingSolutions 2025-12-10T12:25:40+05:30 logger.go:67:                               [32m+[0m[0m address   = (known after apply)
TestRunBankingSolutions 2025-12-10T12:25:40+05:30 logger.go:67:                               [32m+[0m[0m facility  = (known after apply)
TestRunBankingSolutions 2025-12-10T12:25:40+05:30 logger.go:67:                               [32m+[0m[0m maxLength = (known after apply)
TestRunBankingSolutions 2025-12-10T12:25:40+05:30 logger.go:67:                               [32m+[0m[0m port      = (known after apply)
TestRunBankingSolutions 2025-12-10T12:25:40+05:30 logger.go:67:                             }
TestRunBankingSolutions 2025-12-10T12:25:40+05:30 logger.go:67:                           [32m+[0m[0m type      = (known after apply)
TestRunBankingSolutions 2025-12-10T12:25:40+05:30 logger.go:67:                         }
TestRunBankingSolutions 2025-12-10T12:25:40+05:30 logger.go:67:                       [32m+[0m[0m httpCaptureCookies = (known after apply)
TestRunBankingSolutions 2025-12-10T12:25:40+05:30 logger.go:67:                       [32m+[0m[0m httpCaptureHeaders = {
TestRunBankingSolutions 2025-12-10T12:25:40+05:30 logger.go:67:                           [32m+[0m[0m request  = (known after apply)
TestRunBankingSolutions 2025-12-10T12:25:40+05:30 logger.go:67:                           [32m+[0m[0m response = (known after apply)
TestRunBankingSolutions 2025-12-10T12:25:40+05:30 logger.go:67:                         }
TestRunBankingSolutions 2025-12-10T12:25:40+05:30 logger.go:67:                       [32m+[0m[0m httpLogFormat      = (known after apply)
TestRunBankingSolutions 2025-12-10T12:25:40+05:30 logger.go:67:                       [32m+[0m[0m logEmptyRequests   = (known after apply)
TestRunBankingSolutions 2025-12-10T12:25:40+05:30 logger.go:67:                     }
TestRunBankingSolutions 2025-12-10T12:25:40+05:30 logger.go:67:                 }
TestRunBankingSolutions 2025-12-10T12:25:40+05:30 logger.go:67:               [32m+[0m[0m namespaceSelector               = {
TestRunBankingSolutions 2025-12-10T12:25:40+05:30 logger.go:67:                   [32m+[0m[0m matchExpressions = (known after apply)
TestRunBankingSolutions 2025-12-10T12:25:40+05:30 logger.go:67:                   [32m+[0m[0m matchLabels      = (known after apply)
TestRunBankingSolutions 2025-12-10T12:25:40+05:30 logger.go:67:                 }
TestRunBankingSolutions 2025-12-10T12:25:40+05:30 logger.go:67:               [32m+[0m[0m nodePlacement                   = {
TestRunBankingSolutions 2025-12-10T12:25:40+05:30 logger.go:67:                   [32m+[0m[0m nodeSelector = {
TestRunBankingSolutions 2025-12-10T12:25:40+05:30 logger.go:67:                       [32m+[0m[0m matchExpressions = (known after apply)
TestRunBankingSolutions 2025-12-10T12:25:40+05:30 logger.go:67:                       [32m+[0m[0m matchLabels      = (known after apply)
TestRunBankingSolutions 2025-12-10T12:25:40+05:30 logger.go:67:                     }
TestRunBankingSolutions 2025-12-10T12:25:40+05:30 logger.go:67:                   [32m+[0m[0m tolerations  = (known after apply)
TestRunBankingSolutions 2025-12-10T12:25:40+05:30 logger.go:67:                 }
TestRunBankingSolutions 2025-12-10T12:25:40+05:30 logger.go:67:               [32m+[0m[0m replicas                        = 2
TestRunBankingSolutions 2025-12-10T12:25:40+05:30 logger.go:67:               [32m+[0m[0m routeAdmission                  = {
TestRunBankingSolutions 2025-12-10T12:25:40+05:30 logger.go:67:                   [32m+[0m[0m namespaceOwnership = (known after apply)
TestRunBankingSolutions 2025-12-10T12:25:40+05:30 logger.go:67:                   [32m+[0m[0m wildcardPolicy     = (known after apply)
TestRunBankingSolutions 2025-12-10T12:25:40+05:30 logger.go:67:                 }
TestRunBankingSolutions 2025-12-10T12:25:40+05:30 logger.go:67:               [32m+[0m[0m routeSelector                   = {
TestRunBankingSolutions 2025-12-10T12:25:40+05:30 logger.go:67:                   [32m+[0m[0m matchExpressions = (known after apply)
TestRunBankingSolutions 2025-12-10T12:25:40+05:30 logger.go:67:                   [32m+[0m[0m matchLabels      = {
TestRunBankingSolutions 2025-12-10T12:25:40+05:30 logger.go:67:                       [32m+[0m[0m ingress = "ingress-public"
TestRunBankingSolutions 2025-12-10T12:25:40+05:30 logger.go:67:                     }
TestRunBankingSolutions 2025-12-10T12:25:40+05:30 logger.go:67:                 }
TestRunBankingSolutions 2025-12-10T12:25:40+05:30 logger.go:67:               [32m+[0m[0m tlsSecurityProfile              = {
TestRunBankingSolutions 2025-12-10T12:25:40+05:30 logger.go:67:                   [32m+[0m[0m custom       = {
TestRunBankingSolutions 2025-12-10T12:25:40+05:30 logger.go:67:                       [32m+[0m[0m ciphers       = (known after apply)
TestRunBankingSolutions 2025-12-10T12:25:40+05:30 logger.go:67:                       [32m+[0m[0m minTLSVersion = (known after apply)
TestRunBankingSolutions 2025-12-10T12:25:40+05:30 logger.go:67:                     }
TestRunBankingSolutions 2025-12-10T12:25:40+05:30 logger.go:67:                   [32m+[0m[0m intermediate = (known after apply)
TestRunBankingSolutions 2025-12-10T12:25:40+05:30 logger.go:67:                   [32m+[0m[0m modern       = (known after apply)
TestRunBankingSolutions 2025-12-10T12:25:40+05:30 logger.go:67:                   [32m+[0m[0m old          = (known after apply)
TestRunBankingSolutions 2025-12-10T12:25:40+05:30 logger.go:67:                   [32m+[0m[0m type         = (known after apply)
TestRunBankingSolutions 2025-12-10T12:25:40+05:30 logger.go:67:                 }
TestRunBankingSolutions 2025-12-10T12:25:40+05:30 logger.go:67:               [32m+[0m[0m tuningOptions                   = {
TestRunBankingSolutions 2025-12-10T12:25:40+05:30 logger.go:67:                   [32m+[0m[0m clientFinTimeout            = (known after apply)
TestRunBankingSolutions 2025-12-10T12:25:40+05:30 logger.go:67:                   [32m+[0m[0m clientTimeout               = (known after apply)
TestRunBankingSolutions 2025-12-10T12:25:40+05:30 logger.go:67:                   [32m+[0m[0m connectTimeout              = (known after apply)
TestRunBankingSolutions 2025-12-10T12:25:40+05:30 logger.go:67:                   [32m+[0m[0m headerBufferBytes           = (known after apply)
TestRunBankingSolutions 2025-12-10T12:25:40+05:30 logger.go:67:                   [32m+[0m[0m headerBufferMaxRewriteBytes = (known after apply)
TestRunBankingSolutions 2025-12-10T12:25:40+05:30 logger.go:67:                   [32m+[0m[0m healthCheckInterval         = (known after apply)
TestRunBankingSolutions 2025-12-10T12:25:40+05:30 logger.go:67:                   [32m+[0m[0m maxConnections              = (known after apply)
TestRunBankingSolutions 2025-12-10T12:25:40+05:30 logger.go:67:                   [32m+[0m[0m reloadInterval              = (known after apply)
TestRunBankingSolutions 2025-12-10T12:25:40+05:30 logger.go:67:                   [32m+[0m[0m serverFinTimeout            = (known after apply)
TestRunBankingSolutions 2025-12-10T12:25:40+05:30 logger.go:67:                   [32m+[0m[0m serverTimeout               = (known after apply)
TestRunBankingSolutions 2025-12-10T12:25:40+05:30 logger.go:67:                   [32m+[0m[0m threadCount                 = (known after apply)
TestRunBankingSolutions 2025-12-10T12:25:40+05:30 logger.go:67:                   [32m+[0m[0m tlsInspectDelay             = (known after apply)
TestRunBankingSolutions 2025-12-10T12:25:40+05:30 logger.go:67:                   [32m+[0m[0m tunnelTimeout               = (known after apply)
TestRunBankingSolutions 2025-12-10T12:25:40+05:30 logger.go:67:                 }
TestRunBankingSolutions 2025-12-10T12:25:40+05:30 logger.go:67:               [32m+[0m[0m unsupportedConfigOverrides      = (known after apply)
TestRunBankingSolutions 2025-12-10T12:25:40+05:30 logger.go:67:             }
TestRunBankingSolutions 2025-12-10T12:25:40+05:30 logger.go:67:         }
TestRunBankingSolutions 2025-12-10T12:25:40+05:30 logger.go:67: 
TestRunBankingSolutions 2025-12-10T12:25:40+05:30 logger.go:67:       [32m+[0m[0m timeouts {
TestRunBankingSolutions 2025-12-10T12:25:40+05:30 logger.go:67:           [32m+[0m[0m create = "20m"
TestRunBankingSolutions 2025-12-10T12:25:40+05:30 logger.go:67:           [32m+[0m[0m delete = "20m"
TestRunBankingSolutions 2025-12-10T12:25:40+05:30 logger.go:67:           [32m+[0m[0m update = "20m"
TestRunBankingSolutions 2025-12-10T12:25:40+05:30 logger.go:67:         }
TestRunBankingSolutions 2025-12-10T12:25:40+05:30 logger.go:67: 
TestRunBankingSolutions 2025-12-10T12:25:40+05:30 logger.go:67:       [32m+[0m[0m wait {
TestRunBankingSolutions 2025-12-10T12:25:40+05:30 logger.go:67:           [32m+[0m[0m condition {
TestRunBankingSolutions 2025-12-10T12:25:40+05:30 logger.go:67:               [32m+[0m[0m status = "True"
TestRunBankingSolutions 2025-12-10T12:25:40+05:30 logger.go:67:               [32m+[0m[0m type   = "LoadBalancerReady"
TestRunBankingSolutions 2025-12-10T12:25:40+05:30 logger.go:67:             }
TestRunBankingSolutions 2025-12-10T12:25:40+05:30 logger.go:67:         }
TestRunBankingSolutions 2025-12-10T12:25:40+05:30 logger.go:67:     }
TestRunBankingSolutions 2025-12-10T12:25:40+05:30 logger.go:67: 
TestRunBankingSolutions 2025-12-10T12:25:40+05:30 logger.go:67: [1m  # module.cluster_ingress[0].restapi_object.workload_nlb_dns[0m will be created
TestRunBankingSolutions 2025-12-10T12:25:40+05:30 logger.go:67: [0m  [32m+[0m[0m resource "restapi_object" "workload_nlb_dns" {
TestRunBankingSolutions 2025-12-10T12:25:40+05:30 logger.go:67:       [32m+[0m[0m api_data                  = (known after apply)
TestRunBankingSolutions 2025-12-10T12:25:40+05:30 logger.go:67:       [32m+[0m[0m api_response              = (known after apply)
TestRunBankingSolutions 2025-12-10T12:25:40+05:30 logger.go:67:       [32m+[0m[0m create_method             = "POST"
TestRunBankingSolutions 2025-12-10T12:25:40+05:30 logger.go:67:       [32m+[0m[0m create_path               = "/v2/nlb-dns/vpc/createNlbDNS"
TestRunBankingSolutions 2025-12-10T12:25:40+05:30 logger.go:67:       [32m+[0m[0m create_response           = (known after apply)
TestRunBankingSolutions 2025-12-10T12:25:40+05:30 logger.go:67:       [32m+[0m[0m data                      = jsonencode(
TestRunBankingSolutions 2025-12-10T12:25:40+05:30 logger.go:67:             {
TestRunBankingSolutions 2025-12-10T12:25:40+05:30 logger.go:67:               [32m+[0m[0m cluster         = "rag-da-tj2una"
TestRunBankingSolutions 2025-12-10T12:25:40+05:30 logger.go:67:               [32m+[0m[0m dnsType         = "public"
TestRunBankingSolutions 2025-12-10T12:25:40+05:30 logger.go:67:               [32m+[0m[0m lbHostname      = "aeec8f8a-us-south.lb.appdomain.cloud"
TestRunBankingSolutions 2025-12-10T12:25:40+05:30 logger.go:67:               [32m+[0m[0m secretNamespace = "openshift-ingress"
TestRunBankingSolutions 2025-12-10T12:25:40+05:30 logger.go:67:               [32m+[0m[0m type            = "public"
TestRunBankingSolutions 2025-12-10T12:25:40+05:30 logger.go:67:             }
TestRunBankingSolutions 2025-12-10T12:25:40+05:30 logger.go:67:         )
TestRunBankingSolutions 2025-12-10T12:25:40+05:30 logger.go:67:       [32m+[0m[0m destroy_method            = "GET"
TestRunBankingSolutions 2025-12-10T12:25:40+05:30 logger.go:67:       [32m+[0m[0m destroy_path              = "/v2/nlb-dns/getNlbDetails?cluster=rag-da-tj2una&nlbSubdomain={id}"
TestRunBankingSolutions 2025-12-10T12:25:40+05:30 logger.go:67:       [32m+[0m[0m id                        = (known after apply)
TestRunBankingSolutions 2025-12-10T12:25:40+05:30 logger.go:67:       [32m+[0m[0m id_attribute              = "nlbSubdomain"
TestRunBankingSolutions 2025-12-10T12:25:40+05:30 logger.go:67:       [32m+[0m[0m ignore_all_server_changes = false
TestRunBankingSolutions 2025-12-10T12:25:40+05:30 logger.go:67:       [32m+[0m[0m path                      = "/v2/nlb-dns/getNlbDetails"
TestRunBankingSolutions 2025-12-10T12:25:40+05:30 logger.go:67:       [32m+[0m[0m read_method               = "GET"
TestRunBankingSolutions 2025-12-10T12:25:40+05:30 logger.go:67:       [32m+[0m[0m read_path                 = "/v2/nlb-dns/getNlbDetails?cluster=rag-da-tj2una&nlbSubdomain={id}"
TestRunBankingSolutions 2025-12-10T12:25:40+05:30 logger.go:67:       [32m+[0m[0m update_method             = "GET"
TestRunBankingSolutions 2025-12-10T12:25:40+05:30 logger.go:67:       [32m+[0m[0m update_path               = "/v2/nlb-dns/getNlbDetails?cluster=rag-da-tj2una&nlbSubdomain={id}"
TestRunBankingSolutions 2025-12-10T12:25:40+05:30 logger.go:67:     }
TestRunBankingSolutions 2025-12-10T12:25:40+05:30 logger.go:67: 
TestRunBankingSolutions 2025-12-10T12:25:40+05:30 logger.go:67: [1m  # module.cluster_ingress[0].restapi_object.workload_nlb_dns_cleanup[0m will be created
TestRunBankingSolutions 2025-12-10T12:25:40+05:30 logger.go:67: [0m  [32m+[0m[0m resource "restapi_object" "workload_nlb_dns_cleanup" {
TestRunBankingSolutions 2025-12-10T12:25:40+05:30 logger.go:67:       [32m+[0m[0m api_data                  = (known after apply)
TestRunBankingSolutions 2025-12-10T12:25:40+05:30 logger.go:67:       [32m+[0m[0m api_response              = (known after apply)
TestRunBankingSolutions 2025-12-10T12:25:40+05:30 logger.go:67:       [32m+[0m[0m create_method             = "POST"
TestRunBankingSolutions 2025-12-10T12:25:40+05:30 logger.go:67:       [32m+[0m[0m create_path               = "/v2/nlb-dns/vpc/replaceLBHostname"
TestRunBankingSolutions 2025-12-10T12:25:40+05:30 logger.go:67:       [32m+[0m[0m create_response           = (known after apply)
TestRunBankingSolutions 2025-12-10T12:25:40+05:30 logger.go:67:       [32m+[0m[0m data                      = (known after apply)
TestRunBankingSolutions 2025-12-10T12:25:40+05:30 logger.go:67:       [32m+[0m[0m destroy_data              = (known after apply)
TestRunBankingSolutions 2025-12-10T12:25:40+05:30 logger.go:67:       [32m+[0m[0m destroy_method            = "POST"
TestRunBankingSolutions 2025-12-10T12:25:40+05:30 logger.go:67:       [32m+[0m[0m destroy_path              = "/ingress/v2/dns/deleteDomain"
TestRunBankingSolutions 2025-12-10T12:25:40+05:30 logger.go:67:       [32m+[0m[0m id                        = (known after apply)
TestRunBankingSolutions 2025-12-10T12:25:40+05:30 logger.go:67:       [32m+[0m[0m ignore_all_server_changes = false
TestRunBankingSolutions 2025-12-10T12:25:40+05:30 logger.go:67:       [32m+[0m[0m object_id                 = (known after apply)
TestRunBankingSolutions 2025-12-10T12:25:40+05:30 logger.go:67:       [32m+[0m[0m path                      = "/v2/nlb-dns/getNlbDetails"
TestRunBankingSolutions 2025-12-10T12:25:40+05:30 logger.go:67:       [32m+[0m[0m query_string              = (known after apply)
TestRunBankingSolutions 2025-12-10T12:25:40+05:30 logger.go:67:       [32m+[0m[0m read_method               = "GET"
TestRunBankingSolutions 2025-12-10T12:25:40+05:30 logger.go:67:       [32m+[0m[0m read_path                 = "/v2/nlb-dns/getNlbDetails"
TestRunBankingSolutions 2025-12-10T12:25:40+05:30 logger.go:67:       [32m+[0m[0m update_data               = (known after apply)
TestRunBankingSolutions 2025-12-10T12:25:40+05:30 logger.go:67:       [32m+[0m[0m update_method             = "POST"
TestRunBankingSolutions 2025-12-10T12:25:40+05:30 logger.go:67:       [32m+[0m[0m update_path               = "/v2/nlb-dns/vpc/replaceLBHostname"
TestRunBankingSolutions 2025-12-10T12:25:40+05:30 logger.go:67:     }
TestRunBankingSolutions 2025-12-10T12:25:40+05:30 logger.go:67: 
TestRunBankingSolutions 2025-12-10T12:25:40+05:30 logger.go:67: [1m  # module.cluster_ingress[0].restapi_object.workload_nlb_dns_patch[0m will be created
TestRunBankingSolutions 2025-12-10T12:25:40+05:30 logger.go:67: [0m  [32m+[0m[0m resource "restapi_object" "workload_nlb_dns_patch" {
TestRunBankingSolutions 2025-12-10T12:25:40+05:30 logger.go:67:       [32m+[0m[0m api_data                  = (known after apply)
TestRunBankingSolutions 2025-12-10T12:25:40+05:30 logger.go:67:       [32m+[0m[0m api_response              = (known after apply)
TestRunBankingSolutions 2025-12-10T12:25:40+05:30 logger.go:67:       [32m+[0m[0m create_method             = "POST"
TestRunBankingSolutions 2025-12-10T12:25:40+05:30 logger.go:67:       [32m+[0m[0m create_path               = "/v2/nlb-dns/vpc/replaceLBHostname"
TestRunBankingSolutions 2025-12-10T12:25:40+05:30 logger.go:67:       [32m+[0m[0m create_response           = (known after apply)
TestRunBankingSolutions 2025-12-10T12:25:40+05:30 logger.go:67:       [32m+[0m[0m data                      = (known after apply)
TestRunBankingSolutions 2025-12-10T12:25:40+05:30 logger.go:67:       [32m+[0m[0m destroy_data              = (known after apply)
TestRunBankingSolutions 2025-12-10T12:25:40+05:30 logger.go:67:       [32m+[0m[0m destroy_method            = "POST"
TestRunBankingSolutions 2025-12-10T12:25:40+05:30 logger.go:67:       [32m+[0m[0m destroy_path              = "/v2/nlb-dns/deleteSecret"
TestRunBankingSolutions 2025-12-10T12:25:40+05:30 logger.go:67:       [32m+[0m[0m id                        = (known after apply)
TestRunBankingSolutions 2025-12-10T12:25:40+05:30 logger.go:67:       [32m+[0m[0m ignore_all_server_changes = false
TestRunBankingSolutions 2025-12-10T12:25:40+05:30 logger.go:67:       [32m+[0m[0m object_id                 = (known after apply)
TestRunBankingSolutions 2025-12-10T12:25:40+05:30 logger.go:67:       [32m+[0m[0m path                      = "/v2/nlb-dns/getNlbDetails"
TestRunBankingSolutions 2025-12-10T12:25:40+05:30 logger.go:67:       [32m+[0m[0m query_string              = (known after apply)
TestRunBankingSolutions 2025-12-10T12:25:40+05:30 logger.go:67:       [32m+[0m[0m read_method               = "GET"
TestRunBankingSolutions 2025-12-10T12:25:40+05:30 logger.go:67:       [32m+[0m[0m read_path                 = "/v2/nlb-dns/getNlbDetails"
TestRunBankingSolutions 2025-12-10T12:25:40+05:30 logger.go:67:       [32m+[0m[0m update_data               = (known after apply)
TestRunBankingSolutions 2025-12-10T12:25:40+05:30 logger.go:67:       [32m+[0m[0m update_method             = "POST"
TestRunBankingSolutions 2025-12-10T12:25:40+05:30 logger.go:67:       [32m+[0m[0m update_path               = "/v2/nlb-dns/vpc/replaceLBHostname"
TestRunBankingSolutions 2025-12-10T12:25:40+05:30 logger.go:67:     }
TestRunBankingSolutions 2025-12-10T12:25:40+05:30 logger.go:67: 
TestRunBankingSolutions 2025-12-10T12:25:40+05:30 logger.go:67: [1m  # module.cluster_ingress[0].time_sleep.wait_for_alb_provisioning[0m will be created
TestRunBankingSolutions 2025-12-10T12:25:40+05:30 logger.go:67: [0m  [32m+[0m[0m resource "time_sleep" "wait_for_alb_provisioning" {
TestRunBankingSolutions 2025-12-10T12:25:40+05:30 logger.go:67:       [32m+[0m[0m create_duration  = "10m"
TestRunBankingSolutions 2025-12-10T12:25:40+05:30 logger.go:67:       [32m+[0m[0m destroy_duration = "5s"
TestRunBankingSolutions 2025-12-10T12:25:40+05:30 logger.go:67:       [32m+[0m[0m id               = (known after apply)
TestRunBankingSolutions 2025-12-10T12:25:40+05:30 logger.go:67:     }
TestRunBankingSolutions 2025-12-10T12:25:40+05:30 logger.go:67: 
TestRunBankingSolutions 2025-12-10T12:25:40+05:30 logger.go:67: [1m  # module.cluster_ingress[0].time_sleep.wait_for_ingress_provisioning[0m will be created
TestRunBankingSolutions 2025-12-10T12:25:40+05:30 logger.go:67: [0m  [32m+[0m[0m resource "time_sleep" "wait_for_ingress_provisioning" {
TestRunBankingSolutions 2025-12-10T12:25:40+05:30 logger.go:67:       [32m+[0m[0m create_duration  = "7m"
TestRunBankingSolutions 2025-12-10T12:25:40+05:30 logger.go:67:       [32m+[0m[0m destroy_duration = "5s"
TestRunBankingSolutions 2025-12-10T12:25:40+05:30 logger.go:67:       [32m+[0m[0m id               = (known after apply)
TestRunBankingSolutions 2025-12-10T12:25:40+05:30 logger.go:67:       [32m+[0m[0m triggers         = {
TestRunBankingSolutions 2025-12-10T12:25:40+05:30 logger.go:67:           [32m+[0m[0m "ingress_uid" = (known after apply)
TestRunBankingSolutions 2025-12-10T12:25:40+05:30 logger.go:67:         }
TestRunBankingSolutions 2025-12-10T12:25:40+05:30 logger.go:67:     }
TestRunBankingSolutions 2025-12-10T12:25:40+05:30 logger.go:67: 
TestRunBankingSolutions 2025-12-10T12:25:40+05:30 logger.go:67: [1m  # module.configure_discovery_project[0].null_resource.discovery_file_upload[0m will be created
TestRunBankingSolutions 2025-12-10T12:25:40+05:30 logger.go:67: [0m  [32m+[0m[0m resource "null_resource" "discovery_file_upload" {
TestRunBankingSolutions 2025-12-10T12:25:40+05:30 logger.go:67:       [32m+[0m[0m id       = (known after apply)
TestRunBankingSolutions 2025-12-10T12:25:40+05:30 logger.go:67:       [32m+[0m[0m triggers = {
TestRunBankingSolutions 2025-12-10T12:25:40+05:30 logger.go:67:           [32m+[0m[0m "always_run" = (known after apply)
TestRunBankingSolutions 2025-12-10T12:25:40+05:30 logger.go:67:         }
TestRunBankingSolutions 2025-12-10T12:25:40+05:30 logger.go:67:     }
TestRunBankingSolutions 2025-12-10T12:25:40+05:30 logger.go:67: 
TestRunBankingSolutions 2025-12-10T12:25:40+05:30 logger.go:67: [1m  # module.configure_discovery_project[0].restapi_object.configure_discovery_collection[0m will be created
TestRunBankingSolutions 2025-12-10T12:25:40+05:30 logger.go:67: [0m  [32m+[0m[0m resource "restapi_object" "configure_discovery_collection" {
TestRunBankingSolutions 2025-12-10T12:25:40+05:30 logger.go:67:       [32m+[0m[0m api_data                  = (known after apply)
TestRunBankingSolutions 2025-12-10T12:25:40+05:30 logger.go:67:       [32m+[0m[0m api_response              = (known after apply)
TestRunBankingSolutions 2025-12-10T12:25:40+05:30 logger.go:67:       [32m+[0m[0m create_method             = "POST"
TestRunBankingSolutions 2025-12-10T12:25:40+05:30 logger.go:67:       [32m+[0m[0m create_path               = (known after apply)
TestRunBankingSolutions 2025-12-10T12:25:40+05:30 logger.go:67:       [32m+[0m[0m create_response           = (known after apply)
TestRunBankingSolutions 2025-12-10T12:25:40+05:30 logger.go:67:       [32m+[0m[0m data                      = jsonencode(
TestRunBankingSolutions 2025-12-10T12:25:40+05:30 logger.go:67:             {
TestRunBankingSolutions 2025-12-10T12:25:40+05:30 logger.go:67:               [32m+[0m[0m description = "Sample data"
TestRunBankingSolutions 2025-12-10T12:25:40+05:30 logger.go:67:               [32m+[0m[0m name        = "rag-da-tj2una-gen-ai-rag-sample-app-data"
TestRunBankingSolutions 2025-12-10T12:25:40+05:30 logger.go:67:             }
TestRunBankingSolutions 2025-12-10T12:25:40+05:30 logger.go:67:         )
TestRunBankingSolutions 2025-12-10T12:25:40+05:30 logger.go:67:       [32m+[0m[0m destroy_method            = "DELETE"
TestRunBankingSolutions 2025-12-10T12:25:40+05:30 logger.go:67:       [32m+[0m[0m destroy_path              = (known after apply)
TestRunBankingSolutions 2025-12-10T12:25:40+05:30 logger.go:67:       [32m+[0m[0m id                        = (known after apply)
TestRunBankingSolutions 2025-12-10T12:25:40+05:30 logger.go:67:       [32m+[0m[0m id_attribute              = "collection_id"
TestRunBankingSolutions 2025-12-10T12:25:40+05:30 logger.go:67:       [32m+[0m[0m ignore_all_server_changes = false
TestRunBankingSolutions 2025-12-10T12:25:40+05:30 logger.go:67:       [32m+[0m[0m path                      = "//api.us-south.discovery.watson.cloud.ibm.com/instances/1443f64b-f7a4-4336-a6fd-867fd01f1aaf"
TestRunBankingSolutions 2025-12-10T12:25:40+05:30 logger.go:67:       [32m+[0m[0m read_method               = "GET"
TestRunBankingSolutions 2025-12-10T12:25:40+05:30 logger.go:67:       [32m+[0m[0m read_path                 = (known after apply)
TestRunBankingSolutions 2025-12-10T12:25:40+05:30 logger.go:67:       [32m+[0m[0m update_data               = jsonencode(
TestRunBankingSolutions 2025-12-10T12:25:40+05:30 logger.go:67:             {
TestRunBankingSolutions 2025-12-10T12:25:40+05:30 logger.go:67:               [32m+[0m[0m description = "Sample data"
TestRunBankingSolutions 2025-12-10T12:25:40+05:30 logger.go:67:               [32m+[0m[0m name        = "rag-da-tj2una-gen-ai-rag-sample-app-data"
TestRunBankingSolutions 2025-12-10T12:25:40+05:30 logger.go:67:             }
TestRunBankingSolutions 2025-12-10T12:25:40+05:30 logger.go:67:         )
TestRunBankingSolutions 2025-12-10T12:25:40+05:30 logger.go:67:       [32m+[0m[0m update_method             = "POST"
TestRunBankingSolutions 2025-12-10T12:25:40+05:30 logger.go:67:       [32m+[0m[0m update_path               = (known after apply)
TestRunBankingSolutions 2025-12-10T12:25:40+05:30 logger.go:67:     }
TestRunBankingSolutions 2025-12-10T12:25:40+05:30 logger.go:67: 
TestRunBankingSolutions 2025-12-10T12:25:40+05:30 logger.go:67: [1m  # module.configure_discovery_project[0].restapi_object.configure_discovery_project[0m will be created
TestRunBankingSolutions 2025-12-10T12:25:40+05:30 logger.go:67: [0m  [32m+[0m[0m resource "restapi_object" "configure_discovery_project" {
TestRunBankingSolutions 2025-12-10T12:25:40+05:30 logger.go:67:       [32m+[0m[0m api_data                  = (known after apply)
TestRunBankingSolutions 2025-12-10T12:25:40+05:30 logger.go:67:       [32m+[0m[0m api_response              = (known after apply)
TestRunBankingSolutions 2025-12-10T12:25:40+05:30 logger.go:67:       [32m+[0m[0m create_method             = "POST"
TestRunBankingSolutions 2025-12-10T12:25:40+05:30 logger.go:67:       [32m+[0m[0m create_path               = "//api.us-south.discovery.watson.cloud.ibm.com/instances/1443f64b-f7a4-4336-a6fd-867fd01f1aaf/v2/projects?version=2023-03-31"
TestRunBankingSolutions 2025-12-10T12:25:40+05:30 logger.go:67:       [32m+[0m[0m create_response           = (known after apply)
TestRunBankingSolutions 2025-12-10T12:25:40+05:30 logger.go:67:       [32m+[0m[0m data                      = jsonencode(
TestRunBankingSolutions 2025-12-10T12:25:40+05:30 logger.go:67:             {
TestRunBankingSolutions 2025-12-10T12:25:40+05:30 logger.go:67:               [32m+[0m[0m name = "rag-da-tj2una-gen-ai-rag-sample-app-project"
TestRunBankingSolutions 2025-12-10T12:25:40+05:30 logger.go:67:               [32m+[0m[0m type = "document_retrieval"
TestRunBankingSolutions 2025-12-10T12:25:40+05:30 logger.go:67:             }
TestRunBankingSolutions 2025-12-10T12:25:40+05:30 logger.go:67:         )
TestRunBankingSolutions 2025-12-10T12:25:40+05:30 logger.go:67:       [32m+[0m[0m destroy_method            = "DELETE"
TestRunBankingSolutions 2025-12-10T12:25:40+05:30 logger.go:67:       [32m+[0m[0m destroy_path              = "//api.us-south.discovery.watson.cloud.ibm.com/instances/1443f64b-f7a4-4336-a6fd-867fd01f1aaf/v2/projects/{id}?version=2023-03-31"
TestRunBankingSolutions 2025-12-10T12:25:40+05:30 logger.go:67:       [32m+[0m[0m id                        = (known after apply)
TestRunBankingSolutions 2025-12-10T12:25:40+05:30 logger.go:67:       [32m+[0m[0m id_attribute              = "project_id"
TestRunBankingSolutions 2025-12-10T12:25:40+05:30 logger.go:67:       [32m+[0m[0m ignore_all_server_changes = false
TestRunBankingSolutions 2025-12-10T12:25:40+05:30 logger.go:67:       [32m+[0m[0m path                      = "//api.us-south.discovery.watson.cloud.ibm.com/instances/1443f64b-f7a4-4336-a6fd-867fd01f1aaf"
TestRunBankingSolutions 2025-12-10T12:25:40+05:30 logger.go:67:       [32m+[0m[0m read_method               = "GET"
TestRunBankingSolutions 2025-12-10T12:25:40+05:30 logger.go:67:       [32m+[0m[0m read_path                 = "//api.us-south.discovery.watson.cloud.ibm.com/instances/1443f64b-f7a4-4336-a6fd-867fd01f1aaf/v2/projects/{id}?version=2023-03-31"
TestRunBankingSolutions 2025-12-10T12:25:40+05:30 logger.go:67:       [32m+[0m[0m update_data               = jsonencode(
TestRunBankingSolutions 2025-12-10T12:25:40+05:30 logger.go:67:             {
TestRunBankingSolutions 2025-12-10T12:25:40+05:30 logger.go:67:               [32m+[0m[0m name = "rag-da-tj2una-gen-ai-rag-sample-app-project"
TestRunBankingSolutions 2025-12-10T12:25:40+05:30 logger.go:67:               [32m+[0m[0m type = "document_retrieval"
TestRunBankingSolutions 2025-12-10T12:25:40+05:30 logger.go:67:             }
TestRunBankingSolutions 2025-12-10T12:25:40+05:30 logger.go:67:         )
TestRunBankingSolutions 2025-12-10T12:25:40+05:30 logger.go:67:       [32m+[0m[0m update_method             = "POST"
TestRunBankingSolutions 2025-12-10T12:25:40+05:30 logger.go:67:       [32m+[0m[0m update_path               = "//api.us-south.discovery.watson.cloud.ibm.com/instances/1443f64b-f7a4-4336-a6fd-867fd01f1aaf/v2/projects/{id}?version=2023-03-31"
TestRunBankingSolutions 2025-12-10T12:25:40+05:30 logger.go:67:     }
TestRunBankingSolutions 2025-12-10T12:25:40+05:30 logger.go:67: 
TestRunBankingSolutions 2025-12-10T12:25:40+05:30 logger.go:67: [1m  # module.configure_watson_assistant.data.restapi_object.get_assistant_environment[0m will be read during apply
TestRunBankingSolutions 2025-12-10T12:25:40+05:30 logger.go:67:   # (config refers to values not yet known)
TestRunBankingSolutions 2025-12-10T12:25:40+05:30 logger.go:67: [0m [36m<=[0m[0m data "restapi_object" "get_assistant_environment" {
TestRunBankingSolutions 2025-12-10T12:25:40+05:30 logger.go:67:       [32m+[0m[0m api_data     = (known after apply)
TestRunBankingSolutions 2025-12-10T12:25:40+05:30 logger.go:67:       [32m+[0m[0m api_response = (known after apply)
TestRunBankingSolutions 2025-12-10T12:25:40+05:30 logger.go:67:       [32m+[0m[0m id           = (known after apply)
TestRunBankingSolutions 2025-12-10T12:25:40+05:30 logger.go:67:       [32m+[0m[0m id_attribute = "environment_id"
TestRunBankingSolutions 2025-12-10T12:25:40+05:30 logger.go:67:       [32m+[0m[0m path         = (known after apply)
TestRunBankingSolutions 2025-12-10T12:25:40+05:30 logger.go:67:       [32m+[0m[0m query_string = "version=2023-06-15"
TestRunBankingSolutions 2025-12-10T12:25:40+05:30 logger.go:67:       [32m+[0m[0m results_key  = "environments"
TestRunBankingSolutions 2025-12-10T12:25:40+05:30 logger.go:67:       [32m+[0m[0m search_key   = "name"
TestRunBankingSolutions 2025-12-10T12:25:40+05:30 logger.go:67:       [32m+[0m[0m search_value = "draft"
TestRunBankingSolutions 2025-12-10T12:25:40+05:30 logger.go:67:     }
TestRunBankingSolutions 2025-12-10T12:25:40+05:30 logger.go:67: 
TestRunBankingSolutions 2025-12-10T12:25:40+05:30 logger.go:67: [1m  # module.configure_watson_assistant.data.restapi_object.get_assistant_environment_after_update[0m will be read during apply
TestRunBankingSolutions 2025-12-10T12:25:40+05:30 logger.go:67:   # (config refers to values not yet known)
TestRunBankingSolutions 2025-12-10T12:25:40+05:30 logger.go:67: [0m [36m<=[0m[0m data "restapi_object" "get_assistant_environment_after_update" {
TestRunBankingSolutions 2025-12-10T12:25:40+05:30 logger.go:67:       [32m+[0m[0m api_data     = (known after apply)
TestRunBankingSolutions 2025-12-10T12:25:40+05:30 logger.go:67:       [32m+[0m[0m api_response = (known after apply)
TestRunBankingSolutions 2025-12-10T12:25:40+05:30 logger.go:67:       [32m+[0m[0m id           = (known after apply)
TestRunBankingSolutions 2025-12-10T12:25:40+05:30 logger.go:67:       [32m+[0m[0m id_attribute = "environment_id"
TestRunBankingSolutions 2025-12-10T12:25:40+05:30 logger.go:67:       [32m+[0m[0m path         = (known after apply)
TestRunBankingSolutions 2025-12-10T12:25:40+05:30 logger.go:67:       [32m+[0m[0m query_string = "version=2023-06-15"
TestRunBankingSolutions 2025-12-10T12:25:40+05:30 logger.go:67:       [32m+[0m[0m results_key  = "environments"
TestRunBankingSolutions 2025-12-10T12:25:40+05:30 logger.go:67:       [32m+[0m[0m search_key   = "name"
TestRunBankingSolutions 2025-12-10T12:25:40+05:30 logger.go:67:       [32m+[0m[0m search_value = "draft"
TestRunBankingSolutions 2025-12-10T12:25:40+05:30 logger.go:67:     }
TestRunBankingSolutions 2025-12-10T12:25:40+05:30 logger.go:67: 
TestRunBankingSolutions 2025-12-10T12:25:40+05:30 logger.go:67: [1m  # module.configure_watson_assistant.shell_script.watson_assistant[0m will be created
TestRunBankingSolutions 2025-12-10T12:25:40+05:30 logger.go:67: [0m  [32m+[0m[0m resource "shell_script" "watson_assistant" {
TestRunBankingSolutions 2025-12-10T12:25:40+05:30 logger.go:67:       [32m+[0m[0m dirty                 = false
TestRunBankingSolutions 2025-12-10T12:25:40+05:30 logger.go:67:       [32m+[0m[0m environment           = {
TestRunBankingSolutions 2025-12-10T12:25:40+05:30 logger.go:67:           [32m+[0m[0m "WATSON_ASSISTANT_API_VERSION" = "2023-06-15"
TestRunBankingSolutions 2025-12-10T12:25:40+05:30 logger.go:67:           [32m+[0m[0m "WATSON_ASSISTANT_DESCRIPTION" = "Generative AI sample app assistant"
TestRunBankingSolutions 2025-12-10T12:25:40+05:30 logger.go:67:           [32m+[0m[0m "WATSON_ASSISTANT_LANGUAGE"    = "en"
TestRunBankingSolutions 2025-12-10T12:25:40+05:30 logger.go:67:           [32m+[0m[0m "WATSON_ASSISTANT_NAME"        = "rag-da-tj2una-gen-ai-rag-sample-app-assistant"
TestRunBankingSolutions 2025-12-10T12:25:40+05:30 logger.go:67:           [32m+[0m[0m "WATSON_ASSISTANT_URL"         = "https://api.us-south.assistant.watson.cloud.ibm.com/instances/1561d39c-06f1-442a-b1a4-3bed06835dda"
TestRunBankingSolutions 2025-12-10T12:25:40+05:30 logger.go:67:         }
TestRunBankingSolutions 2025-12-10T12:25:40+05:30 logger.go:67:       [32m+[0m[0m id                    = (known after apply)
TestRunBankingSolutions 2025-12-10T12:25:40+05:30 logger.go:67:       [32m+[0m[0m output                = (known after apply)
TestRunBankingSolutions 2025-12-10T12:25:40+05:30 logger.go:67:       [32m+[0m[0m sensitive_environment = (sensitive value)
TestRunBankingSolutions 2025-12-10T12:25:40+05:30 logger.go:67:       [32m+[0m[0m working_directory     = "."
TestRunBankingSolutions 2025-12-10T12:25:40+05:30 logger.go:67: 
TestRunBankingSolutions 2025-12-10T12:25:40+05:30 logger.go:67:       [32m+[0m[0m lifecycle_commands {
TestRunBankingSolutions 2025-12-10T12:25:40+05:30 logger.go:67:           [32m+[0m[0m create = <<-EOT
TestRunBankingSolutions 2025-12-10T12:25:40+05:30 logger.go:67:                 #!/usr/bin/env bash
TestRunBankingSolutions 2025-12-10T12:25:40+05:30 logger.go:67:                 
TestRunBankingSolutions 2025-12-10T12:25:40+05:30 logger.go:67:                 set -e
TestRunBankingSolutions 2025-12-10T12:25:40+05:30 logger.go:67:                 token=$(curl -fLsS -X POST 'https://iam.cloud.ibm.com/identity/token' -H 'Content-Type: application/x-www-form-urlencoded' -d "grant_type=urn:ibm:params:oauth:grant-type:apikey&apikey=$IBMCLOUD_API_KEY" | jq -r '.access_token')
TestRunBankingSolutions 2025-12-10T12:25:40+05:30 logger.go:67:                 
TestRunBankingSolutions 2025-12-10T12:25:40+05:30 logger.go:67:                 OUTPUT=$(curl -fLsS -X POST --location "$WATSON_ASSISTANT_URL/v2/assistants?version=$WATSON_ASSISTANT_API_VERSION" \
TestRunBankingSolutions 2025-12-10T12:25:40+05:30 logger.go:67:                     --header "Authorization: Bearer $token" \
TestRunBankingSolutions 2025-12-10T12:25:40+05:30 logger.go:67:                     --header "Content-Type: application/json" \
TestRunBankingSolutions 2025-12-10T12:25:40+05:30 logger.go:67:                     --data "{\"name\":\"$WATSON_ASSISTANT_NAME\",\"language\":\"$WATSON_ASSISTANT_LANGUAGE\",\"description\":\"$WATSON_ASSISTANT_DESCRIPTION\"}")
TestRunBankingSolutions 2025-12-10T12:25:40+05:30 logger.go:67:                 
TestRunBankingSolutions 2025-12-10T12:25:40+05:30 logger.go:67:                 ASSISTANT_ID=$(echo "$OUTPUT" | jq -r '.assistant_id')
TestRunBankingSolutions 2025-12-10T12:25:40+05:30 logger.go:67:                 ENVIRONMENT_ID=$(echo "$OUTPUT" | jq -r '.assistant_environments[] | select(.name == "draft") | .environment_id')
TestRunBankingSolutions 2025-12-10T12:25:40+05:30 logger.go:67:                 
TestRunBankingSolutions 2025-12-10T12:25:40+05:30 logger.go:67:                 INTEGRATION_ID=$(curl -X GET --retry 3 -flsS --location "$WATSON_ASSISTANT_URL/v2/assistants/$ASSISTANT_ID/environments/$ENVIRONMENT_ID?version=2023-06-15" \
TestRunBankingSolutions 2025-12-10T12:25:40+05:30 logger.go:67:                     --header "Authorization: Bearer $token" \
TestRunBankingSolutions 2025-12-10T12:25:40+05:30 logger.go:67:                     --header "Content-Type: application/json" \
TestRunBankingSolutions 2025-12-10T12:25:40+05:30 logger.go:67:                     | jq -r '.integration_references[] | select(.type == "web_chat") | .integration_id ')
TestRunBankingSolutions 2025-12-10T12:25:40+05:30 logger.go:67:                 
TestRunBankingSolutions 2025-12-10T12:25:40+05:30 logger.go:67:                 jq -nS --arg assistant_id "$ASSISTANT_ID" --arg assistant_integration_id "$INTEGRATION_ID" '{"assistant_integration_id": $assistant_integration_id, "assistant_id": $assistant_id}'
TestRunBankingSolutions 2025-12-10T12:25:40+05:30 logger.go:67:             EOT
TestRunBankingSolutions 2025-12-10T12:25:40+05:30 logger.go:67:           [32m+[0m[0m delete = <<-EOT
TestRunBankingSolutions 2025-12-10T12:25:40+05:30 logger.go:67:                 #!/usr/bin/env bash
TestRunBankingSolutions 2025-12-10T12:25:40+05:30 logger.go:67:                 
TestRunBankingSolutions 2025-12-10T12:25:40+05:30 logger.go:67:                 set -e
TestRunBankingSolutions 2025-12-10T12:25:40+05:30 logger.go:67:                 
TestRunBankingSolutions 2025-12-10T12:25:40+05:30 logger.go:67:                 token=$(curl -fLsS -X POST 'https://iam.cloud.ibm.com/identity/token' -H 'Content-Type: application/x-www-form-urlencoded' -d "grant_type=urn:ibm:params:oauth:grant-type:apikey&apikey=$IBMCLOUD_API_KEY" | jq -r '.access_token')
TestRunBankingSolutions 2025-12-10T12:25:40+05:30 logger.go:67:                 
TestRunBankingSolutions 2025-12-10T12:25:40+05:30 logger.go:67:                 IN=$(cat)
TestRunBankingSolutions 2025-12-10T12:25:40+05:30 logger.go:67:                 EXISTING_ASSISTANT_ID=$(echo "$IN" | jq -r .assistant_id)
TestRunBankingSolutions 2025-12-10T12:25:40+05:30 logger.go:67:                 
TestRunBankingSolutions 2025-12-10T12:25:40+05:30 logger.go:67:                 OUTPUT=$(curl -flsS --retry 3 -X GET --location "$WATSON_ASSISTANT_URL/v2/assistants?version=$WATSON_ASSISTANT_API_VERSION" \
TestRunBankingSolutions 2025-12-10T12:25:40+05:30 logger.go:67:                   --header "Authorization: Bearer $token" \
TestRunBankingSolutions 2025-12-10T12:25:40+05:30 logger.go:67:                   --header "Content-Type: application/json" | jq -r '.assistants[] | select(.assistant_id == "'"$EXISTING_ASSISTANT_ID"'")')
TestRunBankingSolutions 2025-12-10T12:25:40+05:30 logger.go:67:                 
TestRunBankingSolutions 2025-12-10T12:25:40+05:30 logger.go:67:                 if [[ $OUTPUT ]]; then
TestRunBankingSolutions 2025-12-10T12:25:40+05:30 logger.go:67:                   curl -fLsS -X DELETE --location "$WATSON_ASSISTANT_URL/v2/assistants/$EXISTING_ASSISTANT_ID?version=$WATSON_ASSISTANT_API_VERSION" \
TestRunBankingSolutions 2025-12-10T12:25:40+05:30 logger.go:67:                       --header "Authorization: Bearer $token"
TestRunBankingSolutions 2025-12-10T12:25:40+05:30 logger.go:67:                 fi
TestRunBankingSolutions 2025-12-10T12:25:40+05:30 logger.go:67:             EOT
TestRunBankingSolutions 2025-12-10T12:25:40+05:30 logger.go:67:           [32m+[0m[0m read   = <<-EOT
TestRunBankingSolutions 2025-12-10T12:25:40+05:30 logger.go:67:                 #!/usr/bin/env bash
TestRunBankingSolutions 2025-12-10T12:25:40+05:30 logger.go:67:                 
TestRunBankingSolutions 2025-12-10T12:25:40+05:30 logger.go:67:                 set -e
TestRunBankingSolutions 2025-12-10T12:25:40+05:30 logger.go:67:                 
TestRunBankingSolutions 2025-12-10T12:25:40+05:30 logger.go:67:                 token=$(curl -fLsS -X POST 'https://iam.cloud.ibm.com/identity/token' -H 'Content-Type: application/x-www-form-urlencoded' -d "grant_type=urn:ibm:params:oauth:grant-type:apikey&apikey=$IBMCLOUD_API_KEY" | jq -r '.access_token')
TestRunBankingSolutions 2025-12-10T12:25:40+05:30 logger.go:67:                 
TestRunBankingSolutions 2025-12-10T12:25:40+05:30 logger.go:67:                 IN=$(cat)
TestRunBankingSolutions 2025-12-10T12:25:40+05:30 logger.go:67:                 EXISTING_ASSISTANT_ID=$(echo "$IN" | jq -r .assistant_id)
TestRunBankingSolutions 2025-12-10T12:25:40+05:30 logger.go:67:                 
TestRunBankingSolutions 2025-12-10T12:25:40+05:30 logger.go:67:                 OUTPUT=$(curl -X GET --retry 3 -fLsS --location "$WATSON_ASSISTANT_URL/v2/assistants?version=$WATSON_ASSISTANT_API_VERSION" \
TestRunBankingSolutions 2025-12-10T12:25:40+05:30 logger.go:67:                   --header "Authorization: Bearer $token" \
TestRunBankingSolutions 2025-12-10T12:25:40+05:30 logger.go:67:                   --header "Content-Type: application/json" | jq -r '.assistants[] | select(.assistant_id == "'"$EXISTING_ASSISTANT_ID"'")')
TestRunBankingSolutions 2025-12-10T12:25:40+05:30 logger.go:67:                 
TestRunBankingSolutions 2025-12-10T12:25:40+05:30 logger.go:67:                 if [ -z "${OUTPUT}" ]; then
TestRunBankingSolutions 2025-12-10T12:25:40+05:30 logger.go:67:                   exit 1
TestRunBankingSolutions 2025-12-10T12:25:40+05:30 logger.go:67:                 fi
TestRunBankingSolutions 2025-12-10T12:25:40+05:30 logger.go:67:                 
TestRunBankingSolutions 2025-12-10T12:25:40+05:30 logger.go:67:                 ASSISTANT_ID=$(echo "$OUTPUT" | jq -r '.assistant_id')
TestRunBankingSolutions 2025-12-10T12:25:40+05:30 logger.go:67:                 ENVIRONMENT_ID=$(echo "$OUTPUT" | jq -r '.assistant_environments[] | select(.environment == "draft") | .environment_id')
TestRunBankingSolutions 2025-12-10T12:25:40+05:30 logger.go:67:                 
TestRunBankingSolutions 2025-12-10T12:25:40+05:30 logger.go:67:                 INTEGRATION_ID=$(curl -X GET --retry 3 -flsS --location "$WATSON_ASSISTANT_URL/v2/assistants/$ASSISTANT_ID/environments/$ENVIRONMENT_ID?version=$WATSON_ASSISTANT_API_VERSION" \
TestRunBankingSolutions 2025-12-10T12:25:40+05:30 logger.go:67:                     --header "Authorization: Bearer $token" \
TestRunBankingSolutions 2025-12-10T12:25:40+05:30 logger.go:67:                     --header "Content-Type: application/json" \
TestRunBankingSolutions 2025-12-10T12:25:40+05:30 logger.go:67:                     | jq -r '.integration_references[] | select(.type == "web_chat") | .integration_id ')
TestRunBankingSolutions 2025-12-10T12:25:40+05:30 logger.go:67:                 
TestRunBankingSolutions 2025-12-10T12:25:40+05:30 logger.go:67:                 jq -nS --arg assistant_id "$ASSISTANT_ID" --arg assistant_integration_id "$INTEGRATION_ID" '{"assistant_integration_id": $assistant_integration_id, "assistant_id": $assistant_id}'
TestRunBankingSolutions 2025-12-10T12:25:40+05:30 logger.go:67:             EOT
TestRunBankingSolutions 2025-12-10T12:25:40+05:30 logger.go:67:         }
TestRunBankingSolutions 2025-12-10T12:25:40+05:30 logger.go:67:     }
TestRunBankingSolutions 2025-12-10T12:25:40+05:30 logger.go:67: 
TestRunBankingSolutions 2025-12-10T12:25:40+05:30 logger.go:67: [1m  # module.configure_watson_assistant.time_sleep.wait_60_seconds[0m will be created
TestRunBankingSolutions 2025-12-10T12:25:40+05:30 logger.go:67: [0m  [32m+[0m[0m resource "time_sleep" "wait_60_seconds" {
TestRunBankingSolutions 2025-12-10T12:25:40+05:30 logger.go:67:       [32m+[0m[0m create_duration = "60s"
TestRunBankingSolutions 2025-12-10T12:25:40+05:30 logger.go:67:       [32m+[0m[0m id              = (known after apply)
TestRunBankingSolutions 2025-12-10T12:25:40+05:30 logger.go:67:     }
TestRunBankingSolutions 2025-12-10T12:25:40+05:30 logger.go:67: 
TestRunBankingSolutions 2025-12-10T12:25:40+05:30 logger.go:67: [1m  # module.configure_wml_project[0].restapi_object.configure_project[0m will be created
TestRunBankingSolutions 2025-12-10T12:25:40+05:30 logger.go:67: [0m  [32m+[0m[0m resource "restapi_object" "configure_project" {
TestRunBankingSolutions 2025-12-10T12:25:40+05:30 logger.go:67:       [32m+[0m[0m api_data                  = (known after apply)
TestRunBankingSolutions 2025-12-10T12:25:40+05:30 logger.go:67:       [32m+[0m[0m api_response              = (known after apply)
TestRunBankingSolutions 2025-12-10T12:25:40+05:30 logger.go:67:       [32m+[0m[0m create_method             = "POST"
TestRunBankingSolutions 2025-12-10T12:25:40+05:30 logger.go:67:       [32m+[0m[0m create_path               = "//api.dataplatform.cloud.ibm.com/transactional/v2/projects?verify_unique_name=true"
TestRunBankingSolutions 2025-12-10T12:25:40+05:30 logger.go:67:       [32m+[0m[0m create_response           = (known after apply)
TestRunBankingSolutions 2025-12-10T12:25:40+05:30 logger.go:67:       [32m+[0m[0m data                      = (known after apply)
TestRunBankingSolutions 2025-12-10T12:25:40+05:30 logger.go:67:       [32m+[0m[0m destroy_method            = "DELETE"
TestRunBankingSolutions 2025-12-10T12:25:40+05:30 logger.go:67:       [32m+[0m[0m destroy_path              = "//api.dataplatform.cloud.ibm.com/transactional{id}"
TestRunBankingSolutions 2025-12-10T12:25:40+05:30 logger.go:67:       [32m+[0m[0m id                        = (known after apply)
TestRunBankingSolutions 2025-12-10T12:25:40+05:30 logger.go:67:       [32m+[0m[0m id_attribute              = "location"
TestRunBankingSolutions 2025-12-10T12:25:40+05:30 logger.go:67:       [32m+[0m[0m ignore_all_server_changes = false
TestRunBankingSolutions 2025-12-10T12:25:40+05:30 logger.go:67:       [32m+[0m[0m path                      = "//api.dataplatform.cloud.ibm.com"
TestRunBankingSolutions 2025-12-10T12:25:40+05:30 logger.go:67:       [32m+[0m[0m read_method               = "GET"
TestRunBankingSolutions 2025-12-10T12:25:40+05:30 logger.go:67:       [32m+[0m[0m read_path                 = "//api.dataplatform.cloud.ibm.com{id}"
TestRunBankingSolutions 2025-12-10T12:25:40+05:30 logger.go:67:       [32m+[0m[0m update_data               = jsonencode(
TestRunBankingSolutions 2025-12-10T12:25:40+05:30 logger.go:67:             {
TestRunBankingSolutions 2025-12-10T12:25:40+05:30 logger.go:67:               [32m+[0m[0m compute     = [
TestRunBankingSolutions 2025-12-10T12:25:40+05:30 logger.go:67:                   [32m+[0m[0m {
TestRunBankingSolutions 2025-12-10T12:25:40+05:30 logger.go:67:                       [32m+[0m[0m credentials = {}
TestRunBankingSolutions 2025-12-10T12:25:40+05:30 logger.go:67:                       [32m+[0m[0m crn         = "crn:v1:bluemix:public:pm-20:us-south:a/abac0df06b644a9cabc6e44f55b3880e:8a9676c7-a3cc-4170-aef6-310322720dd0::"
TestRunBankingSolutions 2025-12-10T12:25:40+05:30 logger.go:67:                       [32m+[0m[0m guid        = "8a9676c7-a3cc-4170-aef6-310322720dd0"
TestRunBankingSolutions 2025-12-10T12:25:40+05:30 logger.go:67:                       [32m+[0m[0m name        = "rag-da-tj2una-watson-machine-learning-instance"
TestRunBankingSolutions 2025-12-10T12:25:40+05:30 logger.go:67:                       [32m+[0m[0m type        = "machine_learning"
TestRunBankingSolutions 2025-12-10T12:25:40+05:30 logger.go:67:                     },
TestRunBankingSolutions 2025-12-10T12:25:40+05:30 logger.go:67:                 ]
TestRunBankingSolutions 2025-12-10T12:25:40+05:30 logger.go:67:               [32m+[0m[0m description = "WatsonX AI project for RAG pattern sample app"
TestRunBankingSolutions 2025-12-10T12:25:40+05:30 logger.go:67:               [32m+[0m[0m name        = "rag-da-tj2una-RAG-sample-project"
TestRunBankingSolutions 2025-12-10T12:25:40+05:30 logger.go:67:               [32m+[0m[0m public      = true
TestRunBankingSolutions 2025-12-10T12:25:40+05:30 logger.go:67:               [32m+[0m[0m type        = "wx"
TestRunBankingSolutions 2025-12-10T12:25:40+05:30 logger.go:67:             }
TestRunBankingSolutions 2025-12-10T12:25:40+05:30 logger.go:67:         )
TestRunBankingSolutions 2025-12-10T12:25:40+05:30 logger.go:67:       [32m+[0m[0m update_method             = "PATCH"
TestRunBankingSolutions 2025-12-10T12:25:40+05:30 logger.go:67:       [32m+[0m[0m update_path               = "//api.dataplatform.cloud.ibm.com{id}"
TestRunBankingSolutions 2025-12-10T12:25:40+05:30 logger.go:67:     }
TestRunBankingSolutions 2025-12-10T12:25:40+05:30 logger.go:67: 
TestRunBankingSolutions 2025-12-10T12:25:40+05:30 logger.go:67: [1m  # module.configure_wml_project[0].module.cos.module.cos_instance[0].ibm_resource_instance.cos_instance[0][0m will be created
TestRunBankingSolutions 2025-12-10T12:25:40+05:30 logger.go:67: [0m  [32m+[0m[0m resource "ibm_resource_instance" "cos_instance" {
TestRunBankingSolutions 2025-12-10T12:25:40+05:30 logger.go:67:       [32m+[0m[0m account_id              = (known after apply)
TestRunBankingSolutions 2025-12-10T12:25:40+05:30 logger.go:67:       [32m+[0m[0m allow_cleanup           = (known after apply)
TestRunBankingSolutions 2025-12-10T12:25:40+05:30 logger.go:67:       [32m+[0m[0m created_at              = (known after apply)
TestRunBankingSolutions 2025-12-10T12:25:40+05:30 logger.go:67:       [32m+[0m[0m created_by              = (known after apply)
TestRunBankingSolutions 2025-12-10T12:25:40+05:30 logger.go:67:       [32m+[0m[0m crn                     = (known after apply)
TestRunBankingSolutions 2025-12-10T12:25:40+05:30 logger.go:67:       [32m+[0m[0m dashboard_url           = (known after apply)
TestRunBankingSolutions 2025-12-10T12:25:40+05:30 logger.go:67:       [32m+[0m[0m deleted_at              = (known after apply)
TestRunBankingSolutions 2025-12-10T12:25:40+05:30 logger.go:67:       [32m+[0m[0m deleted_by              = (known after apply)
TestRunBankingSolutions 2025-12-10T12:25:40+05:30 logger.go:67:       [32m+[0m[0m extensions              = (known after apply)
TestRunBankingSolutions 2025-12-10T12:25:40+05:30 logger.go:67:       [32m+[0m[0m guid                    = (known after apply)
TestRunBankingSolutions 2025-12-10T12:25:40+05:30 logger.go:67:       [32m+[0m[0m id                      = (known after apply)
TestRunBankingSolutions 2025-12-10T12:25:40+05:30 logger.go:67:       [32m+[0m[0m last_operation          = (known after apply)
TestRunBankingSolutions 2025-12-10T12:25:40+05:30 logger.go:67:       [32m+[0m[0m location                = "global"
TestRunBankingSolutions 2025-12-10T12:25:40+05:30 logger.go:67:       [32m+[0m[0m locked                  = (known after apply)
TestRunBankingSolutions 2025-12-10T12:25:40+05:30 logger.go:67:       [32m+[0m[0m name                    = "rag-da-tj2una-rag-sample-app-cos"
TestRunBankingSolutions 2025-12-10T12:25:40+05:30 logger.go:67:       [32m+[0m[0m onetime_credentials     = (known after apply)
TestRunBankingSolutions 2025-12-10T12:25:40+05:30 logger.go:67:       [32m+[0m[0m plan                    = "standard"
TestRunBankingSolutions 2025-12-10T12:25:40+05:30 logger.go:67:       [32m+[0m[0m plan_history            = (known after apply)
TestRunBankingSolutions 2025-12-10T12:25:40+05:30 logger.go:67:       [32m+[0m[0m resource_aliases_url    = (known after apply)
TestRunBankingSolutions 2025-12-10T12:25:40+05:30 logger.go:67:       [32m+[0m[0m resource_bindings_url   = (known after apply)
TestRunBankingSolutions 2025-12-10T12:25:40+05:30 logger.go:67:       [32m+[0m[0m resource_controller_url = (known after apply)
TestRunBankingSolutions 2025-12-10T12:25:40+05:30 logger.go:67:       [32m+[0m[0m resource_crn            = (known after apply)
TestRunBankingSolutions 2025-12-10T12:25:40+05:30 logger.go:67:       [32m+[0m[0m resource_group_crn      = (known after apply)
TestRunBankingSolutions 2025-12-10T12:25:40+05:30 logger.go:67:       [32m+[0m[0m resource_group_id       = "2c229fbcb1934d18b91bd6ec366cb260"
TestRunBankingSolutions 2025-12-10T12:25:40+05:30 logger.go:67:       [32m+[0m[0m resource_group_name     = (known after apply)
TestRunBankingSolutions 2025-12-10T12:25:40+05:30 logger.go:67:       [32m+[0m[0m resource_id             = (known after apply)
TestRunBankingSolutions 2025-12-10T12:25:40+05:30 logger.go:67:       [32m+[0m[0m resource_keys_url       = (known after apply)
TestRunBankingSolutions 2025-12-10T12:25:40+05:30 logger.go:67:       [32m+[0m[0m resource_name           = (known after apply)
TestRunBankingSolutions 2025-12-10T12:25:40+05:30 logger.go:67:       [32m+[0m[0m resource_plan_id        = (known after apply)
TestRunBankingSolutions 2025-12-10T12:25:40+05:30 logger.go:67:       [32m+[0m[0m resource_status         = (known after apply)
TestRunBankingSolutions 2025-12-10T12:25:40+05:30 logger.go:67:       [32m+[0m[0m restored_at             = (known after apply)
TestRunBankingSolutions 2025-12-10T12:25:40+05:30 logger.go:67:       [32m+[0m[0m restored_by             = (known after apply)
TestRunBankingSolutions 2025-12-10T12:25:40+05:30 logger.go:67:       [32m+[0m[0m scheduled_reclaim_at    = (known after apply)
TestRunBankingSolutions 2025-12-10T12:25:40+05:30 logger.go:67:       [32m+[0m[0m scheduled_reclaim_by    = (known after apply)
TestRunBankingSolutions 2025-12-10T12:25:40+05:30 logger.go:67:       [32m+[0m[0m service                 = "cloud-object-storage"
TestRunBankingSolutions 2025-12-10T12:25:40+05:30 logger.go:67:       [32m+[0m[0m service_endpoints       = (known after apply)
TestRunBankingSolutions 2025-12-10T12:25:40+05:30 logger.go:67:       [32m+[0m[0m state                   = (known after apply)
TestRunBankingSolutions 2025-12-10T12:25:40+05:30 logger.go:67:       [32m+[0m[0m status                  = (known after apply)
TestRunBankingSolutions 2025-12-10T12:25:40+05:30 logger.go:67:       [32m+[0m[0m sub_type                = (known after apply)
TestRunBankingSolutions 2025-12-10T12:25:40+05:30 logger.go:67:       [32m+[0m[0m tags                    = (known after apply)
TestRunBankingSolutions 2025-12-10T12:25:40+05:30 logger.go:67:       [32m+[0m[0m target_crn              = (known after apply)
TestRunBankingSolutions 2025-12-10T12:25:40+05:30 logger.go:67:       [32m+[0m[0m type                    = (known after apply)
TestRunBankingSolutions 2025-12-10T12:25:40+05:30 logger.go:67:       [32m+[0m[0m update_at               = (known after apply)
TestRunBankingSolutions 2025-12-10T12:25:40+05:30 logger.go:67:       [32m+[0m[0m update_by               = (known after apply)
TestRunBankingSolutions 2025-12-10T12:25:40+05:30 logger.go:67:     }
TestRunBankingSolutions 2025-12-10T12:25:40+05:30 logger.go:67: 
TestRunBankingSolutions 2025-12-10T12:25:40+05:30 logger.go:67: [1m  # module.configure_wml_project[0].module.cos.module.cos_instance[0].random_string.bucket_name_suffix[0][0m will be created
TestRunBankingSolutions 2025-12-10T12:25:40+05:30 logger.go:67: [0m  [32m+[0m[0m resource "random_string" "bucket_name_suffix" {
TestRunBankingSolutions 2025-12-10T12:25:40+05:30 logger.go:67:       [32m+[0m[0m id          = (known after apply)
TestRunBankingSolutions 2025-12-10T12:25:40+05:30 logger.go:67:       [32m+[0m[0m length      = 4
TestRunBankingSolutions 2025-12-10T12:25:40+05:30 logger.go:67:       [32m+[0m[0m lower       = true
TestRunBankingSolutions 2025-12-10T12:25:40+05:30 logger.go:67:       [32m+[0m[0m min_lower   = 0
TestRunBankingSolutions 2025-12-10T12:25:40+05:30 logger.go:67:       [32m+[0m[0m min_numeric = 0
TestRunBankingSolutions 2025-12-10T12:25:40+05:30 logger.go:67:       [32m+[0m[0m min_special = 0
TestRunBankingSolutions 2025-12-10T12:25:40+05:30 logger.go:67:       [32m+[0m[0m min_upper   = 0
TestRunBankingSolutions 2025-12-10T12:25:40+05:30 logger.go:67:       [32m+[0m[0m number      = true
TestRunBankingSolutions 2025-12-10T12:25:40+05:30 logger.go:67:       [32m+[0m[0m numeric     = true
TestRunBankingSolutions 2025-12-10T12:25:40+05:30 logger.go:67:       [32m+[0m[0m result      = (known after apply)
TestRunBankingSolutions 2025-12-10T12:25:40+05:30 logger.go:67:       [32m+[0m[0m special     = false
TestRunBankingSolutions 2025-12-10T12:25:40+05:30 logger.go:67:       [32m+[0m[0m upper       = false
TestRunBankingSolutions 2025-12-10T12:25:40+05:30 logger.go:67:     }
TestRunBankingSolutions 2025-12-10T12:25:40+05:30 logger.go:67: 
TestRunBankingSolutions 2025-12-10T12:25:40+05:30 logger.go:67: [1mPlan:[0m 32 to add, 0 to change, 0 to destroy.
TestRunBankingSolutions 2025-12-10T12:25:40+05:30 logger.go:67: [0m
TestRunBankingSolutions 2025-12-10T12:25:40+05:30 logger.go:67: Changes to Outputs:
TestRunBankingSolutions 2025-12-10T12:25:40+05:30 logger.go:67:   [32m+[0m[0m cluster_workload_ingress_subdomain = (known after apply)
TestRunBankingSolutions 2025-12-10T12:25:40+05:30 logger.go:67:   [32m+[0m[0m cos_instance_crn                   = (known after apply)
TestRunBankingSolutions 2025-12-10T12:25:40+05:30 logger.go:67:   [32m+[0m[0m elastic_collection_count           = 0
TestRunBankingSolutions 2025-12-10T12:25:40+05:30 logger.go:67:   [32m+[0m[0m sample_app_public_url              = (known after apply)
TestRunBankingSolutions 2025-12-10T12:25:40+05:30 logger.go:67:   [32m+[0m[0m watson_discovery_api_url           = "https://api.us-south.discovery.watson.cloud.ibm.com/instances/1443f64b-f7a4-4336-a6fd-867fd01f1aaf"
TestRunBankingSolutions 2025-12-10T12:25:40+05:30 logger.go:67:   [32m+[0m[0m watson_discovery_project_id        = (known after apply)
TestRunBankingSolutions 2025-12-10T12:25:40+05:30 logger.go:67:   [32m+[0m[0m watsonx_assistant_api_url          = "https://api.us-south.assistant.watson.cloud.ibm.com/instances/1561d39c-06f1-442a-b1a4-3bed06835dda"
TestRunBankingSolutions 2025-12-10T12:25:40+05:30 logger.go:67:   [32m+[0m[0m watsonx_assistant_environment      = (known after apply)
TestRunBankingSolutions 2025-12-10T12:25:40+05:30 logger.go:67:   [32m+[0m[0m watsonx_assistant_integration_id   = (known after apply)
TestRunBankingSolutions 2025-12-10T12:25:40+05:30 logger.go:67:   [32m+[0m[0m watsonx_assistant_skills_status    = {
TestRunBankingSolutions 2025-12-10T12:25:40+05:30 logger.go:67:       [32m+[0m[0m action = [90mnull[0m[0m
TestRunBankingSolutions 2025-12-10T12:25:40+05:30 logger.go:67:       [32m+[0m[0m search = [90mnull[0m[0m
TestRunBankingSolutions 2025-12-10T12:25:40+05:30 logger.go:67:     }
TestRunBankingSolutions 2025-12-10T12:25:40+05:30 logger.go:67:   [32m+[0m[0m watsonx_project_id                 = (known after apply)
TestRunBankingSolutions 2025-12-10T12:25:40+05:30 logger.go:67:   [32m+[0m[0m watsonx_project_url                = (known after apply)
TestRunBankingSolutions 2025-12-10T12:25:40+05:30 logger.go:67: [0m[1mrandom_string.webhook_secret: Creating...[0m[0m
TestRunBankingSolutions 2025-12-10T12:25:40+05:30 logger.go:67: [0m[1mmodule.configure_wml_project[0].module.cos.module.cos_instance[0].random_string.bucket_name_suffix[0]: Creating...[0m[0m
TestRunBankingSolutions 2025-12-10T12:25:40+05:30 logger.go:67: [0m[1mrandom_string.webhook_secret: Creation complete after 0s [id=bhvd7wr2v1knuphrolgwa7d3iy97zlz01048e25jmym2j5as][0m
TestRunBankingSolutions 2025-12-10T12:25:40+05:30 logger.go:67: [0m[1mmodule.configure_wml_project[0].module.cos.module.cos_instance[0].random_string.bucket_name_suffix[0]: Creation complete after 0s [id=jq2k][0m
TestRunBankingSolutions 2025-12-10T12:25:40+05:30 logger.go:67: [0m[1mibm_cd_tekton_pipeline_property.watsonx_assistant_id_pipeline_property_cd: Creating...[0m[0m
TestRunBankingSolutions 2025-12-10T12:25:40+05:30 logger.go:67: [0m[1mibm_cd_tekton_pipeline_trigger.ci_pipeline_webhook: Creating...[0m[0m
TestRunBankingSolutions 2025-12-10T12:25:40+05:30 logger.go:67: [0m[1mibm_cd_tekton_pipeline_property.application_flavor_pipeline_property_ci: Creating...[0m[0m
TestRunBankingSolutions 2025-12-10T12:25:40+05:30 logger.go:67: [0m[1mibm_cd_tekton_pipeline_property.application_flavor_pipeline_property_cd: Creating...[0m[0m
TestRunBankingSolutions 2025-12-10T12:25:40+05:30 logger.go:67: [0m[1mibm_cd_tekton_pipeline_property.watsonx_assistant_region_pipeline_property_cd: Creating...[0m[0m
TestRunBankingSolutions 2025-12-10T12:25:40+05:30 logger.go:67: [0m[1mibm_cd_tekton_pipeline_property.watsonx_assistant_region_pipeline_property_ci: Creating...[0m[0m
TestRunBankingSolutions 2025-12-10T12:25:40+05:30 logger.go:67: [0m[1mibm_cd_tekton_pipeline_property.resource_group_name_pipeline_property_ci[0]: Creating...[0m[0m
TestRunBankingSolutions 2025-12-10T12:25:40+05:30 logger.go:67: [0m[1mibm_cd_tekton_pipeline_property.watsonx_assistant_id_pipeline_property_ci: Creating...[0m[0m
TestRunBankingSolutions 2025-12-10T12:25:40+05:30 logger.go:67: [0m[1mmodule.configure_wml_project[0].module.cos.module.cos_instance[0].ibm_resource_instance.cos_instance[0]: Creating...[0m[0m
TestRunBankingSolutions 2025-12-10T12:25:40+05:30 logger.go:67: [0m[1mmodule.cluster_ingress[0].restapi_object.workload_nlb_dns: Creating...[0m[0m
TestRunBankingSolutions 2025-12-10T12:25:43+05:30 logger.go:67: [0m[1mibm_cd_tekton_pipeline_property.application_flavor_pipeline_property_cd: Creation complete after 2s [id=70b60c36-da62-4d8d-82c2-e0c7e5975db1/app-flavor][0m
TestRunBankingSolutions 2025-12-10T12:25:43+05:30 logger.go:67: [0m[1mmodule.configure_watson_assistant.shell_script.watson_assistant: Creating...[0m[0m
TestRunBankingSolutions 2025-12-10T12:25:43+05:30 logger.go:67: [0m[1mibm_cd_tekton_pipeline_property.application_flavor_pipeline_property_ci: Creation complete after 2s [id=32d0fab2-15fb-4a88-a7d5-23a21aac0afe/app-flavor][0m
TestRunBankingSolutions 2025-12-10T12:25:43+05:30 logger.go:67: [0m[1mibm_cd_tekton_pipeline_trigger.ci_pipeline_webhook: Creation complete after 3s [id=32d0fab2-15fb-4a88-a7d5-23a21aac0afe/5f855083-958f-4606-8cb9-be7c06bdfc99][0m
TestRunBankingSolutions 2025-12-10T12:25:43+05:30 logger.go:67: [0m[1mmodule.configure_discovery_project[0].restapi_object.configure_discovery_project: Creating...[0m[0m
TestRunBankingSolutions 2025-12-10T12:25:43+05:30 logger.go:67: [0m[1mibm_cd_tekton_pipeline_trigger_property.ci_pipeline_webhook_branch_property: Creating...[0m[0m
TestRunBankingSolutions 2025-12-10T12:25:43+05:30 logger.go:67: [0m[1mibm_cd_tekton_pipeline_property.watsonx_assistant_id_pipeline_property_ci: Creation complete after 3s [id=32d0fab2-15fb-4a88-a7d5-23a21aac0afe/watsonx_assistant_id][0m
TestRunBankingSolutions 2025-12-10T12:25:43+05:30 logger.go:67: [0m[1mibm_cd_tekton_pipeline_property.watsonx_assistant_region_pipeline_property_cd: Creation complete after 3s [id=70b60c36-da62-4d8d-82c2-e0c7e5975db1/watsonx_assistant_region][0m
TestRunBankingSolutions 2025-12-10T12:25:43+05:30 logger.go:67: [0m[1mibm_cd_tekton_pipeline_property.resource_group_name_pipeline_property_ci[0]: Creation complete after 3s [id=32d0fab2-15fb-4a88-a7d5-23a21aac0afe/dev-resource-group][0m
TestRunBankingSolutions 2025-12-10T12:25:44+05:30 logger.go:67: [0m[1mmodule.cluster_ingress[0].restapi_object.workload_nlb_dns: Creation complete after 4s [id=rag-da-tj2una-3b5bf5f75003778663c521c8c35ad277-0001.us-south.containers.appdomain.cloud][0m
TestRunBankingSolutions 2025-12-10T12:25:44+05:30 logger.go:67: [0m[1mibm_cd_tekton_pipeline_property.watsonx_assistant_id_pipeline_property_cd: Creation complete after 4s [id=70b60c36-da62-4d8d-82c2-e0c7e5975db1/watsonx_assistant_id][0m
TestRunBankingSolutions 2025-12-10T12:25:44+05:30 logger.go:67: [0m[1mibm_cd_tekton_pipeline_property.cluster_public_ingress_subdomain_pipeline_property_ci[0]: Creating...[0m[0m
TestRunBankingSolutions 2025-12-10T12:25:44+05:30 logger.go:67: [0m[1mibm_cd_tekton_pipeline_property.cluster_public_ingress_subdomain_pipeline_property_cd[0]: Creating...[0m[0m
TestRunBankingSolutions 2025-12-10T12:25:44+05:30 logger.go:67: [0m[1mmodule.cluster_ingress[0].time_sleep.wait_for_alb_provisioning: Creating...[0m[0m
TestRunBankingSolutions 2025-12-10T12:25:44+05:30 logger.go:67: [0m[1mibm_cd_tekton_pipeline_trigger_property.ci_pipeline_webhook_branch_property: Creation complete after 1s [id=32d0fab2-15fb-4a88-a7d5-23a21aac0afe/5f855083-958f-4606-8cb9-be7c06bdfc99/branch][0m
TestRunBankingSolutions 2025-12-10T12:25:44+05:30 logger.go:67: [0m[1mibm_cd_tekton_pipeline_property.watsonx_assistant_region_pipeline_property_ci: Creation complete after 4s [id=32d0fab2-15fb-4a88-a7d5-23a21aac0afe/watsonx_assistant_region][0m
TestRunBankingSolutions 2025-12-10T12:25:45+05:30 logger.go:67: [0m[1mibm_cd_tekton_pipeline_property.cluster_public_ingress_subdomain_pipeline_property_cd[0]: Creation complete after 1s [id=70b60c36-da62-4d8d-82c2-e0c7e5975db1/cluster_public_ingress_subdomain][0m
TestRunBankingSolutions 2025-12-10T12:25:45+05:30 logger.go:67: [0m[1mibm_cd_tekton_pipeline_property.cluster_public_ingress_subdomain_pipeline_property_ci[0]: Creation complete after 1s [id=32d0fab2-15fb-4a88-a7d5-23a21aac0afe/cluster_public_ingress_subdomain][0m
TestRunBankingSolutions 2025-12-10T12:25:46+05:30 logger.go:67: [0m[1mmodule.configure_watson_assistant.shell_script.watson_assistant: Creation complete after 3s [id=d4shism42semn02ruuc0][0m
TestRunBankingSolutions 2025-12-10T12:25:46+05:30 logger.go:67: [0m[1mmodule.configure_watson_assistant.data.restapi_object.get_assistant_environment: Reading...[0m[0m
TestRunBankingSolutions 2025-12-10T12:25:46+05:30 logger.go:67: [0m[1mibm_cd_tekton_pipeline_property.watsonx_assistant_integration_id_pipeline_property_ci: Creating...[0m[0m
TestRunBankingSolutions 2025-12-10T12:25:46+05:30 logger.go:67: [0m[1mibm_cd_tekton_pipeline_property.watsonx_assistant_integration_id_pipeline_property_cd: Creating...[0m[0m
TestRunBankingSolutions 2025-12-10T12:25:47+05:30 logger.go:67: [0m[1mmodule.configure_discovery_project[0].restapi_object.configure_discovery_project: Creation complete after 3s [id=ac550261-8169-436a-9fa3-f74aed105a88][0m
TestRunBankingSolutions 2025-12-10T12:25:47+05:30 logger.go:67: [0m[1mmodule.configure_discovery_project[0].restapi_object.configure_discovery_collection: Creating...[0m[0m
TestRunBankingSolutions 2025-12-10T12:25:47+05:30 logger.go:67: [0m[1mmodule.configure_watson_assistant.data.restapi_object.get_assistant_environment: Read complete after 2s [id=df7448aa-a961-461b-9ffe-4c14a7c30f9d][0m
TestRunBankingSolutions 2025-12-10T12:25:47+05:30 logger.go:67: [0m[1mmodule.configure_watson_assistant.time_sleep.wait_60_seconds: Creating...[0m[0m
TestRunBankingSolutions 2025-12-10T12:25:47+05:30 logger.go:67: [0m[1mibm_cd_tekton_pipeline_property.watsonx_assistant_integration_id_pipeline_property_cd: Creation complete after 2s [id=70b60c36-da62-4d8d-82c2-e0c7e5975db1/watsonx_assistant_integration_id][0m
TestRunBankingSolutions 2025-12-10T12:25:48+05:30 logger.go:67: [0m[1mibm_cd_tekton_pipeline_property.watsonx_assistant_integration_id_pipeline_property_ci: Creation complete after 2s [id=32d0fab2-15fb-4a88-a7d5-23a21aac0afe/watsonx_assistant_integration_id][0m
TestRunBankingSolutions 2025-12-10T12:25:50+05:30 logger.go:67: [0m[1mmodule.configure_discovery_project[0].restapi_object.configure_discovery_collection: Creation complete after 3s [id=1c79211d-aacc-2ecf-0000-019b070b6e9a][0m
TestRunBankingSolutions 2025-12-10T12:25:50+05:30 logger.go:67: [0m[1mmodule.configure_discovery_project[0].null_resource.discovery_file_upload: Creating...[0m[0m
TestRunBankingSolutions 2025-12-10T12:25:50+05:30 logger.go:67: [0m[1mmodule.configure_discovery_project[0].null_resource.discovery_file_upload: Provisioning with 'local-exec'...[0m[0m
TestRunBankingSolutions 2025-12-10T12:25:50+05:30 logger.go:67: [0m[1mmodule.configure_discovery_project[0].null_resource.discovery_file_upload (local-exec):[0m [0m(output suppressed due to sensitive value in config)
TestRunBankingSolutions 2025-12-10T12:25:50+05:30 logger.go:67: [0m[1mmodule.configure_wml_project[0].module.cos.module.cos_instance[0].ibm_resource_instance.cos_instance[0]: Still creating... [00m10s elapsed][0m[0m
TestRunBankingSolutions 2025-12-10T12:25:51+05:30 logger.go:67: [0m[1mmodule.configure_discovery_project[0].null_resource.discovery_file_upload (local-exec):[0m [0m(output suppressed due to sensitive value in config)
TestRunBankingSolutions 2025-12-10T12:25:52+05:30 logger.go:67: [0m[1mmodule.configure_discovery_project[0].null_resource.discovery_file_upload (local-exec):[0m [0m(output suppressed due to sensitive value in config)
TestRunBankingSolutions 2025-12-10T12:25:52+05:30 logger.go:67: [0m[1mmodule.configure_discovery_project[0].null_resource.discovery_file_upload (local-exec):[0m [0m(output suppressed due to sensitive value in config)
TestRunBankingSolutions 2025-12-10T12:25:52+05:30 logger.go:67: [0m[1mmodule.configure_discovery_project[0].null_resource.discovery_file_upload (local-exec):[0m [0m(output suppressed due to sensitive value in config)
TestRunBankingSolutions 2025-12-10T12:25:52+05:30 logger.go:67: [0m[1mmodule.configure_discovery_project[0].null_resource.discovery_file_upload (local-exec):[0m [0m(output suppressed due to sensitive value in config)
TestRunBankingSolutions 2025-12-10T12:25:54+05:30 logger.go:67: [0m[1mmodule.cluster_ingress[0].time_sleep.wait_for_alb_provisioning: Still creating... [00m10s elapsed][0m[0m
TestRunBankingSolutions 2025-12-10T12:25:55+05:30 logger.go:67: [0m[1mmodule.configure_discovery_project[0].null_resource.discovery_file_upload (local-exec):[0m [0m(output suppressed due to sensitive value in config)
TestRunBankingSolutions 2025-12-10T12:25:55+05:30 logger.go:67: [0m[1mmodule.configure_discovery_project[0].null_resource.discovery_file_upload (local-exec):[0m [0m(output suppressed due to sensitive value in config)
TestRunBankingSolutions 2025-12-10T12:25:55+05:30 logger.go:67: [0m[1mmodule.configure_discovery_project[0].null_resource.discovery_file_upload (local-exec):[0m [0m(output suppressed due to sensitive value in config)
TestRunBankingSolutions 2025-12-10T12:25:55+05:30 logger.go:67: [0m[1mmodule.configure_discovery_project[0].null_resource.discovery_file_upload (local-exec):[0m [0m(output suppressed due to sensitive value in config)
TestRunBankingSolutions 2025-12-10T12:25:56+05:30 logger.go:67: [0m[1mmodule.configure_discovery_project[0].null_resource.discovery_file_upload (local-exec):[0m [0m(output suppressed due to sensitive value in config)
TestRunBankingSolutions 2025-12-10T12:25:56+05:30 logger.go:67: [0m[1mmodule.configure_discovery_project[0].null_resource.discovery_file_upload (local-exec):[0m [0m(output suppressed due to sensitive value in config)
TestRunBankingSolutions 2025-12-10T12:25:56+05:30 logger.go:67: [0m[1mmodule.configure_discovery_project[0].null_resource.discovery_file_upload (local-exec):[0m [0m(output suppressed due to sensitive value in config)
TestRunBankingSolutions 2025-12-10T12:25:56+05:30 logger.go:67: [0m[1mmodule.configure_discovery_project[0].null_resource.discovery_file_upload (local-exec):[0m [0m(output suppressed due to sensitive value in config)
TestRunBankingSolutions 2025-12-10T12:25:56+05:30 logger.go:67: [0m[1mmodule.cluster_ingress[0].kubernetes_manifest.workload_ingress: Creating...[0m[0m
TestRunBankingSolutions 2025-12-10T12:25:57+05:30 logger.go:67: [0m[1mmodule.configure_discovery_project[0].null_resource.discovery_file_upload (local-exec):[0m [0m(output suppressed due to sensitive value in config)
TestRunBankingSolutions 2025-12-10T12:25:57+05:30 logger.go:67: [0m[1mmodule.configure_discovery_project[0].null_resource.discovery_file_upload (local-exec):[0m [0m(output suppressed due to sensitive value in config)
TestRunBankingSolutions 2025-12-10T12:25:57+05:30 logger.go:67: [0m[1mmodule.configure_discovery_project[0].null_resource.discovery_file_upload (local-exec):[0m [0m(output suppressed due to sensitive value in config)
TestRunBankingSolutions 2025-12-10T12:25:57+05:30 logger.go:67: [0m[1mmodule.configure_discovery_project[0].null_resource.discovery_file_upload (local-exec):[0m [0m(output suppressed due to sensitive value in config)
TestRunBankingSolutions 2025-12-10T12:25:57+05:30 logger.go:67: [0m[1mmodule.configure_watson_assistant.time_sleep.wait_60_seconds: Still creating... [00m10s elapsed][0m[0m
TestRunBankingSolutions 2025-12-10T12:25:58+05:30 logger.go:67: [0m[1mmodule.configure_discovery_project[0].null_resource.discovery_file_upload (local-exec):[0m [0m(output suppressed due to sensitive value in config)
TestRunBankingSolutions 2025-12-10T12:25:58+05:30 logger.go:67: [0m[1mmodule.configure_discovery_project[0].null_resource.discovery_file_upload (local-exec):[0m [0m(output suppressed due to sensitive value in config)
TestRunBankingSolutions 2025-12-10T12:25:58+05:30 logger.go:67: [0m[1mmodule.configure_discovery_project[0].null_resource.discovery_file_upload (local-exec):[0m [0m(output suppressed due to sensitive value in config)
TestRunBankingSolutions 2025-12-10T12:25:58+05:30 logger.go:67: [0m[1mmodule.configure_discovery_project[0].null_resource.discovery_file_upload (local-exec):[0m [0m(output suppressed due to sensitive value in config)
TestRunBankingSolutions 2025-12-10T12:25:59+05:30 logger.go:67: [0m[1mmodule.configure_discovery_project[0].null_resource.discovery_file_upload (local-exec):[0m [0m(output suppressed due to sensitive value in config)
TestRunBankingSolutions 2025-12-10T12:25:59+05:30 logger.go:67: [0m[1mmodule.configure_discovery_project[0].null_resource.discovery_file_upload (local-exec):[0m [0m(output suppressed due to sensitive value in config)
TestRunBankingSolutions 2025-12-10T12:25:59+05:30 logger.go:67: [0m[1mmodule.configure_discovery_project[0].null_resource.discovery_file_upload (local-exec):[0m [0m(output suppressed due to sensitive value in config)
TestRunBankingSolutions 2025-12-10T12:25:59+05:30 logger.go:67: [0m[1mmodule.configure_discovery_project[0].null_resource.discovery_file_upload (local-exec):[0m [0m(output suppressed due to sensitive value in config)
TestRunBankingSolutions 2025-12-10T12:25:59+05:30 logger.go:67: [0m[1mmodule.configure_wml_project[0].module.cos.module.cos_instance[0].ibm_resource_instance.cos_instance[0]: Creation complete after 19s [id=crn:v1:bluemix:public:cloud-object-storage:global:a/abac0df06b644a9cabc6e44f55b3880e:be586e83-3c39-4a42-932d-3ebcf9d6f843::][0m
TestRunBankingSolutions 2025-12-10T12:25:59+05:30 logger.go:67: [0m[1mmodule.configure_wml_project[0].restapi_object.configure_project: Creating...[0m[0m
TestRunBankingSolutions 2025-12-10T12:26:00+05:30 logger.go:67: [0m[1mmodule.configure_discovery_project[0].null_resource.discovery_file_upload: Still creating... [00m10s elapsed][0m[0m
TestRunBankingSolutions 2025-12-10T12:26:04+05:30 logger.go:67: [0m[1mmodule.cluster_ingress[0].time_sleep.wait_for_alb_provisioning: Still creating... [00m20s elapsed][0m[0m
TestRunBankingSolutions 2025-12-10T12:26:06+05:30 logger.go:67: [0m[1mmodule.cluster_ingress[0].kubernetes_manifest.workload_ingress: Still creating... [00m10s elapsed][0m[0m
TestRunBankingSolutions 2025-12-10T12:26:07+05:30 logger.go:67: [0m[1mmodule.configure_watson_assistant.time_sleep.wait_60_seconds: Still creating... [00m20s elapsed][0m[0m
TestRunBankingSolutions 2025-12-10T12:26:10+05:30 logger.go:67: [0m[1mmodule.configure_discovery_project[0].null_resource.discovery_file_upload: Still creating... [00m20s elapsed][0m[0m
TestRunBankingSolutions 2025-12-10T12:26:14+05:30 logger.go:67: [0m[1mmodule.cluster_ingress[0].time_sleep.wait_for_alb_provisioning: Still creating... [00m30s elapsed][0m[0m
TestRunBankingSolutions 2025-12-10T12:26:16+05:30 logger.go:67: [0m[1mmodule.cluster_ingress[0].kubernetes_manifest.workload_ingress: Creation complete after 19s[0m
TestRunBankingSolutions 2025-12-10T12:26:16+05:30 logger.go:67: [0m[1mmodule.cluster_ingress[0].time_sleep.wait_for_ingress_provisioning: Creating...[0m[0m
TestRunBankingSolutions 2025-12-10T12:26:17+05:30 logger.go:67: [0m[1mmodule.configure_watson_assistant.time_sleep.wait_60_seconds: Still creating... [00m30s elapsed][0m[0m
TestRunBankingSolutions 2025-12-10T12:26:20+05:30 logger.go:67: [0m[1mmodule.configure_discovery_project[0].null_resource.discovery_file_upload: Still creating... [00m30s elapsed][0m[0m
TestRunBankingSolutions 2025-12-10T12:26:24+05:30 logger.go:67: [0m[1mmodule.cluster_ingress[0].time_sleep.wait_for_alb_provisioning: Still creating... [00m40s elapsed][0m[0m
TestRunBankingSolutions 2025-12-10T12:26:26+05:30 logger.go:67: [0m[1mmodule.cluster_ingress[0].time_sleep.wait_for_ingress_provisioning: Still creating... [00m10s elapsed][0m[0m
TestRunBankingSolutions 2025-12-10T12:26:27+05:30 logger.go:67: [0m[1mmodule.configure_watson_assistant.time_sleep.wait_60_seconds: Still creating... [00m40s elapsed][0m[0m
TestRunBankingSolutions 2025-12-10T12:26:30+05:30 logger.go:67: [0m[1mmodule.configure_discovery_project[0].null_resource.discovery_file_upload: Still creating... [00m40s elapsed][0m[0m
TestRunBankingSolutions 2025-12-10T12:26:34+05:30 logger.go:67: [0m[1mmodule.cluster_ingress[0].time_sleep.wait_for_alb_provisioning: Still creating... [00m50s elapsed][0m[0m
TestRunBankingSolutions 2025-12-10T12:26:36+05:30 logger.go:67: [0m[1mmodule.cluster_ingress[0].time_sleep.wait_for_ingress_provisioning: Still creating... [00m20s elapsed][0m[0m
TestRunBankingSolutions 2025-12-10T12:26:37+05:30 logger.go:67: [0m[1mmodule.configure_watson_assistant.time_sleep.wait_60_seconds: Still creating... [00m50s elapsed][0m[0m
TestRunBankingSolutions 2025-12-10T12:26:40+05:30 logger.go:67: [0m[1mmodule.configure_discovery_project[0].null_resource.discovery_file_upload: Still creating... [00m50s elapsed][0m[0m
TestRunBankingSolutions 2025-12-10T12:26:44+05:30 logger.go:67: [0m[1mmodule.cluster_ingress[0].time_sleep.wait_for_alb_provisioning: Still creating... [01m00s elapsed][0m[0m
TestRunBankingSolutions 2025-12-10T12:26:46+05:30 logger.go:67: [0m[1mmodule.cluster_ingress[0].time_sleep.wait_for_ingress_provisioning: Still creating... [00m30s elapsed][0m[0m
TestRunBankingSolutions 2025-12-10T12:26:47+05:30 logger.go:67: [0m[1mmodule.configure_watson_assistant.time_sleep.wait_60_seconds: Still creating... [01m00s elapsed][0m[0m
TestRunBankingSolutions 2025-12-10T12:26:47+05:30 logger.go:67: [0m[1mmodule.configure_watson_assistant.time_sleep.wait_60_seconds: Creation complete after 1m0s [id=2025-12-10T06:56:47Z][0m
TestRunBankingSolutions 2025-12-10T12:26:47+05:30 logger.go:67: [0m[1mmodule.configure_watson_assistant.data.restapi_object.get_assistant_environment_after_update: Reading...[0m[0m
TestRunBankingSolutions 2025-12-10T12:26:48+05:30 logger.go:67: [0m[1mmodule.configure_watson_assistant.data.restapi_object.get_assistant_environment_after_update: Read complete after 1s [id=df7448aa-a961-461b-9ffe-4c14a7c30f9d][0m
TestRunBankingSolutions 2025-12-10T12:26:50+05:30 logger.go:67: [0m[1mmodule.configure_discovery_project[0].null_resource.discovery_file_upload: Still creating... [01m00s elapsed][0m[0m
TestRunBankingSolutions 2025-12-10T12:26:54+05:30 logger.go:67: [0m[1mmodule.cluster_ingress[0].time_sleep.wait_for_alb_provisioning: Still creating... [01m10s elapsed][0m[0m
TestRunBankingSolutions 2025-12-10T12:26:56+05:30 logger.go:67: [0m[1mmodule.cluster_ingress[0].time_sleep.wait_for_ingress_provisioning: Still creating... [00m40s elapsed][0m[0m
TestRunBankingSolutions 2025-12-10T12:27:00+05:30 logger.go:67: [0m[1mmodule.configure_discovery_project[0].null_resource.discovery_file_upload: Still creating... [01m10s elapsed][0m[0m
TestRunBankingSolutions 2025-12-10T12:27:04+05:30 logger.go:67: [0m[1mmodule.cluster_ingress[0].time_sleep.wait_for_alb_provisioning: Still creating... [01m20s elapsed][0m[0m
TestRunBankingSolutions 2025-12-10T12:27:06+05:30 logger.go:67: [0m[1mmodule.cluster_ingress[0].time_sleep.wait_for_ingress_provisioning: Still creating... [00m50s elapsed][0m[0m
TestRunBankingSolutions 2025-12-10T12:27:10+05:30 logger.go:67: [0m[1mmodule.configure_discovery_project[0].null_resource.discovery_file_upload: Still creating... [01m20s elapsed][0m[0m
TestRunBankingSolutions 2025-12-10T12:27:14+05:30 logger.go:67: [0m[1mmodule.cluster_ingress[0].time_sleep.wait_for_alb_provisioning: Still creating... [01m30s elapsed][0m[0m
TestRunBankingSolutions 2025-12-10T12:27:15+05:30 logger.go:67: [0m[1mmodule.configure_discovery_project[0].null_resource.discovery_file_upload (local-exec):[0m [0m(output suppressed due to sensitive value in config)
TestRunBankingSolutions 2025-12-10T12:27:15+05:30 logger.go:67: [0m[1mmodule.configure_discovery_project[0].null_resource.discovery_file_upload (local-exec):[0m [0m(output suppressed due to sensitive value in config)
TestRunBankingSolutions 2025-12-10T12:27:15+05:30 logger.go:67: [0m[1mmodule.configure_discovery_project[0].null_resource.discovery_file_upload (local-exec):[0m [0m(output suppressed due to sensitive value in config)
TestRunBankingSolutions 2025-12-10T12:27:15+05:30 logger.go:67: [0m[1mmodule.configure_discovery_project[0].null_resource.discovery_file_upload (local-exec):[0m [0m(output suppressed due to sensitive value in config)
TestRunBankingSolutions 2025-12-10T12:27:15+05:30 logger.go:67: [0m[1mmodule.configure_discovery_project[0].null_resource.discovery_file_upload: Creation complete after 1m26s [id=455004669429021087][0m
TestRunBankingSolutions 2025-12-10T12:27:16+05:30 logger.go:67: [0m[1mmodule.cluster_ingress[0].time_sleep.wait_for_ingress_provisioning: Still creating... [01m00s elapsed][0m[0m
TestRunBankingSolutions 2025-12-10T12:27:58+05:30 logger.go:67: [0m[1mmodule.cluster_ingress[0].time_sleep.wait_for_alb_provisioning: Still creating... [02m13s elapsed][0m[0m
TestRunBankingSolutions 2025-12-10T12:28:00+05:30 logger.go:67: [0m[1mmodule.cluster_ingress[0].time_sleep.wait_for_ingress_provisioning: Still creating... [01m43s elapsed][0m[0m
TestRunBankingSolutions 2025-12-10T12:28:08+05:30 logger.go:67: [0m[1mmodule.cluster_ingress[0].time_sleep.wait_for_alb_provisioning: Still creating... [02m23s elapsed][0m[0m
TestRunBankingSolutions 2025-12-10T12:28:10+05:30 logger.go:67: [0m[1mmodule.cluster_ingress[0].time_sleep.wait_for_ingress_provisioning: Still creating... [01m53s elapsed][0m[0m
TestRunBankingSolutions 2025-12-10T12:28:18+05:30 logger.go:67: [0m[1mmodule.cluster_ingress[0].time_sleep.wait_for_alb_provisioning: Still creating... [02m33s elapsed][0m[0m
TestRunBankingSolutions 2025-12-10T12:28:20+05:30 logger.go:67: [0m[1mmodule.cluster_ingress[0].time_sleep.wait_for_ingress_provisioning: Still creating... [02m03s elapsed][0m[0m
TestRunBankingSolutions 2025-12-10T12:28:28+05:30 logger.go:67: [0m[1mmodule.cluster_ingress[0].time_sleep.wait_for_alb_provisioning: Still creating... [02m43s elapsed][0m[0m
TestRunBankingSolutions 2025-12-10T12:28:30+05:30 logger.go:67: [0m[1mmodule.cluster_ingress[0].time_sleep.wait_for_ingress_provisioning: Still creating... [02m13s elapsed][0m[0m
TestRunBankingSolutions 2025-12-10T12:28:38+05:30 logger.go:67: [0m[1mmodule.cluster_ingress[0].time_sleep.wait_for_alb_provisioning: Still creating... [02m54s elapsed][0m[0m
TestRunBankingSolutions 2025-12-10T12:28:40+05:30 logger.go:67: [0m[1mmodule.cluster_ingress[0].time_sleep.wait_for_ingress_provisioning: Still creating... [02m23s elapsed][0m[0m
TestRunBankingSolutions 2025-12-10T12:28:48+05:30 logger.go:67: [0m[1mmodule.cluster_ingress[0].time_sleep.wait_for_alb_provisioning: Still creating... [03m04s elapsed][0m[0m
TestRunBankingSolutions 2025-12-10T12:28:50+05:30 logger.go:67: [0m[1mmodule.cluster_ingress[0].time_sleep.wait_for_ingress_provisioning: Still creating... [02m33s elapsed][0m[0m
TestRunBankingSolutions 2025-12-10T12:28:58+05:30 logger.go:67: [0m[1mmodule.cluster_ingress[0].time_sleep.wait_for_alb_provisioning: Still creating... [03m14s elapsed][0m[0m
TestRunBankingSolutions 2025-12-10T12:29:00+05:30 logger.go:67: [0m[1mmodule.cluster_ingress[0].time_sleep.wait_for_ingress_provisioning: Still creating... [02m43s elapsed][0m[0m
TestRunBankingSolutions 2025-12-10T12:34:15+05:30 logger.go:67: [0m[1mmodule.cluster_ingress[0].time_sleep.wait_for_alb_provisioning: Still creating... [08m30s elapsed][0m[0m
TestRunBankingSolutions 2025-12-10T12:34:17+05:30 logger.go:67: [0m[1mmodule.cluster_ingress[0].time_sleep.wait_for_ingress_provisioning: Still creating... [08m00s elapsed][0m[0m
TestRunBankingSolutions 2025-12-10T12:34:25+05:30 logger.go:67: [0m[1mmodule.cluster_ingress[0].time_sleep.wait_for_alb_provisioning: Still creating... [08m40s elapsed][0m[0m
TestRunBankingSolutions 2025-12-10T12:34:27+05:30 logger.go:67: [0m[1mmodule.cluster_ingress[0].time_sleep.wait_for_ingress_provisioning: Still creating... [08m10s elapsed][0m[0m
TestRunBankingSolutions 2025-12-10T12:34:35+05:30 logger.go:67: [0m[1mmodule.cluster_ingress[0].time_sleep.wait_for_alb_provisioning: Still creating... [08m50s elapsed][0m[0m
TestRunBankingSolutions 2025-12-10T12:34:37+05:30 logger.go:67: [0m[1mmodule.cluster_ingress[0].time_sleep.wait_for_ingress_provisioning: Still creating... [08m20s elapsed][0m[0m
TestRunBankingSolutions 2025-12-10T12:34:45+05:30 logger.go:67: [0m[1mmodule.cluster_ingress[0].time_sleep.wait_for_alb_provisioning: Still creating... [09m00s elapsed][0m[0m
TestRunBankingSolutions 2025-12-10T12:34:47+05:30 logger.go:67: [0m[1mmodule.cluster_ingress[0].time_sleep.wait_for_ingress_provisioning: Still creating... [08m30s elapsed][0m[0m
TestRunBankingSolutions 2025-12-10T12:34:55+05:30 logger.go:67: [0m[1mmodule.cluster_ingress[0].time_sleep.wait_for_alb_provisioning: Still creating... [09m10s elapsed][0m[0m
TestRunBankingSolutions 2025-12-10T12:34:57+05:30 logger.go:67: [0m[1mmodule.cluster_ingress[0].time_sleep.wait_for_ingress_provisioning: Still creating... [08m40s elapsed][0m[0m
TestRunBankingSolutions 2025-12-10T12:35:05+05:30 logger.go:67: [0m[1mmodule.cluster_ingress[0].time_sleep.wait_for_alb_provisioning: Still creating... [09m20s elapsed][0m[0m
TestRunBankingSolutions 2025-12-10T12:35:07+05:30 logger.go:67: [0m[1mmodule.cluster_ingress[0].time_sleep.wait_for_ingress_provisioning: Still creating... [08m50s elapsed][0m[0m
TestRunBankingSolutions 2025-12-10T12:35:15+05:30 logger.go:67: [0m[1mmodule.cluster_ingress[0].time_sleep.wait_for_alb_provisioning: Still creating... [09m30s elapsed][0m[0m
TestRunBankingSolutions 2025-12-10T12:35:17+05:30 logger.go:67: [0m[1mmodule.cluster_ingress[0].time_sleep.wait_for_ingress_provisioning: Still creating... [09m00s elapsed][0m[0m
TestRunBankingSolutions 2025-12-10T12:35:25+05:30 logger.go:67: [0m[1mmodule.cluster_ingress[0].time_sleep.wait_for_alb_provisioning: Still creating... [09m40s elapsed][0m[0m
TestRunBankingSolutions 2025-12-10T12:35:27+05:30 logger.go:67: [0m[1mmodule.cluster_ingress[0].time_sleep.wait_for_ingress_provisioning: Still creating... [09m10s elapsed][0m[0m
TestRunBankingSolutions 2025-12-10T12:35:35+05:30 logger.go:67: [0m[1mmodule.cluster_ingress[0].time_sleep.wait_for_alb_provisioning: Still creating... [09m50s elapsed][0m[0m
TestRunBankingSolutions 2025-12-10T12:35:37+05:30 logger.go:67: [0m[1mmodule.cluster_ingress[0].time_sleep.wait_for_ingress_provisioning: Still creating... [09m20s elapsed][0m[0m
TestRunBankingSolutions 2025-12-10T12:35:45+05:30 logger.go:67: [0m[1mmodule.cluster_ingress[0].time_sleep.wait_for_alb_provisioning: Still creating... [10m00s elapsed][0m[0m
TestRunBankingSolutions 2025-12-10T12:35:47+05:30 logger.go:67: [0m[1mmodule.cluster_ingress[0].time_sleep.wait_for_ingress_provisioning: Still creating... [09m30s elapsed][0m[0m
TestRunBankingSolutions 2025-12-10T12:35:55+05:30 logger.go:67: [0m[1mmodule.cluster_ingress[0].time_sleep.wait_for_alb_provisioning: Still creating... [10m10s elapsed][0m[0m
TestRunBankingSolutions 2025-12-10T12:35:57+05:30 logger.go:67: [0m[1mmodule.cluster_ingress[0].time_sleep.wait_for_ingress_provisioning: Still creating... [09m40s elapsed][0m[0m
TestRunBankingSolutions 2025-12-10T12:36:05+05:30 logger.go:67: [0m[1mmodule.cluster_ingress[0].time_sleep.wait_for_alb_provisioning: Still creating... [10m20s elapsed][0m[0m
TestRunBankingSolutions 2025-12-10T12:36:07+05:30 logger.go:67: [0m[1mmodule.cluster_ingress[0].time_sleep.wait_for_ingress_provisioning: Still creating... [09m50s elapsed][0m[0m
TestRunBankingSolutions 2025-12-10T12:36:15+05:30 logger.go:67: [0m[1mmodule.cluster_ingress[0].time_sleep.wait_for_alb_provisioning: Still creating... [10m30s elapsed][0m[0m
TestRunBankingSolutions 2025-12-10T12:36:17+05:30 logger.go:67: [0m[1mmodule.cluster_ingress[0].time_sleep.wait_for_ingress_provisioning: Still creating... [10m00s elapsed][0m[0m
TestRunBankingSolutions 2025-12-10T12:36:25+05:30 logger.go:67: [0m[1mmodule.cluster_ingress[0].time_sleep.wait_for_alb_provisioning: Still creating... [10m40s elapsed][0m[0m
TestRunBankingSolutions 2025-12-10T12:36:27+05:30 logger.go:67: [0m[1mmodule.cluster_ingress[0].time_sleep.wait_for_ingress_provisioning: Still creating... [10m10s elapsed][0m[0m
TestRunBankingSolutions 2025-12-10T12:36:35+05:30 logger.go:67: [0m[1mmodule.cluster_ingress[0].time_sleep.wait_for_alb_provisioning: Still creating... [10m50s elapsed][0m[0m
TestRunBankingSolutions 2025-12-10T12:36:37+05:30 logger.go:67: [0m[1mmodule.cluster_ingress[0].time_sleep.wait_for_ingress_provisioning: Still creating... [10m20s elapsed][0m[0m
TestRunBankingSolutions 2025-12-10T12:36:45+05:30 logger.go:67: [0m[1mmodule.cluster_ingress[0].time_sleep.wait_for_alb_provisioning: Still creating... [11m00s elapsed][0m[0m
TestRunBankingSolutions 2025-12-10T12:36:47+05:30 logger.go:67: [0m[1mmodule.cluster_ingress[0].time_sleep.wait_for_ingress_provisioning: Still creating... [10m30s elapsed][0m[0m
TestRunBankingSolutions 2025-12-10T12:36:55+05:30 logger.go:67: [0m[1mmodule.cluster_ingress[0].time_sleep.wait_for_alb_provisioning: Still creating... [11m10s elapsed][0m[0m
TestRunBankingSolutions 2025-12-10T12:36:57+05:30 logger.go:67: [0m[1mmodule.cluster_ingress[0].time_sleep.wait_for_ingress_provisioning: Still creating... [10m40s elapsed][0m[0m
TestRunBankingSolutions 2025-12-10T12:37:05+05:30 logger.go:67: [0m[1mmodule.cluster_ingress[0].time_sleep.wait_for_alb_provisioning: Still creating... [11m20s elapsed][0m[0m
TestRunBankingSolutions 2025-12-10T12:37:07+05:30 logger.go:67: [0m[1mmodule.cluster_ingress[0].time_sleep.wait_for_ingress_provisioning: Still creating... [10m50s elapsed][0m[0m
TestRunBankingSolutions 2025-12-10T12:37:15+05:30 logger.go:67: [0m[1mmodule.cluster_ingress[0].time_sleep.wait_for_alb_provisioning: Still creating... [11m30s elapsed][0m[0m
TestRunBankingSolutions 2025-12-10T12:37:17+05:30 logger.go:67: [0m[1mmodule.cluster_ingress[0].time_sleep.wait_for_ingress_provisioning: Still creating... [11m00s elapsed][0m[0m
TestRunBankingSolutions 2025-12-10T12:37:25+05:30 logger.go:67: [0m[1mmodule.cluster_ingress[0].time_sleep.wait_for_alb_provisioning: Still creating... [11m40s elapsed][0m[0m
TestRunBankingSolutions 2025-12-10T12:37:27+05:30 logger.go:67: [0m[1mmodule.cluster_ingress[0].time_sleep.wait_for_ingress_provisioning: Still creating... [11m10s elapsed][0m[0m
TestRunBankingSolutions 2025-12-10T12:37:35+05:30 logger.go:67: [0m[1mmodule.cluster_ingress[0].time_sleep.wait_for_alb_provisioning: Still creating... [11m50s elapsed][0m[0m
TestRunBankingSolutions 2025-12-10T12:37:37+05:30 logger.go:67: [0m[1mmodule.cluster_ingress[0].time_sleep.wait_for_ingress_provisioning: Still creating... [11m20s elapsed][0m[0m
TestRunBankingSolutions 2025-12-10T12:37:45+05:30 logger.go:67: [0m[1mmodule.cluster_ingress[0].time_sleep.wait_for_alb_provisioning: Still creating... [12m00s elapsed][0m[0m
TestRunBankingSolutions 2025-12-10T12:37:47+05:30 logger.go:67: [0m[1mmodule.cluster_ingress[0].time_sleep.wait_for_ingress_provisioning: Still creating... [11m30s elapsed][0m[0m
TestRunBankingSolutions 2025-12-10T12:37:55+05:30 logger.go:67: [0m[1mmodule.cluster_ingress[0].time_sleep.wait_for_alb_provisioning: Still creating... [12m10s elapsed][0m[0m
TestRunBankingSolutions 2025-12-10T12:37:57+05:30 logger.go:67: [0m[1mmodule.cluster_ingress[0].time_sleep.wait_for_ingress_provisioning: Still creating... [11m40s elapsed][0m[0m
TestRunBankingSolutions 2025-12-10T12:38:05+05:30 logger.go:67: [0m[1mmodule.cluster_ingress[0].time_sleep.wait_for_alb_provisioning: Still creating... [12m20s elapsed][0m[0m
TestRunBankingSolutions 2025-12-10T12:38:07+05:30 logger.go:67: [0m[1mmodule.cluster_ingress[0].time_sleep.wait_for_ingress_provisioning: Still creating... [11m50s elapsed][0m[0m
TestRunBankingSolutions 2025-12-10T12:38:15+05:30 logger.go:67: [0m[1mmodule.cluster_ingress[0].time_sleep.wait_for_alb_provisioning: Still creating... [12m30s elapsed][0m[0m
TestRunBankingSolutions 2025-12-10T12:38:17+05:30 logger.go:67: [0m[1mmodule.cluster_ingress[0].time_sleep.wait_for_ingress_provisioning: Still creating... [12m00s elapsed][0m[0m
TestRunBankingSolutions 2025-12-10T12:38:25+05:30 logger.go:67: [0m[1mmodule.cluster_ingress[0].time_sleep.wait_for_alb_provisioning: Still creating... [12m40s elapsed][0m[0m
TestRunBankingSolutions 2025-12-10T12:38:27+05:30 logger.go:67: [0m[1mmodule.cluster_ingress[0].time_sleep.wait_for_ingress_provisioning: Still creating... [12m10s elapsed][0m[0m
TestRunBankingSolutions 2025-12-10T12:38:35+05:30 logger.go:67: [0m[1mmodule.cluster_ingress[0].time_sleep.wait_for_alb_provisioning: Still creating... [12m50s elapsed][0m[0m
TestRunBankingSolutions 2025-12-10T12:38:37+05:30 logger.go:67: [0m[1mmodule.cluster_ingress[0].time_sleep.wait_for_ingress_provisioning: Still creating... [12m20s elapsed][0m[0m
TestRunBankingSolutions 2025-12-10T12:38:45+05:30 logger.go:67: [0m[1mmodule.cluster_ingress[0].time_sleep.wait_for_alb_provisioning: Still creating... [13m00s elapsed][0m[0m
TestRunBankingSolutions 2025-12-10T12:38:47+05:30 logger.go:67: [0m[1mmodule.cluster_ingress[0].time_sleep.wait_for_ingress_provisioning: Still creating... [12m30s elapsed][0m[0m
TestRunBankingSolutions 2025-12-10T12:38:55+05:30 logger.go:67: [0m[1mmodule.cluster_ingress[0].time_sleep.wait_for_alb_provisioning: Still creating... [13m10s elapsed][0m[0m
TestRunBankingSolutions 2025-12-10T12:38:57+05:30 logger.go:67: [0m[1mmodule.cluster_ingress[0].time_sleep.wait_for_ingress_provisioning: Creation complete after 12m40s [id=2025-12-10T07:08:57Z][0m
TestRunBankingSolutions 2025-12-10T12:38:57+05:30 logger.go:67: [0m[1mmodule.cluster_ingress[0].data.kubernetes_service.ingress_router_service: Reading...[0m[0m
TestRunBankingSolutions 2025-12-10T12:38:58+05:30 logger.go:67: [0m[1mmodule.cluster_ingress[0].data.kubernetes_service.ingress_router_service: Read complete after 1s [id=openshift-ingress/router-rag-da-tj2una-ingress-public][0m
TestRunBankingSolutions 2025-12-10T12:38:58+05:30 logger.go:67: [0m[1mmodule.cluster_ingress[0].restapi_object.workload_nlb_dns_patch: Creating...[0m[0m
TestRunBankingSolutions 2025-12-10T12:39:00+05:30 logger.go:67: [0m[1mmodule.cluster_ingress[0].restapi_object.workload_nlb_dns_patch: Creation complete after 3s [id=rag-da-tj2una-3b5bf5f75003778663c521c8c35ad277-0001.us-south.containers.appdomain.cloud][0m
TestRunBankingSolutions 2025-12-10T12:39:00+05:30 logger.go:67: [0m[1mmodule.cluster_ingress[0].restapi_object.workload_nlb_dns_cleanup: Creating...[0m[0m
TestRunBankingSolutions 2025-12-10T12:39:03+05:30 logger.go:67: [0m[1mmodule.cluster_ingress[0].restapi_object.workload_nlb_dns_cleanup: Creation complete after 2s [id=rag-da-tj2una-3b5bf5f75003778663c521c8c35ad277-0001.us-south.containers.appdomain.cloud][0m
TestRunBankingSolutions 2025-12-10T12:39:05+05:30 logger.go:67: [0m[1mmodule.cluster_ingress[0].time_sleep.wait_for_alb_provisioning: Still creating... [13m20s elapsed][0m[0m
TestRunBankingSolutions 2025-12-10T12:39:15+05:30 logger.go:67: [0m[1mmodule.cluster_ingress[0].time_sleep.wait_for_alb_provisioning: Still creating... [13m30s elapsed][0m[0m
TestRunBankingSolutions 2025-12-10T12:39:25+05:30 logger.go:67: [0m[1mmodule.cluster_ingress[0].time_sleep.wait_for_alb_provisioning: Still creating... [13m40s elapsed][0m[0m
TestRunBankingSolutions 2025-12-10T12:39:35+05:30 logger.go:67: [0m[1mmodule.cluster_ingress[0].time_sleep.wait_for_alb_provisioning: Still creating... [13m50s elapsed][0m[0m
TestRunBankingSolutions 2025-12-10T12:39:45+05:30 logger.go:67: [0m[1mmodule.cluster_ingress[0].time_sleep.wait_for_alb_provisioning: Still creating... [14m00s elapsed][0m[0m
TestRunBankingSolutions 2025-12-10T12:39:55+05:30 logger.go:67: [0m[1mmodule.cluster_ingress[0].time_sleep.wait_for_alb_provisioning: Still creating... [14m10s elapsed][0m[0m
TestRunBankingSolutions 2025-12-10T12:40:05+05:30 logger.go:67: [0m[1mmodule.cluster_ingress[0].time_sleep.wait_for_alb_provisioning: Still creating... [14m20s elapsed][0m[0m
TestRunBankingSolutions 2025-12-10T12:40:15+05:30 logger.go:67: [0m[1mmodule.cluster_ingress[0].time_sleep.wait_for_alb_provisioning: Still creating... [14m30s elapsed][0m[0m
TestRunBankingSolutions 2025-12-10T12:40:25+05:30 logger.go:67: [0m[1mmodule.cluster_ingress[0].time_sleep.wait_for_alb_provisioning: Still creating... [14m40s elapsed][0m[0m
TestRunBankingSolutions 2025-12-10T12:40:35+05:30 logger.go:67: [0m[1mmodule.cluster_ingress[0].time_sleep.wait_for_alb_provisioning: Still creating... [14m50s elapsed][0m[0m
TestRunBankingSolutions 2025-12-10T12:40:45+05:30 logger.go:67: [0m[1mmodule.cluster_ingress[0].time_sleep.wait_for_alb_provisioning: Still creating... [15m00s elapsed][0m[0m
TestRunBankingSolutions 2025-12-10T12:40:55+05:30 logger.go:67: [0m[1mmodule.cluster_ingress[0].time_sleep.wait_for_alb_provisioning: Still creating... [15m10s elapsed][0m[0m
TestRunBankingSolutions 2025-12-10T12:41:05+05:30 logger.go:67: [0m[1mmodule.cluster_ingress[0].time_sleep.wait_for_alb_provisioning: Still creating... [15m20s elapsed][0m[0m
TestRunBankingSolutions 2025-12-10T12:41:15+05:30 logger.go:67: [0m[1mmodule.cluster_ingress[0].time_sleep.wait_for_alb_provisioning: Still creating... [15m30s elapsed][0m[0m
TestRunBankingSolutions 2025-12-10T12:41:25+05:30 logger.go:67: [0m[1mmodule.cluster_ingress[0].time_sleep.wait_for_alb_provisioning: Creation complete after 15m40s [id=2025-12-10T07:11:25Z][0m
TestRunBankingSolutions 2025-12-10T12:41:25+05:30 logger.go:67: [0m[1mmodule.cluster_ingress[0].data.ibm_is_lb.ingress_vpc_alb: Reading...[0m[0m
TestRunBankingSolutions 2025-12-10T12:41:31+05:30 logger.go:67: [0m[1mmodule.cluster_ingress[0].data.ibm_is_lb.ingress_vpc_alb: Read complete after 6s [id=r006-cc3ac0fd-5dcf-461c-bcfd-e006a03268b8][0m
TestRunBankingSolutions 2025-12-10T12:41:31+05:30 logger.go:67: [0m[1mmodule.cluster_ingress[0].data.ibm_is_subnet.cluster_subnet: Reading...[0m[0m
TestRunBankingSolutions 2025-12-10T12:41:33+05:30 logger.go:67: [0m[1mmodule.cluster_ingress[0].data.ibm_is_subnet.cluster_subnet: Read complete after 3s [id=0717-0092fcc3-43f2-4fd0-b34a-5250ddf61d68][0m
TestRunBankingSolutions 2025-12-10T12:41:33+05:30 logger.go:67: [0m[1mmodule.cluster_ingress[0].data.ibm_is_network_acl.alb_acl: Reading...[0m[0m
TestRunBankingSolutions 2025-12-10T12:41:35+05:30 logger.go:67: [0m[1mmodule.cluster_ingress[0].data.ibm_is_network_acl.alb_acl: Read complete after 1s [id=r006-b8574434-7899-4fff-a85b-787650fb55e3][0m
TestRunBankingSolutions 2025-12-10T12:41:35+05:30 logger.go:67: [0m[1mmodule.cluster_ingress[0].data.ibm_is_network_acl_rules.alb_acl_rules: Reading...[0m[0m
TestRunBankingSolutions 2025-12-10T12:41:35+05:30 logger.go:67: [0m[1mmodule.cluster_ingress[0].data.ibm_is_network_acl_rules.alb_acl_rules: Read complete after 1s [id=2025-12-10 07:11:35.519429 +0000 UTC][0m
TestRunBankingSolutions 2025-12-10T12:41:35+05:30 logger.go:67: [0m[1mmodule.cluster_ingress[0].ibm_is_network_acl_rule.alb_https_resp[0]: Creating...[0m[0m
TestRunBankingSolutions 2025-12-10T12:41:35+05:30 logger.go:67: [0m[1mmodule.cluster_ingress[0].ibm_is_network_acl_rule.alb_https_req[0]: Creating...[0m[0m
TestRunBankingSolutions 2025-12-10T12:41:35+05:30 logger.go:67: [0m[1mmodule.cluster_ingress[0].ibm_is_network_acl_rule.alb_https_req[1]: Creating...[0m[0m
TestRunBankingSolutions 2025-12-10T12:41:35+05:30 logger.go:67: [0m[1mmodule.cluster_ingress[0].ibm_is_network_acl_rule.alb_https_resp[1]: Creating...[0m[0m
TestRunBankingSolutions 2025-12-10T12:41:36+05:30 logger.go:67: [0m[1mmodule.cluster_ingress[0].ibm_is_network_acl_rule.alb_https_req[0]: Creation complete after 1s [id=r006-b8574434-7899-4fff-a85b-787650fb55e3/996bd27b-1a4b-45aa-946c-be6365b49d25][0m
TestRunBankingSolutions 2025-12-10T12:41:36+05:30 logger.go:67: [0m[1mmodule.cluster_ingress[0].ibm_is_network_acl_rule.alb_https_resp[1]: Creation complete after 1s [id=r006-b8574434-7899-4fff-a85b-787650fb55e3/5e8350f1-347d-4fe9-86b6-b5b0c16f7617][0m
TestRunBankingSolutions 2025-12-10T12:41:37+05:30 logger.go:67: [0m[1mmodule.cluster_ingress[0].ibm_is_network_acl_rule.alb_https_req[1]: Creation complete after 1s [id=r006-b8574434-7899-4fff-a85b-787650fb55e3/11d9eb9c-4ad9-4690-8312-1c2a98cf54fc][0m
TestRunBankingSolutions 2025-12-10T12:41:37+05:30 logger.go:67: [0m[1mmodule.cluster_ingress[0].ibm_is_network_acl_rule.alb_https_resp[0]: Creation complete after 2s [id=r006-b8574434-7899-4fff-a85b-787650fb55e3/f7d94d2e-e4ee-4750-b69a-1a18e01b4a3e][0m
TestRunBankingSolutions 2025-12-10T12:41:37+05:30 logger.go:67: [31m╷[0m[0m
TestRunBankingSolutions 2025-12-10T12:41:37+05:30 logger.go:67: [31m│[0m [0m[1m[31mError: [0m[0m[1munexpected response code '401': {"code":401,"error":"Unauthorized","message":"Unauthorized","reason":"Authentication failed. Error: Invalid bearer token: Failed to verify user profile existance: mounica.tellabati@ibm.com: [Request #87778] Encountered an unacceptable status code: 404. Expected status codes: 200."}[0m
TestRunBankingSolutions 2025-12-10T12:41:37+05:30 logger.go:67: [31m│[0m [0m
TestRunBankingSolutions 2025-12-10T12:41:37+05:30 logger.go:67: [31m│[0m [0m[0m  with module.configure_wml_project[0].restapi_object.configure_project,
TestRunBankingSolutions 2025-12-10T12:41:37+05:30 logger.go:67: [31m│[0m [0m  on ../../modules/watson-machine-learning/main.tf line 31, in resource "restapi_object" "configure_project":
TestRunBankingSolutions 2025-12-10T12:41:37+05:30 logger.go:67: [31m│[0m [0m  31: resource "restapi_object" "configure_project" [4m{[0m[0m
TestRunBankingSolutions 2025-12-10T12:41:37+05:30 logger.go:67: [31m│[0m [0m
TestRunBankingSolutions 2025-12-10T12:41:37+05:30 logger.go:67: [31m╵[0m[0m
TestRunBankingSolutions 2025-12-10T12:41:37+05:30 retry.go:99: Returning due to fatal error: FatalError{Underlying: error while running command: exit status 1; [31m╷[0m[0m
[31m│[0m [0m[1m[31mError: [0m[0m[1munexpected response code '401': {"code":401,"error":"Unauthorized","message":"Unauthorized","reason":"Authentication failed. Error: Invalid bearer token: Failed to verify user profile existance: mounica.tellabati@ibm.com: [Request #87778] Encountered an unacceptable status code: 404. Expected status codes: 200."}[0m
[31m│[0m [0m
[31m│[0m [0m[0m  with module.configure_wml_project[0].restapi_object.configure_project,
[31m│[0m [0m  on ../../modules/watson-machine-learning/main.tf line 31, in resource "restapi_object" "configure_project":
[31m│[0m [0m  31: resource "restapi_object" "configure_project" [4m{[0m[0m
[31m│[0m [0m
[31m╵[0m[0m}
    tests.go:677: 
        	Error Trace:	/Users/raagamounica/go/pkg/mod/github.com/terraform-ibm-modules/ibmcloud-terratest-wrapper@v1.60.18/testhelper/tests.go:677
        	            				/Users/raagamounica/go/pkg/mod/github.com/terraform-ibm-modules/ibmcloud-terratest-wrapper@v1.60.18/testhelper/tests.go:658
        	            				/Users/raagamounica/OneDrive - IBM/GIT_REPOS/terraform-ibm-rag-sample-da/tests/pr_test.go:202
        	Error:      	Expected nil, but got: retry.FatalError{Underlying:(*shell.ErrWithCmdOutput)(0x14000618018)}
        	Test:       	TestRunBankingSolutions
        	Messages:   	Failed%!(EXTRA retry.FatalError=FatalError{Underlying: error while running command: exit status 1; [31m╷[0m[0m
        	            	[31m│[0m [0m[1m[31mError: [0m[0m[1munexpected response code '401': {"code":401,"error":"Unauthorized","message":"Unauthorized","reason":"Authentication failed. Error: Invalid bearer token: Failed to verify user profile existance: mounica.tellabati@ibm.com: [Request #87778] Encountered an unacceptable status code: 404. Expected status codes: 200."}[0m
        	            	[31m│[0m [0m
        	            	[31m│[0m [0m[0m  with module.configure_wml_project[0].restapi_object.configure_project,
        	            	[31m│[0m [0m  on ../../modules/watson-machine-learning/main.tf line 31, in resource "restapi_object" "configure_project":
        	            	[31m│[0m [0m  31: resource "restapi_object" "configure_project" [4m{[0m[0m
        	            	[31m│[0m [0m
        	            	[31m╵[0m[0m})
TestRunBankingSolutions 2025-12-10T12:41:37+05:30 tests.go:678: FINISHED: Init / Apply
TestRunBankingSolutions 2025-12-10T12:41:37+05:30 retry.go:91: terraform [output -no-color -json]
TestRunBankingSolutions 2025-12-10T12:41:38+05:30 tests.go:203: START: Destroy
TestRunBankingSolutions 2025-12-10T12:41:38+05:30 retry.go:91: terraform [destroy -auto-approve -input=false -var watson_machine_learning_instance_guid=8a9676c7-a3cc-4170-aef6-310322720dd0 -var signing_key=secret-signing-key-payload -var provider_visibility=public -var trigger_ci_pipeline_run=false -var ci_pipeline_id=32d0fab2-15fb-4a88-a7d5-23a21aac0afe -var create_continuous_delivery_service_instance=false -var toolchain_region=us-south -var toolchain_resource_group=rag-da-tj2una-resource-group -var watson_assistant_instance_id=1561d39c-06f1-442a-b1a4-3bed06835dda -var secrets_manager_region=us-south -var cd_pipeline_id=70b60c36-da62-4d8d-82c2-e0c7e5975db1 -var watson_discovery_region=us-south -var prefix=rag-da-tj2una -var use_existing_resource_group=true -var watson_discovery_instance_id=1443f64b-f7a4-4336-a6fd-867fd01f1aaf -var resource_group_name=rag-da-tj2una-resource-group -var watson_machine_learning_instance_crn=crn:v1:bluemix:public:pm-20:us-south:a/abac0df06b644a9cabc6e44f55b3880e:8a9676c7-a3cc-4170-aef6-310322720dd0:: -var watson_machine_learning_instance_resource_name=rag-da-tj2una-watson-machine-learning-instance -var secrets_manager_guid=79c6d411-c18f-4670-b009-b0044a238667 -var secrets_manager_endpoint_type=public -var cluster_name=rag-da-tj2una -var watson_assistant_region=us-south -var create_secrets=false -lock=false]
TestRunBankingSolutions 2025-12-10T12:41:38+05:30 command.go:123: Running command terraform with args [destroy -auto-approve -input=false -var watson_machine_learning_instance_guid=8a9676c7-a3cc-4170-aef6-310322720dd0 -var signing_key=secret-signing-key-payload -var provider_visibility=public -var trigger_ci_pipeline_run=false -var ci_pipeline_id=32d0fab2-15fb-4a88-a7d5-23a21aac0afe -var create_continuous_delivery_service_instance=false -var toolchain_region=us-south -var toolchain_resource_group=rag-da-tj2una-resource-group -var watson_assistant_instance_id=1561d39c-06f1-442a-b1a4-3bed06835dda -var secrets_manager_region=us-south -var cd_pipeline_id=70b60c36-da62-4d8d-82c2-e0c7e5975db1 -var watson_discovery_region=us-south -var prefix=rag-da-tj2una -var use_existing_resource_group=true -var watson_discovery_instance_id=1443f64b-f7a4-4336-a6fd-867fd01f1aaf -var resource_group_name=rag-da-tj2una-resource-group -var watson_machine_learning_instance_crn=crn:v1:bluemix:public:pm-20:us-south:a/abac0df06b644a9cabc6e44f55b3880e:8a9676c7-a3cc-4170-aef6-310322720dd0:: -var watson_machine_learning_instance_resource_name=rag-da-tj2una-watson-machine-learning-instance -var secrets_manager_guid=79c6d411-c18f-4670-b009-b0044a238667 -var secrets_manager_endpoint_type=public -var cluster_name=rag-da-tj2una -var watson_assistant_region=us-south -var create_secrets=false -lock=false]
TestRunBankingSolutions 2025-12-10T12:41:39+05:30 command.go:212: [0m[1mrandom_string.webhook_secret: Refreshing state... [id=bhvd7wr2v1knuphrolgwa7d3iy97zlz01048e25jmym2j5as][0m
TestRunBankingSolutions 2025-12-10T12:41:39+05:30 command.go:212: [0m[1mmodule.configure_wml_project[0].module.cos.module.cos_instance[0].random_string.bucket_name_suffix[0]: Refreshing state... [id=jq2k][0m
TestRunBankingSolutions 2025-12-10T12:41:39+05:30 command.go:212: [0m[1mdata.ibm_iam_auth_token.tokendata: Reading...[0m[0m
TestRunBankingSolutions 2025-12-10T12:41:39+05:30 command.go:212: [0m[1mdata.ibm_container_cluster_config.cluster_config[0]: Reading...[0m[0m
TestRunBankingSolutions 2025-12-10T12:41:39+05:30 command.go:212: [0m[1mdata.ibm_iam_auth_token.tokendata: Read complete after 0s [id=2025-12-10 07:11:39.889778 +0000 UTC][0m
TestRunBankingSolutions 2025-12-10T12:41:39+05:30 command.go:212: [0m[1mmodule.resource_group.data.ibm_resource_group.existing_resource_group[0]: Reading...[0m[0m
TestRunBankingSolutions 2025-12-10T12:41:39+05:30 command.go:212: [0m[1mdata.ibm_resource_group.toolchain_resource_group_id: Reading...[0m[0m
TestRunBankingSolutions 2025-12-10T12:41:39+05:30 command.go:212: [0m[1mmodule.cluster_ingress[0].data.ibm_container_nlb_dns.cluster_nlb_dns: Reading...[0m[0m
TestRunBankingSolutions 2025-12-10T12:41:40+05:30 command.go:212: [0m[1mmodule.configure_discovery_project[0].restapi_object.configure_discovery_project: Refreshing state... [id=ac550261-8169-436a-9fa3-f74aed105a88][0m
TestRunBankingSolutions 2025-12-10T12:41:40+05:30 command.go:212: [0m[1mmodule.configure_watson_assistant.shell_script.watson_assistant: Refreshing state... [id=d4shism42semn02ruuc0][0m
TestRunBankingSolutions 2025-12-10T12:41:41+05:30 command.go:212: [0m[1mmodule.resource_group.data.ibm_resource_group.existing_resource_group[0]: Read complete after 1s [id=2c229fbcb1934d18b91bd6ec366cb260][0m
TestRunBankingSolutions 2025-12-10T12:41:41+05:30 command.go:212: [0m[1mmodule.configure_wml_project[0].module.cos.module.cos_instance[0].ibm_resource_instance.cos_instance[0]: Refreshing state... [id=crn:v1:bluemix:public:cloud-object-storage:global:a/abac0df06b644a9cabc6e44f55b3880e:be586e83-3c39-4a42-932d-3ebcf9d6f843::][0m
TestRunBankingSolutions 2025-12-10T12:41:41+05:30 command.go:212: [0m[1mdata.ibm_resource_group.toolchain_resource_group_id: Read complete after 1s [id=2c229fbcb1934d18b91bd6ec366cb260][0m
TestRunBankingSolutions 2025-12-10T12:41:41+05:30 command.go:212: [0m[1mibm_cd_tekton_pipeline_property.application_flavor_pipeline_property_cd: Refreshing state... [id=70b60c36-da62-4d8d-82c2-e0c7e5975db1/app-flavor][0m
TestRunBankingSolutions 2025-12-10T12:41:41+05:30 command.go:212: [0m[1mibm_cd_tekton_pipeline_property.watsonx_assistant_id_pipeline_property_cd: Refreshing state... [id=70b60c36-da62-4d8d-82c2-e0c7e5975db1/watsonx_assistant_id][0m
TestRunBankingSolutions 2025-12-10T12:41:41+05:30 command.go:212: [0m[1mibm_cd_tekton_pipeline_property.application_flavor_pipeline_property_ci: Refreshing state... [id=32d0fab2-15fb-4a88-a7d5-23a21aac0afe/app-flavor][0m
TestRunBankingSolutions 2025-12-10T12:41:41+05:30 command.go:212: [0m[1mibm_cd_tekton_pipeline_property.watsonx_assistant_region_pipeline_property_cd: Refreshing state... [id=70b60c36-da62-4d8d-82c2-e0c7e5975db1/watsonx_assistant_region][0m
TestRunBankingSolutions 2025-12-10T12:41:41+05:30 command.go:212: [0m[1mibm_cd_tekton_pipeline_property.watsonx_assistant_region_pipeline_property_ci: Refreshing state... [id=32d0fab2-15fb-4a88-a7d5-23a21aac0afe/watsonx_assistant_region][0m
TestRunBankingSolutions 2025-12-10T12:41:41+05:30 command.go:212: [0m[1mibm_cd_tekton_pipeline_trigger.ci_pipeline_webhook: Refreshing state... [id=32d0fab2-15fb-4a88-a7d5-23a21aac0afe/5f855083-958f-4606-8cb9-be7c06bdfc99][0m
TestRunBankingSolutions 2025-12-10T12:41:42+05:30 command.go:212: [0m[1mibm_cd_tekton_pipeline_property.watsonx_assistant_id_pipeline_property_ci: Refreshing state... [id=32d0fab2-15fb-4a88-a7d5-23a21aac0afe/watsonx_assistant_id][0m
TestRunBankingSolutions 2025-12-10T12:41:42+05:30 command.go:212: [0m[1mibm_cd_tekton_pipeline_property.resource_group_name_pipeline_property_ci[0]: Refreshing state... [id=32d0fab2-15fb-4a88-a7d5-23a21aac0afe/dev-resource-group][0m
TestRunBankingSolutions 2025-12-10T12:41:42+05:30 command.go:212: [0m[1mmodule.cluster_ingress[0].data.ibm_container_nlb_dns.cluster_nlb_dns: Read complete after 2s [id=rag-da-tj2una][0m
TestRunBankingSolutions 2025-12-10T12:41:42+05:30 command.go:212: [0m[1mibm_cd_tekton_pipeline_trigger_property.ci_pipeline_webhook_branch_property: Refreshing state... [id=32d0fab2-15fb-4a88-a7d5-23a21aac0afe/5f855083-958f-4606-8cb9-be7c06bdfc99/branch][0m
TestRunBankingSolutions 2025-12-10T12:41:42+05:30 command.go:212: [0m[1mmodule.cluster_ingress[0].restapi_object.workload_nlb_dns: Refreshing state... [id=rag-da-tj2una-3b5bf5f75003778663c521c8c35ad277-0001.us-south.containers.appdomain.cloud][0m
TestRunBankingSolutions 2025-12-10T12:41:42+05:30 command.go:212: [0m[1mibm_cd_tekton_pipeline_property.watsonx_assistant_integration_id_pipeline_property_ci: Refreshing state... [id=32d0fab2-15fb-4a88-a7d5-23a21aac0afe/watsonx_assistant_integration_id][0m
TestRunBankingSolutions 2025-12-10T12:41:42+05:30 command.go:212: [0m[1mibm_cd_tekton_pipeline_property.watsonx_assistant_integration_id_pipeline_property_cd: Refreshing state... [id=70b60c36-da62-4d8d-82c2-e0c7e5975db1/watsonx_assistant_integration_id][0m
TestRunBankingSolutions 2025-12-10T12:41:42+05:30 command.go:212: [0m[1mmodule.configure_watson_assistant.data.restapi_object.get_assistant_environment: Reading...[0m[0m
TestRunBankingSolutions 2025-12-10T12:41:42+05:30 command.go:212: [0m[1mmodule.configure_discovery_project[0].restapi_object.configure_discovery_collection: Refreshing state... [id=1c79211d-aacc-2ecf-0000-019b070b6e9a][0m
TestRunBankingSolutions 2025-12-10T12:41:44+05:30 command.go:212: [0m[1mmodule.configure_watson_assistant.data.restapi_object.get_assistant_environment: Read complete after 1s [id=df7448aa-a961-461b-9ffe-4c14a7c30f9d][0m
TestRunBankingSolutions 2025-12-10T12:41:44+05:30 command.go:212: [0m[1mmodule.configure_watson_assistant.time_sleep.wait_60_seconds: Refreshing state... [id=2025-12-10T06:56:47Z][0m
TestRunBankingSolutions 2025-12-10T12:41:44+05:30 command.go:212: [0m[1mmodule.configure_watson_assistant.data.restapi_object.get_assistant_environment_after_update: Reading...[0m[0m
TestRunBankingSolutions 2025-12-10T12:41:45+05:30 command.go:212: [0m[1mmodule.configure_discovery_project[0].null_resource.discovery_file_upload: Refreshing state... [id=455004669429021087][0m
TestRunBankingSolutions 2025-12-10T12:41:45+05:30 command.go:212: [0m[1mmodule.configure_watson_assistant.data.restapi_object.get_assistant_environment_after_update: Read complete after 1s [id=df7448aa-a961-461b-9ffe-4c14a7c30f9d][0m
TestRunBankingSolutions 2025-12-10T12:41:46+05:30 command.go:212: [0m[1mmodule.cluster_ingress[0].time_sleep.wait_for_alb_provisioning: Refreshing state... [id=2025-12-10T07:11:25Z][0m
TestRunBankingSolutions 2025-12-10T12:41:46+05:30 command.go:212: [0m[1mibm_cd_tekton_pipeline_property.cluster_public_ingress_subdomain_pipeline_property_ci[0]: Refreshing state... [id=32d0fab2-15fb-4a88-a7d5-23a21aac0afe/cluster_public_ingress_subdomain][0m
TestRunBankingSolutions 2025-12-10T12:41:46+05:30 command.go:212: [0m[1mibm_cd_tekton_pipeline_property.cluster_public_ingress_subdomain_pipeline_property_cd[0]: Refreshing state... [id=70b60c36-da62-4d8d-82c2-e0c7e5975db1/cluster_public_ingress_subdomain][0m
TestRunBankingSolutions 2025-12-10T12:41:48+05:30 command.go:212: [0m[1mdata.ibm_container_cluster_config.cluster_config[0]: Read complete after 8s [id=rag-da-tj2una][0m
TestRunBankingSolutions 2025-12-10T12:41:54+05:30 command.go:212: [0m[1mmodule.cluster_ingress[0].kubernetes_manifest.workload_ingress: Refreshing state...[0m
TestRunBankingSolutions 2025-12-10T12:41:55+05:30 command.go:212: [0m[1mmodule.cluster_ingress[0].time_sleep.wait_for_ingress_provisioning: Refreshing state... [id=2025-12-10T07:08:57Z][0m
TestRunBankingSolutions 2025-12-10T12:41:55+05:30 command.go:212: [0m[1mmodule.cluster_ingress[0].data.kubernetes_service.ingress_router_service: Reading...[0m[0m
TestRunBankingSolutions 2025-12-10T12:41:55+05:30 command.go:212: [0m[1mmodule.cluster_ingress[0].data.kubernetes_service.ingress_router_service: Read complete after 1s [id=openshift-ingress/router-rag-da-tj2una-ingress-public][0m
TestRunBankingSolutions 2025-12-10T12:41:55+05:30 command.go:212: [0m[1mmodule.cluster_ingress[0].data.ibm_is_lb.ingress_vpc_alb: Reading...[0m[0m
TestRunBankingSolutions 2025-12-10T12:41:55+05:30 command.go:212: [0m[1mmodule.cluster_ingress[0].restapi_object.workload_nlb_dns_patch: Refreshing state... [id=rag-da-tj2una-3b5bf5f75003778663c521c8c35ad277-0001.us-south.containers.appdomain.cloud][0m
TestRunBankingSolutions 2025-12-10T12:41:59+05:30 command.go:212: [0m[1mmodule.cluster_ingress[0].restapi_object.workload_nlb_dns_cleanup: Refreshing state... [id=rag-da-tj2una-3b5bf5f75003778663c521c8c35ad277-0001.us-south.containers.appdomain.cloud][0m
TestRunBankingSolutions 2025-12-10T12:41:59+05:30 command.go:212: [0m[1mmodule.cluster_ingress[0].data.ibm_is_lb.ingress_vpc_alb: Read complete after 4s [id=r006-cc3ac0fd-5dcf-461c-bcfd-e006a03268b8][0m
TestRunBankingSolutions 2025-12-10T12:41:59+05:30 command.go:212: [0m[1mmodule.cluster_ingress[0].data.ibm_is_subnet.cluster_subnet: Reading...[0m[0m
TestRunBankingSolutions 2025-12-10T12:42:01+05:30 command.go:212: [0m[1mmodule.cluster_ingress[0].data.ibm_is_subnet.cluster_subnet: Read complete after 1s [id=0717-0092fcc3-43f2-4fd0-b34a-5250ddf61d68][0m
TestRunBankingSolutions 2025-12-10T12:42:01+05:30 command.go:212: [0m[1mmodule.cluster_ingress[0].data.ibm_is_network_acl.alb_acl: Reading...[0m[0m
TestRunBankingSolutions 2025-12-10T12:42:03+05:30 command.go:212: [0m[1mmodule.cluster_ingress[0].data.ibm_is_network_acl.alb_acl: Read complete after 3s [id=r006-b8574434-7899-4fff-a85b-787650fb55e3][0m
TestRunBankingSolutions 2025-12-10T12:42:03+05:30 command.go:212: [0m[1mmodule.cluster_ingress[0].data.ibm_is_network_acl_rules.alb_acl_rules: Reading...[0m[0m
TestRunBankingSolutions 2025-12-10T12:42:04+05:30 command.go:212: [0m[1mmodule.cluster_ingress[0].data.ibm_is_network_acl_rules.alb_acl_rules: Read complete after 0s [id=2025-12-10 07:12:04.278001 +0000 UTC][0m
TestRunBankingSolutions 2025-12-10T12:42:04+05:30 command.go:212: [0m[1mmodule.cluster_ingress[0].ibm_is_network_acl_rule.alb_https_req[1]: Refreshing state... [id=r006-b8574434-7899-4fff-a85b-787650fb55e3/11d9eb9c-4ad9-4690-8312-1c2a98cf54fc][0m
TestRunBankingSolutions 2025-12-10T12:42:04+05:30 command.go:212: [0m[1mmodule.cluster_ingress[0].ibm_is_network_acl_rule.alb_https_req[0]: Refreshing state... [id=r006-b8574434-7899-4fff-a85b-787650fb55e3/996bd27b-1a4b-45aa-946c-be6365b49d25][0m
TestRunBankingSolutions 2025-12-10T12:42:04+05:30 command.go:212: [0m[1mmodule.cluster_ingress[0].ibm_is_network_acl_rule.alb_https_resp[0]: Refreshing state... [id=r006-b8574434-7899-4fff-a85b-787650fb55e3/f7d94d2e-e4ee-4750-b69a-1a18e01b4a3e][0m
TestRunBankingSolutions 2025-12-10T12:42:04+05:30 command.go:212: [0m[1mmodule.cluster_ingress[0].ibm_is_network_acl_rule.alb_https_resp[1]: Refreshing state... [id=r006-b8574434-7899-4fff-a85b-787650fb55e3/5e8350f1-347d-4fe9-86b6-b5b0c16f7617][0m
TestRunBankingSolutions 2025-12-10T12:42:12+05:30 command.go:212: 
TestRunBankingSolutions 2025-12-10T12:42:12+05:30 command.go:212: Terraform used the selected providers to generate the following execution
TestRunBankingSolutions 2025-12-10T12:42:12+05:30 command.go:212: plan. Resource actions are indicated with the following symbols:
TestRunBankingSolutions 2025-12-10T12:42:12+05:30 command.go:212:   [31m-[0m destroy[0m
TestRunBankingSolutions 2025-12-10T12:42:12+05:30 command.go:212: 
TestRunBankingSolutions 2025-12-10T12:42:12+05:30 command.go:212: Terraform will perform the following actions:
TestRunBankingSolutions 2025-12-10T12:42:12+05:30 command.go:212: 
TestRunBankingSolutions 2025-12-10T12:42:12+05:30 command.go:212: [1m  # ibm_cd_tekton_pipeline_property.application_flavor_pipeline_property_cd[0m will be [1m[31mdestroyed[0m
TestRunBankingSolutions 2025-12-10T12:42:12+05:30 command.go:212: [0m  [31m-[0m[0m resource "ibm_cd_tekton_pipeline_property" "application_flavor_pipeline_property_cd" {
TestRunBankingSolutions 2025-12-10T12:42:12+05:30 command.go:212:       [31m-[0m[0m href        = "https://api.us-south.devops.cloud.ibm.com/pipeline/v2/tekton_pipelines/70b60c36-da62-4d8d-82c2-e0c7e5975db1/properties/app-flavor" [90m-> null[0m[0m
TestRunBankingSolutions 2025-12-10T12:42:12+05:30 command.go:212:       [31m-[0m[0m id          = "70b60c36-da62-4d8d-82c2-e0c7e5975db1/app-flavor" [90m-> null[0m[0m
TestRunBankingSolutions 2025-12-10T12:42:12+05:30 command.go:212:       [31m-[0m[0m locked      = false [90m-> null[0m[0m
TestRunBankingSolutions 2025-12-10T12:42:12+05:30 command.go:212:       [31m-[0m[0m name        = "app-flavor" [90m-> null[0m[0m
TestRunBankingSolutions 2025-12-10T12:42:12+05:30 command.go:212:       [31m-[0m[0m pipeline_id = "70b60c36-da62-4d8d-82c2-e0c7e5975db1" [90m-> null[0m[0m
TestRunBankingSolutions 2025-12-10T12:42:12+05:30 command.go:212:       [31m-[0m[0m type        = "text" [90m-> null[0m[0m
TestRunBankingSolutions 2025-12-10T12:42:12+05:30 command.go:212:       [31m-[0m[0m value       = "banking" [90m-> null[0m[0m
TestRunBankingSolutions 2025-12-10T12:42:12+05:30 command.go:212:     }
TestRunBankingSolutions 2025-12-10T12:42:12+05:30 command.go:212: 
TestRunBankingSolutions 2025-12-10T12:42:12+05:30 command.go:212: [1m  # ibm_cd_tekton_pipeline_property.application_flavor_pipeline_property_ci[0m will be [1m[31mdestroyed[0m
TestRunBankingSolutions 2025-12-10T12:42:12+05:30 command.go:212: [0m  [31m-[0m[0m resource "ibm_cd_tekton_pipeline_property" "application_flavor_pipeline_property_ci" {
TestRunBankingSolutions 2025-12-10T12:42:12+05:30 command.go:212:       [31m-[0m[0m href        = "https://api.us-south.devops.cloud.ibm.com/pipeline/v2/tekton_pipelines/32d0fab2-15fb-4a88-a7d5-23a21aac0afe/properties/app-flavor" [90m-> null[0m[0m
TestRunBankingSolutions 2025-12-10T12:42:12+05:30 command.go:212:       [31m-[0m[0m id          = "32d0fab2-15fb-4a88-a7d5-23a21aac0afe/app-flavor" [90m-> null[0m[0m
TestRunBankingSolutions 2025-12-10T12:42:12+05:30 command.go:212:       [31m-[0m[0m locked      = false [90m-> null[0m[0m
TestRunBankingSolutions 2025-12-10T12:42:12+05:30 command.go:212:       [31m-[0m[0m name        = "app-flavor" [90m-> null[0m[0m
TestRunBankingSolutions 2025-12-10T12:42:12+05:30 command.go:212:       [31m-[0m[0m pipeline_id = "32d0fab2-15fb-4a88-a7d5-23a21aac0afe" [90m-> null[0m[0m
TestRunBankingSolutions 2025-12-10T12:42:12+05:30 command.go:212:       [31m-[0m[0m type        = "text" [90m-> null[0m[0m
TestRunBankingSolutions 2025-12-10T12:42:12+05:30 command.go:212:       [31m-[0m[0m value       = "banking" [90m-> null[0m[0m
TestRunBankingSolutions 2025-12-10T12:42:12+05:30 command.go:212:     }
TestRunBankingSolutions 2025-12-10T12:42:12+05:30 command.go:212: 
TestRunBankingSolutions 2025-12-10T12:42:12+05:30 command.go:212: [1m  # ibm_cd_tekton_pipeline_property.cluster_public_ingress_subdomain_pipeline_property_cd[0][0m will be [1m[31mdestroyed[0m
TestRunBankingSolutions 2025-12-10T12:42:12+05:30 command.go:212: [0m  [31m-[0m[0m resource "ibm_cd_tekton_pipeline_property" "cluster_public_ingress_subdomain_pipeline_property_cd" {
TestRunBankingSolutions 2025-12-10T12:42:12+05:30 command.go:212:       [31m-[0m[0m href        = "https://api.us-south.devops.cloud.ibm.com/pipeline/v2/tekton_pipelines/70b60c36-da62-4d8d-82c2-e0c7e5975db1/properties/cluster_public_ingress_subdomain" [90m-> null[0m[0m
TestRunBankingSolutions 2025-12-10T12:42:12+05:30 command.go:212:       [31m-[0m[0m id          = "70b60c36-da62-4d8d-82c2-e0c7e5975db1/cluster_public_ingress_subdomain" [90m-> null[0m[0m
TestRunBankingSolutions 2025-12-10T12:42:12+05:30 command.go:212:       [31m-[0m[0m locked      = false [90m-> null[0m[0m
TestRunBankingSolutions 2025-12-10T12:42:12+05:30 command.go:212:       [31m-[0m[0m name        = "cluster_public_ingress_subdomain" [90m-> null[0m[0m
TestRunBankingSolutions 2025-12-10T12:42:12+05:30 command.go:212:       [31m-[0m[0m pipeline_id = "70b60c36-da62-4d8d-82c2-e0c7e5975db1" [90m-> null[0m[0m
TestRunBankingSolutions 2025-12-10T12:42:12+05:30 command.go:212:       [31m-[0m[0m type        = "text" [90m-> null[0m[0m
TestRunBankingSolutions 2025-12-10T12:42:12+05:30 command.go:212:       [31m-[0m[0m value       = "rag-da-tj2una-3b5bf5f75003778663c521c8c35ad277-0001.us-south.containers.appdomain.cloud" [90m-> null[0m[0m
TestRunBankingSolutions 2025-12-10T12:42:12+05:30 command.go:212:     }
TestRunBankingSolutions 2025-12-10T12:42:12+05:30 command.go:212: 
TestRunBankingSolutions 2025-12-10T12:42:12+05:30 command.go:212: [1m  # ibm_cd_tekton_pipeline_property.cluster_public_ingress_subdomain_pipeline_property_ci[0][0m will be [1m[31mdestroyed[0m
TestRunBankingSolutions 2025-12-10T12:42:12+05:30 command.go:212: [0m  [31m-[0m[0m resource "ibm_cd_tekton_pipeline_property" "cluster_public_ingress_subdomain_pipeline_property_ci" {
TestRunBankingSolutions 2025-12-10T12:42:12+05:30 command.go:212:       [31m-[0m[0m href        = "https://api.us-south.devops.cloud.ibm.com/pipeline/v2/tekton_pipelines/32d0fab2-15fb-4a88-a7d5-23a21aac0afe/properties/cluster_public_ingress_subdomain" [90m-> null[0m[0m
TestRunBankingSolutions 2025-12-10T12:42:12+05:30 command.go:212:       [31m-[0m[0m id          = "32d0fab2-15fb-4a88-a7d5-23a21aac0afe/cluster_public_ingress_subdomain" [90m-> null[0m[0m
TestRunBankingSolutions 2025-12-10T12:42:12+05:30 command.go:212:       [31m-[0m[0m locked      = false [90m-> null[0m[0m
TestRunBankingSolutions 2025-12-10T12:42:12+05:30 command.go:212:       [31m-[0m[0m name        = "cluster_public_ingress_subdomain" [90m-> null[0m[0m
TestRunBankingSolutions 2025-12-10T12:42:12+05:30 command.go:212:       [31m-[0m[0m pipeline_id = "32d0fab2-15fb-4a88-a7d5-23a21aac0afe" [90m-> null[0m[0m
TestRunBankingSolutions 2025-12-10T12:42:12+05:30 command.go:212:       [31m-[0m[0m type        = "text" [90m-> null[0m[0m
TestRunBankingSolutions 2025-12-10T12:42:12+05:30 command.go:212:       [31m-[0m[0m value       = "rag-da-tj2una-3b5bf5f75003778663c521c8c35ad277-0001.us-south.containers.appdomain.cloud" [90m-> null[0m[0m
TestRunBankingSolutions 2025-12-10T12:42:12+05:30 command.go:212:     }
TestRunBankingSolutions 2025-12-10T12:42:12+05:30 command.go:212: 
TestRunBankingSolutions 2025-12-10T12:42:12+05:30 command.go:212: [1m  # ibm_cd_tekton_pipeline_property.resource_group_name_pipeline_property_ci[0][0m will be [1m[31mdestroyed[0m
TestRunBankingSolutions 2025-12-10T12:42:12+05:30 command.go:212: [0m  [31m-[0m[0m resource "ibm_cd_tekton_pipeline_property" "resource_group_name_pipeline_property_ci" {
TestRunBankingSolutions 2025-12-10T12:42:12+05:30 command.go:212:       [31m-[0m[0m href        = "https://api.us-south.devops.cloud.ibm.com/pipeline/v2/tekton_pipelines/32d0fab2-15fb-4a88-a7d5-23a21aac0afe/properties/dev-resource-group" [90m-> null[0m[0m
TestRunBankingSolutions 2025-12-10T12:42:12+05:30 command.go:212:       [31m-[0m[0m id          = "32d0fab2-15fb-4a88-a7d5-23a21aac0afe/dev-resource-group" [90m-> null[0m[0m
TestRunBankingSolutions 2025-12-10T12:42:12+05:30 command.go:212:       [31m-[0m[0m locked      = false [90m-> null[0m[0m
TestRunBankingSolutions 2025-12-10T12:42:12+05:30 command.go:212:       [31m-[0m[0m name        = "dev-resource-group" [90m-> null[0m[0m
TestRunBankingSolutions 2025-12-10T12:42:12+05:30 command.go:212:       [31m-[0m[0m pipeline_id = "32d0fab2-15fb-4a88-a7d5-23a21aac0afe" [90m-> null[0m[0m
TestRunBankingSolutions 2025-12-10T12:42:12+05:30 command.go:212:       [31m-[0m[0m type        = "text" [90m-> null[0m[0m
TestRunBankingSolutions 2025-12-10T12:42:12+05:30 command.go:212:       [31m-[0m[0m value       = "rag-da-tj2una-resource-group" [90m-> null[0m[0m
TestRunBankingSolutions 2025-12-10T12:42:12+05:30 command.go:212:     }
TestRunBankingSolutions 2025-12-10T12:42:12+05:30 command.go:212: 
TestRunBankingSolutions 2025-12-10T12:42:12+05:30 command.go:212: [1m  # ibm_cd_tekton_pipeline_property.watsonx_assistant_id_pipeline_property_cd[0m will be [1m[31mdestroyed[0m
TestRunBankingSolutions 2025-12-10T12:42:12+05:30 command.go:212: [0m  [31m-[0m[0m resource "ibm_cd_tekton_pipeline_property" "watsonx_assistant_id_pipeline_property_cd" {
TestRunBankingSolutions 2025-12-10T12:42:12+05:30 command.go:212:       [31m-[0m[0m href        = "https://api.us-south.devops.cloud.ibm.com/pipeline/v2/tekton_pipelines/70b60c36-da62-4d8d-82c2-e0c7e5975db1/properties/watsonx_assistant_id" [90m-> null[0m[0m
TestRunBankingSolutions 2025-12-10T12:42:12+05:30 command.go:212:       [31m-[0m[0m id          = "70b60c36-da62-4d8d-82c2-e0c7e5975db1/watsonx_assistant_id" [90m-> null[0m[0m
TestRunBankingSolutions 2025-12-10T12:42:12+05:30 command.go:212:       [31m-[0m[0m locked      = false [90m-> null[0m[0m
TestRunBankingSolutions 2025-12-10T12:42:12+05:30 command.go:212:       [31m-[0m[0m name        = "watsonx_assistant_id" [90m-> null[0m[0m
TestRunBankingSolutions 2025-12-10T12:42:12+05:30 command.go:212:       [31m-[0m[0m pipeline_id = "70b60c36-da62-4d8d-82c2-e0c7e5975db1" [90m-> null[0m[0m
TestRunBankingSolutions 2025-12-10T12:42:12+05:30 command.go:212:       [31m-[0m[0m type        = "text" [90m-> null[0m[0m
TestRunBankingSolutions 2025-12-10T12:42:12+05:30 command.go:212:       [31m-[0m[0m value       = "1561d39c-06f1-442a-b1a4-3bed06835dda" [90m-> null[0m[0m
TestRunBankingSolutions 2025-12-10T12:42:12+05:30 command.go:212:     }
TestRunBankingSolutions 2025-12-10T12:42:12+05:30 command.go:212: 
TestRunBankingSolutions 2025-12-10T12:42:12+05:30 command.go:212: [1m  # ibm_cd_tekton_pipeline_property.watsonx_assistant_id_pipeline_property_ci[0m will be [1m[31mdestroyed[0m
TestRunBankingSolutions 2025-12-10T12:42:12+05:30 command.go:212: [0m  [31m-[0m[0m resource "ibm_cd_tekton_pipeline_property" "watsonx_assistant_id_pipeline_property_ci" {
TestRunBankingSolutions 2025-12-10T12:42:12+05:30 command.go:212:       [31m-[0m[0m href        = "https://api.us-south.devops.cloud.ibm.com/pipeline/v2/tekton_pipelines/32d0fab2-15fb-4a88-a7d5-23a21aac0afe/properties/watsonx_assistant_id" [90m-> null[0m[0m
TestRunBankingSolutions 2025-12-10T12:42:12+05:30 command.go:212:       [31m-[0m[0m id          = "32d0fab2-15fb-4a88-a7d5-23a21aac0afe/watsonx_assistant_id" [90m-> null[0m[0m
TestRunBankingSolutions 2025-12-10T12:42:12+05:30 command.go:212:       [31m-[0m[0m locked      = false [90m-> null[0m[0m
TestRunBankingSolutions 2025-12-10T12:42:12+05:30 command.go:212:       [31m-[0m[0m name        = "watsonx_assistant_id" [90m-> null[0m[0m
TestRunBankingSolutions 2025-12-10T12:42:12+05:30 command.go:212:       [31m-[0m[0m pipeline_id = "32d0fab2-15fb-4a88-a7d5-23a21aac0afe" [90m-> null[0m[0m
TestRunBankingSolutions 2025-12-10T12:42:12+05:30 command.go:212:       [31m-[0m[0m type        = "text" [90m-> null[0m[0m
TestRunBankingSolutions 2025-12-10T12:42:12+05:30 command.go:212:       [31m-[0m[0m value       = "1561d39c-06f1-442a-b1a4-3bed06835dda" [90m-> null[0m[0m
TestRunBankingSolutions 2025-12-10T12:42:12+05:30 command.go:212:     }
TestRunBankingSolutions 2025-12-10T12:42:12+05:30 command.go:212: 
TestRunBankingSolutions 2025-12-10T12:42:12+05:30 command.go:212: [1m  # ibm_cd_tekton_pipeline_property.watsonx_assistant_integration_id_pipeline_property_cd[0m will be [1m[31mdestroyed[0m
TestRunBankingSolutions 2025-12-10T12:42:12+05:30 command.go:212: [0m  [31m-[0m[0m resource "ibm_cd_tekton_pipeline_property" "watsonx_assistant_integration_id_pipeline_property_cd" {
TestRunBankingSolutions 2025-12-10T12:42:12+05:30 command.go:212:       [31m-[0m[0m href        = "https://api.us-south.devops.cloud.ibm.com/pipeline/v2/tekton_pipelines/70b60c36-da62-4d8d-82c2-e0c7e5975db1/properties/watsonx_assistant_integration_id" [90m-> null[0m[0m
TestRunBankingSolutions 2025-12-10T12:42:12+05:30 command.go:212:       [31m-[0m[0m id          = "70b60c36-da62-4d8d-82c2-e0c7e5975db1/watsonx_assistant_integration_id" [90m-> null[0m[0m
TestRunBankingSolutions 2025-12-10T12:42:12+05:30 command.go:212:       [31m-[0m[0m locked      = false [90m-> null[0m[0m
TestRunBankingSolutions 2025-12-10T12:42:12+05:30 command.go:212:       [31m-[0m[0m name        = "watsonx_assistant_integration_id" [90m-> null[0m[0m
TestRunBankingSolutions 2025-12-10T12:42:12+05:30 command.go:212:       [31m-[0m[0m pipeline_id = "70b60c36-da62-4d8d-82c2-e0c7e5975db1" [90m-> null[0m[0m
TestRunBankingSolutions 2025-12-10T12:42:12+05:30 command.go:212:       [31m-[0m[0m type        = "text" [90m-> null[0m[0m
TestRunBankingSolutions 2025-12-10T12:42:12+05:30 command.go:212:       [31m-[0m[0m value       = "4b7458b1-90ce-4066-8dca-8ea972a7c909" [90m-> null[0m[0m
TestRunBankingSolutions 2025-12-10T12:42:12+05:30 command.go:212:     }
TestRunBankingSolutions 2025-12-10T12:42:12+05:30 command.go:212: 
TestRunBankingSolutions 2025-12-10T12:42:12+05:30 command.go:212: [1m  # ibm_cd_tekton_pipeline_property.watsonx_assistant_integration_id_pipeline_property_ci[0m will be [1m[31mdestroyed[0m
TestRunBankingSolutions 2025-12-10T12:42:12+05:30 command.go:212: [0m  [31m-[0m[0m resource "ibm_cd_tekton_pipeline_property" "watsonx_assistant_integration_id_pipeline_property_ci" {
TestRunBankingSolutions 2025-12-10T12:42:12+05:30 command.go:212:       [31m-[0m[0m href        = "https://api.us-south.devops.cloud.ibm.com/pipeline/v2/tekton_pipelines/32d0fab2-15fb-4a88-a7d5-23a21aac0afe/properties/watsonx_assistant_integration_id" [90m-> null[0m[0m
TestRunBankingSolutions 2025-12-10T12:42:12+05:30 command.go:212:       [31m-[0m[0m id          = "32d0fab2-15fb-4a88-a7d5-23a21aac0afe/watsonx_assistant_integration_id" [90m-> null[0m[0m
TestRunBankingSolutions 2025-12-10T12:42:12+05:30 command.go:212:       [31m-[0m[0m locked      = false [90m-> null[0m[0m
TestRunBankingSolutions 2025-12-10T12:42:12+05:30 command.go:212:       [31m-[0m[0m name        = "watsonx_assistant_integration_id" [90m-> null[0m[0m
TestRunBankingSolutions 2025-12-10T12:42:12+05:30 command.go:212:       [31m-[0m[0m pipeline_id = "32d0fab2-15fb-4a88-a7d5-23a21aac0afe" [90m-> null[0m[0m
TestRunBankingSolutions 2025-12-10T12:42:12+05:30 command.go:212:       [31m-[0m[0m type        = "text" [90m-> null[0m[0m
TestRunBankingSolutions 2025-12-10T12:42:12+05:30 command.go:212:       [31m-[0m[0m value       = "4b7458b1-90ce-4066-8dca-8ea972a7c909" [90m-> null[0m[0m
TestRunBankingSolutions 2025-12-10T12:42:12+05:30 command.go:212:     }
TestRunBankingSolutions 2025-12-10T12:42:12+05:30 command.go:212: 
TestRunBankingSolutions 2025-12-10T12:42:12+05:30 command.go:212: [1m  # ibm_cd_tekton_pipeline_property.watsonx_assistant_region_pipeline_property_cd[0m will be [1m[31mdestroyed[0m
TestRunBankingSolutions 2025-12-10T12:42:12+05:30 command.go:212: [0m  [31m-[0m[0m resource "ibm_cd_tekton_pipeline_property" "watsonx_assistant_region_pipeline_property_cd" {
TestRunBankingSolutions 2025-12-10T12:42:12+05:30 command.go:212:       [31m-[0m[0m href        = "https://api.us-south.devops.cloud.ibm.com/pipeline/v2/tekton_pipelines/70b60c36-da62-4d8d-82c2-e0c7e5975db1/properties/watsonx_assistant_region" [90m-> null[0m[0m
TestRunBankingSolutions 2025-12-10T12:42:12+05:30 command.go:212:       [31m-[0m[0m id          = "70b60c36-da62-4d8d-82c2-e0c7e5975db1/watsonx_assistant_region" [90m-> null[0m[0m
TestRunBankingSolutions 2025-12-10T12:42:12+05:30 command.go:212:       [31m-[0m[0m locked      = false [90m-> null[0m[0m
TestRunBankingSolutions 2025-12-10T12:42:12+05:30 command.go:212:       [31m-[0m[0m name        = "watsonx_assistant_region" [90m-> null[0m[0m
TestRunBankingSolutions 2025-12-10T12:42:12+05:30 command.go:212:       [31m-[0m[0m pipeline_id = "70b60c36-da62-4d8d-82c2-e0c7e5975db1" [90m-> null[0m[0m
TestRunBankingSolutions 2025-12-10T12:42:12+05:30 command.go:212:       [31m-[0m[0m type        = "text" [90m-> null[0m[0m
TestRunBankingSolutions 2025-12-10T12:42:12+05:30 command.go:212:       [31m-[0m[0m value       = "us-south" [90m-> null[0m[0m
TestRunBankingSolutions 2025-12-10T12:42:12+05:30 command.go:212:     }
TestRunBankingSolutions 2025-12-10T12:42:12+05:30 command.go:212: 
TestRunBankingSolutions 2025-12-10T12:42:12+05:30 command.go:212: [1m  # ibm_cd_tekton_pipeline_property.watsonx_assistant_region_pipeline_property_ci[0m will be [1m[31mdestroyed[0m
TestRunBankingSolutions 2025-12-10T12:42:12+05:30 command.go:212: [0m  [31m-[0m[0m resource "ibm_cd_tekton_pipeline_property" "watsonx_assistant_region_pipeline_property_ci" {
TestRunBankingSolutions 2025-12-10T12:42:12+05:30 command.go:212:       [31m-[0m[0m href        = "https://api.us-south.devops.cloud.ibm.com/pipeline/v2/tekton_pipelines/32d0fab2-15fb-4a88-a7d5-23a21aac0afe/properties/watsonx_assistant_region" [90m-> null[0m[0m
TestRunBankingSolutions 2025-12-10T12:42:12+05:30 command.go:212:       [31m-[0m[0m id          = "32d0fab2-15fb-4a88-a7d5-23a21aac0afe/watsonx_assistant_region" [90m-> null[0m[0m
TestRunBankingSolutions 2025-12-10T12:42:12+05:30 command.go:212:       [31m-[0m[0m locked      = false [90m-> null[0m[0m
TestRunBankingSolutions 2025-12-10T12:42:12+05:30 command.go:212:       [31m-[0m[0m name        = "watsonx_assistant_region" [90m-> null[0m[0m
TestRunBankingSolutions 2025-12-10T12:42:12+05:30 command.go:212:       [31m-[0m[0m pipeline_id = "32d0fab2-15fb-4a88-a7d5-23a21aac0afe" [90m-> null[0m[0m
TestRunBankingSolutions 2025-12-10T12:42:12+05:30 command.go:212:       [31m-[0m[0m type        = "text" [90m-> null[0m[0m
TestRunBankingSolutions 2025-12-10T12:42:12+05:30 command.go:212:       [31m-[0m[0m value       = "us-south" [90m-> null[0m[0m
TestRunBankingSolutions 2025-12-10T12:42:12+05:30 command.go:212:     }
TestRunBankingSolutions 2025-12-10T12:42:12+05:30 command.go:212: 
TestRunBankingSolutions 2025-12-10T12:42:12+05:30 command.go:212: [1m  # ibm_cd_tekton_pipeline_trigger.ci_pipeline_webhook[0m will be [1m[31mdestroyed[0m
TestRunBankingSolutions 2025-12-10T12:42:12+05:30 command.go:212: [0m  [31m-[0m[0m resource "ibm_cd_tekton_pipeline_trigger" "ci_pipeline_webhook" {
TestRunBankingSolutions 2025-12-10T12:42:12+05:30 command.go:212:       [31m-[0m[0m disable_draft_events     = false [90m-> null[0m[0m
TestRunBankingSolutions 2025-12-10T12:42:12+05:30 command.go:212:       [31m-[0m[0m enable_events_from_forks = false [90m-> null[0m[0m
TestRunBankingSolutions 2025-12-10T12:42:12+05:30 command.go:212:       [31m-[0m[0m enabled                  = true [90m-> null[0m[0m
TestRunBankingSolutions 2025-12-10T12:42:12+05:30 command.go:212:       [31m-[0m[0m event_listener           = "ci-listener-gitlab" [90m-> null[0m[0m
TestRunBankingSolutions 2025-12-10T12:42:12+05:30 command.go:212:       [31m-[0m[0m favorite                 = false [90m-> null[0m[0m
TestRunBankingSolutions 2025-12-10T12:42:12+05:30 command.go:212:       [31m-[0m[0m href                     = "https://api.us-south.devops.cloud.ibm.com/pipeline/v2/tekton_pipelines/32d0fab2-15fb-4a88-a7d5-23a21aac0afe/triggers/5f855083-958f-4606-8cb9-be7c06bdfc99" [90m-> null[0m[0m
TestRunBankingSolutions 2025-12-10T12:42:12+05:30 command.go:212:       [31m-[0m[0m id                       = "32d0fab2-15fb-4a88-a7d5-23a21aac0afe/5f855083-958f-4606-8cb9-be7c06bdfc99" [90m-> null[0m[0m
TestRunBankingSolutions 2025-12-10T12:42:12+05:30 command.go:212:       [31m-[0m[0m limit_waiting_runs       = false [90m-> null[0m[0m
TestRunBankingSolutions 2025-12-10T12:42:12+05:30 command.go:212:       [31m-[0m[0m name                     = "rag-webhook-trigger" [90m-> null[0m[0m
TestRunBankingSolutions 2025-12-10T12:42:12+05:30 command.go:212:       [31m-[0m[0m pipeline_id              = "32d0fab2-15fb-4a88-a7d5-23a21aac0afe" [90m-> null[0m[0m
TestRunBankingSolutions 2025-12-10T12:42:12+05:30 command.go:212:       [31m-[0m[0m properties               = [
TestRunBankingSolutions 2025-12-10T12:42:12+05:30 command.go:212:           [31m-[0m[0m {
TestRunBankingSolutions 2025-12-10T12:42:12+05:30 command.go:212:               [31m-[0m[0m enum   = []
TestRunBankingSolutions 2025-12-10T12:42:12+05:30 command.go:212:               [31m-[0m[0m href   = "https://api.us-south.devops.cloud.ibm.com/pipeline/v2/tekton_pipelines/32d0fab2-15fb-4a88-a7d5-23a21aac0afe/triggers/5f855083-958f-4606-8cb9-be7c06bdfc99/properties/branch"
TestRunBankingSolutions 2025-12-10T12:42:12+05:30 command.go:212:               [31m-[0m[0m locked = false
TestRunBankingSolutions 2025-12-10T12:42:12+05:30 command.go:212:               [31m-[0m[0m name   = "branch"
TestRunBankingSolutions 2025-12-10T12:42:12+05:30 command.go:212:               [31m-[0m[0m type   = "text"
TestRunBankingSolutions 2025-12-10T12:42:12+05:30 command.go:212:               [31m-[0m[0m value  = "main"
TestRunBankingSolutions 2025-12-10T12:42:12+05:30 command.go:212:                 [90m# (1 unchanged attribute hidden)[0m[0m
TestRunBankingSolutions 2025-12-10T12:42:12+05:30 command.go:212:             },
TestRunBankingSolutions 2025-12-10T12:42:12+05:30 command.go:212:         ] [90m-> null[0m[0m
TestRunBankingSolutions 2025-12-10T12:42:12+05:30 command.go:212:       [31m-[0m[0m trigger_id               = "5f855083-958f-4606-8cb9-be7c06bdfc99" [90m-> null[0m[0m
TestRunBankingSolutions 2025-12-10T12:42:12+05:30 command.go:212:       [31m-[0m[0m type                     = "generic" [90m-> null[0m[0m
TestRunBankingSolutions 2025-12-10T12:42:12+05:30 command.go:212:       [31m-[0m[0m webhook_url              = "https://devops-api.us-south.devops.cloud.ibm.com/v1/tekton-webhook/32d0fab2-15fb-4a88-a7d5-23a21aac0afe/run/5f855083-958f-4606-8cb9-be7c06bdfc99" [90m-> null[0m[0m
TestRunBankingSolutions 2025-12-10T12:42:12+05:30 command.go:212: 
TestRunBankingSolutions 2025-12-10T12:42:12+05:30 command.go:212:       [31m-[0m[0m secret {
TestRunBankingSolutions 2025-12-10T12:42:12+05:30 command.go:212:           [31m-[0m[0m key_name  = "webhook-token" [90m-> null[0m[0m
TestRunBankingSolutions 2025-12-10T12:42:12+05:30 command.go:212:           [31m-[0m[0m source    = "payload" [90m-> null[0m[0m
TestRunBankingSolutions 2025-12-10T12:42:12+05:30 command.go:212:           [31m-[0m[0m type      = "token_matches" [90m-> null[0m[0m
TestRunBankingSolutions 2025-12-10T12:42:12+05:30 command.go:212:           [31m-[0m[0m value     = "hash:SHA3-512:b045b98b014dff531d71c6de7f87a46992d80fb30d0306c2f8186c9cd3f979ccb920f455d77002c869e1e4ccddf6b79ce6c96967c580e788d8e80f8148ea8f7a" [90m-> null[0m[0m
TestRunBankingSolutions 2025-12-10T12:42:12+05:30 command.go:212:             [90m# (1 unchanged attribute hidden)[0m[0m
TestRunBankingSolutions 2025-12-10T12:42:12+05:30 command.go:212:         }
TestRunBankingSolutions 2025-12-10T12:42:12+05:30 command.go:212:     }
TestRunBankingSolutions 2025-12-10T12:42:12+05:30 command.go:212: 
TestRunBankingSolutions 2025-12-10T12:42:12+05:30 command.go:212: [1m  # ibm_cd_tekton_pipeline_trigger_property.ci_pipeline_webhook_branch_property[0m will be [1m[31mdestroyed[0m
TestRunBankingSolutions 2025-12-10T12:42:12+05:30 command.go:212: [0m  [31m-[0m[0m resource "ibm_cd_tekton_pipeline_trigger_property" "ci_pipeline_webhook_branch_property" {
TestRunBankingSolutions 2025-12-10T12:42:12+05:30 command.go:212:       [31m-[0m[0m href        = "https://api.us-south.devops.cloud.ibm.com/pipeline/v2/tekton_pipelines/32d0fab2-15fb-4a88-a7d5-23a21aac0afe/triggers/5f855083-958f-4606-8cb9-be7c06bdfc99/properties/branch" [90m-> null[0m[0m
TestRunBankingSolutions 2025-12-10T12:42:12+05:30 command.go:212:       [31m-[0m[0m id          = "32d0fab2-15fb-4a88-a7d5-23a21aac0afe/5f855083-958f-4606-8cb9-be7c06bdfc99/branch" [90m-> null[0m[0m
TestRunBankingSolutions 2025-12-10T12:42:12+05:30 command.go:212:       [31m-[0m[0m locked      = false [90m-> null[0m[0m
TestRunBankingSolutions 2025-12-10T12:42:12+05:30 command.go:212:       [31m-[0m[0m name        = "branch" [90m-> null[0m[0m
TestRunBankingSolutions 2025-12-10T12:42:12+05:30 command.go:212:       [31m-[0m[0m pipeline_id = "32d0fab2-15fb-4a88-a7d5-23a21aac0afe" [90m-> null[0m[0m
TestRunBankingSolutions 2025-12-10T12:42:12+05:30 command.go:212:       [31m-[0m[0m trigger_id  = "5f855083-958f-4606-8cb9-be7c06bdfc99" [90m-> null[0m[0m
TestRunBankingSolutions 2025-12-10T12:42:12+05:30 command.go:212:       [31m-[0m[0m type        = "text" [90m-> null[0m[0m
TestRunBankingSolutions 2025-12-10T12:42:12+05:30 command.go:212:       [31m-[0m[0m value       = "main" [90m-> null[0m[0m
TestRunBankingSolutions 2025-12-10T12:42:12+05:30 command.go:212:     }
TestRunBankingSolutions 2025-12-10T12:42:12+05:30 command.go:212: 
TestRunBankingSolutions 2025-12-10T12:42:12+05:30 command.go:212: [1m  # random_string.webhook_secret[0m will be [1m[31mdestroyed[0m
TestRunBankingSolutions 2025-12-10T12:42:12+05:30 command.go:212: [0m  [31m-[0m[0m resource "random_string" "webhook_secret" {
TestRunBankingSolutions 2025-12-10T12:42:12+05:30 command.go:212:       [31m-[0m[0m id          = "bhvd7wr2v1knuphrolgwa7d3iy97zlz01048e25jmym2j5as" [90m-> null[0m[0m
TestRunBankingSolutions 2025-12-10T12:42:12+05:30 command.go:212:       [31m-[0m[0m length      = 48 [90m-> null[0m[0m
TestRunBankingSolutions 2025-12-10T12:42:12+05:30 command.go:212:       [31m-[0m[0m lower       = true [90m-> null[0m[0m
TestRunBankingSolutions 2025-12-10T12:42:12+05:30 command.go:212:       [31m-[0m[0m min_lower   = 0 [90m-> null[0m[0m
TestRunBankingSolutions 2025-12-10T12:42:12+05:30 command.go:212:       [31m-[0m[0m min_numeric = 0 [90m-> null[0m[0m
TestRunBankingSolutions 2025-12-10T12:42:12+05:30 command.go:212:       [31m-[0m[0m min_special = 0 [90m-> null[0m[0m
TestRunBankingSolutions 2025-12-10T12:42:12+05:30 command.go:212:       [31m-[0m[0m min_upper   = 0 [90m-> null[0m[0m
TestRunBankingSolutions 2025-12-10T12:42:12+05:30 command.go:212:       [31m-[0m[0m number      = true [90m-> null[0m[0m
TestRunBankingSolutions 2025-12-10T12:42:12+05:30 command.go:212:       [31m-[0m[0m numeric     = true [90m-> null[0m[0m
TestRunBankingSolutions 2025-12-10T12:42:12+05:30 command.go:212:       [31m-[0m[0m result      = "bhvd7wr2v1knuphrolgwa7d3iy97zlz01048e25jmym2j5as" [90m-> null[0m[0m
TestRunBankingSolutions 2025-12-10T12:42:12+05:30 command.go:212:       [31m-[0m[0m special     = false [90m-> null[0m[0m
TestRunBankingSolutions 2025-12-10T12:42:12+05:30 command.go:212:       [31m-[0m[0m upper       = false [90m-> null[0m[0m
TestRunBankingSolutions 2025-12-10T12:42:12+05:30 command.go:212:     }
TestRunBankingSolutions 2025-12-10T12:42:12+05:30 command.go:212: 
TestRunBankingSolutions 2025-12-10T12:42:12+05:30 command.go:212: [1m  # module.cluster_ingress[0].ibm_is_network_acl_rule.alb_https_req[0][0m will be [1m[31mdestroyed[0m
TestRunBankingSolutions 2025-12-10T12:42:12+05:30 command.go:212: [0m  [31m-[0m[0m resource "ibm_is_network_acl_rule" "alb_https_req" {
TestRunBankingSolutions 2025-12-10T12:42:12+05:30 command.go:212:       [31m-[0m[0m action      = "allow" [90m-> null[0m[0m
TestRunBankingSolutions 2025-12-10T12:42:12+05:30 command.go:212:       [31m-[0m[0m before      = "5e8350f1-347d-4fe9-86b6-b5b0c16f7617" [90m-> null[0m[0m
TestRunBankingSolutions 2025-12-10T12:42:12+05:30 command.go:212:       [31m-[0m[0m destination = "10.240.0.15/32" [90m-> null[0m[0m
TestRunBankingSolutions 2025-12-10T12:42:12+05:30 command.go:212:       [31m-[0m[0m direction   = "inbound" [90m-> null[0m[0m
TestRunBankingSolutions 2025-12-10T12:42:12+05:30 command.go:212:       [31m-[0m[0m href        = "https://us-south.iaas.cloud.ibm.com/v1/network_acls/r006-b8574434-7899-4fff-a85b-787650fb55e3/rules/996bd27b-1a4b-45aa-946c-be6365b49d25" [90m-> null[0m[0m
TestRunBankingSolutions 2025-12-10T12:42:12+05:30 command.go:212:       [31m-[0m[0m id          = "r006-b8574434-7899-4fff-a85b-787650fb55e3/996bd27b-1a4b-45aa-946c-be6365b49d25" [90m-> null[0m[0m
TestRunBankingSolutions 2025-12-10T12:42:12+05:30 command.go:212:       [31m-[0m[0m ip_version  = "ipv4" [90m-> null[0m[0m
TestRunBankingSolutions 2025-12-10T12:42:12+05:30 command.go:212:       [31m-[0m[0m name        = "rag-da-tj2una-public-ingress-lba-zone1-https-req" [90m-> null[0m[0m
TestRunBankingSolutions 2025-12-10T12:42:12+05:30 command.go:212:       [31m-[0m[0m network_acl = "r006-b8574434-7899-4fff-a85b-787650fb55e3" [90m-> null[0m[0m
TestRunBankingSolutions 2025-12-10T12:42:12+05:30 command.go:212:       [31m-[0m[0m protocol    = "tcp" [90m-> null[0m[0m
TestRunBankingSolutions 2025-12-10T12:42:12+05:30 command.go:212:       [31m-[0m[0m rule_id     = "996bd27b-1a4b-45aa-946c-be6365b49d25" [90m-> null[0m[0m
TestRunBankingSolutions 2025-12-10T12:42:12+05:30 command.go:212:       [31m-[0m[0m source      = "0.0.0.0/0" [90m-> null[0m[0m
TestRunBankingSolutions 2025-12-10T12:42:12+05:30 command.go:212: 
TestRunBankingSolutions 2025-12-10T12:42:12+05:30 command.go:212:       [31m-[0m[0m tcp {
TestRunBankingSolutions 2025-12-10T12:42:12+05:30 command.go:212:           [31m-[0m[0m port_max        = 443 [90m-> null[0m[0m
TestRunBankingSolutions 2025-12-10T12:42:12+05:30 command.go:212:           [31m-[0m[0m port_min        = 443 [90m-> null[0m[0m
TestRunBankingSolutions 2025-12-10T12:42:12+05:30 command.go:212:           [31m-[0m[0m source_port_max = 65535 [90m-> null[0m[0m
TestRunBankingSolutions 2025-12-10T12:42:12+05:30 command.go:212:           [31m-[0m[0m source_port_min = 1024 [90m-> null[0m[0m
TestRunBankingSolutions 2025-12-10T12:42:12+05:30 command.go:212:         }
TestRunBankingSolutions 2025-12-10T12:42:12+05:30 command.go:212:     }
TestRunBankingSolutions 2025-12-10T12:42:12+05:30 command.go:212: 
TestRunBankingSolutions 2025-12-10T12:42:12+05:30 command.go:212: [1m  # module.cluster_ingress[0].ibm_is_network_acl_rule.alb_https_req[1][0m will be [1m[31mdestroyed[0m
TestRunBankingSolutions 2025-12-10T12:42:12+05:30 command.go:212: [0m  [31m-[0m[0m resource "ibm_is_network_acl_rule" "alb_https_req" {
TestRunBankingSolutions 2025-12-10T12:42:12+05:30 command.go:212:       [31m-[0m[0m action      = "allow" [90m-> null[0m[0m
TestRunBankingSolutions 2025-12-10T12:42:12+05:30 command.go:212:       [31m-[0m[0m destination = "10.240.0.14/32" [90m-> null[0m[0m
TestRunBankingSolutions 2025-12-10T12:42:12+05:30 command.go:212:       [31m-[0m[0m direction   = "inbound" [90m-> null[0m[0m
TestRunBankingSolutions 2025-12-10T12:42:12+05:30 command.go:212:       [31m-[0m[0m href        = "https://us-south.iaas.cloud.ibm.com/v1/network_acls/r006-b8574434-7899-4fff-a85b-787650fb55e3/rules/11d9eb9c-4ad9-4690-8312-1c2a98cf54fc" [90m-> null[0m[0m
TestRunBankingSolutions 2025-12-10T12:42:12+05:30 command.go:212:       [31m-[0m[0m id          = "r006-b8574434-7899-4fff-a85b-787650fb55e3/11d9eb9c-4ad9-4690-8312-1c2a98cf54fc" [90m-> null[0m[0m
TestRunBankingSolutions 2025-12-10T12:42:12+05:30 command.go:212:       [31m-[0m[0m ip_version  = "ipv4" [90m-> null[0m[0m
TestRunBankingSolutions 2025-12-10T12:42:12+05:30 command.go:212:       [31m-[0m[0m name        = "rag-da-tj2una-public-ingress-lba-zone2-https-req" [90m-> null[0m[0m
TestRunBankingSolutions 2025-12-10T12:42:12+05:30 command.go:212:       [31m-[0m[0m network_acl = "r006-b8574434-7899-4fff-a85b-787650fb55e3" [90m-> null[0m[0m
TestRunBankingSolutions 2025-12-10T12:42:12+05:30 command.go:212:       [31m-[0m[0m protocol    = "tcp" [90m-> null[0m[0m
TestRunBankingSolutions 2025-12-10T12:42:12+05:30 command.go:212:       [31m-[0m[0m rule_id     = "11d9eb9c-4ad9-4690-8312-1c2a98cf54fc" [90m-> null[0m[0m
TestRunBankingSolutions 2025-12-10T12:42:12+05:30 command.go:212:       [31m-[0m[0m source      = "0.0.0.0/0" [90m-> null[0m[0m
TestRunBankingSolutions 2025-12-10T12:42:12+05:30 command.go:212: 
TestRunBankingSolutions 2025-12-10T12:42:12+05:30 command.go:212:       [31m-[0m[0m tcp {
TestRunBankingSolutions 2025-12-10T12:42:12+05:30 command.go:212:           [31m-[0m[0m port_max        = 443 [90m-> null[0m[0m
TestRunBankingSolutions 2025-12-10T12:42:12+05:30 command.go:212:           [31m-[0m[0m port_min        = 443 [90m-> null[0m[0m
TestRunBankingSolutions 2025-12-10T12:42:12+05:30 command.go:212:           [31m-[0m[0m source_port_max = 65535 [90m-> null[0m[0m
TestRunBankingSolutions 2025-12-10T12:42:12+05:30 command.go:212:           [31m-[0m[0m source_port_min = 1024 [90m-> null[0m[0m
TestRunBankingSolutions 2025-12-10T12:42:12+05:30 command.go:212:         }
TestRunBankingSolutions 2025-12-10T12:42:12+05:30 command.go:212:     }
TestRunBankingSolutions 2025-12-10T12:42:12+05:30 command.go:212: 
TestRunBankingSolutions 2025-12-10T12:42:12+05:30 command.go:212: [1m  # module.cluster_ingress[0].ibm_is_network_acl_rule.alb_https_resp[0][0m will be [1m[31mdestroyed[0m
TestRunBankingSolutions 2025-12-10T12:42:12+05:30 command.go:212: [0m  [31m-[0m[0m resource "ibm_is_network_acl_rule" "alb_https_resp" {
TestRunBankingSolutions 2025-12-10T12:42:12+05:30 command.go:212:       [31m-[0m[0m action      = "allow" [90m-> null[0m[0m
TestRunBankingSolutions 2025-12-10T12:42:12+05:30 command.go:212:       [31m-[0m[0m before      = "11d9eb9c-4ad9-4690-8312-1c2a98cf54fc" [90m-> null[0m[0m
TestRunBankingSolutions 2025-12-10T12:42:12+05:30 command.go:212:       [31m-[0m[0m destination = "0.0.0.0/0" [90m-> null[0m[0m
TestRunBankingSolutions 2025-12-10T12:42:12+05:30 command.go:212:       [31m-[0m[0m direction   = "outbound" [90m-> null[0m[0m
TestRunBankingSolutions 2025-12-10T12:42:12+05:30 command.go:212:       [31m-[0m[0m href        = "https://us-south.iaas.cloud.ibm.com/v1/network_acls/r006-b8574434-7899-4fff-a85b-787650fb55e3/rules/f7d94d2e-e4ee-4750-b69a-1a18e01b4a3e" [90m-> null[0m[0m
TestRunBankingSolutions 2025-12-10T12:42:12+05:30 command.go:212:       [31m-[0m[0m id          = "r006-b8574434-7899-4fff-a85b-787650fb55e3/f7d94d2e-e4ee-4750-b69a-1a18e01b4a3e" [90m-> null[0m[0m
TestRunBankingSolutions 2025-12-10T12:42:12+05:30 command.go:212:       [31m-[0m[0m ip_version  = "ipv4" [90m-> null[0m[0m
TestRunBankingSolutions 2025-12-10T12:42:12+05:30 command.go:212:       [31m-[0m[0m name        = "rag-da-tj2una-public-ingress-lba-zone1-https-resp" [90m-> null[0m[0m
TestRunBankingSolutions 2025-12-10T12:42:12+05:30 command.go:212:       [31m-[0m[0m network_acl = "r006-b8574434-7899-4fff-a85b-787650fb55e3" [90m-> null[0m[0m
TestRunBankingSolutions 2025-12-10T12:42:12+05:30 command.go:212:       [31m-[0m[0m protocol    = "tcp" [90m-> null[0m[0m
TestRunBankingSolutions 2025-12-10T12:42:12+05:30 command.go:212:       [31m-[0m[0m rule_id     = "f7d94d2e-e4ee-4750-b69a-1a18e01b4a3e" [90m-> null[0m[0m
TestRunBankingSolutions 2025-12-10T12:42:12+05:30 command.go:212:       [31m-[0m[0m source      = "10.240.0.15/32" [90m-> null[0m[0m
TestRunBankingSolutions 2025-12-10T12:42:12+05:30 command.go:212: 
TestRunBankingSolutions 2025-12-10T12:42:12+05:30 command.go:212:       [31m-[0m[0m tcp {
TestRunBankingSolutions 2025-12-10T12:42:12+05:30 command.go:212:           [31m-[0m[0m port_max        = 65535 [90m-> null[0m[0m
TestRunBankingSolutions 2025-12-10T12:42:12+05:30 command.go:212:           [31m-[0m[0m port_min        = 1024 [90m-> null[0m[0m
TestRunBankingSolutions 2025-12-10T12:42:12+05:30 command.go:212:           [31m-[0m[0m source_port_max = 443 [90m-> null[0m[0m
TestRunBankingSolutions 2025-12-10T12:42:12+05:30 command.go:212:           [31m-[0m[0m source_port_min = 443 [90m-> null[0m[0m
TestRunBankingSolutions 2025-12-10T12:42:12+05:30 command.go:212:         }
TestRunBankingSolutions 2025-12-10T12:42:12+05:30 command.go:212:     }
TestRunBankingSolutions 2025-12-10T12:42:12+05:30 command.go:212: 
TestRunBankingSolutions 2025-12-10T12:42:12+05:30 command.go:212: [1m  # module.cluster_ingress[0].ibm_is_network_acl_rule.alb_https_resp[1][0m will be [1m[31mdestroyed[0m
TestRunBankingSolutions 2025-12-10T12:42:12+05:30 command.go:212: [0m  [31m-[0m[0m resource "ibm_is_network_acl_rule" "alb_https_resp" {
TestRunBankingSolutions 2025-12-10T12:42:12+05:30 command.go:212:       [31m-[0m[0m action      = "allow" [90m-> null[0m[0m
TestRunBankingSolutions 2025-12-10T12:42:12+05:30 command.go:212:       [31m-[0m[0m before      = "f7d94d2e-e4ee-4750-b69a-1a18e01b4a3e" [90m-> null[0m[0m
TestRunBankingSolutions 2025-12-10T12:42:12+05:30 command.go:212:       [31m-[0m[0m destination = "0.0.0.0/0" [90m-> null[0m[0m
TestRunBankingSolutions 2025-12-10T12:42:12+05:30 command.go:212:       [31m-[0m[0m direction   = "outbound" [90m-> null[0m[0m
TestRunBankingSolutions 2025-12-10T12:42:12+05:30 command.go:212:       [31m-[0m[0m href        = "https://us-south.iaas.cloud.ibm.com/v1/network_acls/r006-b8574434-7899-4fff-a85b-787650fb55e3/rules/5e8350f1-347d-4fe9-86b6-b5b0c16f7617" [90m-> null[0m[0m
TestRunBankingSolutions 2025-12-10T12:42:12+05:30 command.go:212:       [31m-[0m[0m id          = "r006-b8574434-7899-4fff-a85b-787650fb55e3/5e8350f1-347d-4fe9-86b6-b5b0c16f7617" [90m-> null[0m[0m
TestRunBankingSolutions 2025-12-10T12:42:12+05:30 command.go:212:       [31m-[0m[0m ip_version  = "ipv4" [90m-> null[0m[0m
TestRunBankingSolutions 2025-12-10T12:42:12+05:30 command.go:212:       [31m-[0m[0m name        = "rag-da-tj2una-public-ingress-lba-zone2-https-resp" [90m-> null[0m[0m
TestRunBankingSolutions 2025-12-10T12:42:12+05:30 command.go:212:       [31m-[0m[0m network_acl = "r006-b8574434-7899-4fff-a85b-787650fb55e3" [90m-> null[0m[0m
TestRunBankingSolutions 2025-12-10T12:42:12+05:30 command.go:212:       [31m-[0m[0m protocol    = "tcp" [90m-> null[0m[0m
TestRunBankingSolutions 2025-12-10T12:42:12+05:30 command.go:212:       [31m-[0m[0m rule_id     = "5e8350f1-347d-4fe9-86b6-b5b0c16f7617" [90m-> null[0m[0m
TestRunBankingSolutions 2025-12-10T12:42:12+05:30 command.go:212:       [31m-[0m[0m source      = "10.240.0.14/32" [90m-> null[0m[0m
TestRunBankingSolutions 2025-12-10T12:42:12+05:30 command.go:212: 
TestRunBankingSolutions 2025-12-10T12:42:12+05:30 command.go:212:       [31m-[0m[0m tcp {
TestRunBankingSolutions 2025-12-10T12:42:12+05:30 command.go:212:           [31m-[0m[0m port_max        = 65535 [90m-> null[0m[0m
TestRunBankingSolutions 2025-12-10T12:42:12+05:30 command.go:212:           [31m-[0m[0m port_min        = 1024 [90m-> null[0m[0m
TestRunBankingSolutions 2025-12-10T12:42:12+05:30 command.go:212:           [31m-[0m[0m source_port_max = 443 [90m-> null[0m[0m
TestRunBankingSolutions 2025-12-10T12:42:12+05:30 command.go:212:           [31m-[0m[0m source_port_min = 443 [90m-> null[0m[0m
TestRunBankingSolutions 2025-12-10T12:42:12+05:30 command.go:212:         }
TestRunBankingSolutions 2025-12-10T12:42:12+05:30 command.go:212:     }
TestRunBankingSolutions 2025-12-10T12:42:12+05:30 command.go:212: 
TestRunBankingSolutions 2025-12-10T12:42:12+05:30 command.go:212: [1m  # module.cluster_ingress[0].kubernetes_manifest.workload_ingress[0m will be [1m[31mdestroyed[0m
TestRunBankingSolutions 2025-12-10T12:42:12+05:30 command.go:212: [0m  [31m-[0m[0m resource "kubernetes_manifest" "workload_ingress" {
TestRunBankingSolutions 2025-12-10T12:42:12+05:30 command.go:212:       [31m-[0m[0m manifest = {
TestRunBankingSolutions 2025-12-10T12:42:12+05:30 command.go:212:           [31m-[0m[0m apiVersion = "operator.openshift.io/v1"
TestRunBankingSolutions 2025-12-10T12:42:12+05:30 command.go:212:           [31m-[0m[0m kind       = "IngressController"
TestRunBankingSolutions 2025-12-10T12:42:12+05:30 command.go:212:           [31m-[0m[0m metadata   = {
TestRunBankingSolutions 2025-12-10T12:42:12+05:30 command.go:212:               [31m-[0m[0m name      = "rag-da-tj2una-ingress-public"
TestRunBankingSolutions 2025-12-10T12:42:12+05:30 command.go:212:               [31m-[0m[0m namespace = "openshift-ingress-operator"
TestRunBankingSolutions 2025-12-10T12:42:12+05:30 command.go:212:             }
TestRunBankingSolutions 2025-12-10T12:42:12+05:30 command.go:212:           [31m-[0m[0m spec       = {
TestRunBankingSolutions 2025-12-10T12:42:12+05:30 command.go:212:               [31m-[0m[0m defaultCertificate         = {
TestRunBankingSolutions 2025-12-10T12:42:12+05:30 command.go:212:                   [31m-[0m[0m name = "rag-da-tj2una-3b5bf5f75003778663c521c8c35ad277-0001"
TestRunBankingSolutions 2025-12-10T12:42:12+05:30 command.go:212:                 }
TestRunBankingSolutions 2025-12-10T12:42:12+05:30 command.go:212:               [31m-[0m[0m domain                     = "rag-da-tj2una-3b5bf5f75003778663c521c8c35ad277-0001.us-south.containers.appdomain.cloud"
TestRunBankingSolutions 2025-12-10T12:42:12+05:30 command.go:212:               [31m-[0m[0m endpointPublishingStrategy = {
TestRunBankingSolutions 2025-12-10T12:42:12+05:30 command.go:212:                   [31m-[0m[0m loadBalancer = {
TestRunBankingSolutions 2025-12-10T12:42:12+05:30 command.go:212:                       [31m-[0m[0m dnsManagementPolicy = "Managed"
TestRunBankingSolutions 2025-12-10T12:42:12+05:30 command.go:212:                       [31m-[0m[0m scope               = "External"
TestRunBankingSolutions 2025-12-10T12:42:12+05:30 command.go:212:                     }
TestRunBankingSolutions 2025-12-10T12:42:12+05:30 command.go:212:                   [31m-[0m[0m type         = "LoadBalancerService"
TestRunBankingSolutions 2025-12-10T12:42:12+05:30 command.go:212:                 }
TestRunBankingSolutions 2025-12-10T12:42:12+05:30 command.go:212:               [31m-[0m[0m replicas                   = 2
TestRunBankingSolutions 2025-12-10T12:42:12+05:30 command.go:212:               [31m-[0m[0m routeSelector              = {
TestRunBankingSolutions 2025-12-10T12:42:12+05:30 command.go:212:                   [31m-[0m[0m matchLabels = {
TestRunBankingSolutions 2025-12-10T12:42:12+05:30 command.go:212:                       [31m-[0m[0m ingress = "ingress-public"
TestRunBankingSolutions 2025-12-10T12:42:12+05:30 command.go:212:                     }
TestRunBankingSolutions 2025-12-10T12:42:12+05:30 command.go:212:                 }
TestRunBankingSolutions 2025-12-10T12:42:12+05:30 command.go:212:             }
TestRunBankingSolutions 2025-12-10T12:42:12+05:30 command.go:212:         } [90m-> null[0m[0m
TestRunBankingSolutions 2025-12-10T12:42:12+05:30 command.go:212:       [31m-[0m[0m object   = {
TestRunBankingSolutions 2025-12-10T12:42:12+05:30 command.go:212:           [31m-[0m[0m apiVersion = "operator.openshift.io/v1"
TestRunBankingSolutions 2025-12-10T12:42:12+05:30 command.go:212:           [31m-[0m[0m kind       = "IngressController"
TestRunBankingSolutions 2025-12-10T12:42:12+05:30 command.go:212:           [31m-[0m[0m metadata   = {
TestRunBankingSolutions 2025-12-10T12:42:12+05:30 command.go:212:               [31m-[0m[0m annotations                = [90mnull[0m[0m
TestRunBankingSolutions 2025-12-10T12:42:12+05:30 command.go:212:               [31m-[0m[0m creationTimestamp          = [90mnull[0m[0m
TestRunBankingSolutions 2025-12-10T12:42:12+05:30 command.go:212:               [31m-[0m[0m deletionGracePeriodSeconds = [90mnull[0m[0m
TestRunBankingSolutions 2025-12-10T12:42:12+05:30 command.go:212:               [31m-[0m[0m deletionTimestamp          = [90mnull[0m[0m
TestRunBankingSolutions 2025-12-10T12:42:12+05:30 command.go:212:               [31m-[0m[0m finalizers                 = [
TestRunBankingSolutions 2025-12-10T12:42:12+05:30 command.go:212:                   [31m-[0m[0m "ingresscontroller.operator.openshift.io/finalizer-ingresscontroller",
TestRunBankingSolutions 2025-12-10T12:42:12+05:30 command.go:212:                 ]
TestRunBankingSolutions 2025-12-10T12:42:12+05:30 command.go:212:               [31m-[0m[0m generateName               = [90mnull[0m[0m
TestRunBankingSolutions 2025-12-10T12:42:12+05:30 command.go:212:               [31m-[0m[0m generation                 = [90mnull[0m[0m
TestRunBankingSolutions 2025-12-10T12:42:12+05:30 command.go:212:               [31m-[0m[0m labels                     = [90mnull[0m[0m
TestRunBankingSolutions 2025-12-10T12:42:12+05:30 command.go:212:               [31m-[0m[0m managedFields              = [90mnull[0m[0m
TestRunBankingSolutions 2025-12-10T12:42:12+05:30 command.go:212:               [31m-[0m[0m name                       = "rag-da-tj2una-ingress-public"
TestRunBankingSolutions 2025-12-10T12:42:12+05:30 command.go:212:               [31m-[0m[0m namespace                  = "openshift-ingress-operator"
TestRunBankingSolutions 2025-12-10T12:42:12+05:30 command.go:212:               [31m-[0m[0m ownerReferences            = [90mnull[0m[0m
TestRunBankingSolutions 2025-12-10T12:42:12+05:30 command.go:212:               [31m-[0m[0m resourceVersion            = [90mnull[0m[0m
TestRunBankingSolutions 2025-12-10T12:42:12+05:30 command.go:212:               [31m-[0m[0m selfLink                   = [90mnull[0m[0m
TestRunBankingSolutions 2025-12-10T12:42:12+05:30 command.go:212:               [31m-[0m[0m uid                        = [90mnull[0m[0m
TestRunBankingSolutions 2025-12-10T12:42:12+05:30 command.go:212:             }
TestRunBankingSolutions 2025-12-10T12:42:12+05:30 command.go:212:           [31m-[0m[0m spec       = {
TestRunBankingSolutions 2025-12-10T12:42:12+05:30 command.go:212:               [31m-[0m[0m clientTLS                       = {
TestRunBankingSolutions 2025-12-10T12:42:12+05:30 command.go:212:                   [31m-[0m[0m allowedSubjectPatterns  = [90mnull[0m[0m
TestRunBankingSolutions 2025-12-10T12:42:12+05:30 command.go:212:                   [31m-[0m[0m clientCA                = {
TestRunBankingSolutions 2025-12-10T12:42:12+05:30 command.go:212:                       [31m-[0m[0m name = ""
TestRunBankingSolutions 2025-12-10T12:42:12+05:30 command.go:212:                     }
TestRunBankingSolutions 2025-12-10T12:42:12+05:30 command.go:212:                   [31m-[0m[0m clientCertificatePolicy = ""
TestRunBankingSolutions 2025-12-10T12:42:12+05:30 command.go:212:                 }
TestRunBankingSolutions 2025-12-10T12:42:12+05:30 command.go:212:               [31m-[0m[0m defaultCertificate              = {
TestRunBankingSolutions 2025-12-10T12:42:12+05:30 command.go:212:                   [31m-[0m[0m name = "rag-da-tj2una-3b5bf5f75003778663c521c8c35ad277-0001"
TestRunBankingSolutions 2025-12-10T12:42:12+05:30 command.go:212:                 }
TestRunBankingSolutions 2025-12-10T12:42:12+05:30 command.go:212:               [31m-[0m[0m domain                          = "rag-da-tj2una-3b5bf5f75003778663c521c8c35ad277-0001.us-south.containers.appdomain.cloud"
TestRunBankingSolutions 2025-12-10T12:42:12+05:30 command.go:212:               [31m-[0m[0m endpointPublishingStrategy      = {
TestRunBankingSolutions 2025-12-10T12:42:12+05:30 command.go:212:                   [31m-[0m[0m hostNetwork  = {
TestRunBankingSolutions 2025-12-10T12:42:12+05:30 command.go:212:                       [31m-[0m[0m httpPort  = [90mnull[0m[0m
TestRunBankingSolutions 2025-12-10T12:42:12+05:30 command.go:212:                       [31m-[0m[0m httpsPort = [90mnull[0m[0m
TestRunBankingSolutions 2025-12-10T12:42:12+05:30 command.go:212:                       [31m-[0m[0m protocol  = [90mnull[0m[0m
TestRunBankingSolutions 2025-12-10T12:42:12+05:30 command.go:212:                       [31m-[0m[0m statsPort = [90mnull[0m[0m
TestRunBankingSolutions 2025-12-10T12:42:12+05:30 command.go:212:                     }
TestRunBankingSolutions 2025-12-10T12:42:12+05:30 command.go:212:                   [31m-[0m[0m loadBalancer = {
TestRunBankingSolutions 2025-12-10T12:42:12+05:30 command.go:212:                       [31m-[0m[0m allowedSourceRanges = [90mnull[0m[0m
TestRunBankingSolutions 2025-12-10T12:42:12+05:30 command.go:212:                       [31m-[0m[0m dnsManagementPolicy = "Managed"
TestRunBankingSolutions 2025-12-10T12:42:12+05:30 command.go:212:                       [31m-[0m[0m providerParameters  = {
TestRunBankingSolutions 2025-12-10T12:42:12+05:30 command.go:212:                           [31m-[0m[0m aws       = {
TestRunBankingSolutions 2025-12-10T12:42:12+05:30 command.go:212:                               [31m-[0m[0m classicLoadBalancer = {
TestRunBankingSolutions 2025-12-10T12:42:12+05:30 command.go:212:                                   [31m-[0m[0m connectionIdleTimeout = [90mnull[0m[0m
TestRunBankingSolutions 2025-12-10T12:42:12+05:30 command.go:212:                                   [31m-[0m[0m subnets               = {
TestRunBankingSolutions 2025-12-10T12:42:12+05:30 command.go:212:                                       [31m-[0m[0m ids   = [90mnull[0m[0m
TestRunBankingSolutions 2025-12-10T12:42:12+05:30 command.go:212:                                       [31m-[0m[0m names = [90mnull[0m[0m
TestRunBankingSolutions 2025-12-10T12:42:12+05:30 command.go:212:                                     }
TestRunBankingSolutions 2025-12-10T12:42:12+05:30 command.go:212:                                 }
TestRunBankingSolutions 2025-12-10T12:42:12+05:30 command.go:212:                               [31m-[0m[0m networkLoadBalancer = {
TestRunBankingSolutions 2025-12-10T12:42:12+05:30 command.go:212:                                   [31m-[0m[0m eipAllocations = [90mnull[0m[0m
TestRunBankingSolutions 2025-12-10T12:42:12+05:30 command.go:212:                                   [31m-[0m[0m subnets        = {
TestRunBankingSolutions 2025-12-10T12:42:12+05:30 command.go:212:                                       [31m-[0m[0m ids   = [90mnull[0m[0m
TestRunBankingSolutions 2025-12-10T12:42:12+05:30 command.go:212:                                       [31m-[0m[0m names = [90mnull[0m[0m
TestRunBankingSolutions 2025-12-10T12:42:12+05:30 command.go:212:                                     }
TestRunBankingSolutions 2025-12-10T12:42:12+05:30 command.go:212:                                 }
TestRunBankingSolutions 2025-12-10T12:42:12+05:30 command.go:212:                               [31m-[0m[0m type                = [90mnull[0m[0m
TestRunBankingSolutions 2025-12-10T12:42:12+05:30 command.go:212:                             }
TestRunBankingSolutions 2025-12-10T12:42:12+05:30 command.go:212:                           [31m-[0m[0m gcp       = {
TestRunBankingSolutions 2025-12-10T12:42:12+05:30 command.go:212:                               [31m-[0m[0m clientAccess = [90mnull[0m[0m
TestRunBankingSolutions 2025-12-10T12:42:12+05:30 command.go:212:                             }
TestRunBankingSolutions 2025-12-10T12:42:12+05:30 command.go:212:                           [31m-[0m[0m ibm       = {
TestRunBankingSolutions 2025-12-10T12:42:12+05:30 command.go:212:                               [31m-[0m[0m protocol = [90mnull[0m[0m
TestRunBankingSolutions 2025-12-10T12:42:12+05:30 command.go:212:                             }
TestRunBankingSolutions 2025-12-10T12:42:12+05:30 command.go:212:                           [31m-[0m[0m openstack = {
TestRunBankingSolutions 2025-12-10T12:42:12+05:30 command.go:212:                               [31m-[0m[0m floatingIP = [90mnull[0m[0m
TestRunBankingSolutions 2025-12-10T12:42:12+05:30 command.go:212:                             }
TestRunBankingSolutions 2025-12-10T12:42:12+05:30 command.go:212:                           [31m-[0m[0m type      = [90mnull[0m[0m
TestRunBankingSolutions 2025-12-10T12:42:12+05:30 command.go:212:                         }
TestRunBankingSolutions 2025-12-10T12:42:12+05:30 command.go:212:                       [31m-[0m[0m scope               = "External"
TestRunBankingSolutions 2025-12-10T12:42:12+05:30 command.go:212:                     }
TestRunBankingSolutions 2025-12-10T12:42:12+05:30 command.go:212:                   [31m-[0m[0m nodePort     = {
TestRunBankingSolutions 2025-12-10T12:42:12+05:30 command.go:212:                       [31m-[0m[0m protocol = [90mnull[0m[0m
TestRunBankingSolutions 2025-12-10T12:42:12+05:30 command.go:212:                     }
TestRunBankingSolutions 2025-12-10T12:42:12+05:30 command.go:212:                   [31m-[0m[0m private      = {
TestRunBankingSolutions 2025-12-10T12:42:12+05:30 command.go:212:                       [31m-[0m[0m protocol = [90mnull[0m[0m
TestRunBankingSolutions 2025-12-10T12:42:12+05:30 command.go:212:                     }
TestRunBankingSolutions 2025-12-10T12:42:12+05:30 command.go:212:                   [31m-[0m[0m type         = "LoadBalancerService"
TestRunBankingSolutions 2025-12-10T12:42:12+05:30 command.go:212:                 }
TestRunBankingSolutions 2025-12-10T12:42:12+05:30 command.go:212:               [31m-[0m[0m httpCompression                 = {
TestRunBankingSolutions 2025-12-10T12:42:12+05:30 command.go:212:                   [31m-[0m[0m mimeTypes = [90mnull[0m[0m
TestRunBankingSolutions 2025-12-10T12:42:12+05:30 command.go:212:                 }
TestRunBankingSolutions 2025-12-10T12:42:12+05:30 command.go:212:               [31m-[0m[0m httpEmptyRequestsPolicy         = "Respond"
TestRunBankingSolutions 2025-12-10T12:42:12+05:30 command.go:212:               [31m-[0m[0m httpErrorCodePages              = {
TestRunBankingSolutions 2025-12-10T12:42:12+05:30 command.go:212:                   [31m-[0m[0m name = ""
TestRunBankingSolutions 2025-12-10T12:42:12+05:30 command.go:212:                 }
TestRunBankingSolutions 2025-12-10T12:42:12+05:30 command.go:212:               [31m-[0m[0m httpHeaders                     = {
TestRunBankingSolutions 2025-12-10T12:42:12+05:30 command.go:212:                   [31m-[0m[0m actions                   = {
TestRunBankingSolutions 2025-12-10T12:42:12+05:30 command.go:212:                       [31m-[0m[0m request  = [90mnull[0m[0m
TestRunBankingSolutions 2025-12-10T12:42:12+05:30 command.go:212:                       [31m-[0m[0m response = [90mnull[0m[0m
TestRunBankingSolutions 2025-12-10T12:42:12+05:30 command.go:212:                     }
TestRunBankingSolutions 2025-12-10T12:42:12+05:30 command.go:212:                   [31m-[0m[0m forwardedHeaderPolicy     = [90mnull[0m[0m
TestRunBankingSolutions 2025-12-10T12:42:12+05:30 command.go:212:                   [31m-[0m[0m headerNameCaseAdjustments = [90mnull[0m[0m
TestRunBankingSolutions 2025-12-10T12:42:12+05:30 command.go:212:                   [31m-[0m[0m uniqueId                  = {
TestRunBankingSolutions 2025-12-10T12:42:12+05:30 command.go:212:                       [31m-[0m[0m format = [90mnull[0m[0m
TestRunBankingSolutions 2025-12-10T12:42:12+05:30 command.go:212:                       [31m-[0m[0m name   = [90mnull[0m[0m
TestRunBankingSolutions 2025-12-10T12:42:12+05:30 command.go:212:                     }
TestRunBankingSolutions 2025-12-10T12:42:12+05:30 command.go:212:                 }
TestRunBankingSolutions 2025-12-10T12:42:12+05:30 command.go:212:               [31m-[0m[0m idleConnectionTerminationPolicy = "Immediate"
TestRunBankingSolutions 2025-12-10T12:42:12+05:30 command.go:212:               [31m-[0m[0m logging                         = {
TestRunBankingSolutions 2025-12-10T12:42:12+05:30 command.go:212:                   [31m-[0m[0m access = {
TestRunBankingSolutions 2025-12-10T12:42:12+05:30 command.go:212:                       [31m-[0m[0m destination        = {
TestRunBankingSolutions 2025-12-10T12:42:12+05:30 command.go:212:                           [31m-[0m[0m container = {
TestRunBankingSolutions 2025-12-10T12:42:12+05:30 command.go:212:                               [31m-[0m[0m maxLength = [90mnull[0m[0m
TestRunBankingSolutions 2025-12-10T12:42:12+05:30 command.go:212:                             }
TestRunBankingSolutions 2025-12-10T12:42:12+05:30 command.go:212:                           [31m-[0m[0m syslog    = {
TestRunBankingSolutions 2025-12-10T12:42:12+05:30 command.go:212:                               [31m-[0m[0m address   = [90mnull[0m[0m
TestRunBankingSolutions 2025-12-10T12:42:12+05:30 command.go:212:                               [31m-[0m[0m facility  = [90mnull[0m[0m
TestRunBankingSolutions 2025-12-10T12:42:12+05:30 command.go:212:                               [31m-[0m[0m maxLength = [90mnull[0m[0m
TestRunBankingSolutions 2025-12-10T12:42:12+05:30 command.go:212:                               [31m-[0m[0m port      = [90mnull[0m[0m
TestRunBankingSolutions 2025-12-10T12:42:12+05:30 command.go:212:                             }
TestRunBankingSolutions 2025-12-10T12:42:12+05:30 command.go:212:                           [31m-[0m[0m type      = [90mnull[0m[0m
TestRunBankingSolutions 2025-12-10T12:42:12+05:30 command.go:212:                         }
TestRunBankingSolutions 2025-12-10T12:42:12+05:30 command.go:212:                       [31m-[0m[0m httpCaptureCookies = [90mnull[0m[0m
TestRunBankingSolutions 2025-12-10T12:42:12+05:30 command.go:212:                       [31m-[0m[0m httpCaptureHeaders = {
TestRunBankingSolutions 2025-12-10T12:42:12+05:30 command.go:212:                           [31m-[0m[0m request  = [90mnull[0m[0m
TestRunBankingSolutions 2025-12-10T12:42:12+05:30 command.go:212:                           [31m-[0m[0m response = [90mnull[0m[0m
TestRunBankingSolutions 2025-12-10T12:42:12+05:30 command.go:212:                         }
TestRunBankingSolutions 2025-12-10T12:42:12+05:30 command.go:212:                       [31m-[0m[0m httpLogFormat      = [90mnull[0m[0m
TestRunBankingSolutions 2025-12-10T12:42:12+05:30 command.go:212:                       [31m-[0m[0m logEmptyRequests   = [90mnull[0m[0m
TestRunBankingSolutions 2025-12-10T12:42:12+05:30 command.go:212:                     }
TestRunBankingSolutions 2025-12-10T12:42:12+05:30 command.go:212:                 }
TestRunBankingSolutions 2025-12-10T12:42:12+05:30 command.go:212:               [31m-[0m[0m namespaceSelector               = {
TestRunBankingSolutions 2025-12-10T12:42:12+05:30 command.go:212:                   [31m-[0m[0m matchExpressions = [90mnull[0m[0m
TestRunBankingSolutions 2025-12-10T12:42:12+05:30 command.go:212:                   [31m-[0m[0m matchLabels      = [90mnull[0m[0m
TestRunBankingSolutions 2025-12-10T12:42:12+05:30 command.go:212:                 }
TestRunBankingSolutions 2025-12-10T12:42:12+05:30 command.go:212:               [31m-[0m[0m nodePlacement                   = {
TestRunBankingSolutions 2025-12-10T12:42:12+05:30 command.go:212:                   [31m-[0m[0m nodeSelector = {
TestRunBankingSolutions 2025-12-10T12:42:12+05:30 command.go:212:                       [31m-[0m[0m matchExpressions = [90mnull[0m[0m
TestRunBankingSolutions 2025-12-10T12:42:12+05:30 command.go:212:                       [31m-[0m[0m matchLabels      = [90mnull[0m[0m
TestRunBankingSolutions 2025-12-10T12:42:12+05:30 command.go:212:                     }
TestRunBankingSolutions 2025-12-10T12:42:12+05:30 command.go:212:                   [31m-[0m[0m tolerations  = [90mnull[0m[0m
TestRunBankingSolutions 2025-12-10T12:42:12+05:30 command.go:212:                 }
TestRunBankingSolutions 2025-12-10T12:42:12+05:30 command.go:212:               [31m-[0m[0m replicas                        = 2
TestRunBankingSolutions 2025-12-10T12:42:12+05:30 command.go:212:               [31m-[0m[0m routeAdmission                  = {
TestRunBankingSolutions 2025-12-10T12:42:12+05:30 command.go:212:                   [31m-[0m[0m namespaceOwnership = [90mnull[0m[0m
TestRunBankingSolutions 2025-12-10T12:42:12+05:30 command.go:212:                   [31m-[0m[0m wildcardPolicy     = [90mnull[0m[0m
TestRunBankingSolutions 2025-12-10T12:42:12+05:30 command.go:212:                 }
TestRunBankingSolutions 2025-12-10T12:42:12+05:30 command.go:212:               [31m-[0m[0m routeSelector                   = {
TestRunBankingSolutions 2025-12-10T12:42:12+05:30 command.go:212:                   [31m-[0m[0m matchExpressions = [90mnull[0m[0m
TestRunBankingSolutions 2025-12-10T12:42:12+05:30 command.go:212:                   [31m-[0m[0m matchLabels      = {
TestRunBankingSolutions 2025-12-10T12:42:12+05:30 command.go:212:                       [31m-[0m[0m ingress = "ingress-public"
TestRunBankingSolutions 2025-12-10T12:42:12+05:30 command.go:212:                     }
TestRunBankingSolutions 2025-12-10T12:42:12+05:30 command.go:212:                 }
TestRunBankingSolutions 2025-12-10T12:42:12+05:30 command.go:212:               [31m-[0m[0m tlsSecurityProfile              = {
TestRunBankingSolutions 2025-12-10T12:42:12+05:30 command.go:212:                   [31m-[0m[0m custom       = {
TestRunBankingSolutions 2025-12-10T12:42:12+05:30 command.go:212:                       [31m-[0m[0m ciphers       = [90mnull[0m[0m
TestRunBankingSolutions 2025-12-10T12:42:12+05:30 command.go:212:                       [31m-[0m[0m minTLSVersion = [90mnull[0m[0m
TestRunBankingSolutions 2025-12-10T12:42:12+05:30 command.go:212:                     }
TestRunBankingSolutions 2025-12-10T12:42:12+05:30 command.go:212:                   [31m-[0m[0m intermediate = [90mnull[0m[0m
TestRunBankingSolutions 2025-12-10T12:42:12+05:30 command.go:212:                   [31m-[0m[0m modern       = [90mnull[0m[0m
TestRunBankingSolutions 2025-12-10T12:42:12+05:30 command.go:212:                   [31m-[0m[0m old          = [90mnull[0m[0m
TestRunBankingSolutions 2025-12-10T12:42:12+05:30 command.go:212:                   [31m-[0m[0m type         = [90mnull[0m[0m
TestRunBankingSolutions 2025-12-10T12:42:12+05:30 command.go:212:                 }
TestRunBankingSolutions 2025-12-10T12:42:12+05:30 command.go:212:               [31m-[0m[0m tuningOptions                   = {
TestRunBankingSolutions 2025-12-10T12:42:12+05:30 command.go:212:                   [31m-[0m[0m clientFinTimeout            = [90mnull[0m[0m
TestRunBankingSolutions 2025-12-10T12:42:12+05:30 command.go:212:                   [31m-[0m[0m clientTimeout               = [90mnull[0m[0m
TestRunBankingSolutions 2025-12-10T12:42:12+05:30 command.go:212:                   [31m-[0m[0m connectTimeout              = [90mnull[0m[0m
TestRunBankingSolutions 2025-12-10T12:42:12+05:30 command.go:212:                   [31m-[0m[0m headerBufferBytes           = [90mnull[0m[0m
TestRunBankingSolutions 2025-12-10T12:42:12+05:30 command.go:212:                   [31m-[0m[0m headerBufferMaxRewriteBytes = [90mnull[0m[0m
TestRunBankingSolutions 2025-12-10T12:42:12+05:30 command.go:212:                   [31m-[0m[0m healthCheckInterval         = [90mnull[0m[0m
TestRunBankingSolutions 2025-12-10T12:42:12+05:30 command.go:212:                   [31m-[0m[0m maxConnections              = [90mnull[0m[0m
TestRunBankingSolutions 2025-12-10T12:42:12+05:30 command.go:212:                   [31m-[0m[0m reloadInterval              = "0s"
TestRunBankingSolutions 2025-12-10T12:42:12+05:30 command.go:212:                   [31m-[0m[0m serverFinTimeout            = [90mnull[0m[0m
TestRunBankingSolutions 2025-12-10T12:42:12+05:30 command.go:212:                   [31m-[0m[0m serverTimeout               = [90mnull[0m[0m
TestRunBankingSolutions 2025-12-10T12:42:12+05:30 command.go:212:                   [31m-[0m[0m threadCount                 = [90mnull[0m[0m
TestRunBankingSolutions 2025-12-10T12:42:12+05:30 command.go:212:                   [31m-[0m[0m tlsInspectDelay             = [90mnull[0m[0m
TestRunBankingSolutions 2025-12-10T12:42:12+05:30 command.go:212:                   [31m-[0m[0m tunnelTimeout               = [90mnull[0m[0m
TestRunBankingSolutions 2025-12-10T12:42:12+05:30 command.go:212:                 }
TestRunBankingSolutions 2025-12-10T12:42:12+05:30 command.go:212:               [31m-[0m[0m unsupportedConfigOverrides      = [90mnull[0m[0m
TestRunBankingSolutions 2025-12-10T12:42:12+05:30 command.go:212:             }
TestRunBankingSolutions 2025-12-10T12:42:12+05:30 command.go:212:         } [90m-> null[0m[0m
TestRunBankingSolutions 2025-12-10T12:42:12+05:30 command.go:212: 
TestRunBankingSolutions 2025-12-10T12:42:12+05:30 command.go:212:       [31m-[0m[0m timeouts {
TestRunBankingSolutions 2025-12-10T12:42:12+05:30 command.go:212:           [31m-[0m[0m create = "20m" [90m-> null[0m[0m
TestRunBankingSolutions 2025-12-10T12:42:12+05:30 command.go:212:           [31m-[0m[0m delete = "20m" [90m-> null[0m[0m
TestRunBankingSolutions 2025-12-10T12:42:12+05:30 command.go:212:           [31m-[0m[0m update = "20m" [90m-> null[0m[0m
TestRunBankingSolutions 2025-12-10T12:42:12+05:30 command.go:212:         }
TestRunBankingSolutions 2025-12-10T12:42:12+05:30 command.go:212: 
TestRunBankingSolutions 2025-12-10T12:42:12+05:30 command.go:212:       [31m-[0m[0m wait {
TestRunBankingSolutions 2025-12-10T12:42:12+05:30 command.go:212:           [31m-[0m[0m condition {
TestRunBankingSolutions 2025-12-10T12:42:12+05:30 command.go:212:               [31m-[0m[0m status = "True" [90m-> null[0m[0m
TestRunBankingSolutions 2025-12-10T12:42:12+05:30 command.go:212:               [31m-[0m[0m type   = "LoadBalancerReady" [90m-> null[0m[0m
TestRunBankingSolutions 2025-12-10T12:42:12+05:30 command.go:212:             }
TestRunBankingSolutions 2025-12-10T12:42:12+05:30 command.go:212:         }
TestRunBankingSolutions 2025-12-10T12:42:12+05:30 command.go:212:     }
TestRunBankingSolutions 2025-12-10T12:42:12+05:30 command.go:212: 
TestRunBankingSolutions 2025-12-10T12:42:12+05:30 command.go:212: [1m  # module.cluster_ingress[0].restapi_object.workload_nlb_dns[0m will be [1m[31mdestroyed[0m
TestRunBankingSolutions 2025-12-10T12:42:12+05:30 command.go:212: [0m  [31m-[0m[0m resource "restapi_object" "workload_nlb_dns" {
TestRunBankingSolutions 2025-12-10T12:42:12+05:30 command.go:212:       [31m-[0m[0m api_data                  = {
TestRunBankingSolutions 2025-12-10T12:42:12+05:30 command.go:212:           [31m-[0m[0m "Nlb"          = "map[certProvider:lets_encrypt cluster:d4sgns2d0k79ij8ttff0 dnsType: isDefault:false lbHostname:cc3ac0fd-us-south.lb.appdomain.cloud nlbSubdomain:rag-da-tj2una-3b5bf5f75003778663c521c8c35ad277-0001.us-south.containers.appdomain.cloud provider:ns1 secretNamespace:openshift-ingress statusMessage:OK type:public]"
TestRunBankingSolutions 2025-12-10T12:42:12+05:30 command.go:212:           [31m-[0m[0m "secretName"   = "rag-da-tj2una-3b5bf5f75003778663c521c8c35ad277-0001"
TestRunBankingSolutions 2025-12-10T12:42:12+05:30 command.go:212:           [31m-[0m[0m "secretStatus" = "created"
TestRunBankingSolutions 2025-12-10T12:42:12+05:30 command.go:212:         } [90m-> null[0m[0m
TestRunBankingSolutions 2025-12-10T12:42:12+05:30 command.go:212:       [31m-[0m[0m api_response              = jsonencode(
TestRunBankingSolutions 2025-12-10T12:42:12+05:30 command.go:212:             {
TestRunBankingSolutions 2025-12-10T12:42:12+05:30 command.go:212:               [31m-[0m[0m Nlb          = {
TestRunBankingSolutions 2025-12-10T12:42:12+05:30 command.go:212:                   [31m-[0m[0m certProvider    = "lets_encrypt"
TestRunBankingSolutions 2025-12-10T12:42:12+05:30 command.go:212:                   [31m-[0m[0m cluster         = "d4sgns2d0k79ij8ttff0"
TestRunBankingSolutions 2025-12-10T12:42:12+05:30 command.go:212:                   [31m-[0m[0m dnsType         = ""
TestRunBankingSolutions 2025-12-10T12:42:12+05:30 command.go:212:                   [31m-[0m[0m isDefault       = false
TestRunBankingSolutions 2025-12-10T12:42:12+05:30 command.go:212:                   [31m-[0m[0m lbHostname      = "cc3ac0fd-us-south.lb.appdomain.cloud"
TestRunBankingSolutions 2025-12-10T12:42:12+05:30 command.go:212:                   [31m-[0m[0m nlbSubdomain    = "rag-da-tj2una-3b5bf5f75003778663c521c8c35ad277-0001.us-south.containers.appdomain.cloud"
TestRunBankingSolutions 2025-12-10T12:42:12+05:30 command.go:212:                   [31m-[0m[0m provider        = "ns1"
TestRunBankingSolutions 2025-12-10T12:42:12+05:30 command.go:212:                   [31m-[0m[0m secretNamespace = "openshift-ingress"
TestRunBankingSolutions 2025-12-10T12:42:12+05:30 command.go:212:                   [31m-[0m[0m statusMessage   = "OK"
TestRunBankingSolutions 2025-12-10T12:42:12+05:30 command.go:212:                   [31m-[0m[0m type            = "public"
TestRunBankingSolutions 2025-12-10T12:42:12+05:30 command.go:212:                 }
TestRunBankingSolutions 2025-12-10T12:42:12+05:30 command.go:212:               [31m-[0m[0m secretName   = "rag-da-tj2una-3b5bf5f75003778663c521c8c35ad277-0001"
TestRunBankingSolutions 2025-12-10T12:42:12+05:30 command.go:212:               [31m-[0m[0m secretStatus = "created"
TestRunBankingSolutions 2025-12-10T12:42:12+05:30 command.go:212:             }
TestRunBankingSolutions 2025-12-10T12:42:12+05:30 command.go:212:         ) [90m-> null[0m[0m
TestRunBankingSolutions 2025-12-10T12:42:12+05:30 command.go:212:       [31m-[0m[0m create_method             = "POST" [90m-> null[0m[0m
TestRunBankingSolutions 2025-12-10T12:42:12+05:30 command.go:212:       [31m-[0m[0m create_path               = "/v2/nlb-dns/vpc/createNlbDNS" [90m-> null[0m[0m
TestRunBankingSolutions 2025-12-10T12:42:12+05:30 command.go:212:       [31m-[0m[0m create_response           = jsonencode(
TestRunBankingSolutions 2025-12-10T12:42:12+05:30 command.go:212:             {
TestRunBankingSolutions 2025-12-10T12:42:12+05:30 command.go:212:               [31m-[0m[0m cluster         = "d4sgns2d0k79ij8ttff0"
TestRunBankingSolutions 2025-12-10T12:42:12+05:30 command.go:212:               [31m-[0m[0m dnsType         = ""
TestRunBankingSolutions 2025-12-10T12:42:12+05:30 command.go:212:               [31m-[0m[0m lbHostname      = "aeec8f8a-us-south.lb.appdomain.cloud"
TestRunBankingSolutions 2025-12-10T12:42:12+05:30 command.go:212:               [31m-[0m[0m nlbSubdomain    = "rag-da-tj2una-3b5bf5f75003778663c521c8c35ad277-0001.us-south.containers.appdomain.cloud"
TestRunBankingSolutions 2025-12-10T12:42:12+05:30 command.go:212:               [31m-[0m[0m secretNamespace = "openshift-ingress"
TestRunBankingSolutions 2025-12-10T12:42:12+05:30 command.go:212:               [31m-[0m[0m type            = "public"
TestRunBankingSolutions 2025-12-10T12:42:12+05:30 command.go:212:             }
TestRunBankingSolutions 2025-12-10T12:42:12+05:30 command.go:212:         ) [90m-> null[0m[0m
TestRunBankingSolutions 2025-12-10T12:42:12+05:30 command.go:212:       [31m-[0m[0m data                      = jsonencode(
TestRunBankingSolutions 2025-12-10T12:42:12+05:30 command.go:212:             {
TestRunBankingSolutions 2025-12-10T12:42:12+05:30 command.go:212:               [31m-[0m[0m Nlb             = {
TestRunBankingSolutions 2025-12-10T12:42:12+05:30 command.go:212:                   [31m-[0m[0m certProvider    = "lets_encrypt"
TestRunBankingSolutions 2025-12-10T12:42:12+05:30 command.go:212:                   [31m-[0m[0m cluster         = "d4sgns2d0k79ij8ttff0"
TestRunBankingSolutions 2025-12-10T12:42:12+05:30 command.go:212:                   [31m-[0m[0m dnsType         = ""
TestRunBankingSolutions 2025-12-10T12:42:12+05:30 command.go:212:                   [31m-[0m[0m isDefault       = false
TestRunBankingSolutions 2025-12-10T12:42:12+05:30 command.go:212:                   [31m-[0m[0m lbHostname      = "cc3ac0fd-us-south.lb.appdomain.cloud"
TestRunBankingSolutions 2025-12-10T12:42:12+05:30 command.go:212:                   [31m-[0m[0m nlbSubdomain    = "rag-da-tj2una-3b5bf5f75003778663c521c8c35ad277-0001.us-south.containers.appdomain.cloud"
TestRunBankingSolutions 2025-12-10T12:42:12+05:30 command.go:212:                   [31m-[0m[0m provider        = "ns1"
TestRunBankingSolutions 2025-12-10T12:42:12+05:30 command.go:212:                   [31m-[0m[0m secretNamespace = "openshift-ingress"
TestRunBankingSolutions 2025-12-10T12:42:12+05:30 command.go:212:                   [31m-[0m[0m statusMessage   = "OK"
TestRunBankingSolutions 2025-12-10T12:42:12+05:30 command.go:212:                   [31m-[0m[0m type            = "public"
TestRunBankingSolutions 2025-12-10T12:42:12+05:30 command.go:212:                 }
TestRunBankingSolutions 2025-12-10T12:42:12+05:30 command.go:212:               [31m-[0m[0m cluster         = [90mnull[0m[0m
TestRunBankingSolutions 2025-12-10T12:42:12+05:30 command.go:212:               [31m-[0m[0m dnsType         = [90mnull[0m[0m
TestRunBankingSolutions 2025-12-10T12:42:12+05:30 command.go:212:               [31m-[0m[0m lbHostname      = [90mnull[0m[0m
TestRunBankingSolutions 2025-12-10T12:42:12+05:30 command.go:212:               [31m-[0m[0m secretName      = "rag-da-tj2una-3b5bf5f75003778663c521c8c35ad277-0001"
TestRunBankingSolutions 2025-12-10T12:42:12+05:30 command.go:212:               [31m-[0m[0m secretNamespace = [90mnull[0m[0m
TestRunBankingSolutions 2025-12-10T12:42:12+05:30 command.go:212:               [31m-[0m[0m secretStatus    = "created"
TestRunBankingSolutions 2025-12-10T12:42:12+05:30 command.go:212:               [31m-[0m[0m type            = [90mnull[0m[0m
TestRunBankingSolutions 2025-12-10T12:42:12+05:30 command.go:212:             }
TestRunBankingSolutions 2025-12-10T12:42:12+05:30 command.go:212:         ) [90m-> null[0m[0m
TestRunBankingSolutions 2025-12-10T12:42:12+05:30 command.go:212:       [31m-[0m[0m destroy_method            = "GET" [90m-> null[0m[0m
TestRunBankingSolutions 2025-12-10T12:42:12+05:30 command.go:212:       [31m-[0m[0m destroy_path              = "/v2/nlb-dns/getNlbDetails?cluster=rag-da-tj2una&nlbSubdomain={id}" [90m-> null[0m[0m
TestRunBankingSolutions 2025-12-10T12:42:12+05:30 command.go:212:       [31m-[0m[0m id                        = "rag-da-tj2una-3b5bf5f75003778663c521c8c35ad277-0001.us-south.containers.appdomain.cloud" [90m-> null[0m[0m
TestRunBankingSolutions 2025-12-10T12:42:12+05:30 command.go:212:       [31m-[0m[0m id_attribute              = "nlbSubdomain" [90m-> null[0m[0m
TestRunBankingSolutions 2025-12-10T12:42:12+05:30 command.go:212:       [31m-[0m[0m ignore_all_server_changes = false [90m-> null[0m[0m
TestRunBankingSolutions 2025-12-10T12:42:12+05:30 command.go:212:       [31m-[0m[0m path                      = "/v2/nlb-dns/getNlbDetails" [90m-> null[0m[0m
TestRunBankingSolutions 2025-12-10T12:42:12+05:30 command.go:212:       [31m-[0m[0m read_method               = "GET" [90m-> null[0m[0m
TestRunBankingSolutions 2025-12-10T12:42:12+05:30 command.go:212:       [31m-[0m[0m read_path                 = "/v2/nlb-dns/getNlbDetails?cluster=rag-da-tj2una&nlbSubdomain={id}" [90m-> null[0m[0m
TestRunBankingSolutions 2025-12-10T12:42:12+05:30 command.go:212:       [31m-[0m[0m update_method             = "GET" [90m-> null[0m[0m
TestRunBankingSolutions 2025-12-10T12:42:12+05:30 command.go:212:       [31m-[0m[0m update_path               = "/v2/nlb-dns/getNlbDetails?cluster=rag-da-tj2una&nlbSubdomain={id}" [90m-> null[0m[0m
TestRunBankingSolutions 2025-12-10T12:42:12+05:30 command.go:212:     }
TestRunBankingSolutions 2025-12-10T12:42:12+05:30 command.go:212: 
TestRunBankingSolutions 2025-12-10T12:42:12+05:30 command.go:212: [1m  # module.cluster_ingress[0].restapi_object.workload_nlb_dns_cleanup[0m will be [1m[31mdestroyed[0m
TestRunBankingSolutions 2025-12-10T12:42:12+05:30 command.go:212: [0m  [31m-[0m[0m resource "restapi_object" "workload_nlb_dns_cleanup" {
TestRunBankingSolutions 2025-12-10T12:42:12+05:30 command.go:212:       [31m-[0m[0m api_data                  = {
TestRunBankingSolutions 2025-12-10T12:42:12+05:30 command.go:212:           [31m-[0m[0m "Nlb"          = "map[certProvider:lets_encrypt cluster:d4sgns2d0k79ij8ttff0 dnsType: isDefault:false lbHostname:cc3ac0fd-us-south.lb.appdomain.cloud nlbSubdomain:rag-da-tj2una-3b5bf5f75003778663c521c8c35ad277-0001.us-south.containers.appdomain.cloud provider:ns1 secretNamespace:openshift-ingress statusMessage:OK type:public]"
TestRunBankingSolutions 2025-12-10T12:42:12+05:30 command.go:212:           [31m-[0m[0m "secretName"   = "rag-da-tj2una-3b5bf5f75003778663c521c8c35ad277-0001"
TestRunBankingSolutions 2025-12-10T12:42:12+05:30 command.go:212:           [31m-[0m[0m "secretStatus" = "created"
TestRunBankingSolutions 2025-12-10T12:42:12+05:30 command.go:212:         } [90m-> null[0m[0m
TestRunBankingSolutions 2025-12-10T12:42:12+05:30 command.go:212:       [31m-[0m[0m api_response              = jsonencode(
TestRunBankingSolutions 2025-12-10T12:42:12+05:30 command.go:212:             {
TestRunBankingSolutions 2025-12-10T12:42:12+05:30 command.go:212:               [31m-[0m[0m Nlb          = {
TestRunBankingSolutions 2025-12-10T12:42:12+05:30 command.go:212:                   [31m-[0m[0m certProvider    = "lets_encrypt"
TestRunBankingSolutions 2025-12-10T12:42:12+05:30 command.go:212:                   [31m-[0m[0m cluster         = "d4sgns2d0k79ij8ttff0"
TestRunBankingSolutions 2025-12-10T12:42:12+05:30 command.go:212:                   [31m-[0m[0m dnsType         = ""
TestRunBankingSolutions 2025-12-10T12:42:12+05:30 command.go:212:                   [31m-[0m[0m isDefault       = false
TestRunBankingSolutions 2025-12-10T12:42:12+05:30 command.go:212:                   [31m-[0m[0m lbHostname      = "cc3ac0fd-us-south.lb.appdomain.cloud"
TestRunBankingSolutions 2025-12-10T12:42:12+05:30 command.go:212:                   [31m-[0m[0m nlbSubdomain    = "rag-da-tj2una-3b5bf5f75003778663c521c8c35ad277-0001.us-south.containers.appdomain.cloud"
TestRunBankingSolutions 2025-12-10T12:42:12+05:30 command.go:212:                   [31m-[0m[0m provider        = "ns1"
TestRunBankingSolutions 2025-12-10T12:42:12+05:30 command.go:212:                   [31m-[0m[0m secretNamespace = "openshift-ingress"
TestRunBankingSolutions 2025-12-10T12:42:12+05:30 command.go:212:                   [31m-[0m[0m statusMessage   = "OK"
TestRunBankingSolutions 2025-12-10T12:42:12+05:30 command.go:212:                   [31m-[0m[0m type            = "public"
TestRunBankingSolutions 2025-12-10T12:42:12+05:30 command.go:212:                 }
TestRunBankingSolutions 2025-12-10T12:42:12+05:30 command.go:212:               [31m-[0m[0m secretName   = "rag-da-tj2una-3b5bf5f75003778663c521c8c35ad277-0001"
TestRunBankingSolutions 2025-12-10T12:42:12+05:30 command.go:212:               [31m-[0m[0m secretStatus = "created"
TestRunBankingSolutions 2025-12-10T12:42:12+05:30 command.go:212:             }
TestRunBankingSolutions 2025-12-10T12:42:12+05:30 command.go:212:         ) [90m-> null[0m[0m
TestRunBankingSolutions 2025-12-10T12:42:12+05:30 command.go:212:       [31m-[0m[0m create_method             = "POST" [90m-> null[0m[0m
TestRunBankingSolutions 2025-12-10T12:42:12+05:30 command.go:212:       [31m-[0m[0m create_path               = "/v2/nlb-dns/vpc/replaceLBHostname" [90m-> null[0m[0m
TestRunBankingSolutions 2025-12-10T12:42:12+05:30 command.go:212:       [31m-[0m[0m create_response           = jsonencode(
TestRunBankingSolutions 2025-12-10T12:42:12+05:30 command.go:212:             {
TestRunBankingSolutions 2025-12-10T12:42:12+05:30 command.go:212:               [31m-[0m[0m cluster         = "d4sgns2d0k79ij8ttff0"
TestRunBankingSolutions 2025-12-10T12:42:12+05:30 command.go:212:               [31m-[0m[0m dnsType         = ""
TestRunBankingSolutions 2025-12-10T12:42:12+05:30 command.go:212:               [31m-[0m[0m lbHostname      = "cc3ac0fd-us-south.lb.appdomain.cloud"
TestRunBankingSolutions 2025-12-10T12:42:12+05:30 command.go:212:               [31m-[0m[0m nlbSubdomain    = "rag-da-tj2una-3b5bf5f75003778663c521c8c35ad277-0001.us-south.containers.appdomain.cloud"
TestRunBankingSolutions 2025-12-10T12:42:12+05:30 command.go:212:               [31m-[0m[0m secretNamespace = "openshift-ingress"
TestRunBankingSolutions 2025-12-10T12:42:12+05:30 command.go:212:               [31m-[0m[0m type            = "public"
TestRunBankingSolutions 2025-12-10T12:42:12+05:30 command.go:212:             }
TestRunBankingSolutions 2025-12-10T12:42:12+05:30 command.go:212:         ) [90m-> null[0m[0m
TestRunBankingSolutions 2025-12-10T12:42:12+05:30 command.go:212:       [31m-[0m[0m data                      = jsonencode(
TestRunBankingSolutions 2025-12-10T12:42:12+05:30 command.go:212:             {
TestRunBankingSolutions 2025-12-10T12:42:12+05:30 command.go:212:               [31m-[0m[0m Nlb             = {
TestRunBankingSolutions 2025-12-10T12:42:12+05:30 command.go:212:                   [31m-[0m[0m certProvider    = "lets_encrypt"
TestRunBankingSolutions 2025-12-10T12:42:12+05:30 command.go:212:                   [31m-[0m[0m cluster         = "d4sgns2d0k79ij8ttff0"
TestRunBankingSolutions 2025-12-10T12:42:12+05:30 command.go:212:                   [31m-[0m[0m dnsType         = ""
TestRunBankingSolutions 2025-12-10T12:42:12+05:30 command.go:212:                   [31m-[0m[0m isDefault       = false
TestRunBankingSolutions 2025-12-10T12:42:12+05:30 command.go:212:                   [31m-[0m[0m lbHostname      = "cc3ac0fd-us-south.lb.appdomain.cloud"
TestRunBankingSolutions 2025-12-10T12:42:12+05:30 command.go:212:                   [31m-[0m[0m nlbSubdomain    = "rag-da-tj2una-3b5bf5f75003778663c521c8c35ad277-0001.us-south.containers.appdomain.cloud"
TestRunBankingSolutions 2025-12-10T12:42:12+05:30 command.go:212:                   [31m-[0m[0m provider        = "ns1"
TestRunBankingSolutions 2025-12-10T12:42:12+05:30 command.go:212:                   [31m-[0m[0m secretNamespace = "openshift-ingress"
TestRunBankingSolutions 2025-12-10T12:42:12+05:30 command.go:212:                   [31m-[0m[0m statusMessage   = "OK"
TestRunBankingSolutions 2025-12-10T12:42:12+05:30 command.go:212:                   [31m-[0m[0m type            = "public"
TestRunBankingSolutions 2025-12-10T12:42:12+05:30 command.go:212:                 }
TestRunBankingSolutions 2025-12-10T12:42:12+05:30 command.go:212:               [31m-[0m[0m cluster         = [90mnull[0m[0m
TestRunBankingSolutions 2025-12-10T12:42:12+05:30 command.go:212:               [31m-[0m[0m dnsType         = [90mnull[0m[0m
TestRunBankingSolutions 2025-12-10T12:42:12+05:30 command.go:212:               [31m-[0m[0m lbHostname      = [90mnull[0m[0m
TestRunBankingSolutions 2025-12-10T12:42:12+05:30 command.go:212:               [31m-[0m[0m nlbSubdomain    = [90mnull[0m[0m
TestRunBankingSolutions 2025-12-10T12:42:12+05:30 command.go:212:               [31m-[0m[0m secretName      = "rag-da-tj2una-3b5bf5f75003778663c521c8c35ad277-0001"
TestRunBankingSolutions 2025-12-10T12:42:12+05:30 command.go:212:               [31m-[0m[0m secretNamespace = [90mnull[0m[0m
TestRunBankingSolutions 2025-12-10T12:42:12+05:30 command.go:212:               [31m-[0m[0m secretStatus    = "created"
TestRunBankingSolutions 2025-12-10T12:42:12+05:30 command.go:212:               [31m-[0m[0m type            = [90mnull[0m[0m
TestRunBankingSolutions 2025-12-10T12:42:12+05:30 command.go:212:             }
TestRunBankingSolutions 2025-12-10T12:42:12+05:30 command.go:212:         ) [90m-> null[0m[0m
TestRunBankingSolutions 2025-12-10T12:42:12+05:30 command.go:212:       [31m-[0m[0m destroy_data              = jsonencode(
TestRunBankingSolutions 2025-12-10T12:42:12+05:30 command.go:212:             {
TestRunBankingSolutions 2025-12-10T12:42:12+05:30 command.go:212:               [31m-[0m[0m cluster   = "rag-da-tj2una"
TestRunBankingSolutions 2025-12-10T12:42:12+05:30 command.go:212:               [31m-[0m[0m subdomain = "rag-da-tj2una-3b5bf5f75003778663c521c8c35ad277-0001.us-south.containers.appdomain.cloud"
TestRunBankingSolutions 2025-12-10T12:42:12+05:30 command.go:212:             }
TestRunBankingSolutions 2025-12-10T12:42:12+05:30 command.go:212:         ) [90m-> null[0m[0m
TestRunBankingSolutions 2025-12-10T12:42:12+05:30 command.go:212:       [31m-[0m[0m destroy_method            = "POST" [90m-> null[0m[0m
TestRunBankingSolutions 2025-12-10T12:42:12+05:30 command.go:212:       [31m-[0m[0m destroy_path              = "/ingress/v2/dns/deleteDomain" [90m-> null[0m[0m
TestRunBankingSolutions 2025-12-10T12:42:12+05:30 command.go:212:       [31m-[0m[0m id                        = "rag-da-tj2una-3b5bf5f75003778663c521c8c35ad277-0001.us-south.containers.appdomain.cloud" [90m-> null[0m[0m
TestRunBankingSolutions 2025-12-10T12:42:12+05:30 command.go:212:       [31m-[0m[0m ignore_all_server_changes = false [90m-> null[0m[0m
TestRunBankingSolutions 2025-12-10T12:42:12+05:30 command.go:212:       [31m-[0m[0m object_id                 = "rag-da-tj2una-3b5bf5f75003778663c521c8c35ad277-0001.us-south.containers.appdomain.cloud" [90m-> null[0m[0m
TestRunBankingSolutions 2025-12-10T12:42:12+05:30 command.go:212:       [31m-[0m[0m path                      = "/v2/nlb-dns/getNlbDetails" [90m-> null[0m[0m
TestRunBankingSolutions 2025-12-10T12:42:12+05:30 command.go:212:       [31m-[0m[0m query_string              = "cluster=rag-da-tj2una&nlbSubdomain=rag-da-tj2una-3b5bf5f75003778663c521c8c35ad277-0001.us-south.containers.appdomain.cloud" [90m-> null[0m[0m
TestRunBankingSolutions 2025-12-10T12:42:12+05:30 command.go:212:       [31m-[0m[0m read_method               = "GET" [90m-> null[0m[0m
TestRunBankingSolutions 2025-12-10T12:42:12+05:30 command.go:212:       [31m-[0m[0m read_path                 = "/v2/nlb-dns/getNlbDetails" [90m-> null[0m[0m
TestRunBankingSolutions 2025-12-10T12:42:12+05:30 command.go:212:       [31m-[0m[0m update_data               = jsonencode(
TestRunBankingSolutions 2025-12-10T12:42:12+05:30 command.go:212:             {
TestRunBankingSolutions 2025-12-10T12:42:12+05:30 command.go:212:               [31m-[0m[0m cluster         = "rag-da-tj2una"
TestRunBankingSolutions 2025-12-10T12:42:12+05:30 command.go:212:               [31m-[0m[0m dnsType         = "public"
TestRunBankingSolutions 2025-12-10T12:42:12+05:30 command.go:212:               [31m-[0m[0m lbHostname      = "cc3ac0fd-us-south.lb.appdomain.cloud"
TestRunBankingSolutions 2025-12-10T12:42:12+05:30 command.go:212:               [31m-[0m[0m nlbSubdomain    = "rag-da-tj2una-3b5bf5f75003778663c521c8c35ad277-0001.us-south.containers.appdomain.cloud"
TestRunBankingSolutions 2025-12-10T12:42:12+05:30 command.go:212:               [31m-[0m[0m secretNamespace = "openshift-ingress"
TestRunBankingSolutions 2025-12-10T12:42:12+05:30 command.go:212:               [31m-[0m[0m type            = "public"
TestRunBankingSolutions 2025-12-10T12:42:12+05:30 command.go:212:             }
TestRunBankingSolutions 2025-12-10T12:42:12+05:30 command.go:212:         ) [90m-> null[0m[0m
TestRunBankingSolutions 2025-12-10T12:42:12+05:30 command.go:212:       [31m-[0m[0m update_method             = "POST" [90m-> null[0m[0m
TestRunBankingSolutions 2025-12-10T12:42:12+05:30 command.go:212:       [31m-[0m[0m update_path               = "/v2/nlb-dns/vpc/replaceLBHostname" [90m-> null[0m[0m
TestRunBankingSolutions 2025-12-10T12:42:12+05:30 command.go:212:     }
TestRunBankingSolutions 2025-12-10T12:42:12+05:30 command.go:212: 
TestRunBankingSolutions 2025-12-10T12:42:12+05:30 command.go:212: [1m  # module.cluster_ingress[0].restapi_object.workload_nlb_dns_patch[0m will be [1m[31mdestroyed[0m
TestRunBankingSolutions 2025-12-10T12:42:12+05:30 command.go:212: [0m  [31m-[0m[0m resource "restapi_object" "workload_nlb_dns_patch" {
TestRunBankingSolutions 2025-12-10T12:42:12+05:30 command.go:212:       [31m-[0m[0m api_data                  = {
TestRunBankingSolutions 2025-12-10T12:42:12+05:30 command.go:212:           [31m-[0m[0m "Nlb"          = "map[certProvider:lets_encrypt cluster:d4sgns2d0k79ij8ttff0 dnsType: isDefault:false lbHostname:cc3ac0fd-us-south.lb.appdomain.cloud nlbSubdomain:rag-da-tj2una-3b5bf5f75003778663c521c8c35ad277-0001.us-south.containers.appdomain.cloud provider:ns1 secretNamespace:openshift-ingress statusMessage:OK type:public]"
TestRunBankingSolutions 2025-12-10T12:42:12+05:30 command.go:212:           [31m-[0m[0m "secretName"   = "rag-da-tj2una-3b5bf5f75003778663c521c8c35ad277-0001"
TestRunBankingSolutions 2025-12-10T12:42:12+05:30 command.go:212:           [31m-[0m[0m "secretStatus" = "created"
TestRunBankingSolutions 2025-12-10T12:42:12+05:30 command.go:212:         } [90m-> null[0m[0m
TestRunBankingSolutions 2025-12-10T12:42:12+05:30 command.go:212:       [31m-[0m[0m api_response              = jsonencode(
TestRunBankingSolutions 2025-12-10T12:42:12+05:30 command.go:212:             {
TestRunBankingSolutions 2025-12-10T12:42:12+05:30 command.go:212:               [31m-[0m[0m Nlb          = {
TestRunBankingSolutions 2025-12-10T12:42:12+05:30 command.go:212:                   [31m-[0m[0m certProvider    = "lets_encrypt"
TestRunBankingSolutions 2025-12-10T12:42:12+05:30 command.go:212:                   [31m-[0m[0m cluster         = "d4sgns2d0k79ij8ttff0"
TestRunBankingSolutions 2025-12-10T12:42:12+05:30 command.go:212:                   [31m-[0m[0m dnsType         = ""
TestRunBankingSolutions 2025-12-10T12:42:12+05:30 command.go:212:                   [31m-[0m[0m isDefault       = false
TestRunBankingSolutions 2025-12-10T12:42:12+05:30 command.go:212:                   [31m-[0m[0m lbHostname      = "cc3ac0fd-us-south.lb.appdomain.cloud"
TestRunBankingSolutions 2025-12-10T12:42:12+05:30 command.go:212:                   [31m-[0m[0m nlbSubdomain    = "rag-da-tj2una-3b5bf5f75003778663c521c8c35ad277-0001.us-south.containers.appdomain.cloud"
TestRunBankingSolutions 2025-12-10T12:42:12+05:30 command.go:212:                   [31m-[0m[0m provider        = "ns1"
TestRunBankingSolutions 2025-12-10T12:42:12+05:30 command.go:212:                   [31m-[0m[0m secretNamespace = "openshift-ingress"
TestRunBankingSolutions 2025-12-10T12:42:12+05:30 command.go:212:                   [31m-[0m[0m statusMessage   = "OK"
TestRunBankingSolutions 2025-12-10T12:42:12+05:30 command.go:212:                   [31m-[0m[0m type            = "public"
TestRunBankingSolutions 2025-12-10T12:42:12+05:30 command.go:212:                 }
TestRunBankingSolutions 2025-12-10T12:42:12+05:30 command.go:212:               [31m-[0m[0m secretName   = "rag-da-tj2una-3b5bf5f75003778663c521c8c35ad277-0001"
TestRunBankingSolutions 2025-12-10T12:42:12+05:30 command.go:212:               [31m-[0m[0m secretStatus = "created"
TestRunBankingSolutions 2025-12-10T12:42:12+05:30 command.go:212:             }
TestRunBankingSolutions 2025-12-10T12:42:12+05:30 command.go:212:         ) [90m-> null[0m[0m
TestRunBankingSolutions 2025-12-10T12:42:12+05:30 command.go:212:       [31m-[0m[0m create_method             = "POST" [90m-> null[0m[0m
TestRunBankingSolutions 2025-12-10T12:42:12+05:30 command.go:212:       [31m-[0m[0m create_path               = "/v2/nlb-dns/vpc/replaceLBHostname" [90m-> null[0m[0m
TestRunBankingSolutions 2025-12-10T12:42:12+05:30 command.go:212:       [31m-[0m[0m create_response           = jsonencode(
TestRunBankingSolutions 2025-12-10T12:42:12+05:30 command.go:212:             {
TestRunBankingSolutions 2025-12-10T12:42:12+05:30 command.go:212:               [31m-[0m[0m cluster         = "d4sgns2d0k79ij8ttff0"
TestRunBankingSolutions 2025-12-10T12:42:12+05:30 command.go:212:               [31m-[0m[0m dnsType         = ""
TestRunBankingSolutions 2025-12-10T12:42:12+05:30 command.go:212:               [31m-[0m[0m lbHostname      = "cc3ac0fd-us-south.lb.appdomain.cloud"
TestRunBankingSolutions 2025-12-10T12:42:12+05:30 command.go:212:               [31m-[0m[0m nlbSubdomain    = "rag-da-tj2una-3b5bf5f75003778663c521c8c35ad277-0001.us-south.containers.appdomain.cloud"
TestRunBankingSolutions 2025-12-10T12:42:12+05:30 command.go:212:               [31m-[0m[0m secretNamespace = "openshift-ingress"
TestRunBankingSolutions 2025-12-10T12:42:12+05:30 command.go:212:               [31m-[0m[0m type            = "public"
TestRunBankingSolutions 2025-12-10T12:42:12+05:30 command.go:212:             }
TestRunBankingSolutions 2025-12-10T12:42:12+05:30 command.go:212:         ) [90m-> null[0m[0m
TestRunBankingSolutions 2025-12-10T12:42:12+05:30 command.go:212:       [31m-[0m[0m data                      = jsonencode(
TestRunBankingSolutions 2025-12-10T12:42:12+05:30 command.go:212:             {
TestRunBankingSolutions 2025-12-10T12:42:12+05:30 command.go:212:               [31m-[0m[0m Nlb             = {
TestRunBankingSolutions 2025-12-10T12:42:12+05:30 command.go:212:                   [31m-[0m[0m certProvider    = "lets_encrypt"
TestRunBankingSolutions 2025-12-10T12:42:12+05:30 command.go:212:                   [31m-[0m[0m cluster         = "d4sgns2d0k79ij8ttff0"
TestRunBankingSolutions 2025-12-10T12:42:12+05:30 command.go:212:                   [31m-[0m[0m dnsType         = ""
TestRunBankingSolutions 2025-12-10T12:42:12+05:30 command.go:212:                   [31m-[0m[0m isDefault       = false
TestRunBankingSolutions 2025-12-10T12:42:12+05:30 command.go:212:                   [31m-[0m[0m lbHostname      = "cc3ac0fd-us-south.lb.appdomain.cloud"
TestRunBankingSolutions 2025-12-10T12:42:12+05:30 command.go:212:                   [31m-[0m[0m nlbSubdomain    = "rag-da-tj2una-3b5bf5f75003778663c521c8c35ad277-0001.us-south.containers.appdomain.cloud"
TestRunBankingSolutions 2025-12-10T12:42:12+05:30 command.go:212:                   [31m-[0m[0m provider        = "ns1"
TestRunBankingSolutions 2025-12-10T12:42:12+05:30 command.go:212:                   [31m-[0m[0m secretNamespace = "openshift-ingress"
TestRunBankingSolutions 2025-12-10T12:42:12+05:30 command.go:212:                   [31m-[0m[0m statusMessage   = "OK"
TestRunBankingSolutions 2025-12-10T12:42:12+05:30 command.go:212:                   [31m-[0m[0m type            = "public"
TestRunBankingSolutions 2025-12-10T12:42:12+05:30 command.go:212:                 }
TestRunBankingSolutions 2025-12-10T12:42:12+05:30 command.go:212:               [31m-[0m[0m cluster         = [90mnull[0m[0m
TestRunBankingSolutions 2025-12-10T12:42:12+05:30 command.go:212:               [31m-[0m[0m dnsType         = [90mnull[0m[0m
TestRunBankingSolutions 2025-12-10T12:42:12+05:30 command.go:212:               [31m-[0m[0m lbHostname      = [90mnull[0m[0m
TestRunBankingSolutions 2025-12-10T12:42:12+05:30 command.go:212:               [31m-[0m[0m nlbSubdomain    = [90mnull[0m[0m
TestRunBankingSolutions 2025-12-10T12:42:12+05:30 command.go:212:               [31m-[0m[0m secretName      = "rag-da-tj2una-3b5bf5f75003778663c521c8c35ad277-0001"
TestRunBankingSolutions 2025-12-10T12:42:12+05:30 command.go:212:               [31m-[0m[0m secretNamespace = [90mnull[0m[0m
TestRunBankingSolutions 2025-12-10T12:42:12+05:30 command.go:212:               [31m-[0m[0m secretStatus    = "created"
TestRunBankingSolutions 2025-12-10T12:42:12+05:30 command.go:212:               [31m-[0m[0m type            = [90mnull[0m[0m
TestRunBankingSolutions 2025-12-10T12:42:12+05:30 command.go:212:             }
TestRunBankingSolutions 2025-12-10T12:42:12+05:30 command.go:212:         ) [90m-> null[0m[0m
TestRunBankingSolutions 2025-12-10T12:42:12+05:30 command.go:212:       [31m-[0m[0m destroy_data              = jsonencode(
TestRunBankingSolutions 2025-12-10T12:42:12+05:30 command.go:212:             {
TestRunBankingSolutions 2025-12-10T12:42:12+05:30 command.go:212:               [31m-[0m[0m cluster   = "rag-da-tj2una"
TestRunBankingSolutions 2025-12-10T12:42:12+05:30 command.go:212:               [31m-[0m[0m subdomain = "rag-da-tj2una-3b5bf5f75003778663c521c8c35ad277-0001.us-south.containers.appdomain.cloud"
TestRunBankingSolutions 2025-12-10T12:42:12+05:30 command.go:212:             }
TestRunBankingSolutions 2025-12-10T12:42:12+05:30 command.go:212:         ) [90m-> null[0m[0m
TestRunBankingSolutions 2025-12-10T12:42:12+05:30 command.go:212:       [31m-[0m[0m destroy_method            = "POST" [90m-> null[0m[0m
TestRunBankingSolutions 2025-12-10T12:42:12+05:30 command.go:212:       [31m-[0m[0m destroy_path              = "/v2/nlb-dns/deleteSecret" [90m-> null[0m[0m
TestRunBankingSolutions 2025-12-10T12:42:12+05:30 command.go:212:       [31m-[0m[0m id                        = "rag-da-tj2una-3b5bf5f75003778663c521c8c35ad277-0001.us-south.containers.appdomain.cloud" [90m-> null[0m[0m
TestRunBankingSolutions 2025-12-10T12:42:12+05:30 command.go:212:       [31m-[0m[0m ignore_all_server_changes = false [90m-> null[0m[0m
TestRunBankingSolutions 2025-12-10T12:42:12+05:30 command.go:212:       [31m-[0m[0m object_id                 = "rag-da-tj2una-3b5bf5f75003778663c521c8c35ad277-0001.us-south.containers.appdomain.cloud" [90m-> null[0m[0m
TestRunBankingSolutions 2025-12-10T12:42:12+05:30 command.go:212:       [31m-[0m[0m path                      = "/v2/nlb-dns/getNlbDetails" [90m-> null[0m[0m
TestRunBankingSolutions 2025-12-10T12:42:12+05:30 command.go:212:       [31m-[0m[0m query_string              = "cluster=rag-da-tj2una&nlbSubdomain=rag-da-tj2una-3b5bf5f75003778663c521c8c35ad277-0001.us-south.containers.appdomain.cloud" [90m-> null[0m[0m
TestRunBankingSolutions 2025-12-10T12:42:12+05:30 command.go:212:       [31m-[0m[0m read_method               = "GET" [90m-> null[0m[0m
TestRunBankingSolutions 2025-12-10T12:42:12+05:30 command.go:212:       [31m-[0m[0m read_path                 = "/v2/nlb-dns/getNlbDetails" [90m-> null[0m[0m
TestRunBankingSolutions 2025-12-10T12:42:12+05:30 command.go:212:       [31m-[0m[0m update_data               = jsonencode(
TestRunBankingSolutions 2025-12-10T12:42:12+05:30 command.go:212:             {
TestRunBankingSolutions 2025-12-10T12:42:12+05:30 command.go:212:               [31m-[0m[0m cluster         = "rag-da-tj2una"
TestRunBankingSolutions 2025-12-10T12:42:12+05:30 command.go:212:               [31m-[0m[0m dnsType         = "public"
TestRunBankingSolutions 2025-12-10T12:42:12+05:30 command.go:212:               [31m-[0m[0m lbHostname      = "cc3ac0fd-us-south.lb.appdomain.cloud"
TestRunBankingSolutions 2025-12-10T12:42:12+05:30 command.go:212:               [31m-[0m[0m nlbSubdomain    = "rag-da-tj2una-3b5bf5f75003778663c521c8c35ad277-0001.us-south.containers.appdomain.cloud"
TestRunBankingSolutions 2025-12-10T12:42:12+05:30 command.go:212:               [31m-[0m[0m secretNamespace = "openshift-ingress"
TestRunBankingSolutions 2025-12-10T12:42:12+05:30 command.go:212:               [31m-[0m[0m type            = "public"
TestRunBankingSolutions 2025-12-10T12:42:12+05:30 command.go:212:             }
TestRunBankingSolutions 2025-12-10T12:42:12+05:30 command.go:212:         ) [90m-> null[0m[0m
TestRunBankingSolutions 2025-12-10T12:42:12+05:30 command.go:212:       [31m-[0m[0m update_method             = "POST" [90m-> null[0m[0m
TestRunBankingSolutions 2025-12-10T12:42:12+05:30 command.go:212:       [31m-[0m[0m update_path               = "/v2/nlb-dns/vpc/replaceLBHostname" [90m-> null[0m[0m
TestRunBankingSolutions 2025-12-10T12:42:12+05:30 command.go:212:     }
TestRunBankingSolutions 2025-12-10T12:42:12+05:30 command.go:212: 
TestRunBankingSolutions 2025-12-10T12:42:12+05:30 command.go:212: [1m  # module.cluster_ingress[0].time_sleep.wait_for_alb_provisioning[0m will be [1m[31mdestroyed[0m
TestRunBankingSolutions 2025-12-10T12:42:12+05:30 command.go:212: [0m  [31m-[0m[0m resource "time_sleep" "wait_for_alb_provisioning" {
TestRunBankingSolutions 2025-12-10T12:42:12+05:30 command.go:212:       [31m-[0m[0m create_duration  = "10m" [90m-> null[0m[0m
TestRunBankingSolutions 2025-12-10T12:42:12+05:30 command.go:212:       [31m-[0m[0m destroy_duration = "5s" [90m-> null[0m[0m
TestRunBankingSolutions 2025-12-10T12:42:12+05:30 command.go:212:       [31m-[0m[0m id               = "2025-12-10T07:11:25Z" [90m-> null[0m[0m
TestRunBankingSolutions 2025-12-10T12:42:12+05:30 command.go:212:     }
TestRunBankingSolutions 2025-12-10T12:42:12+05:30 command.go:212: 
TestRunBankingSolutions 2025-12-10T12:42:12+05:30 command.go:212: [1m  # module.cluster_ingress[0].time_sleep.wait_for_ingress_provisioning[0m will be [1m[31mdestroyed[0m
TestRunBankingSolutions 2025-12-10T12:42:12+05:30 command.go:212: [0m  [31m-[0m[0m resource "time_sleep" "wait_for_ingress_provisioning" {
TestRunBankingSolutions 2025-12-10T12:42:12+05:30 command.go:212:       [31m-[0m[0m create_duration  = "7m" [90m-> null[0m[0m
TestRunBankingSolutions 2025-12-10T12:42:12+05:30 command.go:212:       [31m-[0m[0m destroy_duration = "5s" [90m-> null[0m[0m
TestRunBankingSolutions 2025-12-10T12:42:12+05:30 command.go:212:       [31m-[0m[0m id               = "2025-12-10T07:08:57Z" [90m-> null[0m[0m
TestRunBankingSolutions 2025-12-10T12:42:12+05:30 command.go:212:       [31m-[0m[0m triggers         = {
TestRunBankingSolutions 2025-12-10T12:42:12+05:30 command.go:212:           [31m-[0m[0m "ingress_uid" = [90mnull[0m[0m
TestRunBankingSolutions 2025-12-10T12:42:12+05:30 command.go:212:         } [90m-> null[0m[0m
TestRunBankingSolutions 2025-12-10T12:42:12+05:30 command.go:212:     }
TestRunBankingSolutions 2025-12-10T12:42:12+05:30 command.go:212: 
TestRunBankingSolutions 2025-12-10T12:42:12+05:30 command.go:212: [1m  # module.configure_discovery_project[0].null_resource.discovery_file_upload[0m will be [1m[31mdestroyed[0m
TestRunBankingSolutions 2025-12-10T12:42:12+05:30 command.go:212: [0m  [31m-[0m[0m resource "null_resource" "discovery_file_upload" {
TestRunBankingSolutions 2025-12-10T12:42:12+05:30 command.go:212:       [31m-[0m[0m id       = "455004669429021087" [90m-> null[0m[0m
TestRunBankingSolutions 2025-12-10T12:42:12+05:30 command.go:212:       [31m-[0m[0m triggers = {
TestRunBankingSolutions 2025-12-10T12:42:12+05:30 command.go:212:           [31m-[0m[0m "always_run" = "2025-12-10T06:55:50Z"
TestRunBankingSolutions 2025-12-10T12:42:12+05:30 command.go:212:         } [90m-> null[0m[0m
TestRunBankingSolutions 2025-12-10T12:42:12+05:30 command.go:212:     }
TestRunBankingSolutions 2025-12-10T12:42:12+05:30 command.go:212: 
TestRunBankingSolutions 2025-12-10T12:42:12+05:30 command.go:212: [1m  # module.configure_discovery_project[0].restapi_object.configure_discovery_collection[0m will be [1m[31mdestroyed[0m
TestRunBankingSolutions 2025-12-10T12:42:12+05:30 command.go:212: [0m  [31m-[0m[0m resource "restapi_object" "configure_discovery_collection" {
TestRunBankingSolutions 2025-12-10T12:42:12+05:30 command.go:212:       [31m-[0m[0m api_data                  = {
TestRunBankingSolutions 2025-12-10T12:42:12+05:30 command.go:212:           [31m-[0m[0m "collection_id"                = "1c79211d-aacc-2ecf-0000-019b070b6e9a"
TestRunBankingSolutions 2025-12-10T12:42:12+05:30 command.go:212:           [31m-[0m[0m "created"                      = "2025-12-10T06:55:49.661Z"
TestRunBankingSolutions 2025-12-10T12:42:12+05:30 command.go:212:           [31m-[0m[0m "description"                  = "Sample data"
TestRunBankingSolutions 2025-12-10T12:42:12+05:30 command.go:212:           [31m-[0m[0m "document_counts"              = "map[available:7 failed:0 processing:0]"
TestRunBankingSolutions 2025-12-10T12:42:12+05:30 command.go:212:           [31m-[0m[0m "enrichments"                  = "[map[enrichment_id:701db916-fc83-57ab-0000-00000000001e fields:[text]]]"
TestRunBankingSolutions 2025-12-10T12:42:12+05:30 command.go:212:           [31m-[0m[0m "field_types"                  = "map[]"
TestRunBankingSolutions 2025-12-10T12:42:12+05:30 command.go:212:           [31m-[0m[0m "language"                     = "en"
TestRunBankingSolutions 2025-12-10T12:42:12+05:30 command.go:212:           [31m-[0m[0m "name"                         = "rag-da-tj2una-gen-ai-rag-sample-app-data"
TestRunBankingSolutions 2025-12-10T12:42:12+05:30 command.go:212:           [31m-[0m[0m "smart_document_understanding" = "map[enabled:true model:text_extraction]"
TestRunBankingSolutions 2025-12-10T12:42:12+05:30 command.go:212:           [31m-[0m[0m "source_document_counts"       = "map[available:7 failed:0 pending:0 processing:0]"
TestRunBankingSolutions 2025-12-10T12:42:12+05:30 command.go:212:         } [90m-> null[0m[0m
TestRunBankingSolutions 2025-12-10T12:42:12+05:30 command.go:212:       [31m-[0m[0m api_response              = jsonencode(
TestRunBankingSolutions 2025-12-10T12:42:12+05:30 command.go:212:             {
TestRunBankingSolutions 2025-12-10T12:42:12+05:30 command.go:212:               [31m-[0m[0m collection_id                = "1c79211d-aacc-2ecf-0000-019b070b6e9a"
TestRunBankingSolutions 2025-12-10T12:42:12+05:30 command.go:212:               [31m-[0m[0m created                      = "2025-12-10T06:55:49.661Z"
TestRunBankingSolutions 2025-12-10T12:42:12+05:30 command.go:212:               [31m-[0m[0m description                  = "Sample data"
TestRunBankingSolutions 2025-12-10T12:42:12+05:30 command.go:212:               [31m-[0m[0m document_counts              = {
TestRunBankingSolutions 2025-12-10T12:42:12+05:30 command.go:212:                   [31m-[0m[0m available  = 7
TestRunBankingSolutions 2025-12-10T12:42:12+05:30 command.go:212:                   [31m-[0m[0m failed     = 0
TestRunBankingSolutions 2025-12-10T12:42:12+05:30 command.go:212:                   [31m-[0m[0m processing = 0
TestRunBankingSolutions 2025-12-10T12:42:12+05:30 command.go:212:                 }
TestRunBankingSolutions 2025-12-10T12:42:12+05:30 command.go:212:               [31m-[0m[0m enrichments                  = [
TestRunBankingSolutions 2025-12-10T12:42:12+05:30 command.go:212:                   [31m-[0m[0m {
TestRunBankingSolutions 2025-12-10T12:42:12+05:30 command.go:212:                       [31m-[0m[0m enrichment_id = "701db916-fc83-57ab-0000-00000000001e"
TestRunBankingSolutions 2025-12-10T12:42:12+05:30 command.go:212:                       [31m-[0m[0m fields        = [
TestRunBankingSolutions 2025-12-10T12:42:12+05:30 command.go:212:                           [31m-[0m[0m "text",
TestRunBankingSolutions 2025-12-10T12:42:12+05:30 command.go:212:                         ]
TestRunBankingSolutions 2025-12-10T12:42:12+05:30 command.go:212:                     },
TestRunBankingSolutions 2025-12-10T12:42:12+05:30 command.go:212:                 ]
TestRunBankingSolutions 2025-12-10T12:42:12+05:30 command.go:212:               [31m-[0m[0m field_types                  = {}
TestRunBankingSolutions 2025-12-10T12:42:12+05:30 command.go:212:               [31m-[0m[0m language                     = "en"
TestRunBankingSolutions 2025-12-10T12:42:12+05:30 command.go:212:               [31m-[0m[0m name                         = "rag-da-tj2una-gen-ai-rag-sample-app-data"
TestRunBankingSolutions 2025-12-10T12:42:12+05:30 command.go:212:               [31m-[0m[0m smart_document_understanding = {
TestRunBankingSolutions 2025-12-10T12:42:12+05:30 command.go:212:                   [31m-[0m[0m enabled = true
TestRunBankingSolutions 2025-12-10T12:42:12+05:30 command.go:212:                   [31m-[0m[0m model   = "text_extraction"
TestRunBankingSolutions 2025-12-10T12:42:12+05:30 command.go:212:                 }
TestRunBankingSolutions 2025-12-10T12:42:12+05:30 command.go:212:               [31m-[0m[0m source_document_counts       = {
TestRunBankingSolutions 2025-12-10T12:42:12+05:30 command.go:212:                   [31m-[0m[0m available  = 7
TestRunBankingSolutions 2025-12-10T12:42:12+05:30 command.go:212:                   [31m-[0m[0m failed     = 0
TestRunBankingSolutions 2025-12-10T12:42:12+05:30 command.go:212:                   [31m-[0m[0m pending    = 0
TestRunBankingSolutions 2025-12-10T12:42:12+05:30 command.go:212:                   [31m-[0m[0m processing = 0
TestRunBankingSolutions 2025-12-10T12:42:12+05:30 command.go:212:                 }
TestRunBankingSolutions 2025-12-10T12:42:12+05:30 command.go:212:             }
TestRunBankingSolutions 2025-12-10T12:42:12+05:30 command.go:212:         ) [90m-> null[0m[0m
TestRunBankingSolutions 2025-12-10T12:42:12+05:30 command.go:212:       [31m-[0m[0m create_method             = "POST" [90m-> null[0m[0m
TestRunBankingSolutions 2025-12-10T12:42:12+05:30 command.go:212:       [31m-[0m[0m create_path               = "//api.us-south.discovery.watson.cloud.ibm.com/instances/1443f64b-f7a4-4336-a6fd-867fd01f1aaf/v2/projects/ac550261-8169-436a-9fa3-f74aed105a88/collections?version=2023-03-31" [90m-> null[0m[0m
TestRunBankingSolutions 2025-12-10T12:42:12+05:30 command.go:212:       [31m-[0m[0m create_response           = jsonencode(
TestRunBankingSolutions 2025-12-10T12:42:12+05:30 command.go:212:             {
TestRunBankingSolutions 2025-12-10T12:42:12+05:30 command.go:212:               [31m-[0m[0m collection_id                = "1c79211d-aacc-2ecf-0000-019b070b6e9a"
TestRunBankingSolutions 2025-12-10T12:42:12+05:30 command.go:212:               [31m-[0m[0m created                      = "2025-12-10T06:55:49.661Z"
TestRunBankingSolutions 2025-12-10T12:42:12+05:30 command.go:212:               [31m-[0m[0m description                  = "Sample data"
TestRunBankingSolutions 2025-12-10T12:42:12+05:30 command.go:212:               [31m-[0m[0m document_counts              = {
TestRunBankingSolutions 2025-12-10T12:42:12+05:30 command.go:212:                   [31m-[0m[0m available  = 0
TestRunBankingSolutions 2025-12-10T12:42:12+05:30 command.go:212:                   [31m-[0m[0m failed     = 0
TestRunBankingSolutions 2025-12-10T12:42:12+05:30 command.go:212:                   [31m-[0m[0m processing = 0
TestRunBankingSolutions 2025-12-10T12:42:12+05:30 command.go:212:                 }
TestRunBankingSolutions 2025-12-10T12:42:12+05:30 command.go:212:               [31m-[0m[0m enrichments                  = [
TestRunBankingSolutions 2025-12-10T12:42:12+05:30 command.go:212:                   [31m-[0m[0m {
TestRunBankingSolutions 2025-12-10T12:42:12+05:30 command.go:212:                       [31m-[0m[0m enrichment_id = "701db916-fc83-57ab-0000-00000000001e"
TestRunBankingSolutions 2025-12-10T12:42:12+05:30 command.go:212:                       [31m-[0m[0m fields        = [
TestRunBankingSolutions 2025-12-10T12:42:12+05:30 command.go:212:                           [31m-[0m[0m "text",
TestRunBankingSolutions 2025-12-10T12:42:12+05:30 command.go:212:                         ]
TestRunBankingSolutions 2025-12-10T12:42:12+05:30 command.go:212:                     },
TestRunBankingSolutions 2025-12-10T12:42:12+05:30 command.go:212:                 ]
TestRunBankingSolutions 2025-12-10T12:42:12+05:30 command.go:212:               [31m-[0m[0m language                     = "en"
TestRunBankingSolutions 2025-12-10T12:42:12+05:30 command.go:212:               [31m-[0m[0m name                         = "rag-da-tj2una-gen-ai-rag-sample-app-data"
TestRunBankingSolutions 2025-12-10T12:42:12+05:30 command.go:212:               [31m-[0m[0m smart_document_understanding = {
TestRunBankingSolutions 2025-12-10T12:42:12+05:30 command.go:212:                   [31m-[0m[0m enabled = false
TestRunBankingSolutions 2025-12-10T12:42:12+05:30 command.go:212:                 }
TestRunBankingSolutions 2025-12-10T12:42:12+05:30 command.go:212:               [31m-[0m[0m source_document_counts       = {
TestRunBankingSolutions 2025-12-10T12:42:12+05:30 command.go:212:                   [31m-[0m[0m available  = 0
TestRunBankingSolutions 2025-12-10T12:42:12+05:30 command.go:212:                   [31m-[0m[0m failed     = 0
TestRunBankingSolutions 2025-12-10T12:42:12+05:30 command.go:212:                   [31m-[0m[0m pending    = 0
TestRunBankingSolutions 2025-12-10T12:42:12+05:30 command.go:212:                   [31m-[0m[0m processing = 0
TestRunBankingSolutions 2025-12-10T12:42:12+05:30 command.go:212:                 }
TestRunBankingSolutions 2025-12-10T12:42:12+05:30 command.go:212:             }
TestRunBankingSolutions 2025-12-10T12:42:12+05:30 command.go:212:         ) [90m-> null[0m[0m
TestRunBankingSolutions 2025-12-10T12:42:12+05:30 command.go:212:       [31m-[0m[0m data                      = jsonencode(
TestRunBankingSolutions 2025-12-10T12:42:12+05:30 command.go:212:             {
TestRunBankingSolutions 2025-12-10T12:42:12+05:30 command.go:212:               [31m-[0m[0m collection_id                = "1c79211d-aacc-2ecf-0000-019b070b6e9a"
TestRunBankingSolutions 2025-12-10T12:42:12+05:30 command.go:212:               [31m-[0m[0m created                      = "2025-12-10T06:55:49.661Z"
TestRunBankingSolutions 2025-12-10T12:42:12+05:30 command.go:212:               [31m-[0m[0m description                  = "Sample data"
TestRunBankingSolutions 2025-12-10T12:42:12+05:30 command.go:212:               [31m-[0m[0m document_counts              = {
TestRunBankingSolutions 2025-12-10T12:42:12+05:30 command.go:212:                   [31m-[0m[0m available  = 7
TestRunBankingSolutions 2025-12-10T12:42:12+05:30 command.go:212:                   [31m-[0m[0m failed     = 0
TestRunBankingSolutions 2025-12-10T12:42:12+05:30 command.go:212:                   [31m-[0m[0m processing = 0
TestRunBankingSolutions 2025-12-10T12:42:12+05:30 command.go:212:                 }
TestRunBankingSolutions 2025-12-10T12:42:12+05:30 command.go:212:               [31m-[0m[0m enrichments                  = [
TestRunBankingSolutions 2025-12-10T12:42:12+05:30 command.go:212:                   [31m-[0m[0m {
TestRunBankingSolutions 2025-12-10T12:42:12+05:30 command.go:212:                       [31m-[0m[0m enrichment_id = "701db916-fc83-57ab-0000-00000000001e"
TestRunBankingSolutions 2025-12-10T12:42:12+05:30 command.go:212:                       [31m-[0m[0m fields        = [
TestRunBankingSolutions 2025-12-10T12:42:12+05:30 command.go:212:                           [31m-[0m[0m "text",
TestRunBankingSolutions 2025-12-10T12:42:12+05:30 command.go:212:                         ]
TestRunBankingSolutions 2025-12-10T12:42:12+05:30 command.go:212:                     },
TestRunBankingSolutions 2025-12-10T12:42:12+05:30 command.go:212:                 ]
TestRunBankingSolutions 2025-12-10T12:42:12+05:30 command.go:212:               [31m-[0m[0m field_types                  = {}
TestRunBankingSolutions 2025-12-10T12:42:12+05:30 command.go:212:               [31m-[0m[0m language                     = "en"
TestRunBankingSolutions 2025-12-10T12:42:12+05:30 command.go:212:               [31m-[0m[0m name                         = "rag-da-tj2una-gen-ai-rag-sample-app-data"
TestRunBankingSolutions 2025-12-10T12:42:12+05:30 command.go:212:               [31m-[0m[0m smart_document_understanding = {
TestRunBankingSolutions 2025-12-10T12:42:12+05:30 command.go:212:                   [31m-[0m[0m enabled = true
TestRunBankingSolutions 2025-12-10T12:42:12+05:30 command.go:212:                   [31m-[0m[0m model   = "text_extraction"
TestRunBankingSolutions 2025-12-10T12:42:12+05:30 command.go:212:                 }
TestRunBankingSolutions 2025-12-10T12:42:12+05:30 command.go:212:               [31m-[0m[0m source_document_counts       = {
TestRunBankingSolutions 2025-12-10T12:42:12+05:30 command.go:212:                   [31m-[0m[0m available  = 7
TestRunBankingSolutions 2025-12-10T12:42:12+05:30 command.go:212:                   [31m-[0m[0m failed     = 0
TestRunBankingSolutions 2025-12-10T12:42:12+05:30 command.go:212:                   [31m-[0m[0m pending    = 0
TestRunBankingSolutions 2025-12-10T12:42:12+05:30 command.go:212:                   [31m-[0m[0m processing = 0
TestRunBankingSolutions 2025-12-10T12:42:12+05:30 command.go:212:                 }
TestRunBankingSolutions 2025-12-10T12:42:12+05:30 command.go:212:             }
TestRunBankingSolutions 2025-12-10T12:42:12+05:30 command.go:212:         ) [90m-> null[0m[0m
TestRunBankingSolutions 2025-12-10T12:42:12+05:30 command.go:212:       [31m-[0m[0m destroy_method            = "DELETE" [90m-> null[0m[0m
TestRunBankingSolutions 2025-12-10T12:42:12+05:30 command.go:212:       [31m-[0m[0m destroy_path              = "//api.us-south.discovery.watson.cloud.ibm.com/instances/1443f64b-f7a4-4336-a6fd-867fd01f1aaf/v2/projects/ac550261-8169-436a-9fa3-f74aed105a88/collections/{id}?version=2023-03-31" [90m-> null[0m[0m
TestRunBankingSolutions 2025-12-10T12:42:12+05:30 command.go:212:       [31m-[0m[0m id                        = "1c79211d-aacc-2ecf-0000-019b070b6e9a" [90m-> null[0m[0m
TestRunBankingSolutions 2025-12-10T12:42:12+05:30 command.go:212:       [31m-[0m[0m id_attribute              = "collection_id" [90m-> null[0m[0m
TestRunBankingSolutions 2025-12-10T12:42:12+05:30 command.go:212:       [31m-[0m[0m ignore_all_server_changes = false [90m-> null[0m[0m
TestRunBankingSolutions 2025-12-10T12:42:12+05:30 command.go:212:       [31m-[0m[0m path                      = "//api.us-south.discovery.watson.cloud.ibm.com/instances/1443f64b-f7a4-4336-a6fd-867fd01f1aaf" [90m-> null[0m[0m
TestRunBankingSolutions 2025-12-10T12:42:12+05:30 command.go:212:       [31m-[0m[0m read_method               = "GET" [90m-> null[0m[0m
TestRunBankingSolutions 2025-12-10T12:42:12+05:30 command.go:212:       [31m-[0m[0m read_path                 = "//api.us-south.discovery.watson.cloud.ibm.com/instances/1443f64b-f7a4-4336-a6fd-867fd01f1aaf/v2/projects/ac550261-8169-436a-9fa3-f74aed105a88/collections/{id}?version=2023-03-31" [90m-> null[0m[0m
TestRunBankingSolutions 2025-12-10T12:42:12+05:30 command.go:212:       [31m-[0m[0m update_data               = jsonencode(
TestRunBankingSolutions 2025-12-10T12:42:12+05:30 command.go:212:             {
TestRunBankingSolutions 2025-12-10T12:42:12+05:30 command.go:212:               [31m-[0m[0m description = "Sample data"
TestRunBankingSolutions 2025-12-10T12:42:12+05:30 command.go:212:               [31m-[0m[0m name        = "rag-da-tj2una-gen-ai-rag-sample-app-data"
TestRunBankingSolutions 2025-12-10T12:42:12+05:30 command.go:212:             }
TestRunBankingSolutions 2025-12-10T12:42:12+05:30 command.go:212:         ) [90m-> null[0m[0m
TestRunBankingSolutions 2025-12-10T12:42:12+05:30 command.go:212:       [31m-[0m[0m update_method             = "POST" [90m-> null[0m[0m
TestRunBankingSolutions 2025-12-10T12:42:12+05:30 command.go:212:       [31m-[0m[0m update_path               = "//api.us-south.discovery.watson.cloud.ibm.com/instances/1443f64b-f7a4-4336-a6fd-867fd01f1aaf/v2/projects/ac550261-8169-436a-9fa3-f74aed105a88/collections/{id}?version=2023-03-31" [90m-> null[0m[0m
TestRunBankingSolutions 2025-12-10T12:42:12+05:30 command.go:212:     }
TestRunBankingSolutions 2025-12-10T12:42:12+05:30 command.go:212: 
TestRunBankingSolutions 2025-12-10T12:42:12+05:30 command.go:212: [1m  # module.configure_discovery_project[0].restapi_object.configure_discovery_project[0m will be [1m[31mdestroyed[0m
TestRunBankingSolutions 2025-12-10T12:42:12+05:30 command.go:212: [0m  [31m-[0m[0m resource "restapi_object" "configure_discovery_project" {
TestRunBankingSolutions 2025-12-10T12:42:12+05:30 command.go:212:       [31m-[0m[0m api_data                  = {
TestRunBankingSolutions 2025-12-10T12:42:12+05:30 command.go:212:           [31m-[0m[0m "collection_count"          = "1"
TestRunBankingSolutions 2025-12-10T12:42:12+05:30 command.go:212:           [31m-[0m[0m "default_query_parameters"  = "map[aggregation:[term(enriched_text.entities.text,name:entities)] count:10 highlight:false passages:map[characters:200 count:10 enabled:true fields:[text title] find_answers:false max_answers_per_passage:1 max_per_document:1 per_document:true] return:[] sort: spelling_suggestions:false table_results:map[count:10 enabled:false per_document:0]]"
TestRunBankingSolutions 2025-12-10T12:42:12+05:30 command.go:212:           [31m-[0m[0m "name"                      = "rag-da-tj2una-gen-ai-rag-sample-app-project"
TestRunBankingSolutions 2025-12-10T12:42:12+05:30 command.go:212:           [31m-[0m[0m "project_id"                = "ac550261-8169-436a-9fa3-f74aed105a88"
TestRunBankingSolutions 2025-12-10T12:42:12+05:30 command.go:212:           [31m-[0m[0m "relevancy_training_status" = "map[available:false minimum_examples_added:false minimum_queries_added:false notices:0 processing:false sufficient_label_diversity:false total_examples:0]"
TestRunBankingSolutions 2025-12-10T12:42:12+05:30 command.go:212:           [31m-[0m[0m "type"                      = "document_retrieval"
TestRunBankingSolutions 2025-12-10T12:42:12+05:30 command.go:212:         } [90m-> null[0m[0m
TestRunBankingSolutions 2025-12-10T12:42:12+05:30 command.go:212:       [31m-[0m[0m api_response              = jsonencode(
TestRunBankingSolutions 2025-12-10T12:42:12+05:30 command.go:212:             {
TestRunBankingSolutions 2025-12-10T12:42:12+05:30 command.go:212:               [31m-[0m[0m collection_count          = 1
TestRunBankingSolutions 2025-12-10T12:42:12+05:30 command.go:212:               [31m-[0m[0m default_query_parameters  = {
TestRunBankingSolutions 2025-12-10T12:42:12+05:30 command.go:212:                   [31m-[0m[0m aggregation          = "[term(enriched_text.entities.text,name:entities)]"
TestRunBankingSolutions 2025-12-10T12:42:12+05:30 command.go:212:                   [31m-[0m[0m count                = 10
TestRunBankingSolutions 2025-12-10T12:42:12+05:30 command.go:212:                   [31m-[0m[0m highlight            = false
TestRunBankingSolutions 2025-12-10T12:42:12+05:30 command.go:212:                   [31m-[0m[0m passages             = {
TestRunBankingSolutions 2025-12-10T12:42:12+05:30 command.go:212:                       [31m-[0m[0m characters              = 200
TestRunBankingSolutions 2025-12-10T12:42:12+05:30 command.go:212:                       [31m-[0m[0m count                   = 10
TestRunBankingSolutions 2025-12-10T12:42:12+05:30 command.go:212:                       [31m-[0m[0m enabled                 = true
TestRunBankingSolutions 2025-12-10T12:42:12+05:30 command.go:212:                       [31m-[0m[0m fields                  = [
TestRunBankingSolutions 2025-12-10T12:42:12+05:30 command.go:212:                           [31m-[0m[0m "text",
TestRunBankingSolutions 2025-12-10T12:42:12+05:30 command.go:212:                           [31m-[0m[0m "title",
TestRunBankingSolutions 2025-12-10T12:42:12+05:30 command.go:212:                         ]
TestRunBankingSolutions 2025-12-10T12:42:12+05:30 command.go:212:                       [31m-[0m[0m find_answers            = false
TestRunBankingSolutions 2025-12-10T12:42:12+05:30 command.go:212:                       [31m-[0m[0m max_answers_per_passage = 1
TestRunBankingSolutions 2025-12-10T12:42:12+05:30 command.go:212:                       [31m-[0m[0m max_per_document        = 1
TestRunBankingSolutions 2025-12-10T12:42:12+05:30 command.go:212:                       [31m-[0m[0m per_document            = true
TestRunBankingSolutions 2025-12-10T12:42:12+05:30 command.go:212:                     }
TestRunBankingSolutions 2025-12-10T12:42:12+05:30 command.go:212:                   [31m-[0m[0m return               = []
TestRunBankingSolutions 2025-12-10T12:42:12+05:30 command.go:212:                   [31m-[0m[0m sort                 = ""
TestRunBankingSolutions 2025-12-10T12:42:12+05:30 command.go:212:                   [31m-[0m[0m spelling_suggestions = false
TestRunBankingSolutions 2025-12-10T12:42:12+05:30 command.go:212:                   [31m-[0m[0m table_results        = {
TestRunBankingSolutions 2025-12-10T12:42:12+05:30 command.go:212:                       [31m-[0m[0m count        = 10
TestRunBankingSolutions 2025-12-10T12:42:12+05:30 command.go:212:                       [31m-[0m[0m enabled      = false
TestRunBankingSolutions 2025-12-10T12:42:12+05:30 command.go:212:                       [31m-[0m[0m per_document = 0
TestRunBankingSolutions 2025-12-10T12:42:12+05:30 command.go:212:                     }
TestRunBankingSolutions 2025-12-10T12:42:12+05:30 command.go:212:                 }
TestRunBankingSolutions 2025-12-10T12:42:12+05:30 command.go:212:               [31m-[0m[0m name                      = "rag-da-tj2una-gen-ai-rag-sample-app-project"
TestRunBankingSolutions 2025-12-10T12:42:12+05:30 command.go:212:               [31m-[0m[0m project_id                = "ac550261-8169-436a-9fa3-f74aed105a88"
TestRunBankingSolutions 2025-12-10T12:42:12+05:30 command.go:212:               [31m-[0m[0m relevancy_training_status = {
TestRunBankingSolutions 2025-12-10T12:42:12+05:30 command.go:212:                   [31m-[0m[0m available                  = false
TestRunBankingSolutions 2025-12-10T12:42:12+05:30 command.go:212:                   [31m-[0m[0m minimum_examples_added     = false
TestRunBankingSolutions 2025-12-10T12:42:12+05:30 command.go:212:                   [31m-[0m[0m minimum_queries_added      = false
TestRunBankingSolutions 2025-12-10T12:42:12+05:30 command.go:212:                   [31m-[0m[0m notices                    = 0
TestRunBankingSolutions 2025-12-10T12:42:12+05:30 command.go:212:                   [31m-[0m[0m processing                 = false
TestRunBankingSolutions 2025-12-10T12:42:12+05:30 command.go:212:                   [31m-[0m[0m sufficient_label_diversity = false
TestRunBankingSolutions 2025-12-10T12:42:12+05:30 command.go:212:                   [31m-[0m[0m total_examples             = 0
TestRunBankingSolutions 2025-12-10T12:42:12+05:30 command.go:212:                 }
TestRunBankingSolutions 2025-12-10T12:42:12+05:30 command.go:212:               [31m-[0m[0m type                      = "document_retrieval"
TestRunBankingSolutions 2025-12-10T12:42:12+05:30 command.go:212:             }
TestRunBankingSolutions 2025-12-10T12:42:12+05:30 command.go:212:         ) [90m-> null[0m[0m
TestRunBankingSolutions 2025-12-10T12:42:12+05:30 command.go:212:       [31m-[0m[0m create_method             = "POST" [90m-> null[0m[0m
TestRunBankingSolutions 2025-12-10T12:42:12+05:30 command.go:212:       [31m-[0m[0m create_path               = "//api.us-south.discovery.watson.cloud.ibm.com/instances/1443f64b-f7a4-4336-a6fd-867fd01f1aaf/v2/projects?version=2023-03-31" [90m-> null[0m[0m
TestRunBankingSolutions 2025-12-10T12:42:12+05:30 command.go:212:       [31m-[0m[0m create_response           = jsonencode(
TestRunBankingSolutions 2025-12-10T12:42:12+05:30 command.go:212:             {
TestRunBankingSolutions 2025-12-10T12:42:12+05:30 command.go:212:               [31m-[0m[0m collection_count         = 0
TestRunBankingSolutions 2025-12-10T12:42:12+05:30 command.go:212:               [31m-[0m[0m default_query_parameters = {
TestRunBankingSolutions 2025-12-10T12:42:12+05:30 command.go:212:                   [31m-[0m[0m aggregation          = "[term(enriched_text.entities.text,name:entities)]"
TestRunBankingSolutions 2025-12-10T12:42:12+05:30 command.go:212:                   [31m-[0m[0m count                = 10
TestRunBankingSolutions 2025-12-10T12:42:12+05:30 command.go:212:                   [31m-[0m[0m highlight            = false
TestRunBankingSolutions 2025-12-10T12:42:12+05:30 command.go:212:                   [31m-[0m[0m passages             = {
TestRunBankingSolutions 2025-12-10T12:42:12+05:30 command.go:212:                       [31m-[0m[0m characters              = 200
TestRunBankingSolutions 2025-12-10T12:42:12+05:30 command.go:212:                       [31m-[0m[0m count                   = 10
TestRunBankingSolutions 2025-12-10T12:42:12+05:30 command.go:212:                       [31m-[0m[0m enabled                 = true
TestRunBankingSolutions 2025-12-10T12:42:12+05:30 command.go:212:                       [31m-[0m[0m fields                  = [
TestRunBankingSolutions 2025-12-10T12:42:12+05:30 command.go:212:                           [31m-[0m[0m "text",
TestRunBankingSolutions 2025-12-10T12:42:12+05:30 command.go:212:                           [31m-[0m[0m "title",
TestRunBankingSolutions 2025-12-10T12:42:12+05:30 command.go:212:                         ]
TestRunBankingSolutions 2025-12-10T12:42:12+05:30 command.go:212:                       [31m-[0m[0m find_answers            = false
TestRunBankingSolutions 2025-12-10T12:42:12+05:30 command.go:212:                       [31m-[0m[0m max_answers_per_passage = 1
TestRunBankingSolutions 2025-12-10T12:42:12+05:30 command.go:212:                       [31m-[0m[0m max_per_document        = 1
TestRunBankingSolutions 2025-12-10T12:42:12+05:30 command.go:212:                       [31m-[0m[0m per_document            = true
TestRunBankingSolutions 2025-12-10T12:42:12+05:30 command.go:212:                     }
TestRunBankingSolutions 2025-12-10T12:42:12+05:30 command.go:212:                   [31m-[0m[0m return               = []
TestRunBankingSolutions 2025-12-10T12:42:12+05:30 command.go:212:                   [31m-[0m[0m sort                 = ""
TestRunBankingSolutions 2025-12-10T12:42:12+05:30 command.go:212:                   [31m-[0m[0m spelling_suggestions = false
TestRunBankingSolutions 2025-12-10T12:42:12+05:30 command.go:212:                   [31m-[0m[0m table_results        = {
TestRunBankingSolutions 2025-12-10T12:42:12+05:30 command.go:212:                       [31m-[0m[0m count        = 10
TestRunBankingSolutions 2025-12-10T12:42:12+05:30 command.go:212:                       [31m-[0m[0m enabled      = false
TestRunBankingSolutions 2025-12-10T12:42:12+05:30 command.go:212:                       [31m-[0m[0m per_document = 0
TestRunBankingSolutions 2025-12-10T12:42:12+05:30 command.go:212:                     }
TestRunBankingSolutions 2025-12-10T12:42:12+05:30 command.go:212:                 }
TestRunBankingSolutions 2025-12-10T12:42:12+05:30 command.go:212:               [31m-[0m[0m name                     = "rag-da-tj2una-gen-ai-rag-sample-app-project"
TestRunBankingSolutions 2025-12-10T12:42:12+05:30 command.go:212:               [31m-[0m[0m project_id               = "ac550261-8169-436a-9fa3-f74aed105a88"
TestRunBankingSolutions 2025-12-10T12:42:12+05:30 command.go:212:               [31m-[0m[0m type                     = "document_retrieval"
TestRunBankingSolutions 2025-12-10T12:42:12+05:30 command.go:212:             }
TestRunBankingSolutions 2025-12-10T12:42:12+05:30 command.go:212:         ) [90m-> null[0m[0m
TestRunBankingSolutions 2025-12-10T12:42:12+05:30 command.go:212:       [31m-[0m[0m data                      = jsonencode(
TestRunBankingSolutions 2025-12-10T12:42:12+05:30 command.go:212:             {
TestRunBankingSolutions 2025-12-10T12:42:12+05:30 command.go:212:               [31m-[0m[0m collection_count          = 1
TestRunBankingSolutions 2025-12-10T12:42:12+05:30 command.go:212:               [31m-[0m[0m default_query_parameters  = {
TestRunBankingSolutions 2025-12-10T12:42:12+05:30 command.go:212:                   [31m-[0m[0m aggregation          = "[term(enriched_text.entities.text,name:entities)]"
TestRunBankingSolutions 2025-12-10T12:42:12+05:30 command.go:212:                   [31m-[0m[0m count                = 10
TestRunBankingSolutions 2025-12-10T12:42:12+05:30 command.go:212:                   [31m-[0m[0m highlight            = false
TestRunBankingSolutions 2025-12-10T12:42:12+05:30 command.go:212:                   [31m-[0m[0m passages             = {
TestRunBankingSolutions 2025-12-10T12:42:12+05:30 command.go:212:                       [31m-[0m[0m characters              = 200
TestRunBankingSolutions 2025-12-10T12:42:12+05:30 command.go:212:                       [31m-[0m[0m count                   = 10
TestRunBankingSolutions 2025-12-10T12:42:12+05:30 command.go:212:                       [31m-[0m[0m enabled                 = true
TestRunBankingSolutions 2025-12-10T12:42:12+05:30 command.go:212:                       [31m-[0m[0m fields                  = [
TestRunBankingSolutions 2025-12-10T12:42:12+05:30 command.go:212:                           [31m-[0m[0m "text",
TestRunBankingSolutions 2025-12-10T12:42:12+05:30 command.go:212:                           [31m-[0m[0m "title",
TestRunBankingSolutions 2025-12-10T12:42:12+05:30 command.go:212:                         ]
TestRunBankingSolutions 2025-12-10T12:42:12+05:30 command.go:212:                       [31m-[0m[0m find_answers            = false
TestRunBankingSolutions 2025-12-10T12:42:12+05:30 command.go:212:                       [31m-[0m[0m max_answers_per_passage = 1
TestRunBankingSolutions 2025-12-10T12:42:12+05:30 command.go:212:                       [31m-[0m[0m max_per_document        = 1
TestRunBankingSolutions 2025-12-10T12:42:12+05:30 command.go:212:                       [31m-[0m[0m per_document            = true
TestRunBankingSolutions 2025-12-10T12:42:12+05:30 command.go:212:                     }
TestRunBankingSolutions 2025-12-10T12:42:12+05:30 command.go:212:                   [31m-[0m[0m return               = []
TestRunBankingSolutions 2025-12-10T12:42:12+05:30 command.go:212:                   [31m-[0m[0m sort                 = ""
TestRunBankingSolutions 2025-12-10T12:42:12+05:30 command.go:212:                   [31m-[0m[0m spelling_suggestions = false
TestRunBankingSolutions 2025-12-10T12:42:12+05:30 command.go:212:                   [31m-[0m[0m table_results        = {
TestRunBankingSolutions 2025-12-10T12:42:12+05:30 command.go:212:                       [31m-[0m[0m count        = 10
TestRunBankingSolutions 2025-12-10T12:42:12+05:30 command.go:212:                       [31m-[0m[0m enabled      = false
TestRunBankingSolutions 2025-12-10T12:42:12+05:30 command.go:212:                       [31m-[0m[0m per_document = 0
TestRunBankingSolutions 2025-12-10T12:42:12+05:30 command.go:212:                     }
TestRunBankingSolutions 2025-12-10T12:42:12+05:30 command.go:212:                 }
TestRunBankingSolutions 2025-12-10T12:42:12+05:30 command.go:212:               [31m-[0m[0m name                      = "rag-da-tj2una-gen-ai-rag-sample-app-project"
TestRunBankingSolutions 2025-12-10T12:42:12+05:30 command.go:212:               [31m-[0m[0m project_id                = "ac550261-8169-436a-9fa3-f74aed105a88"
TestRunBankingSolutions 2025-12-10T12:42:12+05:30 command.go:212:               [31m-[0m[0m relevancy_training_status = {
TestRunBankingSolutions 2025-12-10T12:42:12+05:30 command.go:212:                   [31m-[0m[0m available                  = false
TestRunBankingSolutions 2025-12-10T12:42:12+05:30 command.go:212:                   [31m-[0m[0m minimum_examples_added     = false
TestRunBankingSolutions 2025-12-10T12:42:12+05:30 command.go:212:                   [31m-[0m[0m minimum_queries_added      = false
TestRunBankingSolutions 2025-12-10T12:42:12+05:30 command.go:212:                   [31m-[0m[0m notices                    = 0
TestRunBankingSolutions 2025-12-10T12:42:12+05:30 command.go:212:                   [31m-[0m[0m processing                 = false
TestRunBankingSolutions 2025-12-10T12:42:12+05:30 command.go:212:                   [31m-[0m[0m sufficient_label_diversity = false
TestRunBankingSolutions 2025-12-10T12:42:12+05:30 command.go:212:                   [31m-[0m[0m total_examples             = 0
TestRunBankingSolutions 2025-12-10T12:42:12+05:30 command.go:212:                 }
TestRunBankingSolutions 2025-12-10T12:42:12+05:30 command.go:212:               [31m-[0m[0m type                      = "document_retrieval"
TestRunBankingSolutions 2025-12-10T12:42:12+05:30 command.go:212:             }
TestRunBankingSolutions 2025-12-10T12:42:12+05:30 command.go:212:         ) [90m-> null[0m[0m
TestRunBankingSolutions 2025-12-10T12:42:12+05:30 command.go:212:       [31m-[0m[0m destroy_method            = "DELETE" [90m-> null[0m[0m
TestRunBankingSolutions 2025-12-10T12:42:12+05:30 command.go:212:       [31m-[0m[0m destroy_path              = "//api.us-south.discovery.watson.cloud.ibm.com/instances/1443f64b-f7a4-4336-a6fd-867fd01f1aaf/v2/projects/{id}?version=2023-03-31" [90m-> null[0m[0m
TestRunBankingSolutions 2025-12-10T12:42:12+05:30 command.go:212:       [31m-[0m[0m id                        = "ac550261-8169-436a-9fa3-f74aed105a88" [90m-> null[0m[0m
TestRunBankingSolutions 2025-12-10T12:42:12+05:30 command.go:212:       [31m-[0m[0m id_attribute              = "project_id" [90m-> null[0m[0m
TestRunBankingSolutions 2025-12-10T12:42:12+05:30 command.go:212:       [31m-[0m[0m ignore_all_server_changes = false [90m-> null[0m[0m
TestRunBankingSolutions 2025-12-10T12:42:12+05:30 command.go:212:       [31m-[0m[0m path                      = "//api.us-south.discovery.watson.cloud.ibm.com/instances/1443f64b-f7a4-4336-a6fd-867fd01f1aaf" [90m-> null[0m[0m
TestRunBankingSolutions 2025-12-10T12:42:12+05:30 command.go:212:       [31m-[0m[0m read_method               = "GET" [90m-> null[0m[0m
TestRunBankingSolutions 2025-12-10T12:42:12+05:30 command.go:212:       [31m-[0m[0m read_path                 = "//api.us-south.discovery.watson.cloud.ibm.com/instances/1443f64b-f7a4-4336-a6fd-867fd01f1aaf/v2/projects/{id}?version=2023-03-31" [90m-> null[0m[0m
TestRunBankingSolutions 2025-12-10T12:42:12+05:30 command.go:212:       [31m-[0m[0m update_data               = jsonencode(
TestRunBankingSolutions 2025-12-10T12:42:12+05:30 command.go:212:             {
TestRunBankingSolutions 2025-12-10T12:42:12+05:30 command.go:212:               [31m-[0m[0m name = "rag-da-tj2una-gen-ai-rag-sample-app-project"
TestRunBankingSolutions 2025-12-10T12:42:12+05:30 command.go:212:               [31m-[0m[0m type = "document_retrieval"
TestRunBankingSolutions 2025-12-10T12:42:12+05:30 command.go:212:             }
TestRunBankingSolutions 2025-12-10T12:42:12+05:30 command.go:212:         ) [90m-> null[0m[0m
TestRunBankingSolutions 2025-12-10T12:42:12+05:30 command.go:212:       [31m-[0m[0m update_method             = "POST" [90m-> null[0m[0m
TestRunBankingSolutions 2025-12-10T12:42:12+05:30 command.go:212:       [31m-[0m[0m update_path               = "//api.us-south.discovery.watson.cloud.ibm.com/instances/1443f64b-f7a4-4336-a6fd-867fd01f1aaf/v2/projects/{id}?version=2023-03-31" [90m-> null[0m[0m
TestRunBankingSolutions 2025-12-10T12:42:12+05:30 command.go:212:     }
TestRunBankingSolutions 2025-12-10T12:42:12+05:30 command.go:212: 
TestRunBankingSolutions 2025-12-10T12:42:12+05:30 command.go:212: [1m  # module.configure_watson_assistant.shell_script.watson_assistant[0m will be [1m[31mdestroyed[0m
TestRunBankingSolutions 2025-12-10T12:42:12+05:30 command.go:212: [0m  [31m-[0m[0m resource "shell_script" "watson_assistant" {
TestRunBankingSolutions 2025-12-10T12:42:12+05:30 command.go:212:       [31m-[0m[0m dirty                 = false [90m-> null[0m[0m
TestRunBankingSolutions 2025-12-10T12:42:12+05:30 command.go:212:       [31m-[0m[0m environment           = {
TestRunBankingSolutions 2025-12-10T12:42:12+05:30 command.go:212:           [31m-[0m[0m "WATSON_ASSISTANT_API_VERSION" = "2023-06-15"
TestRunBankingSolutions 2025-12-10T12:42:12+05:30 command.go:212:           [31m-[0m[0m "WATSON_ASSISTANT_DESCRIPTION" = "Generative AI sample app assistant"
TestRunBankingSolutions 2025-12-10T12:42:12+05:30 command.go:212:           [31m-[0m[0m "WATSON_ASSISTANT_LANGUAGE"    = "en"
TestRunBankingSolutions 2025-12-10T12:42:12+05:30 command.go:212:           [31m-[0m[0m "WATSON_ASSISTANT_NAME"        = "rag-da-tj2una-gen-ai-rag-sample-app-assistant"
TestRunBankingSolutions 2025-12-10T12:42:12+05:30 command.go:212:           [31m-[0m[0m "WATSON_ASSISTANT_URL"         = "https://api.us-south.assistant.watson.cloud.ibm.com/instances/1561d39c-06f1-442a-b1a4-3bed06835dda"
TestRunBankingSolutions 2025-12-10T12:42:12+05:30 command.go:212:         } [90m-> null[0m[0m
TestRunBankingSolutions 2025-12-10T12:42:12+05:30 command.go:212:       [31m-[0m[0m id                    = "d4shism42semn02ruuc0" [90m-> null[0m[0m
TestRunBankingSolutions 2025-12-10T12:42:12+05:30 command.go:212:       [31m-[0m[0m output                = {
TestRunBankingSolutions 2025-12-10T12:42:12+05:30 command.go:212:           [31m-[0m[0m "assistant_id"             = "985ba2d9-57bc-4952-8923-f205902fffe2"
TestRunBankingSolutions 2025-12-10T12:42:12+05:30 command.go:212:           [31m-[0m[0m "assistant_integration_id" = "4b7458b1-90ce-4066-8dca-8ea972a7c909"
TestRunBankingSolutions 2025-12-10T12:42:12+05:30 command.go:212:         } [90m-> null[0m[0m
TestRunBankingSolutions 2025-12-10T12:42:12+05:30 command.go:212:       [31m-[0m[0m sensitive_environment = (sensitive value) [90m-> null[0m[0m
TestRunBankingSolutions 2025-12-10T12:42:12+05:30 command.go:212:       [31m-[0m[0m working_directory     = "." [90m-> null[0m[0m
TestRunBankingSolutions 2025-12-10T12:42:12+05:30 command.go:212:         [90m# (1 unchanged attribute hidden)[0m[0m
TestRunBankingSolutions 2025-12-10T12:42:12+05:30 command.go:212: 
TestRunBankingSolutions 2025-12-10T12:42:12+05:30 command.go:212:       [31m-[0m[0m lifecycle_commands {
TestRunBankingSolutions 2025-12-10T12:42:12+05:30 command.go:212:           [31m-[0m[0m create = <<-EOT
TestRunBankingSolutions 2025-12-10T12:42:12+05:30 command.go:212:                 #!/usr/bin/env bash
TestRunBankingSolutions 2025-12-10T12:42:12+05:30 command.go:212:                 
TestRunBankingSolutions 2025-12-10T12:42:12+05:30 command.go:212:                 set -e
TestRunBankingSolutions 2025-12-10T12:42:12+05:30 command.go:212:                 token=$(curl -fLsS -X POST 'https://iam.cloud.ibm.com/identity/token' -H 'Content-Type: application/x-www-form-urlencoded' -d "grant_type=urn:ibm:params:oauth:grant-type:apikey&apikey=$IBMCLOUD_API_KEY" | jq -r '.access_token')
TestRunBankingSolutions 2025-12-10T12:42:12+05:30 command.go:212:                 
TestRunBankingSolutions 2025-12-10T12:42:12+05:30 command.go:212:                 OUTPUT=$(curl -fLsS -X POST --location "$WATSON_ASSISTANT_URL/v2/assistants?version=$WATSON_ASSISTANT_API_VERSION" \
TestRunBankingSolutions 2025-12-10T12:42:12+05:30 command.go:212:                     --header "Authorization: Bearer $token" \
TestRunBankingSolutions 2025-12-10T12:42:12+05:30 command.go:212:                     --header "Content-Type: application/json" \
TestRunBankingSolutions 2025-12-10T12:42:12+05:30 command.go:212:                     --data "{\"name\":\"$WATSON_ASSISTANT_NAME\",\"language\":\"$WATSON_ASSISTANT_LANGUAGE\",\"description\":\"$WATSON_ASSISTANT_DESCRIPTION\"}")
TestRunBankingSolutions 2025-12-10T12:42:12+05:30 command.go:212:                 
TestRunBankingSolutions 2025-12-10T12:42:12+05:30 command.go:212:                 ASSISTANT_ID=$(echo "$OUTPUT" | jq -r '.assistant_id')
TestRunBankingSolutions 2025-12-10T12:42:12+05:30 command.go:212:                 ENVIRONMENT_ID=$(echo "$OUTPUT" | jq -r '.assistant_environments[] | select(.name == "draft") | .environment_id')
TestRunBankingSolutions 2025-12-10T12:42:12+05:30 command.go:212:                 
TestRunBankingSolutions 2025-12-10T12:42:12+05:30 command.go:212:                 INTEGRATION_ID=$(curl -X GET --retry 3 -flsS --location "$WATSON_ASSISTANT_URL/v2/assistants/$ASSISTANT_ID/environments/$ENVIRONMENT_ID?version=2023-06-15" \
TestRunBankingSolutions 2025-12-10T12:42:12+05:30 command.go:212:                     --header "Authorization: Bearer $token" \
TestRunBankingSolutions 2025-12-10T12:42:12+05:30 command.go:212:                     --header "Content-Type: application/json" \
TestRunBankingSolutions 2025-12-10T12:42:12+05:30 command.go:212:                     | jq -r '.integration_references[] | select(.type == "web_chat") | .integration_id ')
TestRunBankingSolutions 2025-12-10T12:42:12+05:30 command.go:212:                 
TestRunBankingSolutions 2025-12-10T12:42:12+05:30 command.go:212:                 jq -nS --arg assistant_id "$ASSISTANT_ID" --arg assistant_integration_id "$INTEGRATION_ID" '{"assistant_integration_id": $assistant_integration_id, "assistant_id": $assistant_id}'
TestRunBankingSolutions 2025-12-10T12:42:12+05:30 command.go:212:             EOT [90m-> null[0m[0m
TestRunBankingSolutions 2025-12-10T12:42:12+05:30 command.go:212:           [31m-[0m[0m delete = <<-EOT
TestRunBankingSolutions 2025-12-10T12:42:12+05:30 command.go:212:                 #!/usr/bin/env bash
TestRunBankingSolutions 2025-12-10T12:42:12+05:30 command.go:212:                 
TestRunBankingSolutions 2025-12-10T12:42:12+05:30 command.go:212:                 set -e
TestRunBankingSolutions 2025-12-10T12:42:12+05:30 command.go:212:                 
TestRunBankingSolutions 2025-12-10T12:42:12+05:30 command.go:212:                 token=$(curl -fLsS -X POST 'https://iam.cloud.ibm.com/identity/token' -H 'Content-Type: application/x-www-form-urlencoded' -d "grant_type=urn:ibm:params:oauth:grant-type:apikey&apikey=$IBMCLOUD_API_KEY" | jq -r '.access_token')
TestRunBankingSolutions 2025-12-10T12:42:12+05:30 command.go:212:                 
TestRunBankingSolutions 2025-12-10T12:42:12+05:30 command.go:212:                 IN=$(cat)
TestRunBankingSolutions 2025-12-10T12:42:12+05:30 command.go:212:                 EXISTING_ASSISTANT_ID=$(echo "$IN" | jq -r .assistant_id)
TestRunBankingSolutions 2025-12-10T12:42:12+05:30 command.go:212:                 
TestRunBankingSolutions 2025-12-10T12:42:12+05:30 command.go:212:                 OUTPUT=$(curl -flsS --retry 3 -X GET --location "$WATSON_ASSISTANT_URL/v2/assistants?version=$WATSON_ASSISTANT_API_VERSION" \
TestRunBankingSolutions 2025-12-10T12:42:12+05:30 command.go:212:                   --header "Authorization: Bearer $token" \
TestRunBankingSolutions 2025-12-10T12:42:12+05:30 command.go:212:                   --header "Content-Type: application/json" | jq -r '.assistants[] | select(.assistant_id == "'"$EXISTING_ASSISTANT_ID"'")')
TestRunBankingSolutions 2025-12-10T12:42:12+05:30 command.go:212:                 
TestRunBankingSolutions 2025-12-10T12:42:12+05:30 command.go:212:                 if [[ $OUTPUT ]]; then
TestRunBankingSolutions 2025-12-10T12:42:12+05:30 command.go:212:                   curl -fLsS -X DELETE --location "$WATSON_ASSISTANT_URL/v2/assistants/$EXISTING_ASSISTANT_ID?version=$WATSON_ASSISTANT_API_VERSION" \
TestRunBankingSolutions 2025-12-10T12:42:12+05:30 command.go:212:                       --header "Authorization: Bearer $token"
TestRunBankingSolutions 2025-12-10T12:42:12+05:30 command.go:212:                 fi
TestRunBankingSolutions 2025-12-10T12:42:12+05:30 command.go:212:             EOT [90m-> null[0m[0m
TestRunBankingSolutions 2025-12-10T12:42:12+05:30 command.go:212:           [31m-[0m[0m read   = <<-EOT
TestRunBankingSolutions 2025-12-10T12:42:12+05:30 command.go:212:                 #!/usr/bin/env bash
TestRunBankingSolutions 2025-12-10T12:42:12+05:30 command.go:212:                 
TestRunBankingSolutions 2025-12-10T12:42:12+05:30 command.go:212:                 set -e
TestRunBankingSolutions 2025-12-10T12:42:12+05:30 command.go:212:                 
TestRunBankingSolutions 2025-12-10T12:42:12+05:30 command.go:212:                 token=$(curl -fLsS -X POST 'https://iam.cloud.ibm.com/identity/token' -H 'Content-Type: application/x-www-form-urlencoded' -d "grant_type=urn:ibm:params:oauth:grant-type:apikey&apikey=$IBMCLOUD_API_KEY" | jq -r '.access_token')
TestRunBankingSolutions 2025-12-10T12:42:12+05:30 command.go:212:                 
TestRunBankingSolutions 2025-12-10T12:42:12+05:30 command.go:212:                 IN=$(cat)
TestRunBankingSolutions 2025-12-10T12:42:12+05:30 command.go:212:                 EXISTING_ASSISTANT_ID=$(echo "$IN" | jq -r .assistant_id)
TestRunBankingSolutions 2025-12-10T12:42:12+05:30 command.go:212:                 
TestRunBankingSolutions 2025-12-10T12:42:12+05:30 command.go:212:                 OUTPUT=$(curl -X GET --retry 3 -fLsS --location "$WATSON_ASSISTANT_URL/v2/assistants?version=$WATSON_ASSISTANT_API_VERSION" \
TestRunBankingSolutions 2025-12-10T12:42:12+05:30 command.go:212:                   --header "Authorization: Bearer $token" \
TestRunBankingSolutions 2025-12-10T12:42:12+05:30 command.go:212:                   --header "Content-Type: application/json" | jq -r '.assistants[] | select(.assistant_id == "'"$EXISTING_ASSISTANT_ID"'")')
TestRunBankingSolutions 2025-12-10T12:42:12+05:30 command.go:212:                 
TestRunBankingSolutions 2025-12-10T12:42:12+05:30 command.go:212:                 if [ -z "${OUTPUT}" ]; then
TestRunBankingSolutions 2025-12-10T12:42:12+05:30 command.go:212:                   exit 1
TestRunBankingSolutions 2025-12-10T12:42:12+05:30 command.go:212:                 fi
TestRunBankingSolutions 2025-12-10T12:42:12+05:30 command.go:212:                 
TestRunBankingSolutions 2025-12-10T12:42:12+05:30 command.go:212:                 ASSISTANT_ID=$(echo "$OUTPUT" | jq -r '.assistant_id')
TestRunBankingSolutions 2025-12-10T12:42:12+05:30 command.go:212:                 ENVIRONMENT_ID=$(echo "$OUTPUT" | jq -r '.assistant_environments[] | select(.environment == "draft") | .environment_id')
TestRunBankingSolutions 2025-12-10T12:42:12+05:30 command.go:212:                 
TestRunBankingSolutions 2025-12-10T12:42:12+05:30 command.go:212:                 INTEGRATION_ID=$(curl -X GET --retry 3 -flsS --location "$WATSON_ASSISTANT_URL/v2/assistants/$ASSISTANT_ID/environments/$ENVIRONMENT_ID?version=$WATSON_ASSISTANT_API_VERSION" \
TestRunBankingSolutions 2025-12-10T12:42:12+05:30 command.go:212:                     --header "Authorization: Bearer $token" \
TestRunBankingSolutions 2025-12-10T12:42:12+05:30 command.go:212:                     --header "Content-Type: application/json" \
TestRunBankingSolutions 2025-12-10T12:42:12+05:30 command.go:212:                     | jq -r '.integration_references[] | select(.type == "web_chat") | .integration_id ')
TestRunBankingSolutions 2025-12-10T12:42:12+05:30 command.go:212:                 
TestRunBankingSolutions 2025-12-10T12:42:12+05:30 command.go:212:                 jq -nS --arg assistant_id "$ASSISTANT_ID" --arg assistant_integration_id "$INTEGRATION_ID" '{"assistant_integration_id": $assistant_integration_id, "assistant_id": $assistant_id}'
TestRunBankingSolutions 2025-12-10T12:42:12+05:30 command.go:212:             EOT [90m-> null[0m[0m
TestRunBankingSolutions 2025-12-10T12:42:12+05:30 command.go:212:             [90m# (1 unchanged attribute hidden)[0m[0m
TestRunBankingSolutions 2025-12-10T12:42:12+05:30 command.go:212:         }
TestRunBankingSolutions 2025-12-10T12:42:12+05:30 command.go:212:     }
TestRunBankingSolutions 2025-12-10T12:42:12+05:30 command.go:212: 
TestRunBankingSolutions 2025-12-10T12:42:12+05:30 command.go:212: [1m  # module.configure_watson_assistant.time_sleep.wait_60_seconds[0m will be [1m[31mdestroyed[0m
TestRunBankingSolutions 2025-12-10T12:42:12+05:30 command.go:212: [0m  [31m-[0m[0m resource "time_sleep" "wait_60_seconds" {
TestRunBankingSolutions 2025-12-10T12:42:12+05:30 command.go:212:       [31m-[0m[0m create_duration = "60s" [90m-> null[0m[0m
TestRunBankingSolutions 2025-12-10T12:42:12+05:30 command.go:212:       [31m-[0m[0m id              = "2025-12-10T06:56:47Z" [90m-> null[0m[0m
TestRunBankingSolutions 2025-12-10T12:42:12+05:30 command.go:212:     }
TestRunBankingSolutions 2025-12-10T12:42:12+05:30 command.go:212: 
TestRunBankingSolutions 2025-12-10T12:42:12+05:30 command.go:212: [1m  # module.configure_wml_project[0].module.cos.module.cos_instance[0].ibm_resource_instance.cos_instance[0][0m will be [1m[31mdestroyed[0m
TestRunBankingSolutions 2025-12-10T12:42:12+05:30 command.go:212: [0m  [31m-[0m[0m resource "ibm_resource_instance" "cos_instance" {
TestRunBankingSolutions 2025-12-10T12:42:12+05:30 command.go:212:       [31m-[0m[0m account_id              = "abac0df06b644a9cabc6e44f55b3880e" [90m-> null[0m[0m
TestRunBankingSolutions 2025-12-10T12:42:12+05:30 command.go:212:       [31m-[0m[0m allow_cleanup           = false [90m-> null[0m[0m
TestRunBankingSolutions 2025-12-10T12:42:12+05:30 command.go:212:       [31m-[0m[0m created_at              = "2025-12-10T06:55:44.371Z" [90m-> null[0m[0m
TestRunBankingSolutions 2025-12-10T12:42:12+05:30 command.go:212:       [31m-[0m[0m created_by              = "IBMid-69100165KL" [90m-> null[0m[0m
TestRunBankingSolutions 2025-12-10T12:42:12+05:30 command.go:212:       [31m-[0m[0m crn                     = "crn:v1:bluemix:public:cloud-object-storage:global:a/abac0df06b644a9cabc6e44f55b3880e:be586e83-3c39-4a42-932d-3ebcf9d6f843::" [90m-> null[0m[0m
TestRunBankingSolutions 2025-12-10T12:42:12+05:30 command.go:212:       [31m-[0m[0m dashboard_url           = "https://cloud.ibm.com/objectstorage/crn%3Av1%3Abluemix%3Apublic%3Acloud-object-storage%3Aglobal%3Aa%2Fabac0df06b644a9cabc6e44f55b3880e%3Abe586e83-3c39-4a42-932d-3ebcf9d6f843%3A%3A" [90m-> null[0m[0m
TestRunBankingSolutions 2025-12-10T12:42:12+05:30 command.go:212:       [31m-[0m[0m extensions              = {} [90m-> null[0m[0m
TestRunBankingSolutions 2025-12-10T12:42:12+05:30 command.go:212:       [31m-[0m[0m guid                    = "be586e83-3c39-4a42-932d-3ebcf9d6f843" [90m-> null[0m[0m
TestRunBankingSolutions 2025-12-10T12:42:12+05:30 command.go:212:       [31m-[0m[0m id                      = "crn:v1:bluemix:public:cloud-object-storage:global:a/abac0df06b644a9cabc6e44f55b3880e:be586e83-3c39-4a42-932d-3ebcf9d6f843::" [90m-> null[0m[0m
TestRunBankingSolutions 2025-12-10T12:42:12+05:30 command.go:212:       [31m-[0m[0m last_operation          = {
TestRunBankingSolutions 2025-12-10T12:42:12+05:30 command.go:212:           [31m-[0m[0m "async"       = "false"
TestRunBankingSolutions 2025-12-10T12:42:12+05:30 command.go:212:           [31m-[0m[0m "cancelable"  = "false"
TestRunBankingSolutions 2025-12-10T12:42:12+05:30 command.go:212:           [31m-[0m[0m "description" = "Completed create instance operation"
TestRunBankingSolutions 2025-12-10T12:42:12+05:30 command.go:212:           [31m-[0m[0m "poll"        = "false"
TestRunBankingSolutions 2025-12-10T12:42:12+05:30 command.go:212:           [31m-[0m[0m "state"       = "succeeded"
TestRunBankingSolutions 2025-12-10T12:42:12+05:30 command.go:212:           [31m-[0m[0m "type"        = "create"
TestRunBankingSolutions 2025-12-10T12:42:12+05:30 command.go:212:         } [90m-> null[0m[0m
TestRunBankingSolutions 2025-12-10T12:42:12+05:30 command.go:212:       [31m-[0m[0m location                = "global" [90m-> null[0m[0m
TestRunBankingSolutions 2025-12-10T12:42:12+05:30 command.go:212:       [31m-[0m[0m locked                  = false [90m-> null[0m[0m
TestRunBankingSolutions 2025-12-10T12:42:12+05:30 command.go:212:       [31m-[0m[0m name                    = "rag-da-tj2una-rag-sample-app-cos" [90m-> null[0m[0m
TestRunBankingSolutions 2025-12-10T12:42:12+05:30 command.go:212:       [31m-[0m[0m onetime_credentials     = false [90m-> null[0m[0m
TestRunBankingSolutions 2025-12-10T12:42:12+05:30 command.go:212:       [31m-[0m[0m plan                    = "standard" [90m-> null[0m[0m
TestRunBankingSolutions 2025-12-10T12:42:12+05:30 command.go:212:       [31m-[0m[0m plan_history            = [
TestRunBankingSolutions 2025-12-10T12:42:12+05:30 command.go:212:           [31m-[0m[0m {
TestRunBankingSolutions 2025-12-10T12:42:12+05:30 command.go:212:               [31m-[0m[0m resource_plan_id = "744bfc56-d12c-4866-88d5-dac9139e0e5d"
TestRunBankingSolutions 2025-12-10T12:42:12+05:30 command.go:212:               [31m-[0m[0m start_date       = "2025-12-10T06:55:44.371Z"
TestRunBankingSolutions 2025-12-10T12:42:12+05:30 command.go:212:             },
TestRunBankingSolutions 2025-12-10T12:42:12+05:30 command.go:212:         ] [90m-> null[0m[0m
TestRunBankingSolutions 2025-12-10T12:42:12+05:30 command.go:212:       [31m-[0m[0m resource_aliases_url    = "/v2/resource_instances/be586e83-3c39-4a42-932d-3ebcf9d6f843/resource_aliases" [90m-> null[0m[0m
TestRunBankingSolutions 2025-12-10T12:42:12+05:30 command.go:212:       [31m-[0m[0m resource_bindings_url   = "/v2/resource_instances/be586e83-3c39-4a42-932d-3ebcf9d6f843/resource_bindings" [90m-> null[0m[0m
TestRunBankingSolutions 2025-12-10T12:42:12+05:30 command.go:212:       [31m-[0m[0m resource_controller_url = "https://cloud.ibm.com/services/" [90m-> null[0m[0m
TestRunBankingSolutions 2025-12-10T12:42:12+05:30 command.go:212:       [31m-[0m[0m resource_crn            = "crn:v1:bluemix:public:cloud-object-storage:global:a/abac0df06b644a9cabc6e44f55b3880e:be586e83-3c39-4a42-932d-3ebcf9d6f843::" [90m-> null[0m[0m
TestRunBankingSolutions 2025-12-10T12:42:12+05:30 command.go:212:       [31m-[0m[0m resource_group_crn      = "crn:v1:bluemix:public:resource-controller::a/abac0df06b644a9cabc6e44f55b3880e::resource-group:2c229fbcb1934d18b91bd6ec366cb260" [90m-> null[0m[0m
TestRunBankingSolutions 2025-12-10T12:42:12+05:30 command.go:212:       [31m-[0m[0m resource_group_id       = "2c229fbcb1934d18b91bd6ec366cb260" [90m-> null[0m[0m
TestRunBankingSolutions 2025-12-10T12:42:12+05:30 command.go:212:       [31m-[0m[0m resource_group_name     = "crn:v1:bluemix:public:resource-controller::a/abac0df06b644a9cabc6e44f55b3880e::resource-group:2c229fbcb1934d18b91bd6ec366cb260" [90m-> null[0m[0m
TestRunBankingSolutions 2025-12-10T12:42:12+05:30 command.go:212:       [31m-[0m[0m resource_id             = "dff97f5c-bc5e-4455-b470-411c3edbe49c" [90m-> null[0m[0m
TestRunBankingSolutions 2025-12-10T12:42:12+05:30 command.go:212:       [31m-[0m[0m resource_keys_url       = "/v2/resource_instances/be586e83-3c39-4a42-932d-3ebcf9d6f843/resource_keys" [90m-> null[0m[0m
TestRunBankingSolutions 2025-12-10T12:42:12+05:30 command.go:212:       [31m-[0m[0m resource_name           = "rag-da-tj2una-rag-sample-app-cos" [90m-> null[0m[0m
TestRunBankingSolutions 2025-12-10T12:42:12+05:30 command.go:212:       [31m-[0m[0m resource_plan_id        = "744bfc56-d12c-4866-88d5-dac9139e0e5d" [90m-> null[0m[0m
TestRunBankingSolutions 2025-12-10T12:42:12+05:30 command.go:212:       [31m-[0m[0m resource_status         = "active" [90m-> null[0m[0m
TestRunBankingSolutions 2025-12-10T12:42:12+05:30 command.go:212:       [31m-[0m[0m service                 = "cloud-object-storage" [90m-> null[0m[0m
TestRunBankingSolutions 2025-12-10T12:42:12+05:30 command.go:212:       [31m-[0m[0m state                   = "active" [90m-> null[0m[0m
TestRunBankingSolutions 2025-12-10T12:42:12+05:30 command.go:212:       [31m-[0m[0m status                  = "active" [90m-> null[0m[0m
TestRunBankingSolutions 2025-12-10T12:42:12+05:30 command.go:212:       [31m-[0m[0m tags                    = [] [90m-> null[0m[0m
TestRunBankingSolutions 2025-12-10T12:42:12+05:30 command.go:212:       [31m-[0m[0m target_crn              = "crn:v1:bluemix:public:globalcatalog::::deployment:744bfc56-d12c-4866-88d5-dac9139e0e5d%3Aglobal" [90m-> null[0m[0m
TestRunBankingSolutions 2025-12-10T12:42:12+05:30 command.go:212:       [31m-[0m[0m type                    = "service_instance" [90m-> null[0m[0m
TestRunBankingSolutions 2025-12-10T12:42:12+05:30 command.go:212:       [31m-[0m[0m update_at               = "2025-12-10T06:55:47.027Z" [90m-> null[0m[0m
TestRunBankingSolutions 2025-12-10T12:42:12+05:30 command.go:212:         [90m# (5 unchanged attributes hidden)[0m[0m
TestRunBankingSolutions 2025-12-10T12:42:12+05:30 command.go:212:     }
TestRunBankingSolutions 2025-12-10T12:42:12+05:30 command.go:212: 
TestRunBankingSolutions 2025-12-10T12:42:12+05:30 command.go:212: [1m  # module.configure_wml_project[0].module.cos.module.cos_instance[0].random_string.bucket_name_suffix[0][0m will be [1m[31mdestroyed[0m
TestRunBankingSolutions 2025-12-10T12:42:12+05:30 command.go:212: [0m  [31m-[0m[0m resource "random_string" "bucket_name_suffix" {
TestRunBankingSolutions 2025-12-10T12:42:12+05:30 command.go:212:       [31m-[0m[0m id          = "jq2k" [90m-> null[0m[0m
TestRunBankingSolutions 2025-12-10T12:42:12+05:30 command.go:212:       [31m-[0m[0m length      = 4 [90m-> null[0m[0m
TestRunBankingSolutions 2025-12-10T12:42:12+05:30 command.go:212:       [31m-[0m[0m lower       = true [90m-> null[0m[0m
TestRunBankingSolutions 2025-12-10T12:42:12+05:30 command.go:212:       [31m-[0m[0m min_lower   = 0 [90m-> null[0m[0m
TestRunBankingSolutions 2025-12-10T12:42:12+05:30 command.go:212:       [31m-[0m[0m min_numeric = 0 [90m-> null[0m[0m
TestRunBankingSolutions 2025-12-10T12:42:12+05:30 command.go:212:       [31m-[0m[0m min_special = 0 [90m-> null[0m[0m
TestRunBankingSolutions 2025-12-10T12:42:12+05:30 command.go:212:       [31m-[0m[0m min_upper   = 0 [90m-> null[0m[0m
TestRunBankingSolutions 2025-12-10T12:42:12+05:30 command.go:212:       [31m-[0m[0m number      = true [90m-> null[0m[0m
TestRunBankingSolutions 2025-12-10T12:42:12+05:30 command.go:212:       [31m-[0m[0m numeric     = true [90m-> null[0m[0m
TestRunBankingSolutions 2025-12-10T12:42:12+05:30 command.go:212:       [31m-[0m[0m result      = "jq2k" [90m-> null[0m[0m
TestRunBankingSolutions 2025-12-10T12:42:12+05:30 command.go:212:       [31m-[0m[0m special     = false [90m-> null[0m[0m
TestRunBankingSolutions 2025-12-10T12:42:12+05:30 command.go:212:       [31m-[0m[0m upper       = false [90m-> null[0m[0m
TestRunBankingSolutions 2025-12-10T12:42:12+05:30 command.go:212:     }
TestRunBankingSolutions 2025-12-10T12:42:12+05:30 command.go:212: 
TestRunBankingSolutions 2025-12-10T12:42:12+05:30 command.go:212: [1mPlan:[0m 0 to add, 0 to change, 31 to destroy.
TestRunBankingSolutions 2025-12-10T12:42:12+05:30 command.go:212: [0m
TestRunBankingSolutions 2025-12-10T12:42:12+05:30 command.go:212: Changes to Outputs:
TestRunBankingSolutions 2025-12-10T12:42:12+05:30 command.go:212:   [31m-[0m[0m cluster_workload_ingress_subdomain = "rag-da-tj2una-3b5bf5f75003778663c521c8c35ad277-0001.us-south.containers.appdomain.cloud" [90m-> null[0m[0m
TestRunBankingSolutions 2025-12-10T12:42:12+05:30 command.go:212:   [31m-[0m[0m cos_instance_crn                   = "crn:v1:bluemix:public:cloud-object-storage:global:a/abac0df06b644a9cabc6e44f55b3880e:be586e83-3c39-4a42-932d-3ebcf9d6f843::" [90m-> null[0m[0m
TestRunBankingSolutions 2025-12-10T12:42:12+05:30 command.go:212:   [31m-[0m[0m elastic_collection_count           = 0 [90m-> null[0m[0m
TestRunBankingSolutions 2025-12-10T12:42:12+05:30 command.go:212:   [31m-[0m[0m sample_app_public_url              = "https://gen-ai-rag-sample-app-tls-dev.rag-da-tj2una-3b5bf5f75003778663c521c8c35ad277-0001.us-south.containers.appdomain.cloud" [90m-> null[0m[0m
TestRunBankingSolutions 2025-12-10T12:42:12+05:30 command.go:212:   [31m-[0m[0m watson_discovery_api_url           = "https://api.us-south.discovery.watson.cloud.ibm.com/instances/1443f64b-f7a4-4336-a6fd-867fd01f1aaf" [90m-> null[0m[0m
TestRunBankingSolutions 2025-12-10T12:42:12+05:30 command.go:212:   [31m-[0m[0m watson_discovery_project_id        = "ac550261-8169-436a-9fa3-f74aed105a88" [90m-> null[0m[0m
TestRunBankingSolutions 2025-12-10T12:42:12+05:30 command.go:212:   [31m-[0m[0m watsonx_assistant_api_url          = "https://api.us-south.assistant.watson.cloud.ibm.com/instances/1561d39c-06f1-442a-b1a4-3bed06835dda" [90m-> null[0m[0m
TestRunBankingSolutions 2025-12-10T12:42:12+05:30 command.go:212:   [31m-[0m[0m watsonx_assistant_environment      = {
TestRunBankingSolutions 2025-12-10T12:42:12+05:30 command.go:212:       [31m-[0m[0m assistant_id           = "985ba2d9-57bc-4952-8923-f205902fffe2"
TestRunBankingSolutions 2025-12-10T12:42:12+05:30 command.go:212:       [31m-[0m[0m description            = "Generative AI sample app assistant"
TestRunBankingSolutions 2025-12-10T12:42:12+05:30 command.go:212:       [31m-[0m[0m environment            = "draft"
TestRunBankingSolutions 2025-12-10T12:42:12+05:30 command.go:212:       [31m-[0m[0m environment_id         = "df7448aa-a961-461b-9ffe-4c14a7c30f9d"
TestRunBankingSolutions 2025-12-10T12:42:12+05:30 command.go:212:       [31m-[0m[0m integration_references = [
TestRunBankingSolutions 2025-12-10T12:42:12+05:30 command.go:212:           [31m-[0m[0m {
TestRunBankingSolutions 2025-12-10T12:42:12+05:30 command.go:212:               [31m-[0m[0m integration_id = "4b7458b1-90ce-4066-8dca-8ea972a7c909"
TestRunBankingSolutions 2025-12-10T12:42:12+05:30 command.go:212:               [31m-[0m[0m type           = "web_chat"
TestRunBankingSolutions 2025-12-10T12:42:12+05:30 command.go:212:             },
TestRunBankingSolutions 2025-12-10T12:42:12+05:30 command.go:212:           [31m-[0m[0m {
TestRunBankingSolutions 2025-12-10T12:42:12+05:30 command.go:212:               [31m-[0m[0m integration_id = "40880612-3ce5-4c1b-a4f6-f729037d3a10"
TestRunBankingSolutions 2025-12-10T12:42:12+05:30 command.go:212:               [31m-[0m[0m type           = "preview_link"
TestRunBankingSolutions 2025-12-10T12:42:12+05:30 command.go:212:             },
TestRunBankingSolutions 2025-12-10T12:42:12+05:30 command.go:212:         ]
TestRunBankingSolutions 2025-12-10T12:42:12+05:30 command.go:212:       [31m-[0m[0m name                   = "draft"
TestRunBankingSolutions 2025-12-10T12:42:12+05:30 command.go:212:       [31m-[0m[0m orchestration          = {
TestRunBankingSolutions 2025-12-10T12:42:12+05:30 command.go:212:           [31m-[0m[0m search_skill_fallback = false
TestRunBankingSolutions 2025-12-10T12:42:12+05:30 command.go:212:         }
TestRunBankingSolutions 2025-12-10T12:42:12+05:30 command.go:212:       [31m-[0m[0m session_timeout        = 3600
TestRunBankingSolutions 2025-12-10T12:42:12+05:30 command.go:212:       [31m-[0m[0m skill_references       = [
TestRunBankingSolutions 2025-12-10T12:42:12+05:30 command.go:212:           [31m-[0m[0m {
TestRunBankingSolutions 2025-12-10T12:42:12+05:30 command.go:212:               [31m-[0m[0m disabled        = false
TestRunBankingSolutions 2025-12-10T12:42:12+05:30 command.go:212:               [31m-[0m[0m skill_id        = "2997f31d-ed46-44be-933d-3fd87be9bb53"
TestRunBankingSolutions 2025-12-10T12:42:12+05:30 command.go:212:               [31m-[0m[0m skill_reference = "actions skill"
TestRunBankingSolutions 2025-12-10T12:42:12+05:30 command.go:212:               [31m-[0m[0m snapshot        = "draft"
TestRunBankingSolutions 2025-12-10T12:42:12+05:30 command.go:212:               [31m-[0m[0m type            = "action"
TestRunBankingSolutions 2025-12-10T12:42:12+05:30 command.go:212:             },
TestRunBankingSolutions 2025-12-10T12:42:12+05:30 command.go:212:           [31m-[0m[0m {
TestRunBankingSolutions 2025-12-10T12:42:12+05:30 command.go:212:               [31m-[0m[0m disabled        = true
TestRunBankingSolutions 2025-12-10T12:42:12+05:30 command.go:212:               [31m-[0m[0m skill_id        = "a6500b1a-297d-4c98-b277-7196e1837f22"
TestRunBankingSolutions 2025-12-10T12:42:12+05:30 command.go:212:               [31m-[0m[0m skill_reference = "search skill"
TestRunBankingSolutions 2025-12-10T12:42:12+05:30 command.go:212:               [31m-[0m[0m type            = "search"
TestRunBankingSolutions 2025-12-10T12:42:12+05:30 command.go:212:             },
TestRunBankingSolutions 2025-12-10T12:42:12+05:30 command.go:212:           [31m-[0m[0m {
TestRunBankingSolutions 2025-12-10T12:42:12+05:30 command.go:212:               [31m-[0m[0m disabled        = true
TestRunBankingSolutions 2025-12-10T12:42:12+05:30 command.go:212:               [31m-[0m[0m skill_id        = "d1ec0e47-f8d0-4285-b51a-3980a7b6c08b"
TestRunBankingSolutions 2025-12-10T12:42:12+05:30 command.go:212:               [31m-[0m[0m skill_reference = "main skill"
TestRunBankingSolutions 2025-12-10T12:42:12+05:30 command.go:212:               [31m-[0m[0m snapshot        = "draft"
TestRunBankingSolutions 2025-12-10T12:42:12+05:30 command.go:212:               [31m-[0m[0m type            = "dialog"
TestRunBankingSolutions 2025-12-10T12:42:12+05:30 command.go:212:             },
TestRunBankingSolutions 2025-12-10T12:42:12+05:30 command.go:212:         ]
TestRunBankingSolutions 2025-12-10T12:42:12+05:30 command.go:212:     } [90m-> null[0m[0m
TestRunBankingSolutions 2025-12-10T12:42:12+05:30 command.go:212:   [31m-[0m[0m watsonx_assistant_integration_id   = "4b7458b1-90ce-4066-8dca-8ea972a7c909" [90m-> null[0m[0m
TestRunBankingSolutions 2025-12-10T12:42:12+05:30 command.go:212:   [31m-[0m[0m watsonx_assistant_skills_status    = {
TestRunBankingSolutions 2025-12-10T12:42:12+05:30 command.go:212:       [31m-[0m[0m action = [90mnull[0m[0m
TestRunBankingSolutions 2025-12-10T12:42:12+05:30 command.go:212:       [31m-[0m[0m search = [90mnull[0m[0m
TestRunBankingSolutions 2025-12-10T12:42:12+05:30 command.go:212:     } [90m-> null[0m[0m
TestRunBankingSolutions 2025-12-10T12:42:13+05:30 command.go:212: [0m[1mmodule.configure_discovery_project[0].null_resource.discovery_file_upload: Destroying... [id=455004669429021087][0m[0m
TestRunBankingSolutions 2025-12-10T12:42:13+05:30 command.go:212: [0m[1mmodule.configure_watson_assistant.time_sleep.wait_60_seconds: Destroying... [id=2025-12-10T06:56:47Z][0m[0m
TestRunBankingSolutions 2025-12-10T12:42:13+05:30 command.go:212: [0m[1mmodule.configure_discovery_project[0].null_resource.discovery_file_upload: Destruction complete after 0s[0m
TestRunBankingSolutions 2025-12-10T12:42:13+05:30 command.go:212: [0m[1mmodule.configure_wml_project[0].module.cos.module.cos_instance[0].random_string.bucket_name_suffix[0]: Destroying... [id=jq2k][0m[0m
TestRunBankingSolutions 2025-12-10T12:42:13+05:30 command.go:212: [0m[1mmodule.configure_watson_assistant.time_sleep.wait_60_seconds: Destruction complete after 0s[0m
TestRunBankingSolutions 2025-12-10T12:42:13+05:30 command.go:212: [0m[1mmodule.configure_wml_project[0].module.cos.module.cos_instance[0].random_string.bucket_name_suffix[0]: Destruction complete after 0s[0m
TestRunBankingSolutions 2025-12-10T12:42:13+05:30 command.go:212: [0m[1mibm_cd_tekton_pipeline_property.watsonx_assistant_id_pipeline_property_cd: Destroying... [id=70b60c36-da62-4d8d-82c2-e0c7e5975db1/watsonx_assistant_id][0m[0m
TestRunBankingSolutions 2025-12-10T12:42:13+05:30 command.go:212: [0m[1mibm_cd_tekton_pipeline_property.watsonx_assistant_id_pipeline_property_ci: Destroying... [id=32d0fab2-15fb-4a88-a7d5-23a21aac0afe/watsonx_assistant_id][0m[0m
TestRunBankingSolutions 2025-12-10T12:42:13+05:30 command.go:212: [0m[1mmodule.cluster_ingress[0].ibm_is_network_acl_rule.alb_https_req[0]: Destroying... [id=r006-b8574434-7899-4fff-a85b-787650fb55e3/996bd27b-1a4b-45aa-946c-be6365b49d25][0m[0m
TestRunBankingSolutions 2025-12-10T12:42:13+05:30 command.go:212: [0m[1mmodule.cluster_ingress[0].ibm_is_network_acl_rule.alb_https_resp[0]: Destroying... [id=r006-b8574434-7899-4fff-a85b-787650fb55e3/f7d94d2e-e4ee-4750-b69a-1a18e01b4a3e][0m[0m
TestRunBankingSolutions 2025-12-10T12:42:13+05:30 command.go:212: [0m[1mibm_cd_tekton_pipeline_property.watsonx_assistant_integration_id_pipeline_property_ci: Destroying... [id=32d0fab2-15fb-4a88-a7d5-23a21aac0afe/watsonx_assistant_integration_id][0m[0m
TestRunBankingSolutions 2025-12-10T12:42:13+05:30 command.go:212: [0m[1mibm_cd_tekton_pipeline_property.cluster_public_ingress_subdomain_pipeline_property_cd[0]: Destroying... [id=70b60c36-da62-4d8d-82c2-e0c7e5975db1/cluster_public_ingress_subdomain][0m[0m
TestRunBankingSolutions 2025-12-10T12:42:13+05:30 command.go:212: [0m[1mibm_cd_tekton_pipeline_property.application_flavor_pipeline_property_cd: Destroying... [id=70b60c36-da62-4d8d-82c2-e0c7e5975db1/app-flavor][0m[0m
TestRunBankingSolutions 2025-12-10T12:42:13+05:30 command.go:212: [0m[1mibm_cd_tekton_pipeline_property.application_flavor_pipeline_property_ci: Destroying... [id=32d0fab2-15fb-4a88-a7d5-23a21aac0afe/app-flavor][0m[0m
TestRunBankingSolutions 2025-12-10T12:42:13+05:30 command.go:212: [0m[1mmodule.cluster_ingress[0].ibm_is_network_acl_rule.alb_https_req[1]: Destroying... [id=r006-b8574434-7899-4fff-a85b-787650fb55e3/11d9eb9c-4ad9-4690-8312-1c2a98cf54fc][0m[0m
TestRunBankingSolutions 2025-12-10T12:42:13+05:30 command.go:212: [0m[1mmodule.cluster_ingress[0].ibm_is_network_acl_rule.alb_https_resp[1]: Destroying... [id=r006-b8574434-7899-4fff-a85b-787650fb55e3/5e8350f1-347d-4fe9-86b6-b5b0c16f7617][0m[0m
TestRunBankingSolutions 2025-12-10T12:42:14+05:30 command.go:212: [0m[1mibm_cd_tekton_pipeline_property.watsonx_assistant_id_pipeline_property_ci: Destruction complete after 2s[0m
TestRunBankingSolutions 2025-12-10T12:42:14+05:30 command.go:212: [0m[1mibm_cd_tekton_pipeline_property.watsonx_assistant_region_pipeline_property_ci: Destroying... [id=32d0fab2-15fb-4a88-a7d5-23a21aac0afe/watsonx_assistant_region][0m[0m
TestRunBankingSolutions 2025-12-10T12:42:15+05:30 command.go:212: [0m[1mibm_cd_tekton_pipeline_property.watsonx_assistant_id_pipeline_property_cd: Destruction complete after 2s[0m
TestRunBankingSolutions 2025-12-10T12:42:15+05:30 command.go:212: [0m[1mibm_cd_tekton_pipeline_property.application_flavor_pipeline_property_ci: Destruction complete after 2s[0m
TestRunBankingSolutions 2025-12-10T12:42:15+05:30 command.go:212: [0m[1mibm_cd_tekton_pipeline_property.cluster_public_ingress_subdomain_pipeline_property_ci[0]: Destroying... [id=32d0fab2-15fb-4a88-a7d5-23a21aac0afe/cluster_public_ingress_subdomain][0m[0m
TestRunBankingSolutions 2025-12-10T12:42:15+05:30 command.go:212: [0m[1mibm_cd_tekton_pipeline_property.watsonx_assistant_integration_id_pipeline_property_cd: Destroying... [id=70b60c36-da62-4d8d-82c2-e0c7e5975db1/watsonx_assistant_integration_id][0m[0m
TestRunBankingSolutions 2025-12-10T12:42:15+05:30 command.go:212: [0m[1mmodule.cluster_ingress[0].ibm_is_network_acl_rule.alb_https_resp[0]: Destruction complete after 3s[0m
TestRunBankingSolutions 2025-12-10T12:42:15+05:30 command.go:212: [0m[1mibm_cd_tekton_pipeline_trigger_property.ci_pipeline_webhook_branch_property: Destroying... [id=32d0fab2-15fb-4a88-a7d5-23a21aac0afe/5f855083-958f-4606-8cb9-be7c06bdfc99/branch][0m[0m
TestRunBankingSolutions 2025-12-10T12:42:15+05:30 command.go:212: [0m[1mmodule.cluster_ingress[0].ibm_is_network_acl_rule.alb_https_req[0]: Destruction complete after 3s[0m
TestRunBankingSolutions 2025-12-10T12:42:15+05:30 command.go:212: [0m[1mibm_cd_tekton_pipeline_property.resource_group_name_pipeline_property_ci[0]: Destroying... [id=32d0fab2-15fb-4a88-a7d5-23a21aac0afe/dev-resource-group][0m[0m
TestRunBankingSolutions 2025-12-10T12:42:15+05:30 command.go:212: [0m[1mmodule.cluster_ingress[0].ibm_is_network_acl_rule.alb_https_resp[1]: Destruction complete after 2s[0m
TestRunBankingSolutions 2025-12-10T12:42:15+05:30 command.go:212: [0m[1mibm_cd_tekton_pipeline_property.watsonx_assistant_region_pipeline_property_cd: Destroying... [id=70b60c36-da62-4d8d-82c2-e0c7e5975db1/watsonx_assistant_region][0m[0m
TestRunBankingSolutions 2025-12-10T12:42:15+05:30 command.go:212: [0m[1mmodule.cluster_ingress[0].ibm_is_network_acl_rule.alb_https_req[1]: Destruction complete after 3s[0m
TestRunBankingSolutions 2025-12-10T12:42:15+05:30 command.go:212: [0m[1mmodule.configure_wml_project[0].module.cos.module.cos_instance[0].ibm_resource_instance.cos_instance[0]: Destroying... [id=crn:v1:bluemix:public:cloud-object-storage:global:a/abac0df06b644a9cabc6e44f55b3880e:be586e83-3c39-4a42-932d-3ebcf9d6f843::][0m[0m
TestRunBankingSolutions 2025-12-10T12:42:15+05:30 command.go:212: [0m[1mibm_cd_tekton_pipeline_property.cluster_public_ingress_subdomain_pipeline_property_cd[0]: Destruction complete after 3s[0m
TestRunBankingSolutions 2025-12-10T12:42:15+05:30 command.go:212: [0m[1mibm_cd_tekton_pipeline_property.watsonx_assistant_region_pipeline_property_ci: Destruction complete after 1s[0m
TestRunBankingSolutions 2025-12-10T12:42:16+05:30 command.go:212: [0m[1mibm_cd_tekton_pipeline_property.watsonx_assistant_integration_id_pipeline_property_cd: Destruction complete after 1s[0m
TestRunBankingSolutions 2025-12-10T12:42:16+05:30 command.go:212: [0m[1mmodule.cluster_ingress[0].time_sleep.wait_for_alb_provisioning: Destroying... [id=2025-12-10T07:11:25Z][0m[0m
TestRunBankingSolutions 2025-12-10T12:42:16+05:30 command.go:212: [0m[1mmodule.cluster_ingress[0].restapi_object.workload_nlb_dns_cleanup: Destroying... [id=rag-da-tj2una-3b5bf5f75003778663c521c8c35ad277-0001.us-south.containers.appdomain.cloud][0m[0m
TestRunBankingSolutions 2025-12-10T12:42:16+05:30 command.go:212: [0m[1mmodule.configure_discovery_project[0].restapi_object.configure_discovery_collection: Destroying... [id=1c79211d-aacc-2ecf-0000-019b070b6e9a][0m[0m
TestRunBankingSolutions 2025-12-10T12:42:16+05:30 command.go:212: [0m[1mibm_cd_tekton_pipeline_property.watsonx_assistant_integration_id_pipeline_property_ci: Destruction complete after 3s[0m
TestRunBankingSolutions 2025-12-10T12:42:16+05:30 command.go:212: [0m[1mibm_cd_tekton_pipeline_property.application_flavor_pipeline_property_cd: Destruction complete after 3s[0m
TestRunBankingSolutions 2025-12-10T12:42:16+05:30 command.go:212: [0m[1mmodule.configure_watson_assistant.shell_script.watson_assistant: Destroying... [id=d4shism42semn02ruuc0][0m[0m
TestRunBankingSolutions 2025-12-10T12:42:16+05:30 command.go:212: [0m[1mibm_cd_tekton_pipeline_property.resource_group_name_pipeline_property_ci[0]: Destruction complete after 1s[0m
TestRunBankingSolutions 2025-12-10T12:42:16+05:30 command.go:212: [0m[1mibm_cd_tekton_pipeline_trigger_property.ci_pipeline_webhook_branch_property: Destruction complete after 1s[0m
TestRunBankingSolutions 2025-12-10T12:42:16+05:30 command.go:212: [0m[1mibm_cd_tekton_pipeline_trigger.ci_pipeline_webhook: Destroying... [id=32d0fab2-15fb-4a88-a7d5-23a21aac0afe/5f855083-958f-4606-8cb9-be7c06bdfc99][0m[0m
TestRunBankingSolutions 2025-12-10T12:42:16+05:30 command.go:212: [0m[1mibm_cd_tekton_pipeline_property.watsonx_assistant_region_pipeline_property_cd: Destruction complete after 1s[0m
TestRunBankingSolutions 2025-12-10T12:42:17+05:30 command.go:212: [0m[1mibm_cd_tekton_pipeline_property.cluster_public_ingress_subdomain_pipeline_property_ci[0]: Destruction complete after 2s[0m
TestRunBankingSolutions 2025-12-10T12:42:18+05:30 command.go:212: [0m[1mibm_cd_tekton_pipeline_trigger.ci_pipeline_webhook: Destruction complete after 1s[0m
TestRunBankingSolutions 2025-12-10T12:42:18+05:30 command.go:212: [0m[1mrandom_string.webhook_secret: Destroying... [id=bhvd7wr2v1knuphrolgwa7d3iy97zlz01048e25jmym2j5as][0m[0m
TestRunBankingSolutions 2025-12-10T12:42:18+05:30 command.go:212: [0m[1mrandom_string.webhook_secret: Destruction complete after 0s[0m
TestRunBankingSolutions 2025-12-10T12:42:20+05:30 command.go:212: [0m[1mmodule.configure_discovery_project[0].restapi_object.configure_discovery_collection: Destruction complete after 4s[0m
TestRunBankingSolutions 2025-12-10T12:42:20+05:30 command.go:212: [0m[1mmodule.configure_discovery_project[0].restapi_object.configure_discovery_project: Destroying... [id=ac550261-8169-436a-9fa3-f74aed105a88][0m[0m
TestRunBankingSolutions 2025-12-10T12:42:20+05:30 command.go:212: [0m[1mmodule.cluster_ingress[0].restapi_object.workload_nlb_dns_cleanup: Destruction complete after 5s[0m
TestRunBankingSolutions 2025-12-10T12:42:20+05:30 command.go:212: [0m[1mmodule.cluster_ingress[0].restapi_object.workload_nlb_dns_patch: Destroying... [id=rag-da-tj2una-3b5bf5f75003778663c521c8c35ad277-0001.us-south.containers.appdomain.cloud][0m[0m
TestRunBankingSolutions 2025-12-10T12:42:21+05:30 command.go:212: [0m[1mmodule.cluster_ingress[0].time_sleep.wait_for_alb_provisioning: Destruction complete after 5s[0m
TestRunBankingSolutions 2025-12-10T12:42:21+05:30 command.go:212: [0m[1mmodule.configure_discovery_project[0].restapi_object.configure_discovery_project: Destruction complete after 1s[0m
TestRunBankingSolutions 2025-12-10T12:42:22+05:30 command.go:212: [0m[1mmodule.cluster_ingress[0].restapi_object.workload_nlb_dns_patch: Destruction complete after 1s[0m
TestRunBankingSolutions 2025-12-10T12:42:22+05:30 command.go:212: [0m[1mmodule.cluster_ingress[0].time_sleep.wait_for_ingress_provisioning: Destroying... [id=2025-12-10T07:08:57Z][0m[0m
TestRunBankingSolutions 2025-12-10T12:42:24+05:30 command.go:212: [0m[1mmodule.configure_watson_assistant.shell_script.watson_assistant: Destruction complete after 9s[0m
TestRunBankingSolutions 2025-12-10T12:42:25+05:30 command.go:212: [0m[1mmodule.configure_wml_project[0].module.cos.module.cos_instance[0].ibm_resource_instance.cos_instance[0]: Still destroying... [id=crn:v1:bluemix:public:cloud-object-stor...be586e83-3c39-4a42-932d-3ebcf9d6f843::, 00m10s elapsed][0m[0m
TestRunBankingSolutions 2025-12-10T12:42:27+05:30 command.go:212: [0m[1mmodule.cluster_ingress[0].time_sleep.wait_for_ingress_provisioning: Destruction complete after 5s[0m
TestRunBankingSolutions 2025-12-10T12:42:29+05:30 command.go:212: [0m[1mmodule.configure_wml_project[0].module.cos.module.cos_instance[0].ibm_resource_instance.cos_instance[0]: Destruction complete after 14s[0m
TestRunBankingSolutions 2025-12-10T12:42:33+05:30 command.go:212: [0m[1mmodule.cluster_ingress[0].kubernetes_manifest.workload_ingress: Destroying...[0m[0m
TestRunBankingSolutions 2025-12-10T12:42:43+05:30 command.go:212: [0m[1mmodule.cluster_ingress[0].kubernetes_manifest.workload_ingress: Still destroying... [00m10s elapsed][0m[0m
TestRunBankingSolutions 2025-12-10T12:42:53+05:30 command.go:212: [0m[1mmodule.cluster_ingress[0].kubernetes_manifest.workload_ingress: Still destroying... [00m20s elapsed][0m[0m
TestRunBankingSolutions 2025-12-10T12:43:03+05:30 command.go:212: [0m[1mmodule.cluster_ingress[0].kubernetes_manifest.workload_ingress: Still destroying... [00m30s elapsed][0m[0m
TestRunBankingSolutions 2025-12-10T12:43:13+05:30 command.go:212: [0m[1mmodule.cluster_ingress[0].kubernetes_manifest.workload_ingress: Still destroying... [00m40s elapsed][0m[0m
TestRunBankingSolutions 2025-12-10T12:43:22+05:30 command.go:212: [0m[1mmodule.cluster_ingress[0].kubernetes_manifest.workload_ingress: Destruction complete after 49s[0m
TestRunBankingSolutions 2025-12-10T12:43:22+05:30 command.go:212: [0m[1mmodule.cluster_ingress[0].restapi_object.workload_nlb_dns: Destroying... [id=rag-da-tj2una-3b5bf5f75003778663c521c8c35ad277-0001.us-south.containers.appdomain.cloud][0m[0m
TestRunBankingSolutions 2025-12-10T12:43:25+05:30 command.go:212: [0m[1mmodule.cluster_ingress[0].restapi_object.workload_nlb_dns: Destruction complete after 3s[0m
TestRunBankingSolutions 2025-12-10T12:43:25+05:30 command.go:212: [0m[1m[32m
TestRunBankingSolutions 2025-12-10T12:43:25+05:30 command.go:212: Destroy complete! Resources: 31 destroyed.
TestRunBankingSolutions 2025-12-10T12:43:25+05:30 command.go:212: [0m
TestRunBankingSolutions 2025-12-10T12:43:25+05:30 tests.go:275: [0m[1mrandom_string.webhook_secret: Refreshing state... [id=bhvd7wr2v1knuphrolgwa7d3iy97zlz01048e25jmym2j5as][0m
[0m[1mmodule.configure_wml_project[0].module.cos.module.cos_instance[0].random_string.bucket_name_suffix[0]: Refreshing state... [id=jq2k][0m
[0m[1mdata.ibm_iam_auth_token.tokendata: Reading...[0m[0m
[0m[1mdata.ibm_container_cluster_config.cluster_config[0]: Reading...[0m[0m
[0m[1mdata.ibm_iam_auth_token.tokendata: Read complete after 0s [id=2025-12-10 07:11:39.889778 +0000 UTC][0m
[0m[1mmodule.resource_group.data.ibm_resource_group.existing_resource_group[0]: Reading...[0m[0m
[0m[1mdata.ibm_resource_group.toolchain_resource_group_id: Reading...[0m[0m
[0m[1mmodule.cluster_ingress[0].data.ibm_container_nlb_dns.cluster_nlb_dns: Reading...[0m[0m
[0m[1mmodule.configure_discovery_project[0].restapi_object.configure_discovery_project: Refreshing state... [id=ac550261-8169-436a-9fa3-f74aed105a88][0m
[0m[1mmodule.configure_watson_assistant.shell_script.watson_assistant: Refreshing state... [id=d4shism42semn02ruuc0][0m
[0m[1mmodule.resource_group.data.ibm_resource_group.existing_resource_group[0]: Read complete after 1s [id=2c229fbcb1934d18b91bd6ec366cb260][0m
[0m[1mmodule.configure_wml_project[0].module.cos.module.cos_instance[0].ibm_resource_instance.cos_instance[0]: Refreshing state... [id=crn:v1:bluemix:public:cloud-object-storage:global:a/abac0df06b644a9cabc6e44f55b3880e:be586e83-3c39-4a42-932d-3ebcf9d6f843::][0m
[0m[1mdata.ibm_resource_group.toolchain_resource_group_id: Read complete after 1s [id=2c229fbcb1934d18b91bd6ec366cb260][0m
[0m[1mibm_cd_tekton_pipeline_property.application_flavor_pipeline_property_cd: Refreshing state... [id=70b60c36-da62-4d8d-82c2-e0c7e5975db1/app-flavor][0m
[0m[1mibm_cd_tekton_pipeline_property.watsonx_assistant_id_pipeline_property_cd: Refreshing state... [id=70b60c36-da62-4d8d-82c2-e0c7e5975db1/watsonx_assistant_id][0m
[0m[1mibm_cd_tekton_pipeline_property.application_flavor_pipeline_property_ci: Refreshing state... [id=32d0fab2-15fb-4a88-a7d5-23a21aac0afe/app-flavor][0m
[0m[1mibm_cd_tekton_pipeline_property.watsonx_assistant_region_pipeline_property_cd: Refreshing state... [id=70b60c36-da62-4d8d-82c2-e0c7e5975db1/watsonx_assistant_region][0m
[0m[1mibm_cd_tekton_pipeline_property.watsonx_assistant_region_pipeline_property_ci: Refreshing state... [id=32d0fab2-15fb-4a88-a7d5-23a21aac0afe/watsonx_assistant_region][0m
[0m[1mibm_cd_tekton_pipeline_trigger.ci_pipeline_webhook: Refreshing state... [id=32d0fab2-15fb-4a88-a7d5-23a21aac0afe/5f855083-958f-4606-8cb9-be7c06bdfc99][0m
[0m[1mibm_cd_tekton_pipeline_property.watsonx_assistant_id_pipeline_property_ci: Refreshing state... [id=32d0fab2-15fb-4a88-a7d5-23a21aac0afe/watsonx_assistant_id][0m
[0m[1mibm_cd_tekton_pipeline_property.resource_group_name_pipeline_property_ci[0]: Refreshing state... [id=32d0fab2-15fb-4a88-a7d5-23a21aac0afe/dev-resource-group][0m
[0m[1mmodule.cluster_ingress[0].data.ibm_container_nlb_dns.cluster_nlb_dns: Read complete after 2s [id=rag-da-tj2una][0m
[0m[1mibm_cd_tekton_pipeline_trigger_property.ci_pipeline_webhook_branch_property: Refreshing state... [id=32d0fab2-15fb-4a88-a7d5-23a21aac0afe/5f855083-958f-4606-8cb9-be7c06bdfc99/branch][0m
[0m[1mmodule.cluster_ingress[0].restapi_object.workload_nlb_dns: Refreshing state... [id=rag-da-tj2una-3b5bf5f75003778663c521c8c35ad277-0001.us-south.containers.appdomain.cloud][0m
[0m[1mibm_cd_tekton_pipeline_property.watsonx_assistant_integration_id_pipeline_property_ci: Refreshing state... [id=32d0fab2-15fb-4a88-a7d5-23a21aac0afe/watsonx_assistant_integration_id][0m
[0m[1mibm_cd_tekton_pipeline_property.watsonx_assistant_integration_id_pipeline_property_cd: Refreshing state... [id=70b60c36-da62-4d8d-82c2-e0c7e5975db1/watsonx_assistant_integration_id][0m
[0m[1mmodule.configure_watson_assistant.data.restapi_object.get_assistant_environment: Reading...[0m[0m
[0m[1mmodule.configure_discovery_project[0].restapi_object.configure_discovery_collection: Refreshing state... [id=1c79211d-aacc-2ecf-0000-019b070b6e9a][0m
[0m[1mmodule.configure_watson_assistant.data.restapi_object.get_assistant_environment: Read complete after 1s [id=df7448aa-a961-461b-9ffe-4c14a7c30f9d][0m
[0m[1mmodule.configure_watson_assistant.time_sleep.wait_60_seconds: Refreshing state... [id=2025-12-10T06:56:47Z][0m
[0m[1mmodule.configure_watson_assistant.data.restapi_object.get_assistant_environment_after_update: Reading...[0m[0m
[0m[1mmodule.configure_discovery_project[0].null_resource.discovery_file_upload: Refreshing state... [id=455004669429021087][0m
[0m[1mmodule.configure_watson_assistant.data.restapi_object.get_assistant_environment_after_update: Read complete after 1s [id=df7448aa-a961-461b-9ffe-4c14a7c30f9d][0m
[0m[1mmodule.cluster_ingress[0].time_sleep.wait_for_alb_provisioning: Refreshing state... [id=2025-12-10T07:11:25Z][0m
[0m[1mibm_cd_tekton_pipeline_property.cluster_public_ingress_subdomain_pipeline_property_ci[0]: Refreshing state... [id=32d0fab2-15fb-4a88-a7d5-23a21aac0afe/cluster_public_ingress_subdomain][0m
[0m[1mibm_cd_tekton_pipeline_property.cluster_public_ingress_subdomain_pipeline_property_cd[0]: Refreshing state... [id=70b60c36-da62-4d8d-82c2-e0c7e5975db1/cluster_public_ingress_subdomain][0m
[0m[1mdata.ibm_container_cluster_config.cluster_config[0]: Read complete after 8s [id=rag-da-tj2una][0m
[0m[1mmodule.cluster_ingress[0].kubernetes_manifest.workload_ingress: Refreshing state...[0m
[0m[1mmodule.cluster_ingress[0].time_sleep.wait_for_ingress_provisioning: Refreshing state... [id=2025-12-10T07:08:57Z][0m
[0m[1mmodule.cluster_ingress[0].data.kubernetes_service.ingress_router_service: Reading...[0m[0m
[0m[1mmodule.cluster_ingress[0].data.kubernetes_service.ingress_router_service: Read complete after 1s [id=openshift-ingress/router-rag-da-tj2una-ingress-public][0m
[0m[1mmodule.cluster_ingress[0].data.ibm_is_lb.ingress_vpc_alb: Reading...[0m[0m
[0m[1mmodule.cluster_ingress[0].restapi_object.workload_nlb_dns_patch: Refreshing state... [id=rag-da-tj2una-3b5bf5f75003778663c521c8c35ad277-0001.us-south.containers.appdomain.cloud][0m
[0m[1mmodule.cluster_ingress[0].restapi_object.workload_nlb_dns_cleanup: Refreshing state... [id=rag-da-tj2una-3b5bf5f75003778663c521c8c35ad277-0001.us-south.containers.appdomain.cloud][0m
[0m[1mmodule.cluster_ingress[0].data.ibm_is_lb.ingress_vpc_alb: Read complete after 4s [id=r006-cc3ac0fd-5dcf-461c-bcfd-e006a03268b8][0m
[0m[1mmodule.cluster_ingress[0].data.ibm_is_subnet.cluster_subnet: Reading...[0m[0m
[0m[1mmodule.cluster_ingress[0].data.ibm_is_subnet.cluster_subnet: Read complete after 1s [id=0717-0092fcc3-43f2-4fd0-b34a-5250ddf61d68][0m
[0m[1mmodule.cluster_ingress[0].data.ibm_is_network_acl.alb_acl: Reading...[0m[0m
[0m[1mmodule.cluster_ingress[0].data.ibm_is_network_acl.alb_acl: Read complete after 3s [id=r006-b8574434-7899-4fff-a85b-787650fb55e3][0m
[0m[1mmodule.cluster_ingress[0].data.ibm_is_network_acl_rules.alb_acl_rules: Reading...[0m[0m
[0m[1mmodule.cluster_ingress[0].data.ibm_is_network_acl_rules.alb_acl_rules: Read complete after 0s [id=2025-12-10 07:12:04.278001 +0000 UTC][0m
[0m[1mmodule.cluster_ingress[0].ibm_is_network_acl_rule.alb_https_req[1]: Refreshing state... [id=r006-b8574434-7899-4fff-a85b-787650fb55e3/11d9eb9c-4ad9-4690-8312-1c2a98cf54fc][0m
[0m[1mmodule.cluster_ingress[0].ibm_is_network_acl_rule.alb_https_req[0]: Refreshing state... [id=r006-b8574434-7899-4fff-a85b-787650fb55e3/996bd27b-1a4b-45aa-946c-be6365b49d25][0m
[0m[1mmodule.cluster_ingress[0].ibm_is_network_acl_rule.alb_https_resp[0]: Refreshing state... [id=r006-b8574434-7899-4fff-a85b-787650fb55e3/f7d94d2e-e4ee-4750-b69a-1a18e01b4a3e][0m
[0m[1mmodule.cluster_ingress[0].ibm_is_network_acl_rule.alb_https_resp[1]: Refreshing state... [id=r006-b8574434-7899-4fff-a85b-787650fb55e3/5e8350f1-347d-4fe9-86b6-b5b0c16f7617][0m

Terraform used the selected providers to generate the following execution
plan. Resource actions are indicated with the following symbols:
  [31m-[0m destroy[0m

Terraform will perform the following actions:

[1m  # ibm_cd_tekton_pipeline_property.application_flavor_pipeline_property_cd[0m will be [1m[31mdestroyed[0m
[0m  [31m-[0m[0m resource "ibm_cd_tekton_pipeline_property" "application_flavor_pipeline_property_cd" {
      [31m-[0m[0m href        = "https://api.us-south.devops.cloud.ibm.com/pipeline/v2/tekton_pipelines/70b60c36-da62-4d8d-82c2-e0c7e5975db1/properties/app-flavor" [90m-> null[0m[0m
      [31m-[0m[0m id          = "70b60c36-da62-4d8d-82c2-e0c7e5975db1/app-flavor" [90m-> null[0m[0m
      [31m-[0m[0m locked      = false [90m-> null[0m[0m
      [31m-[0m[0m name        = "app-flavor" [90m-> null[0m[0m
      [31m-[0m[0m pipeline_id = "70b60c36-da62-4d8d-82c2-e0c7e5975db1" [90m-> null[0m[0m
      [31m-[0m[0m type        = "text" [90m-> null[0m[0m
      [31m-[0m[0m value       = "banking" [90m-> null[0m[0m
    }

[1m  # ibm_cd_tekton_pipeline_property.application_flavor_pipeline_property_ci[0m will be [1m[31mdestroyed[0m
[0m  [31m-[0m[0m resource "ibm_cd_tekton_pipeline_property" "application_flavor_pipeline_property_ci" {
      [31m-[0m[0m href        = "https://api.us-south.devops.cloud.ibm.com/pipeline/v2/tekton_pipelines/32d0fab2-15fb-4a88-a7d5-23a21aac0afe/properties/app-flavor" [90m-> null[0m[0m
      [31m-[0m[0m id          = "32d0fab2-15fb-4a88-a7d5-23a21aac0afe/app-flavor" [90m-> null[0m[0m
      [31m-[0m[0m locked      = false [90m-> null[0m[0m
      [31m-[0m[0m name        = "app-flavor" [90m-> null[0m[0m
      [31m-[0m[0m pipeline_id = "32d0fab2-15fb-4a88-a7d5-23a21aac0afe" [90m-> null[0m[0m
      [31m-[0m[0m type        = "text" [90m-> null[0m[0m
      [31m-[0m[0m value       = "banking" [90m-> null[0m[0m
    }

[1m  # ibm_cd_tekton_pipeline_property.cluster_public_ingress_subdomain_pipeline_property_cd[0][0m will be [1m[31mdestroyed[0m
[0m  [31m-[0m[0m resource "ibm_cd_tekton_pipeline_property" "cluster_public_ingress_subdomain_pipeline_property_cd" {
      [31m-[0m[0m href        = "https://api.us-south.devops.cloud.ibm.com/pipeline/v2/tekton_pipelines/70b60c36-da62-4d8d-82c2-e0c7e5975db1/properties/cluster_public_ingress_subdomain" [90m-> null[0m[0m
      [31m-[0m[0m id          = "70b60c36-da62-4d8d-82c2-e0c7e5975db1/cluster_public_ingress_subdomain" [90m-> null[0m[0m
      [31m-[0m[0m locked      = false [90m-> null[0m[0m
      [31m-[0m[0m name        = "cluster_public_ingress_subdomain" [90m-> null[0m[0m
      [31m-[0m[0m pipeline_id = "70b60c36-da62-4d8d-82c2-e0c7e5975db1" [90m-> null[0m[0m
      [31m-[0m[0m type        = "text" [90m-> null[0m[0m
      [31m-[0m[0m value       = "rag-da-tj2una-3b5bf5f75003778663c521c8c35ad277-0001.us-south.containers.appdomain.cloud" [90m-> null[0m[0m
    }

[1m  # ibm_cd_tekton_pipeline_property.cluster_public_ingress_subdomain_pipeline_property_ci[0][0m will be [1m[31mdestroyed[0m
[0m  [31m-[0m[0m resource "ibm_cd_tekton_pipeline_property" "cluster_public_ingress_subdomain_pipeline_property_ci" {
      [31m-[0m[0m href        = "https://api.us-south.devops.cloud.ibm.com/pipeline/v2/tekton_pipelines/32d0fab2-15fb-4a88-a7d5-23a21aac0afe/properties/cluster_public_ingress_subdomain" [90m-> null[0m[0m
      [31m-[0m[0m id          = "32d0fab2-15fb-4a88-a7d5-23a21aac0afe/cluster_public_ingress_subdomain" [90m-> null[0m[0m
      [31m-[0m[0m locked      = false [90m-> null[0m[0m
      [31m-[0m[0m name        = "cluster_public_ingress_subdomain" [90m-> null[0m[0m
      [31m-[0m[0m pipeline_id = "32d0fab2-15fb-4a88-a7d5-23a21aac0afe" [90m-> null[0m[0m
      [31m-[0m[0m type        = "text" [90m-> null[0m[0m
      [31m-[0m[0m value       = "rag-da-tj2una-3b5bf5f75003778663c521c8c35ad277-0001.us-south.containers.appdomain.cloud" [90m-> null[0m[0m
    }

[1m  # ibm_cd_tekton_pipeline_property.resource_group_name_pipeline_property_ci[0][0m will be [1m[31mdestroyed[0m
[0m  [31m-[0m[0m resource "ibm_cd_tekton_pipeline_property" "resource_group_name_pipeline_property_ci" {
      [31m-[0m[0m href        = "https://api.us-south.devops.cloud.ibm.com/pipeline/v2/tekton_pipelines/32d0fab2-15fb-4a88-a7d5-23a21aac0afe/properties/dev-resource-group" [90m-> null[0m[0m
      [31m-[0m[0m id          = "32d0fab2-15fb-4a88-a7d5-23a21aac0afe/dev-resource-group" [90m-> null[0m[0m
      [31m-[0m[0m locked      = false [90m-> null[0m[0m
      [31m-[0m[0m name        = "dev-resource-group" [90m-> null[0m[0m
      [31m-[0m[0m pipeline_id = "32d0fab2-15fb-4a88-a7d5-23a21aac0afe" [90m-> null[0m[0m
      [31m-[0m[0m type        = "text" [90m-> null[0m[0m
      [31m-[0m[0m value       = "rag-da-tj2una-resource-group" [90m-> null[0m[0m
    }

[1m  # ibm_cd_tekton_pipeline_property.watsonx_assistant_id_pipeline_property_cd[0m will be [1m[31mdestroyed[0m
[0m  [31m-[0m[0m resource "ibm_cd_tekton_pipeline_property" "watsonx_assistant_id_pipeline_property_cd" {
      [31m-[0m[0m href        = "https://api.us-south.devops.cloud.ibm.com/pipeline/v2/tekton_pipelines/70b60c36-da62-4d8d-82c2-e0c7e5975db1/properties/watsonx_assistant_id" [90m-> null[0m[0m
      [31m-[0m[0m id          = "70b60c36-da62-4d8d-82c2-e0c7e5975db1/watsonx_assistant_id" [90m-> null[0m[0m
      [31m-[0m[0m locked      = false [90m-> null[0m[0m
      [31m-[0m[0m name        = "watsonx_assistant_id" [90m-> null[0m[0m
      [31m-[0m[0m pipeline_id = "70b60c36-da62-4d8d-82c2-e0c7e5975db1" [90m-> null[0m[0m
      [31m-[0m[0m type        = "text" [90m-> null[0m[0m
      [31m-[0m[0m value       = "1561d39c-06f1-442a-b1a4-3bed06835dda" [90m-> null[0m[0m
    }

[1m  # ibm_cd_tekton_pipeline_property.watsonx_assistant_id_pipeline_property_ci[0m will be [1m[31mdestroyed[0m
[0m  [31m-[0m[0m resource "ibm_cd_tekton_pipeline_property" "watsonx_assistant_id_pipeline_property_ci" {
      [31m-[0m[0m href        = "https://api.us-south.devops.cloud.ibm.com/pipeline/v2/tekton_pipelines/32d0fab2-15fb-4a88-a7d5-23a21aac0afe/properties/watsonx_assistant_id" [90m-> null[0m[0m
      [31m-[0m[0m id          = "32d0fab2-15fb-4a88-a7d5-23a21aac0afe/watsonx_assistant_id" [90m-> null[0m[0m
      [31m-[0m[0m locked      = false [90m-> null[0m[0m
      [31m-[0m[0m name        = "watsonx_assistant_id" [90m-> null[0m[0m
      [31m-[0m[0m pipeline_id = "32d0fab2-15fb-4a88-a7d5-23a21aac0afe" [90m-> null[0m[0m
      [31m-[0m[0m type        = "text" [90m-> null[0m[0m
      [31m-[0m[0m value       = "1561d39c-06f1-442a-b1a4-3bed06835dda" [90m-> null[0m[0m
    }

[1m  # ibm_cd_tekton_pipeline_property.watsonx_assistant_integration_id_pipeline_property_cd[0m will be [1m[31mdestroyed[0m
[0m  [31m-[0m[0m resource "ibm_cd_tekton_pipeline_property" "watsonx_assistant_integration_id_pipeline_property_cd" {
      [31m-[0m[0m href        = "https://api.us-south.devops.cloud.ibm.com/pipeline/v2/tekton_pipelines/70b60c36-da62-4d8d-82c2-e0c7e5975db1/properties/watsonx_assistant_integration_id" [90m-> null[0m[0m
      [31m-[0m[0m id          = "70b60c36-da62-4d8d-82c2-e0c7e5975db1/watsonx_assistant_integration_id" [90m-> null[0m[0m
      [31m-[0m[0m locked      = false [90m-> null[0m[0m
      [31m-[0m[0m name        = "watsonx_assistant_integration_id" [90m-> null[0m[0m
      [31m-[0m[0m pipeline_id = "70b60c36-da62-4d8d-82c2-e0c7e5975db1" [90m-> null[0m[0m
      [31m-[0m[0m type        = "text" [90m-> null[0m[0m
      [31m-[0m[0m value       = "4b7458b1-90ce-4066-8dca-8ea972a7c909" [90m-> null[0m[0m
    }

[1m  # ibm_cd_tekton_pipeline_property.watsonx_assistant_integration_id_pipeline_property_ci[0m will be [1m[31mdestroyed[0m
[0m  [31m-[0m[0m resource "ibm_cd_tekton_pipeline_property" "watsonx_assistant_integration_id_pipeline_property_ci" {
      [31m-[0m[0m href        = "https://api.us-south.devops.cloud.ibm.com/pipeline/v2/tekton_pipelines/32d0fab2-15fb-4a88-a7d5-23a21aac0afe/properties/watsonx_assistant_integration_id" [90m-> null[0m[0m
      [31m-[0m[0m id          = "32d0fab2-15fb-4a88-a7d5-23a21aac0afe/watsonx_assistant_integration_id" [90m-> null[0m[0m
      [31m-[0m[0m locked      = false [90m-> null[0m[0m
      [31m-[0m[0m name        = "watsonx_assistant_integration_id" [90m-> null[0m[0m
      [31m-[0m[0m pipeline_id = "32d0fab2-15fb-4a88-a7d5-23a21aac0afe" [90m-> null[0m[0m
      [31m-[0m[0m type        = "text" [90m-> null[0m[0m
      [31m-[0m[0m value       = "4b7458b1-90ce-4066-8dca-8ea972a7c909" [90m-> null[0m[0m
    }

[1m  # ibm_cd_tekton_pipeline_property.watsonx_assistant_region_pipeline_property_cd[0m will be [1m[31mdestroyed[0m
[0m  [31m-[0m[0m resource "ibm_cd_tekton_pipeline_property" "watsonx_assistant_region_pipeline_property_cd" {
      [31m-[0m[0m href        = "https://api.us-south.devops.cloud.ibm.com/pipeline/v2/tekton_pipelines/70b60c36-da62-4d8d-82c2-e0c7e5975db1/properties/watsonx_assistant_region" [90m-> null[0m[0m
      [31m-[0m[0m id          = "70b60c36-da62-4d8d-82c2-e0c7e5975db1/watsonx_assistant_region" [90m-> null[0m[0m
      [31m-[0m[0m locked      = false [90m-> null[0m[0m
      [31m-[0m[0m name        = "watsonx_assistant_region" [90m-> null[0m[0m
      [31m-[0m[0m pipeline_id = "70b60c36-da62-4d8d-82c2-e0c7e5975db1" [90m-> null[0m[0m
      [31m-[0m[0m type        = "text" [90m-> null[0m[0m
      [31m-[0m[0m value       = "us-south" [90m-> null[0m[0m
    }

[1m  # ibm_cd_tekton_pipeline_property.watsonx_assistant_region_pipeline_property_ci[0m will be [1m[31mdestroyed[0m
[0m  [31m-[0m[0m resource "ibm_cd_tekton_pipeline_property" "watsonx_assistant_region_pipeline_property_ci" {
      [31m-[0m[0m href        = "https://api.us-south.devops.cloud.ibm.com/pipeline/v2/tekton_pipelines/32d0fab2-15fb-4a88-a7d5-23a21aac0afe/properties/watsonx_assistant_region" [90m-> null[0m[0m
      [31m-[0m[0m id          = "32d0fab2-15fb-4a88-a7d5-23a21aac0afe/watsonx_assistant_region" [90m-> null[0m[0m
      [31m-[0m[0m locked      = false [90m-> null[0m[0m
      [31m-[0m[0m name        = "watsonx_assistant_region" [90m-> null[0m[0m
      [31m-[0m[0m pipeline_id = "32d0fab2-15fb-4a88-a7d5-23a21aac0afe" [90m-> null[0m[0m
      [31m-[0m[0m type        = "text" [90m-> null[0m[0m
      [31m-[0m[0m value       = "us-south" [90m-> null[0m[0m
    }

[1m  # ibm_cd_tekton_pipeline_trigger.ci_pipeline_webhook[0m will be [1m[31mdestroyed[0m
[0m  [31m-[0m[0m resource "ibm_cd_tekton_pipeline_trigger" "ci_pipeline_webhook" {
      [31m-[0m[0m disable_draft_events     = false [90m-> null[0m[0m
      [31m-[0m[0m enable_events_from_forks = false [90m-> null[0m[0m
      [31m-[0m[0m enabled                  = true [90m-> null[0m[0m
      [31m-[0m[0m event_listener           = "ci-listener-gitlab" [90m-> null[0m[0m
      [31m-[0m[0m favorite                 = false [90m-> null[0m[0m
      [31m-[0m[0m href                     = "https://api.us-south.devops.cloud.ibm.com/pipeline/v2/tekton_pipelines/32d0fab2-15fb-4a88-a7d5-23a21aac0afe/triggers/5f855083-958f-4606-8cb9-be7c06bdfc99" [90m-> null[0m[0m
      [31m-[0m[0m id                       = "32d0fab2-15fb-4a88-a7d5-23a21aac0afe/5f855083-958f-4606-8cb9-be7c06bdfc99" [90m-> null[0m[0m
      [31m-[0m[0m limit_waiting_runs       = false [90m-> null[0m[0m
      [31m-[0m[0m name                     = "rag-webhook-trigger" [90m-> null[0m[0m
      [31m-[0m[0m pipeline_id              = "32d0fab2-15fb-4a88-a7d5-23a21aac0afe" [90m-> null[0m[0m
      [31m-[0m[0m properties               = [
          [31m-[0m[0m {
              [31m-[0m[0m enum   = []
              [31m-[0m[0m href   = "https://api.us-south.devops.cloud.ibm.com/pipeline/v2/tekton_pipelines/32d0fab2-15fb-4a88-a7d5-23a21aac0afe/triggers/5f855083-958f-4606-8cb9-be7c06bdfc99/properties/branch"
              [31m-[0m[0m locked = false
              [31m-[0m[0m name   = "branch"
              [31m-[0m[0m type   = "text"
              [31m-[0m[0m value  = "main"
                [90m# (1 unchanged attribute hidden)[0m[0m
            },
        ] [90m-> null[0m[0m
      [31m-[0m[0m trigger_id               = "5f855083-958f-4606-8cb9-be7c06bdfc99" [90m-> null[0m[0m
      [31m-[0m[0m type                     = "generic" [90m-> null[0m[0m
      [31m-[0m[0m webhook_url              = "https://devops-api.us-south.devops.cloud.ibm.com/v1/tekton-webhook/32d0fab2-15fb-4a88-a7d5-23a21aac0afe/run/5f855083-958f-4606-8cb9-be7c06bdfc99" [90m-> null[0m[0m

      [31m-[0m[0m secret {
          [31m-[0m[0m key_name  = "webhook-token" [90m-> null[0m[0m
          [31m-[0m[0m source    = "payload" [90m-> null[0m[0m
          [31m-[0m[0m type      = "token_matches" [90m-> null[0m[0m
          [31m-[0m[0m value     = "hash:SHA3-512:b045b98b014dff531d71c6de7f87a46992d80fb30d0306c2f8186c9cd3f979ccb920f455d77002c869e1e4ccddf6b79ce6c96967c580e788d8e80f8148ea8f7a" [90m-> null[0m[0m
            [90m# (1 unchanged attribute hidden)[0m[0m
        }
    }

[1m  # ibm_cd_tekton_pipeline_trigger_property.ci_pipeline_webhook_branch_property[0m will be [1m[31mdestroyed[0m
[0m  [31m-[0m[0m resource "ibm_cd_tekton_pipeline_trigger_property" "ci_pipeline_webhook_branch_property" {
      [31m-[0m[0m href        = "https://api.us-south.devops.cloud.ibm.com/pipeline/v2/tekton_pipelines/32d0fab2-15fb-4a88-a7d5-23a21aac0afe/triggers/5f855083-958f-4606-8cb9-be7c06bdfc99/properties/branch" [90m-> null[0m[0m
      [31m-[0m[0m id          = "32d0fab2-15fb-4a88-a7d5-23a21aac0afe/5f855083-958f-4606-8cb9-be7c06bdfc99/branch" [90m-> null[0m[0m
      [31m-[0m[0m locked      = false [90m-> null[0m[0m
      [31m-[0m[0m name        = "branch" [90m-> null[0m[0m
      [31m-[0m[0m pipeline_id = "32d0fab2-15fb-4a88-a7d5-23a21aac0afe" [90m-> null[0m[0m
      [31m-[0m[0m trigger_id  = "5f855083-958f-4606-8cb9-be7c06bdfc99" [90m-> null[0m[0m
      [31m-[0m[0m type        = "text" [90m-> null[0m[0m
      [31m-[0m[0m value       = "main" [90m-> null[0m[0m
    }

[1m  # random_string.webhook_secret[0m will be [1m[31mdestroyed[0m
[0m  [31m-[0m[0m resource "random_string" "webhook_secret" {
      [31m-[0m[0m id          = "bhvd7wr2v1knuphrolgwa7d3iy97zlz01048e25jmym2j5as" [90m-> null[0m[0m
      [31m-[0m[0m length      = 48 [90m-> null[0m[0m
      [31m-[0m[0m lower       = true [90m-> null[0m[0m
      [31m-[0m[0m min_lower   = 0 [90m-> null[0m[0m
      [31m-[0m[0m min_numeric = 0 [90m-> null[0m[0m
      [31m-[0m[0m min_special = 0 [90m-> null[0m[0m
      [31m-[0m[0m min_upper   = 0 [90m-> null[0m[0m
      [31m-[0m[0m number      = true [90m-> null[0m[0m
      [31m-[0m[0m numeric     = true [90m-> null[0m[0m
      [31m-[0m[0m result      = "bhvd7wr2v1knuphrolgwa7d3iy97zlz01048e25jmym2j5as" [90m-> null[0m[0m
      [31m-[0m[0m special     = false [90m-> null[0m[0m
      [31m-[0m[0m upper       = false [90m-> null[0m[0m
    }

[1m  # module.cluster_ingress[0].ibm_is_network_acl_rule.alb_https_req[0][0m will be [1m[31mdestroyed[0m
[0m  [31m-[0m[0m resource "ibm_is_network_acl_rule" "alb_https_req" {
      [31m-[0m[0m action      = "allow" [90m-> null[0m[0m
      [31m-[0m[0m before      = "5e8350f1-347d-4fe9-86b6-b5b0c16f7617" [90m-> null[0m[0m
      [31m-[0m[0m destination = "10.240.0.15/32" [90m-> null[0m[0m
      [31m-[0m[0m direction   = "inbound" [90m-> null[0m[0m
      [31m-[0m[0m href        = "https://us-south.iaas.cloud.ibm.com/v1/network_acls/r006-b8574434-7899-4fff-a85b-787650fb55e3/rules/996bd27b-1a4b-45aa-946c-be6365b49d25" [90m-> null[0m[0m
      [31m-[0m[0m id          = "r006-b8574434-7899-4fff-a85b-787650fb55e3/996bd27b-1a4b-45aa-946c-be6365b49d25" [90m-> null[0m[0m
      [31m-[0m[0m ip_version  = "ipv4" [90m-> null[0m[0m
      [31m-[0m[0m name        = "rag-da-tj2una-public-ingress-lba-zone1-https-req" [90m-> null[0m[0m
      [31m-[0m[0m network_acl = "r006-b8574434-7899-4fff-a85b-787650fb55e3" [90m-> null[0m[0m
      [31m-[0m[0m protocol    = "tcp" [90m-> null[0m[0m
      [31m-[0m[0m rule_id     = "996bd27b-1a4b-45aa-946c-be6365b49d25" [90m-> null[0m[0m
      [31m-[0m[0m source      = "0.0.0.0/0" [90m-> null[0m[0m

      [31m-[0m[0m tcp {
          [31m-[0m[0m port_max        = 443 [90m-> null[0m[0m
          [31m-[0m[0m port_min        = 443 [90m-> null[0m[0m
          [31m-[0m[0m source_port_max = 65535 [90m-> null[0m[0m
          [31m-[0m[0m source_port_min = 1024 [90m-> null[0m[0m
        }
    }

[1m  # module.cluster_ingress[0].ibm_is_network_acl_rule.alb_https_req[1][0m will be [1m[31mdestroyed[0m
[0m  [31m-[0m[0m resource "ibm_is_network_acl_rule" "alb_https_req" {
      [31m-[0m[0m action      = "allow" [90m-> null[0m[0m
      [31m-[0m[0m destination = "10.240.0.14/32" [90m-> null[0m[0m
      [31m-[0m[0m direction   = "inbound" [90m-> null[0m[0m
      [31m-[0m[0m href        = "https://us-south.iaas.cloud.ibm.com/v1/network_acls/r006-b8574434-7899-4fff-a85b-787650fb55e3/rules/11d9eb9c-4ad9-4690-8312-1c2a98cf54fc" [90m-> null[0m[0m
      [31m-[0m[0m id          = "r006-b8574434-7899-4fff-a85b-787650fb55e3/11d9eb9c-4ad9-4690-8312-1c2a98cf54fc" [90m-> null[0m[0m
      [31m-[0m[0m ip_version  = "ipv4" [90m-> null[0m[0m
      [31m-[0m[0m name        = "rag-da-tj2una-public-ingress-lba-zone2-https-req" [90m-> null[0m[0m
      [31m-[0m[0m network_acl = "r006-b8574434-7899-4fff-a85b-787650fb55e3" [90m-> null[0m[0m
      [31m-[0m[0m protocol    = "tcp" [90m-> null[0m[0m
      [31m-[0m[0m rule_id     = "11d9eb9c-4ad9-4690-8312-1c2a98cf54fc" [90m-> null[0m[0m
      [31m-[0m[0m source      = "0.0.0.0/0" [90m-> null[0m[0m

      [31m-[0m[0m tcp {
          [31m-[0m[0m port_max        = 443 [90m-> null[0m[0m
          [31m-[0m[0m port_min        = 443 [90m-> null[0m[0m
          [31m-[0m[0m source_port_max = 65535 [90m-> null[0m[0m
          [31m-[0m[0m source_port_min = 1024 [90m-> null[0m[0m
        }
    }

[1m  # module.cluster_ingress[0].ibm_is_network_acl_rule.alb_https_resp[0][0m will be [1m[31mdestroyed[0m
[0m  [31m-[0m[0m resource "ibm_is_network_acl_rule" "alb_https_resp" {
      [31m-[0m[0m action      = "allow" [90m-> null[0m[0m
      [31m-[0m[0m before      = "11d9eb9c-4ad9-4690-8312-1c2a98cf54fc" [90m-> null[0m[0m
      [31m-[0m[0m destination = "0.0.0.0/0" [90m-> null[0m[0m
      [31m-[0m[0m direction   = "outbound" [90m-> null[0m[0m
      [31m-[0m[0m href        = "https://us-south.iaas.cloud.ibm.com/v1/network_acls/r006-b8574434-7899-4fff-a85b-787650fb55e3/rules/f7d94d2e-e4ee-4750-b69a-1a18e01b4a3e" [90m-> null[0m[0m
      [31m-[0m[0m id          = "r006-b8574434-7899-4fff-a85b-787650fb55e3/f7d94d2e-e4ee-4750-b69a-1a18e01b4a3e" [90m-> null[0m[0m
      [31m-[0m[0m ip_version  = "ipv4" [90m-> null[0m[0m
      [31m-[0m[0m name        = "rag-da-tj2una-public-ingress-lba-zone1-https-resp" [90m-> null[0m[0m
      [31m-[0m[0m network_acl = "r006-b8574434-7899-4fff-a85b-787650fb55e3" [90m-> null[0m[0m
      [31m-[0m[0m protocol    = "tcp" [90m-> null[0m[0m
      [31m-[0m[0m rule_id     = "f7d94d2e-e4ee-4750-b69a-1a18e01b4a3e" [90m-> null[0m[0m
      [31m-[0m[0m source      = "10.240.0.15/32" [90m-> null[0m[0m

      [31m-[0m[0m tcp {
          [31m-[0m[0m port_max        = 65535 [90m-> null[0m[0m
          [31m-[0m[0m port_min        = 1024 [90m-> null[0m[0m
          [31m-[0m[0m source_port_max = 443 [90m-> null[0m[0m
          [31m-[0m[0m source_port_min = 443 [90m-> null[0m[0m
        }
    }

[1m  # module.cluster_ingress[0].ibm_is_network_acl_rule.alb_https_resp[1][0m will be [1m[31mdestroyed[0m
[0m  [31m-[0m[0m resource "ibm_is_network_acl_rule" "alb_https_resp" {
      [31m-[0m[0m action      = "allow" [90m-> null[0m[0m
      [31m-[0m[0m before      = "f7d94d2e-e4ee-4750-b69a-1a18e01b4a3e" [90m-> null[0m[0m
      [31m-[0m[0m destination = "0.0.0.0/0" [90m-> null[0m[0m
      [31m-[0m[0m direction   = "outbound" [90m-> null[0m[0m
      [31m-[0m[0m href        = "https://us-south.iaas.cloud.ibm.com/v1/network_acls/r006-b8574434-7899-4fff-a85b-787650fb55e3/rules/5e8350f1-347d-4fe9-86b6-b5b0c16f7617" [90m-> null[0m[0m
      [31m-[0m[0m id          = "r006-b8574434-7899-4fff-a85b-787650fb55e3/5e8350f1-347d-4fe9-86b6-b5b0c16f7617" [90m-> null[0m[0m
      [31m-[0m[0m ip_version  = "ipv4" [90m-> null[0m[0m
      [31m-[0m[0m name        = "rag-da-tj2una-public-ingress-lba-zone2-https-resp" [90m-> null[0m[0m
      [31m-[0m[0m network_acl = "r006-b8574434-7899-4fff-a85b-787650fb55e3" [90m-> null[0m[0m
      [31m-[0m[0m protocol    = "tcp" [90m-> null[0m[0m
      [31m-[0m[0m rule_id     = "5e8350f1-347d-4fe9-86b6-b5b0c16f7617" [90m-> null[0m[0m
      [31m-[0m[0m source      = "10.240.0.14/32" [90m-> null[0m[0m

      [31m-[0m[0m tcp {
          [31m-[0m[0m port_max        = 65535 [90m-> null[0m[0m
          [31m-[0m[0m port_min        = 1024 [90m-> null[0m[0m
          [31m-[0m[0m source_port_max = 443 [90m-> null[0m[0m
          [31m-[0m[0m source_port_min = 443 [90m-> null[0m[0m
        }
    }

[1m  # module.cluster_ingress[0].kubernetes_manifest.workload_ingress[0m will be [1m[31mdestroyed[0m
[0m  [31m-[0m[0m resource "kubernetes_manifest" "workload_ingress" {
      [31m-[0m[0m manifest = {
          [31m-[0m[0m apiVersion = "operator.openshift.io/v1"
          [31m-[0m[0m kind       = "IngressController"
          [31m-[0m[0m metadata   = {
              [31m-[0m[0m name      = "rag-da-tj2una-ingress-public"
              [31m-[0m[0m namespace = "openshift-ingress-operator"
            }
          [31m-[0m[0m spec       = {
              [31m-[0m[0m defaultCertificate         = {
                  [31m-[0m[0m name = "rag-da-tj2una-3b5bf5f75003778663c521c8c35ad277-0001"
                }
              [31m-[0m[0m domain                     = "rag-da-tj2una-3b5bf5f75003778663c521c8c35ad277-0001.us-south.containers.appdomain.cloud"
              [31m-[0m[0m endpointPublishingStrategy = {
                  [31m-[0m[0m loadBalancer = {
                      [31m-[0m[0m dnsManagementPolicy = "Managed"
                      [31m-[0m[0m scope               = "External"
                    }
                  [31m-[0m[0m type         = "LoadBalancerService"
                }
              [31m-[0m[0m replicas                   = 2
              [31m-[0m[0m routeSelector              = {
                  [31m-[0m[0m matchLabels = {
                      [31m-[0m[0m ingress = "ingress-public"
                    }
                }
            }
        } [90m-> null[0m[0m
      [31m-[0m[0m object   = {
          [31m-[0m[0m apiVersion = "operator.openshift.io/v1"
          [31m-[0m[0m kind       = "IngressController"
          [31m-[0m[0m metadata   = {
              [31m-[0m[0m annotations                = [90mnull[0m[0m
              [31m-[0m[0m creationTimestamp          = [90mnull[0m[0m
              [31m-[0m[0m deletionGracePeriodSeconds = [90mnull[0m[0m
              [31m-[0m[0m deletionTimestamp          = [90mnull[0m[0m
              [31m-[0m[0m finalizers                 = [
                  [31m-[0m[0m "ingresscontroller.operator.openshift.io/finalizer-ingresscontroller",
                ]
              [31m-[0m[0m generateName               = [90mnull[0m[0m
              [31m-[0m[0m generation                 = [90mnull[0m[0m
              [31m-[0m[0m labels                     = [90mnull[0m[0m
              [31m-[0m[0m managedFields              = [90mnull[0m[0m
              [31m-[0m[0m name                       = "rag-da-tj2una-ingress-public"
              [31m-[0m[0m namespace                  = "openshift-ingress-operator"
              [31m-[0m[0m ownerReferences            = [90mnull[0m[0m
              [31m-[0m[0m resourceVersion            = [90mnull[0m[0m
              [31m-[0m[0m selfLink                   = [90mnull[0m[0m
              [31m-[0m[0m uid                        = [90mnull[0m[0m
            }
          [31m-[0m[0m spec       = {
              [31m-[0m[0m clientTLS                       = {
                  [31m-[0m[0m allowedSubjectPatterns  = [90mnull[0m[0m
                  [31m-[0m[0m clientCA                = {
                      [31m-[0m[0m name = ""
                    }
                  [31m-[0m[0m clientCertificatePolicy = ""
                }
              [31m-[0m[0m defaultCertificate              = {
                  [31m-[0m[0m name = "rag-da-tj2una-3b5bf5f75003778663c521c8c35ad277-0001"
                }
              [31m-[0m[0m domain                          = "rag-da-tj2una-3b5bf5f75003778663c521c8c35ad277-0001.us-south.containers.appdomain.cloud"
              [31m-[0m[0m endpointPublishingStrategy      = {
                  [31m-[0m[0m hostNetwork  = {
                      [31m-[0m[0m httpPort  = [90mnull[0m[0m
                      [31m-[0m[0m httpsPort = [90mnull[0m[0m
                      [31m-[0m[0m protocol  = [90mnull[0m[0m
                      [31m-[0m[0m statsPort = [90mnull[0m[0m
                    }
                  [31m-[0m[0m loadBalancer = {
                      [31m-[0m[0m allowedSourceRanges = [90mnull[0m[0m
                      [31m-[0m[0m dnsManagementPolicy = "Managed"
                      [31m-[0m[0m providerParameters  = {
                          [31m-[0m[0m aws       = {
                              [31m-[0m[0m classicLoadBalancer = {
                                  [31m-[0m[0m connectionIdleTimeout = [90mnull[0m[0m
                                  [31m-[0m[0m subnets               = {
                                      [31m-[0m[0m ids   = [90mnull[0m[0m
                                      [31m-[0m[0m names = [90mnull[0m[0m
                                    }
                                }
                              [31m-[0m[0m networkLoadBalancer = {
                                  [31m-[0m[0m eipAllocations = [90mnull[0m[0m
                                  [31m-[0m[0m subnets        = {
                                      [31m-[0m[0m ids   = [90mnull[0m[0m
                                      [31m-[0m[0m names = [90mnull[0m[0m
                                    }
                                }
                              [31m-[0m[0m type                = [90mnull[0m[0m
                            }
                          [31m-[0m[0m gcp       = {
                              [31m-[0m[0m clientAccess = [90mnull[0m[0m
                            }
                          [31m-[0m[0m ibm       = {
                              [31m-[0m[0m protocol = [90mnull[0m[0m
                            }
                          [31m-[0m[0m openstack = {
                              [31m-[0m[0m floatingIP = [90mnull[0m[0m
                            }
                          [31m-[0m[0m type      = [90mnull[0m[0m
                        }
                      [31m-[0m[0m scope               = "External"
                    }
                  [31m-[0m[0m nodePort     = {
                      [31m-[0m[0m protocol = [90mnull[0m[0m
                    }
                  [31m-[0m[0m private      = {
                      [31m-[0m[0m protocol = [90mnull[0m[0m
                    }
                  [31m-[0m[0m type         = "LoadBalancerService"
                }
              [31m-[0m[0m httpCompression                 = {
                  [31m-[0m[0m mimeTypes = [90mnull[0m[0m
                }
              [31m-[0m[0m httpEmptyRequestsPolicy         = "Respond"
              [31m-[0m[0m httpErrorCodePages              = {
                  [31m-[0m[0m name = ""
                }
              [31m-[0m[0m httpHeaders                     = {
                  [31m-[0m[0m actions                   = {
                      [31m-[0m[0m request  = [90mnull[0m[0m
                      [31m-[0m[0m response = [90mnull[0m[0m
                    }
                  [31m-[0m[0m forwardedHeaderPolicy     = [90mnull[0m[0m
                  [31m-[0m[0m headerNameCaseAdjustments = [90mnull[0m[0m
                  [31m-[0m[0m uniqueId                  = {
                      [31m-[0m[0m format = [90mnull[0m[0m
                      [31m-[0m[0m name   = [90mnull[0m[0m
                    }
                }
              [31m-[0m[0m idleConnectionTerminationPolicy = "Immediate"
              [31m-[0m[0m logging                         = {
                  [31m-[0m[0m access = {
                      [31m-[0m[0m destination        = {
                          [31m-[0m[0m container = {
                              [31m-[0m[0m maxLength = [90mnull[0m[0m
                            }
                          [31m-[0m[0m syslog    = {
                              [31m-[0m[0m address   = [90mnull[0m[0m
                              [31m-[0m[0m facility  = [90mnull[0m[0m
                              [31m-[0m[0m maxLength = [90mnull[0m[0m
                              [31m-[0m[0m port      = [90mnull[0m[0m
                            }
                          [31m-[0m[0m type      = [90mnull[0m[0m
                        }
                      [31m-[0m[0m httpCaptureCookies = [90mnull[0m[0m
                      [31m-[0m[0m httpCaptureHeaders = {
                          [31m-[0m[0m request  = [90mnull[0m[0m
                          [31m-[0m[0m response = [90mnull[0m[0m
                        }
                      [31m-[0m[0m httpLogFormat      = [90mnull[0m[0m
                      [31m-[0m[0m logEmptyRequests   = [90mnull[0m[0m
                    }
                }
              [31m-[0m[0m namespaceSelector               = {
                  [31m-[0m[0m matchExpressions = [90mnull[0m[0m
                  [31m-[0m[0m matchLabels      = [90mnull[0m[0m
                }
              [31m-[0m[0m nodePlacement                   = {
                  [31m-[0m[0m nodeSelector = {
                      [31m-[0m[0m matchExpressions = [90mnull[0m[0m
                      [31m-[0m[0m matchLabels      = [90mnull[0m[0m
                    }
                  [31m-[0m[0m tolerations  = [90mnull[0m[0m
                }
              [31m-[0m[0m replicas                        = 2
              [31m-[0m[0m routeAdmission                  = {
                  [31m-[0m[0m namespaceOwnership = [90mnull[0m[0m
                  [31m-[0m[0m wildcardPolicy     = [90mnull[0m[0m
                }
              [31m-[0m[0m routeSelector                   = {
                  [31m-[0m[0m matchExpressions = [90mnull[0m[0m
                  [31m-[0m[0m matchLabels      = {
                      [31m-[0m[0m ingress = "ingress-public"
                    }
                }
              [31m-[0m[0m tlsSecurityProfile              = {
                  [31m-[0m[0m custom       = {
                      [31m-[0m[0m ciphers       = [90mnull[0m[0m
                      [31m-[0m[0m minTLSVersion = [90mnull[0m[0m
                    }
                  [31m-[0m[0m intermediate = [90mnull[0m[0m
                  [31m-[0m[0m modern       = [90mnull[0m[0m
                  [31m-[0m[0m old          = [90mnull[0m[0m
                  [31m-[0m[0m type         = [90mnull[0m[0m
                }
              [31m-[0m[0m tuningOptions                   = {
                  [31m-[0m[0m clientFinTimeout            = [90mnull[0m[0m
                  [31m-[0m[0m clientTimeout               = [90mnull[0m[0m
                  [31m-[0m[0m connectTimeout              = [90mnull[0m[0m
                  [31m-[0m[0m headerBufferBytes           = [90mnull[0m[0m
                  [31m-[0m[0m headerBufferMaxRewriteBytes = [90mnull[0m[0m
                  [31m-[0m[0m healthCheckInterval         = [90mnull[0m[0m
                  [31m-[0m[0m maxConnections              = [90mnull[0m[0m
                  [31m-[0m[0m reloadInterval              = "0s"
                  [31m-[0m[0m serverFinTimeout            = [90mnull[0m[0m
                  [31m-[0m[0m serverTimeout               = [90mnull[0m[0m
                  [31m-[0m[0m threadCount                 = [90mnull[0m[0m
                  [31m-[0m[0m tlsInspectDelay             = [90mnull[0m[0m
                  [31m-[0m[0m tunnelTimeout               = [90mnull[0m[0m
                }
              [31m-[0m[0m unsupportedConfigOverrides      = [90mnull[0m[0m
            }
        } [90m-> null[0m[0m

      [31m-[0m[0m timeouts {
          [31m-[0m[0m create = "20m" [90m-> null[0m[0m
          [31m-[0m[0m delete = "20m" [90m-> null[0m[0m
          [31m-[0m[0m update = "20m" [90m-> null[0m[0m
        }

      [31m-[0m[0m wait {
          [31m-[0m[0m condition {
              [31m-[0m[0m status = "True" [90m-> null[0m[0m
              [31m-[0m[0m type   = "LoadBalancerReady" [90m-> null[0m[0m
            }
        }
    }

[1m  # module.cluster_ingress[0].restapi_object.workload_nlb_dns[0m will be [1m[31mdestroyed[0m
[0m  [31m-[0m[0m resource "restapi_object" "workload_nlb_dns" {
      [31m-[0m[0m api_data                  = {
          [31m-[0m[0m "Nlb"          = "map[certProvider:lets_encrypt cluster:d4sgns2d0k79ij8ttff0 dnsType: isDefault:false lbHostname:cc3ac0fd-us-south.lb.appdomain.cloud nlbSubdomain:rag-da-tj2una-3b5bf5f75003778663c521c8c35ad277-0001.us-south.containers.appdomain.cloud provider:ns1 secretNamespace:openshift-ingress statusMessage:OK type:public]"
          [31m-[0m[0m "secretName"   = "rag-da-tj2una-3b5bf5f75003778663c521c8c35ad277-0001"
          [31m-[0m[0m "secretStatus" = "created"
        } [90m-> null[0m[0m
      [31m-[0m[0m api_response              = jsonencode(
            {
              [31m-[0m[0m Nlb          = {
                  [31m-[0m[0m certProvider    = "lets_encrypt"
                  [31m-[0m[0m cluster         = "d4sgns2d0k79ij8ttff0"
                  [31m-[0m[0m dnsType         = ""
                  [31m-[0m[0m isDefault       = false
                  [31m-[0m[0m lbHostname      = "cc3ac0fd-us-south.lb.appdomain.cloud"
                  [31m-[0m[0m nlbSubdomain    = "rag-da-tj2una-3b5bf5f75003778663c521c8c35ad277-0001.us-south.containers.appdomain.cloud"
                  [31m-[0m[0m provider        = "ns1"
                  [31m-[0m[0m secretNamespace = "openshift-ingress"
                  [31m-[0m[0m statusMessage   = "OK"
                  [31m-[0m[0m type            = "public"
                }
              [31m-[0m[0m secretName   = "rag-da-tj2una-3b5bf5f75003778663c521c8c35ad277-0001"
              [31m-[0m[0m secretStatus = "created"
            }
        ) [90m-> null[0m[0m
      [31m-[0m[0m create_method             = "POST" [90m-> null[0m[0m
      [31m-[0m[0m create_path               = "/v2/nlb-dns/vpc/createNlbDNS" [90m-> null[0m[0m
      [31m-[0m[0m create_response           = jsonencode(
            {
              [31m-[0m[0m cluster         = "d4sgns2d0k79ij8ttff0"
              [31m-[0m[0m dnsType         = ""
              [31m-[0m[0m lbHostname      = "aeec8f8a-us-south.lb.appdomain.cloud"
              [31m-[0m[0m nlbSubdomain    = "rag-da-tj2una-3b5bf5f75003778663c521c8c35ad277-0001.us-south.containers.appdomain.cloud"
              [31m-[0m[0m secretNamespace = "openshift-ingress"
              [31m-[0m[0m type            = "public"
            }
        ) [90m-> null[0m[0m
      [31m-[0m[0m data                      = jsonencode(
            {
              [31m-[0m[0m Nlb             = {
                  [31m-[0m[0m certProvider    = "lets_encrypt"
                  [31m-[0m[0m cluster         = "d4sgns2d0k79ij8ttff0"
                  [31m-[0m[0m dnsType         = ""
                  [31m-[0m[0m isDefault       = false
                  [31m-[0m[0m lbHostname      = "cc3ac0fd-us-south.lb.appdomain.cloud"
                  [31m-[0m[0m nlbSubdomain    = "rag-da-tj2una-3b5bf5f75003778663c521c8c35ad277-0001.us-south.containers.appdomain.cloud"
                  [31m-[0m[0m provider        = "ns1"
                  [31m-[0m[0m secretNamespace = "openshift-ingress"
                  [31m-[0m[0m statusMessage   = "OK"
                  [31m-[0m[0m type            = "public"
                }
              [31m-[0m[0m cluster         = [90mnull[0m[0m
              [31m-[0m[0m dnsType         = [90mnull[0m[0m
              [31m-[0m[0m lbHostname      = [90mnull[0m[0m
              [31m-[0m[0m secretName      = "rag-da-tj2una-3b5bf5f75003778663c521c8c35ad277-0001"
              [31m-[0m[0m secretNamespace = [90mnull[0m[0m
              [31m-[0m[0m secretStatus    = "created"
              [31m-[0m[0m type            = [90mnull[0m[0m
            }
        ) [90m-> null[0m[0m
      [31m-[0m[0m destroy_method            = "GET" [90m-> null[0m[0m
      [31m-[0m[0m destroy_path              = "/v2/nlb-dns/getNlbDetails?cluster=rag-da-tj2una&nlbSubdomain={id}" [90m-> null[0m[0m
      [31m-[0m[0m id                        = "rag-da-tj2una-3b5bf5f75003778663c521c8c35ad277-0001.us-south.containers.appdomain.cloud" [90m-> null[0m[0m
      [31m-[0m[0m id_attribute              = "nlbSubdomain" [90m-> null[0m[0m
      [31m-[0m[0m ignore_all_server_changes = false [90m-> null[0m[0m
      [31m-[0m[0m path                      = "/v2/nlb-dns/getNlbDetails" [90m-> null[0m[0m
      [31m-[0m[0m read_method               = "GET" [90m-> null[0m[0m
      [31m-[0m[0m read_path                 = "/v2/nlb-dns/getNlbDetails?cluster=rag-da-tj2una&nlbSubdomain={id}" [90m-> null[0m[0m
      [31m-[0m[0m update_method             = "GET" [90m-> null[0m[0m
      [31m-[0m[0m update_path               = "/v2/nlb-dns/getNlbDetails?cluster=rag-da-tj2una&nlbSubdomain={id}" [90m-> null[0m[0m
    }

[1m  # module.cluster_ingress[0].restapi_object.workload_nlb_dns_cleanup[0m will be [1m[31mdestroyed[0m
[0m  [31m-[0m[0m resource "restapi_object" "workload_nlb_dns_cleanup" {
      [31m-[0m[0m api_data                  = {
          [31m-[0m[0m "Nlb"          = "map[certProvider:lets_encrypt cluster:d4sgns2d0k79ij8ttff0 dnsType: isDefault:false lbHostname:cc3ac0fd-us-south.lb.appdomain.cloud nlbSubdomain:rag-da-tj2una-3b5bf5f75003778663c521c8c35ad277-0001.us-south.containers.appdomain.cloud provider:ns1 secretNamespace:openshift-ingress statusMessage:OK type:public]"
          [31m-[0m[0m "secretName"   = "rag-da-tj2una-3b5bf5f75003778663c521c8c35ad277-0001"
          [31m-[0m[0m "secretStatus" = "created"
        } [90m-> null[0m[0m
      [31m-[0m[0m api_response              = jsonencode(
            {
              [31m-[0m[0m Nlb          = {
                  [31m-[0m[0m certProvider    = "lets_encrypt"
                  [31m-[0m[0m cluster         = "d4sgns2d0k79ij8ttff0"
                  [31m-[0m[0m dnsType         = ""
                  [31m-[0m[0m isDefault       = false
                  [31m-[0m[0m lbHostname      = "cc3ac0fd-us-south.lb.appdomain.cloud"
                  [31m-[0m[0m nlbSubdomain    = "rag-da-tj2una-3b5bf5f75003778663c521c8c35ad277-0001.us-south.containers.appdomain.cloud"
                  [31m-[0m[0m provider        = "ns1"
                  [31m-[0m[0m secretNamespace = "openshift-ingress"
                  [31m-[0m[0m statusMessage   = "OK"
                  [31m-[0m[0m type            = "public"
                }
              [31m-[0m[0m secretName   = "rag-da-tj2una-3b5bf5f75003778663c521c8c35ad277-0001"
              [31m-[0m[0m secretStatus = "created"
            }
        ) [90m-> null[0m[0m
      [31m-[0m[0m create_method             = "POST" [90m-> null[0m[0m
      [31m-[0m[0m create_path               = "/v2/nlb-dns/vpc/replaceLBHostname" [90m-> null[0m[0m
      [31m-[0m[0m create_response           = jsonencode(
            {
              [31m-[0m[0m cluster         = "d4sgns2d0k79ij8ttff0"
              [31m-[0m[0m dnsType         = ""
              [31m-[0m[0m lbHostname      = "cc3ac0fd-us-south.lb.appdomain.cloud"
              [31m-[0m[0m nlbSubdomain    = "rag-da-tj2una-3b5bf5f75003778663c521c8c35ad277-0001.us-south.containers.appdomain.cloud"
              [31m-[0m[0m secretNamespace = "openshift-ingress"
              [31m-[0m[0m type            = "public"
            }
        ) [90m-> null[0m[0m
      [31m-[0m[0m data                      = jsonencode(
            {
              [31m-[0m[0m Nlb             = {
                  [31m-[0m[0m certProvider    = "lets_encrypt"
                  [31m-[0m[0m cluster         = "d4sgns2d0k79ij8ttff0"
                  [31m-[0m[0m dnsType         = ""
                  [31m-[0m[0m isDefault       = false
                  [31m-[0m[0m lbHostname      = "cc3ac0fd-us-south.lb.appdomain.cloud"
                  [31m-[0m[0m nlbSubdomain    = "rag-da-tj2una-3b5bf5f75003778663c521c8c35ad277-0001.us-south.containers.appdomain.cloud"
                  [31m-[0m[0m provider        = "ns1"
                  [31m-[0m[0m secretNamespace = "openshift-ingress"
                  [31m-[0m[0m statusMessage   = "OK"
                  [31m-[0m[0m type            = "public"
                }
              [31m-[0m[0m cluster         = [90mnull[0m[0m
              [31m-[0m[0m dnsType         = [90mnull[0m[0m
              [31m-[0m[0m lbHostname      = [90mnull[0m[0m
              [31m-[0m[0m nlbSubdomain    = [90mnull[0m[0m
              [31m-[0m[0m secretName      = "rag-da-tj2una-3b5bf5f75003778663c521c8c35ad277-0001"
              [31m-[0m[0m secretNamespace = [90mnull[0m[0m
              [31m-[0m[0m secretStatus    = "created"
              [31m-[0m[0m type            = [90mnull[0m[0m
            }
        ) [90m-> null[0m[0m
      [31m-[0m[0m destroy_data              = jsonencode(
            {
              [31m-[0m[0m cluster   = "rag-da-tj2una"
              [31m-[0m[0m subdomain = "rag-da-tj2una-3b5bf5f75003778663c521c8c35ad277-0001.us-south.containers.appdomain.cloud"
            }
        ) [90m-> null[0m[0m
      [31m-[0m[0m destroy_method            = "POST" [90m-> null[0m[0m
      [31m-[0m[0m destroy_path              = "/ingress/v2/dns/deleteDomain" [90m-> null[0m[0m
      [31m-[0m[0m id                        = "rag-da-tj2una-3b5bf5f75003778663c521c8c35ad277-0001.us-south.containers.appdomain.cloud" [90m-> null[0m[0m
      [31m-[0m[0m ignore_all_server_changes = false [90m-> null[0m[0m
      [31m-[0m[0m object_id                 = "rag-da-tj2una-3b5bf5f75003778663c521c8c35ad277-0001.us-south.containers.appdomain.cloud" [90m-> null[0m[0m
      [31m-[0m[0m path                      = "/v2/nlb-dns/getNlbDetails" [90m-> null[0m[0m
      [31m-[0m[0m query_string              = "cluster=rag-da-tj2una&nlbSubdomain=rag-da-tj2una-3b5bf5f75003778663c521c8c35ad277-0001.us-south.containers.appdomain.cloud" [90m-> null[0m[0m
      [31m-[0m[0m read_method               = "GET" [90m-> null[0m[0m
      [31m-[0m[0m read_path                 = "/v2/nlb-dns/getNlbDetails" [90m-> null[0m[0m
      [31m-[0m[0m update_data               = jsonencode(
            {
              [31m-[0m[0m cluster         = "rag-da-tj2una"
              [31m-[0m[0m dnsType         = "public"
              [31m-[0m[0m lbHostname      = "cc3ac0fd-us-south.lb.appdomain.cloud"
              [31m-[0m[0m nlbSubdomain    = "rag-da-tj2una-3b5bf5f75003778663c521c8c35ad277-0001.us-south.containers.appdomain.cloud"
              [31m-[0m[0m secretNamespace = "openshift-ingress"
              [31m-[0m[0m type            = "public"
            }
        ) [90m-> null[0m[0m
      [31m-[0m[0m update_method             = "POST" [90m-> null[0m[0m
      [31m-[0m[0m update_path               = "/v2/nlb-dns/vpc/replaceLBHostname" [90m-> null[0m[0m
    }

[1m  # module.cluster_ingress[0].restapi_object.workload_nlb_dns_patch[0m will be [1m[31mdestroyed[0m
[0m  [31m-[0m[0m resource "restapi_object" "workload_nlb_dns_patch" {
      [31m-[0m[0m api_data                  = {
          [31m-[0m[0m "Nlb"          = "map[certProvider:lets_encrypt cluster:d4sgns2d0k79ij8ttff0 dnsType: isDefault:false lbHostname:cc3ac0fd-us-south.lb.appdomain.cloud nlbSubdomain:rag-da-tj2una-3b5bf5f75003778663c521c8c35ad277-0001.us-south.containers.appdomain.cloud provider:ns1 secretNamespace:openshift-ingress statusMessage:OK type:public]"
          [31m-[0m[0m "secretName"   = "rag-da-tj2una-3b5bf5f75003778663c521c8c35ad277-0001"
          [31m-[0m[0m "secretStatus" = "created"
        } [90m-> null[0m[0m
      [31m-[0m[0m api_response              = jsonencode(
            {
              [31m-[0m[0m Nlb          = {
                  [31m-[0m[0m certProvider    = "lets_encrypt"
                  [31m-[0m[0m cluster         = "d4sgns2d0k79ij8ttff0"
                  [31m-[0m[0m dnsType         = ""
                  [31m-[0m[0m isDefault       = false
                  [31m-[0m[0m lbHostname      = "cc3ac0fd-us-south.lb.appdomain.cloud"
                  [31m-[0m[0m nlbSubdomain    = "rag-da-tj2una-3b5bf5f75003778663c521c8c35ad277-0001.us-south.containers.appdomain.cloud"
                  [31m-[0m[0m provider        = "ns1"
                  [31m-[0m[0m secretNamespace = "openshift-ingress"
                  [31m-[0m[0m statusMessage   = "OK"
                  [31m-[0m[0m type            = "public"
                }
              [31m-[0m[0m secretName   = "rag-da-tj2una-3b5bf5f75003778663c521c8c35ad277-0001"
              [31m-[0m[0m secretStatus = "created"
            }
        ) [90m-> null[0m[0m
      [31m-[0m[0m create_method             = "POST" [90m-> null[0m[0m
      [31m-[0m[0m create_path               = "/v2/nlb-dns/vpc/replaceLBHostname" [90m-> null[0m[0m
      [31m-[0m[0m create_response           = jsonencode(
            {
              [31m-[0m[0m cluster         = "d4sgns2d0k79ij8ttff0"
              [31m-[0m[0m dnsType         = ""
              [31m-[0m[0m lbHostname      = "cc3ac0fd-us-south.lb.appdomain.cloud"
              [31m-[0m[0m nlbSubdomain    = "rag-da-tj2una-3b5bf5f75003778663c521c8c35ad277-0001.us-south.containers.appdomain.cloud"
              [31m-[0m[0m secretNamespace = "openshift-ingress"
              [31m-[0m[0m type            = "public"
            }
        ) [90m-> null[0m[0m
      [31m-[0m[0m data                      = jsonencode(
            {
              [31m-[0m[0m Nlb             = {
                  [31m-[0m[0m certProvider    = "lets_encrypt"
                  [31m-[0m[0m cluster         = "d4sgns2d0k79ij8ttff0"
                  [31m-[0m[0m dnsType         = ""
                  [31m-[0m[0m isDefault       = false
                  [31m-[0m[0m lbHostname      = "cc3ac0fd-us-south.lb.appdomain.cloud"
                  [31m-[0m[0m nlbSubdomain    = "rag-da-tj2una-3b5bf5f75003778663c521c8c35ad277-0001.us-south.containers.appdomain.cloud"
                  [31m-[0m[0m provider        = "ns1"
                  [31m-[0m[0m secretNamespace = "openshift-ingress"
                  [31m-[0m[0m statusMessage   = "OK"
                  [31m-[0m[0m type            = "public"
                }
              [31m-[0m[0m cluster         = [90mnull[0m[0m
              [31m-[0m[0m dnsType         = [90mnull[0m[0m
              [31m-[0m[0m lbHostname      = [90mnull[0m[0m
              [31m-[0m[0m nlbSubdomain    = [90mnull[0m[0m
              [31m-[0m[0m secretName      = "rag-da-tj2una-3b5bf5f75003778663c521c8c35ad277-0001"
              [31m-[0m[0m secretNamespace = [90mnull[0m[0m
              [31m-[0m[0m secretStatus    = "created"
              [31m-[0m[0m type            = [90mnull[0m[0m
            }
        ) [90m-> null[0m[0m
      [31m-[0m[0m destroy_data              = jsonencode(
            {
              [31m-[0m[0m cluster   = "rag-da-tj2una"
              [31m-[0m[0m subdomain = "rag-da-tj2una-3b5bf5f75003778663c521c8c35ad277-0001.us-south.containers.appdomain.cloud"
            }
        ) [90m-> null[0m[0m
      [31m-[0m[0m destroy_method            = "POST" [90m-> null[0m[0m
      [31m-[0m[0m destroy_path              = "/v2/nlb-dns/deleteSecret" [90m-> null[0m[0m
      [31m-[0m[0m id                        = "rag-da-tj2una-3b5bf5f75003778663c521c8c35ad277-0001.us-south.containers.appdomain.cloud" [90m-> null[0m[0m
      [31m-[0m[0m ignore_all_server_changes = false [90m-> null[0m[0m
      [31m-[0m[0m object_id                 = "rag-da-tj2una-3b5bf5f75003778663c521c8c35ad277-0001.us-south.containers.appdomain.cloud" [90m-> null[0m[0m
      [31m-[0m[0m path                      = "/v2/nlb-dns/getNlbDetails" [90m-> null[0m[0m
      [31m-[0m[0m query_string              = "cluster=rag-da-tj2una&nlbSubdomain=rag-da-tj2una-3b5bf5f75003778663c521c8c35ad277-0001.us-south.containers.appdomain.cloud" [90m-> null[0m[0m
      [31m-[0m[0m read_method               = "GET" [90m-> null[0m[0m
      [31m-[0m[0m read_path                 = "/v2/nlb-dns/getNlbDetails" [90m-> null[0m[0m
      [31m-[0m[0m update_data               = jsonencode(
            {
              [31m-[0m[0m cluster         = "rag-da-tj2una"
              [31m-[0m[0m dnsType         = "public"
              [31m-[0m[0m lbHostname      = "cc3ac0fd-us-south.lb.appdomain.cloud"
              [31m-[0m[0m nlbSubdomain    = "rag-da-tj2una-3b5bf5f75003778663c521c8c35ad277-0001.us-south.containers.appdomain.cloud"
              [31m-[0m[0m secretNamespace = "openshift-ingress"
              [31m-[0m[0m type            = "public"
            }
        ) [90m-> null[0m[0m
      [31m-[0m[0m update_method             = "POST" [90m-> null[0m[0m
      [31m-[0m[0m update_path               = "/v2/nlb-dns/vpc/replaceLBHostname" [90m-> null[0m[0m
    }

[1m  # module.cluster_ingress[0].time_sleep.wait_for_alb_provisioning[0m will be [1m[31mdestroyed[0m
[0m  [31m-[0m[0m resource "time_sleep" "wait_for_alb_provisioning" {
      [31m-[0m[0m create_duration  = "10m" [90m-> null[0m[0m
      [31m-[0m[0m destroy_duration = "5s" [90m-> null[0m[0m
      [31m-[0m[0m id               = "2025-12-10T07:11:25Z" [90m-> null[0m[0m
    }

[1m  # module.cluster_ingress[0].time_sleep.wait_for_ingress_provisioning[0m will be [1m[31mdestroyed[0m
[0m  [31m-[0m[0m resource "time_sleep" "wait_for_ingress_provisioning" {
      [31m-[0m[0m create_duration  = "7m" [90m-> null[0m[0m
      [31m-[0m[0m destroy_duration = "5s" [90m-> null[0m[0m
      [31m-[0m[0m id               = "2025-12-10T07:08:57Z" [90m-> null[0m[0m
      [31m-[0m[0m triggers         = {
          [31m-[0m[0m "ingress_uid" = [90mnull[0m[0m
        } [90m-> null[0m[0m
    }

[1m  # module.configure_discovery_project[0].null_resource.discovery_file_upload[0m will be [1m[31mdestroyed[0m
[0m  [31m-[0m[0m resource "null_resource" "discovery_file_upload" {
      [31m-[0m[0m id       = "455004669429021087" [90m-> null[0m[0m
      [31m-[0m[0m triggers = {
          [31m-[0m[0m "always_run" = "2025-12-10T06:55:50Z"
        } [90m-> null[0m[0m
    }

[1m  # module.configure_discovery_project[0].restapi_object.configure_discovery_collection[0m will be [1m[31mdestroyed[0m
[0m  [31m-[0m[0m resource "restapi_object" "configure_discovery_collection" {
      [31m-[0m[0m api_data                  = {
          [31m-[0m[0m "collection_id"                = "1c79211d-aacc-2ecf-0000-019b070b6e9a"
          [31m-[0m[0m "created"                      = "2025-12-10T06:55:49.661Z"
          [31m-[0m[0m "description"                  = "Sample data"
          [31m-[0m[0m "document_counts"              = "map[available:7 failed:0 processing:0]"
          [31m-[0m[0m "enrichments"                  = "[map[enrichment_id:701db916-fc83-57ab-0000-00000000001e fields:[text]]]"
          [31m-[0m[0m "field_types"                  = "map[]"
          [31m-[0m[0m "language"                     = "en"
          [31m-[0m[0m "name"                         = "rag-da-tj2una-gen-ai-rag-sample-app-data"
          [31m-[0m[0m "smart_document_understanding" = "map[enabled:true model:text_extraction]"
          [31m-[0m[0m "source_document_counts"       = "map[available:7 failed:0 pending:0 processing:0]"
        } [90m-> null[0m[0m
      [31m-[0m[0m api_response              = jsonencode(
            {
              [31m-[0m[0m collection_id                = "1c79211d-aacc-2ecf-0000-019b070b6e9a"
              [31m-[0m[0m created                      = "2025-12-10T06:55:49.661Z"
              [31m-[0m[0m description                  = "Sample data"
              [31m-[0m[0m document_counts              = {
                  [31m-[0m[0m available  = 7
                  [31m-[0m[0m failed     = 0
                  [31m-[0m[0m processing = 0
                }
              [31m-[0m[0m enrichments                  = [
                  [31m-[0m[0m {
                      [31m-[0m[0m enrichment_id = "701db916-fc83-57ab-0000-00000000001e"
                      [31m-[0m[0m fields        = [
                          [31m-[0m[0m "text",
                        ]
                    },
                ]
              [31m-[0m[0m field_types                  = {}
              [31m-[0m[0m language                     = "en"
              [31m-[0m[0m name                         = "rag-da-tj2una-gen-ai-rag-sample-app-data"
              [31m-[0m[0m smart_document_understanding = {
                  [31m-[0m[0m enabled = true
                  [31m-[0m[0m model   = "text_extraction"
                }
              [31m-[0m[0m source_document_counts       = {
                  [31m-[0m[0m available  = 7
                  [31m-[0m[0m failed     = 0
                  [31m-[0m[0m pending    = 0
                  [31m-[0m[0m processing = 0
                }
            }
        ) [90m-> null[0m[0m
      [31m-[0m[0m create_method             = "POST" [90m-> null[0m[0m
      [31m-[0m[0m create_path               = "//api.us-south.discovery.watson.cloud.ibm.com/instances/1443f64b-f7a4-4336-a6fd-867fd01f1aaf/v2/projects/ac550261-8169-436a-9fa3-f74aed105a88/collections?version=2023-03-31" [90m-> null[0m[0m
      [31m-[0m[0m create_response           = jsonencode(
            {
              [31m-[0m[0m collection_id                = "1c79211d-aacc-2ecf-0000-019b070b6e9a"
              [31m-[0m[0m created                      = "2025-12-10T06:55:49.661Z"
              [31m-[0m[0m description                  = "Sample data"
              [31m-[0m[0m document_counts              = {
                  [31m-[0m[0m available  = 0
                  [31m-[0m[0m failed     = 0
                  [31m-[0m[0m processing = 0
                }
              [31m-[0m[0m enrichments                  = [
                  [31m-[0m[0m {
                      [31m-[0m[0m enrichment_id = "701db916-fc83-57ab-0000-00000000001e"
                      [31m-[0m[0m fields        = [
                          [31m-[0m[0m "text",
                        ]
                    },
                ]
              [31m-[0m[0m language                     = "en"
              [31m-[0m[0m name                         = "rag-da-tj2una-gen-ai-rag-sample-app-data"
              [31m-[0m[0m smart_document_understanding = {
                  [31m-[0m[0m enabled = false
                }
              [31m-[0m[0m source_document_counts       = {
                  [31m-[0m[0m available  = 0
                  [31m-[0m[0m failed     = 0
                  [31m-[0m[0m pending    = 0
                  [31m-[0m[0m processing = 0
                }
            }
        ) [90m-> null[0m[0m
      [31m-[0m[0m data                      = jsonencode(
            {
              [31m-[0m[0m collection_id                = "1c79211d-aacc-2ecf-0000-019b070b6e9a"
              [31m-[0m[0m created                      = "2025-12-10T06:55:49.661Z"
              [31m-[0m[0m description                  = "Sample data"
              [31m-[0m[0m document_counts              = {
                  [31m-[0m[0m available  = 7
                  [31m-[0m[0m failed     = 0
                  [31m-[0m[0m processing = 0
                }
              [31m-[0m[0m enrichments                  = [
                  [31m-[0m[0m {
                      [31m-[0m[0m enrichment_id = "701db916-fc83-57ab-0000-00000000001e"
                      [31m-[0m[0m fields        = [
                          [31m-[0m[0m "text",
                        ]
                    },
                ]
              [31m-[0m[0m field_types                  = {}
              [31m-[0m[0m language                     = "en"
              [31m-[0m[0m name                         = "rag-da-tj2una-gen-ai-rag-sample-app-data"
              [31m-[0m[0m smart_document_understanding = {
                  [31m-[0m[0m enabled = true
                  [31m-[0m[0m model   = "text_extraction"
                }
              [31m-[0m[0m source_document_counts       = {
                  [31m-[0m[0m available  = 7
                  [31m-[0m[0m failed     = 0
                  [31m-[0m[0m pending    = 0
                  [31m-[0m[0m processing = 0
                }
            }
        ) [90m-> null[0m[0m
      [31m-[0m[0m destroy_method            = "DELETE" [90m-> null[0m[0m
      [31m-[0m[0m destroy_path              = "//api.us-south.discovery.watson.cloud.ibm.com/instances/1443f64b-f7a4-4336-a6fd-867fd01f1aaf/v2/projects/ac550261-8169-436a-9fa3-f74aed105a88/collections/{id}?version=2023-03-31" [90m-> null[0m[0m
      [31m-[0m[0m id                        = "1c79211d-aacc-2ecf-0000-019b070b6e9a" [90m-> null[0m[0m
      [31m-[0m[0m id_attribute              = "collection_id" [90m-> null[0m[0m
      [31m-[0m[0m ignore_all_server_changes = false [90m-> null[0m[0m
      [31m-[0m[0m path                      = "//api.us-south.discovery.watson.cloud.ibm.com/instances/1443f64b-f7a4-4336-a6fd-867fd01f1aaf" [90m-> null[0m[0m
      [31m-[0m[0m read_method               = "GET" [90m-> null[0m[0m
      [31m-[0m[0m read_path                 = "//api.us-south.discovery.watson.cloud.ibm.com/instances/1443f64b-f7a4-4336-a6fd-867fd01f1aaf/v2/projects/ac550261-8169-436a-9fa3-f74aed105a88/collections/{id}?version=2023-03-31" [90m-> null[0m[0m
      [31m-[0m[0m update_data               = jsonencode(
            {
              [31m-[0m[0m description = "Sample data"
              [31m-[0m[0m name        = "rag-da-tj2una-gen-ai-rag-sample-app-data"
            }
        ) [90m-> null[0m[0m
      [31m-[0m[0m update_method             = "POST" [90m-> null[0m[0m
      [31m-[0m[0m update_path               = "//api.us-south.discovery.watson.cloud.ibm.com/instances/1443f64b-f7a4-4336-a6fd-867fd01f1aaf/v2/projects/ac550261-8169-436a-9fa3-f74aed105a88/collections/{id}?version=2023-03-31" [90m-> null[0m[0m
    }

[1m  # module.configure_discovery_project[0].restapi_object.configure_discovery_project[0m will be [1m[31mdestroyed[0m
[0m  [31m-[0m[0m resource "restapi_object" "configure_discovery_project" {
      [31m-[0m[0m api_data                  = {
          [31m-[0m[0m "collection_count"          = "1"
          [31m-[0m[0m "default_query_parameters"  = "map[aggregation:[term(enriched_text.entities.text,name:entities)] count:10 highlight:false passages:map[characters:200 count:10 enabled:true fields:[text title] find_answers:false max_answers_per_passage:1 max_per_document:1 per_document:true] return:[] sort: spelling_suggestions:false table_results:map[count:10 enabled:false per_document:0]]"
          [31m-[0m[0m "name"                      = "rag-da-tj2una-gen-ai-rag-sample-app-project"
          [31m-[0m[0m "project_id"                = "ac550261-8169-436a-9fa3-f74aed105a88"
          [31m-[0m[0m "relevancy_training_status" = "map[available:false minimum_examples_added:false minimum_queries_added:false notices:0 processing:false sufficient_label_diversity:false total_examples:0]"
          [31m-[0m[0m "type"                      = "document_retrieval"
        } [90m-> null[0m[0m
      [31m-[0m[0m api_response              = jsonencode(
            {
              [31m-[0m[0m collection_count          = 1
              [31m-[0m[0m default_query_parameters  = {
                  [31m-[0m[0m aggregation          = "[term(enriched_text.entities.text,name:entities)]"
                  [31m-[0m[0m count                = 10
                  [31m-[0m[0m highlight            = false
                  [31m-[0m[0m passages             = {
                      [31m-[0m[0m characters              = 200
                      [31m-[0m[0m count                   = 10
                      [31m-[0m[0m enabled                 = true
                      [31m-[0m[0m fields                  = [
                          [31m-[0m[0m "text",
                          [31m-[0m[0m "title",
                        ]
                      [31m-[0m[0m find_answers            = false
                      [31m-[0m[0m max_answers_per_passage = 1
                      [31m-[0m[0m max_per_document        = 1
                      [31m-[0m[0m per_document            = true
                    }
                  [31m-[0m[0m return               = []
                  [31m-[0m[0m sort                 = ""
                  [31m-[0m[0m spelling_suggestions = false
                  [31m-[0m[0m table_results        = {
                      [31m-[0m[0m count        = 10
                      [31m-[0m[0m enabled      = false
                      [31m-[0m[0m per_document = 0
                    }
                }
              [31m-[0m[0m name                      = "rag-da-tj2una-gen-ai-rag-sample-app-project"
              [31m-[0m[0m project_id                = "ac550261-8169-436a-9fa3-f74aed105a88"
              [31m-[0m[0m relevancy_training_status = {
                  [31m-[0m[0m available                  = false
                  [31m-[0m[0m minimum_examples_added     = false
                  [31m-[0m[0m minimum_queries_added      = false
                  [31m-[0m[0m notices                    = 0
                  [31m-[0m[0m processing                 = false
                  [31m-[0m[0m sufficient_label_diversity = false
                  [31m-[0m[0m total_examples             = 0
                }
              [31m-[0m[0m type                      = "document_retrieval"
            }
        ) [90m-> null[0m[0m
      [31m-[0m[0m create_method             = "POST" [90m-> null[0m[0m
      [31m-[0m[0m create_path               = "//api.us-south.discovery.watson.cloud.ibm.com/instances/1443f64b-f7a4-4336-a6fd-867fd01f1aaf/v2/projects?version=2023-03-31" [90m-> null[0m[0m
      [31m-[0m[0m create_response           = jsonencode(
            {
              [31m-[0m[0m collection_count         = 0
              [31m-[0m[0m default_query_parameters = {
                  [31m-[0m[0m aggregation          = "[term(enriched_text.entities.text,name:entities)]"
                  [31m-[0m[0m count                = 10
                  [31m-[0m[0m highlight            = false
                  [31m-[0m[0m passages             = {
                      [31m-[0m[0m characters              = 200
                      [31m-[0m[0m count                   = 10
                      [31m-[0m[0m enabled                 = true
                      [31m-[0m[0m fields                  = [
                          [31m-[0m[0m "text",
                          [31m-[0m[0m "title",
                        ]
                      [31m-[0m[0m find_answers            = false
                      [31m-[0m[0m max_answers_per_passage = 1
                      [31m-[0m[0m max_per_document        = 1
                      [31m-[0m[0m per_document            = true
                    }
                  [31m-[0m[0m return               = []
                  [31m-[0m[0m sort                 = ""
                  [31m-[0m[0m spelling_suggestions = false
                  [31m-[0m[0m table_results        = {
                      [31m-[0m[0m count        = 10
                      [31m-[0m[0m enabled      = false
                      [31m-[0m[0m per_document = 0
                    }
                }
              [31m-[0m[0m name                     = "rag-da-tj2una-gen-ai-rag-sample-app-project"
              [31m-[0m[0m project_id               = "ac550261-8169-436a-9fa3-f74aed105a88"
              [31m-[0m[0m type                     = "document_retrieval"
            }
        ) [90m-> null[0m[0m
      [31m-[0m[0m data                      = jsonencode(
            {
              [31m-[0m[0m collection_count          = 1
              [31m-[0m[0m default_query_parameters  = {
                  [31m-[0m[0m aggregation          = "[term(enriched_text.entities.text,name:entities)]"
                  [31m-[0m[0m count                = 10
                  [31m-[0m[0m highlight            = false
                  [31m-[0m[0m passages             = {
                      [31m-[0m[0m characters              = 200
                      [31m-[0m[0m count                   = 10
                      [31m-[0m[0m enabled                 = true
                      [31m-[0m[0m fields                  = [
                          [31m-[0m[0m "text",
                          [31m-[0m[0m "title",
                        ]
                      [31m-[0m[0m find_answers            = false
                      [31m-[0m[0m max_answers_per_passage = 1
                      [31m-[0m[0m max_per_document        = 1
                      [31m-[0m[0m per_document            = true
                    }
                  [31m-[0m[0m return               = []
                  [31m-[0m[0m sort                 = ""
                  [31m-[0m[0m spelling_suggestions = false
                  [31m-[0m[0m table_results        = {
                      [31m-[0m[0m count        = 10
                      [31m-[0m[0m enabled      = false
                      [31m-[0m[0m per_document = 0
                    }
                }
              [31m-[0m[0m name                      = "rag-da-tj2una-gen-ai-rag-sample-app-project"
              [31m-[0m[0m project_id                = "ac550261-8169-436a-9fa3-f74aed105a88"
              [31m-[0m[0m relevancy_training_status = {
                  [31m-[0m[0m available                  = false
                  [31m-[0m[0m minimum_examples_added     = false
                  [31m-[0m[0m minimum_queries_added      = false
                  [31m-[0m[0m notices                    = 0
                  [31m-[0m[0m processing                 = false
                  [31m-[0m[0m sufficient_label_diversity = false
                  [31m-[0m[0m total_examples             = 0
                }
              [31m-[0m[0m type                      = "document_retrieval"
            }
        ) [90m-> null[0m[0m
      [31m-[0m[0m destroy_method            = "DELETE" [90m-> null[0m[0m
      [31m-[0m[0m destroy_path              = "//api.us-south.discovery.watson.cloud.ibm.com/instances/1443f64b-f7a4-4336-a6fd-867fd01f1aaf/v2/projects/{id}?version=2023-03-31" [90m-> null[0m[0m
      [31m-[0m[0m id                        = "ac550261-8169-436a-9fa3-f74aed105a88" [90m-> null[0m[0m
      [31m-[0m[0m id_attribute              = "project_id" [90m-> null[0m[0m
      [31m-[0m[0m ignore_all_server_changes = false [90m-> null[0m[0m
      [31m-[0m[0m path                      = "//api.us-south.discovery.watson.cloud.ibm.com/instances/1443f64b-f7a4-4336-a6fd-867fd01f1aaf" [90m-> null[0m[0m
      [31m-[0m[0m read_method               = "GET" [90m-> null[0m[0m
      [31m-[0m[0m read_path                 = "//api.us-south.discovery.watson.cloud.ibm.com/instances/1443f64b-f7a4-4336-a6fd-867fd01f1aaf/v2/projects/{id}?version=2023-03-31" [90m-> null[0m[0m
      [31m-[0m[0m update_data               = jsonencode(
            {
              [31m-[0m[0m name = "rag-da-tj2una-gen-ai-rag-sample-app-project"
              [31m-[0m[0m type = "document_retrieval"
            }
        ) [90m-> null[0m[0m
      [31m-[0m[0m update_method             = "POST" [90m-> null[0m[0m
      [31m-[0m[0m update_path               = "//api.us-south.discovery.watson.cloud.ibm.com/instances/1443f64b-f7a4-4336-a6fd-867fd01f1aaf/v2/projects/{id}?version=2023-03-31" [90m-> null[0m[0m
    }

[1m  # module.configure_watson_assistant.shell_script.watson_assistant[0m will be [1m[31mdestroyed[0m
[0m  [31m-[0m[0m resource "shell_script" "watson_assistant" {
      [31m-[0m[0m dirty                 = false [90m-> null[0m[0m
      [31m-[0m[0m environment           = {
          [31m-[0m[0m "WATSON_ASSISTANT_API_VERSION" = "2023-06-15"
          [31m-[0m[0m "WATSON_ASSISTANT_DESCRIPTION" = "Generative AI sample app assistant"
          [31m-[0m[0m "WATSON_ASSISTANT_LANGUAGE"    = "en"
          [31m-[0m[0m "WATSON_ASSISTANT_NAME"        = "rag-da-tj2una-gen-ai-rag-sample-app-assistant"
          [31m-[0m[0m "WATSON_ASSISTANT_URL"         = "https://api.us-south.assistant.watson.cloud.ibm.com/instances/1561d39c-06f1-442a-b1a4-3bed06835dda"
        } [90m-> null[0m[0m
      [31m-[0m[0m id                    = "d4shism42semn02ruuc0" [90m-> null[0m[0m
      [31m-[0m[0m output                = {
          [31m-[0m[0m "assistant_id"             = "985ba2d9-57bc-4952-8923-f205902fffe2"
          [31m-[0m[0m "assistant_integration_id" = "4b7458b1-90ce-4066-8dca-8ea972a7c909"
        } [90m-> null[0m[0m
      [31m-[0m[0m sensitive_environment = (sensitive value) [90m-> null[0m[0m
      [31m-[0m[0m working_directory     = "." [90m-> null[0m[0m
        [90m# (1 unchanged attribute hidden)[0m[0m

      [31m-[0m[0m lifecycle_commands {
          [31m-[0m[0m create = <<-EOT
                #!/usr/bin/env bash
                
                set -e
                token=$(curl -fLsS -X POST 'https://iam.cloud.ibm.com/identity/token' -H 'Content-Type: application/x-www-form-urlencoded' -d "grant_type=urn:ibm:params:oauth:grant-type:apikey&apikey=$IBMCLOUD_API_KEY" | jq -r '.access_token')
                
                OUTPUT=$(curl -fLsS -X POST --location "$WATSON_ASSISTANT_URL/v2/assistants?version=$WATSON_ASSISTANT_API_VERSION" \
                    --header "Authorization: Bearer $token" \
                    --header "Content-Type: application/json" \
                    --data "{\"name\":\"$WATSON_ASSISTANT_NAME\",\"language\":\"$WATSON_ASSISTANT_LANGUAGE\",\"description\":\"$WATSON_ASSISTANT_DESCRIPTION\"}")
                
                ASSISTANT_ID=$(echo "$OUTPUT" | jq -r '.assistant_id')
                ENVIRONMENT_ID=$(echo "$OUTPUT" | jq -r '.assistant_environments[] | select(.name == "draft") | .environment_id')
                
                INTEGRATION_ID=$(curl -X GET --retry 3 -flsS --location "$WATSON_ASSISTANT_URL/v2/assistants/$ASSISTANT_ID/environments/$ENVIRONMENT_ID?version=2023-06-15" \
                    --header "Authorization: Bearer $token" \
                    --header "Content-Type: application/json" \
                    | jq -r '.integration_references[] | select(.type == "web_chat") | .integration_id ')
                
                jq -nS --arg assistant_id "$ASSISTANT_ID" --arg assistant_integration_id "$INTEGRATION_ID" '{"assistant_integration_id": $assistant_integration_id, "assistant_id": $assistant_id}'
            EOT [90m-> null[0m[0m
          [31m-[0m[0m delete = <<-EOT
                #!/usr/bin/env bash
                
                set -e
                
                token=$(curl -fLsS -X POST 'https://iam.cloud.ibm.com/identity/token' -H 'Content-Type: application/x-www-form-urlencoded' -d "grant_type=urn:ibm:params:oauth:grant-type:apikey&apikey=$IBMCLOUD_API_KEY" | jq -r '.access_token')
                
                IN=$(cat)
                EXISTING_ASSISTANT_ID=$(echo "$IN" | jq -r .assistant_id)
                
                OUTPUT=$(curl -flsS --retry 3 -X GET --location "$WATSON_ASSISTANT_URL/v2/assistants?version=$WATSON_ASSISTANT_API_VERSION" \
                  --header "Authorization: Bearer $token" \
                  --header "Content-Type: application/json" | jq -r '.assistants[] | select(.assistant_id == "'"$EXISTING_ASSISTANT_ID"'")')
                
                if [[ $OUTPUT ]]; then
                  curl -fLsS -X DELETE --location "$WATSON_ASSISTANT_URL/v2/assistants/$EXISTING_ASSISTANT_ID?version=$WATSON_ASSISTANT_API_VERSION" \
                      --header "Authorization: Bearer $token"
                fi
            EOT [90m-> null[0m[0m
          [31m-[0m[0m read   = <<-EOT
                #!/usr/bin/env bash
                
                set -e
                
                token=$(curl -fLsS -X POST 'https://iam.cloud.ibm.com/identity/token' -H 'Content-Type: application/x-www-form-urlencoded' -d "grant_type=urn:ibm:params:oauth:grant-type:apikey&apikey=$IBMCLOUD_API_KEY" | jq -r '.access_token')
                
                IN=$(cat)
                EXISTING_ASSISTANT_ID=$(echo "$IN" | jq -r .assistant_id)
                
                OUTPUT=$(curl -X GET --retry 3 -fLsS --location "$WATSON_ASSISTANT_URL/v2/assistants?version=$WATSON_ASSISTANT_API_VERSION" \
                  --header "Authorization: Bearer $token" \
                  --header "Content-Type: application/json" | jq -r '.assistants[] | select(.assistant_id == "'"$EXISTING_ASSISTANT_ID"'")')
                
                if [ -z "${OUTPUT}" ]; then
                  exit 1
                fi
                
                ASSISTANT_ID=$(echo "$OUTPUT" | jq -r '.assistant_id')
                ENVIRONMENT_ID=$(echo "$OUTPUT" | jq -r '.assistant_environments[] | select(.environment == "draft") | .environment_id')
                
                INTEGRATION_ID=$(curl -X GET --retry 3 -flsS --location "$WATSON_ASSISTANT_URL/v2/assistants/$ASSISTANT_ID/environments/$ENVIRONMENT_ID?version=$WATSON_ASSISTANT_API_VERSION" \
                    --header "Authorization: Bearer $token" \
                    --header "Content-Type: application/json" \
                    | jq -r '.integration_references[] | select(.type == "web_chat") | .integration_id ')
                
                jq -nS --arg assistant_id "$ASSISTANT_ID" --arg assistant_integration_id "$INTEGRATION_ID" '{"assistant_integration_id": $assistant_integration_id, "assistant_id": $assistant_id}'
            EOT [90m-> null[0m[0m
            [90m# (1 unchanged attribute hidden)[0m[0m
        }
    }

[1m  # module.configure_watson_assistant.time_sleep.wait_60_seconds[0m will be [1m[31mdestroyed[0m
[0m  [31m-[0m[0m resource "time_sleep" "wait_60_seconds" {
      [31m-[0m[0m create_duration = "60s" [90m-> null[0m[0m
      [31m-[0m[0m id              = "2025-12-10T06:56:47Z" [90m-> null[0m[0m
    }

[1m  # module.configure_wml_project[0].module.cos.module.cos_instance[0].ibm_resource_instance.cos_instance[0][0m will be [1m[31mdestroyed[0m
[0m  [31m-[0m[0m resource "ibm_resource_instance" "cos_instance" {
      [31m-[0m[0m account_id              = "abac0df06b644a9cabc6e44f55b3880e" [90m-> null[0m[0m
      [31m-[0m[0m allow_cleanup           = false [90m-> null[0m[0m
      [31m-[0m[0m created_at              = "2025-12-10T06:55:44.371Z" [90m-> null[0m[0m
      [31m-[0m[0m created_by              = "IBMid-69100165KL" [90m-> null[0m[0m
      [31m-[0m[0m crn                     = "crn:v1:bluemix:public:cloud-object-storage:global:a/abac0df06b644a9cabc6e44f55b3880e:be586e83-3c39-4a42-932d-3ebcf9d6f843::" [90m-> null[0m[0m
      [31m-[0m[0m dashboard_url           = "https://cloud.ibm.com/objectstorage/crn%3Av1%3Abluemix%3Apublic%3Acloud-object-storage%3Aglobal%3Aa%2Fabac0df06b644a9cabc6e44f55b3880e%3Abe586e83-3c39-4a42-932d-3ebcf9d6f843%3A%3A" [90m-> null[0m[0m
      [31m-[0m[0m extensions              = {} [90m-> null[0m[0m
      [31m-[0m[0m guid                    = "be586e83-3c39-4a42-932d-3ebcf9d6f843" [90m-> null[0m[0m
      [31m-[0m[0m id                      = "crn:v1:bluemix:public:cloud-object-storage:global:a/abac0df06b644a9cabc6e44f55b3880e:be586e83-3c39-4a42-932d-3ebcf9d6f843::" [90m-> null[0m[0m
      [31m-[0m[0m last_operation          = {
          [31m-[0m[0m "async"       = "false"
          [31m-[0m[0m "cancelable"  = "false"
          [31m-[0m[0m "description" = "Completed create instance operation"
          [31m-[0m[0m "poll"        = "false"
          [31m-[0m[0m "state"       = "succeeded"
          [31m-[0m[0m "type"        = "create"
        } [90m-> null[0m[0m
      [31m-[0m[0m location                = "global" [90m-> null[0m[0m
      [31m-[0m[0m locked                  = false [90m-> null[0m[0m
      [31m-[0m[0m name                    = "rag-da-tj2una-rag-sample-app-cos" [90m-> null[0m[0m
      [31m-[0m[0m onetime_credentials     = false [90m-> null[0m[0m
      [31m-[0m[0m plan                    = "standard" [90m-> null[0m[0m
      [31m-[0m[0m plan_history            = [
          [31m-[0m[0m {
              [31m-[0m[0m resource_plan_id = "744bfc56-d12c-4866-88d5-dac9139e0e5d"
              [31m-[0m[0m start_date       = "2025-12-10T06:55:44.371Z"
            },
        ] [90m-> null[0m[0m
      [31m-[0m[0m resource_aliases_url    = "/v2/resource_instances/be586e83-3c39-4a42-932d-3ebcf9d6f843/resource_aliases" [90m-> null[0m[0m
      [31m-[0m[0m resource_bindings_url   = "/v2/resource_instances/be586e83-3c39-4a42-932d-3ebcf9d6f843/resource_bindings" [90m-> null[0m[0m
      [31m-[0m[0m resource_controller_url = "https://cloud.ibm.com/services/" [90m-> null[0m[0m
      [31m-[0m[0m resource_crn            = "crn:v1:bluemix:public:cloud-object-storage:global:a/abac0df06b644a9cabc6e44f55b3880e:be586e83-3c39-4a42-932d-3ebcf9d6f843::" [90m-> null[0m[0m
      [31m-[0m[0m resource_group_crn      = "crn:v1:bluemix:public:resource-controller::a/abac0df06b644a9cabc6e44f55b3880e::resource-group:2c229fbcb1934d18b91bd6ec366cb260" [90m-> null[0m[0m
      [31m-[0m[0m resource_group_id       = "2c229fbcb1934d18b91bd6ec366cb260" [90m-> null[0m[0m
      [31m-[0m[0m resource_group_name     = "crn:v1:bluemix:public:resource-controller::a/abac0df06b644a9cabc6e44f55b3880e::resource-group:2c229fbcb1934d18b91bd6ec366cb260" [90m-> null[0m[0m
      [31m-[0m[0m resource_id             = "dff97f5c-bc5e-4455-b470-411c3edbe49c" [90m-> null[0m[0m
      [31m-[0m[0m resource_keys_url       = "/v2/resource_instances/be586e83-3c39-4a42-932d-3ebcf9d6f843/resource_keys" [90m-> null[0m[0m
      [31m-[0m[0m resource_name           = "rag-da-tj2una-rag-sample-app-cos" [90m-> null[0m[0m
      [31m-[0m[0m resource_plan_id        = "744bfc56-d12c-4866-88d5-dac9139e0e5d" [90m-> null[0m[0m
      [31m-[0m[0m resource_status         = "active" [90m-> null[0m[0m
      [31m-[0m[0m service                 = "cloud-object-storage" [90m-> null[0m[0m
      [31m-[0m[0m state                   = "active" [90m-> null[0m[0m
      [31m-[0m[0m status                  = "active" [90m-> null[0m[0m
      [31m-[0m[0m tags                    = [] [90m-> null[0m[0m
      [31m-[0m[0m target_crn              = "crn:v1:bluemix:public:globalcatalog::::deployment:744bfc56-d12c-4866-88d5-dac9139e0e5d%3Aglobal" [90m-> null[0m[0m
      [31m-[0m[0m type                    = "service_instance" [90m-> null[0m[0m
      [31m-[0m[0m update_at               = "2025-12-10T06:55:47.027Z" [90m-> null[0m[0m
        [90m# (5 unchanged attributes hidden)[0m[0m
    }

[1m  # module.configure_wml_project[0].module.cos.module.cos_instance[0].random_string.bucket_name_suffix[0][0m will be [1m[31mdestroyed[0m
[0m  [31m-[0m[0m resource "random_string" "bucket_name_suffix" {
      [31m-[0m[0m id          = "jq2k" [90m-> null[0m[0m
      [31m-[0m[0m length      = 4 [90m-> null[0m[0m
      [31m-[0m[0m lower       = true [90m-> null[0m[0m
      [31m-[0m[0m min_lower   = 0 [90m-> null[0m[0m
      [31m-[0m[0m min_numeric = 0 [90m-> null[0m[0m
      [31m-[0m[0m min_special = 0 [90m-> null[0m[0m
      [31m-[0m[0m min_upper   = 0 [90m-> null[0m[0m
      [31m-[0m[0m number      = true [90m-> null[0m[0m
      [31m-[0m[0m numeric     = true [90m-> null[0m[0m
      [31m-[0m[0m result      = "jq2k" [90m-> null[0m[0m
      [31m-[0m[0m special     = false [90m-> null[0m[0m
      [31m-[0m[0m upper       = false [90m-> null[0m[0m
    }

[1mPlan:[0m 0 to add, 0 to change, 31 to destroy.
[0m
Changes to Outputs:
  [31m-[0m[0m cluster_workload_ingress_subdomain = "rag-da-tj2una-3b5bf5f75003778663c521c8c35ad277-0001.us-south.containers.appdomain.cloud" [90m-> null[0m[0m
  [31m-[0m[0m cos_instance_crn                   = "crn:v1:bluemix:public:cloud-object-storage:global:a/abac0df06b644a9cabc6e44f55b3880e:be586e83-3c39-4a42-932d-3ebcf9d6f843::" [90m-> null[0m[0m
  [31m-[0m[0m elastic_collection_count           = 0 [90m-> null[0m[0m
  [31m-[0m[0m sample_app_public_url              = "https://gen-ai-rag-sample-app-tls-dev.rag-da-tj2una-3b5bf5f75003778663c521c8c35ad277-0001.us-south.containers.appdomain.cloud" [90m-> null[0m[0m
  [31m-[0m[0m watson_discovery_api_url           = "https://api.us-south.discovery.watson.cloud.ibm.com/instances/1443f64b-f7a4-4336-a6fd-867fd01f1aaf" [90m-> null[0m[0m
  [31m-[0m[0m watson_discovery_project_id        = "ac550261-8169-436a-9fa3-f74aed105a88" [90m-> null[0m[0m
  [31m-[0m[0m watsonx_assistant_api_url          = "https://api.us-south.assistant.watson.cloud.ibm.com/instances/1561d39c-06f1-442a-b1a4-3bed06835dda" [90m-> null[0m[0m
  [31m-[0m[0m watsonx_assistant_environment      = {
      [31m-[0m[0m assistant_id           = "985ba2d9-57bc-4952-8923-f205902fffe2"
      [31m-[0m[0m description            = "Generative AI sample app assistant"
      [31m-[0m[0m environment            = "draft"
      [31m-[0m[0m environment_id         = "df7448aa-a961-461b-9ffe-4c14a7c30f9d"
      [31m-[0m[0m integration_references = [
          [31m-[0m[0m {
              [31m-[0m[0m integration_id = "4b7458b1-90ce-4066-8dca-8ea972a7c909"
              [31m-[0m[0m type           = "web_chat"
            },
          [31m-[0m[0m {
              [31m-[0m[0m integration_id = "40880612-3ce5-4c1b-a4f6-f729037d3a10"
              [31m-[0m[0m type           = "preview_link"
            },
        ]
      [31m-[0m[0m name                   = "draft"
      [31m-[0m[0m orchestration          = {
          [31m-[0m[0m search_skill_fallback = false
        }
      [31m-[0m[0m session_timeout        = 3600
      [31m-[0m[0m skill_references       = [
          [31m-[0m[0m {
              [31m-[0m[0m disabled        = false
              [31m-[0m[0m skill_id        = "2997f31d-ed46-44be-933d-3fd87be9bb53"
              [31m-[0m[0m skill_reference = "actions skill"
              [31m-[0m[0m snapshot        = "draft"
              [31m-[0m[0m type            = "action"
            },
          [31m-[0m[0m {
              [31m-[0m[0m disabled        = true
              [31m-[0m[0m skill_id        = "a6500b1a-297d-4c98-b277-7196e1837f22"
              [31m-[0m[0m skill_reference = "search skill"
              [31m-[0m[0m type            = "search"
            },
          [31m-[0m[0m {
              [31m-[0m[0m disabled        = true
              [31m-[0m[0m skill_id        = "d1ec0e47-f8d0-4285-b51a-3980a7b6c08b"
              [31m-[0m[0m skill_reference = "main skill"
              [31m-[0m[0m snapshot        = "draft"
              [31m-[0m[0m type            = "dialog"
            },
        ]
    } [90m-> null[0m[0m
  [31m-[0m[0m watsonx_assistant_integration_id   = "4b7458b1-90ce-4066-8dca-8ea972a7c909" [90m-> null[0m[0m
  [31m-[0m[0m watsonx_assistant_skills_status    = {
      [31m-[0m[0m action = [90mnull[0m[0m
      [31m-[0m[0m search = [90mnull[0m[0m
    } [90m-> null[0m[0m
[0m[1mmodule.configure_discovery_project[0].null_resource.discovery_file_upload: Destroying... [id=455004669429021087][0m[0m
[0m[1mmodule.configure_watson_assistant.time_sleep.wait_60_seconds: Destroying... [id=2025-12-10T06:56:47Z][0m[0m
[0m[1mmodule.configure_discovery_project[0].null_resource.discovery_file_upload: Destruction complete after 0s[0m
[0m[1mmodule.configure_wml_project[0].module.cos.module.cos_instance[0].random_string.bucket_name_suffix[0]: Destroying... [id=jq2k][0m[0m
[0m[1mmodule.configure_watson_assistant.time_sleep.wait_60_seconds: Destruction complete after 0s[0m
[0m[1mmodule.configure_wml_project[0].module.cos.module.cos_instance[0].random_string.bucket_name_suffix[0]: Destruction complete after 0s[0m
[0m[1mibm_cd_tekton_pipeline_property.watsonx_assistant_id_pipeline_property_cd: Destroying... [id=70b60c36-da62-4d8d-82c2-e0c7e5975db1/watsonx_assistant_id][0m[0m
[0m[1mibm_cd_tekton_pipeline_property.watsonx_assistant_id_pipeline_property_ci: Destroying... [id=32d0fab2-15fb-4a88-a7d5-23a21aac0afe/watsonx_assistant_id][0m[0m
[0m[1mmodule.cluster_ingress[0].ibm_is_network_acl_rule.alb_https_req[0]: Destroying... [id=r006-b8574434-7899-4fff-a85b-787650fb55e3/996bd27b-1a4b-45aa-946c-be6365b49d25][0m[0m
[0m[1mmodule.cluster_ingress[0].ibm_is_network_acl_rule.alb_https_resp[0]: Destroying... [id=r006-b8574434-7899-4fff-a85b-787650fb55e3/f7d94d2e-e4ee-4750-b69a-1a18e01b4a3e][0m[0m
[0m[1mibm_cd_tekton_pipeline_property.watsonx_assistant_integration_id_pipeline_property_ci: Destroying... [id=32d0fab2-15fb-4a88-a7d5-23a21aac0afe/watsonx_assistant_integration_id][0m[0m
[0m[1mibm_cd_tekton_pipeline_property.cluster_public_ingress_subdomain_pipeline_property_cd[0]: Destroying... [id=70b60c36-da62-4d8d-82c2-e0c7e5975db1/cluster_public_ingress_subdomain][0m[0m
[0m[1mibm_cd_tekton_pipeline_property.application_flavor_pipeline_property_cd: Destroying... [id=70b60c36-da62-4d8d-82c2-e0c7e5975db1/app-flavor][0m[0m
[0m[1mibm_cd_tekton_pipeline_property.application_flavor_pipeline_property_ci: Destroying... [id=32d0fab2-15fb-4a88-a7d5-23a21aac0afe/app-flavor][0m[0m
[0m[1mmodule.cluster_ingress[0].ibm_is_network_acl_rule.alb_https_req[1]: Destroying... [id=r006-b8574434-7899-4fff-a85b-787650fb55e3/11d9eb9c-4ad9-4690-8312-1c2a98cf54fc][0m[0m
[0m[1mmodule.cluster_ingress[0].ibm_is_network_acl_rule.alb_https_resp[1]: Destroying... [id=r006-b8574434-7899-4fff-a85b-787650fb55e3/5e8350f1-347d-4fe9-86b6-b5b0c16f7617][0m[0m
[0m[1mibm_cd_tekton_pipeline_property.watsonx_assistant_id_pipeline_property_ci: Destruction complete after 2s[0m
[0m[1mibm_cd_tekton_pipeline_property.watsonx_assistant_region_pipeline_property_ci: Destroying... [id=32d0fab2-15fb-4a88-a7d5-23a21aac0afe/watsonx_assistant_region][0m[0m
[0m[1mibm_cd_tekton_pipeline_property.watsonx_assistant_id_pipeline_property_cd: Destruction complete after 2s[0m
[0m[1mibm_cd_tekton_pipeline_property.application_flavor_pipeline_property_ci: Destruction complete after 2s[0m
[0m[1mibm_cd_tekton_pipeline_property.cluster_public_ingress_subdomain_pipeline_property_ci[0]: Destroying... [id=32d0fab2-15fb-4a88-a7d5-23a21aac0afe/cluster_public_ingress_subdomain][0m[0m
[0m[1mibm_cd_tekton_pipeline_property.watsonx_assistant_integration_id_pipeline_property_cd: Destroying... [id=70b60c36-da62-4d8d-82c2-e0c7e5975db1/watsonx_assistant_integration_id][0m[0m
[0m[1mmodule.cluster_ingress[0].ibm_is_network_acl_rule.alb_https_resp[0]: Destruction complete after 3s[0m
[0m[1mibm_cd_tekton_pipeline_trigger_property.ci_pipeline_webhook_branch_property: Destroying... [id=32d0fab2-15fb-4a88-a7d5-23a21aac0afe/5f855083-958f-4606-8cb9-be7c06bdfc99/branch][0m[0m
[0m[1mmodule.cluster_ingress[0].ibm_is_network_acl_rule.alb_https_req[0]: Destruction complete after 3s[0m
[0m[1mibm_cd_tekton_pipeline_property.resource_group_name_pipeline_property_ci[0]: Destroying... [id=32d0fab2-15fb-4a88-a7d5-23a21aac0afe/dev-resource-group][0m[0m
[0m[1mmodule.cluster_ingress[0].ibm_is_network_acl_rule.alb_https_resp[1]: Destruction complete after 2s[0m
[0m[1mibm_cd_tekton_pipeline_property.watsonx_assistant_region_pipeline_property_cd: Destroying... [id=70b60c36-da62-4d8d-82c2-e0c7e5975db1/watsonx_assistant_region][0m[0m
[0m[1mmodule.cluster_ingress[0].ibm_is_network_acl_rule.alb_https_req[1]: Destruction complete after 3s[0m
[0m[1mmodule.configure_wml_project[0].module.cos.module.cos_instance[0].ibm_resource_instance.cos_instance[0]: Destroying... [id=crn:v1:bluemix:public:cloud-object-storage:global:a/abac0df06b644a9cabc6e44f55b3880e:be586e83-3c39-4a42-932d-3ebcf9d6f843::][0m[0m
[0m[1mibm_cd_tekton_pipeline_property.cluster_public_ingress_subdomain_pipeline_property_cd[0]: Destruction complete after 3s[0m
[0m[1mibm_cd_tekton_pipeline_property.watsonx_assistant_region_pipeline_property_ci: Destruction complete after 1s[0m
[0m[1mibm_cd_tekton_pipeline_property.watsonx_assistant_integration_id_pipeline_property_cd: Destruction complete after 1s[0m
[0m[1mmodule.cluster_ingress[0].time_sleep.wait_for_alb_provisioning: Destroying... [id=2025-12-10T07:11:25Z][0m[0m
[0m[1mmodule.cluster_ingress[0].restapi_object.workload_nlb_dns_cleanup: Destroying... [id=rag-da-tj2una-3b5bf5f75003778663c521c8c35ad277-0001.us-south.containers.appdomain.cloud][0m[0m
[0m[1mmodule.configure_discovery_project[0].restapi_object.configure_discovery_collection: Destroying... [id=1c79211d-aacc-2ecf-0000-019b070b6e9a][0m[0m
[0m[1mibm_cd_tekton_pipeline_property.watsonx_assistant_integration_id_pipeline_property_ci: Destruction complete after 3s[0m
[0m[1mibm_cd_tekton_pipeline_property.application_flavor_pipeline_property_cd: Destruction complete after 3s[0m
[0m[1mmodule.configure_watson_assistant.shell_script.watson_assistant: Destroying... [id=d4shism42semn02ruuc0][0m[0m
[0m[1mibm_cd_tekton_pipeline_property.resource_group_name_pipeline_property_ci[0]: Destruction complete after 1s[0m
[0m[1mibm_cd_tekton_pipeline_trigger_property.ci_pipeline_webhook_branch_property: Destruction complete after 1s[0m
[0m[1mibm_cd_tekton_pipeline_trigger.ci_pipeline_webhook: Destroying... [id=32d0fab2-15fb-4a88-a7d5-23a21aac0afe/5f855083-958f-4606-8cb9-be7c06bdfc99][0m[0m
[0m[1mibm_cd_tekton_pipeline_property.watsonx_assistant_region_pipeline_property_cd: Destruction complete after 1s[0m
[0m[1mibm_cd_tekton_pipeline_property.cluster_public_ingress_subdomain_pipeline_property_ci[0]: Destruction complete after 2s[0m
[0m[1mibm_cd_tekton_pipeline_trigger.ci_pipeline_webhook: Destruction complete after 1s[0m
[0m[1mrandom_string.webhook_secret: Destroying... [id=bhvd7wr2v1knuphrolgwa7d3iy97zlz01048e25jmym2j5as][0m[0m
[0m[1mrandom_string.webhook_secret: Destruction complete after 0s[0m
[0m[1mmodule.configure_discovery_project[0].restapi_object.configure_discovery_collection: Destruction complete after 4s[0m
[0m[1mmodule.configure_discovery_project[0].restapi_object.configure_discovery_project: Destroying... [id=ac550261-8169-436a-9fa3-f74aed105a88][0m[0m
[0m[1mmodule.cluster_ingress[0].restapi_object.workload_nlb_dns_cleanup: Destruction complete after 5s[0m
[0m[1mmodule.cluster_ingress[0].restapi_object.workload_nlb_dns_patch: Destroying... [id=rag-da-tj2una-3b5bf5f75003778663c521c8c35ad277-0001.us-south.containers.appdomain.cloud][0m[0m
[0m[1mmodule.cluster_ingress[0].time_sleep.wait_for_alb_provisioning: Destruction complete after 5s[0m
[0m[1mmodule.configure_discovery_project[0].restapi_object.configure_discovery_project: Destruction complete after 1s[0m
[0m[1mmodule.cluster_ingress[0].restapi_object.workload_nlb_dns_patch: Destruction complete after 1s[0m
[0m[1mmodule.cluster_ingress[0].time_sleep.wait_for_ingress_provisioning: Destroying... [id=2025-12-10T07:08:57Z][0m[0m
[0m[1mmodule.configure_watson_assistant.shell_script.watson_assistant: Destruction complete after 9s[0m
[0m[1mmodule.configure_wml_project[0].module.cos.module.cos_instance[0].ibm_resource_instance.cos_instance[0]: Still destroying... [id=crn:v1:bluemix:public:cloud-object-stor...be586e83-3c39-4a42-932d-3ebcf9d6f843::, 00m10s elapsed][0m[0m
[0m[1mmodule.cluster_ingress[0].time_sleep.wait_for_ingress_provisioning: Destruction complete after 5s[0m
[0m[1mmodule.configure_wml_project[0].module.cos.module.cos_instance[0].ibm_resource_instance.cos_instance[0]: Destruction complete after 14s[0m
[0m[1mmodule.cluster_ingress[0].kubernetes_manifest.workload_ingress: Destroying...[0m[0m
[0m[1mmodule.cluster_ingress[0].kubernetes_manifest.workload_ingress: Still destroying... [00m10s elapsed][0m[0m
[0m[1mmodule.cluster_ingress[0].kubernetes_manifest.workload_ingress: Still destroying... [00m20s elapsed][0m[0m
[0m[1mmodule.cluster_ingress[0].kubernetes_manifest.workload_ingress: Still destroying... [00m30s elapsed][0m[0m
[0m[1mmodule.cluster_ingress[0].kubernetes_manifest.workload_ingress: Still destroying... [00m40s elapsed][0m[0m
[0m[1mmodule.cluster_ingress[0].kubernetes_manifest.workload_ingress: Destruction complete after 49s[0m
[0m[1mmodule.cluster_ingress[0].restapi_object.workload_nlb_dns: Destroying... [id=rag-da-tj2una-3b5bf5f75003778663c521c8c35ad277-0001.us-south.containers.appdomain.cloud][0m[0m
[0m[1mmodule.cluster_ingress[0].restapi_object.workload_nlb_dns: Destruction complete after 3s[0m
[0m[1m[32m
Destroy complete! Resources: 31 destroyed.
[0m
TestRunBankingSolutions 2025-12-10T12:43:25+05:30 tests.go:280: END: Destroy
    pr_test.go:203: 
        	Error Trace:	/Users/raagamounica/OneDrive - IBM/GIT_REPOS/terraform-ibm-rag-sample-da/tests/pr_test.go:203
        	Error:      	Expected nil, but got: retry.FatalError{Underlying:(*shell.ErrWithCmdOutput)(0x14000618018)}
        	Test:       	TestRunBankingSolutions
        	Messages:   	This should not have errored
TestRunBankingSolutions 2025-12-10T12:43:25+05:30 pr_test.go:213: START: Destroy (existing resources)
TestRunBankingSolutions 2025-12-10T12:43:25+05:30 retry.go:91: terraform [destroy -auto-approve -input=false -var prefix=rag-da-tj2una -var region=us-south -var create_ocp_cluster=true -lock=false]
TestRunBankingSolutions 2025-12-10T12:43:25+05:30 logger.go:67: Running command terraform with args [destroy -auto-approve -input=false -var prefix=rag-da-tj2una -var region=us-south -var create_ocp_cluster=true -lock=false]
TestRunBankingSolutions 2025-12-10T12:43:26+05:30 logger.go:67: [0m[1mmodule.ocp_base[0].module.cos_instance[0].random_string.bucket_name_suffix[0]: Refreshing state... [id=s7g6][0m
TestRunBankingSolutions 2025-12-10T12:43:27+05:30 logger.go:67: [0m[1mmodule.resource_group.ibm_resource_group.resource_group[0]: Refreshing state... [id=2c229fbcb1934d18b91bd6ec366cb260][0m
TestRunBankingSolutions 2025-12-10T12:43:30+05:30 logger.go:67: [0m[1mibm_resource_instance.machine_learning_instance: Refreshing state... [id=crn:v1:bluemix:public:pm-20:us-south:a/abac0df06b644a9cabc6e44f55b3880e:8a9676c7-a3cc-4170-aef6-310322720dd0::][0m
TestRunBankingSolutions 2025-12-10T12:43:30+05:30 logger.go:67: [0m[1mmodule.ocp_base[0].data.ibm_container_cluster_versions.cluster_versions: Reading...[0m[0m
TestRunBankingSolutions 2025-12-10T12:43:30+05:30 logger.go:67: [0m[1mibm_resource_instance.cd_instance: Refreshing state... [id=crn:v1:bluemix:public:continuous-delivery:us-south:a/abac0df06b644a9cabc6e44f55b3880e:84ab387f-bb0c-4d37-8da1-75a525891b33::][0m
TestRunBankingSolutions 2025-12-10T12:43:30+05:30 logger.go:67: [0m[1mibm_resource_instance.discovery_instance: Refreshing state... [id=crn:v1:bluemix:public:discovery:us-south:a/abac0df06b644a9cabc6e44f55b3880e:1443f64b-f7a4-4336-a6fd-867fd01f1aaf::][0m
TestRunBankingSolutions 2025-12-10T12:43:30+05:30 logger.go:67: [0m[1mibm_resource_instance.assistant_instance: Refreshing state... [id=crn:v1:bluemix:public:conversation:us-south:a/abac0df06b644a9cabc6e44f55b3880e:1561d39c-06f1-442a-b1a4-3bed06835dda::][0m
TestRunBankingSolutions 2025-12-10T12:43:30+05:30 logger.go:67: [0m[1mibm_is_vpc.vpc[0]: Refreshing state... [id=r006-e17948de-378c-4508-902e-7701e6a2446d][0m
TestRunBankingSolutions 2025-12-10T12:43:30+05:30 logger.go:67: [0m[1mmodule.ocp_base[0].module.cos_instance[0].ibm_resource_instance.cos_instance[0]: Refreshing state... [id=crn:v1:bluemix:public:cloud-object-storage:global:a/abac0df06b644a9cabc6e44f55b3880e:0378507d-21c8-45b4-aa38-431f17160dd2::][0m
TestRunBankingSolutions 2025-12-10T12:43:31+05:30 logger.go:67: [0m[1mmodule.ocp_base[0].data.ibm_container_cluster_versions.cluster_versions: Read complete after 1s [id=2025-12-10 07:13:31.820557 +0000 UTC][0m
TestRunBankingSolutions 2025-12-10T12:43:33+05:30 logger.go:67: [0m[1mibm_cd_toolchain.cd_toolchain_instance: Refreshing state... [id=5be5ff32-13a4-4cbe-ab1a-8a8fc3de9d8b][0m
TestRunBankingSolutions 2025-12-10T12:43:33+05:30 logger.go:67: [0m[1mibm_cd_toolchain_tool_pipeline.ci_toolchain_tool_pipeline_instance: Refreshing state... [id=5be5ff32-13a4-4cbe-ab1a-8a8fc3de9d8b/32d0fab2-15fb-4a88-a7d5-23a21aac0afe][0m
TestRunBankingSolutions 2025-12-10T12:43:33+05:30 logger.go:67: [0m[1mibm_cd_toolchain_tool_pipeline.cd_toolchain_tool_pipeline_instance: Refreshing state... [id=5be5ff32-13a4-4cbe-ab1a-8a8fc3de9d8b/70b60c36-da62-4d8d-82c2-e0c7e5975db1][0m
TestRunBankingSolutions 2025-12-10T12:43:34+05:30 logger.go:67: [0m[1mibm_cd_tekton_pipeline.cd_tekton_pipeline_instance: Refreshing state... [id=70b60c36-da62-4d8d-82c2-e0c7e5975db1][0m
TestRunBankingSolutions 2025-12-10T12:43:34+05:30 logger.go:67: [0m[1mibm_cd_tekton_pipeline.ci_tekton_pipeline_instance: Refreshing state... [id=32d0fab2-15fb-4a88-a7d5-23a21aac0afe][0m
TestRunBankingSolutions 2025-12-10T12:43:36+05:30 logger.go:67: [0m[1mibm_is_public_gateway.gateway[0]: Refreshing state... [id=r006-8f35b8cd-af6d-4036-92b0-7e993d92dd41][0m
TestRunBankingSolutions 2025-12-10T12:43:38+05:30 logger.go:67: [0m[1mibm_is_subnet.subnet_zone_1[0]: Refreshing state... [id=0717-0092fcc3-43f2-4fd0-b34a-5250ddf61d68][0m
TestRunBankingSolutions 2025-12-10T12:43:40+05:30 logger.go:67: [0m[1mmodule.ocp_base[0].ibm_container_vpc_cluster.cluster[0]: Refreshing state... [id=d4sgns2d0k79ij8ttff0][0m
TestRunBankingSolutions 2025-12-10T12:43:46+05:30 logger.go:67: [0m[1mmodule.ocp_base[0].data.ibm_container_addons.existing_addons: Reading...[0m[0m
TestRunBankingSolutions 2025-12-10T12:43:46+05:30 logger.go:67: [0m[1mmodule.ocp_base[0].data.ibm_container_cluster_config.cluster_config[0]: Reading...[0m[0m
TestRunBankingSolutions 2025-12-10T12:43:46+05:30 logger.go:67: [0m[1mmodule.ocp_base[0].module.worker_pools.ibm_container_vpc_worker_pool.pool["default"]: Refreshing state... [id=d4sgns2d0k79ij8ttff0/d4sgns2d0k79ij8ttff0-67ec643][0m
TestRunBankingSolutions 2025-12-10T12:43:48+05:30 logger.go:67: [0m[1mmodule.ocp_base[0].data.ibm_container_addons.existing_addons: Read complete after 2s [id=d4sgns2d0k79ij8ttff0][0m
TestRunBankingSolutions 2025-12-10T12:43:53+05:30 logger.go:67: [0m[1mmodule.ocp_base[0].module.worker_pools.data.ibm_container_vpc_worker_pool.all_pools["default"]: Reading...[0m[0m
TestRunBankingSolutions 2025-12-10T12:43:55+05:30 logger.go:67: [0m[1mmodule.ocp_base[0].module.worker_pools.data.ibm_container_vpc_worker_pool.all_pools["default"]: Read complete after 3s [id=d4sgns2d0k79ij8ttff0-67ec643][0m
TestRunBankingSolutions 2025-12-10T12:43:56+05:30 logger.go:67: [0m[1mmodule.ocp_base[0].data.ibm_container_cluster_config.cluster_config[0]: Still reading... [00m10s elapsed][0m[0m
TestRunBankingSolutions 2025-12-10T12:43:57+05:30 logger.go:67: [0m[1mmodule.ocp_base[0].data.ibm_container_cluster_config.cluster_config[0]: Read complete after 10s [id=d4sgns2d0k79ij8ttff0][0m
TestRunBankingSolutions 2025-12-10T12:43:57+05:30 logger.go:67: [0m[1mmodule.ocp_base[0].null_resource.confirm_network_healthy[0]: Refreshing state... [id=9195400366394302061][0m
TestRunBankingSolutions 2025-12-10T12:43:57+05:30 logger.go:67: [0m[1mmodule.ocp_base[0].ibm_container_addons.addons: Refreshing state... [id=d4sgns2d0k79ij8ttff0][0m
TestRunBankingSolutions 2025-12-10T12:44:01+05:30 logger.go:67: 
TestRunBankingSolutions 2025-12-10T12:44:01+05:30 logger.go:67: Terraform used the selected providers to generate the following execution
TestRunBankingSolutions 2025-12-10T12:44:01+05:30 logger.go:67: plan. Resource actions are indicated with the following symbols:
TestRunBankingSolutions 2025-12-10T12:44:01+05:30 logger.go:67:   [31m-[0m destroy[0m
TestRunBankingSolutions 2025-12-10T12:44:01+05:30 logger.go:67: 
TestRunBankingSolutions 2025-12-10T12:44:01+05:30 logger.go:67: Terraform will perform the following actions:
TestRunBankingSolutions 2025-12-10T12:44:01+05:30 logger.go:67: 
TestRunBankingSolutions 2025-12-10T12:44:01+05:30 logger.go:67: [1m  # ibm_cd_tekton_pipeline.cd_tekton_pipeline_instance[0m will be [1m[31mdestroyed[0m
TestRunBankingSolutions 2025-12-10T12:44:01+05:30 logger.go:67: [0m  [31m-[0m[0m resource "ibm_cd_tekton_pipeline" "cd_tekton_pipeline_instance" {
TestRunBankingSolutions 2025-12-10T12:44:01+05:30 logger.go:67:       [31m-[0m[0m build_number           = 0 [90m-> null[0m[0m
TestRunBankingSolutions 2025-12-10T12:44:01+05:30 logger.go:67:       [31m-[0m[0m created_at             = "2025-12-10T05:57:30.529Z" [90m-> null[0m[0m
TestRunBankingSolutions 2025-12-10T12:44:01+05:30 logger.go:67:       [31m-[0m[0m definitions            = [] [90m-> null[0m[0m
TestRunBankingSolutions 2025-12-10T12:44:01+05:30 logger.go:67:       [31m-[0m[0m enable_notifications   = false [90m-> null[0m[0m
TestRunBankingSolutions 2025-12-10T12:44:01+05:30 logger.go:67:       [31m-[0m[0m enable_partial_cloning = false [90m-> null[0m[0m
TestRunBankingSolutions 2025-12-10T12:44:01+05:30 logger.go:67:       [31m-[0m[0m enabled                = true [90m-> null[0m[0m
TestRunBankingSolutions 2025-12-10T12:44:01+05:30 logger.go:67:       [31m-[0m[0m href                   = "https://api.us-south.devops.cloud.ibm.com/pipeline/v2/tekton_pipelines/70b60c36-da62-4d8d-82c2-e0c7e5975db1" [90m-> null[0m[0m
TestRunBankingSolutions 2025-12-10T12:44:01+05:30 logger.go:67:       [31m-[0m[0m id                     = "70b60c36-da62-4d8d-82c2-e0c7e5975db1" [90m-> null[0m[0m
TestRunBankingSolutions 2025-12-10T12:44:01+05:30 logger.go:67:       [31m-[0m[0m name                   = "rag-da-tj2una-pipeline-cd-01" [90m-> null[0m[0m
TestRunBankingSolutions 2025-12-10T12:44:01+05:30 logger.go:67:       [31m-[0m[0m pipeline_id            = "70b60c36-da62-4d8d-82c2-e0c7e5975db1" [90m-> null[0m[0m
TestRunBankingSolutions 2025-12-10T12:44:01+05:30 logger.go:67:       [31m-[0m[0m properties             = [] [90m-> null[0m[0m
TestRunBankingSolutions 2025-12-10T12:44:01+05:30 logger.go:67:       [31m-[0m[0m resource_group         = [
TestRunBankingSolutions 2025-12-10T12:44:01+05:30 logger.go:67:           [31m-[0m[0m {
TestRunBankingSolutions 2025-12-10T12:44:01+05:30 logger.go:67:               [31m-[0m[0m id = "2c229fbcb1934d18b91bd6ec366cb260"
TestRunBankingSolutions 2025-12-10T12:44:01+05:30 logger.go:67:             },
TestRunBankingSolutions 2025-12-10T12:44:01+05:30 logger.go:67:         ] [90m-> null[0m[0m
TestRunBankingSolutions 2025-12-10T12:44:01+05:30 logger.go:67:       [31m-[0m[0m runs_url               = "https://cloud.ibm.com/devops/pipelines/tekton/70b60c36-da62-4d8d-82c2-e0c7e5975db1?env_id=ibm:yp:us-south" [90m-> null[0m[0m
TestRunBankingSolutions 2025-12-10T12:44:01+05:30 logger.go:67:       [31m-[0m[0m status                 = "configured" [90m-> null[0m[0m
TestRunBankingSolutions 2025-12-10T12:44:01+05:30 logger.go:67:       [31m-[0m[0m toolchain              = [
TestRunBankingSolutions 2025-12-10T12:44:01+05:30 logger.go:67:           [31m-[0m[0m {
TestRunBankingSolutions 2025-12-10T12:44:01+05:30 logger.go:67:               [31m-[0m[0m crn = "crn:v1:bluemix:public:toolchain:us-south:a/abac0df06b644a9cabc6e44f55b3880e:5be5ff32-13a4-4cbe-ab1a-8a8fc3de9d8b::"
TestRunBankingSolutions 2025-12-10T12:44:01+05:30 logger.go:67:               [31m-[0m[0m id  = "5be5ff32-13a4-4cbe-ab1a-8a8fc3de9d8b"
TestRunBankingSolutions 2025-12-10T12:44:01+05:30 logger.go:67:             },
TestRunBankingSolutions 2025-12-10T12:44:01+05:30 logger.go:67:         ] [90m-> null[0m[0m
TestRunBankingSolutions 2025-12-10T12:44:01+05:30 logger.go:67:       [31m-[0m[0m triggers               = [] [90m-> null[0m[0m
TestRunBankingSolutions 2025-12-10T12:44:01+05:30 logger.go:67:       [31m-[0m[0m updated_at             = "2025-12-10T05:57:35.008Z" [90m-> null[0m[0m
TestRunBankingSolutions 2025-12-10T12:44:01+05:30 logger.go:67: 
TestRunBankingSolutions 2025-12-10T12:44:01+05:30 logger.go:67:       [31m-[0m[0m worker {
TestRunBankingSolutions 2025-12-10T12:44:01+05:30 logger.go:67:           [31m-[0m[0m id   = "public" [90m-> null[0m[0m
TestRunBankingSolutions 2025-12-10T12:44:01+05:30 logger.go:67:           [31m-[0m[0m name = "IBM Managed workers in DALLAS" [90m-> null[0m[0m
TestRunBankingSolutions 2025-12-10T12:44:01+05:30 logger.go:67:           [31m-[0m[0m type = "public" [90m-> null[0m[0m
TestRunBankingSolutions 2025-12-10T12:44:01+05:30 logger.go:67:         }
TestRunBankingSolutions 2025-12-10T12:44:01+05:30 logger.go:67:     }
TestRunBankingSolutions 2025-12-10T12:44:01+05:30 logger.go:67: 
TestRunBankingSolutions 2025-12-10T12:44:01+05:30 logger.go:67: [1m  # ibm_cd_tekton_pipeline.ci_tekton_pipeline_instance[0m will be [1m[31mdestroyed[0m
TestRunBankingSolutions 2025-12-10T12:44:01+05:30 logger.go:67: [0m  [31m-[0m[0m resource "ibm_cd_tekton_pipeline" "ci_tekton_pipeline_instance" {
TestRunBankingSolutions 2025-12-10T12:44:01+05:30 logger.go:67:       [31m-[0m[0m build_number           = 0 [90m-> null[0m[0m
TestRunBankingSolutions 2025-12-10T12:44:01+05:30 logger.go:67:       [31m-[0m[0m created_at             = "2025-12-10T05:57:29.967Z" [90m-> null[0m[0m
TestRunBankingSolutions 2025-12-10T12:44:01+05:30 logger.go:67:       [31m-[0m[0m definitions            = [] [90m-> null[0m[0m
TestRunBankingSolutions 2025-12-10T12:44:01+05:30 logger.go:67:       [31m-[0m[0m enable_notifications   = false [90m-> null[0m[0m
TestRunBankingSolutions 2025-12-10T12:44:01+05:30 logger.go:67:       [31m-[0m[0m enable_partial_cloning = false [90m-> null[0m[0m
TestRunBankingSolutions 2025-12-10T12:44:01+05:30 logger.go:67:       [31m-[0m[0m enabled                = true [90m-> null[0m[0m
TestRunBankingSolutions 2025-12-10T12:44:01+05:30 logger.go:67:       [31m-[0m[0m href                   = "https://api.us-south.devops.cloud.ibm.com/pipeline/v2/tekton_pipelines/32d0fab2-15fb-4a88-a7d5-23a21aac0afe" [90m-> null[0m[0m
TestRunBankingSolutions 2025-12-10T12:44:01+05:30 logger.go:67:       [31m-[0m[0m id                     = "32d0fab2-15fb-4a88-a7d5-23a21aac0afe" [90m-> null[0m[0m
TestRunBankingSolutions 2025-12-10T12:44:01+05:30 logger.go:67:       [31m-[0m[0m name                   = "rag-da-tj2una-pipeline-ci-01" [90m-> null[0m[0m
TestRunBankingSolutions 2025-12-10T12:44:01+05:30 logger.go:67:       [31m-[0m[0m pipeline_id            = "32d0fab2-15fb-4a88-a7d5-23a21aac0afe" [90m-> null[0m[0m
TestRunBankingSolutions 2025-12-10T12:44:01+05:30 logger.go:67:       [31m-[0m[0m properties             = [] [90m-> null[0m[0m
TestRunBankingSolutions 2025-12-10T12:44:01+05:30 logger.go:67:       [31m-[0m[0m resource_group         = [
TestRunBankingSolutions 2025-12-10T12:44:01+05:30 logger.go:67:           [31m-[0m[0m {
TestRunBankingSolutions 2025-12-10T12:44:01+05:30 logger.go:67:               [31m-[0m[0m id = "2c229fbcb1934d18b91bd6ec366cb260"
TestRunBankingSolutions 2025-12-10T12:44:01+05:30 logger.go:67:             },
TestRunBankingSolutions 2025-12-10T12:44:01+05:30 logger.go:67:         ] [90m-> null[0m[0m
TestRunBankingSolutions 2025-12-10T12:44:01+05:30 logger.go:67:       [31m-[0m[0m runs_url               = "https://cloud.ibm.com/devops/pipelines/tekton/32d0fab2-15fb-4a88-a7d5-23a21aac0afe?env_id=ibm:yp:us-south" [90m-> null[0m[0m
TestRunBankingSolutions 2025-12-10T12:44:01+05:30 logger.go:67:       [31m-[0m[0m status                 = "configured" [90m-> null[0m[0m
TestRunBankingSolutions 2025-12-10T12:44:01+05:30 logger.go:67:       [31m-[0m[0m toolchain              = [
TestRunBankingSolutions 2025-12-10T12:44:01+05:30 logger.go:67:           [31m-[0m[0m {
TestRunBankingSolutions 2025-12-10T12:44:01+05:30 logger.go:67:               [31m-[0m[0m crn = "crn:v1:bluemix:public:toolchain:us-south:a/abac0df06b644a9cabc6e44f55b3880e:5be5ff32-13a4-4cbe-ab1a-8a8fc3de9d8b::"
TestRunBankingSolutions 2025-12-10T12:44:01+05:30 logger.go:67:               [31m-[0m[0m id  = "5be5ff32-13a4-4cbe-ab1a-8a8fc3de9d8b"
TestRunBankingSolutions 2025-12-10T12:44:01+05:30 logger.go:67:             },
TestRunBankingSolutions 2025-12-10T12:44:01+05:30 logger.go:67:         ] [90m-> null[0m[0m
TestRunBankingSolutions 2025-12-10T12:44:01+05:30 logger.go:67:       [31m-[0m[0m triggers               = [] [90m-> null[0m[0m
TestRunBankingSolutions 2025-12-10T12:44:01+05:30 logger.go:67:       [31m-[0m[0m updated_at             = "2025-12-10T05:57:34.956Z" [90m-> null[0m[0m
TestRunBankingSolutions 2025-12-10T12:44:01+05:30 logger.go:67: 
TestRunBankingSolutions 2025-12-10T12:44:01+05:30 logger.go:67:       [31m-[0m[0m worker {
TestRunBankingSolutions 2025-12-10T12:44:01+05:30 logger.go:67:           [31m-[0m[0m id   = "public" [90m-> null[0m[0m
TestRunBankingSolutions 2025-12-10T12:44:01+05:30 logger.go:67:           [31m-[0m[0m name = "IBM Managed workers in DALLAS" [90m-> null[0m[0m
TestRunBankingSolutions 2025-12-10T12:44:01+05:30 logger.go:67:           [31m-[0m[0m type = "public" [90m-> null[0m[0m
TestRunBankingSolutions 2025-12-10T12:44:01+05:30 logger.go:67:         }
TestRunBankingSolutions 2025-12-10T12:44:01+05:30 logger.go:67:     }
TestRunBankingSolutions 2025-12-10T12:44:01+05:30 logger.go:67: 
TestRunBankingSolutions 2025-12-10T12:44:01+05:30 logger.go:67: [1m  # ibm_cd_toolchain.cd_toolchain_instance[0m will be [1m[31mdestroyed[0m
TestRunBankingSolutions 2025-12-10T12:44:01+05:30 logger.go:67: [0m  [31m-[0m[0m resource "ibm_cd_toolchain" "cd_toolchain_instance" {
TestRunBankingSolutions 2025-12-10T12:44:01+05:30 logger.go:67:       [31m-[0m[0m account_id        = "abac0df06b644a9cabc6e44f55b3880e" [90m-> null[0m[0m
TestRunBankingSolutions 2025-12-10T12:44:01+05:30 logger.go:67:       [31m-[0m[0m created_at        = "2025-12-10T05:57:27.945Z" [90m-> null[0m[0m
TestRunBankingSolutions 2025-12-10T12:44:01+05:30 logger.go:67:       [31m-[0m[0m created_by        = "IBMid-69100165KL" [90m-> null[0m[0m
TestRunBankingSolutions 2025-12-10T12:44:01+05:30 logger.go:67:       [31m-[0m[0m crn               = "crn:v1:bluemix:public:toolchain:us-south:a/abac0df06b644a9cabc6e44f55b3880e:5be5ff32-13a4-4cbe-ab1a-8a8fc3de9d8b::" [90m-> null[0m[0m
TestRunBankingSolutions 2025-12-10T12:44:01+05:30 logger.go:67:       [31m-[0m[0m href              = "https://api.us-south.devops.cloud.ibm.com/toolchain/v2/toolchains/5be5ff32-13a4-4cbe-ab1a-8a8fc3de9d8b" [90m-> null[0m[0m
TestRunBankingSolutions 2025-12-10T12:44:01+05:30 logger.go:67:       [31m-[0m[0m id                = "5be5ff32-13a4-4cbe-ab1a-8a8fc3de9d8b" [90m-> null[0m[0m
TestRunBankingSolutions 2025-12-10T12:44:01+05:30 logger.go:67:       [31m-[0m[0m location          = "us-south" [90m-> null[0m[0m
TestRunBankingSolutions 2025-12-10T12:44:01+05:30 logger.go:67:       [31m-[0m[0m name              = "rag-da-tj2una-toolchain-instance" [90m-> null[0m[0m
TestRunBankingSolutions 2025-12-10T12:44:01+05:30 logger.go:67:       [31m-[0m[0m resource_group_id = "2c229fbcb1934d18b91bd6ec366cb260" [90m-> null[0m[0m
TestRunBankingSolutions 2025-12-10T12:44:01+05:30 logger.go:67:       [31m-[0m[0m tags              = [] [90m-> null[0m[0m
TestRunBankingSolutions 2025-12-10T12:44:01+05:30 logger.go:67:       [31m-[0m[0m ui_href           = "https://cloud.ibm.com/devops/toolchains/5be5ff32-13a4-4cbe-ab1a-8a8fc3de9d8b?env_id=ibm:yp:us-south" [90m-> null[0m[0m
TestRunBankingSolutions 2025-12-10T12:44:01+05:30 logger.go:67:       [31m-[0m[0m updated_at        = "2025-12-10T05:57:27.945Z" [90m-> null[0m[0m
TestRunBankingSolutions 2025-12-10T12:44:01+05:30 logger.go:67:         [90m# (1 unchanged attribute hidden)[0m[0m
TestRunBankingSolutions 2025-12-10T12:44:01+05:30 logger.go:67:     }
TestRunBankingSolutions 2025-12-10T12:44:01+05:30 logger.go:67: 
TestRunBankingSolutions 2025-12-10T12:44:01+05:30 logger.go:67: [1m  # ibm_cd_toolchain_tool_pipeline.cd_toolchain_tool_pipeline_instance[0m will be [1m[31mdestroyed[0m
TestRunBankingSolutions 2025-12-10T12:44:01+05:30 logger.go:67: [0m  [31m-[0m[0m resource "ibm_cd_toolchain_tool_pipeline" "cd_toolchain_tool_pipeline_instance" {
TestRunBankingSolutions 2025-12-10T12:44:01+05:30 logger.go:67:       [31m-[0m[0m crn               = "crn:v1:bluemix:public:toolchain:us-south:a/abac0df06b644a9cabc6e44f55b3880e:5be5ff32-13a4-4cbe-ab1a-8a8fc3de9d8b:tool:70b60c36-da62-4d8d-82c2-e0c7e5975db1" [90m-> null[0m[0m
TestRunBankingSolutions 2025-12-10T12:44:01+05:30 logger.go:67:       [31m-[0m[0m href              = "https://api.us-south.devops.cloud.ibm.com/toolchain/v2/toolchains/5be5ff32-13a4-4cbe-ab1a-8a8fc3de9d8b/tools/70b60c36-da62-4d8d-82c2-e0c7e5975db1" [90m-> null[0m[0m
TestRunBankingSolutions 2025-12-10T12:44:01+05:30 logger.go:67:       [31m-[0m[0m id                = "5be5ff32-13a4-4cbe-ab1a-8a8fc3de9d8b/70b60c36-da62-4d8d-82c2-e0c7e5975db1" [90m-> null[0m[0m
TestRunBankingSolutions 2025-12-10T12:44:01+05:30 logger.go:67:       [31m-[0m[0m referent          = [
TestRunBankingSolutions 2025-12-10T12:44:01+05:30 logger.go:67:           [31m-[0m[0m {
TestRunBankingSolutions 2025-12-10T12:44:01+05:30 logger.go:67:               [31m-[0m[0m ui_href  = "https://cloud.ibm.com/devops/pipelines/tekton/70b60c36-da62-4d8d-82c2-e0c7e5975db1?env_id=ibm%3Ayp%3Aus-south"
TestRunBankingSolutions 2025-12-10T12:44:01+05:30 logger.go:67:                 [90m# (1 unchanged attribute hidden)[0m[0m
TestRunBankingSolutions 2025-12-10T12:44:01+05:30 logger.go:67:             },
TestRunBankingSolutions 2025-12-10T12:44:01+05:30 logger.go:67:         ] [90m-> null[0m[0m
TestRunBankingSolutions 2025-12-10T12:44:01+05:30 logger.go:67:       [31m-[0m[0m resource_group_id = "2c229fbcb1934d18b91bd6ec366cb260" [90m-> null[0m[0m
TestRunBankingSolutions 2025-12-10T12:44:01+05:30 logger.go:67:       [31m-[0m[0m state             = "configured" [90m-> null[0m[0m
TestRunBankingSolutions 2025-12-10T12:44:01+05:30 logger.go:67:       [31m-[0m[0m tool_id           = "70b60c36-da62-4d8d-82c2-e0c7e5975db1" [90m-> null[0m[0m
TestRunBankingSolutions 2025-12-10T12:44:01+05:30 logger.go:67:       [31m-[0m[0m toolchain_crn     = "crn:v1:bluemix:public:toolchain:us-south:a/abac0df06b644a9cabc6e44f55b3880e:5be5ff32-13a4-4cbe-ab1a-8a8fc3de9d8b::" [90m-> null[0m[0m
TestRunBankingSolutions 2025-12-10T12:44:01+05:30 logger.go:67:       [31m-[0m[0m toolchain_id      = "5be5ff32-13a4-4cbe-ab1a-8a8fc3de9d8b" [90m-> null[0m[0m
TestRunBankingSolutions 2025-12-10T12:44:01+05:30 logger.go:67:       [31m-[0m[0m updated_at        = "2025-12-10T05:57:30.595Z" [90m-> null[0m[0m
TestRunBankingSolutions 2025-12-10T12:44:01+05:30 logger.go:67: 
TestRunBankingSolutions 2025-12-10T12:44:01+05:30 logger.go:67:       [31m-[0m[0m parameters {
TestRunBankingSolutions 2025-12-10T12:44:01+05:30 logger.go:67:           [31m-[0m[0m name = "rag-da-tj2una-pipeline-cd-01" [90m-> null[0m[0m
TestRunBankingSolutions 2025-12-10T12:44:01+05:30 logger.go:67:         }
TestRunBankingSolutions 2025-12-10T12:44:01+05:30 logger.go:67:     }
TestRunBankingSolutions 2025-12-10T12:44:01+05:30 logger.go:67: 
TestRunBankingSolutions 2025-12-10T12:44:01+05:30 logger.go:67: [1m  # ibm_cd_toolchain_tool_pipeline.ci_toolchain_tool_pipeline_instance[0m will be [1m[31mdestroyed[0m
TestRunBankingSolutions 2025-12-10T12:44:01+05:30 logger.go:67: [0m  [31m-[0m[0m resource "ibm_cd_toolchain_tool_pipeline" "ci_toolchain_tool_pipeline_instance" {
TestRunBankingSolutions 2025-12-10T12:44:01+05:30 logger.go:67:       [31m-[0m[0m crn               = "crn:v1:bluemix:public:toolchain:us-south:a/abac0df06b644a9cabc6e44f55b3880e:5be5ff32-13a4-4cbe-ab1a-8a8fc3de9d8b:tool:32d0fab2-15fb-4a88-a7d5-23a21aac0afe" [90m-> null[0m[0m
TestRunBankingSolutions 2025-12-10T12:44:01+05:30 logger.go:67:       [31m-[0m[0m href              = "https://api.us-south.devops.cloud.ibm.com/toolchain/v2/toolchains/5be5ff32-13a4-4cbe-ab1a-8a8fc3de9d8b/tools/32d0fab2-15fb-4a88-a7d5-23a21aac0afe" [90m-> null[0m[0m
TestRunBankingSolutions 2025-12-10T12:44:01+05:30 logger.go:67:       [31m-[0m[0m id                = "5be5ff32-13a4-4cbe-ab1a-8a8fc3de9d8b/32d0fab2-15fb-4a88-a7d5-23a21aac0afe" [90m-> null[0m[0m
TestRunBankingSolutions 2025-12-10T12:44:01+05:30 logger.go:67:       [31m-[0m[0m referent          = [
TestRunBankingSolutions 2025-12-10T12:44:01+05:30 logger.go:67:           [31m-[0m[0m {
TestRunBankingSolutions 2025-12-10T12:44:01+05:30 logger.go:67:               [31m-[0m[0m ui_href  = "https://cloud.ibm.com/devops/pipelines/tekton/32d0fab2-15fb-4a88-a7d5-23a21aac0afe?env_id=ibm%3Ayp%3Aus-south"
TestRunBankingSolutions 2025-12-10T12:44:01+05:30 logger.go:67:                 [90m# (1 unchanged attribute hidden)[0m[0m
TestRunBankingSolutions 2025-12-10T12:44:01+05:30 logger.go:67:             },
TestRunBankingSolutions 2025-12-10T12:44:01+05:30 logger.go:67:         ] [90m-> null[0m[0m
TestRunBankingSolutions 2025-12-10T12:44:01+05:30 logger.go:67:       [31m-[0m[0m resource_group_id = "2c229fbcb1934d18b91bd6ec366cb260" [90m-> null[0m[0m
TestRunBankingSolutions 2025-12-10T12:44:01+05:30 logger.go:67:       [31m-[0m[0m state             = "configured" [90m-> null[0m[0m
TestRunBankingSolutions 2025-12-10T12:44:01+05:30 logger.go:67:       [31m-[0m[0m tool_id           = "32d0fab2-15fb-4a88-a7d5-23a21aac0afe" [90m-> null[0m[0m
TestRunBankingSolutions 2025-12-10T12:44:01+05:30 logger.go:67:       [31m-[0m[0m toolchain_crn     = "crn:v1:bluemix:public:toolchain:us-south:a/abac0df06b644a9cabc6e44f55b3880e:5be5ff32-13a4-4cbe-ab1a-8a8fc3de9d8b::" [90m-> null[0m[0m
TestRunBankingSolutions 2025-12-10T12:44:01+05:30 logger.go:67:       [31m-[0m[0m toolchain_id      = "5be5ff32-13a4-4cbe-ab1a-8a8fc3de9d8b" [90m-> null[0m[0m
TestRunBankingSolutions 2025-12-10T12:44:01+05:30 logger.go:67:       [31m-[0m[0m updated_at        = "2025-12-10T05:57:30.007Z" [90m-> null[0m[0m
TestRunBankingSolutions 2025-12-10T12:44:01+05:30 logger.go:67: 
TestRunBankingSolutions 2025-12-10T12:44:01+05:30 logger.go:67:       [31m-[0m[0m parameters {
TestRunBankingSolutions 2025-12-10T12:44:01+05:30 logger.go:67:           [31m-[0m[0m name = "rag-da-tj2una-pipeline-ci-01" [90m-> null[0m[0m
TestRunBankingSolutions 2025-12-10T12:44:01+05:30 logger.go:67:         }
TestRunBankingSolutions 2025-12-10T12:44:01+05:30 logger.go:67:     }
TestRunBankingSolutions 2025-12-10T12:44:01+05:30 logger.go:67: 
TestRunBankingSolutions 2025-12-10T12:44:01+05:30 logger.go:67: [1m  # ibm_is_public_gateway.gateway[0][0m will be [1m[31mdestroyed[0m
TestRunBankingSolutions 2025-12-10T12:44:01+05:30 logger.go:67: [0m  [31m-[0m[0m resource "ibm_is_public_gateway" "gateway" {
TestRunBankingSolutions 2025-12-10T12:44:01+05:30 logger.go:67:       [31m-[0m[0m access_tags             = [] [90m-> null[0m[0m
TestRunBankingSolutions 2025-12-10T12:44:01+05:30 logger.go:67:       [31m-[0m[0m crn                     = "crn:v1:bluemix:public:is:us-south-1:a/abac0df06b644a9cabc6e44f55b3880e::public-gateway:r006-8f35b8cd-af6d-4036-92b0-7e993d92dd41" [90m-> null[0m[0m
TestRunBankingSolutions 2025-12-10T12:44:01+05:30 logger.go:67:       [31m-[0m[0m floating_ip             = {
TestRunBankingSolutions 2025-12-10T12:44:01+05:30 logger.go:67:           [31m-[0m[0m "address" = "150.240.66.67"
TestRunBankingSolutions 2025-12-10T12:44:01+05:30 logger.go:67:           [31m-[0m[0m "id"      = "r006-4715309b-497f-4c00-a55d-f94861cb7e95"
TestRunBankingSolutions 2025-12-10T12:44:01+05:30 logger.go:67:         } [90m-> null[0m[0m
TestRunBankingSolutions 2025-12-10T12:44:01+05:30 logger.go:67:       [31m-[0m[0m id                      = "r006-8f35b8cd-af6d-4036-92b0-7e993d92dd41" [90m-> null[0m[0m
TestRunBankingSolutions 2025-12-10T12:44:01+05:30 logger.go:67:       [31m-[0m[0m name                    = "rag-da-tj2una-gateway-1" [90m-> null[0m[0m
TestRunBankingSolutions 2025-12-10T12:44:01+05:30 logger.go:67:       [31m-[0m[0m resource_controller_url = "https://cloud.ibm.com/vpc-ext/network/publicGateways" [90m-> null[0m[0m
TestRunBankingSolutions 2025-12-10T12:44:01+05:30 logger.go:67:       [31m-[0m[0m resource_crn            = "crn:v1:bluemix:public:is:us-south-1:a/abac0df06b644a9cabc6e44f55b3880e::public-gateway:r006-8f35b8cd-af6d-4036-92b0-7e993d92dd41" [90m-> null[0m[0m
TestRunBankingSolutions 2025-12-10T12:44:01+05:30 logger.go:67:       [31m-[0m[0m resource_group          = "2c229fbcb1934d18b91bd6ec366cb260" [90m-> null[0m[0m
TestRunBankingSolutions 2025-12-10T12:44:01+05:30 logger.go:67:       [31m-[0m[0m resource_group_name     = "rag-da-tj2una-resource-group" [90m-> null[0m[0m
TestRunBankingSolutions 2025-12-10T12:44:01+05:30 logger.go:67:       [31m-[0m[0m resource_name           = "rag-da-tj2una-gateway-1" [90m-> null[0m[0m
TestRunBankingSolutions 2025-12-10T12:44:01+05:30 logger.go:67:       [31m-[0m[0m resource_status         = "available" [90m-> null[0m[0m
TestRunBankingSolutions 2025-12-10T12:44:01+05:30 logger.go:67:       [31m-[0m[0m status                  = "available" [90m-> null[0m[0m
TestRunBankingSolutions 2025-12-10T12:44:01+05:30 logger.go:67:       [31m-[0m[0m tags                    = [] [90m-> null[0m[0m
TestRunBankingSolutions 2025-12-10T12:44:01+05:30 logger.go:67:       [31m-[0m[0m vpc                     = "r006-e17948de-378c-4508-902e-7701e6a2446d" [90m-> null[0m[0m
TestRunBankingSolutions 2025-12-10T12:44:01+05:30 logger.go:67:       [31m-[0m[0m zone                    = "us-south-1" [90m-> null[0m[0m
TestRunBankingSolutions 2025-12-10T12:44:01+05:30 logger.go:67:     }
TestRunBankingSolutions 2025-12-10T12:44:01+05:30 logger.go:67: 
TestRunBankingSolutions 2025-12-10T12:44:01+05:30 logger.go:67: [1m  # ibm_is_subnet.subnet_zone_1[0][0m will be [1m[31mdestroyed[0m
TestRunBankingSolutions 2025-12-10T12:44:01+05:30 logger.go:67: [0m  [31m-[0m[0m resource "ibm_is_subnet" "subnet_zone_1" {
TestRunBankingSolutions 2025-12-10T12:44:01+05:30 logger.go:67:       [31m-[0m[0m access_tags                  = [] [90m-> null[0m[0m
TestRunBankingSolutions 2025-12-10T12:44:01+05:30 logger.go:67:       [31m-[0m[0m available_ipv4_address_count = 241 [90m-> null[0m[0m
TestRunBankingSolutions 2025-12-10T12:44:01+05:30 logger.go:67:       [31m-[0m[0m crn                          = "crn:v1:bluemix:public:is:us-south-1:a/abac0df06b644a9cabc6e44f55b3880e::subnet:0717-0092fcc3-43f2-4fd0-b34a-5250ddf61d68" [90m-> null[0m[0m
TestRunBankingSolutions 2025-12-10T12:44:01+05:30 logger.go:67:       [31m-[0m[0m id                           = "0717-0092fcc3-43f2-4fd0-b34a-5250ddf61d68" [90m-> null[0m[0m
TestRunBankingSolutions 2025-12-10T12:44:01+05:30 logger.go:67:       [31m-[0m[0m ip_version                   = "ipv4" [90m-> null[0m[0m
TestRunBankingSolutions 2025-12-10T12:44:01+05:30 logger.go:67:       [31m-[0m[0m ipv4_cidr_block              = "10.240.0.0/24" [90m-> null[0m[0m
TestRunBankingSolutions 2025-12-10T12:44:01+05:30 logger.go:67:       [31m-[0m[0m name                         = "rag-da-tj2una-subnet-1" [90m-> null[0m[0m
TestRunBankingSolutions 2025-12-10T12:44:01+05:30 logger.go:67:       [31m-[0m[0m network_acl                  = "r006-b8574434-7899-4fff-a85b-787650fb55e3" [90m-> null[0m[0m
TestRunBankingSolutions 2025-12-10T12:44:01+05:30 logger.go:67:       [31m-[0m[0m public_gateway               = "r006-8f35b8cd-af6d-4036-92b0-7e993d92dd41" [90m-> null[0m[0m
TestRunBankingSolutions 2025-12-10T12:44:01+05:30 logger.go:67:       [31m-[0m[0m resource_controller_url      = "https://cloud.ibm.com/vpc-ext/network/subnets" [90m-> null[0m[0m
TestRunBankingSolutions 2025-12-10T12:44:01+05:30 logger.go:67:       [31m-[0m[0m resource_crn                 = "crn:v1:bluemix:public:is:us-south-1:a/abac0df06b644a9cabc6e44f55b3880e::subnet:0717-0092fcc3-43f2-4fd0-b34a-5250ddf61d68" [90m-> null[0m[0m
TestRunBankingSolutions 2025-12-10T12:44:01+05:30 logger.go:67:       [31m-[0m[0m resource_group               = "2c229fbcb1934d18b91bd6ec366cb260" [90m-> null[0m[0m
TestRunBankingSolutions 2025-12-10T12:44:01+05:30 logger.go:67:       [31m-[0m[0m resource_group_name          = "rag-da-tj2una-resource-group" [90m-> null[0m[0m
TestRunBankingSolutions 2025-12-10T12:44:01+05:30 logger.go:67:       [31m-[0m[0m resource_name                = "rag-da-tj2una-subnet-1" [90m-> null[0m[0m
TestRunBankingSolutions 2025-12-10T12:44:01+05:30 logger.go:67:       [31m-[0m[0m resource_status              = "available" [90m-> null[0m[0m
TestRunBankingSolutions 2025-12-10T12:44:01+05:30 logger.go:67:       [31m-[0m[0m routing_table                = "r006-81d62c7b-f850-4c6e-a6c5-ae9819c52695" [90m-> null[0m[0m
TestRunBankingSolutions 2025-12-10T12:44:01+05:30 logger.go:67:       [31m-[0m[0m routing_table_crn            = "crn:v1:bluemix:public:is:us-south:a/abac0df06b644a9cabc6e44f55b3880e::vpc-routing-table:r006-e17948de-378c-4508-902e-7701e6a2446d/r006-81d62c7b-f850-4c6e-a6c5-ae9819c52695" [90m-> null[0m[0m
TestRunBankingSolutions 2025-12-10T12:44:01+05:30 logger.go:67:       [31m-[0m[0m status                       = "available" [90m-> null[0m[0m
TestRunBankingSolutions 2025-12-10T12:44:01+05:30 logger.go:67:       [31m-[0m[0m tags                         = [] [90m-> null[0m[0m
TestRunBankingSolutions 2025-12-10T12:44:01+05:30 logger.go:67:       [31m-[0m[0m total_ipv4_address_count     = 256 [90m-> null[0m[0m
TestRunBankingSolutions 2025-12-10T12:44:01+05:30 logger.go:67:       [31m-[0m[0m vpc                          = "r006-e17948de-378c-4508-902e-7701e6a2446d" [90m-> null[0m[0m
TestRunBankingSolutions 2025-12-10T12:44:01+05:30 logger.go:67:       [31m-[0m[0m zone                         = "us-south-1" [90m-> null[0m[0m
TestRunBankingSolutions 2025-12-10T12:44:01+05:30 logger.go:67:     }
TestRunBankingSolutions 2025-12-10T12:44:01+05:30 logger.go:67: 
TestRunBankingSolutions 2025-12-10T12:44:01+05:30 logger.go:67: [1m  # ibm_is_vpc.vpc[0][0m will be [1m[31mdestroyed[0m
TestRunBankingSolutions 2025-12-10T12:44:01+05:30 logger.go:67: [0m  [31m-[0m[0m resource "ibm_is_vpc" "vpc" {
TestRunBankingSolutions 2025-12-10T12:44:01+05:30 logger.go:67:       [31m-[0m[0m access_tags                 = [] [90m-> null[0m[0m
TestRunBankingSolutions 2025-12-10T12:44:01+05:30 logger.go:67:       [31m-[0m[0m address_prefix_management   = "auto" [90m-> null[0m[0m
TestRunBankingSolutions 2025-12-10T12:44:01+05:30 logger.go:67:       [31m-[0m[0m classic_access              = false [90m-> null[0m[0m
TestRunBankingSolutions 2025-12-10T12:44:01+05:30 logger.go:67:       [31m-[0m[0m crn                         = "crn:v1:bluemix:public:is:us-south:a/abac0df06b644a9cabc6e44f55b3880e::vpc:r006-e17948de-378c-4508-902e-7701e6a2446d" [90m-> null[0m[0m
TestRunBankingSolutions 2025-12-10T12:44:01+05:30 logger.go:67:       [31m-[0m[0m cse_source_addresses        = [
TestRunBankingSolutions 2025-12-10T12:44:01+05:30 logger.go:67:           [31m-[0m[0m {
TestRunBankingSolutions 2025-12-10T12:44:01+05:30 logger.go:67:               [31m-[0m[0m address   = "10.22.212.99"
TestRunBankingSolutions 2025-12-10T12:44:01+05:30 logger.go:67:               [31m-[0m[0m zone_name = "us-south-1"
TestRunBankingSolutions 2025-12-10T12:44:01+05:30 logger.go:67:             },
TestRunBankingSolutions 2025-12-10T12:44:01+05:30 logger.go:67:           [31m-[0m[0m {
TestRunBankingSolutions 2025-12-10T12:44:01+05:30 logger.go:67:               [31m-[0m[0m address   = "10.249.203.146"
TestRunBankingSolutions 2025-12-10T12:44:01+05:30 logger.go:67:               [31m-[0m[0m zone_name = "us-south-2"
TestRunBankingSolutions 2025-12-10T12:44:01+05:30 logger.go:67:             },
TestRunBankingSolutions 2025-12-10T12:44:01+05:30 logger.go:67:           [31m-[0m[0m {
TestRunBankingSolutions 2025-12-10T12:44:01+05:30 logger.go:67:               [31m-[0m[0m address   = "10.249.209.71"
TestRunBankingSolutions 2025-12-10T12:44:01+05:30 logger.go:67:               [31m-[0m[0m zone_name = "us-south-3"
TestRunBankingSolutions 2025-12-10T12:44:01+05:30 logger.go:67:             },
TestRunBankingSolutions 2025-12-10T12:44:01+05:30 logger.go:67:         ] [90m-> null[0m[0m
TestRunBankingSolutions 2025-12-10T12:44:01+05:30 logger.go:67:       [31m-[0m[0m default_address_prefixes    = {
TestRunBankingSolutions 2025-12-10T12:44:01+05:30 logger.go:67:           [31m-[0m[0m "us-south-1" = "10.240.0.0/18"
TestRunBankingSolutions 2025-12-10T12:44:01+05:30 logger.go:67:           [31m-[0m[0m "us-south-2" = "10.240.64.0/18"
TestRunBankingSolutions 2025-12-10T12:44:01+05:30 logger.go:67:           [31m-[0m[0m "us-south-3" = "10.240.128.0/18"
TestRunBankingSolutions 2025-12-10T12:44:01+05:30 logger.go:67:         } [90m-> null[0m[0m
TestRunBankingSolutions 2025-12-10T12:44:01+05:30 logger.go:67:       [31m-[0m[0m default_network_acl         = "r006-b8574434-7899-4fff-a85b-787650fb55e3" [90m-> null[0m[0m
TestRunBankingSolutions 2025-12-10T12:44:01+05:30 logger.go:67:       [31m-[0m[0m default_network_acl_crn     = "crn:v1:bluemix:public:is:us-south:a/abac0df06b644a9cabc6e44f55b3880e::network-acl:r006-b8574434-7899-4fff-a85b-787650fb55e3" [90m-> null[0m[0m
TestRunBankingSolutions 2025-12-10T12:44:01+05:30 logger.go:67:       [31m-[0m[0m default_network_acl_name    = "skylight-deflected-tribesman-theme" [90m-> null[0m[0m
TestRunBankingSolutions 2025-12-10T12:44:01+05:30 logger.go:67:       [31m-[0m[0m default_routing_table       = "r006-81d62c7b-f850-4c6e-a6c5-ae9819c52695" [90m-> null[0m[0m
TestRunBankingSolutions 2025-12-10T12:44:01+05:30 logger.go:67:       [31m-[0m[0m default_routing_table_crn   = "crn:v1:bluemix:public:is:us-south:a/abac0df06b644a9cabc6e44f55b3880e::vpc-routing-table:r006-e17948de-378c-4508-902e-7701e6a2446d/r006-81d62c7b-f850-4c6e-a6c5-ae9819c52695" [90m-> null[0m[0m
TestRunBankingSolutions 2025-12-10T12:44:01+05:30 logger.go:67:       [31m-[0m[0m default_routing_table_name  = "trekker-gristle-identity-kilt" [90m-> null[0m[0m
TestRunBankingSolutions 2025-12-10T12:44:01+05:30 logger.go:67:       [31m-[0m[0m default_security_group      = "r006-268c76bf-20f3-41de-8380-78d36e28c4bf" [90m-> null[0m[0m
TestRunBankingSolutions 2025-12-10T12:44:01+05:30 logger.go:67:       [31m-[0m[0m default_security_group_crn  = "crn:v1:bluemix:public:is:us-south:a/abac0df06b644a9cabc6e44f55b3880e::security-group:r006-268c76bf-20f3-41de-8380-78d36e28c4bf" [90m-> null[0m[0m
TestRunBankingSolutions 2025-12-10T12:44:01+05:30 logger.go:67:       [31m-[0m[0m default_security_group_name = "seventy-thinly-barbed-chant" [90m-> null[0m[0m
TestRunBankingSolutions 2025-12-10T12:44:01+05:30 logger.go:67:       [31m-[0m[0m health_reasons              = [] [90m-> null[0m[0m
TestRunBankingSolutions 2025-12-10T12:44:01+05:30 logger.go:67:       [31m-[0m[0m health_state                = "ok" [90m-> null[0m[0m
TestRunBankingSolutions 2025-12-10T12:44:01+05:30 logger.go:67:       [31m-[0m[0m id                          = "r006-e17948de-378c-4508-902e-7701e6a2446d" [90m-> null[0m[0m
TestRunBankingSolutions 2025-12-10T12:44:01+05:30 logger.go:67:       [31m-[0m[0m name                        = "rag-da-tj2una-vpc" [90m-> null[0m[0m
TestRunBankingSolutions 2025-12-10T12:44:01+05:30 logger.go:67:       [31m-[0m[0m no_sg_acl_rules             = false [90m-> null[0m[0m
TestRunBankingSolutions 2025-12-10T12:44:01+05:30 logger.go:67:       [31m-[0m[0m public_address_ranges       = [] [90m-> null[0m[0m
TestRunBankingSolutions 2025-12-10T12:44:01+05:30 logger.go:67:       [31m-[0m[0m resource_controller_url     = "https://cloud.ibm.com/vpc-ext/network/vpcs" [90m-> null[0m[0m
TestRunBankingSolutions 2025-12-10T12:44:01+05:30 logger.go:67:       [31m-[0m[0m resource_crn                = "crn:v1:bluemix:public:is:us-south:a/abac0df06b644a9cabc6e44f55b3880e::vpc:r006-e17948de-378c-4508-902e-7701e6a2446d" [90m-> null[0m[0m
TestRunBankingSolutions 2025-12-10T12:44:01+05:30 logger.go:67:       [31m-[0m[0m resource_group              = "2c229fbcb1934d18b91bd6ec366cb260" [90m-> null[0m[0m
TestRunBankingSolutions 2025-12-10T12:44:01+05:30 logger.go:67:       [31m-[0m[0m resource_group_name         = "rag-da-tj2una-resource-group" [90m-> null[0m[0m
TestRunBankingSolutions 2025-12-10T12:44:01+05:30 logger.go:67:       [31m-[0m[0m resource_name               = "rag-da-tj2una-vpc" [90m-> null[0m[0m
TestRunBankingSolutions 2025-12-10T12:44:01+05:30 logger.go:67:       [31m-[0m[0m resource_status             = "available" [90m-> null[0m[0m
TestRunBankingSolutions 2025-12-10T12:44:01+05:30 logger.go:67:       [31m-[0m[0m security_group              = [
TestRunBankingSolutions 2025-12-10T12:44:01+05:30 logger.go:67:           [31m-[0m[0m {
TestRunBankingSolutions 2025-12-10T12:44:01+05:30 logger.go:67:               [31m-[0m[0m group_id   = "r006-ec0e4573-70f5-41ae-8032-9212e8a3f54b"
TestRunBankingSolutions 2025-12-10T12:44:01+05:30 logger.go:67:               [31m-[0m[0m group_name = "kube-lbaas-d4sgns2d0k79ij8ttff0"
TestRunBankingSolutions 2025-12-10T12:44:01+05:30 logger.go:67:               [31m-[0m[0m rules      = [
TestRunBankingSolutions 2025-12-10T12:44:01+05:30 logger.go:67:                   [31m-[0m[0m {
TestRunBankingSolutions 2025-12-10T12:44:01+05:30 logger.go:67:                       [31m-[0m[0m code       = 0
TestRunBankingSolutions 2025-12-10T12:44:01+05:30 logger.go:67:                       [31m-[0m[0m direction  = "outbound"
TestRunBankingSolutions 2025-12-10T12:44:01+05:30 logger.go:67:                       [31m-[0m[0m ip_version = "ipv4"
TestRunBankingSolutions 2025-12-10T12:44:01+05:30 logger.go:67:                       [31m-[0m[0m port_max   = 30807
TestRunBankingSolutions 2025-12-10T12:44:01+05:30 logger.go:67:                       [31m-[0m[0m port_min   = 30807
TestRunBankingSolutions 2025-12-10T12:44:01+05:30 logger.go:67:                       [31m-[0m[0m protocol   = "tcp"
TestRunBankingSolutions 2025-12-10T12:44:01+05:30 logger.go:67:                       [31m-[0m[0m remote     = "r006-6a3e9bc4-42c8-4862-a568-f336964e2406"
TestRunBankingSolutions 2025-12-10T12:44:01+05:30 logger.go:67:                       [31m-[0m[0m rule_id    = "r006-b4ad9d02-54a6-4211-99b4-5b943514e517"
TestRunBankingSolutions 2025-12-10T12:44:01+05:30 logger.go:67:                       [31m-[0m[0m type       = 0
TestRunBankingSolutions 2025-12-10T12:44:01+05:30 logger.go:67:                     },
TestRunBankingSolutions 2025-12-10T12:44:01+05:30 logger.go:67:                   [31m-[0m[0m {
TestRunBankingSolutions 2025-12-10T12:44:01+05:30 logger.go:67:                       [31m-[0m[0m code       = 0
TestRunBankingSolutions 2025-12-10T12:44:01+05:30 logger.go:67:                       [31m-[0m[0m direction  = "outbound"
TestRunBankingSolutions 2025-12-10T12:44:01+05:30 logger.go:67:                       [31m-[0m[0m ip_version = "ipv4"
TestRunBankingSolutions 2025-12-10T12:44:01+05:30 logger.go:67:                       [31m-[0m[0m port_max   = 31505
TestRunBankingSolutions 2025-12-10T12:44:01+05:30 logger.go:67:                       [31m-[0m[0m port_min   = 31505
TestRunBankingSolutions 2025-12-10T12:44:01+05:30 logger.go:67:                       [31m-[0m[0m protocol   = "tcp"
TestRunBankingSolutions 2025-12-10T12:44:01+05:30 logger.go:67:                       [31m-[0m[0m remote     = "r006-6a3e9bc4-42c8-4862-a568-f336964e2406"
TestRunBankingSolutions 2025-12-10T12:44:01+05:30 logger.go:67:                       [31m-[0m[0m rule_id    = "r006-fa0274ed-b925-4621-baec-5f9442809e12"
TestRunBankingSolutions 2025-12-10T12:44:01+05:30 logger.go:67:                       [31m-[0m[0m type       = 0
TestRunBankingSolutions 2025-12-10T12:44:01+05:30 logger.go:67:                     },
TestRunBankingSolutions 2025-12-10T12:44:01+05:30 logger.go:67:                   [31m-[0m[0m {
TestRunBankingSolutions 2025-12-10T12:44:01+05:30 logger.go:67:                       [31m-[0m[0m code       = 0
TestRunBankingSolutions 2025-12-10T12:44:01+05:30 logger.go:67:                       [31m-[0m[0m direction  = "inbound"
TestRunBankingSolutions 2025-12-10T12:44:01+05:30 logger.go:67:                       [31m-[0m[0m ip_version = "ipv4"
TestRunBankingSolutions 2025-12-10T12:44:01+05:30 logger.go:67:                       [31m-[0m[0m port_max   = 80
TestRunBankingSolutions 2025-12-10T12:44:01+05:30 logger.go:67:                       [31m-[0m[0m port_min   = 80
TestRunBankingSolutions 2025-12-10T12:44:01+05:30 logger.go:67:                       [31m-[0m[0m protocol   = "tcp"
TestRunBankingSolutions 2025-12-10T12:44:01+05:30 logger.go:67:                       [31m-[0m[0m remote     = "0.0.0.0/0"
TestRunBankingSolutions 2025-12-10T12:44:01+05:30 logger.go:67:                       [31m-[0m[0m rule_id    = "r006-219bb5d2-b327-4073-b6bc-0df104b693cd"
TestRunBankingSolutions 2025-12-10T12:44:01+05:30 logger.go:67:                       [31m-[0m[0m type       = 0
TestRunBankingSolutions 2025-12-10T12:44:01+05:30 logger.go:67:                     },
TestRunBankingSolutions 2025-12-10T12:44:01+05:30 logger.go:67:                   [31m-[0m[0m {
TestRunBankingSolutions 2025-12-10T12:44:01+05:30 logger.go:67:                       [31m-[0m[0m code       = 0
TestRunBankingSolutions 2025-12-10T12:44:01+05:30 logger.go:67:                       [31m-[0m[0m direction  = "inbound"
TestRunBankingSolutions 2025-12-10T12:44:01+05:30 logger.go:67:                       [31m-[0m[0m ip_version = "ipv4"
TestRunBankingSolutions 2025-12-10T12:44:01+05:30 logger.go:67:                       [31m-[0m[0m port_max   = 443
TestRunBankingSolutions 2025-12-10T12:44:01+05:30 logger.go:67:                       [31m-[0m[0m port_min   = 443
TestRunBankingSolutions 2025-12-10T12:44:01+05:30 logger.go:67:                       [31m-[0m[0m protocol   = "tcp"
TestRunBankingSolutions 2025-12-10T12:44:01+05:30 logger.go:67:                       [31m-[0m[0m remote     = "0.0.0.0/0"
TestRunBankingSolutions 2025-12-10T12:44:01+05:30 logger.go:67:                       [31m-[0m[0m rule_id    = "r006-a66d49c2-c191-41f6-9310-67b0e8faa6cf"
TestRunBankingSolutions 2025-12-10T12:44:01+05:30 logger.go:67:                       [31m-[0m[0m type       = 0
TestRunBankingSolutions 2025-12-10T12:44:01+05:30 logger.go:67:                     },
TestRunBankingSolutions 2025-12-10T12:44:01+05:30 logger.go:67:                   [31m-[0m[0m {
TestRunBankingSolutions 2025-12-10T12:44:01+05:30 logger.go:67:                       [31m-[0m[0m code       = 0
TestRunBankingSolutions 2025-12-10T12:44:01+05:30 logger.go:67:                       [31m-[0m[0m direction  = "inbound"
TestRunBankingSolutions 2025-12-10T12:44:01+05:30 logger.go:67:                       [31m-[0m[0m ip_version = "ipv4"
TestRunBankingSolutions 2025-12-10T12:44:01+05:30 logger.go:67:                       [31m-[0m[0m port_max   = 443
TestRunBankingSolutions 2025-12-10T12:44:01+05:30 logger.go:67:                       [31m-[0m[0m port_min   = 443
TestRunBankingSolutions 2025-12-10T12:44:01+05:30 logger.go:67:                       [31m-[0m[0m protocol   = "tcp"
TestRunBankingSolutions 2025-12-10T12:44:01+05:30 logger.go:67:                       [31m-[0m[0m remote     = "150.240.66.67"
TestRunBankingSolutions 2025-12-10T12:44:01+05:30 logger.go:67:                       [31m-[0m[0m rule_id    = "r006-f1c6c00e-0e1d-4bdd-a862-b08717ea9440"
TestRunBankingSolutions 2025-12-10T12:44:01+05:30 logger.go:67:                       [31m-[0m[0m type       = 0
TestRunBankingSolutions 2025-12-10T12:44:01+05:30 logger.go:67:                     },
TestRunBankingSolutions 2025-12-10T12:44:01+05:30 logger.go:67:                 ]
TestRunBankingSolutions 2025-12-10T12:44:01+05:30 logger.go:67:             },
TestRunBankingSolutions 2025-12-10T12:44:01+05:30 logger.go:67:           [31m-[0m[0m {
TestRunBankingSolutions 2025-12-10T12:44:01+05:30 logger.go:67:               [31m-[0m[0m group_id   = "r006-255ee6e0-e1fd-470a-bb93-cc5eef16455b"
TestRunBankingSolutions 2025-12-10T12:44:01+05:30 logger.go:67:               [31m-[0m[0m group_name = "kube-vpegw-d4sgns2d0k79ij8ttff0"
TestRunBankingSolutions 2025-12-10T12:44:01+05:30 logger.go:67:               [31m-[0m[0m rules      = [
TestRunBankingSolutions 2025-12-10T12:44:01+05:30 logger.go:67:                   [31m-[0m[0m {
TestRunBankingSolutions 2025-12-10T12:44:01+05:30 logger.go:67:                       [31m-[0m[0m code       = 0
TestRunBankingSolutions 2025-12-10T12:44:01+05:30 logger.go:67:                       [31m-[0m[0m direction  = "inbound"
TestRunBankingSolutions 2025-12-10T12:44:01+05:30 logger.go:67:                       [31m-[0m[0m ip_version = "ipv4"
TestRunBankingSolutions 2025-12-10T12:44:01+05:30 logger.go:67:                       [31m-[0m[0m port_max   = 30930
TestRunBankingSolutions 2025-12-10T12:44:01+05:30 logger.go:67:                       [31m-[0m[0m port_min   = 30930
TestRunBankingSolutions 2025-12-10T12:44:01+05:30 logger.go:67:                       [31m-[0m[0m protocol   = "tcp"
TestRunBankingSolutions 2025-12-10T12:44:01+05:30 logger.go:67:                       [31m-[0m[0m remote     = "r006-6a3e9bc4-42c8-4862-a568-f336964e2406"
TestRunBankingSolutions 2025-12-10T12:44:01+05:30 logger.go:67:                       [31m-[0m[0m rule_id    = "r006-96a1fadd-5705-40f5-92b0-d0b6224c324a"
TestRunBankingSolutions 2025-12-10T12:44:01+05:30 logger.go:67:                       [31m-[0m[0m type       = 0
TestRunBankingSolutions 2025-12-10T12:44:01+05:30 logger.go:67:                     },
TestRunBankingSolutions 2025-12-10T12:44:01+05:30 logger.go:67:                   [31m-[0m[0m {
TestRunBankingSolutions 2025-12-10T12:44:01+05:30 logger.go:67:                       [31m-[0m[0m code       = 0
TestRunBankingSolutions 2025-12-10T12:44:01+05:30 logger.go:67:                       [31m-[0m[0m direction  = "inbound"
TestRunBankingSolutions 2025-12-10T12:44:01+05:30 logger.go:67:                       [31m-[0m[0m ip_version = "ipv4"
TestRunBankingSolutions 2025-12-10T12:44:01+05:30 logger.go:67:                       [31m-[0m[0m port_max   = 31657
TestRunBankingSolutions 2025-12-10T12:44:01+05:30 logger.go:67:                       [31m-[0m[0m port_min   = 31657
TestRunBankingSolutions 2025-12-10T12:44:01+05:30 logger.go:67:                       [31m-[0m[0m protocol   = "tcp"
TestRunBankingSolutions 2025-12-10T12:44:01+05:30 logger.go:67:                       [31m-[0m[0m remote     = "r006-6a3e9bc4-42c8-4862-a568-f336964e2406"
TestRunBankingSolutions 2025-12-10T12:44:01+05:30 logger.go:67:                       [31m-[0m[0m rule_id    = "r006-18c99f06-1820-4b33-9ff0-4524b4dffedd"
TestRunBankingSolutions 2025-12-10T12:44:01+05:30 logger.go:67:                       [31m-[0m[0m type       = 0
TestRunBankingSolutions 2025-12-10T12:44:01+05:30 logger.go:67:                     },
TestRunBankingSolutions 2025-12-10T12:44:01+05:30 logger.go:67:                   [31m-[0m[0m {
TestRunBankingSolutions 2025-12-10T12:44:01+05:30 logger.go:67:                       [31m-[0m[0m code       = 0
TestRunBankingSolutions 2025-12-10T12:44:01+05:30 logger.go:67:                       [31m-[0m[0m direction  = "inbound"
TestRunBankingSolutions 2025-12-10T12:44:01+05:30 logger.go:67:                       [31m-[0m[0m ip_version = "ipv4"
TestRunBankingSolutions 2025-12-10T12:44:01+05:30 logger.go:67:                       [31m-[0m[0m port_max   = 31035
TestRunBankingSolutions 2025-12-10T12:44:01+05:30 logger.go:67:                       [31m-[0m[0m port_min   = 31035
TestRunBankingSolutions 2025-12-10T12:44:01+05:30 logger.go:67:                       [31m-[0m[0m protocol   = "tcp"
TestRunBankingSolutions 2025-12-10T12:44:01+05:30 logger.go:67:                       [31m-[0m[0m remote     = "r006-6a3e9bc4-42c8-4862-a568-f336964e2406"
TestRunBankingSolutions 2025-12-10T12:44:01+05:30 logger.go:67:                       [31m-[0m[0m rule_id    = "r006-abf1cb4e-a757-41df-9348-5d1e587235c3"
TestRunBankingSolutions 2025-12-10T12:44:01+05:30 logger.go:67:                       [31m-[0m[0m type       = 0
TestRunBankingSolutions 2025-12-10T12:44:01+05:30 logger.go:67:                     },
TestRunBankingSolutions 2025-12-10T12:44:01+05:30 logger.go:67:                   [31m-[0m[0m {
TestRunBankingSolutions 2025-12-10T12:44:01+05:30 logger.go:67:                       [31m-[0m[0m code       = 0
TestRunBankingSolutions 2025-12-10T12:44:01+05:30 logger.go:67:                       [31m-[0m[0m direction  = "inbound"
TestRunBankingSolutions 2025-12-10T12:44:01+05:30 logger.go:67:                       [31m-[0m[0m ip_version = "ipv4"
TestRunBankingSolutions 2025-12-10T12:44:01+05:30 logger.go:67:                       [31m-[0m[0m port_max   = 30930
TestRunBankingSolutions 2025-12-10T12:44:01+05:30 logger.go:67:                       [31m-[0m[0m port_min   = 30930
TestRunBankingSolutions 2025-12-10T12:44:01+05:30 logger.go:67:                       [31m-[0m[0m protocol   = "tcp"
TestRunBankingSolutions 2025-12-10T12:44:01+05:30 logger.go:67:                       [31m-[0m[0m remote     = "10.240.0.0/24"
TestRunBankingSolutions 2025-12-10T12:44:01+05:30 logger.go:67:                       [31m-[0m[0m rule_id    = "r006-30db26fd-4284-4985-928f-7130b18baa58"
TestRunBankingSolutions 2025-12-10T12:44:01+05:30 logger.go:67:                       [31m-[0m[0m type       = 0
TestRunBankingSolutions 2025-12-10T12:44:01+05:30 logger.go:67:                     },
TestRunBankingSolutions 2025-12-10T12:44:01+05:30 logger.go:67:                   [31m-[0m[0m {
TestRunBankingSolutions 2025-12-10T12:44:01+05:30 logger.go:67:                       [31m-[0m[0m code       = 0
TestRunBankingSolutions 2025-12-10T12:44:01+05:30 logger.go:67:                       [31m-[0m[0m direction  = "inbound"
TestRunBankingSolutions 2025-12-10T12:44:01+05:30 logger.go:67:                       [31m-[0m[0m ip_version = "ipv4"
TestRunBankingSolutions 2025-12-10T12:44:01+05:30 logger.go:67:                       [31m-[0m[0m port_max   = 31109
TestRunBankingSolutions 2025-12-10T12:44:01+05:30 logger.go:67:                       [31m-[0m[0m port_min   = 31109
TestRunBankingSolutions 2025-12-10T12:44:01+05:30 logger.go:67:                       [31m-[0m[0m protocol   = "tcp"
TestRunBankingSolutions 2025-12-10T12:44:01+05:30 logger.go:67:                       [31m-[0m[0m remote     = "r006-6a3e9bc4-42c8-4862-a568-f336964e2406"
TestRunBankingSolutions 2025-12-10T12:44:01+05:30 logger.go:67:                       [31m-[0m[0m rule_id    = "r006-b4a41da1-7aae-4c56-8073-e19217e3e4c3"
TestRunBankingSolutions 2025-12-10T12:44:01+05:30 logger.go:67:                       [31m-[0m[0m type       = 0
TestRunBankingSolutions 2025-12-10T12:44:01+05:30 logger.go:67:                     },
TestRunBankingSolutions 2025-12-10T12:44:01+05:30 logger.go:67:                   [31m-[0m[0m {
TestRunBankingSolutions 2025-12-10T12:44:01+05:30 logger.go:67:                       [31m-[0m[0m code       = 0
TestRunBankingSolutions 2025-12-10T12:44:01+05:30 logger.go:67:                       [31m-[0m[0m direction  = "inbound"
TestRunBankingSolutions 2025-12-10T12:44:01+05:30 logger.go:67:                       [31m-[0m[0m ip_version = "ipv4"
TestRunBankingSolutions 2025-12-10T12:44:01+05:30 logger.go:67:                       [31m-[0m[0m port_max   = 31109
TestRunBankingSolutions 2025-12-10T12:44:01+05:30 logger.go:67:                       [31m-[0m[0m port_min   = 31109
TestRunBankingSolutions 2025-12-10T12:44:01+05:30 logger.go:67:                       [31m-[0m[0m protocol   = "tcp"
TestRunBankingSolutions 2025-12-10T12:44:01+05:30 logger.go:67:                       [31m-[0m[0m remote     = "10.240.0.0/24"
TestRunBankingSolutions 2025-12-10T12:44:01+05:30 logger.go:67:                       [31m-[0m[0m rule_id    = "r006-02bee188-9d08-44d8-abad-7b12f875df2a"
TestRunBankingSolutions 2025-12-10T12:44:01+05:30 logger.go:67:                       [31m-[0m[0m type       = 0
TestRunBankingSolutions 2025-12-10T12:44:01+05:30 logger.go:67:                     },
TestRunBankingSolutions 2025-12-10T12:44:01+05:30 logger.go:67:                 ]
TestRunBankingSolutions 2025-12-10T12:44:01+05:30 logger.go:67:             },
TestRunBankingSolutions 2025-12-10T12:44:01+05:30 logger.go:67:           [31m-[0m[0m {
TestRunBankingSolutions 2025-12-10T12:44:01+05:30 logger.go:67:               [31m-[0m[0m group_id   = "r006-6a3e9bc4-42c8-4862-a568-f336964e2406"
TestRunBankingSolutions 2025-12-10T12:44:01+05:30 logger.go:67:               [31m-[0m[0m group_name = "kube-d4sgns2d0k79ij8ttff0"
TestRunBankingSolutions 2025-12-10T12:44:01+05:30 logger.go:67:               [31m-[0m[0m rules      = [
TestRunBankingSolutions 2025-12-10T12:44:01+05:30 logger.go:67:                   [31m-[0m[0m {
TestRunBankingSolutions 2025-12-10T12:44:01+05:30 logger.go:67:                       [31m-[0m[0m code       = 0
TestRunBankingSolutions 2025-12-10T12:44:01+05:30 logger.go:67:                       [31m-[0m[0m direction  = "outbound"
TestRunBankingSolutions 2025-12-10T12:44:01+05:30 logger.go:67:                       [31m-[0m[0m ip_version = "ipv4"
TestRunBankingSolutions 2025-12-10T12:44:01+05:30 logger.go:67:                       [31m-[0m[0m port_max   = 0
TestRunBankingSolutions 2025-12-10T12:44:01+05:30 logger.go:67:                       [31m-[0m[0m port_min   = 0
TestRunBankingSolutions 2025-12-10T12:44:01+05:30 logger.go:67:                       [31m-[0m[0m protocol   = "all"
TestRunBankingSolutions 2025-12-10T12:44:01+05:30 logger.go:67:                       [31m-[0m[0m remote     = "0.0.0.0/0"
TestRunBankingSolutions 2025-12-10T12:44:01+05:30 logger.go:67:                       [31m-[0m[0m rule_id    = "r006-80acdd05-5e0c-492d-adab-886607ff4fba"
TestRunBankingSolutions 2025-12-10T12:44:01+05:30 logger.go:67:                       [31m-[0m[0m type       = 0
TestRunBankingSolutions 2025-12-10T12:44:01+05:30 logger.go:67:                     },
TestRunBankingSolutions 2025-12-10T12:44:01+05:30 logger.go:67:                   [31m-[0m[0m {
TestRunBankingSolutions 2025-12-10T12:44:01+05:30 logger.go:67:                       [31m-[0m[0m code       = 0
TestRunBankingSolutions 2025-12-10T12:44:01+05:30 logger.go:67:                       [31m-[0m[0m direction  = "outbound"
TestRunBankingSolutions 2025-12-10T12:44:01+05:30 logger.go:67:                       [31m-[0m[0m ip_version = "ipv4"
TestRunBankingSolutions 2025-12-10T12:44:01+05:30 logger.go:67:                       [31m-[0m[0m port_max   = 0
TestRunBankingSolutions 2025-12-10T12:44:01+05:30 logger.go:67:                       [31m-[0m[0m port_min   = 0
TestRunBankingSolutions 2025-12-10T12:44:01+05:30 logger.go:67:                       [31m-[0m[0m protocol   = "all"
TestRunBankingSolutions 2025-12-10T12:44:01+05:30 logger.go:67:                       [31m-[0m[0m remote     = "161.26.0.0/16"
TestRunBankingSolutions 2025-12-10T12:44:01+05:30 logger.go:67:                       [31m-[0m[0m rule_id    = "r006-df22a7d4-1d03-41a1-89fa-9b25351d7143"
TestRunBankingSolutions 2025-12-10T12:44:01+05:30 logger.go:67:                       [31m-[0m[0m type       = 0
TestRunBankingSolutions 2025-12-10T12:44:01+05:30 logger.go:67:                     },
TestRunBankingSolutions 2025-12-10T12:44:01+05:30 logger.go:67:                   [31m-[0m[0m {
TestRunBankingSolutions 2025-12-10T12:44:01+05:30 logger.go:67:                       [31m-[0m[0m code       = 0
TestRunBankingSolutions 2025-12-10T12:44:01+05:30 logger.go:67:                       [31m-[0m[0m direction  = "outbound"
TestRunBankingSolutions 2025-12-10T12:44:01+05:30 logger.go:67:                       [31m-[0m[0m ip_version = "ipv4"
TestRunBankingSolutions 2025-12-10T12:44:01+05:30 logger.go:67:                       [31m-[0m[0m port_max   = 0
TestRunBankingSolutions 2025-12-10T12:44:01+05:30 logger.go:67:                       [31m-[0m[0m port_min   = 0
TestRunBankingSolutions 2025-12-10T12:44:01+05:30 logger.go:67:                       [31m-[0m[0m protocol   = "all"
TestRunBankingSolutions 2025-12-10T12:44:01+05:30 logger.go:67:                       [31m-[0m[0m remote     = "r006-ee0fd9c7-a479-47e7-bec6-41233fdeb870"
TestRunBankingSolutions 2025-12-10T12:44:01+05:30 logger.go:67:                       [31m-[0m[0m rule_id    = "r006-642c2164-7619-4a43-85d3-96e96a4895db"
TestRunBankingSolutions 2025-12-10T12:44:01+05:30 logger.go:67:                       [31m-[0m[0m type       = 0
TestRunBankingSolutions 2025-12-10T12:44:01+05:30 logger.go:67:                     },
TestRunBankingSolutions 2025-12-10T12:44:01+05:30 logger.go:67:                   [31m-[0m[0m {
TestRunBankingSolutions 2025-12-10T12:44:01+05:30 logger.go:67:                       [31m-[0m[0m code       = 0
TestRunBankingSolutions 2025-12-10T12:44:01+05:30 logger.go:67:                       [31m-[0m[0m direction  = "outbound"
TestRunBankingSolutions 2025-12-10T12:44:01+05:30 logger.go:67:                       [31m-[0m[0m ip_version = "ipv4"
TestRunBankingSolutions 2025-12-10T12:44:01+05:30 logger.go:67:                       [31m-[0m[0m port_max   = 0
TestRunBankingSolutions 2025-12-10T12:44:01+05:30 logger.go:67:                       [31m-[0m[0m port_min   = 0
TestRunBankingSolutions 2025-12-10T12:44:01+05:30 logger.go:67:                       [31m-[0m[0m protocol   = "all"
TestRunBankingSolutions 2025-12-10T12:44:01+05:30 logger.go:67:                       [31m-[0m[0m remote     = "166.8.0.0/14"
TestRunBankingSolutions 2025-12-10T12:44:01+05:30 logger.go:67:                       [31m-[0m[0m rule_id    = "r006-6f4311e0-9f31-4ec7-a75f-00e8e7791312"
TestRunBankingSolutions 2025-12-10T12:44:01+05:30 logger.go:67:                       [31m-[0m[0m type       = 0
TestRunBankingSolutions 2025-12-10T12:44:01+05:30 logger.go:67:                     },
TestRunBankingSolutions 2025-12-10T12:44:01+05:30 logger.go:67:                   [31m-[0m[0m {
TestRunBankingSolutions 2025-12-10T12:44:01+05:30 logger.go:67:                       [31m-[0m[0m code       = 0
TestRunBankingSolutions 2025-12-10T12:44:01+05:30 logger.go:67:                       [31m-[0m[0m direction  = "outbound"
TestRunBankingSolutions 2025-12-10T12:44:01+05:30 logger.go:67:                       [31m-[0m[0m ip_version = "ipv4"
TestRunBankingSolutions 2025-12-10T12:44:01+05:30 logger.go:67:                       [31m-[0m[0m port_max   = 0
TestRunBankingSolutions 2025-12-10T12:44:01+05:30 logger.go:67:                       [31m-[0m[0m port_min   = 0
TestRunBankingSolutions 2025-12-10T12:44:01+05:30 logger.go:67:                       [31m-[0m[0m protocol   = "all"
TestRunBankingSolutions 2025-12-10T12:44:01+05:30 logger.go:67:                       [31m-[0m[0m remote     = "166.9.250.226"
TestRunBankingSolutions 2025-12-10T12:44:01+05:30 logger.go:67:                       [31m-[0m[0m rule_id    = "r006-5a63d487-81fe-4fb2-87a1-f44e5fdbf85e"
TestRunBankingSolutions 2025-12-10T12:44:01+05:30 logger.go:67:                       [31m-[0m[0m type       = 0
TestRunBankingSolutions 2025-12-10T12:44:01+05:30 logger.go:67:                     },
TestRunBankingSolutions 2025-12-10T12:44:01+05:30 logger.go:67:                   [31m-[0m[0m {
TestRunBankingSolutions 2025-12-10T12:44:01+05:30 logger.go:67:                       [31m-[0m[0m code       = 0
TestRunBankingSolutions 2025-12-10T12:44:01+05:30 logger.go:67:                       [31m-[0m[0m direction  = "outbound"
TestRunBankingSolutions 2025-12-10T12:44:01+05:30 logger.go:67:                       [31m-[0m[0m ip_version = "ipv4"
TestRunBankingSolutions 2025-12-10T12:44:01+05:30 logger.go:67:                       [31m-[0m[0m port_max   = 0
TestRunBankingSolutions 2025-12-10T12:44:01+05:30 logger.go:67:                       [31m-[0m[0m port_min   = 0
TestRunBankingSolutions 2025-12-10T12:44:01+05:30 logger.go:67:                       [31m-[0m[0m protocol   = "all"
TestRunBankingSolutions 2025-12-10T12:44:01+05:30 logger.go:67:                       [31m-[0m[0m remote     = "166.9.250.194"
TestRunBankingSolutions 2025-12-10T12:44:01+05:30 logger.go:67:                       [31m-[0m[0m rule_id    = "r006-d1d09d49-5e60-443f-be63-4a399552359e"
TestRunBankingSolutions 2025-12-10T12:44:01+05:30 logger.go:67:                       [31m-[0m[0m type       = 0
TestRunBankingSolutions 2025-12-10T12:44:01+05:30 logger.go:67:                     },
TestRunBankingSolutions 2025-12-10T12:44:01+05:30 logger.go:67:                   [31m-[0m[0m {
TestRunBankingSolutions 2025-12-10T12:44:01+05:30 logger.go:67:                       [31m-[0m[0m code       = 0
TestRunBankingSolutions 2025-12-10T12:44:01+05:30 logger.go:67:                       [31m-[0m[0m direction  = "outbound"
TestRunBankingSolutions 2025-12-10T12:44:01+05:30 logger.go:67:                       [31m-[0m[0m ip_version = "ipv4"
TestRunBankingSolutions 2025-12-10T12:44:01+05:30 logger.go:67:                       [31m-[0m[0m port_max   = 0
TestRunBankingSolutions 2025-12-10T12:44:01+05:30 logger.go:67:                       [31m-[0m[0m port_min   = 0
TestRunBankingSolutions 2025-12-10T12:44:01+05:30 logger.go:67:                       [31m-[0m[0m protocol   = "all"
TestRunBankingSolutions 2025-12-10T12:44:01+05:30 logger.go:67:                       [31m-[0m[0m remote     = "166.9.251.2"
TestRunBankingSolutions 2025-12-10T12:44:01+05:30 logger.go:67:                       [31m-[0m[0m rule_id    = "r006-178bbdf7-4cef-4774-81e3-36d3de1cf7a1"
TestRunBankingSolutions 2025-12-10T12:44:01+05:30 logger.go:67:                       [31m-[0m[0m type       = 0
TestRunBankingSolutions 2025-12-10T12:44:01+05:30 logger.go:67:                     },
TestRunBankingSolutions 2025-12-10T12:44:01+05:30 logger.go:67:                   [31m-[0m[0m {
TestRunBankingSolutions 2025-12-10T12:44:01+05:30 logger.go:67:                       [31m-[0m[0m code       = 0
TestRunBankingSolutions 2025-12-10T12:44:01+05:30 logger.go:67:                       [31m-[0m[0m direction  = "outbound"
TestRunBankingSolutions 2025-12-10T12:44:01+05:30 logger.go:67:                       [31m-[0m[0m ip_version = "ipv4"
TestRunBankingSolutions 2025-12-10T12:44:01+05:30 logger.go:67:                       [31m-[0m[0m port_max   = 0
TestRunBankingSolutions 2025-12-10T12:44:01+05:30 logger.go:67:                       [31m-[0m[0m port_min   = 0
TestRunBankingSolutions 2025-12-10T12:44:01+05:30 logger.go:67:                       [31m-[0m[0m protocol   = "all"
TestRunBankingSolutions 2025-12-10T12:44:01+05:30 logger.go:67:                       [31m-[0m[0m remote     = "r006-255ee6e0-e1fd-470a-bb93-cc5eef16455b"
TestRunBankingSolutions 2025-12-10T12:44:01+05:30 logger.go:67:                       [31m-[0m[0m rule_id    = "r006-305fdb18-cf64-45ae-b47e-2c4f203eee84"
TestRunBankingSolutions 2025-12-10T12:44:01+05:30 logger.go:67:                       [31m-[0m[0m type       = 0
TestRunBankingSolutions 2025-12-10T12:44:01+05:30 logger.go:67:                     },
TestRunBankingSolutions 2025-12-10T12:44:01+05:30 logger.go:67:                   [31m-[0m[0m {
TestRunBankingSolutions 2025-12-10T12:44:01+05:30 logger.go:67:                       [31m-[0m[0m code       = 0
TestRunBankingSolutions 2025-12-10T12:44:01+05:30 logger.go:67:                       [31m-[0m[0m direction  = "outbound"
TestRunBankingSolutions 2025-12-10T12:44:01+05:30 logger.go:67:                       [31m-[0m[0m ip_version = "ipv4"
TestRunBankingSolutions 2025-12-10T12:44:01+05:30 logger.go:67:                       [31m-[0m[0m port_max   = 0
TestRunBankingSolutions 2025-12-10T12:44:01+05:30 logger.go:67:                       [31m-[0m[0m port_min   = 0
TestRunBankingSolutions 2025-12-10T12:44:01+05:30 logger.go:67:                       [31m-[0m[0m protocol   = "all"
TestRunBankingSolutions 2025-12-10T12:44:01+05:30 logger.go:67:                       [31m-[0m[0m remote     = "r006-6a3e9bc4-42c8-4862-a568-f336964e2406"
TestRunBankingSolutions 2025-12-10T12:44:01+05:30 logger.go:67:                       [31m-[0m[0m rule_id    = "r006-53a7bf28-f5fa-4151-a895-bd6c6e582bcf"
TestRunBankingSolutions 2025-12-10T12:44:01+05:30 logger.go:67:                       [31m-[0m[0m type       = 0
TestRunBankingSolutions 2025-12-10T12:44:01+05:30 logger.go:67:                     },
TestRunBankingSolutions 2025-12-10T12:44:01+05:30 logger.go:67:                   [31m-[0m[0m {
TestRunBankingSolutions 2025-12-10T12:44:01+05:30 logger.go:67:                       [31m-[0m[0m code       = 0
TestRunBankingSolutions 2025-12-10T12:44:01+05:30 logger.go:67:                       [31m-[0m[0m direction  = "outbound"
TestRunBankingSolutions 2025-12-10T12:44:01+05:30 logger.go:67:                       [31m-[0m[0m ip_version = "ipv4"
TestRunBankingSolutions 2025-12-10T12:44:01+05:30 logger.go:67:                       [31m-[0m[0m port_max   = 0
TestRunBankingSolutions 2025-12-10T12:44:01+05:30 logger.go:67:                       [31m-[0m[0m port_min   = 0
TestRunBankingSolutions 2025-12-10T12:44:01+05:30 logger.go:67:                       [31m-[0m[0m protocol   = "all"
TestRunBankingSolutions 2025-12-10T12:44:01+05:30 logger.go:67:                       [31m-[0m[0m remote     = "172.17.0.0/18"
TestRunBankingSolutions 2025-12-10T12:44:01+05:30 logger.go:67:                       [31m-[0m[0m rule_id    = "r006-11b59862-14da-462e-836d-7ac749484b75"
TestRunBankingSolutions 2025-12-10T12:44:01+05:30 logger.go:67:                       [31m-[0m[0m type       = 0
TestRunBankingSolutions 2025-12-10T12:44:01+05:30 logger.go:67:                     },
TestRunBankingSolutions 2025-12-10T12:44:01+05:30 logger.go:67:                   [31m-[0m[0m {
TestRunBankingSolutions 2025-12-10T12:44:01+05:30 logger.go:67:                       [31m-[0m[0m code       = 0
TestRunBankingSolutions 2025-12-10T12:44:01+05:30 logger.go:67:                       [31m-[0m[0m direction  = "outbound"
TestRunBankingSolutions 2025-12-10T12:44:01+05:30 logger.go:67:                       [31m-[0m[0m ip_version = "ipv4"
TestRunBankingSolutions 2025-12-10T12:44:01+05:30 logger.go:67:                       [31m-[0m[0m port_max   = 0
TestRunBankingSolutions 2025-12-10T12:44:01+05:30 logger.go:67:                       [31m-[0m[0m port_min   = 0
TestRunBankingSolutions 2025-12-10T12:44:01+05:30 logger.go:67:                       [31m-[0m[0m protocol   = "all"
TestRunBankingSolutions 2025-12-10T12:44:01+05:30 logger.go:67:                       [31m-[0m[0m remote     = "169.254.169.254"
TestRunBankingSolutions 2025-12-10T12:44:01+05:30 logger.go:67:                       [31m-[0m[0m rule_id    = "r006-5dd80829-3345-4648-9989-ec347491e438"
TestRunBankingSolutions 2025-12-10T12:44:01+05:30 logger.go:67:                       [31m-[0m[0m type       = 0
TestRunBankingSolutions 2025-12-10T12:44:01+05:30 logger.go:67:                     },
TestRunBankingSolutions 2025-12-10T12:44:01+05:30 logger.go:67:                   [31m-[0m[0m {
TestRunBankingSolutions 2025-12-10T12:44:01+05:30 logger.go:67:                       [31m-[0m[0m code       = 0
TestRunBankingSolutions 2025-12-10T12:44:01+05:30 logger.go:67:                       [31m-[0m[0m direction  = "inbound"
TestRunBankingSolutions 2025-12-10T12:44:01+05:30 logger.go:67:                       [31m-[0m[0m ip_version = "ipv4"
TestRunBankingSolutions 2025-12-10T12:44:01+05:30 logger.go:67:                       [31m-[0m[0m port_max   = 0
TestRunBankingSolutions 2025-12-10T12:44:01+05:30 logger.go:67:                       [31m-[0m[0m port_min   = 0
TestRunBankingSolutions 2025-12-10T12:44:01+05:30 logger.go:67:                       [31m-[0m[0m protocol   = "all"
TestRunBankingSolutions 2025-12-10T12:44:01+05:30 logger.go:67:                       [31m-[0m[0m remote     = "172.17.0.0/18"
TestRunBankingSolutions 2025-12-10T12:44:01+05:30 logger.go:67:                       [31m-[0m[0m rule_id    = "r006-59dd8fa3-dda6-48be-abad-74f4974cfd3a"
TestRunBankingSolutions 2025-12-10T12:44:01+05:30 logger.go:67:                       [31m-[0m[0m type       = 0
TestRunBankingSolutions 2025-12-10T12:44:01+05:30 logger.go:67:                     },
TestRunBankingSolutions 2025-12-10T12:44:01+05:30 logger.go:67:                   [31m-[0m[0m {
TestRunBankingSolutions 2025-12-10T12:44:01+05:30 logger.go:67:                       [31m-[0m[0m code       = 0
TestRunBankingSolutions 2025-12-10T12:44:01+05:30 logger.go:67:                       [31m-[0m[0m direction  = "inbound"
TestRunBankingSolutions 2025-12-10T12:44:01+05:30 logger.go:67:                       [31m-[0m[0m ip_version = "ipv4"
TestRunBankingSolutions 2025-12-10T12:44:01+05:30 logger.go:67:                       [31m-[0m[0m port_max   = 0
TestRunBankingSolutions 2025-12-10T12:44:01+05:30 logger.go:67:                       [31m-[0m[0m port_min   = 0
TestRunBankingSolutions 2025-12-10T12:44:01+05:30 logger.go:67:                       [31m-[0m[0m protocol   = "all"
TestRunBankingSolutions 2025-12-10T12:44:01+05:30 logger.go:67:                       [31m-[0m[0m remote     = "r006-6a3e9bc4-42c8-4862-a568-f336964e2406"
TestRunBankingSolutions 2025-12-10T12:44:01+05:30 logger.go:67:                       [31m-[0m[0m rule_id    = "r006-4ad5b7d5-def3-4c0b-861a-427ef2c7f0d4"
TestRunBankingSolutions 2025-12-10T12:44:01+05:30 logger.go:67:                       [31m-[0m[0m type       = 0
TestRunBankingSolutions 2025-12-10T12:44:01+05:30 logger.go:67:                     },
TestRunBankingSolutions 2025-12-10T12:44:01+05:30 logger.go:67:                   [31m-[0m[0m {
TestRunBankingSolutions 2025-12-10T12:44:01+05:30 logger.go:67:                       [31m-[0m[0m code       = 0
TestRunBankingSolutions 2025-12-10T12:44:01+05:30 logger.go:67:                       [31m-[0m[0m direction  = "inbound"
TestRunBankingSolutions 2025-12-10T12:44:01+05:30 logger.go:67:                       [31m-[0m[0m ip_version = "ipv4"
TestRunBankingSolutions 2025-12-10T12:44:01+05:30 logger.go:67:                       [31m-[0m[0m port_max   = 0
TestRunBankingSolutions 2025-12-10T12:44:01+05:30 logger.go:67:                       [31m-[0m[0m port_min   = 0
TestRunBankingSolutions 2025-12-10T12:44:01+05:30 logger.go:67:                       [31m-[0m[0m protocol   = "icmp"
TestRunBankingSolutions 2025-12-10T12:44:01+05:30 logger.go:67:                       [31m-[0m[0m remote     = "0.0.0.0/0"
TestRunBankingSolutions 2025-12-10T12:44:01+05:30 logger.go:67:                       [31m-[0m[0m rule_id    = "r006-88dc3b2d-2527-448d-9b94-be3b09285a87"
TestRunBankingSolutions 2025-12-10T12:44:01+05:30 logger.go:67:                       [31m-[0m[0m type       = 8
TestRunBankingSolutions 2025-12-10T12:44:01+05:30 logger.go:67:                     },
TestRunBankingSolutions 2025-12-10T12:44:01+05:30 logger.go:67:                   [31m-[0m[0m {
TestRunBankingSolutions 2025-12-10T12:44:01+05:30 logger.go:67:                       [31m-[0m[0m code       = 0
TestRunBankingSolutions 2025-12-10T12:44:01+05:30 logger.go:67:                       [31m-[0m[0m direction  = "outbound"
TestRunBankingSolutions 2025-12-10T12:44:01+05:30 logger.go:67:                       [31m-[0m[0m ip_version = "ipv4"
TestRunBankingSolutions 2025-12-10T12:44:01+05:30 logger.go:67:                       [31m-[0m[0m port_max   = 31109
TestRunBankingSolutions 2025-12-10T12:44:01+05:30 logger.go:67:                       [31m-[0m[0m port_min   = 31109
TestRunBankingSolutions 2025-12-10T12:44:01+05:30 logger.go:67:                       [31m-[0m[0m protocol   = "tcp"
TestRunBankingSolutions 2025-12-10T12:44:01+05:30 logger.go:67:                       [31m-[0m[0m remote     = "169.63.39.66"
TestRunBankingSolutions 2025-12-10T12:44:01+05:30 logger.go:67:                       [31m-[0m[0m rule_id    = "r006-5b0a34e4-5001-44b8-9ed1-5b018df5c77a"
TestRunBankingSolutions 2025-12-10T12:44:01+05:30 logger.go:67:                       [31m-[0m[0m type       = 0
TestRunBankingSolutions 2025-12-10T12:44:01+05:30 logger.go:67:                     },
TestRunBankingSolutions 2025-12-10T12:44:01+05:30 logger.go:67:                   [31m-[0m[0m {
TestRunBankingSolutions 2025-12-10T12:44:01+05:30 logger.go:67:                       [31m-[0m[0m code       = 0
TestRunBankingSolutions 2025-12-10T12:44:01+05:30 logger.go:67:                       [31m-[0m[0m direction  = "outbound"
TestRunBankingSolutions 2025-12-10T12:44:01+05:30 logger.go:67:                       [31m-[0m[0m ip_version = "ipv4"
TestRunBankingSolutions 2025-12-10T12:44:01+05:30 logger.go:67:                       [31m-[0m[0m port_max   = 31109
TestRunBankingSolutions 2025-12-10T12:44:01+05:30 logger.go:67:                       [31m-[0m[0m port_min   = 31109
TestRunBankingSolutions 2025-12-10T12:44:01+05:30 logger.go:67:                       [31m-[0m[0m protocol   = "tcp"
TestRunBankingSolutions 2025-12-10T12:44:01+05:30 logger.go:67:                       [31m-[0m[0m remote     = "169.46.89.50"
TestRunBankingSolutions 2025-12-10T12:44:01+05:30 logger.go:67:                       [31m-[0m[0m rule_id    = "r006-f2a67943-8fe4-4154-b1dc-d9cf89526a3b"
TestRunBankingSolutions 2025-12-10T12:44:01+05:30 logger.go:67:                       [31m-[0m[0m type       = 0
TestRunBankingSolutions 2025-12-10T12:44:01+05:30 logger.go:67:                     },
TestRunBankingSolutions 2025-12-10T12:44:01+05:30 logger.go:67:                   [31m-[0m[0m {
TestRunBankingSolutions 2025-12-10T12:44:01+05:30 logger.go:67:                       [31m-[0m[0m code       = 0
TestRunBankingSolutions 2025-12-10T12:44:01+05:30 logger.go:67:                       [31m-[0m[0m direction  = "outbound"
TestRunBankingSolutions 2025-12-10T12:44:01+05:30 logger.go:67:                       [31m-[0m[0m ip_version = "ipv4"
TestRunBankingSolutions 2025-12-10T12:44:01+05:30 logger.go:67:                       [31m-[0m[0m port_max   = 31109
TestRunBankingSolutions 2025-12-10T12:44:01+05:30 logger.go:67:                       [31m-[0m[0m port_min   = 31109
TestRunBankingSolutions 2025-12-10T12:44:01+05:30 logger.go:67:                       [31m-[0m[0m protocol   = "tcp"
TestRunBankingSolutions 2025-12-10T12:44:01+05:30 logger.go:67:                       [31m-[0m[0m remote     = "169.61.28.66"
TestRunBankingSolutions 2025-12-10T12:44:01+05:30 logger.go:67:                       [31m-[0m[0m rule_id    = "r006-de5245da-892f-4432-903a-bfb80ec0c264"
TestRunBankingSolutions 2025-12-10T12:44:01+05:30 logger.go:67:                       [31m-[0m[0m type       = 0
TestRunBankingSolutions 2025-12-10T12:44:01+05:30 logger.go:67:                     },
TestRunBankingSolutions 2025-12-10T12:44:01+05:30 logger.go:67:                   [31m-[0m[0m {
TestRunBankingSolutions 2025-12-10T12:44:01+05:30 logger.go:67:                       [31m-[0m[0m code       = 0
TestRunBankingSolutions 2025-12-10T12:44:01+05:30 logger.go:67:                       [31m-[0m[0m direction  = "inbound"
TestRunBankingSolutions 2025-12-10T12:44:01+05:30 logger.go:67:                       [31m-[0m[0m ip_version = "ipv4"
TestRunBankingSolutions 2025-12-10T12:44:01+05:30 logger.go:67:                       [31m-[0m[0m port_max   = 30807
TestRunBankingSolutions 2025-12-10T12:44:01+05:30 logger.go:67:                       [31m-[0m[0m port_min   = 30807
TestRunBankingSolutions 2025-12-10T12:44:01+05:30 logger.go:67:                       [31m-[0m[0m protocol   = "tcp"
TestRunBankingSolutions 2025-12-10T12:44:01+05:30 logger.go:67:                       [31m-[0m[0m remote     = "r006-ec0e4573-70f5-41ae-8032-9212e8a3f54b"
TestRunBankingSolutions 2025-12-10T12:44:01+05:30 logger.go:67:                       [31m-[0m[0m rule_id    = "r006-b2bcac22-382c-4fcf-86bc-2f5c728b7fb9"
TestRunBankingSolutions 2025-12-10T12:44:01+05:30 logger.go:67:                       [31m-[0m[0m type       = 0
TestRunBankingSolutions 2025-12-10T12:44:01+05:30 logger.go:67:                     },
TestRunBankingSolutions 2025-12-10T12:44:01+05:30 logger.go:67:                   [31m-[0m[0m {
TestRunBankingSolutions 2025-12-10T12:44:01+05:30 logger.go:67:                       [31m-[0m[0m code       = 0
TestRunBankingSolutions 2025-12-10T12:44:01+05:30 logger.go:67:                       [31m-[0m[0m direction  = "inbound"
TestRunBankingSolutions 2025-12-10T12:44:01+05:30 logger.go:67:                       [31m-[0m[0m ip_version = "ipv4"
TestRunBankingSolutions 2025-12-10T12:44:01+05:30 logger.go:67:                       [31m-[0m[0m port_max   = 31505
TestRunBankingSolutions 2025-12-10T12:44:01+05:30 logger.go:67:                       [31m-[0m[0m port_min   = 31505
TestRunBankingSolutions 2025-12-10T12:44:01+05:30 logger.go:67:                       [31m-[0m[0m protocol   = "tcp"
TestRunBankingSolutions 2025-12-10T12:44:01+05:30 logger.go:67:                       [31m-[0m[0m remote     = "r006-ec0e4573-70f5-41ae-8032-9212e8a3f54b"
TestRunBankingSolutions 2025-12-10T12:44:01+05:30 logger.go:67:                       [31m-[0m[0m rule_id    = "r006-97701ae5-d72d-4953-945e-edc631384baa"
TestRunBankingSolutions 2025-12-10T12:44:01+05:30 logger.go:67:                       [31m-[0m[0m type       = 0
TestRunBankingSolutions 2025-12-10T12:44:01+05:30 logger.go:67:                     },
TestRunBankingSolutions 2025-12-10T12:44:01+05:30 logger.go:67:                   [31m-[0m[0m {
TestRunBankingSolutions 2025-12-10T12:44:01+05:30 logger.go:67:                       [31m-[0m[0m code       = 0
TestRunBankingSolutions 2025-12-10T12:44:01+05:30 logger.go:67:                       [31m-[0m[0m direction  = "outbound"
TestRunBankingSolutions 2025-12-10T12:44:01+05:30 logger.go:67:                       [31m-[0m[0m ip_version = "ipv4"
TestRunBankingSolutions 2025-12-10T12:44:01+05:30 logger.go:67:                       [31m-[0m[0m port_max   = 443
TestRunBankingSolutions 2025-12-10T12:44:01+05:30 logger.go:67:                       [31m-[0m[0m port_min   = 443
TestRunBankingSolutions 2025-12-10T12:44:01+05:30 logger.go:67:                       [31m-[0m[0m protocol   = "tcp"
TestRunBankingSolutions 2025-12-10T12:44:01+05:30 logger.go:67:                       [31m-[0m[0m remote     = "150.240.165.191"
TestRunBankingSolutions 2025-12-10T12:44:01+05:30 logger.go:67:                       [31m-[0m[0m rule_id    = "r006-065df458-93a8-4366-a17d-a983f8c4747d"
TestRunBankingSolutions 2025-12-10T12:44:01+05:30 logger.go:67:                       [31m-[0m[0m type       = 0
TestRunBankingSolutions 2025-12-10T12:44:01+05:30 logger.go:67:                     },
TestRunBankingSolutions 2025-12-10T12:44:01+05:30 logger.go:67:                   [31m-[0m[0m {
TestRunBankingSolutions 2025-12-10T12:44:01+05:30 logger.go:67:                       [31m-[0m[0m code       = 0
TestRunBankingSolutions 2025-12-10T12:44:01+05:30 logger.go:67:                       [31m-[0m[0m direction  = "outbound"
TestRunBankingSolutions 2025-12-10T12:44:01+05:30 logger.go:67:                       [31m-[0m[0m ip_version = "ipv4"
TestRunBankingSolutions 2025-12-10T12:44:01+05:30 logger.go:67:                       [31m-[0m[0m port_max   = 443
TestRunBankingSolutions 2025-12-10T12:44:01+05:30 logger.go:67:                       [31m-[0m[0m port_min   = 443
TestRunBankingSolutions 2025-12-10T12:44:01+05:30 logger.go:67:                       [31m-[0m[0m protocol   = "tcp"
TestRunBankingSolutions 2025-12-10T12:44:01+05:30 logger.go:67:                       [31m-[0m[0m remote     = "52.118.150.194"
TestRunBankingSolutions 2025-12-10T12:44:01+05:30 logger.go:67:                       [31m-[0m[0m rule_id    = "r006-f93e9bd5-fa91-444e-a2fb-d6f2dc6895e1"
TestRunBankingSolutions 2025-12-10T12:44:01+05:30 logger.go:67:                       [31m-[0m[0m type       = 0
TestRunBankingSolutions 2025-12-10T12:44:01+05:30 logger.go:67:                     },
TestRunBankingSolutions 2025-12-10T12:44:01+05:30 logger.go:67:                 ]
TestRunBankingSolutions 2025-12-10T12:44:01+05:30 logger.go:67:             },
TestRunBankingSolutions 2025-12-10T12:44:01+05:30 logger.go:67:           [31m-[0m[0m {
TestRunBankingSolutions 2025-12-10T12:44:01+05:30 logger.go:67:               [31m-[0m[0m group_id   = "r006-ee0fd9c7-a479-47e7-bec6-41233fdeb870"
TestRunBankingSolutions 2025-12-10T12:44:01+05:30 logger.go:67:               [31m-[0m[0m group_name = "kube-vpegw-r006-e17948de-378c-4508-902e-7701e6a2446d"
TestRunBankingSolutions 2025-12-10T12:44:01+05:30 logger.go:67:               [31m-[0m[0m rules      = [
TestRunBankingSolutions 2025-12-10T12:44:01+05:30 logger.go:67:                   [31m-[0m[0m {
TestRunBankingSolutions 2025-12-10T12:44:01+05:30 logger.go:67:                       [31m-[0m[0m code       = 0
TestRunBankingSolutions 2025-12-10T12:44:01+05:30 logger.go:67:                       [31m-[0m[0m direction  = "inbound"
TestRunBankingSolutions 2025-12-10T12:44:01+05:30 logger.go:67:                       [31m-[0m[0m ip_version = "ipv4"
TestRunBankingSolutions 2025-12-10T12:44:01+05:30 logger.go:67:                       [31m-[0m[0m port_max   = 0
TestRunBankingSolutions 2025-12-10T12:44:01+05:30 logger.go:67:                       [31m-[0m[0m port_min   = 0
TestRunBankingSolutions 2025-12-10T12:44:01+05:30 logger.go:67:                       [31m-[0m[0m protocol   = "all"
TestRunBankingSolutions 2025-12-10T12:44:01+05:30 logger.go:67:                       [31m-[0m[0m remote     = "r006-6a3e9bc4-42c8-4862-a568-f336964e2406"
TestRunBankingSolutions 2025-12-10T12:44:01+05:30 logger.go:67:                       [31m-[0m[0m rule_id    = "r006-f76e3a91-c554-4f31-afc9-14ec8a081dfa"
TestRunBankingSolutions 2025-12-10T12:44:01+05:30 logger.go:67:                       [31m-[0m[0m type       = 0
TestRunBankingSolutions 2025-12-10T12:44:01+05:30 logger.go:67:                     },
TestRunBankingSolutions 2025-12-10T12:44:01+05:30 logger.go:67:                 ]
TestRunBankingSolutions 2025-12-10T12:44:01+05:30 logger.go:67:             },
TestRunBankingSolutions 2025-12-10T12:44:01+05:30 logger.go:67:           [31m-[0m[0m {
TestRunBankingSolutions 2025-12-10T12:44:01+05:30 logger.go:67:               [31m-[0m[0m group_id   = "r006-268c76bf-20f3-41de-8380-78d36e28c4bf"
TestRunBankingSolutions 2025-12-10T12:44:01+05:30 logger.go:67:               [31m-[0m[0m group_name = "seventy-thinly-barbed-chant"
TestRunBankingSolutions 2025-12-10T12:44:01+05:30 logger.go:67:               [31m-[0m[0m rules      = [
TestRunBankingSolutions 2025-12-10T12:44:01+05:30 logger.go:67:                   [31m-[0m[0m {
TestRunBankingSolutions 2025-12-10T12:44:01+05:30 logger.go:67:                       [31m-[0m[0m code       = 0
TestRunBankingSolutions 2025-12-10T12:44:01+05:30 logger.go:67:                       [31m-[0m[0m direction  = "outbound"
TestRunBankingSolutions 2025-12-10T12:44:01+05:30 logger.go:67:                       [31m-[0m[0m ip_version = "ipv4"
TestRunBankingSolutions 2025-12-10T12:44:01+05:30 logger.go:67:                       [31m-[0m[0m port_max   = 0
TestRunBankingSolutions 2025-12-10T12:44:01+05:30 logger.go:67:                       [31m-[0m[0m port_min   = 0
TestRunBankingSolutions 2025-12-10T12:44:01+05:30 logger.go:67:                       [31m-[0m[0m protocol   = "all"
TestRunBankingSolutions 2025-12-10T12:44:01+05:30 logger.go:67:                       [31m-[0m[0m remote     = "0.0.0.0/0"
TestRunBankingSolutions 2025-12-10T12:44:01+05:30 logger.go:67:                       [31m-[0m[0m rule_id    = "r006-7457dd0b-e46f-4672-a82d-a14b4f6d0769"
TestRunBankingSolutions 2025-12-10T12:44:01+05:30 logger.go:67:                       [31m-[0m[0m type       = 0
TestRunBankingSolutions 2025-12-10T12:44:01+05:30 logger.go:67:                     },
TestRunBankingSolutions 2025-12-10T12:44:01+05:30 logger.go:67:                   [31m-[0m[0m {
TestRunBankingSolutions 2025-12-10T12:44:01+05:30 logger.go:67:                       [31m-[0m[0m code       = 0
TestRunBankingSolutions 2025-12-10T12:44:01+05:30 logger.go:67:                       [31m-[0m[0m direction  = "inbound"
TestRunBankingSolutions 2025-12-10T12:44:01+05:30 logger.go:67:                       [31m-[0m[0m ip_version = "ipv4"
TestRunBankingSolutions 2025-12-10T12:44:01+05:30 logger.go:67:                       [31m-[0m[0m port_max   = 0
TestRunBankingSolutions 2025-12-10T12:44:01+05:30 logger.go:67:                       [31m-[0m[0m port_min   = 0
TestRunBankingSolutions 2025-12-10T12:44:01+05:30 logger.go:67:                       [31m-[0m[0m protocol   = "all"
TestRunBankingSolutions 2025-12-10T12:44:01+05:30 logger.go:67:                       [31m-[0m[0m remote     = "r006-268c76bf-20f3-41de-8380-78d36e28c4bf"
TestRunBankingSolutions 2025-12-10T12:44:01+05:30 logger.go:67:                       [31m-[0m[0m rule_id    = "r006-1a752d06-7224-4f0b-a660-6fcf5daff77e"
TestRunBankingSolutions 2025-12-10T12:44:01+05:30 logger.go:67:                       [31m-[0m[0m type       = 0
TestRunBankingSolutions 2025-12-10T12:44:01+05:30 logger.go:67:                     },
TestRunBankingSolutions 2025-12-10T12:44:01+05:30 logger.go:67:                 ]
TestRunBankingSolutions 2025-12-10T12:44:01+05:30 logger.go:67:             },
TestRunBankingSolutions 2025-12-10T12:44:01+05:30 logger.go:67:         ] [90m-> null[0m[0m
TestRunBankingSolutions 2025-12-10T12:44:01+05:30 logger.go:67:       [31m-[0m[0m status                      = "available" [90m-> null[0m[0m
TestRunBankingSolutions 2025-12-10T12:44:01+05:30 logger.go:67:       [31m-[0m[0m subnets                     = [
TestRunBankingSolutions 2025-12-10T12:44:01+05:30 logger.go:67:           [31m-[0m[0m {
TestRunBankingSolutions 2025-12-10T12:44:01+05:30 logger.go:67:               [31m-[0m[0m available_ipv4_address_count = 241
TestRunBankingSolutions 2025-12-10T12:44:01+05:30 logger.go:67:               [31m-[0m[0m id                           = "0717-0092fcc3-43f2-4fd0-b34a-5250ddf61d68"
TestRunBankingSolutions 2025-12-10T12:44:01+05:30 logger.go:67:               [31m-[0m[0m name                         = "rag-da-tj2una-subnet-1"
TestRunBankingSolutions 2025-12-10T12:44:01+05:30 logger.go:67:               [31m-[0m[0m status                       = "available"
TestRunBankingSolutions 2025-12-10T12:44:01+05:30 logger.go:67:               [31m-[0m[0m total_ipv4_address_count     = 256
TestRunBankingSolutions 2025-12-10T12:44:01+05:30 logger.go:67:               [31m-[0m[0m zone                         = "us-south-1"
TestRunBankingSolutions 2025-12-10T12:44:01+05:30 logger.go:67:             },
TestRunBankingSolutions 2025-12-10T12:44:01+05:30 logger.go:67:         ] [90m-> null[0m[0m
TestRunBankingSolutions 2025-12-10T12:44:01+05:30 logger.go:67:       [31m-[0m[0m tags                        = [] [90m-> null[0m[0m
TestRunBankingSolutions 2025-12-10T12:44:01+05:30 logger.go:67: 
TestRunBankingSolutions 2025-12-10T12:44:01+05:30 logger.go:67:       [31m-[0m[0m dns {
TestRunBankingSolutions 2025-12-10T12:44:01+05:30 logger.go:67:           [31m-[0m[0m enable_hub               = false [90m-> null[0m[0m
TestRunBankingSolutions 2025-12-10T12:44:01+05:30 logger.go:67:           [31m-[0m[0m resolution_binding_count = 0 [90m-> null[0m[0m
TestRunBankingSolutions 2025-12-10T12:44:01+05:30 logger.go:67: 
TestRunBankingSolutions 2025-12-10T12:44:01+05:30 logger.go:67:           [31m-[0m[0m resolver {
TestRunBankingSolutions 2025-12-10T12:44:01+05:30 logger.go:67:               [31m-[0m[0m configuration         = "private_resolver" [90m-> null[0m[0m
TestRunBankingSolutions 2025-12-10T12:44:01+05:30 logger.go:67:               [31m-[0m[0m servers               = [
TestRunBankingSolutions 2025-12-10T12:44:01+05:30 logger.go:67:                   [31m-[0m[0m {
TestRunBankingSolutions 2025-12-10T12:44:01+05:30 logger.go:67:                       [31m-[0m[0m address       = "161.26.0.7"
TestRunBankingSolutions 2025-12-10T12:44:01+05:30 logger.go:67:                         [90m# (1 unchanged attribute hidden)[0m[0m
TestRunBankingSolutions 2025-12-10T12:44:01+05:30 logger.go:67:                     },
TestRunBankingSolutions 2025-12-10T12:44:01+05:30 logger.go:67:                   [31m-[0m[0m {
TestRunBankingSolutions 2025-12-10T12:44:01+05:30 logger.go:67:                       [31m-[0m[0m address       = "161.26.0.8"
TestRunBankingSolutions 2025-12-10T12:44:01+05:30 logger.go:67:                         [90m# (1 unchanged attribute hidden)[0m[0m
TestRunBankingSolutions 2025-12-10T12:44:01+05:30 logger.go:67:                     },
TestRunBankingSolutions 2025-12-10T12:44:01+05:30 logger.go:67:                 ] [90m-> null[0m[0m
TestRunBankingSolutions 2025-12-10T12:44:01+05:30 logger.go:67:               [31m-[0m[0m type                  = "system" [90m-> null[0m[0m
TestRunBankingSolutions 2025-12-10T12:44:01+05:30 logger.go:67:                 [90m# (7 unchanged attributes hidden)[0m[0m
TestRunBankingSolutions 2025-12-10T12:44:01+05:30 logger.go:67:             }
TestRunBankingSolutions 2025-12-10T12:44:01+05:30 logger.go:67:         }
TestRunBankingSolutions 2025-12-10T12:44:01+05:30 logger.go:67:     }
TestRunBankingSolutions 2025-12-10T12:44:01+05:30 logger.go:67: 
TestRunBankingSolutions 2025-12-10T12:44:01+05:30 logger.go:67: [1m  # ibm_resource_instance.assistant_instance[0m will be [1m[31mdestroyed[0m
TestRunBankingSolutions 2025-12-10T12:44:01+05:30 logger.go:67: [0m  [31m-[0m[0m resource "ibm_resource_instance" "assistant_instance" {
TestRunBankingSolutions 2025-12-10T12:44:01+05:30 logger.go:67:       [31m-[0m[0m account_id              = "abac0df06b644a9cabc6e44f55b3880e" [90m-> null[0m[0m
TestRunBankingSolutions 2025-12-10T12:44:01+05:30 logger.go:67:       [31m-[0m[0m allow_cleanup           = false [90m-> null[0m[0m
TestRunBankingSolutions 2025-12-10T12:44:01+05:30 logger.go:67:       [31m-[0m[0m created_at              = "2025-12-10T05:57:11.292Z" [90m-> null[0m[0m
TestRunBankingSolutions 2025-12-10T12:44:01+05:30 logger.go:67:       [31m-[0m[0m created_by              = "IBMid-69100165KL" [90m-> null[0m[0m
TestRunBankingSolutions 2025-12-10T12:44:01+05:30 logger.go:67:       [31m-[0m[0m crn                     = "crn:v1:bluemix:public:conversation:us-south:a/abac0df06b644a9cabc6e44f55b3880e:1561d39c-06f1-442a-b1a4-3bed06835dda::" [90m-> null[0m[0m
TestRunBankingSolutions 2025-12-10T12:44:01+05:30 logger.go:67:       [31m-[0m[0m dashboard_url           = "https://cloud.ibm.com/" [90m-> null[0m[0m
TestRunBankingSolutions 2025-12-10T12:44:01+05:30 logger.go:67:       [31m-[0m[0m extensions              = {
TestRunBankingSolutions 2025-12-10T12:44:01+05:30 logger.go:67:           [31m-[0m[0m "virtual_private_endpoints.dns_domain"             = "assistant.watson.cloud.ibm.com"
TestRunBankingSolutions 2025-12-10T12:44:01+05:30 logger.go:67:           [31m-[0m[0m "virtual_private_endpoints.dns_hosts.#"            = "1"
TestRunBankingSolutions 2025-12-10T12:44:01+05:30 logger.go:67:           [31m-[0m[0m "virtual_private_endpoints.dns_hosts.0"            = "api.private.us-south"
TestRunBankingSolutions 2025-12-10T12:44:01+05:30 logger.go:67:           [31m-[0m[0m "virtual_private_endpoints.endpoints.#"            = "3"
TestRunBankingSolutions 2025-12-10T12:44:01+05:30 logger.go:67:           [31m-[0m[0m "virtual_private_endpoints.endpoints.0.ip_address" = "166.9.48.86"
TestRunBankingSolutions 2025-12-10T12:44:01+05:30 logger.go:67:           [31m-[0m[0m "virtual_private_endpoints.endpoints.0.zone"       = "dal10"
TestRunBankingSolutions 2025-12-10T12:44:01+05:30 logger.go:67:           [31m-[0m[0m "virtual_private_endpoints.endpoints.1.ip_address" = "166.9.51.37"
TestRunBankingSolutions 2025-12-10T12:44:01+05:30 logger.go:67:           [31m-[0m[0m "virtual_private_endpoints.endpoints.1.zone"       = "dal12"
TestRunBankingSolutions 2025-12-10T12:44:01+05:30 logger.go:67:           [31m-[0m[0m "virtual_private_endpoints.endpoints.2.ip_address" = "166.9.58.35"
TestRunBankingSolutions 2025-12-10T12:44:01+05:30 logger.go:67:           [31m-[0m[0m "virtual_private_endpoints.endpoints.2.zone"       = "dal13"
TestRunBankingSolutions 2025-12-10T12:44:01+05:30 logger.go:67:           [31m-[0m[0m "virtual_private_endpoints.origin_type"            = "cse"
TestRunBankingSolutions 2025-12-10T12:44:01+05:30 logger.go:67:           [31m-[0m[0m "virtual_private_endpoints.ports.#"                = "2"
TestRunBankingSolutions 2025-12-10T12:44:01+05:30 logger.go:67:           [31m-[0m[0m "virtual_private_endpoints.ports.0.port_max"       = "443"
TestRunBankingSolutions 2025-12-10T12:44:01+05:30 logger.go:67:           [31m-[0m[0m "virtual_private_endpoints.ports.0.port_min"       = "443"
TestRunBankingSolutions 2025-12-10T12:44:01+05:30 logger.go:67:           [31m-[0m[0m "virtual_private_endpoints.ports.1.port_max"       = "9443"
TestRunBankingSolutions 2025-12-10T12:44:01+05:30 logger.go:67:           [31m-[0m[0m "virtual_private_endpoints.ports.1.port_min"       = "9443"
TestRunBankingSolutions 2025-12-10T12:44:01+05:30 logger.go:67:         } [90m-> null[0m[0m
TestRunBankingSolutions 2025-12-10T12:44:01+05:30 logger.go:67:       [31m-[0m[0m guid                    = "1561d39c-06f1-442a-b1a4-3bed06835dda" [90m-> null[0m[0m
TestRunBankingSolutions 2025-12-10T12:44:01+05:30 logger.go:67:       [31m-[0m[0m id                      = "crn:v1:bluemix:public:conversation:us-south:a/abac0df06b644a9cabc6e44f55b3880e:1561d39c-06f1-442a-b1a4-3bed06835dda::" [90m-> null[0m[0m
TestRunBankingSolutions 2025-12-10T12:44:01+05:30 logger.go:67:       [31m-[0m[0m last_operation          = {
TestRunBankingSolutions 2025-12-10T12:44:01+05:30 logger.go:67:           [31m-[0m[0m "async"       = "false"
TestRunBankingSolutions 2025-12-10T12:44:01+05:30 logger.go:67:           [31m-[0m[0m "cancelable"  = "false"
TestRunBankingSolutions 2025-12-10T12:44:01+05:30 logger.go:67:           [31m-[0m[0m "description" = "Completed create instance operation"
TestRunBankingSolutions 2025-12-10T12:44:01+05:30 logger.go:67:           [31m-[0m[0m "poll"        = "false"
TestRunBankingSolutions 2025-12-10T12:44:01+05:30 logger.go:67:           [31m-[0m[0m "state"       = "succeeded"
TestRunBankingSolutions 2025-12-10T12:44:01+05:30 logger.go:67:           [31m-[0m[0m "type"        = "create"
TestRunBankingSolutions 2025-12-10T12:44:01+05:30 logger.go:67:         } [90m-> null[0m[0m
TestRunBankingSolutions 2025-12-10T12:44:01+05:30 logger.go:67:       [31m-[0m[0m location                = "us-south" [90m-> null[0m[0m
TestRunBankingSolutions 2025-12-10T12:44:01+05:30 logger.go:67:       [31m-[0m[0m locked                  = false [90m-> null[0m[0m
TestRunBankingSolutions 2025-12-10T12:44:01+05:30 logger.go:67:       [31m-[0m[0m name                    = "rag-da-tj2una-watson-assistant-instance" [90m-> null[0m[0m
TestRunBankingSolutions 2025-12-10T12:44:01+05:30 logger.go:67:       [31m-[0m[0m onetime_credentials     = false [90m-> null[0m[0m
TestRunBankingSolutions 2025-12-10T12:44:01+05:30 logger.go:67:       [31m-[0m[0m plan                    = "plus" [90m-> null[0m[0m
TestRunBankingSolutions 2025-12-10T12:44:01+05:30 logger.go:67:       [31m-[0m[0m plan_history            = [
TestRunBankingSolutions 2025-12-10T12:44:01+05:30 logger.go:67:           [31m-[0m[0m {
TestRunBankingSolutions 2025-12-10T12:44:01+05:30 logger.go:67:               [31m-[0m[0m resource_plan_id = "f0a3dd47-b693-4d73-a8df-aa6baf07a933"
TestRunBankingSolutions 2025-12-10T12:44:01+05:30 logger.go:67:               [31m-[0m[0m start_date       = "2025-12-10T05:57:11.292Z"
TestRunBankingSolutions 2025-12-10T12:44:01+05:30 logger.go:67:             },
TestRunBankingSolutions 2025-12-10T12:44:01+05:30 logger.go:67:         ] [90m-> null[0m[0m
TestRunBankingSolutions 2025-12-10T12:44:01+05:30 logger.go:67:       [31m-[0m[0m resource_aliases_url    = "/v2/resource_instances/1561d39c-06f1-442a-b1a4-3bed06835dda/resource_aliases" [90m-> null[0m[0m
TestRunBankingSolutions 2025-12-10T12:44:01+05:30 logger.go:67:       [31m-[0m[0m resource_bindings_url   = "/v2/resource_instances/1561d39c-06f1-442a-b1a4-3bed06835dda/resource_bindings" [90m-> null[0m[0m
TestRunBankingSolutions 2025-12-10T12:44:01+05:30 logger.go:67:       [31m-[0m[0m resource_controller_url = "https://cloud.ibm.com/services/" [90m-> null[0m[0m
TestRunBankingSolutions 2025-12-10T12:44:01+05:30 logger.go:67:       [31m-[0m[0m resource_crn            = "crn:v1:bluemix:public:conversation:us-south:a/abac0df06b644a9cabc6e44f55b3880e:1561d39c-06f1-442a-b1a4-3bed06835dda::" [90m-> null[0m[0m
TestRunBankingSolutions 2025-12-10T12:44:01+05:30 logger.go:67:       [31m-[0m[0m resource_group_crn      = "crn:v1:bluemix:public:resource-controller::a/abac0df06b644a9cabc6e44f55b3880e::resource-group:2c229fbcb1934d18b91bd6ec366cb260" [90m-> null[0m[0m
TestRunBankingSolutions 2025-12-10T12:44:01+05:30 logger.go:67:       [31m-[0m[0m resource_group_id       = "2c229fbcb1934d18b91bd6ec366cb260" [90m-> null[0m[0m
TestRunBankingSolutions 2025-12-10T12:44:01+05:30 logger.go:67:       [31m-[0m[0m resource_group_name     = "crn:v1:bluemix:public:resource-controller::a/abac0df06b644a9cabc6e44f55b3880e::resource-group:2c229fbcb1934d18b91bd6ec366cb260" [90m-> null[0m[0m
TestRunBankingSolutions 2025-12-10T12:44:01+05:30 logger.go:67:       [31m-[0m[0m resource_id             = "7045626d-55e3-4418-be11-683a26dbc1e5" [90m-> null[0m[0m
TestRunBankingSolutions 2025-12-10T12:44:01+05:30 logger.go:67:       [31m-[0m[0m resource_keys_url       = "/v2/resource_instances/1561d39c-06f1-442a-b1a4-3bed06835dda/resource_keys" [90m-> null[0m[0m
TestRunBankingSolutions 2025-12-10T12:44:01+05:30 logger.go:67:       [31m-[0m[0m resource_name           = "rag-da-tj2una-watson-assistant-instance" [90m-> null[0m[0m
TestRunBankingSolutions 2025-12-10T12:44:01+05:30 logger.go:67:       [31m-[0m[0m resource_plan_id        = "f0a3dd47-b693-4d73-a8df-aa6baf07a933" [90m-> null[0m[0m
TestRunBankingSolutions 2025-12-10T12:44:01+05:30 logger.go:67:       [31m-[0m[0m resource_status         = "active" [90m-> null[0m[0m
TestRunBankingSolutions 2025-12-10T12:44:01+05:30 logger.go:67:       [31m-[0m[0m service                 = "conversation" [90m-> null[0m[0m
TestRunBankingSolutions 2025-12-10T12:44:01+05:30 logger.go:67:       [31m-[0m[0m state                   = "active" [90m-> null[0m[0m
TestRunBankingSolutions 2025-12-10T12:44:01+05:30 logger.go:67:       [31m-[0m[0m status                  = "active" [90m-> null[0m[0m
TestRunBankingSolutions 2025-12-10T12:44:01+05:30 logger.go:67:       [31m-[0m[0m tags                    = [] [90m-> null[0m[0m
TestRunBankingSolutions 2025-12-10T12:44:01+05:30 logger.go:67:       [31m-[0m[0m target_crn              = "crn:v1:bluemix:public:globalcatalog::::deployment:f0a3dd47-b693-4d73-a8df-aa6baf07a933%3Aus-south75077" [90m-> null[0m[0m
TestRunBankingSolutions 2025-12-10T12:44:01+05:30 logger.go:67:       [31m-[0m[0m type                    = "service_instance" [90m-> null[0m[0m
TestRunBankingSolutions 2025-12-10T12:44:01+05:30 logger.go:67:       [31m-[0m[0m update_at               = "2025-12-10T05:57:12.252Z" [90m-> null[0m[0m
TestRunBankingSolutions 2025-12-10T12:44:01+05:30 logger.go:67:         [90m# (5 unchanged attributes hidden)[0m[0m
TestRunBankingSolutions 2025-12-10T12:44:01+05:30 logger.go:67: 
TestRunBankingSolutions 2025-12-10T12:44:01+05:30 logger.go:67:       [31m-[0m[0m timeouts {
TestRunBankingSolutions 2025-12-10T12:44:01+05:30 logger.go:67:           [31m-[0m[0m create = "15m" [90m-> null[0m[0m
TestRunBankingSolutions 2025-12-10T12:44:01+05:30 logger.go:67:           [31m-[0m[0m delete = "15m" [90m-> null[0m[0m
TestRunBankingSolutions 2025-12-10T12:44:01+05:30 logger.go:67:           [31m-[0m[0m update = "15m" [90m-> null[0m[0m
TestRunBankingSolutions 2025-12-10T12:44:01+05:30 logger.go:67:         }
TestRunBankingSolutions 2025-12-10T12:44:01+05:30 logger.go:67:     }
TestRunBankingSolutions 2025-12-10T12:44:01+05:30 logger.go:67: 
TestRunBankingSolutions 2025-12-10T12:44:01+05:30 logger.go:67: [1m  # ibm_resource_instance.cd_instance[0m will be [1m[31mdestroyed[0m
TestRunBankingSolutions 2025-12-10T12:44:01+05:30 logger.go:67: [0m  [31m-[0m[0m resource "ibm_resource_instance" "cd_instance" {
TestRunBankingSolutions 2025-12-10T12:44:01+05:30 logger.go:67:       [31m-[0m[0m account_id              = "abac0df06b644a9cabc6e44f55b3880e" [90m-> null[0m[0m
TestRunBankingSolutions 2025-12-10T12:44:01+05:30 logger.go:67:       [31m-[0m[0m allow_cleanup           = false [90m-> null[0m[0m
TestRunBankingSolutions 2025-12-10T12:44:01+05:30 logger.go:67:       [31m-[0m[0m created_at              = "2025-12-10T05:57:10.946Z" [90m-> null[0m[0m
TestRunBankingSolutions 2025-12-10T12:44:01+05:30 logger.go:67:       [31m-[0m[0m created_by              = "IBMid-69100165KL" [90m-> null[0m[0m
TestRunBankingSolutions 2025-12-10T12:44:01+05:30 logger.go:67:       [31m-[0m[0m crn                     = "crn:v1:bluemix:public:continuous-delivery:us-south:a/abac0df06b644a9cabc6e44f55b3880e:84ab387f-bb0c-4d37-8da1-75a525891b33::" [90m-> null[0m[0m
TestRunBankingSolutions 2025-12-10T12:44:01+05:30 logger.go:67:       [31m-[0m[0m dashboard_url           = "https://cd-broker.us-south.devops.cloud.ibm.com/dashboard/crn:v1:bluemix:public:continuous-delivery:us-south:a/abac0df06b644a9cabc6e44f55b3880e:84ab387f-bb0c-4d37-8da1-75a525891b33::" [90m-> null[0m[0m
TestRunBankingSolutions 2025-12-10T12:44:01+05:30 logger.go:67:       [31m-[0m[0m extensions              = {} [90m-> null[0m[0m
TestRunBankingSolutions 2025-12-10T12:44:01+05:30 logger.go:67:       [31m-[0m[0m guid                    = "84ab387f-bb0c-4d37-8da1-75a525891b33" [90m-> null[0m[0m
TestRunBankingSolutions 2025-12-10T12:44:01+05:30 logger.go:67:       [31m-[0m[0m id                      = "crn:v1:bluemix:public:continuous-delivery:us-south:a/abac0df06b644a9cabc6e44f55b3880e:84ab387f-bb0c-4d37-8da1-75a525891b33::" [90m-> null[0m[0m
TestRunBankingSolutions 2025-12-10T12:44:01+05:30 logger.go:67:       [31m-[0m[0m last_operation          = {
TestRunBankingSolutions 2025-12-10T12:44:01+05:30 logger.go:67:           [31m-[0m[0m "async"       = "false"
TestRunBankingSolutions 2025-12-10T12:44:01+05:30 logger.go:67:           [31m-[0m[0m "cancelable"  = "false"
TestRunBankingSolutions 2025-12-10T12:44:01+05:30 logger.go:67:           [31m-[0m[0m "description" = "Completed create instance operation"
TestRunBankingSolutions 2025-12-10T12:44:01+05:30 logger.go:67:           [31m-[0m[0m "poll"        = "false"
TestRunBankingSolutions 2025-12-10T12:44:01+05:30 logger.go:67:           [31m-[0m[0m "state"       = "succeeded"
TestRunBankingSolutions 2025-12-10T12:44:01+05:30 logger.go:67:           [31m-[0m[0m "type"        = "create"
TestRunBankingSolutions 2025-12-10T12:44:01+05:30 logger.go:67:         } [90m-> null[0m[0m
TestRunBankingSolutions 2025-12-10T12:44:01+05:30 logger.go:67:       [31m-[0m[0m location                = "us-south" [90m-> null[0m[0m
TestRunBankingSolutions 2025-12-10T12:44:01+05:30 logger.go:67:       [31m-[0m[0m locked                  = false [90m-> null[0m[0m
TestRunBankingSolutions 2025-12-10T12:44:01+05:30 logger.go:67:       [31m-[0m[0m name                    = "rag-da-tj2una-cd-instance" [90m-> null[0m[0m
TestRunBankingSolutions 2025-12-10T12:44:01+05:30 logger.go:67:       [31m-[0m[0m onetime_credentials     = false [90m-> null[0m[0m
TestRunBankingSolutions 2025-12-10T12:44:01+05:30 logger.go:67:       [31m-[0m[0m plan                    = "professional" [90m-> null[0m[0m
TestRunBankingSolutions 2025-12-10T12:44:01+05:30 logger.go:67:       [31m-[0m[0m plan_history            = [
TestRunBankingSolutions 2025-12-10T12:44:01+05:30 logger.go:67:           [31m-[0m[0m {
TestRunBankingSolutions 2025-12-10T12:44:01+05:30 logger.go:67:               [31m-[0m[0m resource_plan_id = "9ca4dc64-bc7b-4aba-9c1c-8bbf30ff127e"
TestRunBankingSolutions 2025-12-10T12:44:01+05:30 logger.go:67:               [31m-[0m[0m start_date       = "2025-12-10T05:57:10.946Z"
TestRunBankingSolutions 2025-12-10T12:44:01+05:30 logger.go:67:             },
TestRunBankingSolutions 2025-12-10T12:44:01+05:30 logger.go:67:         ] [90m-> null[0m[0m
TestRunBankingSolutions 2025-12-10T12:44:01+05:30 logger.go:67:       [31m-[0m[0m resource_aliases_url    = "/v2/resource_instances/84ab387f-bb0c-4d37-8da1-75a525891b33/resource_aliases" [90m-> null[0m[0m
TestRunBankingSolutions 2025-12-10T12:44:01+05:30 logger.go:67:       [31m-[0m[0m resource_bindings_url   = "/v2/resource_instances/84ab387f-bb0c-4d37-8da1-75a525891b33/resource_bindings" [90m-> null[0m[0m
TestRunBankingSolutions 2025-12-10T12:44:01+05:30 logger.go:67:       [31m-[0m[0m resource_controller_url = "https://cloud.ibm.com/services/" [90m-> null[0m[0m
TestRunBankingSolutions 2025-12-10T12:44:01+05:30 logger.go:67:       [31m-[0m[0m resource_crn            = "crn:v1:bluemix:public:continuous-delivery:us-south:a/abac0df06b644a9cabc6e44f55b3880e:84ab387f-bb0c-4d37-8da1-75a525891b33::" [90m-> null[0m[0m
TestRunBankingSolutions 2025-12-10T12:44:01+05:30 logger.go:67:       [31m-[0m[0m resource_group_crn      = "crn:v1:bluemix:public:resource-controller::a/abac0df06b644a9cabc6e44f55b3880e::resource-group:2c229fbcb1934d18b91bd6ec366cb260" [90m-> null[0m[0m
TestRunBankingSolutions 2025-12-10T12:44:01+05:30 logger.go:67:       [31m-[0m[0m resource_group_id       = "2c229fbcb1934d18b91bd6ec366cb260" [90m-> null[0m[0m
TestRunBankingSolutions 2025-12-10T12:44:01+05:30 logger.go:67:       [31m-[0m[0m resource_group_name     = "crn:v1:bluemix:public:resource-controller::a/abac0df06b644a9cabc6e44f55b3880e::resource-group:2c229fbcb1934d18b91bd6ec366cb260" [90m-> null[0m[0m
TestRunBankingSolutions 2025-12-10T12:44:01+05:30 logger.go:67:       [31m-[0m[0m resource_id             = "59b735ee-5938-4ebd-a6b2-541aef2d1f68" [90m-> null[0m[0m
TestRunBankingSolutions 2025-12-10T12:44:01+05:30 logger.go:67:       [31m-[0m[0m resource_keys_url       = "/v2/resource_instances/84ab387f-bb0c-4d37-8da1-75a525891b33/resource_keys" [90m-> null[0m[0m
TestRunBankingSolutions 2025-12-10T12:44:01+05:30 logger.go:67:       [31m-[0m[0m resource_name           = "rag-da-tj2una-cd-instance" [90m-> null[0m[0m
TestRunBankingSolutions 2025-12-10T12:44:01+05:30 logger.go:67:       [31m-[0m[0m resource_plan_id        = "9ca4dc64-bc7b-4aba-9c1c-8bbf30ff127e" [90m-> null[0m[0m
TestRunBankingSolutions 2025-12-10T12:44:01+05:30 logger.go:67:       [31m-[0m[0m resource_status         = "active" [90m-> null[0m[0m
TestRunBankingSolutions 2025-12-10T12:44:01+05:30 logger.go:67:       [31m-[0m[0m service                 = "continuous-delivery" [90m-> null[0m[0m
TestRunBankingSolutions 2025-12-10T12:44:01+05:30 logger.go:67:       [31m-[0m[0m state                   = "active" [90m-> null[0m[0m
TestRunBankingSolutions 2025-12-10T12:44:01+05:30 logger.go:67:       [31m-[0m[0m status                  = "active" [90m-> null[0m[0m
TestRunBankingSolutions 2025-12-10T12:44:01+05:30 logger.go:67:       [31m-[0m[0m sub_type                = "public" [90m-> null[0m[0m
TestRunBankingSolutions 2025-12-10T12:44:01+05:30 logger.go:67:       [31m-[0m[0m tags                    = [] [90m-> null[0m[0m
TestRunBankingSolutions 2025-12-10T12:44:01+05:30 logger.go:67:       [31m-[0m[0m target_crn              = "crn:v1:bluemix:public:globalcatalog::::deployment:fbb42a0c-ccbe-1bbc-21fe-01268f26952f" [90m-> null[0m[0m
TestRunBankingSolutions 2025-12-10T12:44:01+05:30 logger.go:67:       [31m-[0m[0m type                    = "service_instance" [90m-> null[0m[0m
TestRunBankingSolutions 2025-12-10T12:44:01+05:30 logger.go:67:       [31m-[0m[0m update_at               = "2025-12-10T05:57:11.737Z" [90m-> null[0m[0m
TestRunBankingSolutions 2025-12-10T12:44:01+05:30 logger.go:67:         [90m# (4 unchanged attributes hidden)[0m[0m
TestRunBankingSolutions 2025-12-10T12:44:01+05:30 logger.go:67:     }
TestRunBankingSolutions 2025-12-10T12:44:01+05:30 logger.go:67: 
TestRunBankingSolutions 2025-12-10T12:44:01+05:30 logger.go:67: [1m  # ibm_resource_instance.discovery_instance[0m will be [1m[31mdestroyed[0m
TestRunBankingSolutions 2025-12-10T12:44:01+05:30 logger.go:67: [0m  [31m-[0m[0m resource "ibm_resource_instance" "discovery_instance" {
TestRunBankingSolutions 2025-12-10T12:44:01+05:30 logger.go:67:       [31m-[0m[0m account_id              = "abac0df06b644a9cabc6e44f55b3880e" [90m-> null[0m[0m
TestRunBankingSolutions 2025-12-10T12:44:01+05:30 logger.go:67:       [31m-[0m[0m allow_cleanup           = false [90m-> null[0m[0m
TestRunBankingSolutions 2025-12-10T12:44:01+05:30 logger.go:67:       [31m-[0m[0m created_at              = "2025-12-10T05:57:11.266Z" [90m-> null[0m[0m
TestRunBankingSolutions 2025-12-10T12:44:01+05:30 logger.go:67:       [31m-[0m[0m created_by              = "IBMid-69100165KL" [90m-> null[0m[0m
TestRunBankingSolutions 2025-12-10T12:44:01+05:30 logger.go:67:       [31m-[0m[0m crn                     = "crn:v1:bluemix:public:discovery:us-south:a/abac0df06b644a9cabc6e44f55b3880e:1443f64b-f7a4-4336-a6fd-867fd01f1aaf::" [90m-> null[0m[0m
TestRunBankingSolutions 2025-12-10T12:44:01+05:30 logger.go:67:       [31m-[0m[0m dashboard_url           = "https://cloud.ibm.com/" [90m-> null[0m[0m
TestRunBankingSolutions 2025-12-10T12:44:01+05:30 logger.go:67:       [31m-[0m[0m extensions              = {
TestRunBankingSolutions 2025-12-10T12:44:01+05:30 logger.go:67:           [31m-[0m[0m "discovery.version"                                = "2.0"
TestRunBankingSolutions 2025-12-10T12:44:01+05:30 logger.go:67:           [31m-[0m[0m "virtual_private_endpoints.dns_domain"             = "discovery.watson.cloud.ibm.com"
TestRunBankingSolutions 2025-12-10T12:44:01+05:30 logger.go:67:           [31m-[0m[0m "virtual_private_endpoints.dns_hosts.#"            = "1"
TestRunBankingSolutions 2025-12-10T12:44:01+05:30 logger.go:67:           [31m-[0m[0m "virtual_private_endpoints.dns_hosts.0"            = "api.private.us-south"
TestRunBankingSolutions 2025-12-10T12:44:01+05:30 logger.go:67:           [31m-[0m[0m "virtual_private_endpoints.endpoints.#"            = "3"
TestRunBankingSolutions 2025-12-10T12:44:01+05:30 logger.go:67:           [31m-[0m[0m "virtual_private_endpoints.endpoints.0.ip_address" = "166.9.48.86"
TestRunBankingSolutions 2025-12-10T12:44:01+05:30 logger.go:67:           [31m-[0m[0m "virtual_private_endpoints.endpoints.0.zone"       = "dal10"
TestRunBankingSolutions 2025-12-10T12:44:01+05:30 logger.go:67:           [31m-[0m[0m "virtual_private_endpoints.endpoints.1.ip_address" = "166.9.51.37"
TestRunBankingSolutions 2025-12-10T12:44:01+05:30 logger.go:67:           [31m-[0m[0m "virtual_private_endpoints.endpoints.1.zone"       = "dal12"
TestRunBankingSolutions 2025-12-10T12:44:01+05:30 logger.go:67:           [31m-[0m[0m "virtual_private_endpoints.endpoints.2.ip_address" = "166.9.58.35"
TestRunBankingSolutions 2025-12-10T12:44:01+05:30 logger.go:67:           [31m-[0m[0m "virtual_private_endpoints.endpoints.2.zone"       = "dal13"
TestRunBankingSolutions 2025-12-10T12:44:01+05:30 logger.go:67:           [31m-[0m[0m "virtual_private_endpoints.origin_type"            = "cse"
TestRunBankingSolutions 2025-12-10T12:44:01+05:30 logger.go:67:           [31m-[0m[0m "virtual_private_endpoints.ports.#"                = "2"
TestRunBankingSolutions 2025-12-10T12:44:01+05:30 logger.go:67:           [31m-[0m[0m "virtual_private_endpoints.ports.0.port_max"       = "443"
TestRunBankingSolutions 2025-12-10T12:44:01+05:30 logger.go:67:           [31m-[0m[0m "virtual_private_endpoints.ports.0.port_min"       = "443"
TestRunBankingSolutions 2025-12-10T12:44:01+05:30 logger.go:67:           [31m-[0m[0m "virtual_private_endpoints.ports.1.port_max"       = "9443"
TestRunBankingSolutions 2025-12-10T12:44:01+05:30 logger.go:67:           [31m-[0m[0m "virtual_private_endpoints.ports.1.port_min"       = "9443"
TestRunBankingSolutions 2025-12-10T12:44:01+05:30 logger.go:67:         } [90m-> null[0m[0m
TestRunBankingSolutions 2025-12-10T12:44:01+05:30 logger.go:67:       [31m-[0m[0m guid                    = "1443f64b-f7a4-4336-a6fd-867fd01f1aaf" [90m-> null[0m[0m
TestRunBankingSolutions 2025-12-10T12:44:01+05:30 logger.go:67:       [31m-[0m[0m id                      = "crn:v1:bluemix:public:discovery:us-south:a/abac0df06b644a9cabc6e44f55b3880e:1443f64b-f7a4-4336-a6fd-867fd01f1aaf::" [90m-> null[0m[0m
TestRunBankingSolutions 2025-12-10T12:44:01+05:30 logger.go:67:       [31m-[0m[0m last_operation          = {
TestRunBankingSolutions 2025-12-10T12:44:01+05:30 logger.go:67:           [31m-[0m[0m "async"       = "false"
TestRunBankingSolutions 2025-12-10T12:44:01+05:30 logger.go:67:           [31m-[0m[0m "cancelable"  = "false"
TestRunBankingSolutions 2025-12-10T12:44:01+05:30 logger.go:67:           [31m-[0m[0m "description" = "Completed create instance operation"
TestRunBankingSolutions 2025-12-10T12:44:01+05:30 logger.go:67:           [31m-[0m[0m "poll"        = "false"
TestRunBankingSolutions 2025-12-10T12:44:01+05:30 logger.go:67:           [31m-[0m[0m "state"       = "succeeded"
TestRunBankingSolutions 2025-12-10T12:44:01+05:30 logger.go:67:           [31m-[0m[0m "type"        = "create"
TestRunBankingSolutions 2025-12-10T12:44:01+05:30 logger.go:67:         } [90m-> null[0m[0m
TestRunBankingSolutions 2025-12-10T12:44:01+05:30 logger.go:67:       [31m-[0m[0m location                = "us-south" [90m-> null[0m[0m
TestRunBankingSolutions 2025-12-10T12:44:01+05:30 logger.go:67:       [31m-[0m[0m locked                  = false [90m-> null[0m[0m
TestRunBankingSolutions 2025-12-10T12:44:01+05:30 logger.go:67:       [31m-[0m[0m name                    = "rag-da-tj2una-watson-discovery-instance" [90m-> null[0m[0m
TestRunBankingSolutions 2025-12-10T12:44:01+05:30 logger.go:67:       [31m-[0m[0m onetime_credentials     = false [90m-> null[0m[0m
TestRunBankingSolutions 2025-12-10T12:44:01+05:30 logger.go:67:       [31m-[0m[0m plan                    = "plus" [90m-> null[0m[0m
TestRunBankingSolutions 2025-12-10T12:44:01+05:30 logger.go:67:       [31m-[0m[0m plan_history            = [
TestRunBankingSolutions 2025-12-10T12:44:01+05:30 logger.go:67:           [31m-[0m[0m {
TestRunBankingSolutions 2025-12-10T12:44:01+05:30 logger.go:67:               [31m-[0m[0m resource_plan_id = "cc472c78-5832-4b34-b915-ba5255e5fa5b"
TestRunBankingSolutions 2025-12-10T12:44:01+05:30 logger.go:67:               [31m-[0m[0m start_date       = "2025-12-10T05:57:11.266Z"
TestRunBankingSolutions 2025-12-10T12:44:01+05:30 logger.go:67:             },
TestRunBankingSolutions 2025-12-10T12:44:01+05:30 logger.go:67:         ] [90m-> null[0m[0m
TestRunBankingSolutions 2025-12-10T12:44:01+05:30 logger.go:67:       [31m-[0m[0m resource_aliases_url    = "/v2/resource_instances/1443f64b-f7a4-4336-a6fd-867fd01f1aaf/resource_aliases" [90m-> null[0m[0m
TestRunBankingSolutions 2025-12-10T12:44:01+05:30 logger.go:67:       [31m-[0m[0m resource_bindings_url   = "/v2/resource_instances/1443f64b-f7a4-4336-a6fd-867fd01f1aaf/resource_bindings" [90m-> null[0m[0m
TestRunBankingSolutions 2025-12-10T12:44:01+05:30 logger.go:67:       [31m-[0m[0m resource_controller_url = "https://cloud.ibm.com/services/" [90m-> null[0m[0m
TestRunBankingSolutions 2025-12-10T12:44:01+05:30 logger.go:67:       [31m-[0m[0m resource_crn            = "crn:v1:bluemix:public:discovery:us-south:a/abac0df06b644a9cabc6e44f55b3880e:1443f64b-f7a4-4336-a6fd-867fd01f1aaf::" [90m-> null[0m[0m
TestRunBankingSolutions 2025-12-10T12:44:01+05:30 logger.go:67:       [31m-[0m[0m resource_group_crn      = "crn:v1:bluemix:public:resource-controller::a/abac0df06b644a9cabc6e44f55b3880e::resource-group:2c229fbcb1934d18b91bd6ec366cb260" [90m-> null[0m[0m
TestRunBankingSolutions 2025-12-10T12:44:01+05:30 logger.go:67:       [31m-[0m[0m resource_group_id       = "2c229fbcb1934d18b91bd6ec366cb260" [90m-> null[0m[0m
TestRunBankingSolutions 2025-12-10T12:44:01+05:30 logger.go:67:       [31m-[0m[0m resource_group_name     = "crn:v1:bluemix:public:resource-controller::a/abac0df06b644a9cabc6e44f55b3880e::resource-group:2c229fbcb1934d18b91bd6ec366cb260" [90m-> null[0m[0m
TestRunBankingSolutions 2025-12-10T12:44:01+05:30 logger.go:67:       [31m-[0m[0m resource_id             = "76b7bf22-b443-47db-b3db-066ba2988f47" [90m-> null[0m[0m
TestRunBankingSolutions 2025-12-10T12:44:01+05:30 logger.go:67:       [31m-[0m[0m resource_keys_url       = "/v2/resource_instances/1443f64b-f7a4-4336-a6fd-867fd01f1aaf/resource_keys" [90m-> null[0m[0m
TestRunBankingSolutions 2025-12-10T12:44:01+05:30 logger.go:67:       [31m-[0m[0m resource_name           = "rag-da-tj2una-watson-discovery-instance" [90m-> null[0m[0m
TestRunBankingSolutions 2025-12-10T12:44:01+05:30 logger.go:67:       [31m-[0m[0m resource_plan_id        = "cc472c78-5832-4b34-b915-ba5255e5fa5b" [90m-> null[0m[0m
TestRunBankingSolutions 2025-12-10T12:44:01+05:30 logger.go:67:       [31m-[0m[0m resource_status         = "active" [90m-> null[0m[0m
TestRunBankingSolutions 2025-12-10T12:44:01+05:30 logger.go:67:       [31m-[0m[0m service                 = "discovery" [90m-> null[0m[0m
TestRunBankingSolutions 2025-12-10T12:44:01+05:30 logger.go:67:       [31m-[0m[0m state                   = "active" [90m-> null[0m[0m
TestRunBankingSolutions 2025-12-10T12:44:01+05:30 logger.go:67:       [31m-[0m[0m status                  = "active" [90m-> null[0m[0m
TestRunBankingSolutions 2025-12-10T12:44:01+05:30 logger.go:67:       [31m-[0m[0m tags                    = [] [90m-> null[0m[0m
TestRunBankingSolutions 2025-12-10T12:44:01+05:30 logger.go:67:       [31m-[0m[0m target_crn              = "crn:v1:bluemix:public:globalcatalog::::deployment:cc472c78-5832-4b34-b915-ba5255e5fa5b%3Aus-south45890" [90m-> null[0m[0m
TestRunBankingSolutions 2025-12-10T12:44:01+05:30 logger.go:67:       [31m-[0m[0m type                    = "service_instance" [90m-> null[0m[0m
TestRunBankingSolutions 2025-12-10T12:44:01+05:30 logger.go:67:       [31m-[0m[0m update_at               = "2025-12-10T05:57:13.653Z" [90m-> null[0m[0m
TestRunBankingSolutions 2025-12-10T12:44:01+05:30 logger.go:67:         [90m# (5 unchanged attributes hidden)[0m[0m
TestRunBankingSolutions 2025-12-10T12:44:01+05:30 logger.go:67: 
TestRunBankingSolutions 2025-12-10T12:44:01+05:30 logger.go:67:       [31m-[0m[0m timeouts {
TestRunBankingSolutions 2025-12-10T12:44:01+05:30 logger.go:67:           [31m-[0m[0m create = "15m" [90m-> null[0m[0m
TestRunBankingSolutions 2025-12-10T12:44:01+05:30 logger.go:67:           [31m-[0m[0m delete = "15m" [90m-> null[0m[0m
TestRunBankingSolutions 2025-12-10T12:44:01+05:30 logger.go:67:           [31m-[0m[0m update = "15m" [90m-> null[0m[0m
TestRunBankingSolutions 2025-12-10T12:44:01+05:30 logger.go:67:         }
TestRunBankingSolutions 2025-12-10T12:44:01+05:30 logger.go:67:     }
TestRunBankingSolutions 2025-12-10T12:44:01+05:30 logger.go:67: 
TestRunBankingSolutions 2025-12-10T12:44:01+05:30 logger.go:67: [1m  # ibm_resource_instance.machine_learning_instance[0m will be [1m[31mdestroyed[0m
TestRunBankingSolutions 2025-12-10T12:44:01+05:30 logger.go:67: [0m  [31m-[0m[0m resource "ibm_resource_instance" "machine_learning_instance" {
TestRunBankingSolutions 2025-12-10T12:44:01+05:30 logger.go:67:       [31m-[0m[0m account_id              = "abac0df06b644a9cabc6e44f55b3880e" [90m-> null[0m[0m
TestRunBankingSolutions 2025-12-10T12:44:01+05:30 logger.go:67:       [31m-[0m[0m allow_cleanup           = false [90m-> null[0m[0m
TestRunBankingSolutions 2025-12-10T12:44:01+05:30 logger.go:67:       [31m-[0m[0m created_at              = "2025-12-10T05:57:10.796Z" [90m-> null[0m[0m
TestRunBankingSolutions 2025-12-10T12:44:01+05:30 logger.go:67:       [31m-[0m[0m created_by              = "IBMid-69100165KL" [90m-> null[0m[0m
TestRunBankingSolutions 2025-12-10T12:44:01+05:30 logger.go:67:       [31m-[0m[0m crn                     = "crn:v1:bluemix:public:pm-20:us-south:a/abac0df06b644a9cabc6e44f55b3880e:8a9676c7-a3cc-4170-aef6-310322720dd0::" [90m-> null[0m[0m
TestRunBankingSolutions 2025-12-10T12:44:01+05:30 logger.go:67:       [31m-[0m[0m dashboard_url           = "https://dataplatform.cloud.ibm.com/ml-runtime/console?instance_id=crn:v1:bluemix:public:pm-20:us-south:a/abac0df06b644a9cabc6e44f55b3880e:8a9676c7-a3cc-4170-aef6-310322720dd0::" [90m-> null[0m[0m
TestRunBankingSolutions 2025-12-10T12:44:01+05:30 logger.go:67:       [31m-[0m[0m extensions              = {} [90m-> null[0m[0m
TestRunBankingSolutions 2025-12-10T12:44:01+05:30 logger.go:67:       [31m-[0m[0m guid                    = "8a9676c7-a3cc-4170-aef6-310322720dd0" [90m-> null[0m[0m
TestRunBankingSolutions 2025-12-10T12:44:01+05:30 logger.go:67:       [31m-[0m[0m id                      = "crn:v1:bluemix:public:pm-20:us-south:a/abac0df06b644a9cabc6e44f55b3880e:8a9676c7-a3cc-4170-aef6-310322720dd0::" [90m-> null[0m[0m
TestRunBankingSolutions 2025-12-10T12:44:01+05:30 logger.go:67:       [31m-[0m[0m last_operation          = {
TestRunBankingSolutions 2025-12-10T12:44:01+05:30 logger.go:67:           [31m-[0m[0m "async"       = "false"
TestRunBankingSolutions 2025-12-10T12:44:01+05:30 logger.go:67:           [31m-[0m[0m "cancelable"  = "false"
TestRunBankingSolutions 2025-12-10T12:44:01+05:30 logger.go:67:           [31m-[0m[0m "description" = "Completed create instance operation"
TestRunBankingSolutions 2025-12-10T12:44:01+05:30 logger.go:67:           [31m-[0m[0m "poll"        = "false"
TestRunBankingSolutions 2025-12-10T12:44:01+05:30 logger.go:67:           [31m-[0m[0m "state"       = "succeeded"
TestRunBankingSolutions 2025-12-10T12:44:01+05:30 logger.go:67:           [31m-[0m[0m "type"        = "create"
TestRunBankingSolutions 2025-12-10T12:44:01+05:30 logger.go:67:         } [90m-> null[0m[0m
TestRunBankingSolutions 2025-12-10T12:44:01+05:30 logger.go:67:       [31m-[0m[0m location                = "us-south" [90m-> null[0m[0m
TestRunBankingSolutions 2025-12-10T12:44:01+05:30 logger.go:67:       [31m-[0m[0m locked                  = false [90m-> null[0m[0m
TestRunBankingSolutions 2025-12-10T12:44:01+05:30 logger.go:67:       [31m-[0m[0m name                    = "rag-da-tj2una-watson-machine-learning-instance" [90m-> null[0m[0m
TestRunBankingSolutions 2025-12-10T12:44:01+05:30 logger.go:67:       [31m-[0m[0m onetime_credentials     = false [90m-> null[0m[0m
TestRunBankingSolutions 2025-12-10T12:44:01+05:30 logger.go:67:       [31m-[0m[0m plan                    = "v2-standard" [90m-> null[0m[0m
TestRunBankingSolutions 2025-12-10T12:44:01+05:30 logger.go:67:       [31m-[0m[0m plan_history            = [
TestRunBankingSolutions 2025-12-10T12:44:01+05:30 logger.go:67:           [31m-[0m[0m {
TestRunBankingSolutions 2025-12-10T12:44:01+05:30 logger.go:67:               [31m-[0m[0m resource_plan_id = "a3d2f92f-06f9-48d0-b2e6-a7ba2b4e0577"
TestRunBankingSolutions 2025-12-10T12:44:01+05:30 logger.go:67:               [31m-[0m[0m start_date       = "2025-12-10T05:57:10.796Z"
TestRunBankingSolutions 2025-12-10T12:44:01+05:30 logger.go:67:             },
TestRunBankingSolutions 2025-12-10T12:44:01+05:30 logger.go:67:         ] [90m-> null[0m[0m
TestRunBankingSolutions 2025-12-10T12:44:01+05:30 logger.go:67:       [31m-[0m[0m resource_aliases_url    = "/v2/resource_instances/8a9676c7-a3cc-4170-aef6-310322720dd0/resource_aliases" [90m-> null[0m[0m
TestRunBankingSolutions 2025-12-10T12:44:01+05:30 logger.go:67:       [31m-[0m[0m resource_bindings_url   = "/v2/resource_instances/8a9676c7-a3cc-4170-aef6-310322720dd0/resource_bindings" [90m-> null[0m[0m
TestRunBankingSolutions 2025-12-10T12:44:01+05:30 logger.go:67:       [31m-[0m[0m resource_controller_url = "https://cloud.ibm.com/services/" [90m-> null[0m[0m
TestRunBankingSolutions 2025-12-10T12:44:01+05:30 logger.go:67:       [31m-[0m[0m resource_crn            = "crn:v1:bluemix:public:pm-20:us-south:a/abac0df06b644a9cabc6e44f55b3880e:8a9676c7-a3cc-4170-aef6-310322720dd0::" [90m-> null[0m[0m
TestRunBankingSolutions 2025-12-10T12:44:01+05:30 logger.go:67:       [31m-[0m[0m resource_group_crn      = "crn:v1:bluemix:public:resource-controller::a/abac0df06b644a9cabc6e44f55b3880e::resource-group:2c229fbcb1934d18b91bd6ec366cb260" [90m-> null[0m[0m
TestRunBankingSolutions 2025-12-10T12:44:01+05:30 logger.go:67:       [31m-[0m[0m resource_group_id       = "2c229fbcb1934d18b91bd6ec366cb260" [90m-> null[0m[0m
TestRunBankingSolutions 2025-12-10T12:44:01+05:30 logger.go:67:       [31m-[0m[0m resource_group_name     = "crn:v1:bluemix:public:resource-controller::a/abac0df06b644a9cabc6e44f55b3880e::resource-group:2c229fbcb1934d18b91bd6ec366cb260" [90m-> null[0m[0m
TestRunBankingSolutions 2025-12-10T12:44:01+05:30 logger.go:67:       [31m-[0m[0m resource_id             = "51c53b72-918f-4869-b834-2d99eb28422a" [90m-> null[0m[0m
TestRunBankingSolutions 2025-12-10T12:44:01+05:30 logger.go:67:       [31m-[0m[0m resource_keys_url       = "/v2/resource_instances/8a9676c7-a3cc-4170-aef6-310322720dd0/resource_keys" [90m-> null[0m[0m
TestRunBankingSolutions 2025-12-10T12:44:01+05:30 logger.go:67:       [31m-[0m[0m resource_name           = "rag-da-tj2una-watson-machine-learning-instance" [90m-> null[0m[0m
TestRunBankingSolutions 2025-12-10T12:44:01+05:30 logger.go:67:       [31m-[0m[0m resource_plan_id        = "a3d2f92f-06f9-48d0-b2e6-a7ba2b4e0577" [90m-> null[0m[0m
TestRunBankingSolutions 2025-12-10T12:44:01+05:30 logger.go:67:       [31m-[0m[0m resource_status         = "active" [90m-> null[0m[0m
TestRunBankingSolutions 2025-12-10T12:44:01+05:30 logger.go:67:       [31m-[0m[0m service                 = "pm-20" [90m-> null[0m[0m
TestRunBankingSolutions 2025-12-10T12:44:01+05:30 logger.go:67:       [31m-[0m[0m state                   = "active" [90m-> null[0m[0m
TestRunBankingSolutions 2025-12-10T12:44:01+05:30 logger.go:67:       [31m-[0m[0m status                  = "active" [90m-> null[0m[0m
TestRunBankingSolutions 2025-12-10T12:44:01+05:30 logger.go:67:       [31m-[0m[0m tags                    = [] [90m-> null[0m[0m
TestRunBankingSolutions 2025-12-10T12:44:01+05:30 logger.go:67:       [31m-[0m[0m target_crn              = "crn:v1:bluemix:public:globalcatalog::::deployment:a3d2f92f-06f9-48d0-b2e6-a7ba2b4e0577%3Aus-south38250" [90m-> null[0m[0m
TestRunBankingSolutions 2025-12-10T12:44:01+05:30 logger.go:67:       [31m-[0m[0m type                    = "service_instance" [90m-> null[0m[0m
TestRunBankingSolutions 2025-12-10T12:44:01+05:30 logger.go:67:       [31m-[0m[0m update_at               = "2025-12-10T05:57:11.349Z" [90m-> null[0m[0m
TestRunBankingSolutions 2025-12-10T12:44:01+05:30 logger.go:67:         [90m# (5 unchanged attributes hidden)[0m[0m
TestRunBankingSolutions 2025-12-10T12:44:01+05:30 logger.go:67: 
TestRunBankingSolutions 2025-12-10T12:44:01+05:30 logger.go:67:       [31m-[0m[0m timeouts {
TestRunBankingSolutions 2025-12-10T12:44:01+05:30 logger.go:67:           [31m-[0m[0m create = "15m" [90m-> null[0m[0m
TestRunBankingSolutions 2025-12-10T12:44:01+05:30 logger.go:67:           [31m-[0m[0m delete = "15m" [90m-> null[0m[0m
TestRunBankingSolutions 2025-12-10T12:44:01+05:30 logger.go:67:           [31m-[0m[0m update = "15m" [90m-> null[0m[0m
TestRunBankingSolutions 2025-12-10T12:44:01+05:30 logger.go:67:         }
TestRunBankingSolutions 2025-12-10T12:44:01+05:30 logger.go:67:     }
TestRunBankingSolutions 2025-12-10T12:44:01+05:30 logger.go:67: 
TestRunBankingSolutions 2025-12-10T12:44:01+05:30 logger.go:67: [1m  # module.ocp_base[0].ibm_container_addons.addons[0m will be [1m[31mdestroyed[0m
TestRunBankingSolutions 2025-12-10T12:44:01+05:30 logger.go:67: [0m  [31m-[0m[0m resource "ibm_container_addons" "addons" {
TestRunBankingSolutions 2025-12-10T12:44:01+05:30 logger.go:67:       [31m-[0m[0m cluster           = "d4sgns2d0k79ij8ttff0" [90m-> null[0m[0m
TestRunBankingSolutions 2025-12-10T12:44:01+05:30 logger.go:67:       [31m-[0m[0m id                = "d4sgns2d0k79ij8ttff0" [90m-> null[0m[0m
TestRunBankingSolutions 2025-12-10T12:44:01+05:30 logger.go:67:       [31m-[0m[0m manage_all_addons = false [90m-> null[0m[0m
TestRunBankingSolutions 2025-12-10T12:44:01+05:30 logger.go:67:       [31m-[0m[0m managed_addons    = [
TestRunBankingSolutions 2025-12-10T12:44:01+05:30 logger.go:67:           [31m-[0m[0m "vpc-block-csi-driver",
TestRunBankingSolutions 2025-12-10T12:44:01+05:30 logger.go:67:         ] [90m-> null[0m[0m
TestRunBankingSolutions 2025-12-10T12:44:01+05:30 logger.go:67:       [31m-[0m[0m resource_group_id = "2c229fbcb1934d18b91bd6ec366cb260" [90m-> null[0m[0m
TestRunBankingSolutions 2025-12-10T12:44:01+05:30 logger.go:67: 
TestRunBankingSolutions 2025-12-10T12:44:01+05:30 logger.go:67:       [31m-[0m[0m addons {
TestRunBankingSolutions 2025-12-10T12:44:01+05:30 logger.go:67:           [31m-[0m[0m allowed_upgrade_versions = [
TestRunBankingSolutions 2025-12-10T12:44:01+05:30 logger.go:67:               [31m-[0m[0m "5.2",
TestRunBankingSolutions 2025-12-10T12:44:01+05:30 logger.go:67:             ] [90m-> null[0m[0m
TestRunBankingSolutions 2025-12-10T12:44:01+05:30 logger.go:67:           [31m-[0m[0m deprecated               = false [90m-> null[0m[0m
TestRunBankingSolutions 2025-12-10T12:44:01+05:30 logger.go:67:           [31m-[0m[0m health_state             = "normal" [90m-> null[0m[0m
TestRunBankingSolutions 2025-12-10T12:44:01+05:30 logger.go:67:           [31m-[0m[0m health_status            = "Addon Ready. For more info: http://ibm.biz/addon-state (H1500)" [90m-> null[0m[0m
TestRunBankingSolutions 2025-12-10T12:44:01+05:30 logger.go:67:           [31m-[0m[0m name                     = "vpc-block-csi-driver" [90m-> null[0m[0m
TestRunBankingSolutions 2025-12-10T12:44:01+05:30 logger.go:67:           [31m-[0m[0m target_version           = "5.1" [90m-> null[0m[0m
TestRunBankingSolutions 2025-12-10T12:44:01+05:30 logger.go:67:           [31m-[0m[0m version                  = "5.1" [90m-> null[0m[0m
TestRunBankingSolutions 2025-12-10T12:44:01+05:30 logger.go:67:           [31m-[0m[0m vlan_spanning_required   = false [90m-> null[0m[0m
TestRunBankingSolutions 2025-12-10T12:44:01+05:30 logger.go:67:             [90m# (5 unchanged attributes hidden)[0m[0m
TestRunBankingSolutions 2025-12-10T12:44:01+05:30 logger.go:67:         }
TestRunBankingSolutions 2025-12-10T12:44:01+05:30 logger.go:67: 
TestRunBankingSolutions 2025-12-10T12:44:01+05:30 logger.go:67:       [31m-[0m[0m timeouts {
TestRunBankingSolutions 2025-12-10T12:44:01+05:30 logger.go:67:           [31m-[0m[0m create = "1h" [90m-> null[0m[0m
TestRunBankingSolutions 2025-12-10T12:44:01+05:30 logger.go:67:         }
TestRunBankingSolutions 2025-12-10T12:44:01+05:30 logger.go:67:     }
TestRunBankingSolutions 2025-12-10T12:44:01+05:30 logger.go:67: 
TestRunBankingSolutions 2025-12-10T12:44:01+05:30 logger.go:67: [1m  # module.ocp_base[0].ibm_container_vpc_cluster.cluster[0][0m will be [1m[31mdestroyed[0m
TestRunBankingSolutions 2025-12-10T12:44:01+05:30 logger.go:67: [0m  [31m-[0m[0m resource "ibm_container_vpc_cluster" "cluster" {
TestRunBankingSolutions 2025-12-10T12:44:01+05:30 logger.go:67:       [31m-[0m[0m albs                                = [] [90m-> null[0m[0m
TestRunBankingSolutions 2025-12-10T12:44:01+05:30 logger.go:67:       [31m-[0m[0m cos_instance_crn                    = "crn:v1:bluemix:public:cloud-object-storage:global:a/abac0df06b644a9cabc6e44f55b3880e:0378507d-21c8-45b4-aa38-431f17160dd2::" [90m-> null[0m[0m
TestRunBankingSolutions 2025-12-10T12:44:01+05:30 logger.go:67:       [31m-[0m[0m crn                                 = "crn:v1:bluemix:public:containers-kubernetes:us-south:a/abac0df06b644a9cabc6e44f55b3880e:d4sgns2d0k79ij8ttff0::" [90m-> null[0m[0m
TestRunBankingSolutions 2025-12-10T12:44:01+05:30 logger.go:67:       [31m-[0m[0m disable_outbound_traffic_protection = true [90m-> null[0m[0m
TestRunBankingSolutions 2025-12-10T12:44:01+05:30 logger.go:67:       [31m-[0m[0m disable_public_service_endpoint     = false [90m-> null[0m[0m
TestRunBankingSolutions 2025-12-10T12:44:01+05:30 logger.go:67:       [31m-[0m[0m flavor                              = "bx2.4x16" [90m-> null[0m[0m
TestRunBankingSolutions 2025-12-10T12:44:01+05:30 logger.go:67:       [31m-[0m[0m force_delete_storage                = true [90m-> null[0m[0m
TestRunBankingSolutions 2025-12-10T12:44:01+05:30 logger.go:67:       [31m-[0m[0m id                                  = "d4sgns2d0k79ij8ttff0" [90m-> null[0m[0m
TestRunBankingSolutions 2025-12-10T12:44:01+05:30 logger.go:67:       [31m-[0m[0m image_security_enforcement          = false [90m-> null[0m[0m
TestRunBankingSolutions 2025-12-10T12:44:01+05:30 logger.go:67:       [31m-[0m[0m ingress_hostname                    = "rag-da-tj2una-3b5bf5f75003778663c521c8c35ad277-0000.us-south.containers.appdomain.cloud" [90m-> null[0m[0m
TestRunBankingSolutions 2025-12-10T12:44:01+05:30 logger.go:67:       [31m-[0m[0m ingress_secret                      = (sensitive value) [90m-> null[0m[0m
TestRunBankingSolutions 2025-12-10T12:44:01+05:30 logger.go:67:       [31m-[0m[0m kube_version                        = "4.19.17_openshift" [90m-> null[0m[0m
TestRunBankingSolutions 2025-12-10T12:44:01+05:30 logger.go:67:       [31m-[0m[0m master_status                       = "Ready" [90m-> null[0m[0m
TestRunBankingSolutions 2025-12-10T12:44:01+05:30 logger.go:67:       [31m-[0m[0m master_url                          = "https://c116-e.us-south.containers.cloud.ibm.com:30930" [90m-> null[0m[0m
TestRunBankingSolutions 2025-12-10T12:44:01+05:30 logger.go:67:       [31m-[0m[0m name                                = "rag-da-tj2una" [90m-> null[0m[0m
TestRunBankingSolutions 2025-12-10T12:44:01+05:30 logger.go:67:       [31m-[0m[0m operating_system                    = "RHEL_9_64" [90m-> null[0m[0m
TestRunBankingSolutions 2025-12-10T12:44:01+05:30 logger.go:67:       [31m-[0m[0m pod_subnet                          = "172.17.0.0/18" [90m-> null[0m[0m
TestRunBankingSolutions 2025-12-10T12:44:01+05:30 logger.go:67:       [31m-[0m[0m private_service_endpoint_url        = "https://c116.private.us-south.containers.cloud.ibm.com:30930" [90m-> null[0m[0m
TestRunBankingSolutions 2025-12-10T12:44:01+05:30 logger.go:67:       [31m-[0m[0m public_service_endpoint_url         = "https://c116-e.us-south.containers.cloud.ibm.com:30930" [90m-> null[0m[0m
TestRunBankingSolutions 2025-12-10T12:44:01+05:30 logger.go:67:       [31m-[0m[0m resource_controller_url             = "https://cloud.ibm.com/kubernetes/clusters" [90m-> null[0m[0m
TestRunBankingSolutions 2025-12-10T12:44:01+05:30 logger.go:67:       [31m-[0m[0m resource_crn                        = "crn:v1:bluemix:public:containers-kubernetes:us-south:a/abac0df06b644a9cabc6e44f55b3880e:d4sgns2d0k79ij8ttff0::" [90m-> null[0m[0m
TestRunBankingSolutions 2025-12-10T12:44:01+05:30 logger.go:67:       [31m-[0m[0m resource_group_id                   = "2c229fbcb1934d18b91bd6ec366cb260" [90m-> null[0m[0m
TestRunBankingSolutions 2025-12-10T12:44:01+05:30 logger.go:67:       [31m-[0m[0m resource_group_name                 = "rag-da-tj2una-resource-group" [90m-> null[0m[0m
TestRunBankingSolutions 2025-12-10T12:44:01+05:30 logger.go:67:       [31m-[0m[0m resource_name                       = "rag-da-tj2una" [90m-> null[0m[0m
TestRunBankingSolutions 2025-12-10T12:44:01+05:30 logger.go:67:       [31m-[0m[0m resource_status                     = "normal" [90m-> null[0m[0m
TestRunBankingSolutions 2025-12-10T12:44:01+05:30 logger.go:67:       [31m-[0m[0m service_subnet                      = "172.21.0.0/16" [90m-> null[0m[0m
TestRunBankingSolutions 2025-12-10T12:44:01+05:30 logger.go:67:       [31m-[0m[0m state                               = "normal" [90m-> null[0m[0m
TestRunBankingSolutions 2025-12-10T12:44:01+05:30 logger.go:67:       [31m-[0m[0m tags                                = [] [90m-> null[0m[0m
TestRunBankingSolutions 2025-12-10T12:44:01+05:30 logger.go:67:       [31m-[0m[0m update_all_workers                  = false [90m-> null[0m[0m
TestRunBankingSolutions 2025-12-10T12:44:01+05:30 logger.go:67:       [31m-[0m[0m vpc_id                              = "r006-e17948de-378c-4508-902e-7701e6a2446d" [90m-> null[0m[0m
TestRunBankingSolutions 2025-12-10T12:44:01+05:30 logger.go:67:       [31m-[0m[0m vpe_service_endpoint_url            = "https://d4sgns2d0k79ij8ttff0.vpe.private.us-south.containers.cloud.ibm.com:30930" [90m-> null[0m[0m
TestRunBankingSolutions 2025-12-10T12:44:01+05:30 logger.go:67:       [31m-[0m[0m wait_for_worker_update              = true [90m-> null[0m[0m
TestRunBankingSolutions 2025-12-10T12:44:01+05:30 logger.go:67:       [31m-[0m[0m wait_till                           = "IngressReady" [90m-> null[0m[0m
TestRunBankingSolutions 2025-12-10T12:44:01+05:30 logger.go:67:       [31m-[0m[0m worker_count                        = 2 [90m-> null[0m[0m
TestRunBankingSolutions 2025-12-10T12:44:01+05:30 logger.go:67: 
TestRunBankingSolutions 2025-12-10T12:44:01+05:30 logger.go:67:       [31m-[0m[0m timeouts {
TestRunBankingSolutions 2025-12-10T12:44:01+05:30 logger.go:67:           [31m-[0m[0m create = "3h" [90m-> null[0m[0m
TestRunBankingSolutions 2025-12-10T12:44:01+05:30 logger.go:67:           [31m-[0m[0m delete = "2h" [90m-> null[0m[0m
TestRunBankingSolutions 2025-12-10T12:44:01+05:30 logger.go:67:           [31m-[0m[0m update = "3h" [90m-> null[0m[0m
TestRunBankingSolutions 2025-12-10T12:44:01+05:30 logger.go:67:         }
TestRunBankingSolutions 2025-12-10T12:44:01+05:30 logger.go:67: 
TestRunBankingSolutions 2025-12-10T12:44:01+05:30 logger.go:67:       [31m-[0m[0m zones {
TestRunBankingSolutions 2025-12-10T12:44:01+05:30 logger.go:67:           [31m-[0m[0m name      = "us-south-1" [90m-> null[0m[0m
TestRunBankingSolutions 2025-12-10T12:44:01+05:30 logger.go:67:           [31m-[0m[0m subnet_id = "0717-0092fcc3-43f2-4fd0-b34a-5250ddf61d68" [90m-> null[0m[0m
TestRunBankingSolutions 2025-12-10T12:44:01+05:30 logger.go:67:         }
TestRunBankingSolutions 2025-12-10T12:44:01+05:30 logger.go:67:     }
TestRunBankingSolutions 2025-12-10T12:44:01+05:30 logger.go:67: 
TestRunBankingSolutions 2025-12-10T12:44:01+05:30 logger.go:67: [1m  # module.ocp_base[0].null_resource.confirm_network_healthy[0][0m will be [1m[31mdestroyed[0m
TestRunBankingSolutions 2025-12-10T12:44:01+05:30 logger.go:67: [0m  [31m-[0m[0m resource "null_resource" "confirm_network_healthy" {
TestRunBankingSolutions 2025-12-10T12:44:01+05:30 logger.go:67:       [31m-[0m[0m id = "9195400366394302061" [90m-> null[0m[0m
TestRunBankingSolutions 2025-12-10T12:44:01+05:30 logger.go:67:     }
TestRunBankingSolutions 2025-12-10T12:44:01+05:30 logger.go:67: 
TestRunBankingSolutions 2025-12-10T12:44:01+05:30 logger.go:67: [1m  # module.resource_group.ibm_resource_group.resource_group[0][0m will be [1m[31mdestroyed[0m
TestRunBankingSolutions 2025-12-10T12:44:01+05:30 logger.go:67: [0m  [31m-[0m[0m resource "ibm_resource_group" "resource_group" {
TestRunBankingSolutions 2025-12-10T12:44:01+05:30 logger.go:67:       [31m-[0m[0m created_at        = "2025-12-10T05:57:04.865Z" [90m-> null[0m[0m
TestRunBankingSolutions 2025-12-10T12:44:01+05:30 logger.go:67:       [31m-[0m[0m crn               = "crn:v1:bluemix:public:resource-controller::a/abac0df06b644a9cabc6e44f55b3880e::resource-group:2c229fbcb1934d18b91bd6ec366cb260" [90m-> null[0m[0m
TestRunBankingSolutions 2025-12-10T12:44:01+05:30 logger.go:67:       [31m-[0m[0m default           = false [90m-> null[0m[0m
TestRunBankingSolutions 2025-12-10T12:44:01+05:30 logger.go:67:       [31m-[0m[0m id                = "2c229fbcb1934d18b91bd6ec366cb260" [90m-> null[0m[0m
TestRunBankingSolutions 2025-12-10T12:44:01+05:30 logger.go:67:       [31m-[0m[0m name              = "rag-da-tj2una-resource-group" [90m-> null[0m[0m
TestRunBankingSolutions 2025-12-10T12:44:01+05:30 logger.go:67:       [31m-[0m[0m quota_id          = "a3d7b8d01e261c24677937c29ab33f3c" [90m-> null[0m[0m
TestRunBankingSolutions 2025-12-10T12:44:01+05:30 logger.go:67:       [31m-[0m[0m quota_url         = "/v2/quota_definitions/a3d7b8d01e261c24677937c29ab33f3c" [90m-> null[0m[0m
TestRunBankingSolutions 2025-12-10T12:44:01+05:30 logger.go:67:       [31m-[0m[0m resource_linkages = [] [90m-> null[0m[0m
TestRunBankingSolutions 2025-12-10T12:44:01+05:30 logger.go:67:       [31m-[0m[0m state             = "ACTIVE" [90m-> null[0m[0m
TestRunBankingSolutions 2025-12-10T12:44:01+05:30 logger.go:67:       [31m-[0m[0m updated_at        = "2025-12-10T05:57:04.865Z" [90m-> null[0m[0m
TestRunBankingSolutions 2025-12-10T12:44:01+05:30 logger.go:67:     }
TestRunBankingSolutions 2025-12-10T12:44:01+05:30 logger.go:67: 
TestRunBankingSolutions 2025-12-10T12:44:01+05:30 logger.go:67: [1m  # module.ocp_base[0].module.cos_instance[0].ibm_resource_instance.cos_instance[0][0m will be [1m[31mdestroyed[0m
TestRunBankingSolutions 2025-12-10T12:44:01+05:30 logger.go:67: [0m  [31m-[0m[0m resource "ibm_resource_instance" "cos_instance" {
TestRunBankingSolutions 2025-12-10T12:44:01+05:30 logger.go:67:       [31m-[0m[0m account_id              = "abac0df06b644a9cabc6e44f55b3880e" [90m-> null[0m[0m
TestRunBankingSolutions 2025-12-10T12:44:01+05:30 logger.go:67:       [31m-[0m[0m allow_cleanup           = false [90m-> null[0m[0m
TestRunBankingSolutions 2025-12-10T12:44:01+05:30 logger.go:67:       [31m-[0m[0m created_at              = "2025-12-10T05:57:11.112Z" [90m-> null[0m[0m
TestRunBankingSolutions 2025-12-10T12:44:01+05:30 logger.go:67:       [31m-[0m[0m created_by              = "IBMid-69100165KL" [90m-> null[0m[0m
TestRunBankingSolutions 2025-12-10T12:44:01+05:30 logger.go:67:       [31m-[0m[0m crn                     = "crn:v1:bluemix:public:cloud-object-storage:global:a/abac0df06b644a9cabc6e44f55b3880e:0378507d-21c8-45b4-aa38-431f17160dd2::" [90m-> null[0m[0m
TestRunBankingSolutions 2025-12-10T12:44:01+05:30 logger.go:67:       [31m-[0m[0m dashboard_url           = "https://cloud.ibm.com/objectstorage/crn%3Av1%3Abluemix%3Apublic%3Acloud-object-storage%3Aglobal%3Aa%2Fabac0df06b644a9cabc6e44f55b3880e%3A0378507d-21c8-45b4-aa38-431f17160dd2%3A%3A" [90m-> null[0m[0m
TestRunBankingSolutions 2025-12-10T12:44:01+05:30 logger.go:67:       [31m-[0m[0m extensions              = {} [90m-> null[0m[0m
TestRunBankingSolutions 2025-12-10T12:44:01+05:30 logger.go:67:       [31m-[0m[0m guid                    = "0378507d-21c8-45b4-aa38-431f17160dd2" [90m-> null[0m[0m
TestRunBankingSolutions 2025-12-10T12:44:01+05:30 logger.go:67:       [31m-[0m[0m id                      = "crn:v1:bluemix:public:cloud-object-storage:global:a/abac0df06b644a9cabc6e44f55b3880e:0378507d-21c8-45b4-aa38-431f17160dd2::" [90m-> null[0m[0m
TestRunBankingSolutions 2025-12-10T12:44:01+05:30 logger.go:67:       [31m-[0m[0m last_operation          = {
TestRunBankingSolutions 2025-12-10T12:44:01+05:30 logger.go:67:           [31m-[0m[0m "async"       = "false"
TestRunBankingSolutions 2025-12-10T12:44:01+05:30 logger.go:67:           [31m-[0m[0m "cancelable"  = "false"
TestRunBankingSolutions 2025-12-10T12:44:01+05:30 logger.go:67:           [31m-[0m[0m "description" = "Completed create instance operation"
TestRunBankingSolutions 2025-12-10T12:44:01+05:30 logger.go:67:           [31m-[0m[0m "poll"        = "false"
TestRunBankingSolutions 2025-12-10T12:44:01+05:30 logger.go:67:           [31m-[0m[0m "state"       = "succeeded"
TestRunBankingSolutions 2025-12-10T12:44:01+05:30 logger.go:67:           [31m-[0m[0m "type"        = "create"
TestRunBankingSolutions 2025-12-10T12:44:01+05:30 logger.go:67:         } [90m-> null[0m[0m
TestRunBankingSolutions 2025-12-10T12:44:01+05:30 logger.go:67:       [31m-[0m[0m location                = "global" [90m-> null[0m[0m
TestRunBankingSolutions 2025-12-10T12:44:01+05:30 logger.go:67:       [31m-[0m[0m locked                  = false [90m-> null[0m[0m
TestRunBankingSolutions 2025-12-10T12:44:01+05:30 logger.go:67:       [31m-[0m[0m name                    = "rag-da-tj2una_cos" [90m-> null[0m[0m
TestRunBankingSolutions 2025-12-10T12:44:01+05:30 logger.go:67:       [31m-[0m[0m onetime_credentials     = false [90m-> null[0m[0m
TestRunBankingSolutions 2025-12-10T12:44:01+05:30 logger.go:67:       [31m-[0m[0m plan                    = "standard" [90m-> null[0m[0m
TestRunBankingSolutions 2025-12-10T12:44:01+05:30 logger.go:67:       [31m-[0m[0m plan_history            = [
TestRunBankingSolutions 2025-12-10T12:44:01+05:30 logger.go:67:           [31m-[0m[0m {
TestRunBankingSolutions 2025-12-10T12:44:01+05:30 logger.go:67:               [31m-[0m[0m resource_plan_id = "744bfc56-d12c-4866-88d5-dac9139e0e5d"
TestRunBankingSolutions 2025-12-10T12:44:01+05:30 logger.go:67:               [31m-[0m[0m start_date       = "2025-12-10T05:57:11.112Z"
TestRunBankingSolutions 2025-12-10T12:44:01+05:30 logger.go:67:             },
TestRunBankingSolutions 2025-12-10T12:44:01+05:30 logger.go:67:         ] [90m-> null[0m[0m
TestRunBankingSolutions 2025-12-10T12:44:01+05:30 logger.go:67:       [31m-[0m[0m resource_aliases_url    = "/v2/resource_instances/0378507d-21c8-45b4-aa38-431f17160dd2/resource_aliases" [90m-> null[0m[0m
TestRunBankingSolutions 2025-12-10T12:44:01+05:30 logger.go:67:       [31m-[0m[0m resource_bindings_url   = "/v2/resource_instances/0378507d-21c8-45b4-aa38-431f17160dd2/resource_bindings" [90m-> null[0m[0m
TestRunBankingSolutions 2025-12-10T12:44:01+05:30 logger.go:67:       [31m-[0m[0m resource_controller_url = "https://cloud.ibm.com/services/" [90m-> null[0m[0m
TestRunBankingSolutions 2025-12-10T12:44:01+05:30 logger.go:67:       [31m-[0m[0m resource_crn            = "crn:v1:bluemix:public:cloud-object-storage:global:a/abac0df06b644a9cabc6e44f55b3880e:0378507d-21c8-45b4-aa38-431f17160dd2::" [90m-> null[0m[0m
TestRunBankingSolutions 2025-12-10T12:44:01+05:30 logger.go:67:       [31m-[0m[0m resource_group_crn      = "crn:v1:bluemix:public:resource-controller::a/abac0df06b644a9cabc6e44f55b3880e::resource-group:2c229fbcb1934d18b91bd6ec366cb260" [90m-> null[0m[0m
TestRunBankingSolutions 2025-12-10T12:44:01+05:30 logger.go:67:       [31m-[0m[0m resource_group_id       = "2c229fbcb1934d18b91bd6ec366cb260" [90m-> null[0m[0m
TestRunBankingSolutions 2025-12-10T12:44:01+05:30 logger.go:67:       [31m-[0m[0m resource_group_name     = "crn:v1:bluemix:public:resource-controller::a/abac0df06b644a9cabc6e44f55b3880e::resource-group:2c229fbcb1934d18b91bd6ec366cb260" [90m-> null[0m[0m
TestRunBankingSolutions 2025-12-10T12:44:01+05:30 logger.go:67:       [31m-[0m[0m resource_id             = "dff97f5c-bc5e-4455-b470-411c3edbe49c" [90m-> null[0m[0m
TestRunBankingSolutions 2025-12-10T12:44:01+05:30 logger.go:67:       [31m-[0m[0m resource_keys_url       = "/v2/resource_instances/0378507d-21c8-45b4-aa38-431f17160dd2/resource_keys" [90m-> null[0m[0m
TestRunBankingSolutions 2025-12-10T12:44:01+05:30 logger.go:67:       [31m-[0m[0m resource_name           = "rag-da-tj2una_cos" [90m-> null[0m[0m
TestRunBankingSolutions 2025-12-10T12:44:01+05:30 logger.go:67:       [31m-[0m[0m resource_plan_id        = "744bfc56-d12c-4866-88d5-dac9139e0e5d" [90m-> null[0m[0m
TestRunBankingSolutions 2025-12-10T12:44:01+05:30 logger.go:67:       [31m-[0m[0m resource_status         = "active" [90m-> null[0m[0m
TestRunBankingSolutions 2025-12-10T12:44:01+05:30 logger.go:67:       [31m-[0m[0m service                 = "cloud-object-storage" [90m-> null[0m[0m
TestRunBankingSolutions 2025-12-10T12:44:01+05:30 logger.go:67:       [31m-[0m[0m state                   = "active" [90m-> null[0m[0m
TestRunBankingSolutions 2025-12-10T12:44:01+05:30 logger.go:67:       [31m-[0m[0m status                  = "active" [90m-> null[0m[0m
TestRunBankingSolutions 2025-12-10T12:44:01+05:30 logger.go:67:       [31m-[0m[0m tags                    = [] [90m-> null[0m[0m
TestRunBankingSolutions 2025-12-10T12:44:01+05:30 logger.go:67:       [31m-[0m[0m target_crn              = "crn:v1:bluemix:public:globalcatalog::::deployment:744bfc56-d12c-4866-88d5-dac9139e0e5d%3Aglobal" [90m-> null[0m[0m
TestRunBankingSolutions 2025-12-10T12:44:01+05:30 logger.go:67:       [31m-[0m[0m type                    = "service_instance" [90m-> null[0m[0m
TestRunBankingSolutions 2025-12-10T12:44:01+05:30 logger.go:67:       [31m-[0m[0m update_at               = "2025-12-10T05:57:13.182Z" [90m-> null[0m[0m
TestRunBankingSolutions 2025-12-10T12:44:01+05:30 logger.go:67:         [90m# (5 unchanged attributes hidden)[0m[0m
TestRunBankingSolutions 2025-12-10T12:44:01+05:30 logger.go:67:     }
TestRunBankingSolutions 2025-12-10T12:44:01+05:30 logger.go:67: 
TestRunBankingSolutions 2025-12-10T12:44:01+05:30 logger.go:67: [1m  # module.ocp_base[0].module.cos_instance[0].random_string.bucket_name_suffix[0][0m will be [1m[31mdestroyed[0m
TestRunBankingSolutions 2025-12-10T12:44:01+05:30 logger.go:67: [0m  [31m-[0m[0m resource "random_string" "bucket_name_suffix" {
TestRunBankingSolutions 2025-12-10T12:44:01+05:30 logger.go:67:       [31m-[0m[0m id          = "s7g6" [90m-> null[0m[0m
TestRunBankingSolutions 2025-12-10T12:44:01+05:30 logger.go:67:       [31m-[0m[0m length      = 4 [90m-> null[0m[0m
TestRunBankingSolutions 2025-12-10T12:44:01+05:30 logger.go:67:       [31m-[0m[0m lower       = true [90m-> null[0m[0m
TestRunBankingSolutions 2025-12-10T12:44:01+05:30 logger.go:67:       [31m-[0m[0m min_lower   = 0 [90m-> null[0m[0m
TestRunBankingSolutions 2025-12-10T12:44:01+05:30 logger.go:67:       [31m-[0m[0m min_numeric = 0 [90m-> null[0m[0m
TestRunBankingSolutions 2025-12-10T12:44:01+05:30 logger.go:67:       [31m-[0m[0m min_special = 0 [90m-> null[0m[0m
TestRunBankingSolutions 2025-12-10T12:44:01+05:30 logger.go:67:       [31m-[0m[0m min_upper   = 0 [90m-> null[0m[0m
TestRunBankingSolutions 2025-12-10T12:44:01+05:30 logger.go:67:       [31m-[0m[0m number      = true [90m-> null[0m[0m
TestRunBankingSolutions 2025-12-10T12:44:01+05:30 logger.go:67:       [31m-[0m[0m numeric     = true [90m-> null[0m[0m
TestRunBankingSolutions 2025-12-10T12:44:01+05:30 logger.go:67:       [31m-[0m[0m result      = "s7g6" [90m-> null[0m[0m
TestRunBankingSolutions 2025-12-10T12:44:01+05:30 logger.go:67:       [31m-[0m[0m special     = false [90m-> null[0m[0m
TestRunBankingSolutions 2025-12-10T12:44:01+05:30 logger.go:67:       [31m-[0m[0m upper       = false [90m-> null[0m[0m
TestRunBankingSolutions 2025-12-10T12:44:01+05:30 logger.go:67:     }
TestRunBankingSolutions 2025-12-10T12:44:01+05:30 logger.go:67: 
TestRunBankingSolutions 2025-12-10T12:44:01+05:30 logger.go:67: [1m  # module.ocp_base[0].module.worker_pools.ibm_container_vpc_worker_pool.pool["default"][0m will be [1m[31mdestroyed[0m
TestRunBankingSolutions 2025-12-10T12:44:01+05:30 logger.go:67: [0m  [31m-[0m[0m resource "ibm_container_vpc_worker_pool" "pool" {
TestRunBankingSolutions 2025-12-10T12:44:01+05:30 logger.go:67:       [31m-[0m[0m autoscale_enabled       = false [90m-> null[0m[0m
TestRunBankingSolutions 2025-12-10T12:44:01+05:30 logger.go:67:       [31m-[0m[0m cluster                 = "d4sgns2d0k79ij8ttff0" [90m-> null[0m[0m
TestRunBankingSolutions 2025-12-10T12:44:01+05:30 logger.go:67:       [31m-[0m[0m flavor                  = "bx2.4x16" [90m-> null[0m[0m
TestRunBankingSolutions 2025-12-10T12:44:01+05:30 logger.go:67:       [31m-[0m[0m id                      = "d4sgns2d0k79ij8ttff0/d4sgns2d0k79ij8ttff0-67ec643" [90m-> null[0m[0m
TestRunBankingSolutions 2025-12-10T12:44:01+05:30 logger.go:67:       [31m-[0m[0m import_on_create        = true [90m-> null[0m[0m
TestRunBankingSolutions 2025-12-10T12:44:01+05:30 logger.go:67:       [31m-[0m[0m labels                  = {} [90m-> null[0m[0m
TestRunBankingSolutions 2025-12-10T12:44:01+05:30 logger.go:67:       [31m-[0m[0m operating_system        = "RHEL_9_64" [90m-> null[0m[0m
TestRunBankingSolutions 2025-12-10T12:44:01+05:30 logger.go:67:       [31m-[0m[0m orphan_on_delete        = true [90m-> null[0m[0m
TestRunBankingSolutions 2025-12-10T12:44:01+05:30 logger.go:67:       [31m-[0m[0m resource_controller_url = "https://cloud.ibm.com/kubernetes/clusters" [90m-> null[0m[0m
TestRunBankingSolutions 2025-12-10T12:44:01+05:30 logger.go:67:       [31m-[0m[0m resource_group_id       = "2c229fbcb1934d18b91bd6ec366cb260" [90m-> null[0m[0m
TestRunBankingSolutions 2025-12-10T12:44:01+05:30 logger.go:67:       [31m-[0m[0m vpc_id                  = "r006-e17948de-378c-4508-902e-7701e6a2446d" [90m-> null[0m[0m
TestRunBankingSolutions 2025-12-10T12:44:01+05:30 logger.go:67:       [31m-[0m[0m worker_count            = 2 [90m-> null[0m[0m
TestRunBankingSolutions 2025-12-10T12:44:01+05:30 logger.go:67:       [31m-[0m[0m worker_pool_id          = "d4sgns2d0k79ij8ttff0-67ec643" [90m-> null[0m[0m
TestRunBankingSolutions 2025-12-10T12:44:01+05:30 logger.go:67:       [31m-[0m[0m worker_pool_name        = "default" [90m-> null[0m[0m
TestRunBankingSolutions 2025-12-10T12:44:01+05:30 logger.go:67:         [90m# (1 unchanged attribute hidden)[0m[0m
TestRunBankingSolutions 2025-12-10T12:44:01+05:30 logger.go:67: 
TestRunBankingSolutions 2025-12-10T12:44:01+05:30 logger.go:67:       [31m-[0m[0m timeouts {
TestRunBankingSolutions 2025-12-10T12:44:01+05:30 logger.go:67:           [31m-[0m[0m create = "2h" [90m-> null[0m[0m
TestRunBankingSolutions 2025-12-10T12:44:01+05:30 logger.go:67:           [31m-[0m[0m delete = "2h" [90m-> null[0m[0m
TestRunBankingSolutions 2025-12-10T12:44:01+05:30 logger.go:67:         }
TestRunBankingSolutions 2025-12-10T12:44:01+05:30 logger.go:67: 
TestRunBankingSolutions 2025-12-10T12:44:01+05:30 logger.go:67:       [31m-[0m[0m zones {
TestRunBankingSolutions 2025-12-10T12:44:01+05:30 logger.go:67:           [31m-[0m[0m name      = "us-south-1" [90m-> null[0m[0m
TestRunBankingSolutions 2025-12-10T12:44:01+05:30 logger.go:67:           [31m-[0m[0m subnet_id = "0717-0092fcc3-43f2-4fd0-b34a-5250ddf61d68" [90m-> null[0m[0m
TestRunBankingSolutions 2025-12-10T12:44:01+05:30 logger.go:67:         }
TestRunBankingSolutions 2025-12-10T12:44:01+05:30 logger.go:67:     }
TestRunBankingSolutions 2025-12-10T12:44:01+05:30 logger.go:67: 
TestRunBankingSolutions 2025-12-10T12:44:01+05:30 logger.go:67: [1mPlan:[0m 0 to add, 0 to change, 19 to destroy.
TestRunBankingSolutions 2025-12-10T12:44:01+05:30 logger.go:67: [0m
TestRunBankingSolutions 2025-12-10T12:44:01+05:30 logger.go:67: Changes to Outputs:
TestRunBankingSolutions 2025-12-10T12:44:01+05:30 logger.go:67:   [31m-[0m[0m cd_pipeline_id                                 = "70b60c36-da62-4d8d-82c2-e0c7e5975db1" [90m-> null[0m[0m
TestRunBankingSolutions 2025-12-10T12:44:01+05:30 logger.go:67:   [31m-[0m[0m ci_pipeline_id                                 = "32d0fab2-15fb-4a88-a7d5-23a21aac0afe" [90m-> null[0m[0m
TestRunBankingSolutions 2025-12-10T12:44:01+05:30 logger.go:67:   [31m-[0m[0m cluster_name                                   = "rag-da-tj2una" [90m-> null[0m[0m
TestRunBankingSolutions 2025-12-10T12:44:01+05:30 logger.go:67:   [31m-[0m[0m resource_group_name                            = "rag-da-tj2una-resource-group" [90m-> null[0m[0m
TestRunBankingSolutions 2025-12-10T12:44:01+05:30 logger.go:67:   [31m-[0m[0m signing_key                                    = (sensitive value) [90m-> null[0m[0m
TestRunBankingSolutions 2025-12-10T12:44:01+05:30 logger.go:67:   [31m-[0m[0m watson_assistant_instance_id                   = "1561d39c-06f1-442a-b1a4-3bed06835dda" [90m-> null[0m[0m
TestRunBankingSolutions 2025-12-10T12:44:01+05:30 logger.go:67:   [31m-[0m[0m watson_assistant_region                        = "us-south" [90m-> null[0m[0m
TestRunBankingSolutions 2025-12-10T12:44:01+05:30 logger.go:67:   [31m-[0m[0m watson_discovery_instance_id                   = "1443f64b-f7a4-4336-a6fd-867fd01f1aaf" [90m-> null[0m[0m
TestRunBankingSolutions 2025-12-10T12:44:01+05:30 logger.go:67:   [31m-[0m[0m watson_discovery_region                        = "us-south" [90m-> null[0m[0m
TestRunBankingSolutions 2025-12-10T12:44:01+05:30 logger.go:67:   [31m-[0m[0m watson_machine_learning_instance_crn           = "crn:v1:bluemix:public:pm-20:us-south:a/abac0df06b644a9cabc6e44f55b3880e:8a9676c7-a3cc-4170-aef6-310322720dd0::" [90m-> null[0m[0m
TestRunBankingSolutions 2025-12-10T12:44:01+05:30 logger.go:67:   [31m-[0m[0m watson_machine_learning_instance_guid          = "8a9676c7-a3cc-4170-aef6-310322720dd0" [90m-> null[0m[0m
TestRunBankingSolutions 2025-12-10T12:44:01+05:30 logger.go:67:   [31m-[0m[0m watson_machine_learning_instance_resource_name = "rag-da-tj2una-watson-machine-learning-instance" [90m-> null[0m[0m
TestRunBankingSolutions 2025-12-10T12:44:01+05:30 logger.go:67: [0m[1mmodule.ocp_base[0].module.cos_instance[0].random_string.bucket_name_suffix[0]: Destroying... [id=s7g6][0m[0m
TestRunBankingSolutions 2025-12-10T12:44:01+05:30 logger.go:67: [0m[1mmodule.ocp_base[0].module.cos_instance[0].random_string.bucket_name_suffix[0]: Destruction complete after 0s[0m
TestRunBankingSolutions 2025-12-10T12:44:01+05:30 logger.go:67: [0m[1mibm_resource_instance.discovery_instance: Destroying... [id=crn:v1:bluemix:public:discovery:us-south:a/abac0df06b644a9cabc6e44f55b3880e:1443f64b-f7a4-4336-a6fd-867fd01f1aaf::][0m[0m
TestRunBankingSolutions 2025-12-10T12:44:01+05:30 logger.go:67: [0m[1mmodule.ocp_base[0].ibm_container_addons.addons: Destroying... [id=d4sgns2d0k79ij8ttff0][0m[0m
TestRunBankingSolutions 2025-12-10T12:44:01+05:30 logger.go:67: [0m[1mibm_cd_tekton_pipeline.ci_tekton_pipeline_instance: Destroying... [id=32d0fab2-15fb-4a88-a7d5-23a21aac0afe][0m[0m
TestRunBankingSolutions 2025-12-10T12:44:01+05:30 logger.go:67: [0m[1mibm_resource_instance.machine_learning_instance: Destroying... [id=crn:v1:bluemix:public:pm-20:us-south:a/abac0df06b644a9cabc6e44f55b3880e:8a9676c7-a3cc-4170-aef6-310322720dd0::][0m[0m
TestRunBankingSolutions 2025-12-10T12:44:01+05:30 logger.go:67: [0m[1mibm_cd_tekton_pipeline.cd_tekton_pipeline_instance: Destroying... [id=70b60c36-da62-4d8d-82c2-e0c7e5975db1][0m[0m
TestRunBankingSolutions 2025-12-10T12:44:01+05:30 logger.go:67: [0m[1mibm_resource_instance.assistant_instance: Destroying... [id=crn:v1:bluemix:public:conversation:us-south:a/abac0df06b644a9cabc6e44f55b3880e:1561d39c-06f1-442a-b1a4-3bed06835dda::][0m[0m
TestRunBankingSolutions 2025-12-10T12:44:04+05:30 logger.go:67: [0m[1mmodule.ocp_base[0].ibm_container_addons.addons: Destruction complete after 2s[0m
TestRunBankingSolutions 2025-12-10T12:44:04+05:30 logger.go:67: [0m[1mmodule.ocp_base[0].null_resource.confirm_network_healthy[0]: Destroying... [id=9195400366394302061][0m[0m
TestRunBankingSolutions 2025-12-10T12:44:04+05:30 logger.go:67: [0m[1mmodule.ocp_base[0].null_resource.confirm_network_healthy[0]: Destruction complete after 0s[0m
TestRunBankingSolutions 2025-12-10T12:44:04+05:30 logger.go:67: [0m[1mmodule.ocp_base[0].module.worker_pools.ibm_container_vpc_worker_pool.pool["default"]: Destroying... [id=d4sgns2d0k79ij8ttff0/d4sgns2d0k79ij8ttff0-67ec643][0m[0m
TestRunBankingSolutions 2025-12-10T12:44:04+05:30 logger.go:67: [0m[1mmodule.ocp_base[0].module.worker_pools.ibm_container_vpc_worker_pool.pool["default"]: Destruction complete after 0s[0m
TestRunBankingSolutions 2025-12-10T12:44:04+05:30 logger.go:67: [0m[1mmodule.ocp_base[0].ibm_container_vpc_cluster.cluster[0]: Destroying... [id=d4sgns2d0k79ij8ttff0][0m[0m
TestRunBankingSolutions 2025-12-10T12:44:04+05:30 logger.go:67: [0m[1mibm_cd_tekton_pipeline.cd_tekton_pipeline_instance: Destruction complete after 3s[0m
TestRunBankingSolutions 2025-12-10T12:44:04+05:30 logger.go:67: [0m[1mibm_cd_toolchain_tool_pipeline.cd_toolchain_tool_pipeline_instance: Destroying... [id=5be5ff32-13a4-4cbe-ab1a-8a8fc3de9d8b/70b60c36-da62-4d8d-82c2-e0c7e5975db1][0m[0m
TestRunBankingSolutions 2025-12-10T12:44:04+05:30 logger.go:67: [0m[1mibm_cd_tekton_pipeline.ci_tekton_pipeline_instance: Destruction complete after 3s[0m
TestRunBankingSolutions 2025-12-10T12:44:04+05:30 logger.go:67: [0m[1mibm_cd_toolchain_tool_pipeline.ci_toolchain_tool_pipeline_instance: Destroying... [id=5be5ff32-13a4-4cbe-ab1a-8a8fc3de9d8b/32d0fab2-15fb-4a88-a7d5-23a21aac0afe][0m[0m
TestRunBankingSolutions 2025-12-10T12:44:05+05:30 logger.go:67: [0m[1mibm_cd_toolchain_tool_pipeline.cd_toolchain_tool_pipeline_instance: Destruction complete after 0s[0m
TestRunBankingSolutions 2025-12-10T12:44:05+05:30 logger.go:67: [0m[1mibm_cd_toolchain_tool_pipeline.ci_toolchain_tool_pipeline_instance: Destruction complete after 1s[0m
TestRunBankingSolutions 2025-12-10T12:44:05+05:30 logger.go:67: [0m[1mibm_cd_toolchain.cd_toolchain_instance: Destroying... [id=5be5ff32-13a4-4cbe-ab1a-8a8fc3de9d8b][0m[0m
TestRunBankingSolutions 2025-12-10T12:44:06+05:30 logger.go:67: [0m[1mibm_cd_toolchain.cd_toolchain_instance: Destruction complete after 0s[0m
TestRunBankingSolutions 2025-12-10T12:44:06+05:30 logger.go:67: [0m[1mibm_resource_instance.cd_instance: Destroying... [id=crn:v1:bluemix:public:continuous-delivery:us-south:a/abac0df06b644a9cabc6e44f55b3880e:84ab387f-bb0c-4d37-8da1-75a525891b33::][0m[0m
TestRunBankingSolutions 2025-12-10T12:44:11+05:30 logger.go:67: [0m[1mibm_resource_instance.discovery_instance: Still destroying... [id=crn:v1:bluemix:public:discovery:us-sout...1443f64b-f7a4-4336-a6fd-867fd01f1aaf::, 00m10s elapsed][0m[0m
TestRunBankingSolutions 2025-12-10T12:44:11+05:30 logger.go:67: [0m[1mibm_resource_instance.machine_learning_instance: Still destroying... [id=crn:v1:bluemix:public:pm-20:us-south:a/...8a9676c7-a3cc-4170-aef6-310322720dd0::, 00m10s elapsed][0m[0m
TestRunBankingSolutions 2025-12-10T12:44:11+05:30 logger.go:67: [0m[1mibm_resource_instance.assistant_instance: Still destroying... [id=crn:v1:bluemix:public:conversation:us-s...1561d39c-06f1-442a-b1a4-3bed06835dda::, 00m10s elapsed][0m[0m
TestRunBankingSolutions 2025-12-10T12:44:14+05:30 logger.go:67: [0m[1mmodule.ocp_base[0].ibm_container_vpc_cluster.cluster[0]: Still destroying... [id=d4sgns2d0k79ij8ttff0, 00m10s elapsed][0m[0m
TestRunBankingSolutions 2025-12-10T12:44:14+05:30 logger.go:67: [0m[1mibm_resource_instance.machine_learning_instance: Destruction complete after 13s[0m
TestRunBankingSolutions 2025-12-10T12:44:15+05:30 logger.go:67: [0m[1mibm_resource_instance.assistant_instance: Destruction complete after 13s[0m
TestRunBankingSolutions 2025-12-10T12:44:15+05:30 logger.go:67: [0m[1mibm_resource_instance.discovery_instance: Destruction complete after 13s[0m
TestRunBankingSolutions 2025-12-10T12:44:16+05:30 logger.go:67: [0m[1mibm_resource_instance.cd_instance: Still destroying... [id=crn:v1:bluemix:public:continuous-delive...84ab387f-bb0c-4d37-8da1-75a525891b33::, 00m10s elapsed][0m[0m
TestRunBankingSolutions 2025-12-10T12:44:18+05:30 logger.go:67: [0m[1mibm_resource_instance.cd_instance: Destruction complete after 13s[0m
TestRunBankingSolutions 2025-12-10T12:44:24+05:30 logger.go:67: [0m[1mmodule.ocp_base[0].ibm_container_vpc_cluster.cluster[0]: Still destroying... [id=d4sgns2d0k79ij8ttff0, 00m20s elapsed][0m[0m
TestRunBankingSolutions 2025-12-10T12:44:34+05:30 logger.go:67: [0m[1mmodule.ocp_base[0].ibm_container_vpc_cluster.cluster[0]: Still destroying... [id=d4sgns2d0k79ij8ttff0, 00m30s elapsed][0m[0m
TestRunBankingSolutions 2025-12-10T12:44:44+05:30 logger.go:67: [0m[1mmodule.ocp_base[0].ibm_container_vpc_cluster.cluster[0]: Still destroying... [id=d4sgns2d0k79ij8ttff0, 00m40s elapsed][0m[0m
TestRunBankingSolutions 2025-12-10T12:44:54+05:30 logger.go:67: [0m[1mmodule.ocp_base[0].ibm_container_vpc_cluster.cluster[0]: Still destroying... [id=d4sgns2d0k79ij8ttff0, 00m50s elapsed][0m[0m
TestRunBankingSolutions 2025-12-10T12:45:04+05:30 logger.go:67: [0m[1mmodule.ocp_base[0].ibm_container_vpc_cluster.cluster[0]: Still destroying... [id=d4sgns2d0k79ij8ttff0, 01m00s elapsed][0m[0m
TestRunBankingSolutions 2025-12-10T12:45:14+05:30 logger.go:67: [0m[1mmodule.ocp_base[0].ibm_container_vpc_cluster.cluster[0]: Still destroying... [id=d4sgns2d0k79ij8ttff0, 01m10s elapsed][0m[0m
TestRunBankingSolutions 2025-12-10T12:45:24+05:30 logger.go:67: [0m[1mmodule.ocp_base[0].ibm_container_vpc_cluster.cluster[0]: Still destroying... [id=d4sgns2d0k79ij8ttff0, 01m20s elapsed][0m[0m
TestRunBankingSolutions 2025-12-10T12:45:34+05:30 logger.go:67: [0m[1mmodule.ocp_base[0].ibm_container_vpc_cluster.cluster[0]: Still destroying... [id=d4sgns2d0k79ij8ttff0, 01m30s elapsed][0m[0m
TestRunBankingSolutions 2025-12-10T12:45:44+05:30 logger.go:67: [0m[1mmodule.ocp_base[0].ibm_container_vpc_cluster.cluster[0]: Still destroying... [id=d4sgns2d0k79ij8ttff0, 01m40s elapsed][0m[0m
TestRunBankingSolutions 2025-12-10T12:45:54+05:30 logger.go:67: [0m[1mmodule.ocp_base[0].ibm_container_vpc_cluster.cluster[0]: Still destroying... [id=d4sgns2d0k79ij8ttff0, 01m50s elapsed][0m[0m
TestRunBankingSolutions 2025-12-10T12:46:04+05:30 logger.go:67: [0m[1mmodule.ocp_base[0].ibm_container_vpc_cluster.cluster[0]: Still destroying... [id=d4sgns2d0k79ij8ttff0, 02m00s elapsed][0m[0m
TestRunBankingSolutions 2025-12-10T12:46:14+05:30 logger.go:67: [0m[1mmodule.ocp_base[0].ibm_container_vpc_cluster.cluster[0]: Still destroying... [id=d4sgns2d0k79ij8ttff0, 02m10s elapsed][0m[0m
TestRunBankingSolutions 2025-12-10T12:46:24+05:30 logger.go:67: [0m[1mmodule.ocp_base[0].ibm_container_vpc_cluster.cluster[0]: Still destroying... [id=d4sgns2d0k79ij8ttff0, 02m20s elapsed][0m[0m
TestRunBankingSolutions 2025-12-10T12:46:34+05:30 logger.go:67: [0m[1mmodule.ocp_base[0].ibm_container_vpc_cluster.cluster[0]: Still destroying... [id=d4sgns2d0k79ij8ttff0, 02m30s elapsed][0m[0m
TestRunBankingSolutions 2025-12-10T12:46:44+05:30 logger.go:67: [0m[1mmodule.ocp_base[0].ibm_container_vpc_cluster.cluster[0]: Still destroying... [id=d4sgns2d0k79ij8ttff0, 02m40s elapsed][0m[0m
TestRunBankingSolutions 2025-12-10T12:46:54+05:30 logger.go:67: [0m[1mmodule.ocp_base[0].ibm_container_vpc_cluster.cluster[0]: Still destroying... [id=d4sgns2d0k79ij8ttff0, 02m50s elapsed][0m[0m
TestRunBankingSolutions 2025-12-10T12:47:04+05:30 logger.go:67: [0m[1mmodule.ocp_base[0].ibm_container_vpc_cluster.cluster[0]: Still destroying... [id=d4sgns2d0k79ij8ttff0, 03m00s elapsed][0m[0m
TestRunBankingSolutions 2025-12-10T12:47:14+05:30 logger.go:67: [0m[1mmodule.ocp_base[0].ibm_container_vpc_cluster.cluster[0]: Still destroying... [id=d4sgns2d0k79ij8ttff0, 03m10s elapsed][0m[0m
TestRunBankingSolutions 2025-12-10T12:47:24+05:30 logger.go:67: [0m[1mmodule.ocp_base[0].ibm_container_vpc_cluster.cluster[0]: Still destroying... [id=d4sgns2d0k79ij8ttff0, 03m20s elapsed][0m[0m
TestRunBankingSolutions 2025-12-10T12:47:34+05:30 logger.go:67: [0m[1mmodule.ocp_base[0].ibm_container_vpc_cluster.cluster[0]: Still destroying... [id=d4sgns2d0k79ij8ttff0, 03m30s elapsed][0m[0m
TestRunBankingSolutions 2025-12-10T12:47:44+05:30 logger.go:67: [0m[1mmodule.ocp_base[0].ibm_container_vpc_cluster.cluster[0]: Still destroying... [id=d4sgns2d0k79ij8ttff0, 03m40s elapsed][0m[0m
TestRunBankingSolutions 2025-12-10T12:47:54+05:30 logger.go:67: [0m[1mmodule.ocp_base[0].ibm_container_vpc_cluster.cluster[0]: Still destroying... [id=d4sgns2d0k79ij8ttff0, 03m50s elapsed][0m[0m
TestRunBankingSolutions 2025-12-10T12:48:04+05:30 logger.go:67: [0m[1mmodule.ocp_base[0].ibm_container_vpc_cluster.cluster[0]: Still destroying... [id=d4sgns2d0k79ij8ttff0, 04m00s elapsed][0m[0m
TestRunBankingSolutions 2025-12-10T12:48:14+05:30 logger.go:67: [0m[1mmodule.ocp_base[0].ibm_container_vpc_cluster.cluster[0]: Still destroying... [id=d4sgns2d0k79ij8ttff0, 04m10s elapsed][0m[0m
TestRunBankingSolutions 2025-12-10T12:48:24+05:30 logger.go:67: [0m[1mmodule.ocp_base[0].ibm_container_vpc_cluster.cluster[0]: Still destroying... [id=d4sgns2d0k79ij8ttff0, 04m20s elapsed][0m[0m
TestRunBankingSolutions 2025-12-10T12:48:34+05:30 logger.go:67: [0m[1mmodule.ocp_base[0].ibm_container_vpc_cluster.cluster[0]: Still destroying... [id=d4sgns2d0k79ij8ttff0, 04m30s elapsed][0m[0m
TestRunBankingSolutions 2025-12-10T12:48:44+05:30 logger.go:67: [0m[1mmodule.ocp_base[0].ibm_container_vpc_cluster.cluster[0]: Still destroying... [id=d4sgns2d0k79ij8ttff0, 04m40s elapsed][0m[0m
TestRunBankingSolutions 2025-12-10T12:48:54+05:30 logger.go:67: [0m[1mmodule.ocp_base[0].ibm_container_vpc_cluster.cluster[0]: Still destroying... [id=d4sgns2d0k79ij8ttff0, 04m50s elapsed][0m[0m
TestRunBankingSolutions 2025-12-10T12:49:04+05:30 logger.go:67: [0m[1mmodule.ocp_base[0].ibm_container_vpc_cluster.cluster[0]: Still destroying... [id=d4sgns2d0k79ij8ttff0, 05m00s elapsed][0m[0m
TestRunBankingSolutions 2025-12-10T12:49:14+05:30 logger.go:67: [0m[1mmodule.ocp_base[0].ibm_container_vpc_cluster.cluster[0]: Still destroying... [id=d4sgns2d0k79ij8ttff0, 05m10s elapsed][0m[0m
TestRunBankingSolutions 2025-12-10T12:49:24+05:30 logger.go:67: [0m[1mmodule.ocp_base[0].ibm_container_vpc_cluster.cluster[0]: Still destroying... [id=d4sgns2d0k79ij8ttff0, 05m20s elapsed][0m[0m
TestRunBankingSolutions 2025-12-10T12:49:34+05:30 logger.go:67: [0m[1mmodule.ocp_base[0].ibm_container_vpc_cluster.cluster[0]: Still destroying... [id=d4sgns2d0k79ij8ttff0, 05m30s elapsed][0m[0m
TestRunBankingSolutions 2025-12-10T12:49:44+05:30 logger.go:67: [0m[1mmodule.ocp_base[0].ibm_container_vpc_cluster.cluster[0]: Still destroying... [id=d4sgns2d0k79ij8ttff0, 05m40s elapsed][0m[0m
TestRunBankingSolutions 2025-12-10T12:49:54+05:30 logger.go:67: [0m[1mmodule.ocp_base[0].ibm_container_vpc_cluster.cluster[0]: Still destroying... [id=d4sgns2d0k79ij8ttff0, 05m50s elapsed][0m[0m
TestRunBankingSolutions 2025-12-10T12:50:04+05:30 logger.go:67: [0m[1mmodule.ocp_base[0].ibm_container_vpc_cluster.cluster[0]: Still destroying... [id=d4sgns2d0k79ij8ttff0, 06m00s elapsed][0m[0m
TestRunBankingSolutions 2025-12-10T12:50:14+05:30 logger.go:67: [0m[1mmodule.ocp_base[0].ibm_container_vpc_cluster.cluster[0]: Still destroying... [id=d4sgns2d0k79ij8ttff0, 06m10s elapsed][0m[0m
TestRunBankingSolutions 2025-12-10T12:50:24+05:30 logger.go:67: [0m[1mmodule.ocp_base[0].ibm_container_vpc_cluster.cluster[0]: Still destroying... [id=d4sgns2d0k79ij8ttff0, 06m20s elapsed][0m[0m
TestRunBankingSolutions 2025-12-10T12:50:34+05:30 logger.go:67: [0m[1mmodule.ocp_base[0].ibm_container_vpc_cluster.cluster[0]: Still destroying... [id=d4sgns2d0k79ij8ttff0, 06m30s elapsed][0m[0m
TestRunBankingSolutions 2025-12-10T12:50:44+05:30 logger.go:67: [0m[1mmodule.ocp_base[0].ibm_container_vpc_cluster.cluster[0]: Still destroying... [id=d4sgns2d0k79ij8ttff0, 06m40s elapsed][0m[0m
TestRunBankingSolutions 2025-12-10T12:50:54+05:30 logger.go:67: [0m[1mmodule.ocp_base[0].ibm_container_vpc_cluster.cluster[0]: Still destroying... [id=d4sgns2d0k79ij8ttff0, 06m50s elapsed][0m[0m
TestRunBankingSolutions 2025-12-10T12:51:04+05:30 logger.go:67: [0m[1mmodule.ocp_base[0].ibm_container_vpc_cluster.cluster[0]: Still destroying... [id=d4sgns2d0k79ij8ttff0, 07m00s elapsed][0m[0m
TestRunBankingSolutions 2025-12-10T12:51:14+05:30 logger.go:67: [0m[1mmodule.ocp_base[0].ibm_container_vpc_cluster.cluster[0]: Still destroying... [id=d4sgns2d0k79ij8ttff0, 07m10s elapsed][0m[0m
TestRunBankingSolutions 2025-12-10T12:51:20+05:30 logger.go:67: [0m[1mmodule.ocp_base[0].ibm_container_vpc_cluster.cluster[0]: Destruction complete after 7m16s[0m
TestRunBankingSolutions 2025-12-10T12:51:20+05:30 logger.go:67: [0m[1mibm_is_subnet.subnet_zone_1[0]: Destroying... [id=0717-0092fcc3-43f2-4fd0-b34a-5250ddf61d68][0m[0m
TestRunBankingSolutions 2025-12-10T12:51:20+05:30 logger.go:67: [0m[1mmodule.ocp_base[0].module.cos_instance[0].ibm_resource_instance.cos_instance[0]: Destroying... [id=crn:v1:bluemix:public:cloud-object-storage:global:a/abac0df06b644a9cabc6e44f55b3880e:0378507d-21c8-45b4-aa38-431f17160dd2::][0m[0m
TestRunBankingSolutions 2025-12-10T12:51:30+05:30 logger.go:67: [0m[1mmodule.ocp_base[0].module.cos_instance[0].ibm_resource_instance.cos_instance[0]: Still destroying... [id=crn:v1:bluemix:public:cloud-object-stor...0378507d-21c8-45b4-aa38-431f17160dd2::, 00m10s elapsed][0m[0m
TestRunBankingSolutions 2025-12-10T12:51:30+05:30 logger.go:67: [0m[1mibm_is_subnet.subnet_zone_1[0]: Still destroying... [id=0717-0092fcc3-43f2-4fd0-b34a-5250ddf61d68, 00m10s elapsed][0m[0m
TestRunBankingSolutions 2025-12-10T12:51:37+05:30 logger.go:67: [0m[1mmodule.ocp_base[0].module.cos_instance[0].ibm_resource_instance.cos_instance[0]: Destruction complete after 18s[0m
TestRunBankingSolutions 2025-12-10T12:51:40+05:30 logger.go:67: [0m[1mibm_is_subnet.subnet_zone_1[0]: Still destroying... [id=0717-0092fcc3-43f2-4fd0-b34a-5250ddf61d68, 00m20s elapsed][0m[0m
TestRunBankingSolutions 2025-12-10T12:51:44+05:30 logger.go:67: [0m[1mibm_is_subnet.subnet_zone_1[0]: Destruction complete after 25s[0m
TestRunBankingSolutions 2025-12-10T12:51:44+05:30 logger.go:67: [0m[1mibm_is_public_gateway.gateway[0]: Destroying... [id=r006-8f35b8cd-af6d-4036-92b0-7e993d92dd41][0m[0m
TestRunBankingSolutions 2025-12-10T12:51:54+05:30 logger.go:67: [0m[1mibm_is_public_gateway.gateway[0]: Still destroying... [id=r006-8f35b8cd-af6d-4036-92b0-7e993d92dd41, 00m10s elapsed][0m[0m
TestRunBankingSolutions 2025-12-10T12:51:56+05:30 logger.go:67: [0m[1mibm_is_public_gateway.gateway[0]: Destruction complete after 11s[0m
TestRunBankingSolutions 2025-12-10T12:51:56+05:30 logger.go:67: [0m[1mibm_is_vpc.vpc[0]: Destroying... [id=r006-e17948de-378c-4508-902e-7701e6a2446d][0m[0m
TestRunBankingSolutions 2025-12-10T12:52:06+05:30 logger.go:67: [0m[1mibm_is_vpc.vpc[0]: Still destroying... [id=r006-e17948de-378c-4508-902e-7701e6a2446d, 00m10s elapsed][0m[0m
TestRunBankingSolutions 2025-12-10T12:52:08+05:30 logger.go:67: [0m[1mibm_is_vpc.vpc[0]: Destruction complete after 13s[0m
TestRunBankingSolutions 2025-12-10T12:52:08+05:30 logger.go:67: [0m[1mmodule.resource_group.ibm_resource_group.resource_group[0]: Destroying... [id=2c229fbcb1934d18b91bd6ec366cb260][0m[0m
TestRunBankingSolutions 2025-12-10T12:52:10+05:30 logger.go:67: [0m[1mmodule.resource_group.ibm_resource_group.resource_group[0]: Destruction complete after 1s[0m
TestRunBankingSolutions 2025-12-10T12:52:10+05:30 logger.go:67: [0m[1m[32m
TestRunBankingSolutions 2025-12-10T12:52:10+05:30 logger.go:67: Destroy complete! Resources: 19 destroyed.
TestRunBankingSolutions 2025-12-10T12:52:10+05:30 logger.go:67: [0m
TestRunBankingSolutions 2025-12-10T12:52:10+05:30 retry.go:91: terraform [workspace show]
TestRunBankingSolutions 2025-12-10T12:52:10+05:30 logger.go:67: Running command terraform with args [workspace show]
TestRunBankingSolutions 2025-12-10T12:52:10+05:30 logger.go:67: rag-da-tj2una
TestRunBankingSolutions 2025-12-10T12:52:10+05:30 retry.go:91: terraform [workspace list]
TestRunBankingSolutions 2025-12-10T12:52:10+05:30 logger.go:67: Running command terraform with args [workspace list]
TestRunBankingSolutions 2025-12-10T12:52:10+05:30 logger.go:67:   default
TestRunBankingSolutions 2025-12-10T12:52:10+05:30 logger.go:67: * rag-da-tj2una
TestRunBankingSolutions 2025-12-10T12:52:10+05:30 logger.go:67: 
TestRunBankingSolutions 2025-12-10T12:52:10+05:30 retry.go:91: terraform [workspace list]
TestRunBankingSolutions 2025-12-10T12:52:10+05:30 logger.go:67: Running command terraform with args [workspace list]
TestRunBankingSolutions 2025-12-10T12:52:10+05:30 logger.go:67:   default
TestRunBankingSolutions 2025-12-10T12:52:10+05:30 logger.go:67: * rag-da-tj2una
TestRunBankingSolutions 2025-12-10T12:52:10+05:30 logger.go:67: 
TestRunBankingSolutions 2025-12-10T12:52:10+05:30 retry.go:91: terraform [workspace select default]
TestRunBankingSolutions 2025-12-10T12:52:10+05:30 logger.go:67: Running command terraform with args [workspace select default]
TestRunBankingSolutions 2025-12-10T12:52:10+05:30 logger.go:67: [0m[32mSwitched to workspace "default".[0m
TestRunBankingSolutions 2025-12-10T12:52:10+05:30 retry.go:91: terraform [workspace show]
TestRunBankingSolutions 2025-12-10T12:52:10+05:30 logger.go:67: Running command terraform with args [workspace show]
TestRunBankingSolutions 2025-12-10T12:52:10+05:30 logger.go:67: default
TestRunBankingSolutions 2025-12-10T12:52:10+05:30 retry.go:91: terraform [workspace delete rag-da-tj2una]
TestRunBankingSolutions 2025-12-10T12:52:10+05:30 logger.go:67: Running command terraform with args [workspace delete rag-da-tj2una]
TestRunBankingSolutions 2025-12-10T12:52:10+05:30 logger.go:67: [0m[32mDeleted workspace "rag-da-tj2una"![0m
TestRunBankingSolutions 2025-12-10T12:52:10+05:30 pr_test.go:216: END: Destroy (existing resources)
--- FAIL: TestRunBankingSolutions (4798.44s)
FAIL
exit status 1
FAIL	github.com/terraform-ibm-modules/terraform-ibm-rag-sample-da	4801.045s
