cd tests && go test -run TestRunBankingSolutionsDA -count=1 -v -timeout 600m
[32mINFO[0m: [32m[CloudInfoService][0m logger.go:937 API cache disabled
=== RUN   TestRunBankingSolutionsDA
=== PAUSE TestRunBankingSolutionsDA
=== CONT  TestRunBankingSolutionsDA
TestRunBankingSolutionsDA 2025-12-11T15:30:14+05:30 pr_test.go:165: Tempdir:  /var/folders/jn/vh4gc581529bsrj1t0w22v7m0000gn/T/rag-s-bbr25d-euxqzm438092373/existing-resources
TestRunBankingSolutionsDA 2025-12-11T15:30:14+05:30 retry.go:91: terraform [workspace list]
TestRunBankingSolutionsDA 2025-12-11T15:30:14+05:30 logger.go:67: Running command terraform with args [workspace list]
TestRunBankingSolutionsDA 2025-12-11T15:30:14+05:30 logger.go:67: * default
TestRunBankingSolutionsDA 2025-12-11T15:30:14+05:30 logger.go:67: 
TestRunBankingSolutionsDA 2025-12-11T15:30:14+05:30 retry.go:91: terraform [workspace new rag-s-bbr25d]
TestRunBankingSolutionsDA 2025-12-11T15:30:14+05:30 logger.go:67: Running command terraform with args [workspace new rag-s-bbr25d]
TestRunBankingSolutionsDA 2025-12-11T15:30:14+05:30 logger.go:67: [0m[32m[1mCreated and switched to workspace "rag-s-bbr25d"![0m[32m
TestRunBankingSolutionsDA 2025-12-11T15:30:14+05:30 logger.go:67: 
TestRunBankingSolutionsDA 2025-12-11T15:30:14+05:30 logger.go:67: You're now on a new, empty workspace. Workspaces isolate their state,
TestRunBankingSolutionsDA 2025-12-11T15:30:14+05:30 logger.go:67: so if you run "terraform plan" Terraform will not see any existing state
TestRunBankingSolutionsDA 2025-12-11T15:30:14+05:30 logger.go:67: for this configuration.[0m
TestRunBankingSolutionsDA 2025-12-11T15:30:14+05:30 retry.go:91: terraform [workspace show]
TestRunBankingSolutionsDA 2025-12-11T15:30:14+05:30 logger.go:67: Running command terraform with args [workspace show]
TestRunBankingSolutionsDA 2025-12-11T15:30:14+05:30 logger.go:67: rag-s-bbr25d
TestRunBankingSolutionsDA 2025-12-11T15:30:14+05:30 retry.go:91: terraform [init -upgrade=true]
TestRunBankingSolutionsDA 2025-12-11T15:30:14+05:30 logger.go:67: Running command terraform with args [init -upgrade=true]
TestRunBankingSolutionsDA 2025-12-11T15:30:14+05:30 logger.go:67: [0m[1mInitializing the backend...[0m
TestRunBankingSolutionsDA 2025-12-11T15:30:14+05:30 logger.go:67: [0m[1mUpgrading modules...[0m
TestRunBankingSolutionsDA 2025-12-11T15:30:14+05:30 logger.go:67: Downloading registry.terraform.io/terraform-ibm-modules/base-ocp-vpc/ibm 3.70.0 for ocp_base...
TestRunBankingSolutionsDA 2025-12-11T15:30:18+05:30 logger.go:67: - ocp_base in .terraform/modules/ocp_base
TestRunBankingSolutionsDA 2025-12-11T15:30:18+05:30 logger.go:67: Downloading registry.terraform.io/terraform-ibm-modules/security-group/ibm 2.8.0 for ocp_base.attach_sg_to_api_vpe...
TestRunBankingSolutionsDA 2025-12-11T15:30:21+05:30 logger.go:67: - ocp_base.attach_sg_to_api_vpe in .terraform/modules/ocp_base.attach_sg_to_api_vpe
TestRunBankingSolutionsDA 2025-12-11T15:30:21+05:30 logger.go:67: Downloading registry.terraform.io/terraform-ibm-modules/security-group/ibm 2.8.0 for ocp_base.attach_sg_to_lb...
TestRunBankingSolutionsDA 2025-12-11T15:30:21+05:30 logger.go:67: - ocp_base.attach_sg_to_lb in .terraform/modules/ocp_base.attach_sg_to_lb
TestRunBankingSolutionsDA 2025-12-11T15:30:21+05:30 logger.go:67: Downloading registry.terraform.io/terraform-ibm-modules/security-group/ibm 2.8.0 for ocp_base.attach_sg_to_master_vpe...
TestRunBankingSolutionsDA 2025-12-11T15:30:21+05:30 logger.go:67: - ocp_base.attach_sg_to_master_vpe in .terraform/modules/ocp_base.attach_sg_to_master_vpe
TestRunBankingSolutionsDA 2025-12-11T15:30:21+05:30 logger.go:67: Downloading registry.terraform.io/terraform-ibm-modules/security-group/ibm 2.8.0 for ocp_base.attach_sg_to_registry_vpe...
TestRunBankingSolutionsDA 2025-12-11T15:30:21+05:30 logger.go:67: - ocp_base.attach_sg_to_registry_vpe in .terraform/modules/ocp_base.attach_sg_to_registry_vpe
TestRunBankingSolutionsDA 2025-12-11T15:30:21+05:30 logger.go:67: Downloading registry.terraform.io/terraform-ibm-modules/cbr/ibm 1.33.7 for ocp_base.cbr_rule...
TestRunBankingSolutionsDA 2025-12-11T15:30:24+05:30 logger.go:67: - ocp_base.cbr_rule in .terraform/modules/ocp_base.cbr_rule/modules/cbr-rule-module
TestRunBankingSolutionsDA 2025-12-11T15:30:24+05:30 logger.go:67: Downloading registry.terraform.io/terraform-ibm-modules/cos/ibm 10.5.1 for ocp_base.cos_instance...
TestRunBankingSolutionsDA 2025-12-11T15:30:27+05:30 logger.go:67: - ocp_base.cos_instance in .terraform/modules/ocp_base.cos_instance
TestRunBankingSolutionsDA 2025-12-11T15:30:27+05:30 logger.go:67: Downloading registry.terraform.io/terraform-ibm-modules/cbr/ibm 1.33.2 for ocp_base.cos_instance.bucket_cbr_rule...
TestRunBankingSolutionsDA 2025-12-11T15:30:30+05:30 logger.go:67: - ocp_base.cos_instance.bucket_cbr_rule in .terraform/modules/ocp_base.cos_instance.bucket_cbr_rule/modules/cbr-rule-module
TestRunBankingSolutionsDA 2025-12-11T15:30:30+05:30 logger.go:67: Downloading registry.terraform.io/terraform-ibm-modules/cbr/ibm 1.33.2 for ocp_base.cos_instance.instance_cbr_rule...
TestRunBankingSolutionsDA 2025-12-11T15:30:30+05:30 logger.go:67: - ocp_base.cos_instance.instance_cbr_rule in .terraform/modules/ocp_base.cos_instance.instance_cbr_rule/modules/cbr-rule-module
TestRunBankingSolutionsDA 2025-12-11T15:30:30+05:30 logger.go:67: Downloading registry.terraform.io/terraform-ibm-modules/common-utilities/ibm 1.2.0 for ocp_base.existing_secrets_manager_instance_parser...
TestRunBankingSolutionsDA 2025-12-11T15:30:32+05:30 logger.go:67: - ocp_base.existing_secrets_manager_instance_parser in .terraform/modules/ocp_base.existing_secrets_manager_instance_parser/modules/crn-parser
TestRunBankingSolutionsDA 2025-12-11T15:30:32+05:30 logger.go:67: - ocp_base.worker_pools in .terraform/modules/ocp_base/modules/worker-pool
TestRunBankingSolutionsDA 2025-12-11T15:30:32+05:30 logger.go:67: Downloading registry.terraform.io/terraform-ibm-modules/resource-group/ibm 1.4.0 for resource_group...
TestRunBankingSolutionsDA 2025-12-11T15:30:35+05:30 logger.go:67: - resource_group in .terraform/modules/resource_group
TestRunBankingSolutionsDA 2025-12-11T15:30:35+05:30 logger.go:67: [0m[1mInitializing provider plugins...[0m
TestRunBankingSolutionsDA 2025-12-11T15:30:35+05:30 logger.go:67: - Finding ibm-cloud/ibm versions matching ">= 1.53.0, >= 1.59.0, >= 1.78.2, >= 1.79.0, >= 1.79.2, < 2.0.0"...
TestRunBankingSolutionsDA 2025-12-11T15:30:35+05:30 logger.go:67: - Finding hashicorp/null versions matching ">= 3.2.1, < 4.0.0"...
TestRunBankingSolutionsDA 2025-12-11T15:30:35+05:30 logger.go:67: - Finding hashicorp/kubernetes versions matching ">= 2.16.1, < 3.0.0"...
TestRunBankingSolutionsDA 2025-12-11T15:30:35+05:30 logger.go:67: - Finding hashicorp/time versions matching ">= 0.9.1, < 1.0.0"...
TestRunBankingSolutionsDA 2025-12-11T15:30:35+05:30 logger.go:67: - Finding hashicorp/random versions matching ">= 3.5.1, < 4.0.0"...
TestRunBankingSolutionsDA 2025-12-11T15:30:37+05:30 logger.go:67: - Installing ibm-cloud/ibm v1.86.0...
TestRunBankingSolutionsDA 2025-12-11T15:30:49+05:30 logger.go:67: - Installed ibm-cloud/ibm v1.86.0 (self-signed, key ID [0m[1mAAD3B791C49CC253[0m[0m)
TestRunBankingSolutionsDA 2025-12-11T15:30:50+05:30 logger.go:67: - Installing hashicorp/null v3.2.4...
TestRunBankingSolutionsDA 2025-12-11T15:30:51+05:30 logger.go:67: - Installed hashicorp/null v3.2.4 (signed by HashiCorp)
TestRunBankingSolutionsDA 2025-12-11T15:30:51+05:30 logger.go:67: - Installing hashicorp/kubernetes v2.38.0...
TestRunBankingSolutionsDA 2025-12-11T15:30:56+05:30 logger.go:67: - Installed hashicorp/kubernetes v2.38.0 (signed by HashiCorp)
TestRunBankingSolutionsDA 2025-12-11T15:30:56+05:30 logger.go:67: - Installing hashicorp/time v0.13.1...
TestRunBankingSolutionsDA 2025-12-11T15:30:58+05:30 logger.go:67: - Installed hashicorp/time v0.13.1 (signed by HashiCorp)
TestRunBankingSolutionsDA 2025-12-11T15:30:58+05:30 logger.go:67: - Installing hashicorp/random v3.7.2...
TestRunBankingSolutionsDA 2025-12-11T15:31:00+05:30 logger.go:67: - Installed hashicorp/random v3.7.2 (signed by HashiCorp)
TestRunBankingSolutionsDA 2025-12-11T15:31:00+05:30 logger.go:67: Partner and community providers are signed by their developers.
TestRunBankingSolutionsDA 2025-12-11T15:31:00+05:30 logger.go:67: If you'd like to know more about provider signing, you can read about it here:
TestRunBankingSolutionsDA 2025-12-11T15:31:00+05:30 logger.go:67: https://developer.hashicorp.com/terraform/cli/plugins/signing
TestRunBankingSolutionsDA 2025-12-11T15:31:00+05:30 logger.go:67: Terraform has created a lock file [1m.terraform.lock.hcl[0m to record the provider
TestRunBankingSolutionsDA 2025-12-11T15:31:00+05:30 logger.go:67: selections it made above. Include this file in your version control repository
TestRunBankingSolutionsDA 2025-12-11T15:31:00+05:30 logger.go:67: so that Terraform can guarantee to make the same selections by default when
TestRunBankingSolutionsDA 2025-12-11T15:31:00+05:30 logger.go:67: you run "terraform init" in the future.[0m
TestRunBankingSolutionsDA 2025-12-11T15:31:00+05:30 logger.go:67: 
TestRunBankingSolutionsDA 2025-12-11T15:31:00+05:30 logger.go:67: [0m[1m[32mTerraform has been successfully initialized![0m[32m[0m
TestRunBankingSolutionsDA 2025-12-11T15:31:00+05:30 logger.go:67: [0m[32m
TestRunBankingSolutionsDA 2025-12-11T15:31:00+05:30 logger.go:67: You may now begin working with Terraform. Try running "terraform plan" to see
TestRunBankingSolutionsDA 2025-12-11T15:31:00+05:30 logger.go:67: any changes that are required for your infrastructure. All Terraform commands
TestRunBankingSolutionsDA 2025-12-11T15:31:00+05:30 logger.go:67: should now work.
TestRunBankingSolutionsDA 2025-12-11T15:31:00+05:30 logger.go:67: 
TestRunBankingSolutionsDA 2025-12-11T15:31:00+05:30 logger.go:67: If you ever set or change modules or backend configuration for Terraform,
TestRunBankingSolutionsDA 2025-12-11T15:31:00+05:30 logger.go:67: rerun this command to reinitialize your working directory. If you forget, other
TestRunBankingSolutionsDA 2025-12-11T15:31:00+05:30 logger.go:67: commands will detect it and remind you to do so if necessary.[0m
TestRunBankingSolutionsDA 2025-12-11T15:31:00+05:30 retry.go:91: terraform [apply -input=false -auto-approve -var create_ocp_cluster=true -var prefix=rag-s-bbr25d -var region=us-south -lock=false]
TestRunBankingSolutionsDA 2025-12-11T15:31:00+05:30 logger.go:67: Running command terraform with args [apply -input=false -auto-approve -var create_ocp_cluster=true -var prefix=rag-s-bbr25d -var region=us-south -lock=false]
TestRunBankingSolutionsDA 2025-12-11T15:31:05+05:30 logger.go:67: 
TestRunBankingSolutionsDA 2025-12-11T15:31:05+05:30 logger.go:67: Terraform used the selected providers to generate the following execution
TestRunBankingSolutionsDA 2025-12-11T15:31:05+05:30 logger.go:67: plan. Resource actions are indicated with the following symbols:
TestRunBankingSolutionsDA 2025-12-11T15:31:05+05:30 logger.go:67:   [32m+[0m create[0m
TestRunBankingSolutionsDA 2025-12-11T15:31:05+05:30 logger.go:67:  [36m<=[0m read (data resources)[0m
TestRunBankingSolutionsDA 2025-12-11T15:31:05+05:30 logger.go:67: 
TestRunBankingSolutionsDA 2025-12-11T15:31:05+05:30 logger.go:67: Terraform will perform the following actions:
TestRunBankingSolutionsDA 2025-12-11T15:31:05+05:30 logger.go:67: 
TestRunBankingSolutionsDA 2025-12-11T15:31:05+05:30 logger.go:67: [1m  # ibm_cd_tekton_pipeline.cd_tekton_pipeline_instance[0m will be created
TestRunBankingSolutionsDA 2025-12-11T15:31:05+05:30 logger.go:67: [0m  [32m+[0m[0m resource "ibm_cd_tekton_pipeline" "cd_tekton_pipeline_instance" {
TestRunBankingSolutionsDA 2025-12-11T15:31:05+05:30 logger.go:67:       [32m+[0m[0m build_number           = (known after apply)
TestRunBankingSolutionsDA 2025-12-11T15:31:05+05:30 logger.go:67:       [32m+[0m[0m created_at             = (known after apply)
TestRunBankingSolutionsDA 2025-12-11T15:31:05+05:30 logger.go:67:       [32m+[0m[0m definitions            = (known after apply)
TestRunBankingSolutionsDA 2025-12-11T15:31:05+05:30 logger.go:67:       [32m+[0m[0m enable_notifications   = false
TestRunBankingSolutionsDA 2025-12-11T15:31:05+05:30 logger.go:67:       [32m+[0m[0m enable_partial_cloning = false
TestRunBankingSolutionsDA 2025-12-11T15:31:05+05:30 logger.go:67:       [32m+[0m[0m enabled                = (known after apply)
TestRunBankingSolutionsDA 2025-12-11T15:31:05+05:30 logger.go:67:       [32m+[0m[0m href                   = (known after apply)
TestRunBankingSolutionsDA 2025-12-11T15:31:05+05:30 logger.go:67:       [32m+[0m[0m id                     = (known after apply)
TestRunBankingSolutionsDA 2025-12-11T15:31:05+05:30 logger.go:67:       [32m+[0m[0m name                   = (known after apply)
TestRunBankingSolutionsDA 2025-12-11T15:31:05+05:30 logger.go:67:       [32m+[0m[0m pipeline_id            = (known after apply)
TestRunBankingSolutionsDA 2025-12-11T15:31:05+05:30 logger.go:67:       [32m+[0m[0m properties             = (known after apply)
TestRunBankingSolutionsDA 2025-12-11T15:31:05+05:30 logger.go:67:       [32m+[0m[0m resource_group         = (known after apply)
TestRunBankingSolutionsDA 2025-12-11T15:31:05+05:30 logger.go:67:       [32m+[0m[0m runs_url               = (known after apply)
TestRunBankingSolutionsDA 2025-12-11T15:31:05+05:30 logger.go:67:       [32m+[0m[0m status                 = (known after apply)
TestRunBankingSolutionsDA 2025-12-11T15:31:05+05:30 logger.go:67:       [32m+[0m[0m toolchain              = (known after apply)
TestRunBankingSolutionsDA 2025-12-11T15:31:05+05:30 logger.go:67:       [32m+[0m[0m triggers               = (known after apply)
TestRunBankingSolutionsDA 2025-12-11T15:31:05+05:30 logger.go:67:       [32m+[0m[0m updated_at             = (known after apply)
TestRunBankingSolutionsDA 2025-12-11T15:31:05+05:30 logger.go:67:     }
TestRunBankingSolutionsDA 2025-12-11T15:31:05+05:30 logger.go:67: 
TestRunBankingSolutionsDA 2025-12-11T15:31:05+05:30 logger.go:67: [1m  # ibm_cd_tekton_pipeline.ci_tekton_pipeline_instance[0m will be created
TestRunBankingSolutionsDA 2025-12-11T15:31:05+05:30 logger.go:67: [0m  [32m+[0m[0m resource "ibm_cd_tekton_pipeline" "ci_tekton_pipeline_instance" {
TestRunBankingSolutionsDA 2025-12-11T15:31:05+05:30 logger.go:67:       [32m+[0m[0m build_number           = (known after apply)
TestRunBankingSolutionsDA 2025-12-11T15:31:05+05:30 logger.go:67:       [32m+[0m[0m created_at             = (known after apply)
TestRunBankingSolutionsDA 2025-12-11T15:31:05+05:30 logger.go:67:       [32m+[0m[0m definitions            = (known after apply)
TestRunBankingSolutionsDA 2025-12-11T15:31:05+05:30 logger.go:67:       [32m+[0m[0m enable_notifications   = false
TestRunBankingSolutionsDA 2025-12-11T15:31:05+05:30 logger.go:67:       [32m+[0m[0m enable_partial_cloning = false
TestRunBankingSolutionsDA 2025-12-11T15:31:05+05:30 logger.go:67:       [32m+[0m[0m enabled                = (known after apply)
TestRunBankingSolutionsDA 2025-12-11T15:31:05+05:30 logger.go:67:       [32m+[0m[0m href                   = (known after apply)
TestRunBankingSolutionsDA 2025-12-11T15:31:05+05:30 logger.go:67:       [32m+[0m[0m id                     = (known after apply)
TestRunBankingSolutionsDA 2025-12-11T15:31:05+05:30 logger.go:67:       [32m+[0m[0m name                   = (known after apply)
TestRunBankingSolutionsDA 2025-12-11T15:31:05+05:30 logger.go:67:       [32m+[0m[0m pipeline_id            = (known after apply)
TestRunBankingSolutionsDA 2025-12-11T15:31:05+05:30 logger.go:67:       [32m+[0m[0m properties             = (known after apply)
TestRunBankingSolutionsDA 2025-12-11T15:31:05+05:30 logger.go:67:       [32m+[0m[0m resource_group         = (known after apply)
TestRunBankingSolutionsDA 2025-12-11T15:31:05+05:30 logger.go:67:       [32m+[0m[0m runs_url               = (known after apply)
TestRunBankingSolutionsDA 2025-12-11T15:31:05+05:30 logger.go:67:       [32m+[0m[0m status                 = (known after apply)
TestRunBankingSolutionsDA 2025-12-11T15:31:05+05:30 logger.go:67:       [32m+[0m[0m toolchain              = (known after apply)
TestRunBankingSolutionsDA 2025-12-11T15:31:05+05:30 logger.go:67:       [32m+[0m[0m triggers               = (known after apply)
TestRunBankingSolutionsDA 2025-12-11T15:31:05+05:30 logger.go:67:       [32m+[0m[0m updated_at             = (known after apply)
TestRunBankingSolutionsDA 2025-12-11T15:31:05+05:30 logger.go:67:     }
TestRunBankingSolutionsDA 2025-12-11T15:31:05+05:30 logger.go:67: 
TestRunBankingSolutionsDA 2025-12-11T15:31:05+05:30 logger.go:67: [1m  # ibm_cd_toolchain.cd_toolchain_instance[0m will be created
TestRunBankingSolutionsDA 2025-12-11T15:31:05+05:30 logger.go:67: [0m  [32m+[0m[0m resource "ibm_cd_toolchain" "cd_toolchain_instance" {
TestRunBankingSolutionsDA 2025-12-11T15:31:05+05:30 logger.go:67:       [32m+[0m[0m account_id        = (known after apply)
TestRunBankingSolutionsDA 2025-12-11T15:31:05+05:30 logger.go:67:       [32m+[0m[0m created_at        = (known after apply)
TestRunBankingSolutionsDA 2025-12-11T15:31:05+05:30 logger.go:67:       [32m+[0m[0m created_by        = (known after apply)
TestRunBankingSolutionsDA 2025-12-11T15:31:05+05:30 logger.go:67:       [32m+[0m[0m crn               = (known after apply)
TestRunBankingSolutionsDA 2025-12-11T15:31:05+05:30 logger.go:67:       [32m+[0m[0m href              = (known after apply)
TestRunBankingSolutionsDA 2025-12-11T15:31:05+05:30 logger.go:67:       [32m+[0m[0m id                = (known after apply)
TestRunBankingSolutionsDA 2025-12-11T15:31:05+05:30 logger.go:67:       [32m+[0m[0m location          = (known after apply)
TestRunBankingSolutionsDA 2025-12-11T15:31:05+05:30 logger.go:67:       [32m+[0m[0m name              = "rag-s-bbr25d-toolchain-instance"
TestRunBankingSolutionsDA 2025-12-11T15:31:05+05:30 logger.go:67:       [32m+[0m[0m resource_group_id = (known after apply)
TestRunBankingSolutionsDA 2025-12-11T15:31:05+05:30 logger.go:67:       [32m+[0m[0m tags              = (known after apply)
TestRunBankingSolutionsDA 2025-12-11T15:31:05+05:30 logger.go:67:       [32m+[0m[0m ui_href           = (known after apply)
TestRunBankingSolutionsDA 2025-12-11T15:31:05+05:30 logger.go:67:       [32m+[0m[0m updated_at        = (known after apply)
TestRunBankingSolutionsDA 2025-12-11T15:31:05+05:30 logger.go:67:     }
TestRunBankingSolutionsDA 2025-12-11T15:31:05+05:30 logger.go:67: 
TestRunBankingSolutionsDA 2025-12-11T15:31:05+05:30 logger.go:67: [1m  # ibm_cd_toolchain_tool_pipeline.cd_toolchain_tool_pipeline_instance[0m will be created
TestRunBankingSolutionsDA 2025-12-11T15:31:05+05:30 logger.go:67: [0m  [32m+[0m[0m resource "ibm_cd_toolchain_tool_pipeline" "cd_toolchain_tool_pipeline_instance" {
TestRunBankingSolutionsDA 2025-12-11T15:31:05+05:30 logger.go:67:       [32m+[0m[0m crn               = (known after apply)
TestRunBankingSolutionsDA 2025-12-11T15:31:05+05:30 logger.go:67:       [32m+[0m[0m href              = (known after apply)
TestRunBankingSolutionsDA 2025-12-11T15:31:05+05:30 logger.go:67:       [32m+[0m[0m id                = (known after apply)
TestRunBankingSolutionsDA 2025-12-11T15:31:05+05:30 logger.go:67:       [32m+[0m[0m referent          = (known after apply)
TestRunBankingSolutionsDA 2025-12-11T15:31:05+05:30 logger.go:67:       [32m+[0m[0m resource_group_id = (known after apply)
TestRunBankingSolutionsDA 2025-12-11T15:31:05+05:30 logger.go:67:       [32m+[0m[0m state             = (known after apply)
TestRunBankingSolutionsDA 2025-12-11T15:31:05+05:30 logger.go:67:       [32m+[0m[0m tool_id           = (known after apply)
TestRunBankingSolutionsDA 2025-12-11T15:31:05+05:30 logger.go:67:       [32m+[0m[0m toolchain_crn     = (known after apply)
TestRunBankingSolutionsDA 2025-12-11T15:31:05+05:30 logger.go:67:       [32m+[0m[0m toolchain_id      = (known after apply)
TestRunBankingSolutionsDA 2025-12-11T15:31:05+05:30 logger.go:67:       [32m+[0m[0m updated_at        = (known after apply)
TestRunBankingSolutionsDA 2025-12-11T15:31:05+05:30 logger.go:67: 
TestRunBankingSolutionsDA 2025-12-11T15:31:05+05:30 logger.go:67:       [32m+[0m[0m parameters {
TestRunBankingSolutionsDA 2025-12-11T15:31:05+05:30 logger.go:67:           [32m+[0m[0m name = "rag-s-bbr25d-pipeline-cd-01"
TestRunBankingSolutionsDA 2025-12-11T15:31:05+05:30 logger.go:67:         }
TestRunBankingSolutionsDA 2025-12-11T15:31:05+05:30 logger.go:67:     }
TestRunBankingSolutionsDA 2025-12-11T15:31:05+05:30 logger.go:67: 
TestRunBankingSolutionsDA 2025-12-11T15:31:05+05:30 logger.go:67: [1m  # ibm_cd_toolchain_tool_pipeline.ci_toolchain_tool_pipeline_instance[0m will be created
TestRunBankingSolutionsDA 2025-12-11T15:31:05+05:30 logger.go:67: [0m  [32m+[0m[0m resource "ibm_cd_toolchain_tool_pipeline" "ci_toolchain_tool_pipeline_instance" {
TestRunBankingSolutionsDA 2025-12-11T15:31:05+05:30 logger.go:67:       [32m+[0m[0m crn               = (known after apply)
TestRunBankingSolutionsDA 2025-12-11T15:31:05+05:30 logger.go:67:       [32m+[0m[0m href              = (known after apply)
TestRunBankingSolutionsDA 2025-12-11T15:31:05+05:30 logger.go:67:       [32m+[0m[0m id                = (known after apply)
TestRunBankingSolutionsDA 2025-12-11T15:31:05+05:30 logger.go:67:       [32m+[0m[0m referent          = (known after apply)
TestRunBankingSolutionsDA 2025-12-11T15:31:05+05:30 logger.go:67:       [32m+[0m[0m resource_group_id = (known after apply)
TestRunBankingSolutionsDA 2025-12-11T15:31:05+05:30 logger.go:67:       [32m+[0m[0m state             = (known after apply)
TestRunBankingSolutionsDA 2025-12-11T15:31:05+05:30 logger.go:67:       [32m+[0m[0m tool_id           = (known after apply)
TestRunBankingSolutionsDA 2025-12-11T15:31:05+05:30 logger.go:67:       [32m+[0m[0m toolchain_crn     = (known after apply)
TestRunBankingSolutionsDA 2025-12-11T15:31:05+05:30 logger.go:67:       [32m+[0m[0m toolchain_id      = (known after apply)
TestRunBankingSolutionsDA 2025-12-11T15:31:05+05:30 logger.go:67:       [32m+[0m[0m updated_at        = (known after apply)
TestRunBankingSolutionsDA 2025-12-11T15:31:05+05:30 logger.go:67: 
TestRunBankingSolutionsDA 2025-12-11T15:31:05+05:30 logger.go:67:       [32m+[0m[0m parameters {
TestRunBankingSolutionsDA 2025-12-11T15:31:05+05:30 logger.go:67:           [32m+[0m[0m name = "rag-s-bbr25d-pipeline-ci-01"
TestRunBankingSolutionsDA 2025-12-11T15:31:05+05:30 logger.go:67:         }
TestRunBankingSolutionsDA 2025-12-11T15:31:05+05:30 logger.go:67:     }
TestRunBankingSolutionsDA 2025-12-11T15:31:05+05:30 logger.go:67: 
TestRunBankingSolutionsDA 2025-12-11T15:31:05+05:30 logger.go:67: [1m  # ibm_is_public_gateway.gateway[0][0m will be created
TestRunBankingSolutionsDA 2025-12-11T15:31:05+05:30 logger.go:67: [0m  [32m+[0m[0m resource "ibm_is_public_gateway" "gateway" {
TestRunBankingSolutionsDA 2025-12-11T15:31:05+05:30 logger.go:67:       [32m+[0m[0m access_tags             = (known after apply)
TestRunBankingSolutionsDA 2025-12-11T15:31:05+05:30 logger.go:67:       [32m+[0m[0m crn                     = (known after apply)
TestRunBankingSolutionsDA 2025-12-11T15:31:05+05:30 logger.go:67:       [32m+[0m[0m floating_ip             = (known after apply)
TestRunBankingSolutionsDA 2025-12-11T15:31:05+05:30 logger.go:67:       [32m+[0m[0m id                      = (known after apply)
TestRunBankingSolutionsDA 2025-12-11T15:31:05+05:30 logger.go:67:       [32m+[0m[0m name                    = "rag-s-bbr25d-gateway-1"
TestRunBankingSolutionsDA 2025-12-11T15:31:05+05:30 logger.go:67:       [32m+[0m[0m resource_controller_url = (known after apply)
TestRunBankingSolutionsDA 2025-12-11T15:31:05+05:30 logger.go:67:       [32m+[0m[0m resource_crn            = (known after apply)
TestRunBankingSolutionsDA 2025-12-11T15:31:05+05:30 logger.go:67:       [32m+[0m[0m resource_group          = (known after apply)
TestRunBankingSolutionsDA 2025-12-11T15:31:05+05:30 logger.go:67:       [32m+[0m[0m resource_group_name     = (known after apply)
TestRunBankingSolutionsDA 2025-12-11T15:31:05+05:30 logger.go:67:       [32m+[0m[0m resource_name           = (known after apply)
TestRunBankingSolutionsDA 2025-12-11T15:31:05+05:30 logger.go:67:       [32m+[0m[0m resource_status         = (known after apply)
TestRunBankingSolutionsDA 2025-12-11T15:31:05+05:30 logger.go:67:       [32m+[0m[0m status                  = (known after apply)
TestRunBankingSolutionsDA 2025-12-11T15:31:05+05:30 logger.go:67:       [32m+[0m[0m tags                    = (known after apply)
TestRunBankingSolutionsDA 2025-12-11T15:31:05+05:30 logger.go:67:       [32m+[0m[0m vpc                     = (known after apply)
TestRunBankingSolutionsDA 2025-12-11T15:31:05+05:30 logger.go:67:       [32m+[0m[0m zone                    = "us-south-1"
TestRunBankingSolutionsDA 2025-12-11T15:31:05+05:30 logger.go:67:     }
TestRunBankingSolutionsDA 2025-12-11T15:31:05+05:30 logger.go:67: 
TestRunBankingSolutionsDA 2025-12-11T15:31:05+05:30 logger.go:67: [1m  # ibm_is_subnet.subnet_zone_1[0][0m will be created
TestRunBankingSolutionsDA 2025-12-11T15:31:05+05:30 logger.go:67: [0m  [32m+[0m[0m resource "ibm_is_subnet" "subnet_zone_1" {
TestRunBankingSolutionsDA 2025-12-11T15:31:05+05:30 logger.go:67:       [32m+[0m[0m access_tags                  = (known after apply)
TestRunBankingSolutionsDA 2025-12-11T15:31:05+05:30 logger.go:67:       [32m+[0m[0m available_ipv4_address_count = (known after apply)
TestRunBankingSolutionsDA 2025-12-11T15:31:05+05:30 logger.go:67:       [32m+[0m[0m crn                          = (known after apply)
TestRunBankingSolutionsDA 2025-12-11T15:31:05+05:30 logger.go:67:       [32m+[0m[0m id                           = (known after apply)
TestRunBankingSolutionsDA 2025-12-11T15:31:05+05:30 logger.go:67:       [32m+[0m[0m ip_version                   = "ipv4"
TestRunBankingSolutionsDA 2025-12-11T15:31:05+05:30 logger.go:67:       [32m+[0m[0m ipv4_cidr_block              = (known after apply)
TestRunBankingSolutionsDA 2025-12-11T15:31:05+05:30 logger.go:67:       [32m+[0m[0m name                         = "rag-s-bbr25d-subnet-1"
TestRunBankingSolutionsDA 2025-12-11T15:31:05+05:30 logger.go:67:       [32m+[0m[0m network_acl                  = (known after apply)
TestRunBankingSolutionsDA 2025-12-11T15:31:05+05:30 logger.go:67:       [32m+[0m[0m public_gateway               = (known after apply)
TestRunBankingSolutionsDA 2025-12-11T15:31:05+05:30 logger.go:67:       [32m+[0m[0m resource_controller_url      = (known after apply)
TestRunBankingSolutionsDA 2025-12-11T15:31:05+05:30 logger.go:67:       [32m+[0m[0m resource_crn                 = (known after apply)
TestRunBankingSolutionsDA 2025-12-11T15:31:05+05:30 logger.go:67:       [32m+[0m[0m resource_group               = (known after apply)
TestRunBankingSolutionsDA 2025-12-11T15:31:05+05:30 logger.go:67:       [32m+[0m[0m resource_group_name          = (known after apply)
TestRunBankingSolutionsDA 2025-12-11T15:31:05+05:30 logger.go:67:       [32m+[0m[0m resource_name                = (known after apply)
TestRunBankingSolutionsDA 2025-12-11T15:31:05+05:30 logger.go:67:       [32m+[0m[0m resource_status              = (known after apply)
TestRunBankingSolutionsDA 2025-12-11T15:31:05+05:30 logger.go:67:       [32m+[0m[0m routing_table                = (known after apply)
TestRunBankingSolutionsDA 2025-12-11T15:31:05+05:30 logger.go:67:       [32m+[0m[0m routing_table_crn            = (known after apply)
TestRunBankingSolutionsDA 2025-12-11T15:31:05+05:30 logger.go:67:       [32m+[0m[0m status                       = (known after apply)
TestRunBankingSolutionsDA 2025-12-11T15:31:05+05:30 logger.go:67:       [32m+[0m[0m tags                         = (known after apply)
TestRunBankingSolutionsDA 2025-12-11T15:31:05+05:30 logger.go:67:       [32m+[0m[0m total_ipv4_address_count     = 256
TestRunBankingSolutionsDA 2025-12-11T15:31:05+05:30 logger.go:67:       [32m+[0m[0m vpc                          = (known after apply)
TestRunBankingSolutionsDA 2025-12-11T15:31:05+05:30 logger.go:67:       [32m+[0m[0m zone                         = "us-south-1"
TestRunBankingSolutionsDA 2025-12-11T15:31:05+05:30 logger.go:67:     }
TestRunBankingSolutionsDA 2025-12-11T15:31:05+05:30 logger.go:67: 
TestRunBankingSolutionsDA 2025-12-11T15:31:05+05:30 logger.go:67: [1m  # ibm_is_vpc.vpc[0][0m will be created
TestRunBankingSolutionsDA 2025-12-11T15:31:05+05:30 logger.go:67: [0m  [32m+[0m[0m resource "ibm_is_vpc" "vpc" {
TestRunBankingSolutionsDA 2025-12-11T15:31:05+05:30 logger.go:67:       [32m+[0m[0m access_tags                 = (known after apply)
TestRunBankingSolutionsDA 2025-12-11T15:31:05+05:30 logger.go:67:       [32m+[0m[0m address_prefix_management   = "auto"
TestRunBankingSolutionsDA 2025-12-11T15:31:05+05:30 logger.go:67:       [32m+[0m[0m classic_access              = false
TestRunBankingSolutionsDA 2025-12-11T15:31:05+05:30 logger.go:67:       [32m+[0m[0m crn                         = (known after apply)
TestRunBankingSolutionsDA 2025-12-11T15:31:05+05:30 logger.go:67:       [32m+[0m[0m cse_source_addresses        = (known after apply)
TestRunBankingSolutionsDA 2025-12-11T15:31:05+05:30 logger.go:67:       [32m+[0m[0m default_address_prefixes    = (known after apply)
TestRunBankingSolutionsDA 2025-12-11T15:31:05+05:30 logger.go:67:       [32m+[0m[0m default_network_acl         = (known after apply)
TestRunBankingSolutionsDA 2025-12-11T15:31:05+05:30 logger.go:67:       [32m+[0m[0m default_network_acl_crn     = (known after apply)
TestRunBankingSolutionsDA 2025-12-11T15:31:05+05:30 logger.go:67:       [32m+[0m[0m default_network_acl_name    = (known after apply)
TestRunBankingSolutionsDA 2025-12-11T15:31:05+05:30 logger.go:67:       [32m+[0m[0m default_routing_table       = (known after apply)
TestRunBankingSolutionsDA 2025-12-11T15:31:05+05:30 logger.go:67:       [32m+[0m[0m default_routing_table_crn   = (known after apply)
TestRunBankingSolutionsDA 2025-12-11T15:31:05+05:30 logger.go:67:       [32m+[0m[0m default_routing_table_name  = (known after apply)
TestRunBankingSolutionsDA 2025-12-11T15:31:05+05:30 logger.go:67:       [32m+[0m[0m default_security_group      = (known after apply)
TestRunBankingSolutionsDA 2025-12-11T15:31:05+05:30 logger.go:67:       [32m+[0m[0m default_security_group_crn  = (known after apply)
TestRunBankingSolutionsDA 2025-12-11T15:31:05+05:30 logger.go:67:       [32m+[0m[0m default_security_group_name = (known after apply)
TestRunBankingSolutionsDA 2025-12-11T15:31:05+05:30 logger.go:67:       [32m+[0m[0m health_reasons              = (known after apply)
TestRunBankingSolutionsDA 2025-12-11T15:31:05+05:30 logger.go:67:       [32m+[0m[0m health_state                = (known after apply)
TestRunBankingSolutionsDA 2025-12-11T15:31:05+05:30 logger.go:67:       [32m+[0m[0m id                          = (known after apply)
TestRunBankingSolutionsDA 2025-12-11T15:31:05+05:30 logger.go:67:       [32m+[0m[0m name                        = "rag-s-bbr25d-vpc"
TestRunBankingSolutionsDA 2025-12-11T15:31:05+05:30 logger.go:67:       [32m+[0m[0m no_sg_acl_rules             = false
TestRunBankingSolutionsDA 2025-12-11T15:31:05+05:30 logger.go:67:       [32m+[0m[0m public_address_ranges       = (known after apply)
TestRunBankingSolutionsDA 2025-12-11T15:31:05+05:30 logger.go:67:       [32m+[0m[0m resource_controller_url     = (known after apply)
TestRunBankingSolutionsDA 2025-12-11T15:31:05+05:30 logger.go:67:       [32m+[0m[0m resource_crn                = (known after apply)
TestRunBankingSolutionsDA 2025-12-11T15:31:05+05:30 logger.go:67:       [32m+[0m[0m resource_group              = (known after apply)
TestRunBankingSolutionsDA 2025-12-11T15:31:05+05:30 logger.go:67:       [32m+[0m[0m resource_group_name         = (known after apply)
TestRunBankingSolutionsDA 2025-12-11T15:31:05+05:30 logger.go:67:       [32m+[0m[0m resource_name               = (known after apply)
TestRunBankingSolutionsDA 2025-12-11T15:31:05+05:30 logger.go:67:       [32m+[0m[0m resource_status             = (known after apply)
TestRunBankingSolutionsDA 2025-12-11T15:31:05+05:30 logger.go:67:       [32m+[0m[0m security_group              = (known after apply)
TestRunBankingSolutionsDA 2025-12-11T15:31:05+05:30 logger.go:67:       [32m+[0m[0m status                      = (known after apply)
TestRunBankingSolutionsDA 2025-12-11T15:31:05+05:30 logger.go:67:       [32m+[0m[0m subnets                     = (known after apply)
TestRunBankingSolutionsDA 2025-12-11T15:31:05+05:30 logger.go:67:       [32m+[0m[0m tags                        = (known after apply)
TestRunBankingSolutionsDA 2025-12-11T15:31:05+05:30 logger.go:67: 
TestRunBankingSolutionsDA 2025-12-11T15:31:05+05:30 logger.go:67:       [32m+[0m[0m dns (known after apply)
TestRunBankingSolutionsDA 2025-12-11T15:31:05+05:30 logger.go:67:     }
TestRunBankingSolutionsDA 2025-12-11T15:31:05+05:30 logger.go:67: 
TestRunBankingSolutionsDA 2025-12-11T15:31:05+05:30 logger.go:67: [1m  # ibm_resource_instance.assistant_instance[0m will be created
TestRunBankingSolutionsDA 2025-12-11T15:31:05+05:30 logger.go:67: [0m  [32m+[0m[0m resource "ibm_resource_instance" "assistant_instance" {
TestRunBankingSolutionsDA 2025-12-11T15:31:05+05:30 logger.go:67:       [32m+[0m[0m account_id              = (known after apply)
TestRunBankingSolutionsDA 2025-12-11T15:31:05+05:30 logger.go:67:       [32m+[0m[0m allow_cleanup           = (known after apply)
TestRunBankingSolutionsDA 2025-12-11T15:31:05+05:30 logger.go:67:       [32m+[0m[0m created_at              = (known after apply)
TestRunBankingSolutionsDA 2025-12-11T15:31:05+05:30 logger.go:67:       [32m+[0m[0m created_by              = (known after apply)
TestRunBankingSolutionsDA 2025-12-11T15:31:05+05:30 logger.go:67:       [32m+[0m[0m crn                     = (known after apply)
TestRunBankingSolutionsDA 2025-12-11T15:31:05+05:30 logger.go:67:       [32m+[0m[0m dashboard_url           = (known after apply)
TestRunBankingSolutionsDA 2025-12-11T15:31:05+05:30 logger.go:67:       [32m+[0m[0m deleted_at              = (known after apply)
TestRunBankingSolutionsDA 2025-12-11T15:31:05+05:30 logger.go:67:       [32m+[0m[0m deleted_by              = (known after apply)
TestRunBankingSolutionsDA 2025-12-11T15:31:05+05:30 logger.go:67:       [32m+[0m[0m extensions              = (known after apply)
TestRunBankingSolutionsDA 2025-12-11T15:31:05+05:30 logger.go:67:       [32m+[0m[0m guid                    = (known after apply)
TestRunBankingSolutionsDA 2025-12-11T15:31:05+05:30 logger.go:67:       [32m+[0m[0m id                      = (known after apply)
TestRunBankingSolutionsDA 2025-12-11T15:31:05+05:30 logger.go:67:       [32m+[0m[0m last_operation          = (known after apply)
TestRunBankingSolutionsDA 2025-12-11T15:31:05+05:30 logger.go:67:       [32m+[0m[0m location                = "us-south"
TestRunBankingSolutionsDA 2025-12-11T15:31:05+05:30 logger.go:67:       [32m+[0m[0m locked                  = (known after apply)
TestRunBankingSolutionsDA 2025-12-11T15:31:05+05:30 logger.go:67:       [32m+[0m[0m name                    = "rag-s-bbr25d-watson-assistant-instance"
TestRunBankingSolutionsDA 2025-12-11T15:31:05+05:30 logger.go:67:       [32m+[0m[0m onetime_credentials     = (known after apply)
TestRunBankingSolutionsDA 2025-12-11T15:31:05+05:30 logger.go:67:       [32m+[0m[0m plan                    = "plus"
TestRunBankingSolutionsDA 2025-12-11T15:31:05+05:30 logger.go:67:       [32m+[0m[0m plan_history            = (known after apply)
TestRunBankingSolutionsDA 2025-12-11T15:31:05+05:30 logger.go:67:       [32m+[0m[0m resource_aliases_url    = (known after apply)
TestRunBankingSolutionsDA 2025-12-11T15:31:05+05:30 logger.go:67:       [32m+[0m[0m resource_bindings_url   = (known after apply)
TestRunBankingSolutionsDA 2025-12-11T15:31:05+05:30 logger.go:67:       [32m+[0m[0m resource_controller_url = (known after apply)
TestRunBankingSolutionsDA 2025-12-11T15:31:05+05:30 logger.go:67:       [32m+[0m[0m resource_crn            = (known after apply)
TestRunBankingSolutionsDA 2025-12-11T15:31:05+05:30 logger.go:67:       [32m+[0m[0m resource_group_crn      = (known after apply)
TestRunBankingSolutionsDA 2025-12-11T15:31:05+05:30 logger.go:67:       [32m+[0m[0m resource_group_id       = (known after apply)
TestRunBankingSolutionsDA 2025-12-11T15:31:05+05:30 logger.go:67:       [32m+[0m[0m resource_group_name     = (known after apply)
TestRunBankingSolutionsDA 2025-12-11T15:31:05+05:30 logger.go:67:       [32m+[0m[0m resource_id             = (known after apply)
TestRunBankingSolutionsDA 2025-12-11T15:31:05+05:30 logger.go:67:       [32m+[0m[0m resource_keys_url       = (known after apply)
TestRunBankingSolutionsDA 2025-12-11T15:31:05+05:30 logger.go:67:       [32m+[0m[0m resource_name           = (known after apply)
TestRunBankingSolutionsDA 2025-12-11T15:31:05+05:30 logger.go:67:       [32m+[0m[0m resource_plan_id        = (known after apply)
TestRunBankingSolutionsDA 2025-12-11T15:31:05+05:30 logger.go:67:       [32m+[0m[0m resource_status         = (known after apply)
TestRunBankingSolutionsDA 2025-12-11T15:31:05+05:30 logger.go:67:       [32m+[0m[0m restored_at             = (known after apply)
TestRunBankingSolutionsDA 2025-12-11T15:31:05+05:30 logger.go:67:       [32m+[0m[0m restored_by             = (known after apply)
TestRunBankingSolutionsDA 2025-12-11T15:31:05+05:30 logger.go:67:       [32m+[0m[0m scheduled_reclaim_at    = (known after apply)
TestRunBankingSolutionsDA 2025-12-11T15:31:05+05:30 logger.go:67:       [32m+[0m[0m scheduled_reclaim_by    = (known after apply)
TestRunBankingSolutionsDA 2025-12-11T15:31:05+05:30 logger.go:67:       [32m+[0m[0m service                 = "conversation"
TestRunBankingSolutionsDA 2025-12-11T15:31:05+05:30 logger.go:67:       [32m+[0m[0m service_endpoints       = (known after apply)
TestRunBankingSolutionsDA 2025-12-11T15:31:05+05:30 logger.go:67:       [32m+[0m[0m state                   = (known after apply)
TestRunBankingSolutionsDA 2025-12-11T15:31:05+05:30 logger.go:67:       [32m+[0m[0m status                  = (known after apply)
TestRunBankingSolutionsDA 2025-12-11T15:31:05+05:30 logger.go:67:       [32m+[0m[0m sub_type                = (known after apply)
TestRunBankingSolutionsDA 2025-12-11T15:31:05+05:30 logger.go:67:       [32m+[0m[0m tags                    = (known after apply)
TestRunBankingSolutionsDA 2025-12-11T15:31:05+05:30 logger.go:67:       [32m+[0m[0m target_crn              = (known after apply)
TestRunBankingSolutionsDA 2025-12-11T15:31:05+05:30 logger.go:67:       [32m+[0m[0m type                    = (known after apply)
TestRunBankingSolutionsDA 2025-12-11T15:31:05+05:30 logger.go:67:       [32m+[0m[0m update_at               = (known after apply)
TestRunBankingSolutionsDA 2025-12-11T15:31:05+05:30 logger.go:67:       [32m+[0m[0m update_by               = (known after apply)
TestRunBankingSolutionsDA 2025-12-11T15:31:05+05:30 logger.go:67: 
TestRunBankingSolutionsDA 2025-12-11T15:31:05+05:30 logger.go:67:       [32m+[0m[0m timeouts {
TestRunBankingSolutionsDA 2025-12-11T15:31:05+05:30 logger.go:67:           [32m+[0m[0m create = "15m"
TestRunBankingSolutionsDA 2025-12-11T15:31:05+05:30 logger.go:67:           [32m+[0m[0m delete = "15m"
TestRunBankingSolutionsDA 2025-12-11T15:31:05+05:30 logger.go:67:           [32m+[0m[0m update = "15m"
TestRunBankingSolutionsDA 2025-12-11T15:31:05+05:30 logger.go:67:         }
TestRunBankingSolutionsDA 2025-12-11T15:31:05+05:30 logger.go:67:     }
TestRunBankingSolutionsDA 2025-12-11T15:31:05+05:30 logger.go:67: 
TestRunBankingSolutionsDA 2025-12-11T15:31:05+05:30 logger.go:67: [1m  # ibm_resource_instance.cd_instance[0m will be created
TestRunBankingSolutionsDA 2025-12-11T15:31:05+05:30 logger.go:67: [0m  [32m+[0m[0m resource "ibm_resource_instance" "cd_instance" {
TestRunBankingSolutionsDA 2025-12-11T15:31:05+05:30 logger.go:67:       [32m+[0m[0m account_id              = (known after apply)
TestRunBankingSolutionsDA 2025-12-11T15:31:05+05:30 logger.go:67:       [32m+[0m[0m allow_cleanup           = (known after apply)
TestRunBankingSolutionsDA 2025-12-11T15:31:05+05:30 logger.go:67:       [32m+[0m[0m created_at              = (known after apply)
TestRunBankingSolutionsDA 2025-12-11T15:31:05+05:30 logger.go:67:       [32m+[0m[0m created_by              = (known after apply)
TestRunBankingSolutionsDA 2025-12-11T15:31:05+05:30 logger.go:67:       [32m+[0m[0m crn                     = (known after apply)
TestRunBankingSolutionsDA 2025-12-11T15:31:05+05:30 logger.go:67:       [32m+[0m[0m dashboard_url           = (known after apply)
TestRunBankingSolutionsDA 2025-12-11T15:31:05+05:30 logger.go:67:       [32m+[0m[0m deleted_at              = (known after apply)
TestRunBankingSolutionsDA 2025-12-11T15:31:05+05:30 logger.go:67:       [32m+[0m[0m deleted_by              = (known after apply)
TestRunBankingSolutionsDA 2025-12-11T15:31:05+05:30 logger.go:67:       [32m+[0m[0m extensions              = (known after apply)
TestRunBankingSolutionsDA 2025-12-11T15:31:05+05:30 logger.go:67:       [32m+[0m[0m guid                    = (known after apply)
TestRunBankingSolutionsDA 2025-12-11T15:31:05+05:30 logger.go:67:       [32m+[0m[0m id                      = (known after apply)
TestRunBankingSolutionsDA 2025-12-11T15:31:05+05:30 logger.go:67:       [32m+[0m[0m last_operation          = (known after apply)
TestRunBankingSolutionsDA 2025-12-11T15:31:05+05:30 logger.go:67:       [32m+[0m[0m location                = "us-south"
TestRunBankingSolutionsDA 2025-12-11T15:31:05+05:30 logger.go:67:       [32m+[0m[0m locked                  = (known after apply)
TestRunBankingSolutionsDA 2025-12-11T15:31:05+05:30 logger.go:67:       [32m+[0m[0m name                    = "rag-s-bbr25d-cd-instance"
TestRunBankingSolutionsDA 2025-12-11T15:31:05+05:30 logger.go:67:       [32m+[0m[0m onetime_credentials     = (known after apply)
TestRunBankingSolutionsDA 2025-12-11T15:31:05+05:30 logger.go:67:       [32m+[0m[0m plan                    = "professional"
TestRunBankingSolutionsDA 2025-12-11T15:31:05+05:30 logger.go:67:       [32m+[0m[0m plan_history            = (known after apply)
TestRunBankingSolutionsDA 2025-12-11T15:31:05+05:30 logger.go:67:       [32m+[0m[0m resource_aliases_url    = (known after apply)
TestRunBankingSolutionsDA 2025-12-11T15:31:05+05:30 logger.go:67:       [32m+[0m[0m resource_bindings_url   = (known after apply)
TestRunBankingSolutionsDA 2025-12-11T15:31:05+05:30 logger.go:67:       [32m+[0m[0m resource_controller_url = (known after apply)
TestRunBankingSolutionsDA 2025-12-11T15:31:05+05:30 logger.go:67:       [32m+[0m[0m resource_crn            = (known after apply)
TestRunBankingSolutionsDA 2025-12-11T15:31:05+05:30 logger.go:67:       [32m+[0m[0m resource_group_crn      = (known after apply)
TestRunBankingSolutionsDA 2025-12-11T15:31:05+05:30 logger.go:67:       [32m+[0m[0m resource_group_id       = (known after apply)
TestRunBankingSolutionsDA 2025-12-11T15:31:05+05:30 logger.go:67:       [32m+[0m[0m resource_group_name     = (known after apply)
TestRunBankingSolutionsDA 2025-12-11T15:31:05+05:30 logger.go:67:       [32m+[0m[0m resource_id             = (known after apply)
TestRunBankingSolutionsDA 2025-12-11T15:31:05+05:30 logger.go:67:       [32m+[0m[0m resource_keys_url       = (known after apply)
TestRunBankingSolutionsDA 2025-12-11T15:31:05+05:30 logger.go:67:       [32m+[0m[0m resource_name           = (known after apply)
TestRunBankingSolutionsDA 2025-12-11T15:31:05+05:30 logger.go:67:       [32m+[0m[0m resource_plan_id        = (known after apply)
TestRunBankingSolutionsDA 2025-12-11T15:31:05+05:30 logger.go:67:       [32m+[0m[0m resource_status         = (known after apply)
TestRunBankingSolutionsDA 2025-12-11T15:31:05+05:30 logger.go:67:       [32m+[0m[0m restored_at             = (known after apply)
TestRunBankingSolutionsDA 2025-12-11T15:31:05+05:30 logger.go:67:       [32m+[0m[0m restored_by             = (known after apply)
TestRunBankingSolutionsDA 2025-12-11T15:31:05+05:30 logger.go:67:       [32m+[0m[0m scheduled_reclaim_at    = (known after apply)
TestRunBankingSolutionsDA 2025-12-11T15:31:05+05:30 logger.go:67:       [32m+[0m[0m scheduled_reclaim_by    = (known after apply)
TestRunBankingSolutionsDA 2025-12-11T15:31:05+05:30 logger.go:67:       [32m+[0m[0m service                 = "continuous-delivery"
TestRunBankingSolutionsDA 2025-12-11T15:31:05+05:30 logger.go:67:       [32m+[0m[0m service_endpoints       = (known after apply)
TestRunBankingSolutionsDA 2025-12-11T15:31:05+05:30 logger.go:67:       [32m+[0m[0m state                   = (known after apply)
TestRunBankingSolutionsDA 2025-12-11T15:31:05+05:30 logger.go:67:       [32m+[0m[0m status                  = (known after apply)
TestRunBankingSolutionsDA 2025-12-11T15:31:05+05:30 logger.go:67:       [32m+[0m[0m sub_type                = (known after apply)
TestRunBankingSolutionsDA 2025-12-11T15:31:05+05:30 logger.go:67:       [32m+[0m[0m tags                    = (known after apply)
TestRunBankingSolutionsDA 2025-12-11T15:31:05+05:30 logger.go:67:       [32m+[0m[0m target_crn              = (known after apply)
TestRunBankingSolutionsDA 2025-12-11T15:31:05+05:30 logger.go:67:       [32m+[0m[0m type                    = (known after apply)
TestRunBankingSolutionsDA 2025-12-11T15:31:05+05:30 logger.go:67:       [32m+[0m[0m update_at               = (known after apply)
TestRunBankingSolutionsDA 2025-12-11T15:31:05+05:30 logger.go:67:       [32m+[0m[0m update_by               = (known after apply)
TestRunBankingSolutionsDA 2025-12-11T15:31:05+05:30 logger.go:67:     }
TestRunBankingSolutionsDA 2025-12-11T15:31:05+05:30 logger.go:67: 
TestRunBankingSolutionsDA 2025-12-11T15:31:05+05:30 logger.go:67: [1m  # ibm_resource_instance.discovery_instance[0m will be created
TestRunBankingSolutionsDA 2025-12-11T15:31:05+05:30 logger.go:67: [0m  [32m+[0m[0m resource "ibm_resource_instance" "discovery_instance" {
TestRunBankingSolutionsDA 2025-12-11T15:31:05+05:30 logger.go:67:       [32m+[0m[0m account_id              = (known after apply)
TestRunBankingSolutionsDA 2025-12-11T15:31:05+05:30 logger.go:67:       [32m+[0m[0m allow_cleanup           = (known after apply)
TestRunBankingSolutionsDA 2025-12-11T15:31:05+05:30 logger.go:67:       [32m+[0m[0m created_at              = (known after apply)
TestRunBankingSolutionsDA 2025-12-11T15:31:05+05:30 logger.go:67:       [32m+[0m[0m created_by              = (known after apply)
TestRunBankingSolutionsDA 2025-12-11T15:31:05+05:30 logger.go:67:       [32m+[0m[0m crn                     = (known after apply)
TestRunBankingSolutionsDA 2025-12-11T15:31:05+05:30 logger.go:67:       [32m+[0m[0m dashboard_url           = (known after apply)
TestRunBankingSolutionsDA 2025-12-11T15:31:05+05:30 logger.go:67:       [32m+[0m[0m deleted_at              = (known after apply)
TestRunBankingSolutionsDA 2025-12-11T15:31:05+05:30 logger.go:67:       [32m+[0m[0m deleted_by              = (known after apply)
TestRunBankingSolutionsDA 2025-12-11T15:31:05+05:30 logger.go:67:       [32m+[0m[0m extensions              = (known after apply)
TestRunBankingSolutionsDA 2025-12-11T15:31:05+05:30 logger.go:67:       [32m+[0m[0m guid                    = (known after apply)
TestRunBankingSolutionsDA 2025-12-11T15:31:05+05:30 logger.go:67:       [32m+[0m[0m id                      = (known after apply)
TestRunBankingSolutionsDA 2025-12-11T15:31:05+05:30 logger.go:67:       [32m+[0m[0m last_operation          = (known after apply)
TestRunBankingSolutionsDA 2025-12-11T15:31:05+05:30 logger.go:67:       [32m+[0m[0m location                = "us-south"
TestRunBankingSolutionsDA 2025-12-11T15:31:05+05:30 logger.go:67:       [32m+[0m[0m locked                  = (known after apply)
TestRunBankingSolutionsDA 2025-12-11T15:31:05+05:30 logger.go:67:       [32m+[0m[0m name                    = "rag-s-bbr25d-watson-discovery-instance"
TestRunBankingSolutionsDA 2025-12-11T15:31:05+05:30 logger.go:67:       [32m+[0m[0m onetime_credentials     = (known after apply)
TestRunBankingSolutionsDA 2025-12-11T15:31:05+05:30 logger.go:67:       [32m+[0m[0m plan                    = "plus"
TestRunBankingSolutionsDA 2025-12-11T15:31:05+05:30 logger.go:67:       [32m+[0m[0m plan_history            = (known after apply)
TestRunBankingSolutionsDA 2025-12-11T15:31:05+05:30 logger.go:67:       [32m+[0m[0m resource_aliases_url    = (known after apply)
TestRunBankingSolutionsDA 2025-12-11T15:31:05+05:30 logger.go:67:       [32m+[0m[0m resource_bindings_url   = (known after apply)
TestRunBankingSolutionsDA 2025-12-11T15:31:05+05:30 logger.go:67:       [32m+[0m[0m resource_controller_url = (known after apply)
TestRunBankingSolutionsDA 2025-12-11T15:31:05+05:30 logger.go:67:       [32m+[0m[0m resource_crn            = (known after apply)
TestRunBankingSolutionsDA 2025-12-11T15:31:05+05:30 logger.go:67:       [32m+[0m[0m resource_group_crn      = (known after apply)
TestRunBankingSolutionsDA 2025-12-11T15:31:05+05:30 logger.go:67:       [32m+[0m[0m resource_group_id       = (known after apply)
TestRunBankingSolutionsDA 2025-12-11T15:31:05+05:30 logger.go:67:       [32m+[0m[0m resource_group_name     = (known after apply)
TestRunBankingSolutionsDA 2025-12-11T15:31:05+05:30 logger.go:67:       [32m+[0m[0m resource_id             = (known after apply)
TestRunBankingSolutionsDA 2025-12-11T15:31:05+05:30 logger.go:67:       [32m+[0m[0m resource_keys_url       = (known after apply)
TestRunBankingSolutionsDA 2025-12-11T15:31:05+05:30 logger.go:67:       [32m+[0m[0m resource_name           = (known after apply)
TestRunBankingSolutionsDA 2025-12-11T15:31:05+05:30 logger.go:67:       [32m+[0m[0m resource_plan_id        = (known after apply)
TestRunBankingSolutionsDA 2025-12-11T15:31:05+05:30 logger.go:67:       [32m+[0m[0m resource_status         = (known after apply)
TestRunBankingSolutionsDA 2025-12-11T15:31:05+05:30 logger.go:67:       [32m+[0m[0m restored_at             = (known after apply)
TestRunBankingSolutionsDA 2025-12-11T15:31:05+05:30 logger.go:67:       [32m+[0m[0m restored_by             = (known after apply)
TestRunBankingSolutionsDA 2025-12-11T15:31:05+05:30 logger.go:67:       [32m+[0m[0m scheduled_reclaim_at    = (known after apply)
TestRunBankingSolutionsDA 2025-12-11T15:31:05+05:30 logger.go:67:       [32m+[0m[0m scheduled_reclaim_by    = (known after apply)
TestRunBankingSolutionsDA 2025-12-11T15:31:05+05:30 logger.go:67:       [32m+[0m[0m service                 = "discovery"
TestRunBankingSolutionsDA 2025-12-11T15:31:05+05:30 logger.go:67:       [32m+[0m[0m service_endpoints       = (known after apply)
TestRunBankingSolutionsDA 2025-12-11T15:31:05+05:30 logger.go:67:       [32m+[0m[0m state                   = (known after apply)
TestRunBankingSolutionsDA 2025-12-11T15:31:05+05:30 logger.go:67:       [32m+[0m[0m status                  = (known after apply)
TestRunBankingSolutionsDA 2025-12-11T15:31:05+05:30 logger.go:67:       [32m+[0m[0m sub_type                = (known after apply)
TestRunBankingSolutionsDA 2025-12-11T15:31:05+05:30 logger.go:67:       [32m+[0m[0m tags                    = (known after apply)
TestRunBankingSolutionsDA 2025-12-11T15:31:05+05:30 logger.go:67:       [32m+[0m[0m target_crn              = (known after apply)
TestRunBankingSolutionsDA 2025-12-11T15:31:05+05:30 logger.go:67:       [32m+[0m[0m type                    = (known after apply)
TestRunBankingSolutionsDA 2025-12-11T15:31:05+05:30 logger.go:67:       [32m+[0m[0m update_at               = (known after apply)
TestRunBankingSolutionsDA 2025-12-11T15:31:05+05:30 logger.go:67:       [32m+[0m[0m update_by               = (known after apply)
TestRunBankingSolutionsDA 2025-12-11T15:31:05+05:30 logger.go:67: 
TestRunBankingSolutionsDA 2025-12-11T15:31:05+05:30 logger.go:67:       [32m+[0m[0m timeouts {
TestRunBankingSolutionsDA 2025-12-11T15:31:05+05:30 logger.go:67:           [32m+[0m[0m create = "15m"
TestRunBankingSolutionsDA 2025-12-11T15:31:05+05:30 logger.go:67:           [32m+[0m[0m delete = "15m"
TestRunBankingSolutionsDA 2025-12-11T15:31:05+05:30 logger.go:67:           [32m+[0m[0m update = "15m"
TestRunBankingSolutionsDA 2025-12-11T15:31:05+05:30 logger.go:67:         }
TestRunBankingSolutionsDA 2025-12-11T15:31:05+05:30 logger.go:67:     }
TestRunBankingSolutionsDA 2025-12-11T15:31:05+05:30 logger.go:67: 
TestRunBankingSolutionsDA 2025-12-11T15:31:05+05:30 logger.go:67: [1m  # ibm_resource_instance.machine_learning_instance[0m will be created
TestRunBankingSolutionsDA 2025-12-11T15:31:05+05:30 logger.go:67: [0m  [32m+[0m[0m resource "ibm_resource_instance" "machine_learning_instance" {
TestRunBankingSolutionsDA 2025-12-11T15:31:05+05:30 logger.go:67:       [32m+[0m[0m account_id              = (known after apply)
TestRunBankingSolutionsDA 2025-12-11T15:31:05+05:30 logger.go:67:       [32m+[0m[0m allow_cleanup           = (known after apply)
TestRunBankingSolutionsDA 2025-12-11T15:31:05+05:30 logger.go:67:       [32m+[0m[0m created_at              = (known after apply)
TestRunBankingSolutionsDA 2025-12-11T15:31:05+05:30 logger.go:67:       [32m+[0m[0m created_by              = (known after apply)
TestRunBankingSolutionsDA 2025-12-11T15:31:05+05:30 logger.go:67:       [32m+[0m[0m crn                     = (known after apply)
TestRunBankingSolutionsDA 2025-12-11T15:31:05+05:30 logger.go:67:       [32m+[0m[0m dashboard_url           = (known after apply)
TestRunBankingSolutionsDA 2025-12-11T15:31:05+05:30 logger.go:67:       [32m+[0m[0m deleted_at              = (known after apply)
TestRunBankingSolutionsDA 2025-12-11T15:31:05+05:30 logger.go:67:       [32m+[0m[0m deleted_by              = (known after apply)
TestRunBankingSolutionsDA 2025-12-11T15:31:05+05:30 logger.go:67:       [32m+[0m[0m extensions              = (known after apply)
TestRunBankingSolutionsDA 2025-12-11T15:31:05+05:30 logger.go:67:       [32m+[0m[0m guid                    = (known after apply)
TestRunBankingSolutionsDA 2025-12-11T15:31:05+05:30 logger.go:67:       [32m+[0m[0m id                      = (known after apply)
TestRunBankingSolutionsDA 2025-12-11T15:31:05+05:30 logger.go:67:       [32m+[0m[0m last_operation          = (known after apply)
TestRunBankingSolutionsDA 2025-12-11T15:31:05+05:30 logger.go:67:       [32m+[0m[0m location                = "us-south"
TestRunBankingSolutionsDA 2025-12-11T15:31:05+05:30 logger.go:67:       [32m+[0m[0m locked                  = (known after apply)
TestRunBankingSolutionsDA 2025-12-11T15:31:05+05:30 logger.go:67:       [32m+[0m[0m name                    = "rag-s-bbr25d-watson-machine-learning-instance"
TestRunBankingSolutionsDA 2025-12-11T15:31:05+05:30 logger.go:67:       [32m+[0m[0m onetime_credentials     = (known after apply)
TestRunBankingSolutionsDA 2025-12-11T15:31:05+05:30 logger.go:67:       [32m+[0m[0m plan                    = "v2-standard"
TestRunBankingSolutionsDA 2025-12-11T15:31:05+05:30 logger.go:67:       [32m+[0m[0m plan_history            = (known after apply)
TestRunBankingSolutionsDA 2025-12-11T15:31:05+05:30 logger.go:67:       [32m+[0m[0m resource_aliases_url    = (known after apply)
TestRunBankingSolutionsDA 2025-12-11T15:31:05+05:30 logger.go:67:       [32m+[0m[0m resource_bindings_url   = (known after apply)
TestRunBankingSolutionsDA 2025-12-11T15:31:05+05:30 logger.go:67:       [32m+[0m[0m resource_controller_url = (known after apply)
TestRunBankingSolutionsDA 2025-12-11T15:31:05+05:30 logger.go:67:       [32m+[0m[0m resource_crn            = (known after apply)
TestRunBankingSolutionsDA 2025-12-11T15:31:05+05:30 logger.go:67:       [32m+[0m[0m resource_group_crn      = (known after apply)
TestRunBankingSolutionsDA 2025-12-11T15:31:05+05:30 logger.go:67:       [32m+[0m[0m resource_group_id       = (known after apply)
TestRunBankingSolutionsDA 2025-12-11T15:31:05+05:30 logger.go:67:       [32m+[0m[0m resource_group_name     = (known after apply)
TestRunBankingSolutionsDA 2025-12-11T15:31:05+05:30 logger.go:67:       [32m+[0m[0m resource_id             = (known after apply)
TestRunBankingSolutionsDA 2025-12-11T15:31:05+05:30 logger.go:67:       [32m+[0m[0m resource_keys_url       = (known after apply)
TestRunBankingSolutionsDA 2025-12-11T15:31:05+05:30 logger.go:67:       [32m+[0m[0m resource_name           = (known after apply)
TestRunBankingSolutionsDA 2025-12-11T15:31:05+05:30 logger.go:67:       [32m+[0m[0m resource_plan_id        = (known after apply)
TestRunBankingSolutionsDA 2025-12-11T15:31:05+05:30 logger.go:67:       [32m+[0m[0m resource_status         = (known after apply)
TestRunBankingSolutionsDA 2025-12-11T15:31:05+05:30 logger.go:67:       [32m+[0m[0m restored_at             = (known after apply)
TestRunBankingSolutionsDA 2025-12-11T15:31:05+05:30 logger.go:67:       [32m+[0m[0m restored_by             = (known after apply)
TestRunBankingSolutionsDA 2025-12-11T15:31:05+05:30 logger.go:67:       [32m+[0m[0m scheduled_reclaim_at    = (known after apply)
TestRunBankingSolutionsDA 2025-12-11T15:31:05+05:30 logger.go:67:       [32m+[0m[0m scheduled_reclaim_by    = (known after apply)
TestRunBankingSolutionsDA 2025-12-11T15:31:05+05:30 logger.go:67:       [32m+[0m[0m service                 = "pm-20"
TestRunBankingSolutionsDA 2025-12-11T15:31:05+05:30 logger.go:67:       [32m+[0m[0m service_endpoints       = (known after apply)
TestRunBankingSolutionsDA 2025-12-11T15:31:05+05:30 logger.go:67:       [32m+[0m[0m state                   = (known after apply)
TestRunBankingSolutionsDA 2025-12-11T15:31:05+05:30 logger.go:67:       [32m+[0m[0m status                  = (known after apply)
TestRunBankingSolutionsDA 2025-12-11T15:31:05+05:30 logger.go:67:       [32m+[0m[0m sub_type                = (known after apply)
TestRunBankingSolutionsDA 2025-12-11T15:31:05+05:30 logger.go:67:       [32m+[0m[0m tags                    = (known after apply)
TestRunBankingSolutionsDA 2025-12-11T15:31:05+05:30 logger.go:67:       [32m+[0m[0m target_crn              = (known after apply)
TestRunBankingSolutionsDA 2025-12-11T15:31:05+05:30 logger.go:67:       [32m+[0m[0m type                    = (known after apply)
TestRunBankingSolutionsDA 2025-12-11T15:31:05+05:30 logger.go:67:       [32m+[0m[0m update_at               = (known after apply)
TestRunBankingSolutionsDA 2025-12-11T15:31:05+05:30 logger.go:67:       [32m+[0m[0m update_by               = (known after apply)
TestRunBankingSolutionsDA 2025-12-11T15:31:05+05:30 logger.go:67: 
TestRunBankingSolutionsDA 2025-12-11T15:31:05+05:30 logger.go:67:       [32m+[0m[0m timeouts {
TestRunBankingSolutionsDA 2025-12-11T15:31:05+05:30 logger.go:67:           [32m+[0m[0m create = "15m"
TestRunBankingSolutionsDA 2025-12-11T15:31:05+05:30 logger.go:67:           [32m+[0m[0m delete = "15m"
TestRunBankingSolutionsDA 2025-12-11T15:31:05+05:30 logger.go:67:           [32m+[0m[0m update = "15m"
TestRunBankingSolutionsDA 2025-12-11T15:31:05+05:30 logger.go:67:         }
TestRunBankingSolutionsDA 2025-12-11T15:31:05+05:30 logger.go:67:     }
TestRunBankingSolutionsDA 2025-12-11T15:31:05+05:30 logger.go:67: 
TestRunBankingSolutionsDA 2025-12-11T15:31:05+05:30 logger.go:67: [1m  # module.ocp_base[0].data.ibm_container_addons.existing_addons[0m will be read during apply
TestRunBankingSolutionsDA 2025-12-11T15:31:05+05:30 logger.go:67:   # (config refers to values not yet known)
TestRunBankingSolutionsDA 2025-12-11T15:31:05+05:30 logger.go:67: [0m [36m<=[0m[0m data "ibm_container_addons" "existing_addons" {
TestRunBankingSolutionsDA 2025-12-11T15:31:05+05:30 logger.go:67:       [32m+[0m[0m addons            = (known after apply)
TestRunBankingSolutionsDA 2025-12-11T15:31:05+05:30 logger.go:67:       [32m+[0m[0m cluster           = (known after apply)
TestRunBankingSolutionsDA 2025-12-11T15:31:05+05:30 logger.go:67:       [32m+[0m[0m id                = (known after apply)
TestRunBankingSolutionsDA 2025-12-11T15:31:05+05:30 logger.go:67:       [32m+[0m[0m resource_group_id = (known after apply)
TestRunBankingSolutionsDA 2025-12-11T15:31:05+05:30 logger.go:67:     }
TestRunBankingSolutionsDA 2025-12-11T15:31:05+05:30 logger.go:67: 
TestRunBankingSolutionsDA 2025-12-11T15:31:05+05:30 logger.go:67: [1m  # module.ocp_base[0].data.ibm_container_cluster_config.cluster_config[0][0m will be read during apply
TestRunBankingSolutionsDA 2025-12-11T15:31:05+05:30 logger.go:67:   # (config refers to values not yet known)
TestRunBankingSolutionsDA 2025-12-11T15:31:05+05:30 logger.go:67: [0m [36m<=[0m[0m data "ibm_container_cluster_config" "cluster_config" {
TestRunBankingSolutionsDA 2025-12-11T15:31:05+05:30 logger.go:67:       [32m+[0m[0m admin                   = true
TestRunBankingSolutionsDA 2025-12-11T15:31:05+05:30 logger.go:67:       [32m+[0m[0m admin_certificate       = (sensitive value)
TestRunBankingSolutionsDA 2025-12-11T15:31:05+05:30 logger.go:67:       [32m+[0m[0m admin_key               = (sensitive value)
TestRunBankingSolutionsDA 2025-12-11T15:31:05+05:30 logger.go:67:       [32m+[0m[0m ca_certificate          = (sensitive value)
TestRunBankingSolutionsDA 2025-12-11T15:31:05+05:30 logger.go:67:       [32m+[0m[0m calico_config_file_path = (known after apply)
TestRunBankingSolutionsDA 2025-12-11T15:31:05+05:30 logger.go:67:       [32m+[0m[0m cluster_name_id         = (known after apply)
TestRunBankingSolutionsDA 2025-12-11T15:31:05+05:30 logger.go:67:       [32m+[0m[0m config_dir              = ".terraform/modules/ocp_base/kubeconfig"
TestRunBankingSolutionsDA 2025-12-11T15:31:05+05:30 logger.go:67:       [32m+[0m[0m config_file_path        = (known after apply)
TestRunBankingSolutionsDA 2025-12-11T15:31:05+05:30 logger.go:67:       [32m+[0m[0m host                    = (known after apply)
TestRunBankingSolutionsDA 2025-12-11T15:31:05+05:30 logger.go:67:       [32m+[0m[0m id                      = (known after apply)
TestRunBankingSolutionsDA 2025-12-11T15:31:05+05:30 logger.go:67:       [32m+[0m[0m resource_group_id       = (known after apply)
TestRunBankingSolutionsDA 2025-12-11T15:31:05+05:30 logger.go:67:       [32m+[0m[0m token                   = (sensitive value)
TestRunBankingSolutionsDA 2025-12-11T15:31:05+05:30 logger.go:67:     }
TestRunBankingSolutionsDA 2025-12-11T15:31:05+05:30 logger.go:67: 
TestRunBankingSolutionsDA 2025-12-11T15:31:05+05:30 logger.go:67: [1m  # module.ocp_base[0].data.ibm_container_cluster_versions.cluster_versions[0m will be read during apply
TestRunBankingSolutionsDA 2025-12-11T15:31:05+05:30 logger.go:67:   # (config refers to values not yet known)
TestRunBankingSolutionsDA 2025-12-11T15:31:05+05:30 logger.go:67: [0m [36m<=[0m[0m data "ibm_container_cluster_versions" "cluster_versions" {
TestRunBankingSolutionsDA 2025-12-11T15:31:05+05:30 logger.go:67:       [32m+[0m[0m default_kube_version      = (known after apply)
TestRunBankingSolutionsDA 2025-12-11T15:31:05+05:30 logger.go:67:       [32m+[0m[0m default_openshift_version = (known after apply)
TestRunBankingSolutionsDA 2025-12-11T15:31:05+05:30 logger.go:67:       [32m+[0m[0m id                        = (known after apply)
TestRunBankingSolutionsDA 2025-12-11T15:31:05+05:30 logger.go:67:       [32m+[0m[0m resource_group_id         = (known after apply)
TestRunBankingSolutionsDA 2025-12-11T15:31:05+05:30 logger.go:67:       [32m+[0m[0m valid_kube_versions       = (known after apply)
TestRunBankingSolutionsDA 2025-12-11T15:31:05+05:30 logger.go:67:       [32m+[0m[0m valid_openshift_versions  = (known after apply)
TestRunBankingSolutionsDA 2025-12-11T15:31:05+05:30 logger.go:67:     }
TestRunBankingSolutionsDA 2025-12-11T15:31:05+05:30 logger.go:67: 
TestRunBankingSolutionsDA 2025-12-11T15:31:05+05:30 logger.go:67: [1m  # module.ocp_base[0].ibm_container_addons.addons[0m will be created
TestRunBankingSolutionsDA 2025-12-11T15:31:05+05:30 logger.go:67: [0m  [32m+[0m[0m resource "ibm_container_addons" "addons" {
TestRunBankingSolutionsDA 2025-12-11T15:31:05+05:30 logger.go:67:       [32m+[0m[0m cluster           = (known after apply)
TestRunBankingSolutionsDA 2025-12-11T15:31:05+05:30 logger.go:67:       [32m+[0m[0m id                = (known after apply)
TestRunBankingSolutionsDA 2025-12-11T15:31:05+05:30 logger.go:67:       [32m+[0m[0m manage_all_addons = false
TestRunBankingSolutionsDA 2025-12-11T15:31:05+05:30 logger.go:67:       [32m+[0m[0m managed_addons    = (known after apply)
TestRunBankingSolutionsDA 2025-12-11T15:31:05+05:30 logger.go:67:       [32m+[0m[0m resource_group_id = (known after apply)
TestRunBankingSolutionsDA 2025-12-11T15:31:05+05:30 logger.go:67: 
TestRunBankingSolutionsDA 2025-12-11T15:31:05+05:30 logger.go:67:       [32m+[0m[0m addons (known after apply)
TestRunBankingSolutionsDA 2025-12-11T15:31:05+05:30 logger.go:67: 
TestRunBankingSolutionsDA 2025-12-11T15:31:05+05:30 logger.go:67:       [32m+[0m[0m timeouts {
TestRunBankingSolutionsDA 2025-12-11T15:31:05+05:30 logger.go:67:           [32m+[0m[0m create = "1h"
TestRunBankingSolutionsDA 2025-12-11T15:31:05+05:30 logger.go:67:         }
TestRunBankingSolutionsDA 2025-12-11T15:31:05+05:30 logger.go:67:     }
TestRunBankingSolutionsDA 2025-12-11T15:31:05+05:30 logger.go:67: 
TestRunBankingSolutionsDA 2025-12-11T15:31:05+05:30 logger.go:67: [1m  # module.ocp_base[0].ibm_container_vpc_cluster.cluster[0][0m will be created
TestRunBankingSolutionsDA 2025-12-11T15:31:05+05:30 logger.go:67: [0m  [32m+[0m[0m resource "ibm_container_vpc_cluster" "cluster" {
TestRunBankingSolutionsDA 2025-12-11T15:31:05+05:30 logger.go:67:       [32m+[0m[0m albs                                = (known after apply)
TestRunBankingSolutionsDA 2025-12-11T15:31:05+05:30 logger.go:67:       [32m+[0m[0m cos_instance_crn                    = (known after apply)
TestRunBankingSolutionsDA 2025-12-11T15:31:05+05:30 logger.go:67:       [32m+[0m[0m crn                                 = (known after apply)
TestRunBankingSolutionsDA 2025-12-11T15:31:05+05:30 logger.go:67:       [32m+[0m[0m disable_outbound_traffic_protection = (known after apply)
TestRunBankingSolutionsDA 2025-12-11T15:31:05+05:30 logger.go:67:       [32m+[0m[0m disable_public_service_endpoint     = false
TestRunBankingSolutionsDA 2025-12-11T15:31:05+05:30 logger.go:67:       [32m+[0m[0m flavor                              = "bx2.4x16"
TestRunBankingSolutionsDA 2025-12-11T15:31:05+05:30 logger.go:67:       [32m+[0m[0m force_delete_storage                = true
TestRunBankingSolutionsDA 2025-12-11T15:31:05+05:30 logger.go:67:       [32m+[0m[0m id                                  = (known after apply)
TestRunBankingSolutionsDA 2025-12-11T15:31:05+05:30 logger.go:67:       [32m+[0m[0m image_security_enforcement          = false
TestRunBankingSolutionsDA 2025-12-11T15:31:05+05:30 logger.go:67:       [32m+[0m[0m ingress_hostname                    = (known after apply)
TestRunBankingSolutionsDA 2025-12-11T15:31:05+05:30 logger.go:67:       [32m+[0m[0m ingress_secret                      = (sensitive value)
TestRunBankingSolutionsDA 2025-12-11T15:31:05+05:30 logger.go:67:       [32m+[0m[0m kube_version                        = (known after apply)
TestRunBankingSolutionsDA 2025-12-11T15:31:05+05:30 logger.go:67:       [32m+[0m[0m master_status                       = (known after apply)
TestRunBankingSolutionsDA 2025-12-11T15:31:05+05:30 logger.go:67:       [32m+[0m[0m master_url                          = (known after apply)
TestRunBankingSolutionsDA 2025-12-11T15:31:05+05:30 logger.go:67:       [32m+[0m[0m name                                = "rag-s-bbr25d"
TestRunBankingSolutionsDA 2025-12-11T15:31:05+05:30 logger.go:67:       [32m+[0m[0m operating_system                    = "RHEL_9_64"
TestRunBankingSolutionsDA 2025-12-11T15:31:05+05:30 logger.go:67:       [32m+[0m[0m pod_subnet                          = (known after apply)
TestRunBankingSolutionsDA 2025-12-11T15:31:05+05:30 logger.go:67:       [32m+[0m[0m private_service_endpoint_url        = (known after apply)
TestRunBankingSolutionsDA 2025-12-11T15:31:05+05:30 logger.go:67:       [32m+[0m[0m public_service_endpoint_url         = (known after apply)
TestRunBankingSolutionsDA 2025-12-11T15:31:05+05:30 logger.go:67:       [32m+[0m[0m resource_controller_url             = (known after apply)
TestRunBankingSolutionsDA 2025-12-11T15:31:05+05:30 logger.go:67:       [32m+[0m[0m resource_crn                        = (known after apply)
TestRunBankingSolutionsDA 2025-12-11T15:31:05+05:30 logger.go:67:       [32m+[0m[0m resource_group_id                   = (known after apply)
TestRunBankingSolutionsDA 2025-12-11T15:31:05+05:30 logger.go:67:       [32m+[0m[0m resource_group_name                 = (known after apply)
TestRunBankingSolutionsDA 2025-12-11T15:31:05+05:30 logger.go:67:       [32m+[0m[0m resource_name                       = (known after apply)
TestRunBankingSolutionsDA 2025-12-11T15:31:05+05:30 logger.go:67:       [32m+[0m[0m resource_status                     = (known after apply)
TestRunBankingSolutionsDA 2025-12-11T15:31:05+05:30 logger.go:67:       [32m+[0m[0m secondary_storage                   = (known after apply)
TestRunBankingSolutionsDA 2025-12-11T15:31:05+05:30 logger.go:67:       [32m+[0m[0m service_subnet                      = (known after apply)
TestRunBankingSolutionsDA 2025-12-11T15:31:05+05:30 logger.go:67:       [32m+[0m[0m state                               = (known after apply)
TestRunBankingSolutionsDA 2025-12-11T15:31:05+05:30 logger.go:67:       [32m+[0m[0m tags                                = (known after apply)
TestRunBankingSolutionsDA 2025-12-11T15:31:05+05:30 logger.go:67:       [32m+[0m[0m update_all_workers                  = false
TestRunBankingSolutionsDA 2025-12-11T15:31:05+05:30 logger.go:67:       [32m+[0m[0m vpc_id                              = (known after apply)
TestRunBankingSolutionsDA 2025-12-11T15:31:05+05:30 logger.go:67:       [32m+[0m[0m vpe_service_endpoint_url            = (known after apply)
TestRunBankingSolutionsDA 2025-12-11T15:31:05+05:30 logger.go:67:       [32m+[0m[0m wait_for_worker_update              = true
TestRunBankingSolutionsDA 2025-12-11T15:31:05+05:30 logger.go:67:       [32m+[0m[0m wait_till                           = "IngressReady"
TestRunBankingSolutionsDA 2025-12-11T15:31:05+05:30 logger.go:67:       [32m+[0m[0m worker_count                        = 2
TestRunBankingSolutionsDA 2025-12-11T15:31:05+05:30 logger.go:67:       [32m+[0m[0m worker_labels                       = (known after apply)
TestRunBankingSolutionsDA 2025-12-11T15:31:05+05:30 logger.go:67: 
TestRunBankingSolutionsDA 2025-12-11T15:31:05+05:30 logger.go:67:       [32m+[0m[0m timeouts {
TestRunBankingSolutionsDA 2025-12-11T15:31:05+05:30 logger.go:67:           [32m+[0m[0m create = "3h"
TestRunBankingSolutionsDA 2025-12-11T15:31:05+05:30 logger.go:67:           [32m+[0m[0m delete = "2h"
TestRunBankingSolutionsDA 2025-12-11T15:31:05+05:30 logger.go:67:           [32m+[0m[0m update = "3h"
TestRunBankingSolutionsDA 2025-12-11T15:31:05+05:30 logger.go:67:         }
TestRunBankingSolutionsDA 2025-12-11T15:31:05+05:30 logger.go:67: 
TestRunBankingSolutionsDA 2025-12-11T15:31:05+05:30 logger.go:67:       [32m+[0m[0m zones {
TestRunBankingSolutionsDA 2025-12-11T15:31:05+05:30 logger.go:67:           [32m+[0m[0m name      = "us-south-1"
TestRunBankingSolutionsDA 2025-12-11T15:31:05+05:30 logger.go:67:           [32m+[0m[0m subnet_id = (known after apply)
TestRunBankingSolutionsDA 2025-12-11T15:31:05+05:30 logger.go:67:         }
TestRunBankingSolutionsDA 2025-12-11T15:31:05+05:30 logger.go:67:     }
TestRunBankingSolutionsDA 2025-12-11T15:31:05+05:30 logger.go:67: 
TestRunBankingSolutionsDA 2025-12-11T15:31:05+05:30 logger.go:67: [1m  # module.ocp_base[0].null_resource.confirm_network_healthy[0][0m will be created
TestRunBankingSolutionsDA 2025-12-11T15:31:05+05:30 logger.go:67: [0m  [32m+[0m[0m resource "null_resource" "confirm_network_healthy" {
TestRunBankingSolutionsDA 2025-12-11T15:31:05+05:30 logger.go:67:       [32m+[0m[0m id = (known after apply)
TestRunBankingSolutionsDA 2025-12-11T15:31:05+05:30 logger.go:67:     }
TestRunBankingSolutionsDA 2025-12-11T15:31:05+05:30 logger.go:67: 
TestRunBankingSolutionsDA 2025-12-11T15:31:05+05:30 logger.go:67: [1m  # module.resource_group.ibm_resource_group.resource_group[0][0m will be created
TestRunBankingSolutionsDA 2025-12-11T15:31:05+05:30 logger.go:67: [0m  [32m+[0m[0m resource "ibm_resource_group" "resource_group" {
TestRunBankingSolutionsDA 2025-12-11T15:31:05+05:30 logger.go:67:       [32m+[0m[0m created_at          = (known after apply)
TestRunBankingSolutionsDA 2025-12-11T15:31:05+05:30 logger.go:67:       [32m+[0m[0m crn                 = (known after apply)
TestRunBankingSolutionsDA 2025-12-11T15:31:05+05:30 logger.go:67:       [32m+[0m[0m default             = (known after apply)
TestRunBankingSolutionsDA 2025-12-11T15:31:05+05:30 logger.go:67:       [32m+[0m[0m id                  = (known after apply)
TestRunBankingSolutionsDA 2025-12-11T15:31:05+05:30 logger.go:67:       [32m+[0m[0m name                = "rag-s-bbr25d-resource-group"
TestRunBankingSolutionsDA 2025-12-11T15:31:05+05:30 logger.go:67:       [32m+[0m[0m payment_methods_url = (known after apply)
TestRunBankingSolutionsDA 2025-12-11T15:31:05+05:30 logger.go:67:       [32m+[0m[0m quota_id            = (known after apply)
TestRunBankingSolutionsDA 2025-12-11T15:31:05+05:30 logger.go:67:       [32m+[0m[0m quota_url           = (known after apply)
TestRunBankingSolutionsDA 2025-12-11T15:31:05+05:30 logger.go:67:       [32m+[0m[0m resource_linkages   = (known after apply)
TestRunBankingSolutionsDA 2025-12-11T15:31:05+05:30 logger.go:67:       [32m+[0m[0m state               = (known after apply)
TestRunBankingSolutionsDA 2025-12-11T15:31:05+05:30 logger.go:67:       [32m+[0m[0m teams_url           = (known after apply)
TestRunBankingSolutionsDA 2025-12-11T15:31:05+05:30 logger.go:67:       [32m+[0m[0m updated_at          = (known after apply)
TestRunBankingSolutionsDA 2025-12-11T15:31:05+05:30 logger.go:67:     }
TestRunBankingSolutionsDA 2025-12-11T15:31:05+05:30 logger.go:67: 
TestRunBankingSolutionsDA 2025-12-11T15:31:05+05:30 logger.go:67: [1m  # module.ocp_base[0].module.cos_instance[0].ibm_resource_instance.cos_instance[0][0m will be created
TestRunBankingSolutionsDA 2025-12-11T15:31:05+05:30 logger.go:67: [0m  [32m+[0m[0m resource "ibm_resource_instance" "cos_instance" {
TestRunBankingSolutionsDA 2025-12-11T15:31:05+05:30 logger.go:67:       [32m+[0m[0m account_id              = (known after apply)
TestRunBankingSolutionsDA 2025-12-11T15:31:05+05:30 logger.go:67:       [32m+[0m[0m allow_cleanup           = (known after apply)
TestRunBankingSolutionsDA 2025-12-11T15:31:05+05:30 logger.go:67:       [32m+[0m[0m created_at              = (known after apply)
TestRunBankingSolutionsDA 2025-12-11T15:31:05+05:30 logger.go:67:       [32m+[0m[0m created_by              = (known after apply)
TestRunBankingSolutionsDA 2025-12-11T15:31:05+05:30 logger.go:67:       [32m+[0m[0m crn                     = (known after apply)
TestRunBankingSolutionsDA 2025-12-11T15:31:05+05:30 logger.go:67:       [32m+[0m[0m dashboard_url           = (known after apply)
TestRunBankingSolutionsDA 2025-12-11T15:31:05+05:30 logger.go:67:       [32m+[0m[0m deleted_at              = (known after apply)
TestRunBankingSolutionsDA 2025-12-11T15:31:05+05:30 logger.go:67:       [32m+[0m[0m deleted_by              = (known after apply)
TestRunBankingSolutionsDA 2025-12-11T15:31:05+05:30 logger.go:67:       [32m+[0m[0m extensions              = (known after apply)
TestRunBankingSolutionsDA 2025-12-11T15:31:05+05:30 logger.go:67:       [32m+[0m[0m guid                    = (known after apply)
TestRunBankingSolutionsDA 2025-12-11T15:31:05+05:30 logger.go:67:       [32m+[0m[0m id                      = (known after apply)
TestRunBankingSolutionsDA 2025-12-11T15:31:05+05:30 logger.go:67:       [32m+[0m[0m last_operation          = (known after apply)
TestRunBankingSolutionsDA 2025-12-11T15:31:05+05:30 logger.go:67:       [32m+[0m[0m location                = "global"
TestRunBankingSolutionsDA 2025-12-11T15:31:05+05:30 logger.go:67:       [32m+[0m[0m locked                  = (known after apply)
TestRunBankingSolutionsDA 2025-12-11T15:31:05+05:30 logger.go:67:       [32m+[0m[0m name                    = "rag-s-bbr25d_cos"
TestRunBankingSolutionsDA 2025-12-11T15:31:05+05:30 logger.go:67:       [32m+[0m[0m onetime_credentials     = (known after apply)
TestRunBankingSolutionsDA 2025-12-11T15:31:05+05:30 logger.go:67:       [32m+[0m[0m plan                    = "standard"
TestRunBankingSolutionsDA 2025-12-11T15:31:05+05:30 logger.go:67:       [32m+[0m[0m plan_history            = (known after apply)
TestRunBankingSolutionsDA 2025-12-11T15:31:05+05:30 logger.go:67:       [32m+[0m[0m resource_aliases_url    = (known after apply)
TestRunBankingSolutionsDA 2025-12-11T15:31:05+05:30 logger.go:67:       [32m+[0m[0m resource_bindings_url   = (known after apply)
TestRunBankingSolutionsDA 2025-12-11T15:31:05+05:30 logger.go:67:       [32m+[0m[0m resource_controller_url = (known after apply)
TestRunBankingSolutionsDA 2025-12-11T15:31:05+05:30 logger.go:67:       [32m+[0m[0m resource_crn            = (known after apply)
TestRunBankingSolutionsDA 2025-12-11T15:31:05+05:30 logger.go:67:       [32m+[0m[0m resource_group_crn      = (known after apply)
TestRunBankingSolutionsDA 2025-12-11T15:31:05+05:30 logger.go:67:       [32m+[0m[0m resource_group_id       = (known after apply)
TestRunBankingSolutionsDA 2025-12-11T15:31:05+05:30 logger.go:67:       [32m+[0m[0m resource_group_name     = (known after apply)
TestRunBankingSolutionsDA 2025-12-11T15:31:05+05:30 logger.go:67:       [32m+[0m[0m resource_id             = (known after apply)
TestRunBankingSolutionsDA 2025-12-11T15:31:05+05:30 logger.go:67:       [32m+[0m[0m resource_keys_url       = (known after apply)
TestRunBankingSolutionsDA 2025-12-11T15:31:05+05:30 logger.go:67:       [32m+[0m[0m resource_name           = (known after apply)
TestRunBankingSolutionsDA 2025-12-11T15:31:05+05:30 logger.go:67:       [32m+[0m[0m resource_plan_id        = (known after apply)
TestRunBankingSolutionsDA 2025-12-11T15:31:05+05:30 logger.go:67:       [32m+[0m[0m resource_status         = (known after apply)
TestRunBankingSolutionsDA 2025-12-11T15:31:05+05:30 logger.go:67:       [32m+[0m[0m restored_at             = (known after apply)
TestRunBankingSolutionsDA 2025-12-11T15:31:05+05:30 logger.go:67:       [32m+[0m[0m restored_by             = (known after apply)
TestRunBankingSolutionsDA 2025-12-11T15:31:05+05:30 logger.go:67:       [32m+[0m[0m scheduled_reclaim_at    = (known after apply)
TestRunBankingSolutionsDA 2025-12-11T15:31:05+05:30 logger.go:67:       [32m+[0m[0m scheduled_reclaim_by    = (known after apply)
TestRunBankingSolutionsDA 2025-12-11T15:31:05+05:30 logger.go:67:       [32m+[0m[0m service                 = "cloud-object-storage"
TestRunBankingSolutionsDA 2025-12-11T15:31:05+05:30 logger.go:67:       [32m+[0m[0m service_endpoints       = (known after apply)
TestRunBankingSolutionsDA 2025-12-11T15:31:05+05:30 logger.go:67:       [32m+[0m[0m state                   = (known after apply)
TestRunBankingSolutionsDA 2025-12-11T15:31:05+05:30 logger.go:67:       [32m+[0m[0m status                  = (known after apply)
TestRunBankingSolutionsDA 2025-12-11T15:31:05+05:30 logger.go:67:       [32m+[0m[0m sub_type                = (known after apply)
TestRunBankingSolutionsDA 2025-12-11T15:31:05+05:30 logger.go:67:       [32m+[0m[0m tags                    = (known after apply)
TestRunBankingSolutionsDA 2025-12-11T15:31:05+05:30 logger.go:67:       [32m+[0m[0m target_crn              = (known after apply)
TestRunBankingSolutionsDA 2025-12-11T15:31:05+05:30 logger.go:67:       [32m+[0m[0m type                    = (known after apply)
TestRunBankingSolutionsDA 2025-12-11T15:31:05+05:30 logger.go:67:       [32m+[0m[0m update_at               = (known after apply)
TestRunBankingSolutionsDA 2025-12-11T15:31:05+05:30 logger.go:67:       [32m+[0m[0m update_by               = (known after apply)
TestRunBankingSolutionsDA 2025-12-11T15:31:05+05:30 logger.go:67:     }
TestRunBankingSolutionsDA 2025-12-11T15:31:05+05:30 logger.go:67: 
TestRunBankingSolutionsDA 2025-12-11T15:31:05+05:30 logger.go:67: [1m  # module.ocp_base[0].module.cos_instance[0].random_string.bucket_name_suffix[0][0m will be created
TestRunBankingSolutionsDA 2025-12-11T15:31:05+05:30 logger.go:67: [0m  [32m+[0m[0m resource "random_string" "bucket_name_suffix" {
TestRunBankingSolutionsDA 2025-12-11T15:31:05+05:30 logger.go:67:       [32m+[0m[0m id          = (known after apply)
TestRunBankingSolutionsDA 2025-12-11T15:31:05+05:30 logger.go:67:       [32m+[0m[0m length      = 4
TestRunBankingSolutionsDA 2025-12-11T15:31:05+05:30 logger.go:67:       [32m+[0m[0m lower       = true
TestRunBankingSolutionsDA 2025-12-11T15:31:05+05:30 logger.go:67:       [32m+[0m[0m min_lower   = 0
TestRunBankingSolutionsDA 2025-12-11T15:31:05+05:30 logger.go:67:       [32m+[0m[0m min_numeric = 0
TestRunBankingSolutionsDA 2025-12-11T15:31:05+05:30 logger.go:67:       [32m+[0m[0m min_special = 0
TestRunBankingSolutionsDA 2025-12-11T15:31:05+05:30 logger.go:67:       [32m+[0m[0m min_upper   = 0
TestRunBankingSolutionsDA 2025-12-11T15:31:05+05:30 logger.go:67:       [32m+[0m[0m number      = true
TestRunBankingSolutionsDA 2025-12-11T15:31:05+05:30 logger.go:67:       [32m+[0m[0m numeric     = true
TestRunBankingSolutionsDA 2025-12-11T15:31:05+05:30 logger.go:67:       [32m+[0m[0m result      = (known after apply)
TestRunBankingSolutionsDA 2025-12-11T15:31:05+05:30 logger.go:67:       [32m+[0m[0m special     = false
TestRunBankingSolutionsDA 2025-12-11T15:31:05+05:30 logger.go:67:       [32m+[0m[0m upper       = false
TestRunBankingSolutionsDA 2025-12-11T15:31:05+05:30 logger.go:67:     }
TestRunBankingSolutionsDA 2025-12-11T15:31:05+05:30 logger.go:67: 
TestRunBankingSolutionsDA 2025-12-11T15:31:05+05:30 logger.go:67: [1m  # module.ocp_base[0].module.worker_pools.data.ibm_container_vpc_worker_pool.all_pools["default"][0m will be read during apply
TestRunBankingSolutionsDA 2025-12-11T15:31:05+05:30 logger.go:67:   # (config refers to values not yet known)
TestRunBankingSolutionsDA 2025-12-11T15:31:05+05:30 logger.go:67: [0m [36m<=[0m[0m data "ibm_container_vpc_worker_pool" "all_pools" {
TestRunBankingSolutionsDA 2025-12-11T15:31:05+05:30 logger.go:67:       [32m+[0m[0m autoscale_enabled = (known after apply)
TestRunBankingSolutionsDA 2025-12-11T15:31:05+05:30 logger.go:67:       [32m+[0m[0m cluster           = (known after apply)
TestRunBankingSolutionsDA 2025-12-11T15:31:05+05:30 logger.go:67:       [32m+[0m[0m crk               = (known after apply)
TestRunBankingSolutionsDA 2025-12-11T15:31:05+05:30 logger.go:67:       [32m+[0m[0m flavor            = (known after apply)
TestRunBankingSolutionsDA 2025-12-11T15:31:05+05:30 logger.go:67:       [32m+[0m[0m host_pool_id      = (known after apply)
TestRunBankingSolutionsDA 2025-12-11T15:31:05+05:30 logger.go:67:       [32m+[0m[0m id                = (known after apply)
TestRunBankingSolutionsDA 2025-12-11T15:31:05+05:30 logger.go:67:       [32m+[0m[0m isolation         = (known after apply)
TestRunBankingSolutionsDA 2025-12-11T15:31:05+05:30 logger.go:67:       [32m+[0m[0m kms_account_id    = (known after apply)
TestRunBankingSolutionsDA 2025-12-11T15:31:05+05:30 logger.go:67:       [32m+[0m[0m kms_instance_id   = (known after apply)
TestRunBankingSolutionsDA 2025-12-11T15:31:05+05:30 logger.go:67:       [32m+[0m[0m labels            = (known after apply)
TestRunBankingSolutionsDA 2025-12-11T15:31:05+05:30 logger.go:67:       [32m+[0m[0m operating_system  = (known after apply)
TestRunBankingSolutionsDA 2025-12-11T15:31:05+05:30 logger.go:67:       [32m+[0m[0m resource_group_id = (known after apply)
TestRunBankingSolutionsDA 2025-12-11T15:31:05+05:30 logger.go:67:       [32m+[0m[0m secondary_storage = (known after apply)
TestRunBankingSolutionsDA 2025-12-11T15:31:05+05:30 logger.go:67:       [32m+[0m[0m vpc_id            = (known after apply)
TestRunBankingSolutionsDA 2025-12-11T15:31:05+05:30 logger.go:67:       [32m+[0m[0m worker_count      = (known after apply)
TestRunBankingSolutionsDA 2025-12-11T15:31:05+05:30 logger.go:67:       [32m+[0m[0m worker_pool_name  = "default"
TestRunBankingSolutionsDA 2025-12-11T15:31:05+05:30 logger.go:67:       [32m+[0m[0m zones             = (known after apply)
TestRunBankingSolutionsDA 2025-12-11T15:31:05+05:30 logger.go:67:     }
TestRunBankingSolutionsDA 2025-12-11T15:31:05+05:30 logger.go:67: 
TestRunBankingSolutionsDA 2025-12-11T15:31:05+05:30 logger.go:67: [1m  # module.ocp_base[0].module.worker_pools.ibm_container_vpc_worker_pool.pool["default"][0m will be created
TestRunBankingSolutionsDA 2025-12-11T15:31:05+05:30 logger.go:67: [0m  [32m+[0m[0m resource "ibm_container_vpc_worker_pool" "pool" {
TestRunBankingSolutionsDA 2025-12-11T15:31:05+05:30 logger.go:67:       [32m+[0m[0m autoscale_enabled       = (known after apply)
TestRunBankingSolutionsDA 2025-12-11T15:31:05+05:30 logger.go:67:       [32m+[0m[0m cluster                 = (known after apply)
TestRunBankingSolutionsDA 2025-12-11T15:31:05+05:30 logger.go:67:       [32m+[0m[0m flavor                  = "bx2.4x16"
TestRunBankingSolutionsDA 2025-12-11T15:31:05+05:30 logger.go:67:       [32m+[0m[0m id                      = (known after apply)
TestRunBankingSolutionsDA 2025-12-11T15:31:05+05:30 logger.go:67:       [32m+[0m[0m import_on_create        = true
TestRunBankingSolutionsDA 2025-12-11T15:31:05+05:30 logger.go:67:       [32m+[0m[0m labels                  = (known after apply)
TestRunBankingSolutionsDA 2025-12-11T15:31:05+05:30 logger.go:67:       [32m+[0m[0m operating_system        = "RHEL_9_64"
TestRunBankingSolutionsDA 2025-12-11T15:31:05+05:30 logger.go:67:       [32m+[0m[0m orphan_on_delete        = true
TestRunBankingSolutionsDA 2025-12-11T15:31:05+05:30 logger.go:67:       [32m+[0m[0m resource_controller_url = (known after apply)
TestRunBankingSolutionsDA 2025-12-11T15:31:05+05:30 logger.go:67:       [32m+[0m[0m resource_group_id       = (known after apply)
TestRunBankingSolutionsDA 2025-12-11T15:31:05+05:30 logger.go:67:       [32m+[0m[0m vpc_id                  = (known after apply)
TestRunBankingSolutionsDA 2025-12-11T15:31:05+05:30 logger.go:67:       [32m+[0m[0m worker_count            = 2
TestRunBankingSolutionsDA 2025-12-11T15:31:05+05:30 logger.go:67:       [32m+[0m[0m worker_pool_id          = (known after apply)
TestRunBankingSolutionsDA 2025-12-11T15:31:05+05:30 logger.go:67:       [32m+[0m[0m worker_pool_name        = "default"
TestRunBankingSolutionsDA 2025-12-11T15:31:05+05:30 logger.go:67: 
TestRunBankingSolutionsDA 2025-12-11T15:31:05+05:30 logger.go:67:       [32m+[0m[0m taints (known after apply)
TestRunBankingSolutionsDA 2025-12-11T15:31:05+05:30 logger.go:67: 
TestRunBankingSolutionsDA 2025-12-11T15:31:05+05:30 logger.go:67:       [32m+[0m[0m timeouts {
TestRunBankingSolutionsDA 2025-12-11T15:31:05+05:30 logger.go:67:           [32m+[0m[0m create = "2h"
TestRunBankingSolutionsDA 2025-12-11T15:31:05+05:30 logger.go:67:           [32m+[0m[0m delete = "2h"
TestRunBankingSolutionsDA 2025-12-11T15:31:05+05:30 logger.go:67:         }
TestRunBankingSolutionsDA 2025-12-11T15:31:05+05:30 logger.go:67: 
TestRunBankingSolutionsDA 2025-12-11T15:31:05+05:30 logger.go:67:       [32m+[0m[0m zones {
TestRunBankingSolutionsDA 2025-12-11T15:31:05+05:30 logger.go:67:           [32m+[0m[0m name      = "us-south-1"
TestRunBankingSolutionsDA 2025-12-11T15:31:05+05:30 logger.go:67:           [32m+[0m[0m subnet_id = (known after apply)
TestRunBankingSolutionsDA 2025-12-11T15:31:05+05:30 logger.go:67:         }
TestRunBankingSolutionsDA 2025-12-11T15:31:05+05:30 logger.go:67:     }
TestRunBankingSolutionsDA 2025-12-11T15:31:05+05:30 logger.go:67: 
TestRunBankingSolutionsDA 2025-12-11T15:31:05+05:30 logger.go:67: [1mPlan:[0m 19 to add, 0 to change, 0 to destroy.
TestRunBankingSolutionsDA 2025-12-11T15:31:05+05:30 logger.go:67: [0m
TestRunBankingSolutionsDA 2025-12-11T15:31:05+05:30 logger.go:67: Changes to Outputs:
TestRunBankingSolutionsDA 2025-12-11T15:31:05+05:30 logger.go:67:   [32m+[0m[0m cd_pipeline_id                                 = (known after apply)
TestRunBankingSolutionsDA 2025-12-11T15:31:05+05:30 logger.go:67:   [32m+[0m[0m ci_pipeline_id                                 = (known after apply)
TestRunBankingSolutionsDA 2025-12-11T15:31:05+05:30 logger.go:67:   [32m+[0m[0m cluster_name                                   = "rag-s-bbr25d"
TestRunBankingSolutionsDA 2025-12-11T15:31:05+05:30 logger.go:67:   [32m+[0m[0m resource_group_name                            = "rag-s-bbr25d-resource-group"
TestRunBankingSolutionsDA 2025-12-11T15:31:05+05:30 logger.go:67:   [32m+[0m[0m signing_key                                    = (sensitive value)
TestRunBankingSolutionsDA 2025-12-11T15:31:05+05:30 logger.go:67:   [32m+[0m[0m watson_assistant_instance_id                   = (known after apply)
TestRunBankingSolutionsDA 2025-12-11T15:31:05+05:30 logger.go:67:   [32m+[0m[0m watson_assistant_region                        = "us-south"
TestRunBankingSolutionsDA 2025-12-11T15:31:05+05:30 logger.go:67:   [32m+[0m[0m watson_discovery_instance_id                   = (known after apply)
TestRunBankingSolutionsDA 2025-12-11T15:31:05+05:30 logger.go:67:   [32m+[0m[0m watson_discovery_region                        = "us-south"
TestRunBankingSolutionsDA 2025-12-11T15:31:05+05:30 logger.go:67:   [32m+[0m[0m watson_machine_learning_instance_crn           = (known after apply)
TestRunBankingSolutionsDA 2025-12-11T15:31:05+05:30 logger.go:67:   [32m+[0m[0m watson_machine_learning_instance_guid          = (known after apply)
TestRunBankingSolutionsDA 2025-12-11T15:31:05+05:30 logger.go:67:   [32m+[0m[0m watson_machine_learning_instance_resource_name = (known after apply)
TestRunBankingSolutionsDA 2025-12-11T15:31:05+05:30 logger.go:67: [0m[1mmodule.ocp_base[0].module.cos_instance[0].random_string.bucket_name_suffix[0]: Creating...[0m[0m
TestRunBankingSolutionsDA 2025-12-11T15:31:05+05:30 logger.go:67: [0m[1mmodule.ocp_base[0].module.cos_instance[0].random_string.bucket_name_suffix[0]: Creation complete after 0s [id=vxpc][0m
TestRunBankingSolutionsDA 2025-12-11T15:31:06+05:30 logger.go:67: [0m[1mmodule.resource_group.ibm_resource_group.resource_group[0]: Creating...[0m[0m
TestRunBankingSolutionsDA 2025-12-11T15:31:10+05:30 logger.go:67: [0m[1mmodule.resource_group.ibm_resource_group.resource_group[0]: Creation complete after 4s [id=eb25051abc82406fac21424fb9bc3095][0m
TestRunBankingSolutionsDA 2025-12-11T15:31:10+05:30 logger.go:67: [0m[1mmodule.ocp_base[0].data.ibm_container_cluster_versions.cluster_versions: Reading...[0m[0m
TestRunBankingSolutionsDA 2025-12-11T15:31:10+05:30 logger.go:67: [0m[1mibm_resource_instance.machine_learning_instance: Creating...[0m[0m
TestRunBankingSolutionsDA 2025-12-11T15:31:10+05:30 logger.go:67: [0m[1mibm_resource_instance.cd_instance: Creating...[0m[0m
TestRunBankingSolutionsDA 2025-12-11T15:31:10+05:30 logger.go:67: [0m[1mmodule.ocp_base[0].module.cos_instance[0].ibm_resource_instance.cos_instance[0]: Creating...[0m[0m
TestRunBankingSolutionsDA 2025-12-11T15:31:10+05:30 logger.go:67: [0m[1mibm_resource_instance.discovery_instance: Creating...[0m[0m
TestRunBankingSolutionsDA 2025-12-11T15:31:10+05:30 logger.go:67: [0m[1mibm_resource_instance.assistant_instance: Creating...[0m[0m
TestRunBankingSolutionsDA 2025-12-11T15:31:10+05:30 logger.go:67: [0m[1mibm_is_vpc.vpc[0]: Creating...[0m[0m
TestRunBankingSolutionsDA 2025-12-11T15:31:11+05:30 logger.go:67: [0m[1mmodule.ocp_base[0].data.ibm_container_cluster_versions.cluster_versions: Read complete after 2s [id=2025-12-11 10:01:11.644174 +0000 UTC][0m
TestRunBankingSolutionsDA 2025-12-11T15:31:20+05:30 logger.go:67: [0m[1mibm_resource_instance.machine_learning_instance: Still creating... [00m10s elapsed][0m[0m
TestRunBankingSolutionsDA 2025-12-11T15:31:20+05:30 logger.go:67: [0m[1mibm_resource_instance.cd_instance: Still creating... [00m10s elapsed][0m[0m
TestRunBankingSolutionsDA 2025-12-11T15:31:20+05:30 logger.go:67: [0m[1mibm_resource_instance.discovery_instance: Still creating... [00m10s elapsed][0m[0m
TestRunBankingSolutionsDA 2025-12-11T15:31:20+05:30 logger.go:67: [0m[1mmodule.ocp_base[0].module.cos_instance[0].ibm_resource_instance.cos_instance[0]: Still creating... [00m10s elapsed][0m[0m
TestRunBankingSolutionsDA 2025-12-11T15:31:20+05:30 logger.go:67: [0m[1mibm_resource_instance.assistant_instance: Still creating... [00m10s elapsed][0m[0m
TestRunBankingSolutionsDA 2025-12-11T15:31:20+05:30 logger.go:67: [0m[1mibm_is_vpc.vpc[0]: Still creating... [00m10s elapsed][0m[0m
TestRunBankingSolutionsDA 2025-12-11T15:31:27+05:30 logger.go:67: [0m[1mibm_resource_instance.cd_instance: Creation complete after 17s [id=crn:v1:bluemix:public:continuous-delivery:us-south:a/abac0df06b644a9cabc6e44f55b3880e:2f2b0478-8ddd-46f4-8f2f-53da5bd056be::][0m
TestRunBankingSolutionsDA 2025-12-11T15:31:27+05:30 logger.go:67: [0m[1mibm_resource_instance.assistant_instance: Creation complete after 17s [id=crn:v1:bluemix:public:conversation:us-south:a/abac0df06b644a9cabc6e44f55b3880e:5d304912-4bca-41dc-9089-77f216c05973::][0m
TestRunBankingSolutionsDA 2025-12-11T15:31:27+05:30 logger.go:67: [0m[1mibm_cd_toolchain.cd_toolchain_instance: Creating...[0m[0m
TestRunBankingSolutionsDA 2025-12-11T15:31:27+05:30 logger.go:67: [0m[1mibm_resource_instance.machine_learning_instance: Creation complete after 18s [id=crn:v1:bluemix:public:pm-20:us-south:a/abac0df06b644a9cabc6e44f55b3880e:40726f8a-4e25-48fe-bc46-557df9dc4f14::][0m
TestRunBankingSolutionsDA 2025-12-11T15:31:27+05:30 logger.go:67: [0m[1mibm_resource_instance.discovery_instance: Creation complete after 18s [id=crn:v1:bluemix:public:discovery:us-south:a/abac0df06b644a9cabc6e44f55b3880e:6e6fe9ad-c0b3-4fad-8cca-f4b207092adf::][0m
TestRunBankingSolutionsDA 2025-12-11T15:31:28+05:30 logger.go:67: [0m[1mmodule.ocp_base[0].module.cos_instance[0].ibm_resource_instance.cos_instance[0]: Creation complete after 18s [id=crn:v1:bluemix:public:cloud-object-storage:global:a/abac0df06b644a9cabc6e44f55b3880e:dfaf5978-7a94-4d8d-a089-07cf5a0b06bb::][0m
TestRunBankingSolutionsDA 2025-12-11T15:31:30+05:30 logger.go:67: [0m[1mibm_is_vpc.vpc[0]: Still creating... [00m20s elapsed][0m[0m
TestRunBankingSolutionsDA 2025-12-11T15:31:31+05:30 logger.go:67: [0m[1mibm_cd_toolchain.cd_toolchain_instance: Creation complete after 4s [id=395c4b98-c82f-4c0a-8734-6eb4755f7fd5][0m
TestRunBankingSolutionsDA 2025-12-11T15:31:31+05:30 logger.go:67: [0m[1mibm_cd_toolchain_tool_pipeline.ci_toolchain_tool_pipeline_instance: Creating...[0m[0m
TestRunBankingSolutionsDA 2025-12-11T15:31:31+05:30 logger.go:67: [0m[1mibm_cd_toolchain_tool_pipeline.cd_toolchain_tool_pipeline_instance: Creating...[0m[0m
TestRunBankingSolutionsDA 2025-12-11T15:31:32+05:30 logger.go:67: [0m[1mibm_cd_toolchain_tool_pipeline.ci_toolchain_tool_pipeline_instance: Creation complete after 2s [id=395c4b98-c82f-4c0a-8734-6eb4755f7fd5/4964bcd7-c441-4a6a-bce1-7c7f5f8cba19][0m
TestRunBankingSolutionsDA 2025-12-11T15:31:33+05:30 logger.go:67: [0m[1mibm_cd_tekton_pipeline.ci_tekton_pipeline_instance: Creating...[0m[0m
TestRunBankingSolutionsDA 2025-12-11T15:31:33+05:30 logger.go:67: [0m[1mibm_cd_toolchain_tool_pipeline.cd_toolchain_tool_pipeline_instance: Creation complete after 2s [id=395c4b98-c82f-4c0a-8734-6eb4755f7fd5/7f78f846-b5b9-40cf-a3b1-f39422e9b17d][0m
TestRunBankingSolutionsDA 2025-12-11T15:31:33+05:30 logger.go:67: [0m[1mibm_cd_tekton_pipeline.cd_tekton_pipeline_instance: Creating...[0m[0m
TestRunBankingSolutionsDA 2025-12-11T15:31:35+05:30 logger.go:67: [0m[1mibm_cd_tekton_pipeline.cd_tekton_pipeline_instance: Creation complete after 2s [id=7f78f846-b5b9-40cf-a3b1-f39422e9b17d][0m
TestRunBankingSolutionsDA 2025-12-11T15:31:35+05:30 logger.go:67: [0m[1mibm_cd_tekton_pipeline.ci_tekton_pipeline_instance: Creation complete after 2s [id=4964bcd7-c441-4a6a-bce1-7c7f5f8cba19][0m
TestRunBankingSolutionsDA 2025-12-11T15:31:37+05:30 logger.go:67: [0m[1mibm_is_vpc.vpc[0]: Creation complete after 27s [id=r006-8ebe2288-3cff-475c-991c-76259e11b8f6][0m
TestRunBankingSolutionsDA 2025-12-11T15:31:38+05:30 logger.go:67: [0m[1mibm_is_public_gateway.gateway[0]: Creating...[0m[0m
TestRunBankingSolutionsDA 2025-12-11T15:31:48+05:30 logger.go:67: [0m[1mibm_is_public_gateway.gateway[0]: Still creating... [00m10s elapsed][0m[0m
TestRunBankingSolutionsDA 2025-12-11T15:31:54+05:30 logger.go:67: [0m[1mibm_is_public_gateway.gateway[0]: Creation complete after 16s [id=r006-7acfa923-4f77-4df0-b1c0-699d10dbcc8b][0m
TestRunBankingSolutionsDA 2025-12-11T15:31:55+05:30 logger.go:67: [0m[1mibm_is_subnet.subnet_zone_1[0]: Creating...[0m[0m
TestRunBankingSolutionsDA 2025-12-11T15:32:05+05:30 logger.go:67: [0m[1mibm_is_subnet.subnet_zone_1[0]: Still creating... [00m10s elapsed][0m[0m
TestRunBankingSolutionsDA 2025-12-11T15:32:08+05:30 logger.go:67: [0m[1mibm_is_subnet.subnet_zone_1[0]: Creation complete after 13s [id=0717-4e0f5cc2-0f5a-474a-b1fe-962e2a4f08a6][0m
TestRunBankingSolutionsDA 2025-12-11T15:32:08+05:30 logger.go:67: [0m[1mmodule.ocp_base[0].ibm_container_vpc_cluster.cluster[0]: Creating...[0m[0m
TestRunBankingSolutionsDA 2025-12-11T15:32:18+05:30 logger.go:67: [0m[1mmodule.ocp_base[0].ibm_container_vpc_cluster.cluster[0]: Still creating... [00m10s elapsed][0m[0m
TestRunBankingSolutionsDA 2025-12-11T15:32:28+05:30 logger.go:67: [0m[1mmodule.ocp_base[0].ibm_container_vpc_cluster.cluster[0]: Still creating... [00m20s elapsed][0m[0m
TestRunBankingSolutionsDA 2025-12-11T15:32:38+05:30 logger.go:67: [0m[1mmodule.ocp_base[0].ibm_container_vpc_cluster.cluster[0]: Still creating... [00m30s elapsed][0m[0m
TestRunBankingSolutionsDA 2025-12-11T15:32:48+05:30 logger.go:67: [0m[1mmodule.ocp_base[0].ibm_container_vpc_cluster.cluster[0]: Still creating... [00m40s elapsed][0m[0m
TestRunBankingSolutionsDA 2025-12-11T15:32:58+05:30 logger.go:67: [0m[1mmodule.ocp_base[0].ibm_container_vpc_cluster.cluster[0]: Still creating... [00m50s elapsed][0m[0m
TestRunBankingSolutionsDA 2025-12-11T15:33:08+05:30 logger.go:67: [0m[1mmodule.ocp_base[0].ibm_container_vpc_cluster.cluster[0]: Still creating... [01m00s elapsed][0m[0m
TestRunBankingSolutionsDA 2025-12-11T15:33:18+05:30 logger.go:67: [0m[1mmodule.ocp_base[0].ibm_container_vpc_cluster.cluster[0]: Still creating... [01m10s elapsed][0m[0m
TestRunBankingSolutionsDA 2025-12-11T15:48:28+05:30 logger.go:67: [0m[1mmodule.ocp_base[0].ibm_container_vpc_cluster.cluster[0]: Still creating... [16m21s elapsed][0m[0m
TestRunBankingSolutionsDA 2025-12-11T15:48:38+05:30 logger.go:67: [0m[1mmodule.ocp_base[0].ibm_container_vpc_cluster.cluster[0]: Still creating... [16m31s elapsed][0m[0m
TestRunBankingSolutionsDA 2025-12-11T15:48:48+05:30 logger.go:67: [0m[1mmodule.ocp_base[0].ibm_container_vpc_cluster.cluster[0]: Still creating... [16m41s elapsed][0m[0m
TestRunBankingSolutionsDA 2025-12-11T15:48:58+05:30 logger.go:67: [0m[1mmodule.ocp_base[0].ibm_container_vpc_cluster.cluster[0]: Still creating... [16m51s elapsed][0m[0m
TestRunBankingSolutionsDA 2025-12-11T15:49:08+05:30 logger.go:67: [0m[1mmodule.ocp_base[0].ibm_container_vpc_cluster.cluster[0]: Still creating... [17m01s elapsed][0m[0m
TestRunBankingSolutionsDA 2025-12-11T15:49:18+05:30 logger.go:67: [0m[1mmodule.ocp_base[0].ibm_container_vpc_cluster.cluster[0]: Still creating... [17m11s elapsed][0m[0m
TestRunBankingSolutionsDA 2025-12-11T15:49:28+05:30 logger.go:67: [0m[1mmodule.ocp_base[0].ibm_container_vpc_cluster.cluster[0]: Still creating... [17m21s elapsed][0m[0m
TestRunBankingSolutionsDA 2025-12-11T15:49:38+05:30 logger.go:67: [0m[1mmodule.ocp_base[0].ibm_container_vpc_cluster.cluster[0]: Still creating... [17m31s elapsed][0m[0m
TestRunBankingSolutionsDA 2025-12-11T15:49:48+05:30 logger.go:67: [0m[1mmodule.ocp_base[0].ibm_container_vpc_cluster.cluster[0]: Still creating... [17m41s elapsed][0m[0m
TestRunBankingSolutionsDA 2025-12-11T15:49:58+05:30 logger.go:67: [0m[1mmodule.ocp_base[0].ibm_container_vpc_cluster.cluster[0]: Still creating... [17m51s elapsed][0m[0m
TestRunBankingSolutionsDA 2025-12-11T15:50:08+05:30 logger.go:67: [0m[1mmodule.ocp_base[0].ibm_container_vpc_cluster.cluster[0]: Still creating... [18m01s elapsed][0m[0m
TestRunBankingSolutionsDA 2025-12-11T15:50:18+05:30 logger.go:67: [0m[1mmodule.ocp_base[0].ibm_container_vpc_cluster.cluster[0]: Still creating... [18m11s elapsed][0m[0m
TestRunBankingSolutionsDA 2025-12-11T15:50:28+05:30 logger.go:67: [0m[1mmodule.ocp_base[0].ibm_container_vpc_cluster.cluster[0]: Still creating... [18m21s elapsed][0m[0m
TestRunBankingSolutionsDA 2025-12-11T15:50:38+05:30 logger.go:67: [0m[1mmodule.ocp_base[0].ibm_container_vpc_cluster.cluster[0]: Still creating... [18m31s elapsed][0m[0m
TestRunBankingSolutionsDA 2025-12-11T15:50:48+05:30 logger.go:67: [0m[1mmodule.ocp_base[0].ibm_container_vpc_cluster.cluster[0]: Still creating... [18m41s elapsed][0m[0m
TestRunBankingSolutionsDA 2025-12-11T15:50:58+05:30 logger.go:67: [0m[1mmodule.ocp_base[0].ibm_container_vpc_cluster.cluster[0]: Still creating... [18m51s elapsed][0m[0m
TestRunBankingSolutionsDA 2025-12-11T15:51:08+05:30 logger.go:67: [0m[1mmodule.ocp_base[0].ibm_container_vpc_cluster.cluster[0]: Still creating... [19m01s elapsed][0m[0m
TestRunBankingSolutionsDA 2025-12-11T15:51:18+05:30 logger.go:67: [0m[1mmodule.ocp_base[0].ibm_container_vpc_cluster.cluster[0]: Still creating... [19m11s elapsed][0m[0m
TestRunBankingSolutionsDA 2025-12-11T15:51:28+05:30 logger.go:67: [0m[1mmodule.ocp_base[0].ibm_container_vpc_cluster.cluster[0]: Still creating... [19m21s elapsed][0m[0m
TestRunBankingSolutionsDA 2025-12-11T15:51:38+05:30 logger.go:67: [0m[1mmodule.ocp_base[0].ibm_container_vpc_cluster.cluster[0]: Still creating... [19m31s elapsed][0m[0m
TestRunBankingSolutionsDA 2025-12-11T15:51:48+05:30 logger.go:67: [0m[1mmodule.ocp_base[0].ibm_container_vpc_cluster.cluster[0]: Still creating... [19m41s elapsed][0m[0m
TestRunBankingSolutionsDA 2025-12-11T15:51:58+05:30 logger.go:67: [0m[1mmodule.ocp_base[0].ibm_container_vpc_cluster.cluster[0]: Still creating... [19m51s elapsed][0m[0m
TestRunBankingSolutionsDA 2025-12-11T15:52:08+05:30 logger.go:67: [0m[1mmodule.ocp_base[0].ibm_container_vpc_cluster.cluster[0]: Still creating... [20m01s elapsed][0m[0m
TestRunBankingSolutionsDA 2025-12-11T15:52:18+05:30 logger.go:67: [0m[1mmodule.ocp_base[0].ibm_container_vpc_cluster.cluster[0]: Still creating... [20m11s elapsed][0m[0m
TestRunBankingSolutionsDA 2025-12-11T15:52:28+05:30 logger.go:67: [0m[1mmodule.ocp_base[0].ibm_container_vpc_cluster.cluster[0]: Still creating... [20m21s elapsed][0m[0m
TestRunBankingSolutionsDA 2025-12-11T15:52:38+05:30 logger.go:67: [0m[1mmodule.ocp_base[0].ibm_container_vpc_cluster.cluster[0]: Still creating... [20m31s elapsed][0m[0m
TestRunBankingSolutionsDA 2025-12-11T15:52:48+05:30 logger.go:67: [0m[1mmodule.ocp_base[0].ibm_container_vpc_cluster.cluster[0]: Still creating... [20m41s elapsed][0m[0m
TestRunBankingSolutionsDA 2025-12-11T15:52:58+05:30 logger.go:67: [0m[1mmodule.ocp_base[0].ibm_container_vpc_cluster.cluster[0]: Still creating... [20m51s elapsed][0m[0m
TestRunBankingSolutionsDA 2025-12-11T15:53:08+05:30 logger.go:67: [0m[1mmodule.ocp_base[0].ibm_container_vpc_cluster.cluster[0]: Still creating... [21m01s elapsed][0m[0m
TestRunBankingSolutionsDA 2025-12-11T15:53:18+05:30 logger.go:67: [0m[1mmodule.ocp_base[0].ibm_container_vpc_cluster.cluster[0]: Still creating... [21m11s elapsed][0m[0m
TestRunBankingSolutionsDA 2025-12-11T15:53:28+05:30 logger.go:67: [0m[1mmodule.ocp_base[0].ibm_container_vpc_cluster.cluster[0]: Still creating... [21m21s elapsed][0m[0m
TestRunBankingSolutionsDA 2025-12-11T15:53:38+05:30 logger.go:67: [0m[1mmodule.ocp_base[0].ibm_container_vpc_cluster.cluster[0]: Still creating... [21m31s elapsed][0m[0m
TestRunBankingSolutionsDA 2025-12-11T15:53:48+05:30 logger.go:67: [0m[1mmodule.ocp_base[0].ibm_container_vpc_cluster.cluster[0]: Still creating... [21m41s elapsed][0m[0m
TestRunBankingSolutionsDA 2025-12-11T15:54:40+05:30 logger.go:67: [0m[1mmodule.ocp_base[0].ibm_container_vpc_cluster.cluster[0]: Still creating... [22m33s elapsed][0m[0m
TestRunBankingSolutionsDA 2025-12-11T15:54:50+05:30 logger.go:67: [0m[1mmodule.ocp_base[0].ibm_container_vpc_cluster.cluster[0]: Still creating... [22m43s elapsed][0m[0m
TestRunBankingSolutionsDA 2025-12-11T15:55:00+05:30 logger.go:67: [0m[1mmodule.ocp_base[0].ibm_container_vpc_cluster.cluster[0]: Still creating... [22m53s elapsed][0m[0m
TestRunBankingSolutionsDA 2025-12-11T15:55:10+05:30 logger.go:67: [0m[1mmodule.ocp_base[0].ibm_container_vpc_cluster.cluster[0]: Still creating... [23m03s elapsed][0m[0m
TestRunBankingSolutionsDA 2025-12-11T15:55:20+05:30 logger.go:67: [0m[1mmodule.ocp_base[0].ibm_container_vpc_cluster.cluster[0]: Still creating... [23m13s elapsed][0m[0m
TestRunBankingSolutionsDA 2025-12-11T15:55:30+05:30 logger.go:67: [0m[1mmodule.ocp_base[0].ibm_container_vpc_cluster.cluster[0]: Still creating... [23m23s elapsed][0m[0m
TestRunBankingSolutionsDA 2025-12-11T15:55:40+05:30 logger.go:67: [0m[1mmodule.ocp_base[0].ibm_container_vpc_cluster.cluster[0]: Still creating... [23m33s elapsed][0m[0m
TestRunBankingSolutionsDA 2025-12-11T15:55:50+05:30 logger.go:67: [0m[1mmodule.ocp_base[0].ibm_container_vpc_cluster.cluster[0]: Still creating... [23m43s elapsed][0m[0m
TestRunBankingSolutionsDA 2025-12-11T15:56:00+05:30 logger.go:67: [0m[1mmodule.ocp_base[0].ibm_container_vpc_cluster.cluster[0]: Still creating... [23m53s elapsed][0m[0m
TestRunBankingSolutionsDA 2025-12-11T15:56:10+05:30 logger.go:67: [0m[1mmodule.ocp_base[0].ibm_container_vpc_cluster.cluster[0]: Still creating... [24m03s elapsed][0m[0m
TestRunBankingSolutionsDA 2025-12-11T15:56:20+05:30 logger.go:67: [0m[1mmodule.ocp_base[0].ibm_container_vpc_cluster.cluster[0]: Still creating... [24m13s elapsed][0m[0m
TestRunBankingSolutionsDA 2025-12-11T15:56:30+05:30 logger.go:67: [0m[1mmodule.ocp_base[0].ibm_container_vpc_cluster.cluster[0]: Still creating... [24m23s elapsed][0m[0m
TestRunBankingSolutionsDA 2025-12-11T15:56:40+05:30 logger.go:67: [0m[1mmodule.ocp_base[0].ibm_container_vpc_cluster.cluster[0]: Still creating... [24m33s elapsed][0m[0m
TestRunBankingSolutionsDA 2025-12-11T15:56:50+05:30 logger.go:67: [0m[1mmodule.ocp_base[0].ibm_container_vpc_cluster.cluster[0]: Still creating... [24m43s elapsed][0m[0m
TestRunBankingSolutionsDA 2025-12-11T15:57:00+05:30 logger.go:67: [0m[1mmodule.ocp_base[0].ibm_container_vpc_cluster.cluster[0]: Still creating... [24m53s elapsed][0m[0m
TestRunBankingSolutionsDA 2025-12-11T15:57:10+05:30 logger.go:67: [0m[1mmodule.ocp_base[0].ibm_container_vpc_cluster.cluster[0]: Still creating... [25m03s elapsed][0m[0m
TestRunBankingSolutionsDA 2025-12-11T15:57:20+05:30 logger.go:67: [0m[1mmodule.ocp_base[0].ibm_container_vpc_cluster.cluster[0]: Still creating... [25m13s elapsed][0m[0m
TestRunBankingSolutionsDA 2025-12-11T15:57:30+05:30 logger.go:67: [0m[1mmodule.ocp_base[0].ibm_container_vpc_cluster.cluster[0]: Still creating... [25m23s elapsed][0m[0m
TestRunBankingSolutionsDA 2025-12-11T15:57:40+05:30 logger.go:67: [0m[1mmodule.ocp_base[0].ibm_container_vpc_cluster.cluster[0]: Still creating... [25m33s elapsed][0m[0m
TestRunBankingSolutionsDA 2025-12-11T15:57:50+05:30 logger.go:67: [0m[1mmodule.ocp_base[0].ibm_container_vpc_cluster.cluster[0]: Still creating... [25m43s elapsed][0m[0m
TestRunBankingSolutionsDA 2025-12-11T15:58:00+05:30 logger.go:67: [0m[1mmodule.ocp_base[0].ibm_container_vpc_cluster.cluster[0]: Still creating... [25m53s elapsed][0m[0m
TestRunBankingSolutionsDA 2025-12-11T15:58:10+05:30 logger.go:67: [0m[1mmodule.ocp_base[0].ibm_container_vpc_cluster.cluster[0]: Still creating... [26m03s elapsed][0m[0m
TestRunBankingSolutionsDA 2025-12-11T15:58:20+05:30 logger.go:67: [0m[1mmodule.ocp_base[0].ibm_container_vpc_cluster.cluster[0]: Still creating... [26m13s elapsed][0m[0m
TestRunBankingSolutionsDA 2025-12-11T15:58:30+05:30 logger.go:67: [0m[1mmodule.ocp_base[0].ibm_container_vpc_cluster.cluster[0]: Still creating... [26m23s elapsed][0m[0m
TestRunBankingSolutionsDA 2025-12-11T15:58:40+05:30 logger.go:67: [0m[1mmodule.ocp_base[0].ibm_container_vpc_cluster.cluster[0]: Still creating... [26m33s elapsed][0m[0m
TestRunBankingSolutionsDA 2025-12-11T15:58:50+05:30 logger.go:67: [0m[1mmodule.ocp_base[0].ibm_container_vpc_cluster.cluster[0]: Still creating... [26m43s elapsed][0m[0m
TestRunBankingSolutionsDA 2025-12-11T15:59:00+05:30 logger.go:67: [0m[1mmodule.ocp_base[0].ibm_container_vpc_cluster.cluster[0]: Still creating... [26m53s elapsed][0m[0m
TestRunBankingSolutionsDA 2025-12-11T15:59:10+05:30 logger.go:67: [0m[1mmodule.ocp_base[0].ibm_container_vpc_cluster.cluster[0]: Still creating... [27m03s elapsed][0m[0m
TestRunBankingSolutionsDA 2025-12-11T15:59:20+05:30 logger.go:67: [0m[1mmodule.ocp_base[0].ibm_container_vpc_cluster.cluster[0]: Still creating... [27m13s elapsed][0m[0m
TestRunBankingSolutionsDA 2025-12-11T15:59:30+05:30 logger.go:67: [0m[1mmodule.ocp_base[0].ibm_container_vpc_cluster.cluster[0]: Still creating... [27m23s elapsed][0m[0m
TestRunBankingSolutionsDA 2025-12-11T15:59:40+05:30 logger.go:67: [0m[1mmodule.ocp_base[0].ibm_container_vpc_cluster.cluster[0]: Still creating... [27m33s elapsed][0m[0m
TestRunBankingSolutionsDA 2025-12-11T15:59:50+05:30 logger.go:67: [0m[1mmodule.ocp_base[0].ibm_container_vpc_cluster.cluster[0]: Still creating... [27m43s elapsed][0m[0m
TestRunBankingSolutionsDA 2025-12-11T16:00:00+05:30 logger.go:67: [0m[1mmodule.ocp_base[0].ibm_container_vpc_cluster.cluster[0]: Still creating... [27m53s elapsed][0m[0m
TestRunBankingSolutionsDA 2025-12-11T16:00:10+05:30 logger.go:67: [0m[1mmodule.ocp_base[0].ibm_container_vpc_cluster.cluster[0]: Still creating... [28m03s elapsed][0m[0m
TestRunBankingSolutionsDA 2025-12-11T16:00:20+05:30 logger.go:67: [0m[1mmodule.ocp_base[0].ibm_container_vpc_cluster.cluster[0]: Still creating... [28m13s elapsed][0m[0m
TestRunBankingSolutionsDA 2025-12-11T16:00:30+05:30 logger.go:67: [0m[1mmodule.ocp_base[0].ibm_container_vpc_cluster.cluster[0]: Still creating... [28m23s elapsed][0m[0m
TestRunBankingSolutionsDA 2025-12-11T16:00:40+05:30 logger.go:67: [0m[1mmodule.ocp_base[0].ibm_container_vpc_cluster.cluster[0]: Still creating... [28m33s elapsed][0m[0m
TestRunBankingSolutionsDA 2025-12-11T16:00:50+05:30 logger.go:67: [0m[1mmodule.ocp_base[0].ibm_container_vpc_cluster.cluster[0]: Still creating... [28m43s elapsed][0m[0m
TestRunBankingSolutionsDA 2025-12-11T16:01:00+05:30 logger.go:67: [0m[1mmodule.ocp_base[0].ibm_container_vpc_cluster.cluster[0]: Still creating... [28m53s elapsed][0m[0m
TestRunBankingSolutionsDA 2025-12-11T16:01:10+05:30 logger.go:67: [0m[1mmodule.ocp_base[0].ibm_container_vpc_cluster.cluster[0]: Still creating... [29m03s elapsed][0m[0m
TestRunBankingSolutionsDA 2025-12-11T16:01:20+05:30 logger.go:67: [0m[1mmodule.ocp_base[0].ibm_container_vpc_cluster.cluster[0]: Still creating... [29m13s elapsed][0m[0m
TestRunBankingSolutionsDA 2025-12-11T16:01:30+05:30 logger.go:67: [0m[1mmodule.ocp_base[0].ibm_container_vpc_cluster.cluster[0]: Still creating... [29m23s elapsed][0m[0m
TestRunBankingSolutionsDA 2025-12-11T16:01:40+05:30 logger.go:67: [0m[1mmodule.ocp_base[0].ibm_container_vpc_cluster.cluster[0]: Still creating... [29m33s elapsed][0m[0m
TestRunBankingSolutionsDA 2025-12-11T16:01:50+05:30 logger.go:67: [0m[1mmodule.ocp_base[0].ibm_container_vpc_cluster.cluster[0]: Still creating... [29m43s elapsed][0m[0m
TestRunBankingSolutionsDA 2025-12-11T16:02:00+05:30 logger.go:67: [0m[1mmodule.ocp_base[0].ibm_container_vpc_cluster.cluster[0]: Still creating... [29m53s elapsed][0m[0m
TestRunBankingSolutionsDA 2025-12-11T16:02:10+05:30 logger.go:67: [0m[1mmodule.ocp_base[0].ibm_container_vpc_cluster.cluster[0]: Still creating... [30m03s elapsed][0m[0m
TestRunBankingSolutionsDA 2025-12-11T16:02:20+05:30 logger.go:67: [0m[1mmodule.ocp_base[0].ibm_container_vpc_cluster.cluster[0]: Still creating... [30m13s elapsed][0m[0m
TestRunBankingSolutionsDA 2025-12-11T16:12:05+05:30 logger.go:67: [0m[1mmodule.ocp_base[0].ibm_container_vpc_cluster.cluster[0]: Still creating... [39m58s elapsed][0m[0m
TestRunBankingSolutionsDA 2025-12-11T16:12:15+05:30 logger.go:67: [0m[1mmodule.ocp_base[0].ibm_container_vpc_cluster.cluster[0]: Still creating... [40m08s elapsed][0m[0m
TestRunBankingSolutionsDA 2025-12-11T16:12:25+05:30 logger.go:67: [0m[1mmodule.ocp_base[0].ibm_container_vpc_cluster.cluster[0]: Still creating... [40m18s elapsed][0m[0m
TestRunBankingSolutionsDA 2025-12-11T16:12:35+05:30 logger.go:67: [0m[1mmodule.ocp_base[0].ibm_container_vpc_cluster.cluster[0]: Still creating... [40m28s elapsed][0m[0m
TestRunBankingSolutionsDA 2025-12-11T16:12:45+05:30 logger.go:67: [0m[1mmodule.ocp_base[0].ibm_container_vpc_cluster.cluster[0]: Still creating... [40m38s elapsed][0m[0m
TestRunBankingSolutionsDA 2025-12-11T16:12:55+05:30 logger.go:67: [0m[1mmodule.ocp_base[0].ibm_container_vpc_cluster.cluster[0]: Still creating... [40m48s elapsed][0m[0m
TestRunBankingSolutionsDA 2025-12-11T16:13:05+05:30 logger.go:67: [0m[1mmodule.ocp_base[0].ibm_container_vpc_cluster.cluster[0]: Still creating... [40m58s elapsed][0m[0m
TestRunBankingSolutionsDA 2025-12-11T16:13:15+05:30 logger.go:67: [0m[1mmodule.ocp_base[0].ibm_container_vpc_cluster.cluster[0]: Still creating... [41m08s elapsed][0m[0m
TestRunBankingSolutionsDA 2025-12-11T16:13:25+05:30 logger.go:67: [0m[1mmodule.ocp_base[0].ibm_container_vpc_cluster.cluster[0]: Still creating... [41m18s elapsed][0m[0m
TestRunBankingSolutionsDA 2025-12-11T16:13:35+05:30 logger.go:67: [0m[1mmodule.ocp_base[0].ibm_container_vpc_cluster.cluster[0]: Still creating... [41m28s elapsed][0m[0m
TestRunBankingSolutionsDA 2025-12-11T16:13:45+05:30 logger.go:67: [0m[1mmodule.ocp_base[0].ibm_container_vpc_cluster.cluster[0]: Still creating... [41m38s elapsed][0m[0m
TestRunBankingSolutionsDA 2025-12-11T16:13:55+05:30 logger.go:67: [0m[1mmodule.ocp_base[0].ibm_container_vpc_cluster.cluster[0]: Still creating... [41m48s elapsed][0m[0m
TestRunBankingSolutionsDA 2025-12-11T16:14:05+05:30 logger.go:67: [0m[1mmodule.ocp_base[0].ibm_container_vpc_cluster.cluster[0]: Still creating... [41m58s elapsed][0m[0m
TestRunBankingSolutionsDA 2025-12-11T16:14:15+05:30 logger.go:67: [0m[1mmodule.ocp_base[0].ibm_container_vpc_cluster.cluster[0]: Still creating... [42m08s elapsed][0m[0m
TestRunBankingSolutionsDA 2025-12-11T16:14:25+05:30 logger.go:67: [0m[1mmodule.ocp_base[0].ibm_container_vpc_cluster.cluster[0]: Still creating... [42m18s elapsed][0m[0m
TestRunBankingSolutionsDA 2025-12-11T16:14:35+05:30 logger.go:67: [0m[1mmodule.ocp_base[0].ibm_container_vpc_cluster.cluster[0]: Still creating... [42m28s elapsed][0m[0m
TestRunBankingSolutionsDA 2025-12-11T16:14:45+05:30 logger.go:67: [0m[1mmodule.ocp_base[0].ibm_container_vpc_cluster.cluster[0]: Still creating... [42m38s elapsed][0m[0m
TestRunBankingSolutionsDA 2025-12-11T16:14:55+05:30 logger.go:67: [0m[1mmodule.ocp_base[0].ibm_container_vpc_cluster.cluster[0]: Still creating... [42m48s elapsed][0m[0m
TestRunBankingSolutionsDA 2025-12-11T16:15:05+05:30 logger.go:67: [0m[1mmodule.ocp_base[0].ibm_container_vpc_cluster.cluster[0]: Still creating... [42m58s elapsed][0m[0m
TestRunBankingSolutionsDA 2025-12-11T16:15:15+05:30 logger.go:67: [0m[1mmodule.ocp_base[0].ibm_container_vpc_cluster.cluster[0]: Still creating... [43m08s elapsed][0m[0m
TestRunBankingSolutionsDA 2025-12-11T16:15:25+05:30 logger.go:67: [0m[1mmodule.ocp_base[0].ibm_container_vpc_cluster.cluster[0]: Still creating... [43m18s elapsed][0m[0m
TestRunBankingSolutionsDA 2025-12-11T16:15:35+05:30 logger.go:67: [0m[1mmodule.ocp_base[0].ibm_container_vpc_cluster.cluster[0]: Still creating... [43m28s elapsed][0m[0m
TestRunBankingSolutionsDA 2025-12-11T16:15:45+05:30 logger.go:67: [0m[1mmodule.ocp_base[0].ibm_container_vpc_cluster.cluster[0]: Still creating... [43m38s elapsed][0m[0m
TestRunBankingSolutionsDA 2025-12-11T16:15:55+05:30 logger.go:67: [0m[1mmodule.ocp_base[0].ibm_container_vpc_cluster.cluster[0]: Still creating... [43m48s elapsed][0m[0m
TestRunBankingSolutionsDA 2025-12-11T16:16:05+05:30 logger.go:67: [0m[1mmodule.ocp_base[0].ibm_container_vpc_cluster.cluster[0]: Still creating... [43m58s elapsed][0m[0m
TestRunBankingSolutionsDA 2025-12-11T16:16:15+05:30 logger.go:67: [0m[1mmodule.ocp_base[0].ibm_container_vpc_cluster.cluster[0]: Still creating... [44m08s elapsed][0m[0m
TestRunBankingSolutionsDA 2025-12-11T16:16:25+05:30 logger.go:67: [0m[1mmodule.ocp_base[0].ibm_container_vpc_cluster.cluster[0]: Still creating... [44m18s elapsed][0m[0m
TestRunBankingSolutionsDA 2025-12-11T16:26:40+05:30 logger.go:67: [0m[1mmodule.ocp_base[0].ibm_container_vpc_cluster.cluster[0]: Still creating... [54m33s elapsed][0m[0m
TestRunBankingSolutionsDA 2025-12-11T16:26:50+05:30 logger.go:67: [0m[1mmodule.ocp_base[0].ibm_container_vpc_cluster.cluster[0]: Still creating... [54m43s elapsed][0m[0m
TestRunBankingSolutionsDA 2025-12-11T16:27:00+05:30 logger.go:67: [0m[1mmodule.ocp_base[0].ibm_container_vpc_cluster.cluster[0]: Still creating... [54m53s elapsed][0m[0m
TestRunBankingSolutionsDA 2025-12-11T16:27:10+05:30 logger.go:67: [0m[1mmodule.ocp_base[0].ibm_container_vpc_cluster.cluster[0]: Still creating... [55m03s elapsed][0m[0m
TestRunBankingSolutionsDA 2025-12-11T16:27:20+05:30 logger.go:67: [0m[1mmodule.ocp_base[0].ibm_container_vpc_cluster.cluster[0]: Still creating... [55m13s elapsed][0m[0m
TestRunBankingSolutionsDA 2025-12-11T16:27:30+05:30 logger.go:67: [0m[1mmodule.ocp_base[0].ibm_container_vpc_cluster.cluster[0]: Still creating... [55m23s elapsed][0m[0m
TestRunBankingSolutionsDA 2025-12-11T16:27:40+05:30 logger.go:67: [0m[1mmodule.ocp_base[0].ibm_container_vpc_cluster.cluster[0]: Still creating... [55m33s elapsed][0m[0m
TestRunBankingSolutionsDA 2025-12-11T16:27:50+05:30 logger.go:67: [0m[1mmodule.ocp_base[0].ibm_container_vpc_cluster.cluster[0]: Still creating... [55m43s elapsed][0m[0m
TestRunBankingSolutionsDA 2025-12-11T16:28:00+05:30 logger.go:67: [0m[1mmodule.ocp_base[0].ibm_container_vpc_cluster.cluster[0]: Still creating... [55m53s elapsed][0m[0m
TestRunBankingSolutionsDA 2025-12-11T16:28:10+05:30 logger.go:67: [0m[1mmodule.ocp_base[0].ibm_container_vpc_cluster.cluster[0]: Still creating... [56m03s elapsed][0m[0m
TestRunBankingSolutionsDA 2025-12-11T16:28:12+05:30 logger.go:67: [0m[1mmodule.ocp_base[0].ibm_container_vpc_cluster.cluster[0]: Creation complete after 56m5s [id=d4t9datd0boee8jpjmq0][0m
TestRunBankingSolutionsDA 2025-12-11T16:28:12+05:30 logger.go:67: [0m[1mmodule.ocp_base[0].data.ibm_container_addons.existing_addons: Reading...[0m[0m
TestRunBankingSolutionsDA 2025-12-11T16:28:12+05:30 logger.go:67: [0m[1mmodule.ocp_base[0].data.ibm_container_cluster_config.cluster_config[0]: Reading...[0m[0m
TestRunBankingSolutionsDA 2025-12-11T16:28:12+05:30 logger.go:67: [0m[1mmodule.ocp_base[0].module.worker_pools.ibm_container_vpc_worker_pool.pool["default"]: Creating...[0m[0m
TestRunBankingSolutionsDA 2025-12-11T16:28:15+05:30 logger.go:67: [0m[1mmodule.ocp_base[0].data.ibm_container_addons.existing_addons: Read complete after 3s [id=d4t9datd0boee8jpjmq0][0m
TestRunBankingSolutionsDA 2025-12-11T16:28:18+05:30 logger.go:67: [0m[1mmodule.ocp_base[0].module.worker_pools.ibm_container_vpc_worker_pool.pool["default"]: Creation complete after 6s [id=d4t9datd0boee8jpjmq0/d4t9datd0boee8jpjmq0-53f6ec8][0m
TestRunBankingSolutionsDA 2025-12-11T16:28:18+05:30 logger.go:67: [0m[1mmodule.ocp_base[0].module.worker_pools.data.ibm_container_vpc_worker_pool.all_pools["default"]: Reading...[0m[0m
TestRunBankingSolutionsDA 2025-12-11T16:28:20+05:30 logger.go:67: [0m[1mmodule.ocp_base[0].module.worker_pools.data.ibm_container_vpc_worker_pool.all_pools["default"]: Read complete after 2s [id=d4t9datd0boee8jpjmq0-53f6ec8][0m
TestRunBankingSolutionsDA 2025-12-11T16:28:21+05:30 logger.go:67: [0m[1mmodule.ocp_base[0].data.ibm_container_cluster_config.cluster_config[0]: Read complete after 9s [id=d4t9datd0boee8jpjmq0][0m
TestRunBankingSolutionsDA 2025-12-11T16:28:21+05:30 logger.go:67: [0m[1mmodule.ocp_base[0].null_resource.confirm_network_healthy[0]: Creating...[0m[0m
TestRunBankingSolutionsDA 2025-12-11T16:28:21+05:30 logger.go:67: [0m[1mmodule.ocp_base[0].null_resource.confirm_network_healthy[0]: Provisioning with 'local-exec'...[0m[0m
TestRunBankingSolutionsDA 2025-12-11T16:28:21+05:30 logger.go:67: [0m[1mmodule.ocp_base[0].null_resource.confirm_network_healthy[0] (local-exec):[0m [0mExecuting: ["/bin/bash" "-c" ".terraform/modules/ocp_base/scripts/confirm_network_healthy.sh"]
TestRunBankingSolutionsDA 2025-12-11T16:28:22+05:30 logger.go:67: [0m[1mmodule.ocp_base[0].null_resource.confirm_network_healthy[0] (local-exec):[0m [0mRunning script to ensure kube master can communicate with all worker nodes..
TestRunBankingSolutionsDA 2025-12-11T16:28:31+05:30 logger.go:67: [0m[1mmodule.ocp_base[0].null_resource.confirm_network_healthy[0] (local-exec):[0m [0mSuccess! Master can communicate with all worker nodes.
TestRunBankingSolutionsDA 2025-12-11T16:28:31+05:30 logger.go:67: [0m[1mmodule.ocp_base[0].null_resource.confirm_network_healthy[0]: Creation complete after 9s [id=1703417246780694034][0m
TestRunBankingSolutionsDA 2025-12-11T16:28:31+05:30 logger.go:67: [0m[1mmodule.ocp_base[0].ibm_container_addons.addons: Creating...[0m[0m
TestRunBankingSolutionsDA 2025-12-11T16:28:41+05:30 logger.go:67: [0m[1mmodule.ocp_base[0].ibm_container_addons.addons: Still creating... [00m10s elapsed][0m[0m
TestRunBankingSolutionsDA 2025-12-11T16:28:47+05:30 logger.go:67: [0m[1mmodule.ocp_base[0].ibm_container_addons.addons: Creation complete after 17s [id=d4t9datd0boee8jpjmq0][0m
TestRunBankingSolutionsDA 2025-12-11T16:28:48+05:30 logger.go:67: [0m[1m[32m
TestRunBankingSolutionsDA 2025-12-11T16:28:48+05:30 logger.go:67: Apply complete! Resources: 19 added, 0 changed, 0 destroyed.
TestRunBankingSolutionsDA 2025-12-11T16:28:48+05:30 logger.go:67: [0m[0m[1m[32m
TestRunBankingSolutionsDA 2025-12-11T16:28:48+05:30 logger.go:67: Outputs:
TestRunBankingSolutionsDA 2025-12-11T16:28:48+05:30 logger.go:67: 
TestRunBankingSolutionsDA 2025-12-11T16:28:48+05:30 logger.go:67: [0mcd_pipeline_id = "7f78f846-b5b9-40cf-a3b1-f39422e9b17d"
TestRunBankingSolutionsDA 2025-12-11T16:28:48+05:30 logger.go:67: ci_pipeline_id = "4964bcd7-c441-4a6a-bce1-7c7f5f8cba19"
TestRunBankingSolutionsDA 2025-12-11T16:28:48+05:30 logger.go:67: cluster_name = "rag-s-bbr25d"
TestRunBankingSolutionsDA 2025-12-11T16:28:48+05:30 logger.go:67: resource_group_name = "rag-s-bbr25d-resource-group"
TestRunBankingSolutionsDA 2025-12-11T16:28:48+05:30 logger.go:67: signing_key = <sensitive>
TestRunBankingSolutionsDA 2025-12-11T16:28:48+05:30 logger.go:67: watson_assistant_instance_id = "5d304912-4bca-41dc-9089-77f216c05973"
TestRunBankingSolutionsDA 2025-12-11T16:28:48+05:30 logger.go:67: watson_assistant_region = "us-south"
TestRunBankingSolutionsDA 2025-12-11T16:28:48+05:30 logger.go:67: watson_discovery_instance_id = "6e6fe9ad-c0b3-4fad-8cca-f4b207092adf"
TestRunBankingSolutionsDA 2025-12-11T16:28:48+05:30 logger.go:67: watson_discovery_region = "us-south"
TestRunBankingSolutionsDA 2025-12-11T16:28:48+05:30 logger.go:67: watson_machine_learning_instance_crn = "crn:v1:bluemix:public:pm-20:us-south:a/abac0df06b644a9cabc6e44f55b3880e:40726f8a-4e25-48fe-bc46-557df9dc4f14::"
TestRunBankingSolutionsDA 2025-12-11T16:28:48+05:30 logger.go:67: watson_machine_learning_instance_guid = "40726f8a-4e25-48fe-bc46-557df9dc4f14"
TestRunBankingSolutionsDA 2025-12-11T16:28:48+05:30 logger.go:67: watson_machine_learning_instance_resource_name = "rag-s-bbr25d-watson-machine-learning-instance"
TestRunBankingSolutionsDA 2025-12-11T16:28:48+05:30 retry.go:91: terraform [output -no-color -json ci_pipeline_id]
TestRunBankingSolutionsDA 2025-12-11T16:28:48+05:30 logger.go:67: Running command terraform with args [output -no-color -json ci_pipeline_id]
TestRunBankingSolutionsDA 2025-12-11T16:28:48+05:30 logger.go:67: "4964bcd7-c441-4a6a-bce1-7c7f5f8cba19"
TestRunBankingSolutionsDA 2025-12-11T16:28:48+05:30 retry.go:91: terraform [output -no-color -json cd_pipeline_id]
TestRunBankingSolutionsDA 2025-12-11T16:28:48+05:30 logger.go:67: Running command terraform with args [output -no-color -json cd_pipeline_id]
TestRunBankingSolutionsDA 2025-12-11T16:28:48+05:30 logger.go:67: "7f78f846-b5b9-40cf-a3b1-f39422e9b17d"
TestRunBankingSolutionsDA 2025-12-11T16:28:48+05:30 retry.go:91: terraform [output -no-color -json watson_assistant_instance_id]
TestRunBankingSolutionsDA 2025-12-11T16:28:48+05:30 logger.go:67: Running command terraform with args [output -no-color -json watson_assistant_instance_id]
TestRunBankingSolutionsDA 2025-12-11T16:28:48+05:30 logger.go:67: "5d304912-4bca-41dc-9089-77f216c05973"
TestRunBankingSolutionsDA 2025-12-11T16:28:48+05:30 retry.go:91: terraform [output -no-color -json watson_assistant_region]
TestRunBankingSolutionsDA 2025-12-11T16:28:48+05:30 logger.go:67: Running command terraform with args [output -no-color -json watson_assistant_region]
TestRunBankingSolutionsDA 2025-12-11T16:28:48+05:30 logger.go:67: "us-south"
TestRunBankingSolutionsDA 2025-12-11T16:28:48+05:30 retry.go:91: terraform [output -no-color -json watson_discovery_instance_id]
TestRunBankingSolutionsDA 2025-12-11T16:28:48+05:30 logger.go:67: Running command terraform with args [output -no-color -json watson_discovery_instance_id]
TestRunBankingSolutionsDA 2025-12-11T16:28:48+05:30 logger.go:67: "6e6fe9ad-c0b3-4fad-8cca-f4b207092adf"
TestRunBankingSolutionsDA 2025-12-11T16:28:48+05:30 retry.go:91: terraform [output -no-color -json watson_discovery_region]
TestRunBankingSolutionsDA 2025-12-11T16:28:48+05:30 logger.go:67: Running command terraform with args [output -no-color -json watson_discovery_region]
TestRunBankingSolutionsDA 2025-12-11T16:28:48+05:30 logger.go:67: "us-south"
TestRunBankingSolutionsDA 2025-12-11T16:28:48+05:30 retry.go:91: terraform [output -no-color -json resource_group_name]
TestRunBankingSolutionsDA 2025-12-11T16:28:48+05:30 logger.go:67: Running command terraform with args [output -no-color -json resource_group_name]
TestRunBankingSolutionsDA 2025-12-11T16:28:48+05:30 logger.go:67: "rag-s-bbr25d-resource-group"
TestRunBankingSolutionsDA 2025-12-11T16:28:48+05:30 retry.go:91: terraform [output -no-color -json resource_group_name]
TestRunBankingSolutionsDA 2025-12-11T16:28:48+05:30 logger.go:67: Running command terraform with args [output -no-color -json resource_group_name]
TestRunBankingSolutionsDA 2025-12-11T16:28:49+05:30 logger.go:67: "rag-s-bbr25d-resource-group"
TestRunBankingSolutionsDA 2025-12-11T16:28:49+05:30 retry.go:91: terraform [output -no-color -json watson_machine_learning_instance_crn]
TestRunBankingSolutionsDA 2025-12-11T16:28:49+05:30 logger.go:67: Running command terraform with args [output -no-color -json watson_machine_learning_instance_crn]
TestRunBankingSolutionsDA 2025-12-11T16:28:49+05:30 logger.go:67: "crn:v1:bluemix:public:pm-20:us-south:a/abac0df06b644a9cabc6e44f55b3880e:40726f8a-4e25-48fe-bc46-557df9dc4f14::"
TestRunBankingSolutionsDA 2025-12-11T16:28:49+05:30 retry.go:91: terraform [output -no-color -json watson_machine_learning_instance_guid]
TestRunBankingSolutionsDA 2025-12-11T16:28:49+05:30 logger.go:67: Running command terraform with args [output -no-color -json watson_machine_learning_instance_guid]
TestRunBankingSolutionsDA 2025-12-11T16:28:49+05:30 logger.go:67: "40726f8a-4e25-48fe-bc46-557df9dc4f14"
TestRunBankingSolutionsDA 2025-12-11T16:28:49+05:30 retry.go:91: terraform [output -no-color -json watson_machine_learning_instance_resource_name]
TestRunBankingSolutionsDA 2025-12-11T16:28:49+05:30 logger.go:67: Running command terraform with args [output -no-color -json watson_machine_learning_instance_resource_name]
TestRunBankingSolutionsDA 2025-12-11T16:28:49+05:30 logger.go:67: "rag-s-bbr25d-watson-machine-learning-instance"
TestRunBankingSolutionsDA 2025-12-11T16:28:49+05:30 retry.go:91: terraform [output -no-color -json signing_key]
TestRunBankingSolutionsDA 2025-12-11T16:28:49+05:30 logger.go:67: Running command terraform with args [output -no-color -json signing_key]
TestRunBankingSolutionsDA 2025-12-11T16:28:49+05:30 logger.go:67: "secret-signing-key-payload"
TestRunBankingSolutionsDA 2025-12-11T16:28:49+05:30 retry.go:91: terraform [output -no-color -json cluster_name]
TestRunBankingSolutionsDA 2025-12-11T16:28:49+05:30 logger.go:67: Running command terraform with args [output -no-color -json cluster_name]
TestRunBankingSolutionsDA 2025-12-11T16:28:49+05:30 logger.go:67: "rag-s-bbr25d"
[32mINFO[0m: [32m[CloudInfoService][0m logger.go:937 API cache disabled
    tests.go:347: [SCHEMATICS] Random Workspace region chosen: eu
    schematics.go:137: [SCHEMATICS] Schematics API for region eu: https://eu.schematics.cloud.ibm.com
    tests.go:101: [SCHEMATICS] Creating Test Workspace
    tests.go:107: [SCHEMATICS] Workspace Created: rag-s-bbr25d-w86 (eu-de.workspace.rag-s-bbr25d-w86.a15f849f)
    tests.go:124: Starting with variable validation for branch: main 
    schematics.go:234: [SCHEMATICS] Creating TAR file
    schematics.go:240: [SCHEMATICS] Uploading TAR file
    schematics.go:570: [SCHEMATICS] ... still waiting for job TAR_WORKSPACE_UPLOAD to complete: 1 minutes
    schematics.go:579: [SCHEMATICS] The status of job TAR_WORKSPACE_UPLOAD is: COMPLETED
    tests.go:146: [SCHEMATICS] Updating Workspace Variablestore
    tests.go:162: [SCHEMATICS] Starting PLAN job ...
    schematics.go:570: [SCHEMATICS] ... still waiting for job PLAN to complete: 1 minutes
    schematics.go:579: [SCHEMATICS] The status of job PLAN is: FAILED
    tests.go:165: 
        	Error Trace:	/Users/raagamounica/go/pkg/mod/github.com/terraform-ibm-modules/ibmcloud-terratest-wrapper@v1.60.18/testschematic/tests.go:165
        	            				/Users/raagamounica/go/pkg/mod/github.com/terraform-ibm-modules/ibmcloud-terratest-wrapper@v1.60.18/testschematic/tests.go:28
        	            				/Users/raagamounica/OneDrive - IBM/GIT_REPOS/terraform-ibm-rag-sample-da/tests/pr_test.go:314
        	Error:      	Not equal: 
        	            	expected: "COMPLETED"
        	            	actual  : "FAILED"
        	            	
        	            	Diff:
        	            	--- Expected
        	            	+++ Actual
        	            	@@ -1 +1 @@
        	            	-COMPLETED
        	            	+FAILED
        	Test:       	TestRunBankingSolutionsDA
        	Messages:   	PLAN has failed with status FAILED - [ rag-s-bbr25d-w86 (eu-de.workspace.rag-s-bbr25d-w86.a15f849f) ]
    tests.go:540: =============== BEGIN PLAN JOB LOG (eu-de.workspace.rag-s-bbr25d-w86.a15f849f) ===============
        SCHEMATICS LOG URL: https://cloud.ibm.com/schematics/workspaces/eu-de.workspace.rag-s-bbr25d-w86.a15f849f/log/ecb01c75d20bfd5a3877d7ebb752cd5d
         2025/12/11 11:00:09 [1m-----  New Workspace Action  -----[21m[0m
         2025/12/11 11:00:09 Request: activitId=ecb01c75d20bfd5a3877d7ebb752cd5d, account=abac0df06b644a9cabc6e44f55b3880e, owner=mounica.tellabati@ibm.com, requestID=b0bbb868-2970-422d-b19b-a88973a061b1
         2025/12/11 11:00:10 Related Activity: action=PLAN, workspaceID=eu-de.workspace.rag-s-bbr25d-w86.a15f849f, processedBy=orchestrator-d8b79448f-l8vn8
         2025/12/11 11:00:10 Related Workspace: name=rag-s-bbr25d-w86, sourcerelease=(not specified), sourceurl=, folder=solutions/banking
         2025/12/11 11:00:13  --- Ready to execute the command --- 
         2025/12/11 11:00:18  --- Ready to execute the command --- 
         2025/12/11 11:00:19 workspace.template.EnvFile: b2dce672-5652-41e3-9d92-73a9512c7832
         2025/12/11 11:00:20 workspace.template.SecFile: 48e54d38-6194-49c1-a4ae-fb8cb40f6fae
         2025/12/11 11:00:18 [1m-----  New Action  -----[21m[0m
         2025/12/11 11:00:18 Request: requestID=b0bbb868-2970-422d-b19b-a88973a061b1
         2025/12/11 11:00:20 Related Activity: action=Plan, workspaceID=eu-de.workspace.rag-s-bbr25d-w86.a15f849f, processedByOrchestrator=b0bbb868-2970-422d-b19b-a88973a061b1_ecb01c75d20bfd5a3877d7ebb752cd5d, processedByJob=job12-7f997b67c8-vbz7t, actionType=Terraform
         
         2025/12/11 11:00:25 [1m-----  Terraform INIT  -----[21m[0m
         
         2025/12/11 11:00:26 [34mStarting command: terraform1.12 init -input=false -no-color[39m[0m
         2025/12/11 11:00:26 Starting command: terraform1.12 init -input=false -no-color
         2025/12/11 11:00:26 Terraform init | Initializing the backend...
         2025/12/11 11:00:26 Terraform init | Initializing modules...
         2025/12/11 11:00:26 Terraform init | - cluster_ingress in ../../modules/roks-ingress
         2025/12/11 11:00:26 Terraform init | - configure_discovery_project in ../../modules/watson-discovery
         2025/12/11 11:00:26 Terraform init | - configure_elastic_index in ../../modules/elastic-index
         2025/12/11 11:00:26 Terraform init | - configure_watson_assistant in ../../modules/watson-assistant
         2025/12/11 11:00:26 Terraform init | - configure_wml_project in ../../modules/watson-machine-learning
         2025/12/11 11:00:26 Terraform init | Downloading registry.terraform.io/terraform-ibm-modules/cos/ibm 10.5.5 for configure_wml_project.cos...
         2025/12/11 11:00:29 Terraform init | - configure_wml_project.cos in .terraform/modules/configure_wml_project.cos/modules/fscloud
         2025/12/11 11:00:29 Terraform init | - configure_wml_project.cos.buckets in .terraform/modules/configure_wml_project.cos/modules/buckets
         2025/12/11 11:00:29 Terraform init | - configure_wml_project.cos.buckets.buckets in .terraform/modules/configure_wml_project.cos
         2025/12/11 11:00:29 Terraform init | Downloading registry.terraform.io/terraform-ibm-modules/cbr/ibm 1.33.7 for configure_wml_project.cos.buckets.buckets.bucket_cbr_rule...
         2025/12/11 11:00:31 Terraform init | - configure_wml_project.cos.buckets.buckets.bucket_cbr_rule in .terraform/modules/configure_wml_project.cos.buckets.buckets.bucket_cbr_rule/modules/cbr-rule-module
         2025/12/11 11:00:31 Terraform init | Downloading registry.terraform.io/terraform-ibm-modules/cbr/ibm 1.33.7 for configure_wml_project.cos.buckets.buckets.instance_cbr_rule...
         2025/12/11 11:00:32 Terraform init | - configure_wml_project.cos.buckets.buckets.instance_cbr_rule in .terraform/modules/configure_wml_project.cos.buckets.buckets.instance_cbr_rule/modules/cbr-rule-module
         2025/12/11 11:00:32 Terraform init | - configure_wml_project.cos.cos_instance in .terraform/modules/configure_wml_project.cos
         2025/12/11 11:00:32 Terraform init | Downloading registry.terraform.io/terraform-ibm-modules/cbr/ibm 1.33.7 for configure_wml_project.cos.cos_instance.bucket_cbr_rule...
         2025/12/11 11:00:32 Terraform init | - configure_wml_project.cos.cos_instance.bucket_cbr_rule in .terraform/modules/configure_wml_project.cos.cos_instance.bucket_cbr_rule/modules/cbr-rule-module
         2025/12/11 11:00:32 Terraform init | Downloading registry.terraform.io/terraform-ibm-modules/cbr/ibm 1.33.7 for configure_wml_project.cos.cos_instance.instance_cbr_rule...
         2025/12/11 11:00:32 Terraform init | - configure_wml_project.cos.cos_instance.instance_cbr_rule in .terraform/modules/configure_wml_project.cos.cos_instance.instance_cbr_rule/modules/cbr-rule-module
         2025/12/11 11:00:32 Terraform init | Downloading registry.terraform.io/terraform-ibm-modules/cbr/ibm 1.33.7 for configure_wml_project.cos.instance_cbr_rules...
         2025/12/11 11:00:32 Terraform init | - configure_wml_project.cos.instance_cbr_rules in .terraform/modules/configure_wml_project.cos.instance_cbr_rules/modules/cbr-rule-module
         2025/12/11 11:00:32 Terraform init | Downloading git::https://github.com/terraform-ibm-modules/terraform-ibm-watsonx-saas-da.git?ref=v2.0.1 for configure_wml_project.storage_delegation...
         2025/12/11 11:00:34 Terraform init | - configure_wml_project.storage_delegation in .terraform/modules/configure_wml_project.storage_delegation/storage_delegation
         2025/12/11 11:00:34 Terraform init | Downloading registry.terraform.io/terraform-ibm-modules/common-utilities/ibm 1.1.0 for configure_wml_project.storage_delegation.kms_key_crn_parser...
         2025/12/11 11:00:37 Terraform init | - configure_wml_project.storage_delegation.kms_key_crn_parser in .terraform/modules/configure_wml_project.storage_delegation.kms_key_crn_parser/modules/crn-parser
         2025/12/11 11:00:37 Terraform init | Downloading registry.terraform.io/terraform-ibm-modules/resource-group/ibm 1.4.0 for resource_group...
         2025/12/11 11:00:40 Terraform init | - resource_group in .terraform/modules/resource_group
         2025/12/11 11:00:40 Terraform init | Downloading registry.terraform.io/terraform-ibm-modules/secrets-manager-secret/ibm 1.9.1 for secrets_manager_secret_ibm_iam...
         2025/12/11 11:00:43 Terraform init | - secrets_manager_secret_ibm_iam in .terraform/modules/secrets_manager_secret_ibm_iam
         2025/12/11 11:00:43 Terraform init | Downloading registry.terraform.io/terraform-ibm-modules/secrets-manager-secret/ibm 1.9.1 for secrets_manager_secret_signing_key...
         2025/12/11 11:00:43 Terraform init | - secrets_manager_secret_signing_key in .terraform/modules/secrets_manager_secret_signing_key
         2025/12/11 11:00:43 Terraform init | Downloading registry.terraform.io/terraform-ibm-modules/secrets-manager-secret/ibm 1.9.1 for secrets_manager_secret_watsonx_admin_api_key...
         2025/12/11 11:00:43 Terraform init | - secrets_manager_secret_watsonx_admin_api_key in .terraform/modules/secrets_manager_secret_watsonx_admin_api_key
         2025/12/11 11:00:43 Terraform init | Initializing provider plugins...
         2025/12/11 11:00:43 Terraform init | - Finding scottwinkler/shell versions matching ">= 1.7.10, 1.7.10"...
         2025/12/11 11:00:43 Terraform init | - Finding elastic/elasticstack versions matching ">= 0.11.0, 0.12.1"...
         2025/12/11 11:00:43 Terraform init | - Finding hashicorp/kubernetes versions matching ">= 2.32.0, 2.38.0"...
         2025/12/11 11:00:43 Terraform init | - Finding hashicorp/time versions matching ">= 0.9.1, >= 0.12.1, < 1.0.0"...
         2025/12/11 11:00:43 Terraform init | - Finding ibm-cloud/ibm versions matching ">= 1.67.1, >= 1.70.0, >= 1.79.0, >= 1.79.2, 1.84.3, < 2.0.0"...
         2025/12/11 11:00:43 Terraform init | - Finding hashicorp/null versions matching ">= 3.2.2, 3.2.4"...
         2025/12/11 11:00:43 Terraform init | - Finding hashicorp/random versions matching ">= 3.5.1, 3.7.2, < 4.0.0"...
         2025/12/11 11:00:43 Terraform init | - Finding mastercard/restapi versions matching ">= 1.19.1, 2.0.1, < 3.0.0"...
         2025/12/11 11:00:44 Terraform init | - Installing elastic/elasticstack v0.12.1...
         2025/12/11 11:00:45 Terraform init | - Installed elastic/elasticstack v0.12.1 (signed by a HashiCorp partner, key ID 7FE579EDEC6DAA7B)
         2025/12/11 11:00:45 Terraform init | - Installing hashicorp/kubernetes v2.38.0...
         2025/12/11 11:00:45 Terraform init | - Installed hashicorp/kubernetes v2.38.0 (signed by HashiCorp)
         2025/12/11 11:00:46 Terraform init | - Installing hashicorp/time v0.13.1...
         2025/12/11 11:00:46 Terraform init | - Installed hashicorp/time v0.13.1 (signed by HashiCorp)
         2025/12/11 11:00:47 Terraform init | - Installing ibm-cloud/ibm v1.84.3...
         2025/12/11 11:00:49 Terraform init | - Installed ibm-cloud/ibm v1.84.3 (self-signed, key ID AAD3B791C49CC253)
         2025/12/11 11:00:49 Terraform init | - Installing hashicorp/null v3.2.4...
         2025/12/11 11:00:49 Terraform init | - Installed hashicorp/null v3.2.4 (signed by HashiCorp)
         2025/12/11 11:00:49 Terraform init | - Installing hashicorp/random v3.7.2...
         2025/12/11 11:00:50 Terraform init | - Installed hashicorp/random v3.7.2 (signed by HashiCorp)
         2025/12/11 11:00:50 Terraform init | - Installing mastercard/restapi v2.0.1...
         2025/12/11 11:00:51 Terraform init | - Installed mastercard/restapi v2.0.1 (self-signed, key ID DCB8C431D71C30AB)
         2025/12/11 11:00:51 Terraform init | - Installing scottwinkler/shell v1.7.10...
         2025/12/11 11:00:53 Terraform init | - Installed scottwinkler/shell v1.7.10 (self-signed, key ID 2CAB13AD54B7DF3D)
         2025/12/11 11:00:53 Terraform init | Partner and community providers are signed by their developers.
         2025/12/11 11:00:53 Terraform init | If you'd like to know more about provider signing, you can read about it here:
         2025/12/11 11:00:53 Terraform init | https://developer.hashicorp.com/terraform/cli/plugins/signing
         2025/12/11 11:00:53 Terraform init | Terraform has created a lock file .terraform.lock.hcl to record the provider
         2025/12/11 11:00:53 Terraform init | selections it made above. Include this file in your version control repository
         2025/12/11 11:00:53 Terraform init | so that Terraform can guarantee to make the same selections by default when
         2025/12/11 11:00:53 Terraform init | you run "terraform init" in the future.
         2025/12/11 11:00:53 Terraform init | 
         2025/12/11 11:00:53 Terraform init | Terraform has been successfully initialized!
         2025/12/11 11:00:53 Command finished successfully.
         
         2025/12/11 11:00:53 [1m-----  Terraform PLAN  -----[21m[0m
         
         2025/12/11 11:00:53 [34mStarting command: terraform1.12 plan -input=false -refresh=true -state=terraform.tfstate -var-file=schematics.tfvars -no-color -out=tfplan.binary[39m[0m
         2025/12/11 11:00:53 Starting command: terraform1.12 plan -input=false -refresh=true -state=terraform.tfstate -var-file=schematics.tfvars -no-color -out=tfplan.binary
         2025/12/11 11:00:54 Terraform plan | 
         2025/12/11 11:00:54 Terraform plan | Warning: Deprecated flag: -state
         2025/12/11 11:00:54 Terraform plan | 
         2025/12/11 11:00:54 Terraform plan | Use the "path" attribute within the "local" backend to specify a file for
         2025/12/11 11:00:54 Terraform plan | state storage
         2025/12/11 11:00:54 Terraform plan | 
         2025/12/11 11:00:54 Terraform plan | Error: No value for required variable
         2025/12/11 11:00:54 Terraform plan | 
         2025/12/11 11:00:54 Terraform plan |   on variables.tf line 1:
         2025/12/11 11:00:54 Terraform plan |    1: variable "ibmcloud_api_key" {
         2025/12/11 11:00:54 Terraform plan | 
         2025/12/11 11:00:54 Terraform plan | The root module input variable "ibmcloud_api_key" is not set, and has no
         2025/12/11 11:00:54 Terraform plan | default value. Use a -var or -var-file command line argument to provide a
         2025/12/11 11:00:54 Terraform plan | value for this variable.
         2025/12/11 11:00:54 [1m[31mTerraform PLAN error: Terraform PLAN errorexit status 1[39m[0m
         2025/12/11 11:00:54 [1m[31mCould not execute job: Error : Terraform PLAN errorexit status 1[39m[0m
        
        =============== END PLAN JOB LOG (eu-de.workspace.rag-s-bbr25d-w86.a15f849f) ===============
TestRunBankingSolutionsDA 2025-12-11T16:31:06+05:30 pr_test.go:324: START: Destroy (existing resources)
TestRunBankingSolutionsDA 2025-12-11T16:31:06+05:30 retry.go:91: terraform [destroy -auto-approve -input=false -var prefix=rag-s-bbr25d -var region=us-south -var create_ocp_cluster=true -lock=false]
TestRunBankingSolutionsDA 2025-12-11T16:31:06+05:30 logger.go:67: Running command terraform with args [destroy -auto-approve -input=false -var prefix=rag-s-bbr25d -var region=us-south -var create_ocp_cluster=true -lock=false]
TestRunBankingSolutionsDA 2025-12-11T16:31:09+05:30 logger.go:67: [0m[1mmodule.ocp_base[0].module.cos_instance[0].random_string.bucket_name_suffix[0]: Refreshing state... [id=vxpc][0m
TestRunBankingSolutionsDA 2025-12-11T16:31:10+05:30 logger.go:67: [0m[1mmodule.resource_group.ibm_resource_group.resource_group[0]: Refreshing state... [id=eb25051abc82406fac21424fb9bc3095][0m
TestRunBankingSolutionsDA 2025-12-11T16:31:13+05:30 logger.go:67: [0m[1mibm_resource_instance.cd_instance: Refreshing state... [id=crn:v1:bluemix:public:continuous-delivery:us-south:a/abac0df06b644a9cabc6e44f55b3880e:2f2b0478-8ddd-46f4-8f2f-53da5bd056be::][0m
TestRunBankingSolutionsDA 2025-12-11T16:31:13+05:30 logger.go:67: [0m[1mmodule.ocp_base[0].data.ibm_container_cluster_versions.cluster_versions: Reading...[0m[0m
TestRunBankingSolutionsDA 2025-12-11T16:31:13+05:30 logger.go:67: [0m[1mibm_resource_instance.discovery_instance: Refreshing state... [id=crn:v1:bluemix:public:discovery:us-south:a/abac0df06b644a9cabc6e44f55b3880e:6e6fe9ad-c0b3-4fad-8cca-f4b207092adf::][0m
TestRunBankingSolutionsDA 2025-12-11T16:31:13+05:30 logger.go:67: [0m[1mibm_resource_instance.assistant_instance: Refreshing state... [id=crn:v1:bluemix:public:conversation:us-south:a/abac0df06b644a9cabc6e44f55b3880e:5d304912-4bca-41dc-9089-77f216c05973::][0m
TestRunBankingSolutionsDA 2025-12-11T16:31:13+05:30 logger.go:67: [0m[1mibm_is_vpc.vpc[0]: Refreshing state... [id=r006-8ebe2288-3cff-475c-991c-76259e11b8f6][0m
TestRunBankingSolutionsDA 2025-12-11T16:31:13+05:30 logger.go:67: [0m[1mmodule.ocp_base[0].module.cos_instance[0].ibm_resource_instance.cos_instance[0]: Refreshing state... [id=crn:v1:bluemix:public:cloud-object-storage:global:a/abac0df06b644a9cabc6e44f55b3880e:dfaf5978-7a94-4d8d-a089-07cf5a0b06bb::][0m
TestRunBankingSolutionsDA 2025-12-11T16:31:13+05:30 logger.go:67: [0m[1mibm_resource_instance.machine_learning_instance: Refreshing state... [id=crn:v1:bluemix:public:pm-20:us-south:a/abac0df06b644a9cabc6e44f55b3880e:40726f8a-4e25-48fe-bc46-557df9dc4f14::][0m
TestRunBankingSolutionsDA 2025-12-11T16:31:14+05:30 logger.go:67: [0m[1mmodule.ocp_base[0].data.ibm_container_cluster_versions.cluster_versions: Read complete after 1s [id=2025-12-11 11:01:14.997292 +0000 UTC][0m
TestRunBankingSolutionsDA 2025-12-11T16:31:16+05:30 logger.go:67: [0m[1mibm_cd_toolchain.cd_toolchain_instance: Refreshing state... [id=395c4b98-c82f-4c0a-8734-6eb4755f7fd5][0m
TestRunBankingSolutionsDA 2025-12-11T16:31:17+05:30 logger.go:67: [0m[1mibm_cd_toolchain_tool_pipeline.ci_toolchain_tool_pipeline_instance: Refreshing state... [id=395c4b98-c82f-4c0a-8734-6eb4755f7fd5/4964bcd7-c441-4a6a-bce1-7c7f5f8cba19][0m
TestRunBankingSolutionsDA 2025-12-11T16:31:17+05:30 logger.go:67: [0m[1mibm_cd_toolchain_tool_pipeline.cd_toolchain_tool_pipeline_instance: Refreshing state... [id=395c4b98-c82f-4c0a-8734-6eb4755f7fd5/7f78f846-b5b9-40cf-a3b1-f39422e9b17d][0m
TestRunBankingSolutionsDA 2025-12-11T16:31:18+05:30 logger.go:67: [0m[1mibm_cd_tekton_pipeline.cd_tekton_pipeline_instance: Refreshing state... [id=7f78f846-b5b9-40cf-a3b1-f39422e9b17d][0m
TestRunBankingSolutionsDA 2025-12-11T16:31:18+05:30 logger.go:67: [0m[1mibm_cd_tekton_pipeline.ci_tekton_pipeline_instance: Refreshing state... [id=4964bcd7-c441-4a6a-bce1-7c7f5f8cba19][0m
TestRunBankingSolutionsDA 2025-12-11T16:31:28+05:30 logger.go:67: [0m[1mibm_is_public_gateway.gateway[0]: Refreshing state... [id=r006-7acfa923-4f77-4df0-b1c0-699d10dbcc8b][0m
TestRunBankingSolutionsDA 2025-12-11T16:31:32+05:30 logger.go:67: [0m[1mibm_is_subnet.subnet_zone_1[0]: Refreshing state... [id=0717-4e0f5cc2-0f5a-474a-b1fe-962e2a4f08a6][0m
TestRunBankingSolutionsDA 2025-12-11T16:31:34+05:30 logger.go:67: [0m[1mmodule.ocp_base[0].ibm_container_vpc_cluster.cluster[0]: Refreshing state... [id=d4t9datd0boee8jpjmq0][0m
TestRunBankingSolutionsDA 2025-12-11T16:31:40+05:30 logger.go:67: [0m[1mmodule.ocp_base[0].data.ibm_container_cluster_config.cluster_config[0]: Reading...[0m[0m
TestRunBankingSolutionsDA 2025-12-11T16:31:40+05:30 logger.go:67: [0m[1mmodule.ocp_base[0].data.ibm_container_addons.existing_addons: Reading...[0m[0m
TestRunBankingSolutionsDA 2025-12-11T16:31:40+05:30 logger.go:67: [0m[1mmodule.ocp_base[0].module.worker_pools.ibm_container_vpc_worker_pool.pool["default"]: Refreshing state... [id=d4t9datd0boee8jpjmq0/d4t9datd0boee8jpjmq0-53f6ec8][0m
TestRunBankingSolutionsDA 2025-12-11T16:31:42+05:30 logger.go:67: [0m[1mmodule.ocp_base[0].data.ibm_container_addons.existing_addons: Read complete after 2s [id=d4t9datd0boee8jpjmq0][0m
TestRunBankingSolutionsDA 2025-12-11T16:31:46+05:30 logger.go:67: [0m[1mmodule.ocp_base[0].module.worker_pools.data.ibm_container_vpc_worker_pool.all_pools["default"]: Reading...[0m[0m
TestRunBankingSolutionsDA 2025-12-11T16:31:47+05:30 logger.go:67: [0m[1mmodule.ocp_base[0].module.worker_pools.data.ibm_container_vpc_worker_pool.all_pools["default"]: Read complete after 2s [id=d4t9datd0boee8jpjmq0-53f6ec8][0m
TestRunBankingSolutionsDA 2025-12-11T16:31:50+05:30 logger.go:67: [0m[1mmodule.ocp_base[0].data.ibm_container_cluster_config.cluster_config[0]: Read complete after 10s [id=d4t9datd0boee8jpjmq0][0m
TestRunBankingSolutionsDA 2025-12-11T16:31:50+05:30 logger.go:67: [0m[1mmodule.ocp_base[0].null_resource.confirm_network_healthy[0]: Refreshing state... [id=1703417246780694034][0m
TestRunBankingSolutionsDA 2025-12-11T16:31:50+05:30 logger.go:67: [0m[1mmodule.ocp_base[0].ibm_container_addons.addons: Refreshing state... [id=d4t9datd0boee8jpjmq0][0m
TestRunBankingSolutionsDA 2025-12-11T16:31:54+05:30 logger.go:67: 
TestRunBankingSolutionsDA 2025-12-11T16:31:54+05:30 logger.go:67: Terraform used the selected providers to generate the following execution
TestRunBankingSolutionsDA 2025-12-11T16:31:54+05:30 logger.go:67: plan. Resource actions are indicated with the following symbols:
TestRunBankingSolutionsDA 2025-12-11T16:31:54+05:30 logger.go:67:   [31m-[0m destroy[0m
TestRunBankingSolutionsDA 2025-12-11T16:31:54+05:30 logger.go:67: 
TestRunBankingSolutionsDA 2025-12-11T16:31:54+05:30 logger.go:67: Terraform will perform the following actions:
TestRunBankingSolutionsDA 2025-12-11T16:31:54+05:30 logger.go:67: 
TestRunBankingSolutionsDA 2025-12-11T16:31:54+05:30 logger.go:67: [1m  # ibm_cd_tekton_pipeline.cd_tekton_pipeline_instance[0m will be [1m[31mdestroyed[0m
TestRunBankingSolutionsDA 2025-12-11T16:31:54+05:30 logger.go:67: [0m  [31m-[0m[0m resource "ibm_cd_tekton_pipeline" "cd_tekton_pipeline_instance" {
TestRunBankingSolutionsDA 2025-12-11T16:31:54+05:30 logger.go:67:       [31m-[0m[0m build_number           = 0 [90m-> null[0m[0m
TestRunBankingSolutionsDA 2025-12-11T16:31:54+05:30 logger.go:67:       [31m-[0m[0m created_at             = "2025-12-11T10:01:31.534Z" [90m-> null[0m[0m
TestRunBankingSolutionsDA 2025-12-11T16:31:54+05:30 logger.go:67:       [31m-[0m[0m definitions            = [] [90m-> null[0m[0m
TestRunBankingSolutionsDA 2025-12-11T16:31:54+05:30 logger.go:67:       [31m-[0m[0m enable_notifications   = false [90m-> null[0m[0m
TestRunBankingSolutionsDA 2025-12-11T16:31:54+05:30 logger.go:67:       [31m-[0m[0m enable_partial_cloning = false [90m-> null[0m[0m
TestRunBankingSolutionsDA 2025-12-11T16:31:54+05:30 logger.go:67:       [31m-[0m[0m enabled                = true [90m-> null[0m[0m
TestRunBankingSolutionsDA 2025-12-11T16:31:54+05:30 logger.go:67:       [31m-[0m[0m href                   = "https://api.us-south.devops.cloud.ibm.com/pipeline/v2/tekton_pipelines/7f78f846-b5b9-40cf-a3b1-f39422e9b17d" [90m-> null[0m[0m
TestRunBankingSolutionsDA 2025-12-11T16:31:54+05:30 logger.go:67:       [31m-[0m[0m id                     = "7f78f846-b5b9-40cf-a3b1-f39422e9b17d" [90m-> null[0m[0m
TestRunBankingSolutionsDA 2025-12-11T16:31:54+05:30 logger.go:67:       [31m-[0m[0m name                   = "rag-s-bbr25d-pipeline-cd-01" [90m-> null[0m[0m
TestRunBankingSolutionsDA 2025-12-11T16:31:54+05:30 logger.go:67:       [31m-[0m[0m pipeline_id            = "7f78f846-b5b9-40cf-a3b1-f39422e9b17d" [90m-> null[0m[0m
TestRunBankingSolutionsDA 2025-12-11T16:31:54+05:30 logger.go:67:       [31m-[0m[0m properties             = [] [90m-> null[0m[0m
TestRunBankingSolutionsDA 2025-12-11T16:31:54+05:30 logger.go:67:       [31m-[0m[0m resource_group         = [
TestRunBankingSolutionsDA 2025-12-11T16:31:54+05:30 logger.go:67:           [31m-[0m[0m {
TestRunBankingSolutionsDA 2025-12-11T16:31:54+05:30 logger.go:67:               [31m-[0m[0m id = "eb25051abc82406fac21424fb9bc3095"
TestRunBankingSolutionsDA 2025-12-11T16:31:54+05:30 logger.go:67:             },
TestRunBankingSolutionsDA 2025-12-11T16:31:54+05:30 logger.go:67:         ] [90m-> null[0m[0m
TestRunBankingSolutionsDA 2025-12-11T16:31:54+05:30 logger.go:67:       [31m-[0m[0m runs_url               = "https://cloud.ibm.com/devops/pipelines/tekton/7f78f846-b5b9-40cf-a3b1-f39422e9b17d?env_id=ibm:yp:us-south" [90m-> null[0m[0m
TestRunBankingSolutionsDA 2025-12-11T16:31:54+05:30 logger.go:67:       [31m-[0m[0m status                 = "configured" [90m-> null[0m[0m
TestRunBankingSolutionsDA 2025-12-11T16:31:54+05:30 logger.go:67:       [31m-[0m[0m toolchain              = [
TestRunBankingSolutionsDA 2025-12-11T16:31:54+05:30 logger.go:67:           [31m-[0m[0m {
TestRunBankingSolutionsDA 2025-12-11T16:31:54+05:30 logger.go:67:               [31m-[0m[0m crn = "crn:v1:bluemix:public:toolchain:us-south:a/abac0df06b644a9cabc6e44f55b3880e:395c4b98-c82f-4c0a-8734-6eb4755f7fd5::"
TestRunBankingSolutionsDA 2025-12-11T16:31:54+05:30 logger.go:67:               [31m-[0m[0m id  = "395c4b98-c82f-4c0a-8734-6eb4755f7fd5"
TestRunBankingSolutionsDA 2025-12-11T16:31:54+05:30 logger.go:67:             },
TestRunBankingSolutionsDA 2025-12-11T16:31:54+05:30 logger.go:67:         ] [90m-> null[0m[0m
TestRunBankingSolutionsDA 2025-12-11T16:31:54+05:30 logger.go:67:       [31m-[0m[0m triggers               = [] [90m-> null[0m[0m
TestRunBankingSolutionsDA 2025-12-11T16:31:54+05:30 logger.go:67:       [31m-[0m[0m updated_at             = "2025-12-11T10:01:34.291Z" [90m-> null[0m[0m
TestRunBankingSolutionsDA 2025-12-11T16:31:54+05:30 logger.go:67: 
TestRunBankingSolutionsDA 2025-12-11T16:31:54+05:30 logger.go:67:       [31m-[0m[0m worker {
TestRunBankingSolutionsDA 2025-12-11T16:31:54+05:30 logger.go:67:           [31m-[0m[0m id   = "public" [90m-> null[0m[0m
TestRunBankingSolutionsDA 2025-12-11T16:31:54+05:30 logger.go:67:           [31m-[0m[0m name = "IBM Managed workers in DALLAS" [90m-> null[0m[0m
TestRunBankingSolutionsDA 2025-12-11T16:31:54+05:30 logger.go:67:           [31m-[0m[0m type = "public" [90m-> null[0m[0m
TestRunBankingSolutionsDA 2025-12-11T16:31:54+05:30 logger.go:67:         }
TestRunBankingSolutionsDA 2025-12-11T16:31:54+05:30 logger.go:67:     }
TestRunBankingSolutionsDA 2025-12-11T16:31:54+05:30 logger.go:67: 
TestRunBankingSolutionsDA 2025-12-11T16:31:54+05:30 logger.go:67: [1m  # ibm_cd_tekton_pipeline.ci_tekton_pipeline_instance[0m will be [1m[31mdestroyed[0m
TestRunBankingSolutionsDA 2025-12-11T16:31:54+05:30 logger.go:67: [0m  [31m-[0m[0m resource "ibm_cd_tekton_pipeline" "ci_tekton_pipeline_instance" {
TestRunBankingSolutionsDA 2025-12-11T16:31:54+05:30 logger.go:67:       [31m-[0m[0m build_number           = 0 [90m-> null[0m[0m
TestRunBankingSolutionsDA 2025-12-11T16:31:54+05:30 logger.go:67:       [31m-[0m[0m created_at             = "2025-12-11T10:01:31.654Z" [90m-> null[0m[0m
TestRunBankingSolutionsDA 2025-12-11T16:31:54+05:30 logger.go:67:       [31m-[0m[0m definitions            = [] [90m-> null[0m[0m
TestRunBankingSolutionsDA 2025-12-11T16:31:54+05:30 logger.go:67:       [31m-[0m[0m enable_notifications   = false [90m-> null[0m[0m
TestRunBankingSolutionsDA 2025-12-11T16:31:54+05:30 logger.go:67:       [31m-[0m[0m enable_partial_cloning = false [90m-> null[0m[0m
TestRunBankingSolutionsDA 2025-12-11T16:31:54+05:30 logger.go:67:       [31m-[0m[0m enabled                = true [90m-> null[0m[0m
TestRunBankingSolutionsDA 2025-12-11T16:31:54+05:30 logger.go:67:       [31m-[0m[0m href                   = "https://api.us-south.devops.cloud.ibm.com/pipeline/v2/tekton_pipelines/4964bcd7-c441-4a6a-bce1-7c7f5f8cba19" [90m-> null[0m[0m
TestRunBankingSolutionsDA 2025-12-11T16:31:54+05:30 logger.go:67:       [31m-[0m[0m id                     = "4964bcd7-c441-4a6a-bce1-7c7f5f8cba19" [90m-> null[0m[0m
TestRunBankingSolutionsDA 2025-12-11T16:31:54+05:30 logger.go:67:       [31m-[0m[0m name                   = "rag-s-bbr25d-pipeline-ci-01" [90m-> null[0m[0m
TestRunBankingSolutionsDA 2025-12-11T16:31:54+05:30 logger.go:67:       [31m-[0m[0m pipeline_id            = "4964bcd7-c441-4a6a-bce1-7c7f5f8cba19" [90m-> null[0m[0m
TestRunBankingSolutionsDA 2025-12-11T16:31:54+05:30 logger.go:67:       [31m-[0m[0m properties             = [] [90m-> null[0m[0m
TestRunBankingSolutionsDA 2025-12-11T16:31:54+05:30 logger.go:67:       [31m-[0m[0m resource_group         = [
TestRunBankingSolutionsDA 2025-12-11T16:31:54+05:30 logger.go:67:           [31m-[0m[0m {
TestRunBankingSolutionsDA 2025-12-11T16:31:54+05:30 logger.go:67:               [31m-[0m[0m id = "eb25051abc82406fac21424fb9bc3095"
TestRunBankingSolutionsDA 2025-12-11T16:31:54+05:30 logger.go:67:             },
TestRunBankingSolutionsDA 2025-12-11T16:31:54+05:30 logger.go:67:         ] [90m-> null[0m[0m
TestRunBankingSolutionsDA 2025-12-11T16:31:54+05:30 logger.go:67:       [31m-[0m[0m runs_url               = "https://cloud.ibm.com/devops/pipelines/tekton/4964bcd7-c441-4a6a-bce1-7c7f5f8cba19?env_id=ibm:yp:us-south" [90m-> null[0m[0m
TestRunBankingSolutionsDA 2025-12-11T16:31:54+05:30 logger.go:67:       [31m-[0m[0m status                 = "configured" [90m-> null[0m[0m
TestRunBankingSolutionsDA 2025-12-11T16:31:54+05:30 logger.go:67:       [31m-[0m[0m toolchain              = [
TestRunBankingSolutionsDA 2025-12-11T16:31:54+05:30 logger.go:67:           [31m-[0m[0m {
TestRunBankingSolutionsDA 2025-12-11T16:31:54+05:30 logger.go:67:               [31m-[0m[0m crn = "crn:v1:bluemix:public:toolchain:us-south:a/abac0df06b644a9cabc6e44f55b3880e:395c4b98-c82f-4c0a-8734-6eb4755f7fd5::"
TestRunBankingSolutionsDA 2025-12-11T16:31:54+05:30 logger.go:67:               [31m-[0m[0m id  = "395c4b98-c82f-4c0a-8734-6eb4755f7fd5"
TestRunBankingSolutionsDA 2025-12-11T16:31:54+05:30 logger.go:67:             },
TestRunBankingSolutionsDA 2025-12-11T16:31:54+05:30 logger.go:67:         ] [90m-> null[0m[0m
TestRunBankingSolutionsDA 2025-12-11T16:31:54+05:30 logger.go:67:       [31m-[0m[0m triggers               = [] [90m-> null[0m[0m
TestRunBankingSolutionsDA 2025-12-11T16:31:54+05:30 logger.go:67:       [31m-[0m[0m updated_at             = "2025-12-11T10:01:34.269Z" [90m-> null[0m[0m
TestRunBankingSolutionsDA 2025-12-11T16:31:54+05:30 logger.go:67: 
TestRunBankingSolutionsDA 2025-12-11T16:31:54+05:30 logger.go:67:       [31m-[0m[0m worker {
TestRunBankingSolutionsDA 2025-12-11T16:31:54+05:30 logger.go:67:           [31m-[0m[0m id   = "public" [90m-> null[0m[0m
TestRunBankingSolutionsDA 2025-12-11T16:31:54+05:30 logger.go:67:           [31m-[0m[0m name = "IBM Managed workers in DALLAS" [90m-> null[0m[0m
TestRunBankingSolutionsDA 2025-12-11T16:31:54+05:30 logger.go:67:           [31m-[0m[0m type = "public" [90m-> null[0m[0m
TestRunBankingSolutionsDA 2025-12-11T16:31:54+05:30 logger.go:67:         }
TestRunBankingSolutionsDA 2025-12-11T16:31:54+05:30 logger.go:67:     }
TestRunBankingSolutionsDA 2025-12-11T16:31:54+05:30 logger.go:67: 
TestRunBankingSolutionsDA 2025-12-11T16:31:54+05:30 logger.go:67: [1m  # ibm_cd_toolchain.cd_toolchain_instance[0m will be [1m[31mdestroyed[0m
TestRunBankingSolutionsDA 2025-12-11T16:31:54+05:30 logger.go:67: [0m  [31m-[0m[0m resource "ibm_cd_toolchain" "cd_toolchain_instance" {
TestRunBankingSolutionsDA 2025-12-11T16:31:54+05:30 logger.go:67:       [31m-[0m[0m account_id        = "abac0df06b644a9cabc6e44f55b3880e" [90m-> null[0m[0m
TestRunBankingSolutionsDA 2025-12-11T16:31:54+05:30 logger.go:67:       [31m-[0m[0m created_at        = "2025-12-11T10:01:30.140Z" [90m-> null[0m[0m
TestRunBankingSolutionsDA 2025-12-11T16:31:54+05:30 logger.go:67:       [31m-[0m[0m created_by        = "IBMid-69100165KL" [90m-> null[0m[0m
TestRunBankingSolutionsDA 2025-12-11T16:31:54+05:30 logger.go:67:       [31m-[0m[0m crn               = "crn:v1:bluemix:public:toolchain:us-south:a/abac0df06b644a9cabc6e44f55b3880e:395c4b98-c82f-4c0a-8734-6eb4755f7fd5::" [90m-> null[0m[0m
TestRunBankingSolutionsDA 2025-12-11T16:31:54+05:30 logger.go:67:       [31m-[0m[0m href              = "https://api.us-south.devops.cloud.ibm.com/toolchain/v2/toolchains/395c4b98-c82f-4c0a-8734-6eb4755f7fd5" [90m-> null[0m[0m
TestRunBankingSolutionsDA 2025-12-11T16:31:54+05:30 logger.go:67:       [31m-[0m[0m id                = "395c4b98-c82f-4c0a-8734-6eb4755f7fd5" [90m-> null[0m[0m
TestRunBankingSolutionsDA 2025-12-11T16:31:54+05:30 logger.go:67:       [31m-[0m[0m location          = "us-south" [90m-> null[0m[0m
TestRunBankingSolutionsDA 2025-12-11T16:31:54+05:30 logger.go:67:       [31m-[0m[0m name              = "rag-s-bbr25d-toolchain-instance" [90m-> null[0m[0m
TestRunBankingSolutionsDA 2025-12-11T16:31:54+05:30 logger.go:67:       [31m-[0m[0m resource_group_id = "eb25051abc82406fac21424fb9bc3095" [90m-> null[0m[0m
TestRunBankingSolutionsDA 2025-12-11T16:31:54+05:30 logger.go:67:       [31m-[0m[0m tags              = [] [90m-> null[0m[0m
TestRunBankingSolutionsDA 2025-12-11T16:31:54+05:30 logger.go:67:       [31m-[0m[0m ui_href           = "https://cloud.ibm.com/devops/toolchains/395c4b98-c82f-4c0a-8734-6eb4755f7fd5?env_id=ibm:yp:us-south" [90m-> null[0m[0m
TestRunBankingSolutionsDA 2025-12-11T16:31:54+05:30 logger.go:67:       [31m-[0m[0m updated_at        = "2025-12-11T10:01:30.140Z" [90m-> null[0m[0m
TestRunBankingSolutionsDA 2025-12-11T16:31:54+05:30 logger.go:67:         [90m# (1 unchanged attribute hidden)[0m[0m
TestRunBankingSolutionsDA 2025-12-11T16:31:54+05:30 logger.go:67:     }
TestRunBankingSolutionsDA 2025-12-11T16:31:54+05:30 logger.go:67: 
TestRunBankingSolutionsDA 2025-12-11T16:31:54+05:30 logger.go:67: [1m  # ibm_cd_toolchain_tool_pipeline.cd_toolchain_tool_pipeline_instance[0m will be [1m[31mdestroyed[0m
TestRunBankingSolutionsDA 2025-12-11T16:31:54+05:30 logger.go:67: [0m  [31m-[0m[0m resource "ibm_cd_toolchain_tool_pipeline" "cd_toolchain_tool_pipeline_instance" {
TestRunBankingSolutionsDA 2025-12-11T16:31:54+05:30 logger.go:67:       [31m-[0m[0m crn               = "crn:v1:bluemix:public:toolchain:us-south:a/abac0df06b644a9cabc6e44f55b3880e:395c4b98-c82f-4c0a-8734-6eb4755f7fd5:tool:7f78f846-b5b9-40cf-a3b1-f39422e9b17d" [90m-> null[0m[0m
TestRunBankingSolutionsDA 2025-12-11T16:31:54+05:30 logger.go:67:       [31m-[0m[0m href              = "https://api.us-south.devops.cloud.ibm.com/toolchain/v2/toolchains/395c4b98-c82f-4c0a-8734-6eb4755f7fd5/tools/7f78f846-b5b9-40cf-a3b1-f39422e9b17d" [90m-> null[0m[0m
TestRunBankingSolutionsDA 2025-12-11T16:31:54+05:30 logger.go:67:       [31m-[0m[0m id                = "395c4b98-c82f-4c0a-8734-6eb4755f7fd5/7f78f846-b5b9-40cf-a3b1-f39422e9b17d" [90m-> null[0m[0m
TestRunBankingSolutionsDA 2025-12-11T16:31:54+05:30 logger.go:67:       [31m-[0m[0m referent          = [
TestRunBankingSolutionsDA 2025-12-11T16:31:54+05:30 logger.go:67:           [31m-[0m[0m {
TestRunBankingSolutionsDA 2025-12-11T16:31:54+05:30 logger.go:67:               [31m-[0m[0m ui_href  = "https://cloud.ibm.com/devops/pipelines/tekton/7f78f846-b5b9-40cf-a3b1-f39422e9b17d?env_id=ibm%3Ayp%3Aus-south"
TestRunBankingSolutionsDA 2025-12-11T16:31:54+05:30 logger.go:67:                 [90m# (1 unchanged attribute hidden)[0m[0m
TestRunBankingSolutionsDA 2025-12-11T16:31:54+05:30 logger.go:67:             },
TestRunBankingSolutionsDA 2025-12-11T16:31:54+05:30 logger.go:67:         ] [90m-> null[0m[0m
TestRunBankingSolutionsDA 2025-12-11T16:31:54+05:30 logger.go:67:       [31m-[0m[0m resource_group_id = "eb25051abc82406fac21424fb9bc3095" [90m-> null[0m[0m
TestRunBankingSolutionsDA 2025-12-11T16:31:54+05:30 logger.go:67:       [31m-[0m[0m state             = "configured" [90m-> null[0m[0m
TestRunBankingSolutionsDA 2025-12-11T16:31:54+05:30 logger.go:67:       [31m-[0m[0m tool_id           = "7f78f846-b5b9-40cf-a3b1-f39422e9b17d" [90m-> null[0m[0m
TestRunBankingSolutionsDA 2025-12-11T16:31:54+05:30 logger.go:67:       [31m-[0m[0m toolchain_crn     = "crn:v1:bluemix:public:toolchain:us-south:a/abac0df06b644a9cabc6e44f55b3880e:395c4b98-c82f-4c0a-8734-6eb4755f7fd5::" [90m-> null[0m[0m
TestRunBankingSolutionsDA 2025-12-11T16:31:54+05:30 logger.go:67:       [31m-[0m[0m toolchain_id      = "395c4b98-c82f-4c0a-8734-6eb4755f7fd5" [90m-> null[0m[0m
TestRunBankingSolutionsDA 2025-12-11T16:31:54+05:30 logger.go:67:       [31m-[0m[0m updated_at        = "2025-12-11T10:01:31.635Z" [90m-> null[0m[0m
TestRunBankingSolutionsDA 2025-12-11T16:31:54+05:30 logger.go:67: 
TestRunBankingSolutionsDA 2025-12-11T16:31:54+05:30 logger.go:67:       [31m-[0m[0m parameters {
TestRunBankingSolutionsDA 2025-12-11T16:31:54+05:30 logger.go:67:           [31m-[0m[0m name = "rag-s-bbr25d-pipeline-cd-01" [90m-> null[0m[0m
TestRunBankingSolutionsDA 2025-12-11T16:31:54+05:30 logger.go:67:         }
TestRunBankingSolutionsDA 2025-12-11T16:31:54+05:30 logger.go:67:     }
TestRunBankingSolutionsDA 2025-12-11T16:31:54+05:30 logger.go:67: 
TestRunBankingSolutionsDA 2025-12-11T16:31:54+05:30 logger.go:67: [1m  # ibm_cd_toolchain_tool_pipeline.ci_toolchain_tool_pipeline_instance[0m will be [1m[31mdestroyed[0m
TestRunBankingSolutionsDA 2025-12-11T16:31:54+05:30 logger.go:67: [0m  [31m-[0m[0m resource "ibm_cd_toolchain_tool_pipeline" "ci_toolchain_tool_pipeline_instance" {
TestRunBankingSolutionsDA 2025-12-11T16:31:54+05:30 logger.go:67:       [31m-[0m[0m crn               = "crn:v1:bluemix:public:toolchain:us-south:a/abac0df06b644a9cabc6e44f55b3880e:395c4b98-c82f-4c0a-8734-6eb4755f7fd5:tool:4964bcd7-c441-4a6a-bce1-7c7f5f8cba19" [90m-> null[0m[0m
TestRunBankingSolutionsDA 2025-12-11T16:31:54+05:30 logger.go:67:       [31m-[0m[0m href              = "https://api.us-south.devops.cloud.ibm.com/toolchain/v2/toolchains/395c4b98-c82f-4c0a-8734-6eb4755f7fd5/tools/4964bcd7-c441-4a6a-bce1-7c7f5f8cba19" [90m-> null[0m[0m
TestRunBankingSolutionsDA 2025-12-11T16:31:54+05:30 logger.go:67:       [31m-[0m[0m id                = "395c4b98-c82f-4c0a-8734-6eb4755f7fd5/4964bcd7-c441-4a6a-bce1-7c7f5f8cba19" [90m-> null[0m[0m
TestRunBankingSolutionsDA 2025-12-11T16:31:54+05:30 logger.go:67:       [31m-[0m[0m referent          = [
TestRunBankingSolutionsDA 2025-12-11T16:31:54+05:30 logger.go:67:           [31m-[0m[0m {
TestRunBankingSolutionsDA 2025-12-11T16:31:54+05:30 logger.go:67:               [31m-[0m[0m ui_href  = "https://cloud.ibm.com/devops/pipelines/tekton/4964bcd7-c441-4a6a-bce1-7c7f5f8cba19?env_id=ibm%3Ayp%3Aus-south"
TestRunBankingSolutionsDA 2025-12-11T16:31:54+05:30 logger.go:67:                 [90m# (1 unchanged attribute hidden)[0m[0m
TestRunBankingSolutionsDA 2025-12-11T16:31:54+05:30 logger.go:67:             },
TestRunBankingSolutionsDA 2025-12-11T16:31:54+05:30 logger.go:67:         ] [90m-> null[0m[0m
TestRunBankingSolutionsDA 2025-12-11T16:31:54+05:30 logger.go:67:       [31m-[0m[0m resource_group_id = "eb25051abc82406fac21424fb9bc3095" [90m-> null[0m[0m
TestRunBankingSolutionsDA 2025-12-11T16:31:54+05:30 logger.go:67:       [31m-[0m[0m state             = "configured" [90m-> null[0m[0m
TestRunBankingSolutionsDA 2025-12-11T16:31:54+05:30 logger.go:67:       [31m-[0m[0m tool_id           = "4964bcd7-c441-4a6a-bce1-7c7f5f8cba19" [90m-> null[0m[0m
TestRunBankingSolutionsDA 2025-12-11T16:31:54+05:30 logger.go:67:       [31m-[0m[0m toolchain_crn     = "crn:v1:bluemix:public:toolchain:us-south:a/abac0df06b644a9cabc6e44f55b3880e:395c4b98-c82f-4c0a-8734-6eb4755f7fd5::" [90m-> null[0m[0m
TestRunBankingSolutionsDA 2025-12-11T16:31:54+05:30 logger.go:67:       [31m-[0m[0m toolchain_id      = "395c4b98-c82f-4c0a-8734-6eb4755f7fd5" [90m-> null[0m[0m
TestRunBankingSolutionsDA 2025-12-11T16:31:54+05:30 logger.go:67:       [31m-[0m[0m updated_at        = "2025-12-11T10:01:31.740Z" [90m-> null[0m[0m
TestRunBankingSolutionsDA 2025-12-11T16:31:54+05:30 logger.go:67: 
TestRunBankingSolutionsDA 2025-12-11T16:31:54+05:30 logger.go:67:       [31m-[0m[0m parameters {
TestRunBankingSolutionsDA 2025-12-11T16:31:54+05:30 logger.go:67:           [31m-[0m[0m name = "rag-s-bbr25d-pipeline-ci-01" [90m-> null[0m[0m
TestRunBankingSolutionsDA 2025-12-11T16:31:54+05:30 logger.go:67:         }
TestRunBankingSolutionsDA 2025-12-11T16:31:54+05:30 logger.go:67:     }
TestRunBankingSolutionsDA 2025-12-11T16:31:54+05:30 logger.go:67: 
TestRunBankingSolutionsDA 2025-12-11T16:31:54+05:30 logger.go:67: [1m  # ibm_is_public_gateway.gateway[0][0m will be [1m[31mdestroyed[0m
TestRunBankingSolutionsDA 2025-12-11T16:31:54+05:30 logger.go:67: [0m  [31m-[0m[0m resource "ibm_is_public_gateway" "gateway" {
TestRunBankingSolutionsDA 2025-12-11T16:31:54+05:30 logger.go:67:       [31m-[0m[0m access_tags             = [] [90m-> null[0m[0m
TestRunBankingSolutionsDA 2025-12-11T16:31:54+05:30 logger.go:67:       [31m-[0m[0m crn                     = "crn:v1:bluemix:public:is:us-south-1:a/abac0df06b644a9cabc6e44f55b3880e::public-gateway:r006-7acfa923-4f77-4df0-b1c0-699d10dbcc8b" [90m-> null[0m[0m
TestRunBankingSolutionsDA 2025-12-11T16:31:54+05:30 logger.go:67:       [31m-[0m[0m floating_ip             = {
TestRunBankingSolutionsDA 2025-12-11T16:31:54+05:30 logger.go:67:           [31m-[0m[0m "address" = "52.116.138.157"
TestRunBankingSolutionsDA 2025-12-11T16:31:54+05:30 logger.go:67:           [31m-[0m[0m "id"      = "r006-983de0b3-9661-4285-ba2f-8a0362dcc25f"
TestRunBankingSolutionsDA 2025-12-11T16:31:54+05:30 logger.go:67:         } [90m-> null[0m[0m
TestRunBankingSolutionsDA 2025-12-11T16:31:54+05:30 logger.go:67:       [31m-[0m[0m id                      = "r006-7acfa923-4f77-4df0-b1c0-699d10dbcc8b" [90m-> null[0m[0m
TestRunBankingSolutionsDA 2025-12-11T16:31:54+05:30 logger.go:67:       [31m-[0m[0m name                    = "rag-s-bbr25d-gateway-1" [90m-> null[0m[0m
TestRunBankingSolutionsDA 2025-12-11T16:31:54+05:30 logger.go:67:       [31m-[0m[0m resource_controller_url = "https://cloud.ibm.com/vpc-ext/network/publicGateways" [90m-> null[0m[0m
TestRunBankingSolutionsDA 2025-12-11T16:31:54+05:30 logger.go:67:       [31m-[0m[0m resource_crn            = "crn:v1:bluemix:public:is:us-south-1:a/abac0df06b644a9cabc6e44f55b3880e::public-gateway:r006-7acfa923-4f77-4df0-b1c0-699d10dbcc8b" [90m-> null[0m[0m
TestRunBankingSolutionsDA 2025-12-11T16:31:54+05:30 logger.go:67:       [31m-[0m[0m resource_group          = "eb25051abc82406fac21424fb9bc3095" [90m-> null[0m[0m
TestRunBankingSolutionsDA 2025-12-11T16:31:54+05:30 logger.go:67:       [31m-[0m[0m resource_group_name     = "rag-s-bbr25d-resource-group" [90m-> null[0m[0m
TestRunBankingSolutionsDA 2025-12-11T16:31:54+05:30 logger.go:67:       [31m-[0m[0m resource_name           = "rag-s-bbr25d-gateway-1" [90m-> null[0m[0m
TestRunBankingSolutionsDA 2025-12-11T16:31:54+05:30 logger.go:67:       [31m-[0m[0m resource_status         = "available" [90m-> null[0m[0m
TestRunBankingSolutionsDA 2025-12-11T16:31:54+05:30 logger.go:67:       [31m-[0m[0m status                  = "available" [90m-> null[0m[0m
TestRunBankingSolutionsDA 2025-12-11T16:31:54+05:30 logger.go:67:       [31m-[0m[0m tags                    = [] [90m-> null[0m[0m
TestRunBankingSolutionsDA 2025-12-11T16:31:54+05:30 logger.go:67:       [31m-[0m[0m vpc                     = "r006-8ebe2288-3cff-475c-991c-76259e11b8f6" [90m-> null[0m[0m
TestRunBankingSolutionsDA 2025-12-11T16:31:54+05:30 logger.go:67:       [31m-[0m[0m zone                    = "us-south-1" [90m-> null[0m[0m
TestRunBankingSolutionsDA 2025-12-11T16:31:54+05:30 logger.go:67:     }
TestRunBankingSolutionsDA 2025-12-11T16:31:54+05:30 logger.go:67: 
TestRunBankingSolutionsDA 2025-12-11T16:31:54+05:30 logger.go:67: [1m  # ibm_is_subnet.subnet_zone_1[0][0m will be [1m[31mdestroyed[0m
TestRunBankingSolutionsDA 2025-12-11T16:31:54+05:30 logger.go:67: [0m  [31m-[0m[0m resource "ibm_is_subnet" "subnet_zone_1" {
TestRunBankingSolutionsDA 2025-12-11T16:31:54+05:30 logger.go:67:       [31m-[0m[0m access_tags                  = [] [90m-> null[0m[0m
TestRunBankingSolutionsDA 2025-12-11T16:31:54+05:30 logger.go:67:       [31m-[0m[0m available_ipv4_address_count = 241 [90m-> null[0m[0m
TestRunBankingSolutionsDA 2025-12-11T16:31:54+05:30 logger.go:67:       [31m-[0m[0m crn                          = "crn:v1:bluemix:public:is:us-south-1:a/abac0df06b644a9cabc6e44f55b3880e::subnet:0717-4e0f5cc2-0f5a-474a-b1fe-962e2a4f08a6" [90m-> null[0m[0m
TestRunBankingSolutionsDA 2025-12-11T16:31:54+05:30 logger.go:67:       [31m-[0m[0m id                           = "0717-4e0f5cc2-0f5a-474a-b1fe-962e2a4f08a6" [90m-> null[0m[0m
TestRunBankingSolutionsDA 2025-12-11T16:31:54+05:30 logger.go:67:       [31m-[0m[0m ip_version                   = "ipv4" [90m-> null[0m[0m
TestRunBankingSolutionsDA 2025-12-11T16:31:54+05:30 logger.go:67:       [31m-[0m[0m ipv4_cidr_block              = "10.240.0.0/24" [90m-> null[0m[0m
TestRunBankingSolutionsDA 2025-12-11T16:31:54+05:30 logger.go:67:       [31m-[0m[0m name                         = "rag-s-bbr25d-subnet-1" [90m-> null[0m[0m
TestRunBankingSolutionsDA 2025-12-11T16:31:54+05:30 logger.go:67:       [31m-[0m[0m network_acl                  = "r006-28c90d40-317e-4bb2-b34d-052d0ae2b559" [90m-> null[0m[0m
TestRunBankingSolutionsDA 2025-12-11T16:31:54+05:30 logger.go:67:       [31m-[0m[0m public_gateway               = "r006-7acfa923-4f77-4df0-b1c0-699d10dbcc8b" [90m-> null[0m[0m
TestRunBankingSolutionsDA 2025-12-11T16:31:54+05:30 logger.go:67:       [31m-[0m[0m resource_controller_url      = "https://cloud.ibm.com/vpc-ext/network/subnets" [90m-> null[0m[0m
TestRunBankingSolutionsDA 2025-12-11T16:31:54+05:30 logger.go:67:       [31m-[0m[0m resource_crn                 = "crn:v1:bluemix:public:is:us-south-1:a/abac0df06b644a9cabc6e44f55b3880e::subnet:0717-4e0f5cc2-0f5a-474a-b1fe-962e2a4f08a6" [90m-> null[0m[0m
TestRunBankingSolutionsDA 2025-12-11T16:31:54+05:30 logger.go:67:       [31m-[0m[0m resource_group               = "eb25051abc82406fac21424fb9bc3095" [90m-> null[0m[0m
TestRunBankingSolutionsDA 2025-12-11T16:31:54+05:30 logger.go:67:       [31m-[0m[0m resource_group_name          = "rag-s-bbr25d-resource-group" [90m-> null[0m[0m
TestRunBankingSolutionsDA 2025-12-11T16:31:54+05:30 logger.go:67:       [31m-[0m[0m resource_name                = "rag-s-bbr25d-subnet-1" [90m-> null[0m[0m
TestRunBankingSolutionsDA 2025-12-11T16:31:54+05:30 logger.go:67:       [31m-[0m[0m resource_status              = "available" [90m-> null[0m[0m
TestRunBankingSolutionsDA 2025-12-11T16:31:54+05:30 logger.go:67:       [31m-[0m[0m routing_table                = "r006-e1c9660f-46c8-4a8b-b633-15fd6d546455" [90m-> null[0m[0m
TestRunBankingSolutionsDA 2025-12-11T16:31:54+05:30 logger.go:67:       [31m-[0m[0m routing_table_crn            = "crn:v1:bluemix:public:is:us-south:a/abac0df06b644a9cabc6e44f55b3880e::vpc-routing-table:r006-8ebe2288-3cff-475c-991c-76259e11b8f6/r006-e1c9660f-46c8-4a8b-b633-15fd6d546455" [90m-> null[0m[0m
TestRunBankingSolutionsDA 2025-12-11T16:31:54+05:30 logger.go:67:       [31m-[0m[0m status                       = "available" [90m-> null[0m[0m
TestRunBankingSolutionsDA 2025-12-11T16:31:54+05:30 logger.go:67:       [31m-[0m[0m tags                         = [] [90m-> null[0m[0m
TestRunBankingSolutionsDA 2025-12-11T16:31:54+05:30 logger.go:67:       [31m-[0m[0m total_ipv4_address_count     = 256 [90m-> null[0m[0m
TestRunBankingSolutionsDA 2025-12-11T16:31:54+05:30 logger.go:67:       [31m-[0m[0m vpc                          = "r006-8ebe2288-3cff-475c-991c-76259e11b8f6" [90m-> null[0m[0m
TestRunBankingSolutionsDA 2025-12-11T16:31:54+05:30 logger.go:67:       [31m-[0m[0m zone                         = "us-south-1" [90m-> null[0m[0m
TestRunBankingSolutionsDA 2025-12-11T16:31:54+05:30 logger.go:67:     }
TestRunBankingSolutionsDA 2025-12-11T16:31:54+05:30 logger.go:67: 
TestRunBankingSolutionsDA 2025-12-11T16:31:54+05:30 logger.go:67: [1m  # ibm_is_vpc.vpc[0][0m will be [1m[31mdestroyed[0m
TestRunBankingSolutionsDA 2025-12-11T16:31:54+05:30 logger.go:67: [0m  [31m-[0m[0m resource "ibm_is_vpc" "vpc" {
TestRunBankingSolutionsDA 2025-12-11T16:31:54+05:30 logger.go:67:       [31m-[0m[0m access_tags                 = [] [90m-> null[0m[0m
TestRunBankingSolutionsDA 2025-12-11T16:31:54+05:30 logger.go:67:       [31m-[0m[0m address_prefix_management   = "auto" [90m-> null[0m[0m
TestRunBankingSolutionsDA 2025-12-11T16:31:54+05:30 logger.go:67:       [31m-[0m[0m classic_access              = false [90m-> null[0m[0m
TestRunBankingSolutionsDA 2025-12-11T16:31:54+05:30 logger.go:67:       [31m-[0m[0m crn                         = "crn:v1:bluemix:public:is:us-south:a/abac0df06b644a9cabc6e44f55b3880e::vpc:r006-8ebe2288-3cff-475c-991c-76259e11b8f6" [90m-> null[0m[0m
TestRunBankingSolutionsDA 2025-12-11T16:31:54+05:30 logger.go:67:       [31m-[0m[0m cse_source_addresses        = [
TestRunBankingSolutionsDA 2025-12-11T16:31:54+05:30 logger.go:67:           [31m-[0m[0m {
TestRunBankingSolutionsDA 2025-12-11T16:31:54+05:30 logger.go:67:               [31m-[0m[0m address   = "10.22.215.123"
TestRunBankingSolutionsDA 2025-12-11T16:31:54+05:30 logger.go:67:               [31m-[0m[0m zone_name = "us-south-1"
TestRunBankingSolutionsDA 2025-12-11T16:31:54+05:30 logger.go:67:             },
TestRunBankingSolutionsDA 2025-12-11T16:31:54+05:30 logger.go:67:           [31m-[0m[0m {
TestRunBankingSolutionsDA 2025-12-11T16:31:54+05:30 logger.go:67:               [31m-[0m[0m address   = "10.249.200.249"
TestRunBankingSolutionsDA 2025-12-11T16:31:54+05:30 logger.go:67:               [31m-[0m[0m zone_name = "us-south-2"
TestRunBankingSolutionsDA 2025-12-11T16:31:54+05:30 logger.go:67:             },
TestRunBankingSolutionsDA 2025-12-11T16:31:54+05:30 logger.go:67:           [31m-[0m[0m {
TestRunBankingSolutionsDA 2025-12-11T16:31:54+05:30 logger.go:67:               [31m-[0m[0m address   = "10.22.228.210"
TestRunBankingSolutionsDA 2025-12-11T16:31:54+05:30 logger.go:67:               [31m-[0m[0m zone_name = "us-south-3"
TestRunBankingSolutionsDA 2025-12-11T16:31:54+05:30 logger.go:67:             },
TestRunBankingSolutionsDA 2025-12-11T16:31:54+05:30 logger.go:67:         ] [90m-> null[0m[0m
TestRunBankingSolutionsDA 2025-12-11T16:31:54+05:30 logger.go:67:       [31m-[0m[0m default_address_prefixes    = {
TestRunBankingSolutionsDA 2025-12-11T16:31:54+05:30 logger.go:67:           [31m-[0m[0m "us-south-1" = "10.240.0.0/18"
TestRunBankingSolutionsDA 2025-12-11T16:31:54+05:30 logger.go:67:           [31m-[0m[0m "us-south-2" = "10.240.64.0/18"
TestRunBankingSolutionsDA 2025-12-11T16:31:54+05:30 logger.go:67:           [31m-[0m[0m "us-south-3" = "10.240.128.0/18"
TestRunBankingSolutionsDA 2025-12-11T16:31:54+05:30 logger.go:67:         } [90m-> null[0m[0m
TestRunBankingSolutionsDA 2025-12-11T16:31:54+05:30 logger.go:67:       [31m-[0m[0m default_network_acl         = "r006-28c90d40-317e-4bb2-b34d-052d0ae2b559" [90m-> null[0m[0m
TestRunBankingSolutionsDA 2025-12-11T16:31:54+05:30 logger.go:67:       [31m-[0m[0m default_network_acl_crn     = "crn:v1:bluemix:public:is:us-south:a/abac0df06b644a9cabc6e44f55b3880e::network-acl:r006-28c90d40-317e-4bb2-b34d-052d0ae2b559" [90m-> null[0m[0m
TestRunBankingSolutionsDA 2025-12-11T16:31:54+05:30 logger.go:67:       [31m-[0m[0m default_network_acl_name    = "upstart-submarine-vascular-imitate" [90m-> null[0m[0m
TestRunBankingSolutionsDA 2025-12-11T16:31:54+05:30 logger.go:67:       [31m-[0m[0m default_routing_table       = "r006-e1c9660f-46c8-4a8b-b633-15fd6d546455" [90m-> null[0m[0m
TestRunBankingSolutionsDA 2025-12-11T16:31:54+05:30 logger.go:67:       [31m-[0m[0m default_routing_table_crn   = "crn:v1:bluemix:public:is:us-south:a/abac0df06b644a9cabc6e44f55b3880e::vpc-routing-table:r006-8ebe2288-3cff-475c-991c-76259e11b8f6/r006-e1c9660f-46c8-4a8b-b633-15fd6d546455" [90m-> null[0m[0m
TestRunBankingSolutionsDA 2025-12-11T16:31:54+05:30 logger.go:67:       [31m-[0m[0m default_routing_table_name  = "daughter-outclass-star-bottomless" [90m-> null[0m[0m
TestRunBankingSolutionsDA 2025-12-11T16:31:54+05:30 logger.go:67:       [31m-[0m[0m default_security_group      = "r006-9958e26c-1c77-41c9-be20-8006331447bf" [90m-> null[0m[0m
TestRunBankingSolutionsDA 2025-12-11T16:31:54+05:30 logger.go:67:       [31m-[0m[0m default_security_group_crn  = "crn:v1:bluemix:public:is:us-south:a/abac0df06b644a9cabc6e44f55b3880e::security-group:r006-9958e26c-1c77-41c9-be20-8006331447bf" [90m-> null[0m[0m
TestRunBankingSolutionsDA 2025-12-11T16:31:54+05:30 logger.go:67:       [31m-[0m[0m default_security_group_name = "unguided-hesitate-crank-slinky" [90m-> null[0m[0m
TestRunBankingSolutionsDA 2025-12-11T16:31:54+05:30 logger.go:67:       [31m-[0m[0m health_reasons              = [] [90m-> null[0m[0m
TestRunBankingSolutionsDA 2025-12-11T16:31:54+05:30 logger.go:67:       [31m-[0m[0m health_state                = "ok" [90m-> null[0m[0m
TestRunBankingSolutionsDA 2025-12-11T16:31:54+05:30 logger.go:67:       [31m-[0m[0m id                          = "r006-8ebe2288-3cff-475c-991c-76259e11b8f6" [90m-> null[0m[0m
TestRunBankingSolutionsDA 2025-12-11T16:31:54+05:30 logger.go:67:       [31m-[0m[0m name                        = "rag-s-bbr25d-vpc" [90m-> null[0m[0m
TestRunBankingSolutionsDA 2025-12-11T16:31:54+05:30 logger.go:67:       [31m-[0m[0m no_sg_acl_rules             = false [90m-> null[0m[0m
TestRunBankingSolutionsDA 2025-12-11T16:31:54+05:30 logger.go:67:       [31m-[0m[0m public_address_ranges       = [] [90m-> null[0m[0m
TestRunBankingSolutionsDA 2025-12-11T16:31:54+05:30 logger.go:67:       [31m-[0m[0m resource_controller_url     = "https://cloud.ibm.com/vpc-ext/network/vpcs" [90m-> null[0m[0m
TestRunBankingSolutionsDA 2025-12-11T16:31:54+05:30 logger.go:67:       [31m-[0m[0m resource_crn                = "crn:v1:bluemix:public:is:us-south:a/abac0df06b644a9cabc6e44f55b3880e::vpc:r006-8ebe2288-3cff-475c-991c-76259e11b8f6" [90m-> null[0m[0m
TestRunBankingSolutionsDA 2025-12-11T16:31:54+05:30 logger.go:67:       [31m-[0m[0m resource_group              = "eb25051abc82406fac21424fb9bc3095" [90m-> null[0m[0m
TestRunBankingSolutionsDA 2025-12-11T16:31:54+05:30 logger.go:67:       [31m-[0m[0m resource_group_name         = "rag-s-bbr25d-resource-group" [90m-> null[0m[0m
TestRunBankingSolutionsDA 2025-12-11T16:31:54+05:30 logger.go:67:       [31m-[0m[0m resource_name               = "rag-s-bbr25d-vpc" [90m-> null[0m[0m
TestRunBankingSolutionsDA 2025-12-11T16:31:54+05:30 logger.go:67:       [31m-[0m[0m resource_status             = "available" [90m-> null[0m[0m
TestRunBankingSolutionsDA 2025-12-11T16:31:54+05:30 logger.go:67:       [31m-[0m[0m security_group              = [
TestRunBankingSolutionsDA 2025-12-11T16:31:54+05:30 logger.go:67:           [31m-[0m[0m {
TestRunBankingSolutionsDA 2025-12-11T16:31:54+05:30 logger.go:67:               [31m-[0m[0m group_id   = "r006-db77e323-1f9f-4f4b-a060-92e7bd66409a"
TestRunBankingSolutionsDA 2025-12-11T16:31:54+05:30 logger.go:67:               [31m-[0m[0m group_name = "kube-lbaas-d4t9datd0boee8jpjmq0"
TestRunBankingSolutionsDA 2025-12-11T16:31:54+05:30 logger.go:67:               [31m-[0m[0m rules      = [
TestRunBankingSolutionsDA 2025-12-11T16:31:54+05:30 logger.go:67:                   [31m-[0m[0m {
TestRunBankingSolutionsDA 2025-12-11T16:31:54+05:30 logger.go:67:                       [31m-[0m[0m code       = 0
TestRunBankingSolutionsDA 2025-12-11T16:31:54+05:30 logger.go:67:                       [31m-[0m[0m direction  = "outbound"
TestRunBankingSolutionsDA 2025-12-11T16:31:54+05:30 logger.go:67:                       [31m-[0m[0m ip_version = "ipv4"
TestRunBankingSolutionsDA 2025-12-11T16:31:54+05:30 logger.go:67:                       [31m-[0m[0m port_max   = 32440
TestRunBankingSolutionsDA 2025-12-11T16:31:54+05:30 logger.go:67:                       [31m-[0m[0m port_min   = 32440
TestRunBankingSolutionsDA 2025-12-11T16:31:54+05:30 logger.go:67:                       [31m-[0m[0m protocol   = "tcp"
TestRunBankingSolutionsDA 2025-12-11T16:31:54+05:30 logger.go:67:                       [31m-[0m[0m remote     = "r006-ec49723f-4e4e-4160-b6b7-e9f83f0bdb2d"
TestRunBankingSolutionsDA 2025-12-11T16:31:54+05:30 logger.go:67:                       [31m-[0m[0m rule_id    = "r006-8b5ff312-4f20-4dae-b2f7-174745474119"
TestRunBankingSolutionsDA 2025-12-11T16:31:54+05:30 logger.go:67:                       [31m-[0m[0m type       = 0
TestRunBankingSolutionsDA 2025-12-11T16:31:54+05:30 logger.go:67:                     },
TestRunBankingSolutionsDA 2025-12-11T16:31:54+05:30 logger.go:67:                   [31m-[0m[0m {
TestRunBankingSolutionsDA 2025-12-11T16:31:54+05:30 logger.go:67:                       [31m-[0m[0m code       = 0
TestRunBankingSolutionsDA 2025-12-11T16:31:54+05:30 logger.go:67:                       [31m-[0m[0m direction  = "outbound"
TestRunBankingSolutionsDA 2025-12-11T16:31:54+05:30 logger.go:67:                       [31m-[0m[0m ip_version = "ipv4"
TestRunBankingSolutionsDA 2025-12-11T16:31:54+05:30 logger.go:67:                       [31m-[0m[0m port_max   = 31090
TestRunBankingSolutionsDA 2025-12-11T16:31:54+05:30 logger.go:67:                       [31m-[0m[0m port_min   = 31090
TestRunBankingSolutionsDA 2025-12-11T16:31:54+05:30 logger.go:67:                       [31m-[0m[0m protocol   = "tcp"
TestRunBankingSolutionsDA 2025-12-11T16:31:54+05:30 logger.go:67:                       [31m-[0m[0m remote     = "r006-ec49723f-4e4e-4160-b6b7-e9f83f0bdb2d"
TestRunBankingSolutionsDA 2025-12-11T16:31:54+05:30 logger.go:67:                       [31m-[0m[0m rule_id    = "r006-2882e78b-8ed6-4009-a5df-a135b96e77fe"
TestRunBankingSolutionsDA 2025-12-11T16:31:54+05:30 logger.go:67:                       [31m-[0m[0m type       = 0
TestRunBankingSolutionsDA 2025-12-11T16:31:54+05:30 logger.go:67:                     },
TestRunBankingSolutionsDA 2025-12-11T16:31:54+05:30 logger.go:67:                   [31m-[0m[0m {
TestRunBankingSolutionsDA 2025-12-11T16:31:54+05:30 logger.go:67:                       [31m-[0m[0m code       = 0
TestRunBankingSolutionsDA 2025-12-11T16:31:54+05:30 logger.go:67:                       [31m-[0m[0m direction  = "inbound"
TestRunBankingSolutionsDA 2025-12-11T16:31:54+05:30 logger.go:67:                       [31m-[0m[0m ip_version = "ipv4"
TestRunBankingSolutionsDA 2025-12-11T16:31:54+05:30 logger.go:67:                       [31m-[0m[0m port_max   = 80
TestRunBankingSolutionsDA 2025-12-11T16:31:54+05:30 logger.go:67:                       [31m-[0m[0m port_min   = 80
TestRunBankingSolutionsDA 2025-12-11T16:31:54+05:30 logger.go:67:                       [31m-[0m[0m protocol   = "tcp"
TestRunBankingSolutionsDA 2025-12-11T16:31:54+05:30 logger.go:67:                       [31m-[0m[0m remote     = "0.0.0.0/0"
TestRunBankingSolutionsDA 2025-12-11T16:31:54+05:30 logger.go:67:                       [31m-[0m[0m rule_id    = "r006-3ad03e16-3bb9-4ab9-8c50-703f780d3055"
TestRunBankingSolutionsDA 2025-12-11T16:31:54+05:30 logger.go:67:                       [31m-[0m[0m type       = 0
TestRunBankingSolutionsDA 2025-12-11T16:31:54+05:30 logger.go:67:                     },
TestRunBankingSolutionsDA 2025-12-11T16:31:54+05:30 logger.go:67:                   [31m-[0m[0m {
TestRunBankingSolutionsDA 2025-12-11T16:31:54+05:30 logger.go:67:                       [31m-[0m[0m code       = 0
TestRunBankingSolutionsDA 2025-12-11T16:31:54+05:30 logger.go:67:                       [31m-[0m[0m direction  = "inbound"
TestRunBankingSolutionsDA 2025-12-11T16:31:54+05:30 logger.go:67:                       [31m-[0m[0m ip_version = "ipv4"
TestRunBankingSolutionsDA 2025-12-11T16:31:54+05:30 logger.go:67:                       [31m-[0m[0m port_max   = 443
TestRunBankingSolutionsDA 2025-12-11T16:31:54+05:30 logger.go:67:                       [31m-[0m[0m port_min   = 443
TestRunBankingSolutionsDA 2025-12-11T16:31:54+05:30 logger.go:67:                       [31m-[0m[0m protocol   = "tcp"
TestRunBankingSolutionsDA 2025-12-11T16:31:54+05:30 logger.go:67:                       [31m-[0m[0m remote     = "0.0.0.0/0"
TestRunBankingSolutionsDA 2025-12-11T16:31:54+05:30 logger.go:67:                       [31m-[0m[0m rule_id    = "r006-972f469b-7d83-46de-9261-f142848f1928"
TestRunBankingSolutionsDA 2025-12-11T16:31:54+05:30 logger.go:67:                       [31m-[0m[0m type       = 0
TestRunBankingSolutionsDA 2025-12-11T16:31:54+05:30 logger.go:67:                     },
TestRunBankingSolutionsDA 2025-12-11T16:31:54+05:30 logger.go:67:                   [31m-[0m[0m {
TestRunBankingSolutionsDA 2025-12-11T16:31:54+05:30 logger.go:67:                       [31m-[0m[0m code       = 0
TestRunBankingSolutionsDA 2025-12-11T16:31:54+05:30 logger.go:67:                       [31m-[0m[0m direction  = "inbound"
TestRunBankingSolutionsDA 2025-12-11T16:31:54+05:30 logger.go:67:                       [31m-[0m[0m ip_version = "ipv4"
TestRunBankingSolutionsDA 2025-12-11T16:31:54+05:30 logger.go:67:                       [31m-[0m[0m port_max   = 443
TestRunBankingSolutionsDA 2025-12-11T16:31:54+05:30 logger.go:67:                       [31m-[0m[0m port_min   = 443
TestRunBankingSolutionsDA 2025-12-11T16:31:54+05:30 logger.go:67:                       [31m-[0m[0m protocol   = "tcp"
TestRunBankingSolutionsDA 2025-12-11T16:31:54+05:30 logger.go:67:                       [31m-[0m[0m remote     = "52.116.138.157"
TestRunBankingSolutionsDA 2025-12-11T16:31:54+05:30 logger.go:67:                       [31m-[0m[0m rule_id    = "r006-39ae2e3e-3fd9-4d29-a73c-682d5dbe57e2"
TestRunBankingSolutionsDA 2025-12-11T16:31:54+05:30 logger.go:67:                       [31m-[0m[0m type       = 0
TestRunBankingSolutionsDA 2025-12-11T16:31:54+05:30 logger.go:67:                     },
TestRunBankingSolutionsDA 2025-12-11T16:31:54+05:30 logger.go:67:                 ]
TestRunBankingSolutionsDA 2025-12-11T16:31:54+05:30 logger.go:67:             },
TestRunBankingSolutionsDA 2025-12-11T16:31:54+05:30 logger.go:67:           [31m-[0m[0m {
TestRunBankingSolutionsDA 2025-12-11T16:31:54+05:30 logger.go:67:               [31m-[0m[0m group_id   = "r006-80a464c2-e27b-4144-9101-c7ea9c3aceaf"
TestRunBankingSolutionsDA 2025-12-11T16:31:54+05:30 logger.go:67:               [31m-[0m[0m group_name = "kube-vpegw-d4t9datd0boee8jpjmq0"
TestRunBankingSolutionsDA 2025-12-11T16:31:54+05:30 logger.go:67:               [31m-[0m[0m rules      = [
TestRunBankingSolutionsDA 2025-12-11T16:31:54+05:30 logger.go:67:                   [31m-[0m[0m {
TestRunBankingSolutionsDA 2025-12-11T16:31:54+05:30 logger.go:67:                       [31m-[0m[0m code       = 0
TestRunBankingSolutionsDA 2025-12-11T16:31:54+05:30 logger.go:67:                       [31m-[0m[0m direction  = "inbound"
TestRunBankingSolutionsDA 2025-12-11T16:31:54+05:30 logger.go:67:                       [31m-[0m[0m ip_version = "ipv4"
TestRunBankingSolutionsDA 2025-12-11T16:31:54+05:30 logger.go:67:                       [31m-[0m[0m port_max   = 32719
TestRunBankingSolutionsDA 2025-12-11T16:31:54+05:30 logger.go:67:                       [31m-[0m[0m port_min   = 32719
TestRunBankingSolutionsDA 2025-12-11T16:31:54+05:30 logger.go:67:                       [31m-[0m[0m protocol   = "tcp"
TestRunBankingSolutionsDA 2025-12-11T16:31:54+05:30 logger.go:67:                       [31m-[0m[0m remote     = "r006-ec49723f-4e4e-4160-b6b7-e9f83f0bdb2d"
TestRunBankingSolutionsDA 2025-12-11T16:31:54+05:30 logger.go:67:                       [31m-[0m[0m rule_id    = "r006-f59346f0-3bef-430a-9af8-9e6815bfa000"
TestRunBankingSolutionsDA 2025-12-11T16:31:54+05:30 logger.go:67:                       [31m-[0m[0m type       = 0
TestRunBankingSolutionsDA 2025-12-11T16:31:54+05:30 logger.go:67:                     },
TestRunBankingSolutionsDA 2025-12-11T16:31:54+05:30 logger.go:67:                   [31m-[0m[0m {
TestRunBankingSolutionsDA 2025-12-11T16:31:54+05:30 logger.go:67:                       [31m-[0m[0m code       = 0
TestRunBankingSolutionsDA 2025-12-11T16:31:54+05:30 logger.go:67:                       [31m-[0m[0m direction  = "inbound"
TestRunBankingSolutionsDA 2025-12-11T16:31:54+05:30 logger.go:67:                       [31m-[0m[0m ip_version = "ipv4"
TestRunBankingSolutionsDA 2025-12-11T16:31:54+05:30 logger.go:67:                       [31m-[0m[0m port_max   = 32023
TestRunBankingSolutionsDA 2025-12-11T16:31:54+05:30 logger.go:67:                       [31m-[0m[0m port_min   = 32023
TestRunBankingSolutionsDA 2025-12-11T16:31:54+05:30 logger.go:67:                       [31m-[0m[0m protocol   = "tcp"
TestRunBankingSolutionsDA 2025-12-11T16:31:54+05:30 logger.go:67:                       [31m-[0m[0m remote     = "r006-ec49723f-4e4e-4160-b6b7-e9f83f0bdb2d"
TestRunBankingSolutionsDA 2025-12-11T16:31:54+05:30 logger.go:67:                       [31m-[0m[0m rule_id    = "r006-19cf27ff-3072-44a0-b91f-4b100347994b"
TestRunBankingSolutionsDA 2025-12-11T16:31:54+05:30 logger.go:67:                       [31m-[0m[0m type       = 0
TestRunBankingSolutionsDA 2025-12-11T16:31:54+05:30 logger.go:67:                     },
TestRunBankingSolutionsDA 2025-12-11T16:31:54+05:30 logger.go:67:                   [31m-[0m[0m {
TestRunBankingSolutionsDA 2025-12-11T16:31:54+05:30 logger.go:67:                       [31m-[0m[0m code       = 0
TestRunBankingSolutionsDA 2025-12-11T16:31:54+05:30 logger.go:67:                       [31m-[0m[0m direction  = "inbound"
TestRunBankingSolutionsDA 2025-12-11T16:31:54+05:30 logger.go:67:                       [31m-[0m[0m ip_version = "ipv4"
TestRunBankingSolutionsDA 2025-12-11T16:31:54+05:30 logger.go:67:                       [31m-[0m[0m port_max   = 30921
TestRunBankingSolutionsDA 2025-12-11T16:31:54+05:30 logger.go:67:                       [31m-[0m[0m port_min   = 30921
TestRunBankingSolutionsDA 2025-12-11T16:31:54+05:30 logger.go:67:                       [31m-[0m[0m protocol   = "tcp"
TestRunBankingSolutionsDA 2025-12-11T16:31:54+05:30 logger.go:67:                       [31m-[0m[0m remote     = "r006-ec49723f-4e4e-4160-b6b7-e9f83f0bdb2d"
TestRunBankingSolutionsDA 2025-12-11T16:31:54+05:30 logger.go:67:                       [31m-[0m[0m rule_id    = "r006-38231ded-457e-46de-a55f-dbb3204ead48"
TestRunBankingSolutionsDA 2025-12-11T16:31:54+05:30 logger.go:67:                       [31m-[0m[0m type       = 0
TestRunBankingSolutionsDA 2025-12-11T16:31:54+05:30 logger.go:67:                     },
TestRunBankingSolutionsDA 2025-12-11T16:31:54+05:30 logger.go:67:                   [31m-[0m[0m {
TestRunBankingSolutionsDA 2025-12-11T16:31:54+05:30 logger.go:67:                       [31m-[0m[0m code       = 0
TestRunBankingSolutionsDA 2025-12-11T16:31:54+05:30 logger.go:67:                       [31m-[0m[0m direction  = "inbound"
TestRunBankingSolutionsDA 2025-12-11T16:31:54+05:30 logger.go:67:                       [31m-[0m[0m ip_version = "ipv4"
TestRunBankingSolutionsDA 2025-12-11T16:31:54+05:30 logger.go:67:                       [31m-[0m[0m port_max   = 32719
TestRunBankingSolutionsDA 2025-12-11T16:31:54+05:30 logger.go:67:                       [31m-[0m[0m port_min   = 32719
TestRunBankingSolutionsDA 2025-12-11T16:31:54+05:30 logger.go:67:                       [31m-[0m[0m protocol   = "tcp"
TestRunBankingSolutionsDA 2025-12-11T16:31:54+05:30 logger.go:67:                       [31m-[0m[0m remote     = "10.240.0.0/24"
TestRunBankingSolutionsDA 2025-12-11T16:31:54+05:30 logger.go:67:                       [31m-[0m[0m rule_id    = "r006-9af03750-f3d8-4305-b14d-8bb234204b58"
TestRunBankingSolutionsDA 2025-12-11T16:31:54+05:30 logger.go:67:                       [31m-[0m[0m type       = 0
TestRunBankingSolutionsDA 2025-12-11T16:31:54+05:30 logger.go:67:                     },
TestRunBankingSolutionsDA 2025-12-11T16:31:54+05:30 logger.go:67:                   [31m-[0m[0m {
TestRunBankingSolutionsDA 2025-12-11T16:31:54+05:30 logger.go:67:                       [31m-[0m[0m code       = 0
TestRunBankingSolutionsDA 2025-12-11T16:31:54+05:30 logger.go:67:                       [31m-[0m[0m direction  = "inbound"
TestRunBankingSolutionsDA 2025-12-11T16:31:54+05:30 logger.go:67:                       [31m-[0m[0m ip_version = "ipv4"
TestRunBankingSolutionsDA 2025-12-11T16:31:54+05:30 logger.go:67:                       [31m-[0m[0m port_max   = 32148
TestRunBankingSolutionsDA 2025-12-11T16:31:54+05:30 logger.go:67:                       [31m-[0m[0m port_min   = 32148
TestRunBankingSolutionsDA 2025-12-11T16:31:54+05:30 logger.go:67:                       [31m-[0m[0m protocol   = "tcp"
TestRunBankingSolutionsDA 2025-12-11T16:31:54+05:30 logger.go:67:                       [31m-[0m[0m remote     = "r006-ec49723f-4e4e-4160-b6b7-e9f83f0bdb2d"
TestRunBankingSolutionsDA 2025-12-11T16:31:54+05:30 logger.go:67:                       [31m-[0m[0m rule_id    = "r006-89d18522-667d-48da-bdea-29ff7c3fd3a4"
TestRunBankingSolutionsDA 2025-12-11T16:31:54+05:30 logger.go:67:                       [31m-[0m[0m type       = 0
TestRunBankingSolutionsDA 2025-12-11T16:31:54+05:30 logger.go:67:                     },
TestRunBankingSolutionsDA 2025-12-11T16:31:54+05:30 logger.go:67:                   [31m-[0m[0m {
TestRunBankingSolutionsDA 2025-12-11T16:31:54+05:30 logger.go:67:                       [31m-[0m[0m code       = 0
TestRunBankingSolutionsDA 2025-12-11T16:31:54+05:30 logger.go:67:                       [31m-[0m[0m direction  = "inbound"
TestRunBankingSolutionsDA 2025-12-11T16:31:54+05:30 logger.go:67:                       [31m-[0m[0m ip_version = "ipv4"
TestRunBankingSolutionsDA 2025-12-11T16:31:54+05:30 logger.go:67:                       [31m-[0m[0m port_max   = 32148
TestRunBankingSolutionsDA 2025-12-11T16:31:54+05:30 logger.go:67:                       [31m-[0m[0m port_min   = 32148
TestRunBankingSolutionsDA 2025-12-11T16:31:54+05:30 logger.go:67:                       [31m-[0m[0m protocol   = "tcp"
TestRunBankingSolutionsDA 2025-12-11T16:31:54+05:30 logger.go:67:                       [31m-[0m[0m remote     = "10.240.0.0/24"
TestRunBankingSolutionsDA 2025-12-11T16:31:54+05:30 logger.go:67:                       [31m-[0m[0m rule_id    = "r006-29339c80-9abc-4be6-a89d-5530e0516c97"
TestRunBankingSolutionsDA 2025-12-11T16:31:54+05:30 logger.go:67:                       [31m-[0m[0m type       = 0
TestRunBankingSolutionsDA 2025-12-11T16:31:54+05:30 logger.go:67:                     },
TestRunBankingSolutionsDA 2025-12-11T16:31:54+05:30 logger.go:67:                 ]
TestRunBankingSolutionsDA 2025-12-11T16:31:54+05:30 logger.go:67:             },
TestRunBankingSolutionsDA 2025-12-11T16:31:54+05:30 logger.go:67:           [31m-[0m[0m {
TestRunBankingSolutionsDA 2025-12-11T16:31:54+05:30 logger.go:67:               [31m-[0m[0m group_id   = "r006-ec49723f-4e4e-4160-b6b7-e9f83f0bdb2d"
TestRunBankingSolutionsDA 2025-12-11T16:31:54+05:30 logger.go:67:               [31m-[0m[0m group_name = "kube-d4t9datd0boee8jpjmq0"
TestRunBankingSolutionsDA 2025-12-11T16:31:54+05:30 logger.go:67:               [31m-[0m[0m rules      = [
TestRunBankingSolutionsDA 2025-12-11T16:31:54+05:30 logger.go:67:                   [31m-[0m[0m {
TestRunBankingSolutionsDA 2025-12-11T16:31:54+05:30 logger.go:67:                       [31m-[0m[0m code       = 0
TestRunBankingSolutionsDA 2025-12-11T16:31:54+05:30 logger.go:67:                       [31m-[0m[0m direction  = "outbound"
TestRunBankingSolutionsDA 2025-12-11T16:31:54+05:30 logger.go:67:                       [31m-[0m[0m ip_version = "ipv4"
TestRunBankingSolutionsDA 2025-12-11T16:31:54+05:30 logger.go:67:                       [31m-[0m[0m port_max   = 0
TestRunBankingSolutionsDA 2025-12-11T16:31:54+05:30 logger.go:67:                       [31m-[0m[0m port_min   = 0
TestRunBankingSolutionsDA 2025-12-11T16:31:54+05:30 logger.go:67:                       [31m-[0m[0m protocol   = "all"
TestRunBankingSolutionsDA 2025-12-11T16:31:54+05:30 logger.go:67:                       [31m-[0m[0m remote     = "0.0.0.0/0"
TestRunBankingSolutionsDA 2025-12-11T16:31:54+05:30 logger.go:67:                       [31m-[0m[0m rule_id    = "r006-a90680a1-88a0-4f36-bbcb-883753760a02"
TestRunBankingSolutionsDA 2025-12-11T16:31:54+05:30 logger.go:67:                       [31m-[0m[0m type       = 0
TestRunBankingSolutionsDA 2025-12-11T16:31:54+05:30 logger.go:67:                     },
TestRunBankingSolutionsDA 2025-12-11T16:31:54+05:30 logger.go:67:                   [31m-[0m[0m {
TestRunBankingSolutionsDA 2025-12-11T16:31:54+05:30 logger.go:67:                       [31m-[0m[0m code       = 0
TestRunBankingSolutionsDA 2025-12-11T16:31:54+05:30 logger.go:67:                       [31m-[0m[0m direction  = "outbound"
TestRunBankingSolutionsDA 2025-12-11T16:31:54+05:30 logger.go:67:                       [31m-[0m[0m ip_version = "ipv4"
TestRunBankingSolutionsDA 2025-12-11T16:31:54+05:30 logger.go:67:                       [31m-[0m[0m port_max   = 0
TestRunBankingSolutionsDA 2025-12-11T16:31:54+05:30 logger.go:67:                       [31m-[0m[0m port_min   = 0
TestRunBankingSolutionsDA 2025-12-11T16:31:54+05:30 logger.go:67:                       [31m-[0m[0m protocol   = "all"
TestRunBankingSolutionsDA 2025-12-11T16:31:54+05:30 logger.go:67:                       [31m-[0m[0m remote     = "161.26.0.0/16"
TestRunBankingSolutionsDA 2025-12-11T16:31:54+05:30 logger.go:67:                       [31m-[0m[0m rule_id    = "r006-ecfd91a4-be28-4daa-99d6-9b7fe703b332"
TestRunBankingSolutionsDA 2025-12-11T16:31:54+05:30 logger.go:67:                       [31m-[0m[0m type       = 0
TestRunBankingSolutionsDA 2025-12-11T16:31:54+05:30 logger.go:67:                     },
TestRunBankingSolutionsDA 2025-12-11T16:31:54+05:30 logger.go:67:                   [31m-[0m[0m {
TestRunBankingSolutionsDA 2025-12-11T16:31:54+05:30 logger.go:67:                       [31m-[0m[0m code       = 0
TestRunBankingSolutionsDA 2025-12-11T16:31:54+05:30 logger.go:67:                       [31m-[0m[0m direction  = "outbound"
TestRunBankingSolutionsDA 2025-12-11T16:31:54+05:30 logger.go:67:                       [31m-[0m[0m ip_version = "ipv4"
TestRunBankingSolutionsDA 2025-12-11T16:31:54+05:30 logger.go:67:                       [31m-[0m[0m port_max   = 0
TestRunBankingSolutionsDA 2025-12-11T16:31:54+05:30 logger.go:67:                       [31m-[0m[0m port_min   = 0
TestRunBankingSolutionsDA 2025-12-11T16:31:54+05:30 logger.go:67:                       [31m-[0m[0m protocol   = "all"
TestRunBankingSolutionsDA 2025-12-11T16:31:54+05:30 logger.go:67:                       [31m-[0m[0m remote     = "r006-7949aab5-7684-4f8d-96d4-f4295d7fd18b"
TestRunBankingSolutionsDA 2025-12-11T16:31:54+05:30 logger.go:67:                       [31m-[0m[0m rule_id    = "r006-f2d450b8-91a3-4735-916a-95bba74acae5"
TestRunBankingSolutionsDA 2025-12-11T16:31:54+05:30 logger.go:67:                       [31m-[0m[0m type       = 0
TestRunBankingSolutionsDA 2025-12-11T16:31:54+05:30 logger.go:67:                     },
TestRunBankingSolutionsDA 2025-12-11T16:31:54+05:30 logger.go:67:                   [31m-[0m[0m {
TestRunBankingSolutionsDA 2025-12-11T16:31:54+05:30 logger.go:67:                       [31m-[0m[0m code       = 0
TestRunBankingSolutionsDA 2025-12-11T16:31:54+05:30 logger.go:67:                       [31m-[0m[0m direction  = "outbound"
TestRunBankingSolutionsDA 2025-12-11T16:31:54+05:30 logger.go:67:                       [31m-[0m[0m ip_version = "ipv4"
TestRunBankingSolutionsDA 2025-12-11T16:31:54+05:30 logger.go:67:                       [31m-[0m[0m port_max   = 0
TestRunBankingSolutionsDA 2025-12-11T16:31:54+05:30 logger.go:67:                       [31m-[0m[0m port_min   = 0
TestRunBankingSolutionsDA 2025-12-11T16:31:54+05:30 logger.go:67:                       [31m-[0m[0m protocol   = "all"
TestRunBankingSolutionsDA 2025-12-11T16:31:54+05:30 logger.go:67:                       [31m-[0m[0m remote     = "166.8.0.0/14"
TestRunBankingSolutionsDA 2025-12-11T16:31:54+05:30 logger.go:67:                       [31m-[0m[0m rule_id    = "r006-67e4653a-0764-43a7-a95c-ed3103b746dd"
TestRunBankingSolutionsDA 2025-12-11T16:31:54+05:30 logger.go:67:                       [31m-[0m[0m type       = 0
TestRunBankingSolutionsDA 2025-12-11T16:31:54+05:30 logger.go:67:                     },
TestRunBankingSolutionsDA 2025-12-11T16:31:54+05:30 logger.go:67:                   [31m-[0m[0m {
TestRunBankingSolutionsDA 2025-12-11T16:31:54+05:30 logger.go:67:                       [31m-[0m[0m code       = 0
TestRunBankingSolutionsDA 2025-12-11T16:31:54+05:30 logger.go:67:                       [31m-[0m[0m direction  = "outbound"
TestRunBankingSolutionsDA 2025-12-11T16:31:54+05:30 logger.go:67:                       [31m-[0m[0m ip_version = "ipv4"
TestRunBankingSolutionsDA 2025-12-11T16:31:54+05:30 logger.go:67:                       [31m-[0m[0m port_max   = 0
TestRunBankingSolutionsDA 2025-12-11T16:31:54+05:30 logger.go:67:                       [31m-[0m[0m port_min   = 0
TestRunBankingSolutionsDA 2025-12-11T16:31:54+05:30 logger.go:67:                       [31m-[0m[0m protocol   = "all"
TestRunBankingSolutionsDA 2025-12-11T16:31:54+05:30 logger.go:67:                       [31m-[0m[0m remote     = "166.9.251.2"
TestRunBankingSolutionsDA 2025-12-11T16:31:54+05:30 logger.go:67:                       [31m-[0m[0m rule_id    = "r006-229e091e-13d5-49d8-b74b-7597330fbcb7"
TestRunBankingSolutionsDA 2025-12-11T16:31:54+05:30 logger.go:67:                       [31m-[0m[0m type       = 0
TestRunBankingSolutionsDA 2025-12-11T16:31:54+05:30 logger.go:67:                     },
TestRunBankingSolutionsDA 2025-12-11T16:31:54+05:30 logger.go:67:                   [31m-[0m[0m {
TestRunBankingSolutionsDA 2025-12-11T16:31:54+05:30 logger.go:67:                       [31m-[0m[0m code       = 0
TestRunBankingSolutionsDA 2025-12-11T16:31:54+05:30 logger.go:67:                       [31m-[0m[0m direction  = "outbound"
TestRunBankingSolutionsDA 2025-12-11T16:31:54+05:30 logger.go:67:                       [31m-[0m[0m ip_version = "ipv4"
TestRunBankingSolutionsDA 2025-12-11T16:31:54+05:30 logger.go:67:                       [31m-[0m[0m port_max   = 0
TestRunBankingSolutionsDA 2025-12-11T16:31:54+05:30 logger.go:67:                       [31m-[0m[0m port_min   = 0
TestRunBankingSolutionsDA 2025-12-11T16:31:54+05:30 logger.go:67:                       [31m-[0m[0m protocol   = "all"
TestRunBankingSolutionsDA 2025-12-11T16:31:54+05:30 logger.go:67:                       [31m-[0m[0m remote     = "166.9.250.194"
TestRunBankingSolutionsDA 2025-12-11T16:31:54+05:30 logger.go:67:                       [31m-[0m[0m rule_id    = "r006-8318a176-bbc0-4fed-ab65-a07d2c3b33ee"
TestRunBankingSolutionsDA 2025-12-11T16:31:54+05:30 logger.go:67:                       [31m-[0m[0m type       = 0
TestRunBankingSolutionsDA 2025-12-11T16:31:54+05:30 logger.go:67:                     },
TestRunBankingSolutionsDA 2025-12-11T16:31:54+05:30 logger.go:67:                   [31m-[0m[0m {
TestRunBankingSolutionsDA 2025-12-11T16:31:54+05:30 logger.go:67:                       [31m-[0m[0m code       = 0
TestRunBankingSolutionsDA 2025-12-11T16:31:54+05:30 logger.go:67:                       [31m-[0m[0m direction  = "outbound"
TestRunBankingSolutionsDA 2025-12-11T16:31:54+05:30 logger.go:67:                       [31m-[0m[0m ip_version = "ipv4"
TestRunBankingSolutionsDA 2025-12-11T16:31:54+05:30 logger.go:67:                       [31m-[0m[0m port_max   = 0
TestRunBankingSolutionsDA 2025-12-11T16:31:54+05:30 logger.go:67:                       [31m-[0m[0m port_min   = 0
TestRunBankingSolutionsDA 2025-12-11T16:31:54+05:30 logger.go:67:                       [31m-[0m[0m protocol   = "all"
TestRunBankingSolutionsDA 2025-12-11T16:31:54+05:30 logger.go:67:                       [31m-[0m[0m remote     = "166.9.250.226"
TestRunBankingSolutionsDA 2025-12-11T16:31:54+05:30 logger.go:67:                       [31m-[0m[0m rule_id    = "r006-06e5585b-daa2-4759-a9b0-75faf4d4a47c"
TestRunBankingSolutionsDA 2025-12-11T16:31:54+05:30 logger.go:67:                       [31m-[0m[0m type       = 0
TestRunBankingSolutionsDA 2025-12-11T16:31:54+05:30 logger.go:67:                     },
TestRunBankingSolutionsDA 2025-12-11T16:31:54+05:30 logger.go:67:                   [31m-[0m[0m {
TestRunBankingSolutionsDA 2025-12-11T16:31:54+05:30 logger.go:67:                       [31m-[0m[0m code       = 0
TestRunBankingSolutionsDA 2025-12-11T16:31:54+05:30 logger.go:67:                       [31m-[0m[0m direction  = "outbound"
TestRunBankingSolutionsDA 2025-12-11T16:31:54+05:30 logger.go:67:                       [31m-[0m[0m ip_version = "ipv4"
TestRunBankingSolutionsDA 2025-12-11T16:31:54+05:30 logger.go:67:                       [31m-[0m[0m port_max   = 0
TestRunBankingSolutionsDA 2025-12-11T16:31:54+05:30 logger.go:67:                       [31m-[0m[0m port_min   = 0
TestRunBankingSolutionsDA 2025-12-11T16:31:54+05:30 logger.go:67:                       [31m-[0m[0m protocol   = "all"
TestRunBankingSolutionsDA 2025-12-11T16:31:54+05:30 logger.go:67:                       [31m-[0m[0m remote     = "r006-80a464c2-e27b-4144-9101-c7ea9c3aceaf"
TestRunBankingSolutionsDA 2025-12-11T16:31:54+05:30 logger.go:67:                       [31m-[0m[0m rule_id    = "r006-c07134c3-5d88-4399-9c88-ec3756ed0c53"
TestRunBankingSolutionsDA 2025-12-11T16:31:54+05:30 logger.go:67:                       [31m-[0m[0m type       = 0
TestRunBankingSolutionsDA 2025-12-11T16:31:54+05:30 logger.go:67:                     },
TestRunBankingSolutionsDA 2025-12-11T16:31:54+05:30 logger.go:67:                   [31m-[0m[0m {
TestRunBankingSolutionsDA 2025-12-11T16:31:54+05:30 logger.go:67:                       [31m-[0m[0m code       = 0
TestRunBankingSolutionsDA 2025-12-11T16:31:54+05:30 logger.go:67:                       [31m-[0m[0m direction  = "outbound"
TestRunBankingSolutionsDA 2025-12-11T16:31:54+05:30 logger.go:67:                       [31m-[0m[0m ip_version = "ipv4"
TestRunBankingSolutionsDA 2025-12-11T16:31:54+05:30 logger.go:67:                       [31m-[0m[0m port_max   = 0
TestRunBankingSolutionsDA 2025-12-11T16:31:54+05:30 logger.go:67:                       [31m-[0m[0m port_min   = 0
TestRunBankingSolutionsDA 2025-12-11T16:31:54+05:30 logger.go:67:                       [31m-[0m[0m protocol   = "all"
TestRunBankingSolutionsDA 2025-12-11T16:31:54+05:30 logger.go:67:                       [31m-[0m[0m remote     = "r006-ec49723f-4e4e-4160-b6b7-e9f83f0bdb2d"
TestRunBankingSolutionsDA 2025-12-11T16:31:54+05:30 logger.go:67:                       [31m-[0m[0m rule_id    = "r006-24bf8b58-827e-4acf-a1df-7b25585eba4f"
TestRunBankingSolutionsDA 2025-12-11T16:31:54+05:30 logger.go:67:                       [31m-[0m[0m type       = 0
TestRunBankingSolutionsDA 2025-12-11T16:31:54+05:30 logger.go:67:                     },
TestRunBankingSolutionsDA 2025-12-11T16:31:54+05:30 logger.go:67:                   [31m-[0m[0m {
TestRunBankingSolutionsDA 2025-12-11T16:31:54+05:30 logger.go:67:                       [31m-[0m[0m code       = 0
TestRunBankingSolutionsDA 2025-12-11T16:31:54+05:30 logger.go:67:                       [31m-[0m[0m direction  = "outbound"
TestRunBankingSolutionsDA 2025-12-11T16:31:54+05:30 logger.go:67:                       [31m-[0m[0m ip_version = "ipv4"
TestRunBankingSolutionsDA 2025-12-11T16:31:54+05:30 logger.go:67:                       [31m-[0m[0m port_max   = 0
TestRunBankingSolutionsDA 2025-12-11T16:31:54+05:30 logger.go:67:                       [31m-[0m[0m port_min   = 0
TestRunBankingSolutionsDA 2025-12-11T16:31:54+05:30 logger.go:67:                       [31m-[0m[0m protocol   = "all"
TestRunBankingSolutionsDA 2025-12-11T16:31:54+05:30 logger.go:67:                       [31m-[0m[0m remote     = "172.17.0.0/18"
TestRunBankingSolutionsDA 2025-12-11T16:31:54+05:30 logger.go:67:                       [31m-[0m[0m rule_id    = "r006-d61acaea-4388-4321-a480-83a6b2c3f4c6"
TestRunBankingSolutionsDA 2025-12-11T16:31:54+05:30 logger.go:67:                       [31m-[0m[0m type       = 0
TestRunBankingSolutionsDA 2025-12-11T16:31:54+05:30 logger.go:67:                     },
TestRunBankingSolutionsDA 2025-12-11T16:31:54+05:30 logger.go:67:                   [31m-[0m[0m {
TestRunBankingSolutionsDA 2025-12-11T16:31:54+05:30 logger.go:67:                       [31m-[0m[0m code       = 0
TestRunBankingSolutionsDA 2025-12-11T16:31:54+05:30 logger.go:67:                       [31m-[0m[0m direction  = "outbound"
TestRunBankingSolutionsDA 2025-12-11T16:31:54+05:30 logger.go:67:                       [31m-[0m[0m ip_version = "ipv4"
TestRunBankingSolutionsDA 2025-12-11T16:31:54+05:30 logger.go:67:                       [31m-[0m[0m port_max   = 0
TestRunBankingSolutionsDA 2025-12-11T16:31:54+05:30 logger.go:67:                       [31m-[0m[0m port_min   = 0
TestRunBankingSolutionsDA 2025-12-11T16:31:54+05:30 logger.go:67:                       [31m-[0m[0m protocol   = "all"
TestRunBankingSolutionsDA 2025-12-11T16:31:54+05:30 logger.go:67:                       [31m-[0m[0m remote     = "169.254.169.254"
TestRunBankingSolutionsDA 2025-12-11T16:31:54+05:30 logger.go:67:                       [31m-[0m[0m rule_id    = "r006-18e8ec0a-1f0d-4128-ad59-e32b26d439ec"
TestRunBankingSolutionsDA 2025-12-11T16:31:54+05:30 logger.go:67:                       [31m-[0m[0m type       = 0
TestRunBankingSolutionsDA 2025-12-11T16:31:54+05:30 logger.go:67:                     },
TestRunBankingSolutionsDA 2025-12-11T16:31:54+05:30 logger.go:67:                   [31m-[0m[0m {
TestRunBankingSolutionsDA 2025-12-11T16:31:54+05:30 logger.go:67:                       [31m-[0m[0m code       = 0
TestRunBankingSolutionsDA 2025-12-11T16:31:54+05:30 logger.go:67:                       [31m-[0m[0m direction  = "inbound"
TestRunBankingSolutionsDA 2025-12-11T16:31:54+05:30 logger.go:67:                       [31m-[0m[0m ip_version = "ipv4"
TestRunBankingSolutionsDA 2025-12-11T16:31:54+05:30 logger.go:67:                       [31m-[0m[0m port_max   = 0
TestRunBankingSolutionsDA 2025-12-11T16:31:54+05:30 logger.go:67:                       [31m-[0m[0m port_min   = 0
TestRunBankingSolutionsDA 2025-12-11T16:31:54+05:30 logger.go:67:                       [31m-[0m[0m protocol   = "all"
TestRunBankingSolutionsDA 2025-12-11T16:31:54+05:30 logger.go:67:                       [31m-[0m[0m remote     = "172.17.0.0/18"
TestRunBankingSolutionsDA 2025-12-11T16:31:54+05:30 logger.go:67:                       [31m-[0m[0m rule_id    = "r006-a6b6c99d-5144-40b8-8271-3e3cefb81dbc"
TestRunBankingSolutionsDA 2025-12-11T16:31:54+05:30 logger.go:67:                       [31m-[0m[0m type       = 0
TestRunBankingSolutionsDA 2025-12-11T16:31:54+05:30 logger.go:67:                     },
TestRunBankingSolutionsDA 2025-12-11T16:31:54+05:30 logger.go:67:                   [31m-[0m[0m {
TestRunBankingSolutionsDA 2025-12-11T16:31:54+05:30 logger.go:67:                       [31m-[0m[0m code       = 0
TestRunBankingSolutionsDA 2025-12-11T16:31:54+05:30 logger.go:67:                       [31m-[0m[0m direction  = "inbound"
TestRunBankingSolutionsDA 2025-12-11T16:31:54+05:30 logger.go:67:                       [31m-[0m[0m ip_version = "ipv4"
TestRunBankingSolutionsDA 2025-12-11T16:31:54+05:30 logger.go:67:                       [31m-[0m[0m port_max   = 0
TestRunBankingSolutionsDA 2025-12-11T16:31:54+05:30 logger.go:67:                       [31m-[0m[0m port_min   = 0
TestRunBankingSolutionsDA 2025-12-11T16:31:54+05:30 logger.go:67:                       [31m-[0m[0m protocol   = "all"
TestRunBankingSolutionsDA 2025-12-11T16:31:54+05:30 logger.go:67:                       [31m-[0m[0m remote     = "r006-ec49723f-4e4e-4160-b6b7-e9f83f0bdb2d"
TestRunBankingSolutionsDA 2025-12-11T16:31:54+05:30 logger.go:67:                       [31m-[0m[0m rule_id    = "r006-5ba9bcb7-1218-41cb-ad07-25551f51362e"
TestRunBankingSolutionsDA 2025-12-11T16:31:54+05:30 logger.go:67:                       [31m-[0m[0m type       = 0
TestRunBankingSolutionsDA 2025-12-11T16:31:54+05:30 logger.go:67:                     },
TestRunBankingSolutionsDA 2025-12-11T16:31:54+05:30 logger.go:67:                   [31m-[0m[0m {
TestRunBankingSolutionsDA 2025-12-11T16:31:54+05:30 logger.go:67:                       [31m-[0m[0m code       = 0
TestRunBankingSolutionsDA 2025-12-11T16:31:54+05:30 logger.go:67:                       [31m-[0m[0m direction  = "inbound"
TestRunBankingSolutionsDA 2025-12-11T16:31:54+05:30 logger.go:67:                       [31m-[0m[0m ip_version = "ipv4"
TestRunBankingSolutionsDA 2025-12-11T16:31:54+05:30 logger.go:67:                       [31m-[0m[0m port_max   = 0
TestRunBankingSolutionsDA 2025-12-11T16:31:54+05:30 logger.go:67:                       [31m-[0m[0m port_min   = 0
TestRunBankingSolutionsDA 2025-12-11T16:31:54+05:30 logger.go:67:                       [31m-[0m[0m protocol   = "icmp"
TestRunBankingSolutionsDA 2025-12-11T16:31:54+05:30 logger.go:67:                       [31m-[0m[0m remote     = "0.0.0.0/0"
TestRunBankingSolutionsDA 2025-12-11T16:31:54+05:30 logger.go:67:                       [31m-[0m[0m rule_id    = "r006-66f8fae4-eb33-4824-8880-3f682f3454bf"
TestRunBankingSolutionsDA 2025-12-11T16:31:54+05:30 logger.go:67:                       [31m-[0m[0m type       = 8
TestRunBankingSolutionsDA 2025-12-11T16:31:54+05:30 logger.go:67:                     },
TestRunBankingSolutionsDA 2025-12-11T16:31:54+05:30 logger.go:67:                   [31m-[0m[0m {
TestRunBankingSolutionsDA 2025-12-11T16:31:54+05:30 logger.go:67:                       [31m-[0m[0m code       = 0
TestRunBankingSolutionsDA 2025-12-11T16:31:54+05:30 logger.go:67:                       [31m-[0m[0m direction  = "outbound"
TestRunBankingSolutionsDA 2025-12-11T16:31:54+05:30 logger.go:67:                       [31m-[0m[0m ip_version = "ipv4"
TestRunBankingSolutionsDA 2025-12-11T16:31:54+05:30 logger.go:67:                       [31m-[0m[0m port_max   = 32148
TestRunBankingSolutionsDA 2025-12-11T16:31:54+05:30 logger.go:67:                       [31m-[0m[0m port_min   = 32148
TestRunBankingSolutionsDA 2025-12-11T16:31:54+05:30 logger.go:67:                       [31m-[0m[0m protocol   = "tcp"
TestRunBankingSolutionsDA 2025-12-11T16:31:54+05:30 logger.go:67:                       [31m-[0m[0m remote     = "169.47.209.66"
TestRunBankingSolutionsDA 2025-12-11T16:31:54+05:30 logger.go:67:                       [31m-[0m[0m rule_id    = "r006-7f8c9cbc-e398-40e0-b405-f47e6d27217b"
TestRunBankingSolutionsDA 2025-12-11T16:31:54+05:30 logger.go:67:                       [31m-[0m[0m type       = 0
TestRunBankingSolutionsDA 2025-12-11T16:31:54+05:30 logger.go:67:                     },
TestRunBankingSolutionsDA 2025-12-11T16:31:54+05:30 logger.go:67:                   [31m-[0m[0m {
TestRunBankingSolutionsDA 2025-12-11T16:31:54+05:30 logger.go:67:                       [31m-[0m[0m code       = 0
TestRunBankingSolutionsDA 2025-12-11T16:31:54+05:30 logger.go:67:                       [31m-[0m[0m direction  = "outbound"
TestRunBankingSolutionsDA 2025-12-11T16:31:54+05:30 logger.go:67:                       [31m-[0m[0m ip_version = "ipv4"
TestRunBankingSolutionsDA 2025-12-11T16:31:54+05:30 logger.go:67:                       [31m-[0m[0m port_max   = 32148
TestRunBankingSolutionsDA 2025-12-11T16:31:54+05:30 logger.go:67:                       [31m-[0m[0m port_min   = 32148
TestRunBankingSolutionsDA 2025-12-11T16:31:54+05:30 logger.go:67:                       [31m-[0m[0m protocol   = "tcp"
TestRunBankingSolutionsDA 2025-12-11T16:31:54+05:30 logger.go:67:                       [31m-[0m[0m remote     = "50.22.129.34"
TestRunBankingSolutionsDA 2025-12-11T16:31:54+05:30 logger.go:67:                       [31m-[0m[0m rule_id    = "r006-64b0a19a-b388-4fd3-a1ca-68df3df53dd4"
TestRunBankingSolutionsDA 2025-12-11T16:31:54+05:30 logger.go:67:                       [31m-[0m[0m type       = 0
TestRunBankingSolutionsDA 2025-12-11T16:31:54+05:30 logger.go:67:                     },
TestRunBankingSolutionsDA 2025-12-11T16:31:54+05:30 logger.go:67:                   [31m-[0m[0m {
TestRunBankingSolutionsDA 2025-12-11T16:31:54+05:30 logger.go:67:                       [31m-[0m[0m code       = 0
TestRunBankingSolutionsDA 2025-12-11T16:31:54+05:30 logger.go:67:                       [31m-[0m[0m direction  = "outbound"
TestRunBankingSolutionsDA 2025-12-11T16:31:54+05:30 logger.go:67:                       [31m-[0m[0m ip_version = "ipv4"
TestRunBankingSolutionsDA 2025-12-11T16:31:54+05:30 logger.go:67:                       [31m-[0m[0m port_max   = 32148
TestRunBankingSolutionsDA 2025-12-11T16:31:54+05:30 logger.go:67:                       [31m-[0m[0m port_min   = 32148
TestRunBankingSolutionsDA 2025-12-11T16:31:54+05:30 logger.go:67:                       [31m-[0m[0m protocol   = "tcp"
TestRunBankingSolutionsDA 2025-12-11T16:31:54+05:30 logger.go:67:                       [31m-[0m[0m remote     = "52.117.197.210"
TestRunBankingSolutionsDA 2025-12-11T16:31:54+05:30 logger.go:67:                       [31m-[0m[0m rule_id    = "r006-0f8eeb4a-3c3e-43af-add9-1bb2bc46387f"
TestRunBankingSolutionsDA 2025-12-11T16:31:54+05:30 logger.go:67:                       [31m-[0m[0m type       = 0
TestRunBankingSolutionsDA 2025-12-11T16:31:54+05:30 logger.go:67:                     },
TestRunBankingSolutionsDA 2025-12-11T16:31:54+05:30 logger.go:67:                   [31m-[0m[0m {
TestRunBankingSolutionsDA 2025-12-11T16:31:54+05:30 logger.go:67:                       [31m-[0m[0m code       = 0
TestRunBankingSolutionsDA 2025-12-11T16:31:54+05:30 logger.go:67:                       [31m-[0m[0m direction  = "inbound"
TestRunBankingSolutionsDA 2025-12-11T16:31:54+05:30 logger.go:67:                       [31m-[0m[0m ip_version = "ipv4"
TestRunBankingSolutionsDA 2025-12-11T16:31:54+05:30 logger.go:67:                       [31m-[0m[0m port_max   = 32440
TestRunBankingSolutionsDA 2025-12-11T16:31:54+05:30 logger.go:67:                       [31m-[0m[0m port_min   = 32440
TestRunBankingSolutionsDA 2025-12-11T16:31:54+05:30 logger.go:67:                       [31m-[0m[0m protocol   = "tcp"
TestRunBankingSolutionsDA 2025-12-11T16:31:54+05:30 logger.go:67:                       [31m-[0m[0m remote     = "r006-db77e323-1f9f-4f4b-a060-92e7bd66409a"
TestRunBankingSolutionsDA 2025-12-11T16:31:54+05:30 logger.go:67:                       [31m-[0m[0m rule_id    = "r006-6e8e65dd-9d12-41e5-8ef8-7cb7c8e7c8cf"
TestRunBankingSolutionsDA 2025-12-11T16:31:54+05:30 logger.go:67:                       [31m-[0m[0m type       = 0
TestRunBankingSolutionsDA 2025-12-11T16:31:54+05:30 logger.go:67:                     },
TestRunBankingSolutionsDA 2025-12-11T16:31:54+05:30 logger.go:67:                   [31m-[0m[0m {
TestRunBankingSolutionsDA 2025-12-11T16:31:54+05:30 logger.go:67:                       [31m-[0m[0m code       = 0
TestRunBankingSolutionsDA 2025-12-11T16:31:54+05:30 logger.go:67:                       [31m-[0m[0m direction  = "inbound"
TestRunBankingSolutionsDA 2025-12-11T16:31:54+05:30 logger.go:67:                       [31m-[0m[0m ip_version = "ipv4"
TestRunBankingSolutionsDA 2025-12-11T16:31:54+05:30 logger.go:67:                       [31m-[0m[0m port_max   = 31090
TestRunBankingSolutionsDA 2025-12-11T16:31:54+05:30 logger.go:67:                       [31m-[0m[0m port_min   = 31090
TestRunBankingSolutionsDA 2025-12-11T16:31:54+05:30 logger.go:67:                       [31m-[0m[0m protocol   = "tcp"
TestRunBankingSolutionsDA 2025-12-11T16:31:54+05:30 logger.go:67:                       [31m-[0m[0m remote     = "r006-db77e323-1f9f-4f4b-a060-92e7bd66409a"
TestRunBankingSolutionsDA 2025-12-11T16:31:54+05:30 logger.go:67:                       [31m-[0m[0m rule_id    = "r006-24086c2b-b3a0-43a0-b356-8d993818e5f9"
TestRunBankingSolutionsDA 2025-12-11T16:31:54+05:30 logger.go:67:                       [31m-[0m[0m type       = 0
TestRunBankingSolutionsDA 2025-12-11T16:31:54+05:30 logger.go:67:                     },
TestRunBankingSolutionsDA 2025-12-11T16:31:54+05:30 logger.go:67:                   [31m-[0m[0m {
TestRunBankingSolutionsDA 2025-12-11T16:31:54+05:30 logger.go:67:                       [31m-[0m[0m code       = 0
TestRunBankingSolutionsDA 2025-12-11T16:31:54+05:30 logger.go:67:                       [31m-[0m[0m direction  = "outbound"
TestRunBankingSolutionsDA 2025-12-11T16:31:54+05:30 logger.go:67:                       [31m-[0m[0m ip_version = "ipv4"
TestRunBankingSolutionsDA 2025-12-11T16:31:54+05:30 logger.go:67:                       [31m-[0m[0m port_max   = 443
TestRunBankingSolutionsDA 2025-12-11T16:31:54+05:30 logger.go:67:                       [31m-[0m[0m port_min   = 443
TestRunBankingSolutionsDA 2025-12-11T16:31:54+05:30 logger.go:67:                       [31m-[0m[0m protocol   = "tcp"
TestRunBankingSolutionsDA 2025-12-11T16:31:54+05:30 logger.go:67:                       [31m-[0m[0m remote     = "150.240.166.114"
TestRunBankingSolutionsDA 2025-12-11T16:31:54+05:30 logger.go:67:                       [31m-[0m[0m rule_id    = "r006-ad52c134-4aa5-4989-b0f7-2c5cdb95f24e"
TestRunBankingSolutionsDA 2025-12-11T16:31:54+05:30 logger.go:67:                       [31m-[0m[0m type       = 0
TestRunBankingSolutionsDA 2025-12-11T16:31:54+05:30 logger.go:67:                     },
TestRunBankingSolutionsDA 2025-12-11T16:31:54+05:30 logger.go:67:                   [31m-[0m[0m {
TestRunBankingSolutionsDA 2025-12-11T16:31:54+05:30 logger.go:67:                       [31m-[0m[0m code       = 0
TestRunBankingSolutionsDA 2025-12-11T16:31:54+05:30 logger.go:67:                       [31m-[0m[0m direction  = "outbound"
TestRunBankingSolutionsDA 2025-12-11T16:31:54+05:30 logger.go:67:                       [31m-[0m[0m ip_version = "ipv4"
TestRunBankingSolutionsDA 2025-12-11T16:31:54+05:30 logger.go:67:                       [31m-[0m[0m port_max   = 443
TestRunBankingSolutionsDA 2025-12-11T16:31:54+05:30 logger.go:67:                       [31m-[0m[0m port_min   = 443
TestRunBankingSolutionsDA 2025-12-11T16:31:54+05:30 logger.go:67:                       [31m-[0m[0m protocol   = "tcp"
TestRunBankingSolutionsDA 2025-12-11T16:31:54+05:30 logger.go:67:                       [31m-[0m[0m remote     = "150.240.66.24"
TestRunBankingSolutionsDA 2025-12-11T16:31:54+05:30 logger.go:67:                       [31m-[0m[0m rule_id    = "r006-ee55d65b-5fbf-489c-a03a-8f6e23dcf20f"
TestRunBankingSolutionsDA 2025-12-11T16:31:54+05:30 logger.go:67:                       [31m-[0m[0m type       = 0
TestRunBankingSolutionsDA 2025-12-11T16:31:54+05:30 logger.go:67:                     },
TestRunBankingSolutionsDA 2025-12-11T16:31:54+05:30 logger.go:67:                 ]
TestRunBankingSolutionsDA 2025-12-11T16:31:54+05:30 logger.go:67:             },
TestRunBankingSolutionsDA 2025-12-11T16:31:54+05:30 logger.go:67:           [31m-[0m[0m {
TestRunBankingSolutionsDA 2025-12-11T16:31:54+05:30 logger.go:67:               [31m-[0m[0m group_id   = "r006-7949aab5-7684-4f8d-96d4-f4295d7fd18b"
TestRunBankingSolutionsDA 2025-12-11T16:31:54+05:30 logger.go:67:               [31m-[0m[0m group_name = "kube-vpegw-r006-8ebe2288-3cff-475c-991c-76259e11b8f6"
TestRunBankingSolutionsDA 2025-12-11T16:31:54+05:30 logger.go:67:               [31m-[0m[0m rules      = [
TestRunBankingSolutionsDA 2025-12-11T16:31:54+05:30 logger.go:67:                   [31m-[0m[0m {
TestRunBankingSolutionsDA 2025-12-11T16:31:54+05:30 logger.go:67:                       [31m-[0m[0m code       = 0
TestRunBankingSolutionsDA 2025-12-11T16:31:54+05:30 logger.go:67:                       [31m-[0m[0m direction  = "inbound"
TestRunBankingSolutionsDA 2025-12-11T16:31:54+05:30 logger.go:67:                       [31m-[0m[0m ip_version = "ipv4"
TestRunBankingSolutionsDA 2025-12-11T16:31:54+05:30 logger.go:67:                       [31m-[0m[0m port_max   = 0
TestRunBankingSolutionsDA 2025-12-11T16:31:54+05:30 logger.go:67:                       [31m-[0m[0m port_min   = 0
TestRunBankingSolutionsDA 2025-12-11T16:31:54+05:30 logger.go:67:                       [31m-[0m[0m protocol   = "all"
TestRunBankingSolutionsDA 2025-12-11T16:31:54+05:30 logger.go:67:                       [31m-[0m[0m remote     = "r006-ec49723f-4e4e-4160-b6b7-e9f83f0bdb2d"
TestRunBankingSolutionsDA 2025-12-11T16:31:54+05:30 logger.go:67:                       [31m-[0m[0m rule_id    = "r006-3445656b-4ef2-4855-817f-f9cd7bd79eb8"
TestRunBankingSolutionsDA 2025-12-11T16:31:54+05:30 logger.go:67:                       [31m-[0m[0m type       = 0
TestRunBankingSolutionsDA 2025-12-11T16:31:54+05:30 logger.go:67:                     },
TestRunBankingSolutionsDA 2025-12-11T16:31:54+05:30 logger.go:67:                 ]
TestRunBankingSolutionsDA 2025-12-11T16:31:54+05:30 logger.go:67:             },
TestRunBankingSolutionsDA 2025-12-11T16:31:54+05:30 logger.go:67:           [31m-[0m[0m {
TestRunBankingSolutionsDA 2025-12-11T16:31:54+05:30 logger.go:67:               [31m-[0m[0m group_id   = "r006-9958e26c-1c77-41c9-be20-8006331447bf"
TestRunBankingSolutionsDA 2025-12-11T16:31:54+05:30 logger.go:67:               [31m-[0m[0m group_name = "unguided-hesitate-crank-slinky"
TestRunBankingSolutionsDA 2025-12-11T16:31:54+05:30 logger.go:67:               [31m-[0m[0m rules      = [
TestRunBankingSolutionsDA 2025-12-11T16:31:54+05:30 logger.go:67:                   [31m-[0m[0m {
TestRunBankingSolutionsDA 2025-12-11T16:31:54+05:30 logger.go:67:                       [31m-[0m[0m code       = 0
TestRunBankingSolutionsDA 2025-12-11T16:31:54+05:30 logger.go:67:                       [31m-[0m[0m direction  = "outbound"
TestRunBankingSolutionsDA 2025-12-11T16:31:54+05:30 logger.go:67:                       [31m-[0m[0m ip_version = "ipv4"
TestRunBankingSolutionsDA 2025-12-11T16:31:54+05:30 logger.go:67:                       [31m-[0m[0m port_max   = 0
TestRunBankingSolutionsDA 2025-12-11T16:31:54+05:30 logger.go:67:                       [31m-[0m[0m port_min   = 0
TestRunBankingSolutionsDA 2025-12-11T16:31:54+05:30 logger.go:67:                       [31m-[0m[0m protocol   = "all"
TestRunBankingSolutionsDA 2025-12-11T16:31:54+05:30 logger.go:67:                       [31m-[0m[0m remote     = "0.0.0.0/0"
TestRunBankingSolutionsDA 2025-12-11T16:31:54+05:30 logger.go:67:                       [31m-[0m[0m rule_id    = "r006-36363227-9b05-4440-8057-27109a04dd1e"
TestRunBankingSolutionsDA 2025-12-11T16:31:54+05:30 logger.go:67:                       [31m-[0m[0m type       = 0
TestRunBankingSolutionsDA 2025-12-11T16:31:54+05:30 logger.go:67:                     },
TestRunBankingSolutionsDA 2025-12-11T16:31:54+05:30 logger.go:67:                   [31m-[0m[0m {
TestRunBankingSolutionsDA 2025-12-11T16:31:54+05:30 logger.go:67:                       [31m-[0m[0m code       = 0
TestRunBankingSolutionsDA 2025-12-11T16:31:54+05:30 logger.go:67:                       [31m-[0m[0m direction  = "inbound"
TestRunBankingSolutionsDA 2025-12-11T16:31:54+05:30 logger.go:67:                       [31m-[0m[0m ip_version = "ipv4"
TestRunBankingSolutionsDA 2025-12-11T16:31:54+05:30 logger.go:67:                       [31m-[0m[0m port_max   = 0
TestRunBankingSolutionsDA 2025-12-11T16:31:54+05:30 logger.go:67:                       [31m-[0m[0m port_min   = 0
TestRunBankingSolutionsDA 2025-12-11T16:31:54+05:30 logger.go:67:                       [31m-[0m[0m protocol   = "all"
TestRunBankingSolutionsDA 2025-12-11T16:31:54+05:30 logger.go:67:                       [31m-[0m[0m remote     = "r006-9958e26c-1c77-41c9-be20-8006331447bf"
TestRunBankingSolutionsDA 2025-12-11T16:31:54+05:30 logger.go:67:                       [31m-[0m[0m rule_id    = "r006-6baa539b-1c26-475a-b9d1-0ebfc41818d9"
TestRunBankingSolutionsDA 2025-12-11T16:31:54+05:30 logger.go:67:                       [31m-[0m[0m type       = 0
TestRunBankingSolutionsDA 2025-12-11T16:31:54+05:30 logger.go:67:                     },
TestRunBankingSolutionsDA 2025-12-11T16:31:54+05:30 logger.go:67:                 ]
TestRunBankingSolutionsDA 2025-12-11T16:31:54+05:30 logger.go:67:             },
TestRunBankingSolutionsDA 2025-12-11T16:31:54+05:30 logger.go:67:         ] [90m-> null[0m[0m
TestRunBankingSolutionsDA 2025-12-11T16:31:54+05:30 logger.go:67:       [31m-[0m[0m status                      = "available" [90m-> null[0m[0m
TestRunBankingSolutionsDA 2025-12-11T16:31:54+05:30 logger.go:67:       [31m-[0m[0m subnets                     = [
TestRunBankingSolutionsDA 2025-12-11T16:31:54+05:30 logger.go:67:           [31m-[0m[0m {
TestRunBankingSolutionsDA 2025-12-11T16:31:54+05:30 logger.go:67:               [31m-[0m[0m available_ipv4_address_count = 241
TestRunBankingSolutionsDA 2025-12-11T16:31:54+05:30 logger.go:67:               [31m-[0m[0m id                           = "0717-4e0f5cc2-0f5a-474a-b1fe-962e2a4f08a6"
TestRunBankingSolutionsDA 2025-12-11T16:31:54+05:30 logger.go:67:               [31m-[0m[0m name                         = "rag-s-bbr25d-subnet-1"
TestRunBankingSolutionsDA 2025-12-11T16:31:54+05:30 logger.go:67:               [31m-[0m[0m status                       = "available"
TestRunBankingSolutionsDA 2025-12-11T16:31:54+05:30 logger.go:67:               [31m-[0m[0m total_ipv4_address_count     = 256
TestRunBankingSolutionsDA 2025-12-11T16:31:54+05:30 logger.go:67:               [31m-[0m[0m zone                         = "us-south-1"
TestRunBankingSolutionsDA 2025-12-11T16:31:54+05:30 logger.go:67:             },
TestRunBankingSolutionsDA 2025-12-11T16:31:54+05:30 logger.go:67:         ] [90m-> null[0m[0m
TestRunBankingSolutionsDA 2025-12-11T16:31:54+05:30 logger.go:67:       [31m-[0m[0m tags                        = [] [90m-> null[0m[0m
TestRunBankingSolutionsDA 2025-12-11T16:31:54+05:30 logger.go:67: 
TestRunBankingSolutionsDA 2025-12-11T16:31:54+05:30 logger.go:67:       [31m-[0m[0m dns {
TestRunBankingSolutionsDA 2025-12-11T16:31:54+05:30 logger.go:67:           [31m-[0m[0m enable_hub               = false [90m-> null[0m[0m
TestRunBankingSolutionsDA 2025-12-11T16:31:54+05:30 logger.go:67:           [31m-[0m[0m resolution_binding_count = 0 [90m-> null[0m[0m
TestRunBankingSolutionsDA 2025-12-11T16:31:54+05:30 logger.go:67: 
TestRunBankingSolutionsDA 2025-12-11T16:31:54+05:30 logger.go:67:           [31m-[0m[0m resolver {
TestRunBankingSolutionsDA 2025-12-11T16:31:54+05:30 logger.go:67:               [31m-[0m[0m configuration         = "private_resolver" [90m-> null[0m[0m
TestRunBankingSolutionsDA 2025-12-11T16:31:54+05:30 logger.go:67:               [31m-[0m[0m servers               = [
TestRunBankingSolutionsDA 2025-12-11T16:31:54+05:30 logger.go:67:                   [31m-[0m[0m {
TestRunBankingSolutionsDA 2025-12-11T16:31:54+05:30 logger.go:67:                       [31m-[0m[0m address       = "161.26.0.7"
TestRunBankingSolutionsDA 2025-12-11T16:31:54+05:30 logger.go:67:                         [90m# (1 unchanged attribute hidden)[0m[0m
TestRunBankingSolutionsDA 2025-12-11T16:31:54+05:30 logger.go:67:                     },
TestRunBankingSolutionsDA 2025-12-11T16:31:54+05:30 logger.go:67:                   [31m-[0m[0m {
TestRunBankingSolutionsDA 2025-12-11T16:31:54+05:30 logger.go:67:                       [31m-[0m[0m address       = "161.26.0.8"
TestRunBankingSolutionsDA 2025-12-11T16:31:54+05:30 logger.go:67:                         [90m# (1 unchanged attribute hidden)[0m[0m
TestRunBankingSolutionsDA 2025-12-11T16:31:54+05:30 logger.go:67:                     },
TestRunBankingSolutionsDA 2025-12-11T16:31:54+05:30 logger.go:67:                 ] [90m-> null[0m[0m
TestRunBankingSolutionsDA 2025-12-11T16:31:54+05:30 logger.go:67:               [31m-[0m[0m type                  = "system" [90m-> null[0m[0m
TestRunBankingSolutionsDA 2025-12-11T16:31:54+05:30 logger.go:67:                 [90m# (7 unchanged attributes hidden)[0m[0m
TestRunBankingSolutionsDA 2025-12-11T16:31:54+05:30 logger.go:67:             }
TestRunBankingSolutionsDA 2025-12-11T16:31:54+05:30 logger.go:67:         }
TestRunBankingSolutionsDA 2025-12-11T16:31:54+05:30 logger.go:67:     }
TestRunBankingSolutionsDA 2025-12-11T16:31:54+05:30 logger.go:67: 
TestRunBankingSolutionsDA 2025-12-11T16:31:54+05:30 logger.go:67: [1m  # ibm_resource_instance.assistant_instance[0m will be [1m[31mdestroyed[0m
TestRunBankingSolutionsDA 2025-12-11T16:31:54+05:30 logger.go:67: [0m  [31m-[0m[0m resource "ibm_resource_instance" "assistant_instance" {
TestRunBankingSolutionsDA 2025-12-11T16:31:54+05:30 logger.go:67:       [31m-[0m[0m account_id              = "abac0df06b644a9cabc6e44f55b3880e" [90m-> null[0m[0m
TestRunBankingSolutionsDA 2025-12-11T16:31:54+05:30 logger.go:67:       [31m-[0m[0m allow_cleanup           = false [90m-> null[0m[0m
TestRunBankingSolutionsDA 2025-12-11T16:31:54+05:30 logger.go:67:       [31m-[0m[0m created_at              = "2025-12-11T10:01:13.546Z" [90m-> null[0m[0m
TestRunBankingSolutionsDA 2025-12-11T16:31:54+05:30 logger.go:67:       [31m-[0m[0m created_by              = "IBMid-69100165KL" [90m-> null[0m[0m
TestRunBankingSolutionsDA 2025-12-11T16:31:54+05:30 logger.go:67:       [31m-[0m[0m crn                     = "crn:v1:bluemix:public:conversation:us-south:a/abac0df06b644a9cabc6e44f55b3880e:5d304912-4bca-41dc-9089-77f216c05973::" [90m-> null[0m[0m
TestRunBankingSolutionsDA 2025-12-11T16:31:54+05:30 logger.go:67:       [31m-[0m[0m dashboard_url           = "https://cloud.ibm.com/" [90m-> null[0m[0m
TestRunBankingSolutionsDA 2025-12-11T16:31:54+05:30 logger.go:67:       [31m-[0m[0m extensions              = {
TestRunBankingSolutionsDA 2025-12-11T16:31:54+05:30 logger.go:67:           [31m-[0m[0m "virtual_private_endpoints.dns_domain"             = "assistant.watson.cloud.ibm.com"
TestRunBankingSolutionsDA 2025-12-11T16:31:54+05:30 logger.go:67:           [31m-[0m[0m "virtual_private_endpoints.dns_hosts.#"            = "1"
TestRunBankingSolutionsDA 2025-12-11T16:31:54+05:30 logger.go:67:           [31m-[0m[0m "virtual_private_endpoints.dns_hosts.0"            = "api.private.us-south"
TestRunBankingSolutionsDA 2025-12-11T16:31:54+05:30 logger.go:67:           [31m-[0m[0m "virtual_private_endpoints.endpoints.#"            = "3"
TestRunBankingSolutionsDA 2025-12-11T16:31:54+05:30 logger.go:67:           [31m-[0m[0m "virtual_private_endpoints.endpoints.0.ip_address" = "166.9.48.86"
TestRunBankingSolutionsDA 2025-12-11T16:31:54+05:30 logger.go:67:           [31m-[0m[0m "virtual_private_endpoints.endpoints.0.zone"       = "dal10"
TestRunBankingSolutionsDA 2025-12-11T16:31:54+05:30 logger.go:67:           [31m-[0m[0m "virtual_private_endpoints.endpoints.1.ip_address" = "166.9.51.37"
TestRunBankingSolutionsDA 2025-12-11T16:31:54+05:30 logger.go:67:           [31m-[0m[0m "virtual_private_endpoints.endpoints.1.zone"       = "dal12"
TestRunBankingSolutionsDA 2025-12-11T16:31:54+05:30 logger.go:67:           [31m-[0m[0m "virtual_private_endpoints.endpoints.2.ip_address" = "166.9.58.35"
TestRunBankingSolutionsDA 2025-12-11T16:31:54+05:30 logger.go:67:           [31m-[0m[0m "virtual_private_endpoints.endpoints.2.zone"       = "dal13"
TestRunBankingSolutionsDA 2025-12-11T16:31:54+05:30 logger.go:67:           [31m-[0m[0m "virtual_private_endpoints.origin_type"            = "cse"
TestRunBankingSolutionsDA 2025-12-11T16:31:54+05:30 logger.go:67:           [31m-[0m[0m "virtual_private_endpoints.ports.#"                = "2"
TestRunBankingSolutionsDA 2025-12-11T16:31:54+05:30 logger.go:67:           [31m-[0m[0m "virtual_private_endpoints.ports.0.port_max"       = "443"
TestRunBankingSolutionsDA 2025-12-11T16:31:54+05:30 logger.go:67:           [31m-[0m[0m "virtual_private_endpoints.ports.0.port_min"       = "443"
TestRunBankingSolutionsDA 2025-12-11T16:31:54+05:30 logger.go:67:           [31m-[0m[0m "virtual_private_endpoints.ports.1.port_max"       = "9443"
TestRunBankingSolutionsDA 2025-12-11T16:31:54+05:30 logger.go:67:           [31m-[0m[0m "virtual_private_endpoints.ports.1.port_min"       = "9443"
TestRunBankingSolutionsDA 2025-12-11T16:31:54+05:30 logger.go:67:         } [90m-> null[0m[0m
TestRunBankingSolutionsDA 2025-12-11T16:31:54+05:30 logger.go:67:       [31m-[0m[0m guid                    = "5d304912-4bca-41dc-9089-77f216c05973" [90m-> null[0m[0m
TestRunBankingSolutionsDA 2025-12-11T16:31:54+05:30 logger.go:67:       [31m-[0m[0m id                      = "crn:v1:bluemix:public:conversation:us-south:a/abac0df06b644a9cabc6e44f55b3880e:5d304912-4bca-41dc-9089-77f216c05973::" [90m-> null[0m[0m
TestRunBankingSolutionsDA 2025-12-11T16:31:54+05:30 logger.go:67:       [31m-[0m[0m last_operation          = {
TestRunBankingSolutionsDA 2025-12-11T16:31:54+05:30 logger.go:67:           [31m-[0m[0m "async"       = "false"
TestRunBankingSolutionsDA 2025-12-11T16:31:54+05:30 logger.go:67:           [31m-[0m[0m "cancelable"  = "false"
TestRunBankingSolutionsDA 2025-12-11T16:31:54+05:30 logger.go:67:           [31m-[0m[0m "description" = "Completed create instance operation"
TestRunBankingSolutionsDA 2025-12-11T16:31:54+05:30 logger.go:67:           [31m-[0m[0m "poll"        = "false"
TestRunBankingSolutionsDA 2025-12-11T16:31:54+05:30 logger.go:67:           [31m-[0m[0m "state"       = "succeeded"
TestRunBankingSolutionsDA 2025-12-11T16:31:54+05:30 logger.go:67:           [31m-[0m[0m "type"        = "create"
TestRunBankingSolutionsDA 2025-12-11T16:31:54+05:30 logger.go:67:         } [90m-> null[0m[0m
TestRunBankingSolutionsDA 2025-12-11T16:31:54+05:30 logger.go:67:       [31m-[0m[0m location                = "us-south" [90m-> null[0m[0m
TestRunBankingSolutionsDA 2025-12-11T16:31:54+05:30 logger.go:67:       [31m-[0m[0m locked                  = false [90m-> null[0m[0m
TestRunBankingSolutionsDA 2025-12-11T16:31:54+05:30 logger.go:67:       [31m-[0m[0m name                    = "rag-s-bbr25d-watson-assistant-instance" [90m-> null[0m[0m
TestRunBankingSolutionsDA 2025-12-11T16:31:54+05:30 logger.go:67:       [31m-[0m[0m onetime_credentials     = false [90m-> null[0m[0m
TestRunBankingSolutionsDA 2025-12-11T16:31:54+05:30 logger.go:67:       [31m-[0m[0m plan                    = "plus" [90m-> null[0m[0m
TestRunBankingSolutionsDA 2025-12-11T16:31:54+05:30 logger.go:67:       [31m-[0m[0m plan_history            = [
TestRunBankingSolutionsDA 2025-12-11T16:31:54+05:30 logger.go:67:           [31m-[0m[0m {
TestRunBankingSolutionsDA 2025-12-11T16:31:54+05:30 logger.go:67:               [31m-[0m[0m resource_plan_id = "f0a3dd47-b693-4d73-a8df-aa6baf07a933"
TestRunBankingSolutionsDA 2025-12-11T16:31:54+05:30 logger.go:67:               [31m-[0m[0m start_date       = "2025-12-11T10:01:13.546Z"
TestRunBankingSolutionsDA 2025-12-11T16:31:54+05:30 logger.go:67:             },
TestRunBankingSolutionsDA 2025-12-11T16:31:54+05:30 logger.go:67:         ] [90m-> null[0m[0m
TestRunBankingSolutionsDA 2025-12-11T16:31:54+05:30 logger.go:67:       [31m-[0m[0m resource_aliases_url    = "/v2/resource_instances/5d304912-4bca-41dc-9089-77f216c05973/resource_aliases" [90m-> null[0m[0m
TestRunBankingSolutionsDA 2025-12-11T16:31:54+05:30 logger.go:67:       [31m-[0m[0m resource_bindings_url   = "/v2/resource_instances/5d304912-4bca-41dc-9089-77f216c05973/resource_bindings" [90m-> null[0m[0m
TestRunBankingSolutionsDA 2025-12-11T16:31:54+05:30 logger.go:67:       [31m-[0m[0m resource_controller_url = "https://cloud.ibm.com/services/" [90m-> null[0m[0m
TestRunBankingSolutionsDA 2025-12-11T16:31:54+05:30 logger.go:67:       [31m-[0m[0m resource_crn            = "crn:v1:bluemix:public:conversation:us-south:a/abac0df06b644a9cabc6e44f55b3880e:5d304912-4bca-41dc-9089-77f216c05973::" [90m-> null[0m[0m
TestRunBankingSolutionsDA 2025-12-11T16:31:54+05:30 logger.go:67:       [31m-[0m[0m resource_group_crn      = "crn:v1:bluemix:public:resource-controller::a/abac0df06b644a9cabc6e44f55b3880e::resource-group:eb25051abc82406fac21424fb9bc3095" [90m-> null[0m[0m
TestRunBankingSolutionsDA 2025-12-11T16:31:54+05:30 logger.go:67:       [31m-[0m[0m resource_group_id       = "eb25051abc82406fac21424fb9bc3095" [90m-> null[0m[0m
TestRunBankingSolutionsDA 2025-12-11T16:31:54+05:30 logger.go:67:       [31m-[0m[0m resource_group_name     = "crn:v1:bluemix:public:resource-controller::a/abac0df06b644a9cabc6e44f55b3880e::resource-group:eb25051abc82406fac21424fb9bc3095" [90m-> null[0m[0m
TestRunBankingSolutionsDA 2025-12-11T16:31:54+05:30 logger.go:67:       [31m-[0m[0m resource_id             = "7045626d-55e3-4418-be11-683a26dbc1e5" [90m-> null[0m[0m
TestRunBankingSolutionsDA 2025-12-11T16:31:54+05:30 logger.go:67:       [31m-[0m[0m resource_keys_url       = "/v2/resource_instances/5d304912-4bca-41dc-9089-77f216c05973/resource_keys" [90m-> null[0m[0m
TestRunBankingSolutionsDA 2025-12-11T16:31:54+05:30 logger.go:67:       [31m-[0m[0m resource_name           = "rag-s-bbr25d-watson-assistant-instance" [90m-> null[0m[0m
TestRunBankingSolutionsDA 2025-12-11T16:31:54+05:30 logger.go:67:       [31m-[0m[0m resource_plan_id        = "f0a3dd47-b693-4d73-a8df-aa6baf07a933" [90m-> null[0m[0m
TestRunBankingSolutionsDA 2025-12-11T16:31:54+05:30 logger.go:67:       [31m-[0m[0m resource_status         = "active" [90m-> null[0m[0m
TestRunBankingSolutionsDA 2025-12-11T16:31:54+05:30 logger.go:67:       [31m-[0m[0m service                 = "conversation" [90m-> null[0m[0m
TestRunBankingSolutionsDA 2025-12-11T16:31:54+05:30 logger.go:67:       [31m-[0m[0m state                   = "active" [90m-> null[0m[0m
TestRunBankingSolutionsDA 2025-12-11T16:31:54+05:30 logger.go:67:       [31m-[0m[0m status                  = "active" [90m-> null[0m[0m
TestRunBankingSolutionsDA 2025-12-11T16:31:54+05:30 logger.go:67:       [31m-[0m[0m tags                    = [] [90m-> null[0m[0m
TestRunBankingSolutionsDA 2025-12-11T16:31:54+05:30 logger.go:67:       [31m-[0m[0m target_crn              = "crn:v1:bluemix:public:globalcatalog::::deployment:f0a3dd47-b693-4d73-a8df-aa6baf07a933%3Aus-south75077" [90m-> null[0m[0m
TestRunBankingSolutionsDA 2025-12-11T16:31:54+05:30 logger.go:67:       [31m-[0m[0m type                    = "service_instance" [90m-> null[0m[0m
TestRunBankingSolutionsDA 2025-12-11T16:31:54+05:30 logger.go:67:       [31m-[0m[0m update_at               = "2025-12-11T10:01:14.170Z" [90m-> null[0m[0m
TestRunBankingSolutionsDA 2025-12-11T16:31:54+05:30 logger.go:67:         [90m# (5 unchanged attributes hidden)[0m[0m
TestRunBankingSolutionsDA 2025-12-11T16:31:54+05:30 logger.go:67: 
TestRunBankingSolutionsDA 2025-12-11T16:31:54+05:30 logger.go:67:       [31m-[0m[0m timeouts {
TestRunBankingSolutionsDA 2025-12-11T16:31:54+05:30 logger.go:67:           [31m-[0m[0m create = "15m" [90m-> null[0m[0m
TestRunBankingSolutionsDA 2025-12-11T16:31:54+05:30 logger.go:67:           [31m-[0m[0m delete = "15m" [90m-> null[0m[0m
TestRunBankingSolutionsDA 2025-12-11T16:31:54+05:30 logger.go:67:           [31m-[0m[0m update = "15m" [90m-> null[0m[0m
TestRunBankingSolutionsDA 2025-12-11T16:31:54+05:30 logger.go:67:         }
TestRunBankingSolutionsDA 2025-12-11T16:31:54+05:30 logger.go:67:     }
TestRunBankingSolutionsDA 2025-12-11T16:31:54+05:30 logger.go:67: 
TestRunBankingSolutionsDA 2025-12-11T16:31:54+05:30 logger.go:67: [1m  # ibm_resource_instance.cd_instance[0m will be [1m[31mdestroyed[0m
TestRunBankingSolutionsDA 2025-12-11T16:31:54+05:30 logger.go:67: [0m  [31m-[0m[0m resource "ibm_resource_instance" "cd_instance" {
TestRunBankingSolutionsDA 2025-12-11T16:31:54+05:30 logger.go:67:       [31m-[0m[0m account_id              = "abac0df06b644a9cabc6e44f55b3880e" [90m-> null[0m[0m
TestRunBankingSolutionsDA 2025-12-11T16:31:54+05:30 logger.go:67:       [31m-[0m[0m allow_cleanup           = false [90m-> null[0m[0m
TestRunBankingSolutionsDA 2025-12-11T16:31:54+05:30 logger.go:67:       [31m-[0m[0m created_at              = "2025-12-11T10:01:13.265Z" [90m-> null[0m[0m
TestRunBankingSolutionsDA 2025-12-11T16:31:54+05:30 logger.go:67:       [31m-[0m[0m created_by              = "IBMid-69100165KL" [90m-> null[0m[0m
TestRunBankingSolutionsDA 2025-12-11T16:31:54+05:30 logger.go:67:       [31m-[0m[0m crn                     = "crn:v1:bluemix:public:continuous-delivery:us-south:a/abac0df06b644a9cabc6e44f55b3880e:2f2b0478-8ddd-46f4-8f2f-53da5bd056be::" [90m-> null[0m[0m
TestRunBankingSolutionsDA 2025-12-11T16:31:54+05:30 logger.go:67:       [31m-[0m[0m dashboard_url           = "https://cd-broker.us-south.devops.cloud.ibm.com/dashboard/crn:v1:bluemix:public:continuous-delivery:us-south:a/abac0df06b644a9cabc6e44f55b3880e:2f2b0478-8ddd-46f4-8f2f-53da5bd056be::" [90m-> null[0m[0m
TestRunBankingSolutionsDA 2025-12-11T16:31:54+05:30 logger.go:67:       [31m-[0m[0m extensions              = {} [90m-> null[0m[0m
TestRunBankingSolutionsDA 2025-12-11T16:31:54+05:30 logger.go:67:       [31m-[0m[0m guid                    = "2f2b0478-8ddd-46f4-8f2f-53da5bd056be" [90m-> null[0m[0m
TestRunBankingSolutionsDA 2025-12-11T16:31:54+05:30 logger.go:67:       [31m-[0m[0m id                      = "crn:v1:bluemix:public:continuous-delivery:us-south:a/abac0df06b644a9cabc6e44f55b3880e:2f2b0478-8ddd-46f4-8f2f-53da5bd056be::" [90m-> null[0m[0m
TestRunBankingSolutionsDA 2025-12-11T16:31:54+05:30 logger.go:67:       [31m-[0m[0m last_operation          = {
TestRunBankingSolutionsDA 2025-12-11T16:31:54+05:30 logger.go:67:           [31m-[0m[0m "async"       = "false"
TestRunBankingSolutionsDA 2025-12-11T16:31:54+05:30 logger.go:67:           [31m-[0m[0m "cancelable"  = "false"
TestRunBankingSolutionsDA 2025-12-11T16:31:54+05:30 logger.go:67:           [31m-[0m[0m "description" = "Completed create instance operation"
TestRunBankingSolutionsDA 2025-12-11T16:31:54+05:30 logger.go:67:           [31m-[0m[0m "poll"        = "false"
TestRunBankingSolutionsDA 2025-12-11T16:31:54+05:30 logger.go:67:           [31m-[0m[0m "state"       = "succeeded"
TestRunBankingSolutionsDA 2025-12-11T16:31:54+05:30 logger.go:67:           [31m-[0m[0m "type"        = "create"
TestRunBankingSolutionsDA 2025-12-11T16:31:54+05:30 logger.go:67:         } [90m-> null[0m[0m
TestRunBankingSolutionsDA 2025-12-11T16:31:54+05:30 logger.go:67:       [31m-[0m[0m location                = "us-south" [90m-> null[0m[0m
TestRunBankingSolutionsDA 2025-12-11T16:31:54+05:30 logger.go:67:       [31m-[0m[0m locked                  = false [90m-> null[0m[0m
TestRunBankingSolutionsDA 2025-12-11T16:31:54+05:30 logger.go:67:       [31m-[0m[0m name                    = "rag-s-bbr25d-cd-instance" [90m-> null[0m[0m
TestRunBankingSolutionsDA 2025-12-11T16:31:54+05:30 logger.go:67:       [31m-[0m[0m onetime_credentials     = false [90m-> null[0m[0m
TestRunBankingSolutionsDA 2025-12-11T16:31:54+05:30 logger.go:67:       [31m-[0m[0m plan                    = "professional" [90m-> null[0m[0m
TestRunBankingSolutionsDA 2025-12-11T16:31:54+05:30 logger.go:67:       [31m-[0m[0m plan_history            = [
TestRunBankingSolutionsDA 2025-12-11T16:31:54+05:30 logger.go:67:           [31m-[0m[0m {
TestRunBankingSolutionsDA 2025-12-11T16:31:54+05:30 logger.go:67:               [31m-[0m[0m resource_plan_id = "9ca4dc64-bc7b-4aba-9c1c-8bbf30ff127e"
TestRunBankingSolutionsDA 2025-12-11T16:31:54+05:30 logger.go:67:               [31m-[0m[0m start_date       = "2025-12-11T10:01:13.265Z"
TestRunBankingSolutionsDA 2025-12-11T16:31:54+05:30 logger.go:67:             },
TestRunBankingSolutionsDA 2025-12-11T16:31:54+05:30 logger.go:67:         ] [90m-> null[0m[0m
TestRunBankingSolutionsDA 2025-12-11T16:31:54+05:30 logger.go:67:       [31m-[0m[0m resource_aliases_url    = "/v2/resource_instances/2f2b0478-8ddd-46f4-8f2f-53da5bd056be/resource_aliases" [90m-> null[0m[0m
TestRunBankingSolutionsDA 2025-12-11T16:31:54+05:30 logger.go:67:       [31m-[0m[0m resource_bindings_url   = "/v2/resource_instances/2f2b0478-8ddd-46f4-8f2f-53da5bd056be/resource_bindings" [90m-> null[0m[0m
TestRunBankingSolutionsDA 2025-12-11T16:31:54+05:30 logger.go:67:       [31m-[0m[0m resource_controller_url = "https://cloud.ibm.com/services/" [90m-> null[0m[0m
TestRunBankingSolutionsDA 2025-12-11T16:31:54+05:30 logger.go:67:       [31m-[0m[0m resource_crn            = "crn:v1:bluemix:public:continuous-delivery:us-south:a/abac0df06b644a9cabc6e44f55b3880e:2f2b0478-8ddd-46f4-8f2f-53da5bd056be::" [90m-> null[0m[0m
TestRunBankingSolutionsDA 2025-12-11T16:31:54+05:30 logger.go:67:       [31m-[0m[0m resource_group_crn      = "crn:v1:bluemix:public:resource-controller::a/abac0df06b644a9cabc6e44f55b3880e::resource-group:eb25051abc82406fac21424fb9bc3095" [90m-> null[0m[0m
TestRunBankingSolutionsDA 2025-12-11T16:31:54+05:30 logger.go:67:       [31m-[0m[0m resource_group_id       = "eb25051abc82406fac21424fb9bc3095" [90m-> null[0m[0m
TestRunBankingSolutionsDA 2025-12-11T16:31:54+05:30 logger.go:67:       [31m-[0m[0m resource_group_name     = "crn:v1:bluemix:public:resource-controller::a/abac0df06b644a9cabc6e44f55b3880e::resource-group:eb25051abc82406fac21424fb9bc3095" [90m-> null[0m[0m
TestRunBankingSolutionsDA 2025-12-11T16:31:54+05:30 logger.go:67:       [31m-[0m[0m resource_id             = "59b735ee-5938-4ebd-a6b2-541aef2d1f68" [90m-> null[0m[0m
TestRunBankingSolutionsDA 2025-12-11T16:31:54+05:30 logger.go:67:       [31m-[0m[0m resource_keys_url       = "/v2/resource_instances/2f2b0478-8ddd-46f4-8f2f-53da5bd056be/resource_keys" [90m-> null[0m[0m
TestRunBankingSolutionsDA 2025-12-11T16:31:54+05:30 logger.go:67:       [31m-[0m[0m resource_name           = "rag-s-bbr25d-cd-instance" [90m-> null[0m[0m
TestRunBankingSolutionsDA 2025-12-11T16:31:54+05:30 logger.go:67:       [31m-[0m[0m resource_plan_id        = "9ca4dc64-bc7b-4aba-9c1c-8bbf30ff127e" [90m-> null[0m[0m
TestRunBankingSolutionsDA 2025-12-11T16:31:54+05:30 logger.go:67:       [31m-[0m[0m resource_status         = "active" [90m-> null[0m[0m
TestRunBankingSolutionsDA 2025-12-11T16:31:54+05:30 logger.go:67:       [31m-[0m[0m service                 = "continuous-delivery" [90m-> null[0m[0m
TestRunBankingSolutionsDA 2025-12-11T16:31:54+05:30 logger.go:67:       [31m-[0m[0m state                   = "active" [90m-> null[0m[0m
TestRunBankingSolutionsDA 2025-12-11T16:31:54+05:30 logger.go:67:       [31m-[0m[0m status                  = "active" [90m-> null[0m[0m
TestRunBankingSolutionsDA 2025-12-11T16:31:54+05:30 logger.go:67:       [31m-[0m[0m sub_type                = "public" [90m-> null[0m[0m
TestRunBankingSolutionsDA 2025-12-11T16:31:54+05:30 logger.go:67:       [31m-[0m[0m tags                    = [] [90m-> null[0m[0m
TestRunBankingSolutionsDA 2025-12-11T16:31:54+05:30 logger.go:67:       [31m-[0m[0m target_crn              = "crn:v1:bluemix:public:globalcatalog::::deployment:fbb42a0c-ccbe-1bbc-21fe-01268f26952f" [90m-> null[0m[0m
TestRunBankingSolutionsDA 2025-12-11T16:31:54+05:30 logger.go:67:       [31m-[0m[0m type                    = "service_instance" [90m-> null[0m[0m
TestRunBankingSolutionsDA 2025-12-11T16:31:54+05:30 logger.go:67:       [31m-[0m[0m update_at               = "2025-12-11T10:01:14.129Z" [90m-> null[0m[0m
TestRunBankingSolutionsDA 2025-12-11T16:31:54+05:30 logger.go:67:         [90m# (4 unchanged attributes hidden)[0m[0m
TestRunBankingSolutionsDA 2025-12-11T16:31:54+05:30 logger.go:67:     }
TestRunBankingSolutionsDA 2025-12-11T16:31:54+05:30 logger.go:67: 
TestRunBankingSolutionsDA 2025-12-11T16:31:54+05:30 logger.go:67: [1m  # ibm_resource_instance.discovery_instance[0m will be [1m[31mdestroyed[0m
TestRunBankingSolutionsDA 2025-12-11T16:31:54+05:30 logger.go:67: [0m  [31m-[0m[0m resource "ibm_resource_instance" "discovery_instance" {
TestRunBankingSolutionsDA 2025-12-11T16:31:54+05:30 logger.go:67:       [31m-[0m[0m account_id              = "abac0df06b644a9cabc6e44f55b3880e" [90m-> null[0m[0m
TestRunBankingSolutionsDA 2025-12-11T16:31:54+05:30 logger.go:67:       [31m-[0m[0m allow_cleanup           = false [90m-> null[0m[0m
TestRunBankingSolutionsDA 2025-12-11T16:31:54+05:30 logger.go:67:       [31m-[0m[0m created_at              = "2025-12-11T10:01:13.321Z" [90m-> null[0m[0m
TestRunBankingSolutionsDA 2025-12-11T16:31:54+05:30 logger.go:67:       [31m-[0m[0m created_by              = "IBMid-69100165KL" [90m-> null[0m[0m
TestRunBankingSolutionsDA 2025-12-11T16:31:54+05:30 logger.go:67:       [31m-[0m[0m crn                     = "crn:v1:bluemix:public:discovery:us-south:a/abac0df06b644a9cabc6e44f55b3880e:6e6fe9ad-c0b3-4fad-8cca-f4b207092adf::" [90m-> null[0m[0m
TestRunBankingSolutionsDA 2025-12-11T16:31:54+05:30 logger.go:67:       [31m-[0m[0m dashboard_url           = "https://cloud.ibm.com/" [90m-> null[0m[0m
TestRunBankingSolutionsDA 2025-12-11T16:31:54+05:30 logger.go:67:       [31m-[0m[0m extensions              = {
TestRunBankingSolutionsDA 2025-12-11T16:31:54+05:30 logger.go:67:           [31m-[0m[0m "discovery.version"                                = "2.0"
TestRunBankingSolutionsDA 2025-12-11T16:31:54+05:30 logger.go:67:           [31m-[0m[0m "virtual_private_endpoints.dns_domain"             = "discovery.watson.cloud.ibm.com"
TestRunBankingSolutionsDA 2025-12-11T16:31:54+05:30 logger.go:67:           [31m-[0m[0m "virtual_private_endpoints.dns_hosts.#"            = "1"
TestRunBankingSolutionsDA 2025-12-11T16:31:54+05:30 logger.go:67:           [31m-[0m[0m "virtual_private_endpoints.dns_hosts.0"            = "api.private.us-south"
TestRunBankingSolutionsDA 2025-12-11T16:31:54+05:30 logger.go:67:           [31m-[0m[0m "virtual_private_endpoints.endpoints.#"            = "3"
TestRunBankingSolutionsDA 2025-12-11T16:31:54+05:30 logger.go:67:           [31m-[0m[0m "virtual_private_endpoints.endpoints.0.ip_address" = "166.9.48.86"
TestRunBankingSolutionsDA 2025-12-11T16:31:54+05:30 logger.go:67:           [31m-[0m[0m "virtual_private_endpoints.endpoints.0.zone"       = "dal10"
TestRunBankingSolutionsDA 2025-12-11T16:31:54+05:30 logger.go:67:           [31m-[0m[0m "virtual_private_endpoints.endpoints.1.ip_address" = "166.9.51.37"
TestRunBankingSolutionsDA 2025-12-11T16:31:54+05:30 logger.go:67:           [31m-[0m[0m "virtual_private_endpoints.endpoints.1.zone"       = "dal12"
TestRunBankingSolutionsDA 2025-12-11T16:31:54+05:30 logger.go:67:           [31m-[0m[0m "virtual_private_endpoints.endpoints.2.ip_address" = "166.9.58.35"
TestRunBankingSolutionsDA 2025-12-11T16:31:54+05:30 logger.go:67:           [31m-[0m[0m "virtual_private_endpoints.endpoints.2.zone"       = "dal13"
TestRunBankingSolutionsDA 2025-12-11T16:31:54+05:30 logger.go:67:           [31m-[0m[0m "virtual_private_endpoints.origin_type"            = "cse"
TestRunBankingSolutionsDA 2025-12-11T16:31:54+05:30 logger.go:67:           [31m-[0m[0m "virtual_private_endpoints.ports.#"                = "2"
TestRunBankingSolutionsDA 2025-12-11T16:31:54+05:30 logger.go:67:           [31m-[0m[0m "virtual_private_endpoints.ports.0.port_max"       = "443"
TestRunBankingSolutionsDA 2025-12-11T16:31:54+05:30 logger.go:67:           [31m-[0m[0m "virtual_private_endpoints.ports.0.port_min"       = "443"
TestRunBankingSolutionsDA 2025-12-11T16:31:54+05:30 logger.go:67:           [31m-[0m[0m "virtual_private_endpoints.ports.1.port_max"       = "9443"
TestRunBankingSolutionsDA 2025-12-11T16:31:54+05:30 logger.go:67:           [31m-[0m[0m "virtual_private_endpoints.ports.1.port_min"       = "9443"
TestRunBankingSolutionsDA 2025-12-11T16:31:54+05:30 logger.go:67:         } [90m-> null[0m[0m
TestRunBankingSolutionsDA 2025-12-11T16:31:54+05:30 logger.go:67:       [31m-[0m[0m guid                    = "6e6fe9ad-c0b3-4fad-8cca-f4b207092adf" [90m-> null[0m[0m
TestRunBankingSolutionsDA 2025-12-11T16:31:54+05:30 logger.go:67:       [31m-[0m[0m id                      = "crn:v1:bluemix:public:discovery:us-south:a/abac0df06b644a9cabc6e44f55b3880e:6e6fe9ad-c0b3-4fad-8cca-f4b207092adf::" [90m-> null[0m[0m
TestRunBankingSolutionsDA 2025-12-11T16:31:54+05:30 logger.go:67:       [31m-[0m[0m last_operation          = {
TestRunBankingSolutionsDA 2025-12-11T16:31:54+05:30 logger.go:67:           [31m-[0m[0m "async"       = "false"
TestRunBankingSolutionsDA 2025-12-11T16:31:54+05:30 logger.go:67:           [31m-[0m[0m "cancelable"  = "false"
TestRunBankingSolutionsDA 2025-12-11T16:31:54+05:30 logger.go:67:           [31m-[0m[0m "description" = "Completed create instance operation"
TestRunBankingSolutionsDA 2025-12-11T16:31:54+05:30 logger.go:67:           [31m-[0m[0m "poll"        = "false"
TestRunBankingSolutionsDA 2025-12-11T16:31:54+05:30 logger.go:67:           [31m-[0m[0m "state"       = "succeeded"
TestRunBankingSolutionsDA 2025-12-11T16:31:54+05:30 logger.go:67:           [31m-[0m[0m "type"        = "create"
TestRunBankingSolutionsDA 2025-12-11T16:31:54+05:30 logger.go:67:         } [90m-> null[0m[0m
TestRunBankingSolutionsDA 2025-12-11T16:31:54+05:30 logger.go:67:       [31m-[0m[0m location                = "us-south" [90m-> null[0m[0m
TestRunBankingSolutionsDA 2025-12-11T16:31:54+05:30 logger.go:67:       [31m-[0m[0m locked                  = false [90m-> null[0m[0m
TestRunBankingSolutionsDA 2025-12-11T16:31:54+05:30 logger.go:67:       [31m-[0m[0m name                    = "rag-s-bbr25d-watson-discovery-instance" [90m-> null[0m[0m
TestRunBankingSolutionsDA 2025-12-11T16:31:54+05:30 logger.go:67:       [31m-[0m[0m onetime_credentials     = false [90m-> null[0m[0m
TestRunBankingSolutionsDA 2025-12-11T16:31:54+05:30 logger.go:67:       [31m-[0m[0m plan                    = "plus" [90m-> null[0m[0m
TestRunBankingSolutionsDA 2025-12-11T16:31:54+05:30 logger.go:67:       [31m-[0m[0m plan_history            = [
TestRunBankingSolutionsDA 2025-12-11T16:31:54+05:30 logger.go:67:           [31m-[0m[0m {
TestRunBankingSolutionsDA 2025-12-11T16:31:54+05:30 logger.go:67:               [31m-[0m[0m resource_plan_id = "cc472c78-5832-4b34-b915-ba5255e5fa5b"
TestRunBankingSolutionsDA 2025-12-11T16:31:54+05:30 logger.go:67:               [31m-[0m[0m start_date       = "2025-12-11T10:01:13.321Z"
TestRunBankingSolutionsDA 2025-12-11T16:31:54+05:30 logger.go:67:             },
TestRunBankingSolutionsDA 2025-12-11T16:31:54+05:30 logger.go:67:         ] [90m-> null[0m[0m
TestRunBankingSolutionsDA 2025-12-11T16:31:54+05:30 logger.go:67:       [31m-[0m[0m resource_aliases_url    = "/v2/resource_instances/6e6fe9ad-c0b3-4fad-8cca-f4b207092adf/resource_aliases" [90m-> null[0m[0m
TestRunBankingSolutionsDA 2025-12-11T16:31:54+05:30 logger.go:67:       [31m-[0m[0m resource_bindings_url   = "/v2/resource_instances/6e6fe9ad-c0b3-4fad-8cca-f4b207092adf/resource_bindings" [90m-> null[0m[0m
TestRunBankingSolutionsDA 2025-12-11T16:31:54+05:30 logger.go:67:       [31m-[0m[0m resource_controller_url = "https://cloud.ibm.com/services/" [90m-> null[0m[0m
TestRunBankingSolutionsDA 2025-12-11T16:31:54+05:30 logger.go:67:       [31m-[0m[0m resource_crn            = "crn:v1:bluemix:public:discovery:us-south:a/abac0df06b644a9cabc6e44f55b3880e:6e6fe9ad-c0b3-4fad-8cca-f4b207092adf::" [90m-> null[0m[0m
TestRunBankingSolutionsDA 2025-12-11T16:31:54+05:30 logger.go:67:       [31m-[0m[0m resource_group_crn      = "crn:v1:bluemix:public:resource-controller::a/abac0df06b644a9cabc6e44f55b3880e::resource-group:eb25051abc82406fac21424fb9bc3095" [90m-> null[0m[0m
TestRunBankingSolutionsDA 2025-12-11T16:31:54+05:30 logger.go:67:       [31m-[0m[0m resource_group_id       = "eb25051abc82406fac21424fb9bc3095" [90m-> null[0m[0m
TestRunBankingSolutionsDA 2025-12-11T16:31:54+05:30 logger.go:67:       [31m-[0m[0m resource_group_name     = "crn:v1:bluemix:public:resource-controller::a/abac0df06b644a9cabc6e44f55b3880e::resource-group:eb25051abc82406fac21424fb9bc3095" [90m-> null[0m[0m
TestRunBankingSolutionsDA 2025-12-11T16:31:54+05:30 logger.go:67:       [31m-[0m[0m resource_id             = "76b7bf22-b443-47db-b3db-066ba2988f47" [90m-> null[0m[0m
TestRunBankingSolutionsDA 2025-12-11T16:31:54+05:30 logger.go:67:       [31m-[0m[0m resource_keys_url       = "/v2/resource_instances/6e6fe9ad-c0b3-4fad-8cca-f4b207092adf/resource_keys" [90m-> null[0m[0m
TestRunBankingSolutionsDA 2025-12-11T16:31:54+05:30 logger.go:67:       [31m-[0m[0m resource_name           = "rag-s-bbr25d-watson-discovery-instance" [90m-> null[0m[0m
TestRunBankingSolutionsDA 2025-12-11T16:31:54+05:30 logger.go:67:       [31m-[0m[0m resource_plan_id        = "cc472c78-5832-4b34-b915-ba5255e5fa5b" [90m-> null[0m[0m
TestRunBankingSolutionsDA 2025-12-11T16:31:54+05:30 logger.go:67:       [31m-[0m[0m resource_status         = "active" [90m-> null[0m[0m
TestRunBankingSolutionsDA 2025-12-11T16:31:54+05:30 logger.go:67:       [31m-[0m[0m service                 = "discovery" [90m-> null[0m[0m
TestRunBankingSolutionsDA 2025-12-11T16:31:54+05:30 logger.go:67:       [31m-[0m[0m state                   = "active" [90m-> null[0m[0m
TestRunBankingSolutionsDA 2025-12-11T16:31:54+05:30 logger.go:67:       [31m-[0m[0m status                  = "active" [90m-> null[0m[0m
TestRunBankingSolutionsDA 2025-12-11T16:31:54+05:30 logger.go:67:       [31m-[0m[0m tags                    = [] [90m-> null[0m[0m
TestRunBankingSolutionsDA 2025-12-11T16:31:54+05:30 logger.go:67:       [31m-[0m[0m target_crn              = "crn:v1:bluemix:public:globalcatalog::::deployment:cc472c78-5832-4b34-b915-ba5255e5fa5b%3Aus-south45890" [90m-> null[0m[0m
TestRunBankingSolutionsDA 2025-12-11T16:31:54+05:30 logger.go:67:       [31m-[0m[0m type                    = "service_instance" [90m-> null[0m[0m
TestRunBankingSolutionsDA 2025-12-11T16:31:54+05:30 logger.go:67:       [31m-[0m[0m update_at               = "2025-12-11T10:01:15.587Z" [90m-> null[0m[0m
TestRunBankingSolutionsDA 2025-12-11T16:31:54+05:30 logger.go:67:         [90m# (5 unchanged attributes hidden)[0m[0m
TestRunBankingSolutionsDA 2025-12-11T16:31:54+05:30 logger.go:67: 
TestRunBankingSolutionsDA 2025-12-11T16:31:54+05:30 logger.go:67:       [31m-[0m[0m timeouts {
TestRunBankingSolutionsDA 2025-12-11T16:31:54+05:30 logger.go:67:           [31m-[0m[0m create = "15m" [90m-> null[0m[0m
TestRunBankingSolutionsDA 2025-12-11T16:31:54+05:30 logger.go:67:           [31m-[0m[0m delete = "15m" [90m-> null[0m[0m
TestRunBankingSolutionsDA 2025-12-11T16:31:54+05:30 logger.go:67:           [31m-[0m[0m update = "15m" [90m-> null[0m[0m
TestRunBankingSolutionsDA 2025-12-11T16:31:54+05:30 logger.go:67:         }
TestRunBankingSolutionsDA 2025-12-11T16:31:54+05:30 logger.go:67:     }
TestRunBankingSolutionsDA 2025-12-11T16:31:54+05:30 logger.go:67: 
TestRunBankingSolutionsDA 2025-12-11T16:31:54+05:30 logger.go:67: [1m  # ibm_resource_instance.machine_learning_instance[0m will be [1m[31mdestroyed[0m
TestRunBankingSolutionsDA 2025-12-11T16:31:54+05:30 logger.go:67: [0m  [31m-[0m[0m resource "ibm_resource_instance" "machine_learning_instance" {
TestRunBankingSolutionsDA 2025-12-11T16:31:54+05:30 logger.go:67:       [31m-[0m[0m account_id              = "abac0df06b644a9cabc6e44f55b3880e" [90m-> null[0m[0m
TestRunBankingSolutionsDA 2025-12-11T16:31:54+05:30 logger.go:67:       [31m-[0m[0m allow_cleanup           = false [90m-> null[0m[0m
TestRunBankingSolutionsDA 2025-12-11T16:31:54+05:30 logger.go:67:       [31m-[0m[0m created_at              = "2025-12-11T10:01:13.326Z" [90m-> null[0m[0m
TestRunBankingSolutionsDA 2025-12-11T16:31:54+05:30 logger.go:67:       [31m-[0m[0m created_by              = "IBMid-69100165KL" [90m-> null[0m[0m
TestRunBankingSolutionsDA 2025-12-11T16:31:54+05:30 logger.go:67:       [31m-[0m[0m crn                     = "crn:v1:bluemix:public:pm-20:us-south:a/abac0df06b644a9cabc6e44f55b3880e:40726f8a-4e25-48fe-bc46-557df9dc4f14::" [90m-> null[0m[0m
TestRunBankingSolutionsDA 2025-12-11T16:31:54+05:30 logger.go:67:       [31m-[0m[0m dashboard_url           = "https://dataplatform.cloud.ibm.com/ml-runtime/console?instance_id=crn:v1:bluemix:public:pm-20:us-south:a/abac0df06b644a9cabc6e44f55b3880e:40726f8a-4e25-48fe-bc46-557df9dc4f14::" [90m-> null[0m[0m
TestRunBankingSolutionsDA 2025-12-11T16:31:54+05:30 logger.go:67:       [31m-[0m[0m extensions              = {} [90m-> null[0m[0m
TestRunBankingSolutionsDA 2025-12-11T16:31:54+05:30 logger.go:67:       [31m-[0m[0m guid                    = "40726f8a-4e25-48fe-bc46-557df9dc4f14" [90m-> null[0m[0m
TestRunBankingSolutionsDA 2025-12-11T16:31:54+05:30 logger.go:67:       [31m-[0m[0m id                      = "crn:v1:bluemix:public:pm-20:us-south:a/abac0df06b644a9cabc6e44f55b3880e:40726f8a-4e25-48fe-bc46-557df9dc4f14::" [90m-> null[0m[0m
TestRunBankingSolutionsDA 2025-12-11T16:31:54+05:30 logger.go:67:       [31m-[0m[0m last_operation          = {
TestRunBankingSolutionsDA 2025-12-11T16:31:54+05:30 logger.go:67:           [31m-[0m[0m "async"       = "false"
TestRunBankingSolutionsDA 2025-12-11T16:31:54+05:30 logger.go:67:           [31m-[0m[0m "cancelable"  = "false"
TestRunBankingSolutionsDA 2025-12-11T16:31:54+05:30 logger.go:67:           [31m-[0m[0m "description" = "Completed create instance operation"
TestRunBankingSolutionsDA 2025-12-11T16:31:54+05:30 logger.go:67:           [31m-[0m[0m "poll"        = "false"
TestRunBankingSolutionsDA 2025-12-11T16:31:54+05:30 logger.go:67:           [31m-[0m[0m "state"       = "succeeded"
TestRunBankingSolutionsDA 2025-12-11T16:31:54+05:30 logger.go:67:           [31m-[0m[0m "type"        = "create"
TestRunBankingSolutionsDA 2025-12-11T16:31:54+05:30 logger.go:67:         } [90m-> null[0m[0m
TestRunBankingSolutionsDA 2025-12-11T16:31:54+05:30 logger.go:67:       [31m-[0m[0m location                = "us-south" [90m-> null[0m[0m
TestRunBankingSolutionsDA 2025-12-11T16:31:54+05:30 logger.go:67:       [31m-[0m[0m locked                  = false [90m-> null[0m[0m
TestRunBankingSolutionsDA 2025-12-11T16:31:54+05:30 logger.go:67:       [31m-[0m[0m name                    = "rag-s-bbr25d-watson-machine-learning-instance" [90m-> null[0m[0m
TestRunBankingSolutionsDA 2025-12-11T16:31:54+05:30 logger.go:67:       [31m-[0m[0m onetime_credentials     = false [90m-> null[0m[0m
TestRunBankingSolutionsDA 2025-12-11T16:31:54+05:30 logger.go:67:       [31m-[0m[0m plan                    = "v2-standard" [90m-> null[0m[0m
TestRunBankingSolutionsDA 2025-12-11T16:31:54+05:30 logger.go:67:       [31m-[0m[0m plan_history            = [
TestRunBankingSolutionsDA 2025-12-11T16:31:54+05:30 logger.go:67:           [31m-[0m[0m {
TestRunBankingSolutionsDA 2025-12-11T16:31:54+05:30 logger.go:67:               [31m-[0m[0m resource_plan_id = "a3d2f92f-06f9-48d0-b2e6-a7ba2b4e0577"
TestRunBankingSolutionsDA 2025-12-11T16:31:54+05:30 logger.go:67:               [31m-[0m[0m start_date       = "2025-12-11T10:01:13.326Z"
TestRunBankingSolutionsDA 2025-12-11T16:31:54+05:30 logger.go:67:             },
TestRunBankingSolutionsDA 2025-12-11T16:31:54+05:30 logger.go:67:         ] [90m-> null[0m[0m
TestRunBankingSolutionsDA 2025-12-11T16:31:54+05:30 logger.go:67:       [31m-[0m[0m resource_aliases_url    = "/v2/resource_instances/40726f8a-4e25-48fe-bc46-557df9dc4f14/resource_aliases" [90m-> null[0m[0m
TestRunBankingSolutionsDA 2025-12-11T16:31:54+05:30 logger.go:67:       [31m-[0m[0m resource_bindings_url   = "/v2/resource_instances/40726f8a-4e25-48fe-bc46-557df9dc4f14/resource_bindings" [90m-> null[0m[0m
TestRunBankingSolutionsDA 2025-12-11T16:31:54+05:30 logger.go:67:       [31m-[0m[0m resource_controller_url = "https://cloud.ibm.com/services/" [90m-> null[0m[0m
TestRunBankingSolutionsDA 2025-12-11T16:31:54+05:30 logger.go:67:       [31m-[0m[0m resource_crn            = "crn:v1:bluemix:public:pm-20:us-south:a/abac0df06b644a9cabc6e44f55b3880e:40726f8a-4e25-48fe-bc46-557df9dc4f14::" [90m-> null[0m[0m
TestRunBankingSolutionsDA 2025-12-11T16:31:54+05:30 logger.go:67:       [31m-[0m[0m resource_group_crn      = "crn:v1:bluemix:public:resource-controller::a/abac0df06b644a9cabc6e44f55b3880e::resource-group:eb25051abc82406fac21424fb9bc3095" [90m-> null[0m[0m
TestRunBankingSolutionsDA 2025-12-11T16:31:54+05:30 logger.go:67:       [31m-[0m[0m resource_group_id       = "eb25051abc82406fac21424fb9bc3095" [90m-> null[0m[0m
TestRunBankingSolutionsDA 2025-12-11T16:31:54+05:30 logger.go:67:       [31m-[0m[0m resource_group_name     = "crn:v1:bluemix:public:resource-controller::a/abac0df06b644a9cabc6e44f55b3880e::resource-group:eb25051abc82406fac21424fb9bc3095" [90m-> null[0m[0m
TestRunBankingSolutionsDA 2025-12-11T16:31:54+05:30 logger.go:67:       [31m-[0m[0m resource_id             = "51c53b72-918f-4869-b834-2d99eb28422a" [90m-> null[0m[0m
TestRunBankingSolutionsDA 2025-12-11T16:31:54+05:30 logger.go:67:       [31m-[0m[0m resource_keys_url       = "/v2/resource_instances/40726f8a-4e25-48fe-bc46-557df9dc4f14/resource_keys" [90m-> null[0m[0m
TestRunBankingSolutionsDA 2025-12-11T16:31:54+05:30 logger.go:67:       [31m-[0m[0m resource_name           = "rag-s-bbr25d-watson-machine-learning-instance" [90m-> null[0m[0m
TestRunBankingSolutionsDA 2025-12-11T16:31:54+05:30 logger.go:67:       [31m-[0m[0m resource_plan_id        = "a3d2f92f-06f9-48d0-b2e6-a7ba2b4e0577" [90m-> null[0m[0m
TestRunBankingSolutionsDA 2025-12-11T16:31:54+05:30 logger.go:67:       [31m-[0m[0m resource_status         = "active" [90m-> null[0m[0m
TestRunBankingSolutionsDA 2025-12-11T16:31:54+05:30 logger.go:67:       [31m-[0m[0m service                 = "pm-20" [90m-> null[0m[0m
TestRunBankingSolutionsDA 2025-12-11T16:31:54+05:30 logger.go:67:       [31m-[0m[0m state                   = "active" [90m-> null[0m[0m
TestRunBankingSolutionsDA 2025-12-11T16:31:54+05:30 logger.go:67:       [31m-[0m[0m status                  = "active" [90m-> null[0m[0m
TestRunBankingSolutionsDA 2025-12-11T16:31:54+05:30 logger.go:67:       [31m-[0m[0m tags                    = [] [90m-> null[0m[0m
TestRunBankingSolutionsDA 2025-12-11T16:31:54+05:30 logger.go:67:       [31m-[0m[0m target_crn              = "crn:v1:bluemix:public:globalcatalog::::deployment:a3d2f92f-06f9-48d0-b2e6-a7ba2b4e0577%3Aus-south38250" [90m-> null[0m[0m
TestRunBankingSolutionsDA 2025-12-11T16:31:54+05:30 logger.go:67:       [31m-[0m[0m type                    = "service_instance" [90m-> null[0m[0m
TestRunBankingSolutionsDA 2025-12-11T16:31:54+05:30 logger.go:67:       [31m-[0m[0m update_at               = "2025-12-11T10:01:14.785Z" [90m-> null[0m[0m
TestRunBankingSolutionsDA 2025-12-11T16:31:54+05:30 logger.go:67:         [90m# (5 unchanged attributes hidden)[0m[0m
TestRunBankingSolutionsDA 2025-12-11T16:31:54+05:30 logger.go:67: 
TestRunBankingSolutionsDA 2025-12-11T16:31:54+05:30 logger.go:67:       [31m-[0m[0m timeouts {
TestRunBankingSolutionsDA 2025-12-11T16:31:54+05:30 logger.go:67:           [31m-[0m[0m create = "15m" [90m-> null[0m[0m
TestRunBankingSolutionsDA 2025-12-11T16:31:54+05:30 logger.go:67:           [31m-[0m[0m delete = "15m" [90m-> null[0m[0m
TestRunBankingSolutionsDA 2025-12-11T16:31:54+05:30 logger.go:67:           [31m-[0m[0m update = "15m" [90m-> null[0m[0m
TestRunBankingSolutionsDA 2025-12-11T16:31:54+05:30 logger.go:67:         }
TestRunBankingSolutionsDA 2025-12-11T16:31:54+05:30 logger.go:67:     }
TestRunBankingSolutionsDA 2025-12-11T16:31:54+05:30 logger.go:67: 
TestRunBankingSolutionsDA 2025-12-11T16:31:54+05:30 logger.go:67: [1m  # module.ocp_base[0].ibm_container_addons.addons[0m will be [1m[31mdestroyed[0m
TestRunBankingSolutionsDA 2025-12-11T16:31:54+05:30 logger.go:67: [0m  [31m-[0m[0m resource "ibm_container_addons" "addons" {
TestRunBankingSolutionsDA 2025-12-11T16:31:54+05:30 logger.go:67:       [31m-[0m[0m cluster           = "d4t9datd0boee8jpjmq0" [90m-> null[0m[0m
TestRunBankingSolutionsDA 2025-12-11T16:31:54+05:30 logger.go:67:       [31m-[0m[0m id                = "d4t9datd0boee8jpjmq0" [90m-> null[0m[0m
TestRunBankingSolutionsDA 2025-12-11T16:31:54+05:30 logger.go:67:       [31m-[0m[0m manage_all_addons = false [90m-> null[0m[0m
TestRunBankingSolutionsDA 2025-12-11T16:31:54+05:30 logger.go:67:       [31m-[0m[0m managed_addons    = [
TestRunBankingSolutionsDA 2025-12-11T16:31:54+05:30 logger.go:67:           [31m-[0m[0m "vpc-block-csi-driver",
TestRunBankingSolutionsDA 2025-12-11T16:31:54+05:30 logger.go:67:         ] [90m-> null[0m[0m
TestRunBankingSolutionsDA 2025-12-11T16:31:54+05:30 logger.go:67:       [31m-[0m[0m resource_group_id = "eb25051abc82406fac21424fb9bc3095" [90m-> null[0m[0m
TestRunBankingSolutionsDA 2025-12-11T16:31:54+05:30 logger.go:67: 
TestRunBankingSolutionsDA 2025-12-11T16:31:54+05:30 logger.go:67:       [31m-[0m[0m addons {
TestRunBankingSolutionsDA 2025-12-11T16:31:54+05:30 logger.go:67:           [31m-[0m[0m allowed_upgrade_versions = [
TestRunBankingSolutionsDA 2025-12-11T16:31:54+05:30 logger.go:67:               [31m-[0m[0m "5.2",
TestRunBankingSolutionsDA 2025-12-11T16:31:54+05:30 logger.go:67:             ] [90m-> null[0m[0m
TestRunBankingSolutionsDA 2025-12-11T16:31:54+05:30 logger.go:67:           [31m-[0m[0m deprecated               = false [90m-> null[0m[0m
TestRunBankingSolutionsDA 2025-12-11T16:31:54+05:30 logger.go:67:           [31m-[0m[0m health_state             = "normal" [90m-> null[0m[0m
TestRunBankingSolutionsDA 2025-12-11T16:31:54+05:30 logger.go:67:           [31m-[0m[0m health_status            = "Addon Ready. For more info: http://ibm.biz/addon-state (H1500)" [90m-> null[0m[0m
TestRunBankingSolutionsDA 2025-12-11T16:31:54+05:30 logger.go:67:           [31m-[0m[0m name                     = "vpc-block-csi-driver" [90m-> null[0m[0m
TestRunBankingSolutionsDA 2025-12-11T16:31:54+05:30 logger.go:67:           [31m-[0m[0m target_version           = "5.1" [90m-> null[0m[0m
TestRunBankingSolutionsDA 2025-12-11T16:31:54+05:30 logger.go:67:           [31m-[0m[0m version                  = "5.1" [90m-> null[0m[0m
TestRunBankingSolutionsDA 2025-12-11T16:31:54+05:30 logger.go:67:           [31m-[0m[0m vlan_spanning_required   = false [90m-> null[0m[0m
TestRunBankingSolutionsDA 2025-12-11T16:31:54+05:30 logger.go:67:             [90m# (5 unchanged attributes hidden)[0m[0m
TestRunBankingSolutionsDA 2025-12-11T16:31:54+05:30 logger.go:67:         }
TestRunBankingSolutionsDA 2025-12-11T16:31:54+05:30 logger.go:67: 
TestRunBankingSolutionsDA 2025-12-11T16:31:54+05:30 logger.go:67:       [31m-[0m[0m timeouts {
TestRunBankingSolutionsDA 2025-12-11T16:31:54+05:30 logger.go:67:           [31m-[0m[0m create = "1h" [90m-> null[0m[0m
TestRunBankingSolutionsDA 2025-12-11T16:31:54+05:30 logger.go:67:         }
TestRunBankingSolutionsDA 2025-12-11T16:31:54+05:30 logger.go:67:     }
TestRunBankingSolutionsDA 2025-12-11T16:31:54+05:30 logger.go:67: 
TestRunBankingSolutionsDA 2025-12-11T16:31:54+05:30 logger.go:67: [1m  # module.ocp_base[0].ibm_container_vpc_cluster.cluster[0][0m will be [1m[31mdestroyed[0m
TestRunBankingSolutionsDA 2025-12-11T16:31:54+05:30 logger.go:67: [0m  [31m-[0m[0m resource "ibm_container_vpc_cluster" "cluster" {
TestRunBankingSolutionsDA 2025-12-11T16:31:54+05:30 logger.go:67:       [31m-[0m[0m albs                                = [] [90m-> null[0m[0m
TestRunBankingSolutionsDA 2025-12-11T16:31:54+05:30 logger.go:67:       [31m-[0m[0m cos_instance_crn                    = "crn:v1:bluemix:public:cloud-object-storage:global:a/abac0df06b644a9cabc6e44f55b3880e:dfaf5978-7a94-4d8d-a089-07cf5a0b06bb::" [90m-> null[0m[0m
TestRunBankingSolutionsDA 2025-12-11T16:31:54+05:30 logger.go:67:       [31m-[0m[0m crn                                 = "crn:v1:bluemix:public:containers-kubernetes:us-south:a/abac0df06b644a9cabc6e44f55b3880e:d4t9datd0boee8jpjmq0::" [90m-> null[0m[0m
TestRunBankingSolutionsDA 2025-12-11T16:31:54+05:30 logger.go:67:       [31m-[0m[0m disable_outbound_traffic_protection = true [90m-> null[0m[0m
TestRunBankingSolutionsDA 2025-12-11T16:31:54+05:30 logger.go:67:       [31m-[0m[0m disable_public_service_endpoint     = false [90m-> null[0m[0m
TestRunBankingSolutionsDA 2025-12-11T16:31:54+05:30 logger.go:67:       [31m-[0m[0m flavor                              = "bx2.4x16" [90m-> null[0m[0m
TestRunBankingSolutionsDA 2025-12-11T16:31:54+05:30 logger.go:67:       [31m-[0m[0m force_delete_storage                = true [90m-> null[0m[0m
TestRunBankingSolutionsDA 2025-12-11T16:31:54+05:30 logger.go:67:       [31m-[0m[0m id                                  = "d4t9datd0boee8jpjmq0" [90m-> null[0m[0m
TestRunBankingSolutionsDA 2025-12-11T16:31:54+05:30 logger.go:67:       [31m-[0m[0m image_security_enforcement          = false [90m-> null[0m[0m
TestRunBankingSolutionsDA 2025-12-11T16:31:54+05:30 logger.go:67:       [31m-[0m[0m ingress_hostname                    = "rag-s-bbr25d-3b5bf5f75003778663c521c8c35ad277-0000.us-south.containers.appdomain.cloud" [90m-> null[0m[0m
TestRunBankingSolutionsDA 2025-12-11T16:31:54+05:30 logger.go:67:       [31m-[0m[0m ingress_secret                      = (sensitive value) [90m-> null[0m[0m
TestRunBankingSolutionsDA 2025-12-11T16:31:54+05:30 logger.go:67:       [31m-[0m[0m kube_version                        = "4.19.19_openshift" [90m-> null[0m[0m
TestRunBankingSolutionsDA 2025-12-11T16:31:54+05:30 logger.go:67:       [31m-[0m[0m master_status                       = "Ready" [90m-> null[0m[0m
TestRunBankingSolutionsDA 2025-12-11T16:31:54+05:30 logger.go:67:       [31m-[0m[0m master_url                          = "https://c115-e.us-south.containers.cloud.ibm.com:32719" [90m-> null[0m[0m
TestRunBankingSolutionsDA 2025-12-11T16:31:54+05:30 logger.go:67:       [31m-[0m[0m name                                = "rag-s-bbr25d" [90m-> null[0m[0m
TestRunBankingSolutionsDA 2025-12-11T16:31:54+05:30 logger.go:67:       [31m-[0m[0m operating_system                    = "RHEL_9_64" [90m-> null[0m[0m
TestRunBankingSolutionsDA 2025-12-11T16:31:54+05:30 logger.go:67:       [31m-[0m[0m pod_subnet                          = "172.17.0.0/18" [90m-> null[0m[0m
TestRunBankingSolutionsDA 2025-12-11T16:31:54+05:30 logger.go:67:       [31m-[0m[0m private_service_endpoint_url        = "https://c115.private.us-south.containers.cloud.ibm.com:32719" [90m-> null[0m[0m
TestRunBankingSolutionsDA 2025-12-11T16:31:54+05:30 logger.go:67:       [31m-[0m[0m public_service_endpoint_url         = "https://c115-e.us-south.containers.cloud.ibm.com:32719" [90m-> null[0m[0m
TestRunBankingSolutionsDA 2025-12-11T16:31:54+05:30 logger.go:67:       [31m-[0m[0m resource_controller_url             = "https://cloud.ibm.com/kubernetes/clusters" [90m-> null[0m[0m
TestRunBankingSolutionsDA 2025-12-11T16:31:54+05:30 logger.go:67:       [31m-[0m[0m resource_crn                        = "crn:v1:bluemix:public:containers-kubernetes:us-south:a/abac0df06b644a9cabc6e44f55b3880e:d4t9datd0boee8jpjmq0::" [90m-> null[0m[0m
TestRunBankingSolutionsDA 2025-12-11T16:31:54+05:30 logger.go:67:       [31m-[0m[0m resource_group_id                   = "eb25051abc82406fac21424fb9bc3095" [90m-> null[0m[0m
TestRunBankingSolutionsDA 2025-12-11T16:31:54+05:30 logger.go:67:       [31m-[0m[0m resource_group_name                 = "rag-s-bbr25d-resource-group" [90m-> null[0m[0m
TestRunBankingSolutionsDA 2025-12-11T16:31:54+05:30 logger.go:67:       [31m-[0m[0m resource_name                       = "rag-s-bbr25d" [90m-> null[0m[0m
TestRunBankingSolutionsDA 2025-12-11T16:31:54+05:30 logger.go:67:       [31m-[0m[0m resource_status                     = "normal" [90m-> null[0m[0m
TestRunBankingSolutionsDA 2025-12-11T16:31:54+05:30 logger.go:67:       [31m-[0m[0m service_subnet                      = "172.21.0.0/16" [90m-> null[0m[0m
TestRunBankingSolutionsDA 2025-12-11T16:31:54+05:30 logger.go:67:       [31m-[0m[0m state                               = "normal" [90m-> null[0m[0m
TestRunBankingSolutionsDA 2025-12-11T16:31:54+05:30 logger.go:67:       [31m-[0m[0m tags                                = [] [90m-> null[0m[0m
TestRunBankingSolutionsDA 2025-12-11T16:31:54+05:30 logger.go:67:       [31m-[0m[0m update_all_workers                  = false [90m-> null[0m[0m
TestRunBankingSolutionsDA 2025-12-11T16:31:54+05:30 logger.go:67:       [31m-[0m[0m vpc_id                              = "r006-8ebe2288-3cff-475c-991c-76259e11b8f6" [90m-> null[0m[0m
TestRunBankingSolutionsDA 2025-12-11T16:31:54+05:30 logger.go:67:       [31m-[0m[0m vpe_service_endpoint_url            = "https://d4t9datd0boee8jpjmq0.vpe.private.us-south.containers.cloud.ibm.com:32719" [90m-> null[0m[0m
TestRunBankingSolutionsDA 2025-12-11T16:31:54+05:30 logger.go:67:       [31m-[0m[0m wait_for_worker_update              = true [90m-> null[0m[0m
TestRunBankingSolutionsDA 2025-12-11T16:31:54+05:30 logger.go:67:       [31m-[0m[0m wait_till                           = "IngressReady" [90m-> null[0m[0m
TestRunBankingSolutionsDA 2025-12-11T16:31:54+05:30 logger.go:67:       [31m-[0m[0m worker_count                        = 2 [90m-> null[0m[0m
TestRunBankingSolutionsDA 2025-12-11T16:31:54+05:30 logger.go:67: 
TestRunBankingSolutionsDA 2025-12-11T16:31:54+05:30 logger.go:67:       [31m-[0m[0m timeouts {
TestRunBankingSolutionsDA 2025-12-11T16:31:54+05:30 logger.go:67:           [31m-[0m[0m create = "3h" [90m-> null[0m[0m
TestRunBankingSolutionsDA 2025-12-11T16:31:54+05:30 logger.go:67:           [31m-[0m[0m delete = "2h" [90m-> null[0m[0m
TestRunBankingSolutionsDA 2025-12-11T16:31:54+05:30 logger.go:67:           [31m-[0m[0m update = "3h" [90m-> null[0m[0m
TestRunBankingSolutionsDA 2025-12-11T16:31:54+05:30 logger.go:67:         }
TestRunBankingSolutionsDA 2025-12-11T16:31:54+05:30 logger.go:67: 
TestRunBankingSolutionsDA 2025-12-11T16:31:54+05:30 logger.go:67:       [31m-[0m[0m zones {
TestRunBankingSolutionsDA 2025-12-11T16:31:54+05:30 logger.go:67:           [31m-[0m[0m name      = "us-south-1" [90m-> null[0m[0m
TestRunBankingSolutionsDA 2025-12-11T16:31:54+05:30 logger.go:67:           [31m-[0m[0m subnet_id = "0717-4e0f5cc2-0f5a-474a-b1fe-962e2a4f08a6" [90m-> null[0m[0m
TestRunBankingSolutionsDA 2025-12-11T16:31:54+05:30 logger.go:67:         }
TestRunBankingSolutionsDA 2025-12-11T16:31:54+05:30 logger.go:67:     }
TestRunBankingSolutionsDA 2025-12-11T16:31:54+05:30 logger.go:67: 
TestRunBankingSolutionsDA 2025-12-11T16:31:54+05:30 logger.go:67: [1m  # module.ocp_base[0].null_resource.confirm_network_healthy[0][0m will be [1m[31mdestroyed[0m
TestRunBankingSolutionsDA 2025-12-11T16:31:54+05:30 logger.go:67: [0m  [31m-[0m[0m resource "null_resource" "confirm_network_healthy" {
TestRunBankingSolutionsDA 2025-12-11T16:31:54+05:30 logger.go:67:       [31m-[0m[0m id = "1703417246780694034" [90m-> null[0m[0m
TestRunBankingSolutionsDA 2025-12-11T16:31:54+05:30 logger.go:67:     }
TestRunBankingSolutionsDA 2025-12-11T16:31:54+05:30 logger.go:67: 
TestRunBankingSolutionsDA 2025-12-11T16:31:54+05:30 logger.go:67: [1m  # module.resource_group.ibm_resource_group.resource_group[0][0m will be [1m[31mdestroyed[0m
TestRunBankingSolutionsDA 2025-12-11T16:31:54+05:30 logger.go:67: [0m  [31m-[0m[0m resource "ibm_resource_group" "resource_group" {
TestRunBankingSolutionsDA 2025-12-11T16:31:54+05:30 logger.go:67:       [31m-[0m[0m created_at        = "2025-12-11T10:01:07.368Z" [90m-> null[0m[0m
TestRunBankingSolutionsDA 2025-12-11T16:31:54+05:30 logger.go:67:       [31m-[0m[0m crn               = "crn:v1:bluemix:public:resource-controller::a/abac0df06b644a9cabc6e44f55b3880e::resource-group:eb25051abc82406fac21424fb9bc3095" [90m-> null[0m[0m
TestRunBankingSolutionsDA 2025-12-11T16:31:54+05:30 logger.go:67:       [31m-[0m[0m default           = false [90m-> null[0m[0m
TestRunBankingSolutionsDA 2025-12-11T16:31:54+05:30 logger.go:67:       [31m-[0m[0m id                = "eb25051abc82406fac21424fb9bc3095" [90m-> null[0m[0m
TestRunBankingSolutionsDA 2025-12-11T16:31:54+05:30 logger.go:67:       [31m-[0m[0m name              = "rag-s-bbr25d-resource-group" [90m-> null[0m[0m
TestRunBankingSolutionsDA 2025-12-11T16:31:54+05:30 logger.go:67:       [31m-[0m[0m quota_id          = "a3d7b8d01e261c24677937c29ab33f3c" [90m-> null[0m[0m
TestRunBankingSolutionsDA 2025-12-11T16:31:54+05:30 logger.go:67:       [31m-[0m[0m quota_url         = "/v2/quota_definitions/a3d7b8d01e261c24677937c29ab33f3c" [90m-> null[0m[0m
TestRunBankingSolutionsDA 2025-12-11T16:31:54+05:30 logger.go:67:       [31m-[0m[0m resource_linkages = [] [90m-> null[0m[0m
TestRunBankingSolutionsDA 2025-12-11T16:31:54+05:30 logger.go:67:       [31m-[0m[0m state             = "ACTIVE" [90m-> null[0m[0m
TestRunBankingSolutionsDA 2025-12-11T16:31:54+05:30 logger.go:67:       [31m-[0m[0m updated_at        = "2025-12-11T10:01:07.368Z" [90m-> null[0m[0m
TestRunBankingSolutionsDA 2025-12-11T16:31:54+05:30 logger.go:67:     }
TestRunBankingSolutionsDA 2025-12-11T16:31:54+05:30 logger.go:67: 
TestRunBankingSolutionsDA 2025-12-11T16:31:54+05:30 logger.go:67: [1m  # module.ocp_base[0].module.cos_instance[0].ibm_resource_instance.cos_instance[0][0m will be [1m[31mdestroyed[0m
TestRunBankingSolutionsDA 2025-12-11T16:31:54+05:30 logger.go:67: [0m  [31m-[0m[0m resource "ibm_resource_instance" "cos_instance" {
TestRunBankingSolutionsDA 2025-12-11T16:31:54+05:30 logger.go:67:       [31m-[0m[0m account_id              = "abac0df06b644a9cabc6e44f55b3880e" [90m-> null[0m[0m
TestRunBankingSolutionsDA 2025-12-11T16:31:54+05:30 logger.go:67:       [31m-[0m[0m allow_cleanup           = false [90m-> null[0m[0m
TestRunBankingSolutionsDA 2025-12-11T16:31:54+05:30 logger.go:67:       [31m-[0m[0m created_at              = "2025-12-11T10:01:13.744Z" [90m-> null[0m[0m
TestRunBankingSolutionsDA 2025-12-11T16:31:54+05:30 logger.go:67:       [31m-[0m[0m created_by              = "IBMid-69100165KL" [90m-> null[0m[0m
TestRunBankingSolutionsDA 2025-12-11T16:31:54+05:30 logger.go:67:       [31m-[0m[0m crn                     = "crn:v1:bluemix:public:cloud-object-storage:global:a/abac0df06b644a9cabc6e44f55b3880e:dfaf5978-7a94-4d8d-a089-07cf5a0b06bb::" [90m-> null[0m[0m
TestRunBankingSolutionsDA 2025-12-11T16:31:54+05:30 logger.go:67:       [31m-[0m[0m dashboard_url           = "https://cloud.ibm.com/objectstorage/crn%3Av1%3Abluemix%3Apublic%3Acloud-object-storage%3Aglobal%3Aa%2Fabac0df06b644a9cabc6e44f55b3880e%3Adfaf5978-7a94-4d8d-a089-07cf5a0b06bb%3A%3A" [90m-> null[0m[0m
TestRunBankingSolutionsDA 2025-12-11T16:31:54+05:30 logger.go:67:       [31m-[0m[0m extensions              = {} [90m-> null[0m[0m
TestRunBankingSolutionsDA 2025-12-11T16:31:54+05:30 logger.go:67:       [31m-[0m[0m guid                    = "dfaf5978-7a94-4d8d-a089-07cf5a0b06bb" [90m-> null[0m[0m
TestRunBankingSolutionsDA 2025-12-11T16:31:54+05:30 logger.go:67:       [31m-[0m[0m id                      = "crn:v1:bluemix:public:cloud-object-storage:global:a/abac0df06b644a9cabc6e44f55b3880e:dfaf5978-7a94-4d8d-a089-07cf5a0b06bb::" [90m-> null[0m[0m
TestRunBankingSolutionsDA 2025-12-11T16:31:54+05:30 logger.go:67:       [31m-[0m[0m last_operation          = {
TestRunBankingSolutionsDA 2025-12-11T16:31:54+05:30 logger.go:67:           [31m-[0m[0m "async"       = "false"
TestRunBankingSolutionsDA 2025-12-11T16:31:54+05:30 logger.go:67:           [31m-[0m[0m "cancelable"  = "false"
TestRunBankingSolutionsDA 2025-12-11T16:31:54+05:30 logger.go:67:           [31m-[0m[0m "description" = "Completed create instance operation"
TestRunBankingSolutionsDA 2025-12-11T16:31:54+05:30 logger.go:67:           [31m-[0m[0m "poll"        = "false"
TestRunBankingSolutionsDA 2025-12-11T16:31:54+05:30 logger.go:67:           [31m-[0m[0m "state"       = "succeeded"
TestRunBankingSolutionsDA 2025-12-11T16:31:54+05:30 logger.go:67:           [31m-[0m[0m "type"        = "create"
TestRunBankingSolutionsDA 2025-12-11T16:31:54+05:30 logger.go:67:         } [90m-> null[0m[0m
TestRunBankingSolutionsDA 2025-12-11T16:31:54+05:30 logger.go:67:       [31m-[0m[0m location                = "global" [90m-> null[0m[0m
TestRunBankingSolutionsDA 2025-12-11T16:31:54+05:30 logger.go:67:       [31m-[0m[0m locked                  = false [90m-> null[0m[0m
TestRunBankingSolutionsDA 2025-12-11T16:31:54+05:30 logger.go:67:       [31m-[0m[0m name                    = "rag-s-bbr25d_cos" [90m-> null[0m[0m
TestRunBankingSolutionsDA 2025-12-11T16:31:54+05:30 logger.go:67:       [31m-[0m[0m onetime_credentials     = false [90m-> null[0m[0m
TestRunBankingSolutionsDA 2025-12-11T16:31:54+05:30 logger.go:67:       [31m-[0m[0m plan                    = "standard" [90m-> null[0m[0m
TestRunBankingSolutionsDA 2025-12-11T16:31:54+05:30 logger.go:67:       [31m-[0m[0m plan_history            = [
TestRunBankingSolutionsDA 2025-12-11T16:31:54+05:30 logger.go:67:           [31m-[0m[0m {
TestRunBankingSolutionsDA 2025-12-11T16:31:54+05:30 logger.go:67:               [31m-[0m[0m resource_plan_id = "744bfc56-d12c-4866-88d5-dac9139e0e5d"
TestRunBankingSolutionsDA 2025-12-11T16:31:54+05:30 logger.go:67:               [31m-[0m[0m start_date       = "2025-12-11T10:01:13.744Z"
TestRunBankingSolutionsDA 2025-12-11T16:31:54+05:30 logger.go:67:             },
TestRunBankingSolutionsDA 2025-12-11T16:31:54+05:30 logger.go:67:         ] [90m-> null[0m[0m
TestRunBankingSolutionsDA 2025-12-11T16:31:54+05:30 logger.go:67:       [31m-[0m[0m resource_aliases_url    = "/v2/resource_instances/dfaf5978-7a94-4d8d-a089-07cf5a0b06bb/resource_aliases" [90m-> null[0m[0m
TestRunBankingSolutionsDA 2025-12-11T16:31:54+05:30 logger.go:67:       [31m-[0m[0m resource_bindings_url   = "/v2/resource_instances/dfaf5978-7a94-4d8d-a089-07cf5a0b06bb/resource_bindings" [90m-> null[0m[0m
TestRunBankingSolutionsDA 2025-12-11T16:31:54+05:30 logger.go:67:       [31m-[0m[0m resource_controller_url = "https://cloud.ibm.com/services/" [90m-> null[0m[0m
TestRunBankingSolutionsDA 2025-12-11T16:31:54+05:30 logger.go:67:       [31m-[0m[0m resource_crn            = "crn:v1:bluemix:public:cloud-object-storage:global:a/abac0df06b644a9cabc6e44f55b3880e:dfaf5978-7a94-4d8d-a089-07cf5a0b06bb::" [90m-> null[0m[0m
TestRunBankingSolutionsDA 2025-12-11T16:31:54+05:30 logger.go:67:       [31m-[0m[0m resource_group_crn      = "crn:v1:bluemix:public:resource-controller::a/abac0df06b644a9cabc6e44f55b3880e::resource-group:eb25051abc82406fac21424fb9bc3095" [90m-> null[0m[0m
TestRunBankingSolutionsDA 2025-12-11T16:31:54+05:30 logger.go:67:       [31m-[0m[0m resource_group_id       = "eb25051abc82406fac21424fb9bc3095" [90m-> null[0m[0m
TestRunBankingSolutionsDA 2025-12-11T16:31:54+05:30 logger.go:67:       [31m-[0m[0m resource_group_name     = "crn:v1:bluemix:public:resource-controller::a/abac0df06b644a9cabc6e44f55b3880e::resource-group:eb25051abc82406fac21424fb9bc3095" [90m-> null[0m[0m
TestRunBankingSolutionsDA 2025-12-11T16:31:54+05:30 logger.go:67:       [31m-[0m[0m resource_id             = "dff97f5c-bc5e-4455-b470-411c3edbe49c" [90m-> null[0m[0m
TestRunBankingSolutionsDA 2025-12-11T16:31:54+05:30 logger.go:67:       [31m-[0m[0m resource_keys_url       = "/v2/resource_instances/dfaf5978-7a94-4d8d-a089-07cf5a0b06bb/resource_keys" [90m-> null[0m[0m
TestRunBankingSolutionsDA 2025-12-11T16:31:54+05:30 logger.go:67:       [31m-[0m[0m resource_name           = "rag-s-bbr25d_cos" [90m-> null[0m[0m
TestRunBankingSolutionsDA 2025-12-11T16:31:54+05:30 logger.go:67:       [31m-[0m[0m resource_plan_id        = "744bfc56-d12c-4866-88d5-dac9139e0e5d" [90m-> null[0m[0m
TestRunBankingSolutionsDA 2025-12-11T16:31:54+05:30 logger.go:67:       [31m-[0m[0m resource_status         = "active" [90m-> null[0m[0m
TestRunBankingSolutionsDA 2025-12-11T16:31:54+05:30 logger.go:67:       [31m-[0m[0m service                 = "cloud-object-storage" [90m-> null[0m[0m
TestRunBankingSolutionsDA 2025-12-11T16:31:54+05:30 logger.go:67:       [31m-[0m[0m state                   = "active" [90m-> null[0m[0m
TestRunBankingSolutionsDA 2025-12-11T16:31:54+05:30 logger.go:67:       [31m-[0m[0m status                  = "active" [90m-> null[0m[0m
TestRunBankingSolutionsDA 2025-12-11T16:31:54+05:30 logger.go:67:       [31m-[0m[0m tags                    = [] [90m-> null[0m[0m
TestRunBankingSolutionsDA 2025-12-11T16:31:54+05:30 logger.go:67:       [31m-[0m[0m target_crn              = "crn:v1:bluemix:public:globalcatalog::::deployment:744bfc56-d12c-4866-88d5-dac9139e0e5d%3Aglobal" [90m-> null[0m[0m
TestRunBankingSolutionsDA 2025-12-11T16:31:54+05:30 logger.go:67:       [31m-[0m[0m type                    = "service_instance" [90m-> null[0m[0m
TestRunBankingSolutionsDA 2025-12-11T16:31:54+05:30 logger.go:67:       [31m-[0m[0m update_at               = "2025-12-11T10:01:16.536Z" [90m-> null[0m[0m
TestRunBankingSolutionsDA 2025-12-11T16:31:54+05:30 logger.go:67:         [90m# (5 unchanged attributes hidden)[0m[0m
TestRunBankingSolutionsDA 2025-12-11T16:31:54+05:30 logger.go:67:     }
TestRunBankingSolutionsDA 2025-12-11T16:31:54+05:30 logger.go:67: 
TestRunBankingSolutionsDA 2025-12-11T16:31:54+05:30 logger.go:67: [1m  # module.ocp_base[0].module.cos_instance[0].random_string.bucket_name_suffix[0][0m will be [1m[31mdestroyed[0m
TestRunBankingSolutionsDA 2025-12-11T16:31:54+05:30 logger.go:67: [0m  [31m-[0m[0m resource "random_string" "bucket_name_suffix" {
TestRunBankingSolutionsDA 2025-12-11T16:31:54+05:30 logger.go:67:       [31m-[0m[0m id          = "vxpc" [90m-> null[0m[0m
TestRunBankingSolutionsDA 2025-12-11T16:31:54+05:30 logger.go:67:       [31m-[0m[0m length      = 4 [90m-> null[0m[0m
TestRunBankingSolutionsDA 2025-12-11T16:31:54+05:30 logger.go:67:       [31m-[0m[0m lower       = true [90m-> null[0m[0m
TestRunBankingSolutionsDA 2025-12-11T16:31:54+05:30 logger.go:67:       [31m-[0m[0m min_lower   = 0 [90m-> null[0m[0m
TestRunBankingSolutionsDA 2025-12-11T16:31:54+05:30 logger.go:67:       [31m-[0m[0m min_numeric = 0 [90m-> null[0m[0m
TestRunBankingSolutionsDA 2025-12-11T16:31:54+05:30 logger.go:67:       [31m-[0m[0m min_special = 0 [90m-> null[0m[0m
TestRunBankingSolutionsDA 2025-12-11T16:31:54+05:30 logger.go:67:       [31m-[0m[0m min_upper   = 0 [90m-> null[0m[0m
TestRunBankingSolutionsDA 2025-12-11T16:31:54+05:30 logger.go:67:       [31m-[0m[0m number      = true [90m-> null[0m[0m
TestRunBankingSolutionsDA 2025-12-11T16:31:54+05:30 logger.go:67:       [31m-[0m[0m numeric     = true [90m-> null[0m[0m
TestRunBankingSolutionsDA 2025-12-11T16:31:54+05:30 logger.go:67:       [31m-[0m[0m result      = "vxpc" [90m-> null[0m[0m
TestRunBankingSolutionsDA 2025-12-11T16:31:54+05:30 logger.go:67:       [31m-[0m[0m special     = false [90m-> null[0m[0m
TestRunBankingSolutionsDA 2025-12-11T16:31:54+05:30 logger.go:67:       [31m-[0m[0m upper       = false [90m-> null[0m[0m
TestRunBankingSolutionsDA 2025-12-11T16:31:54+05:30 logger.go:67:     }
TestRunBankingSolutionsDA 2025-12-11T16:31:54+05:30 logger.go:67: 
TestRunBankingSolutionsDA 2025-12-11T16:31:54+05:30 logger.go:67: [1m  # module.ocp_base[0].module.worker_pools.ibm_container_vpc_worker_pool.pool["default"][0m will be [1m[31mdestroyed[0m
TestRunBankingSolutionsDA 2025-12-11T16:31:54+05:30 logger.go:67: [0m  [31m-[0m[0m resource "ibm_container_vpc_worker_pool" "pool" {
TestRunBankingSolutionsDA 2025-12-11T16:31:54+05:30 logger.go:67:       [31m-[0m[0m autoscale_enabled       = false [90m-> null[0m[0m
TestRunBankingSolutionsDA 2025-12-11T16:31:54+05:30 logger.go:67:       [31m-[0m[0m cluster                 = "d4t9datd0boee8jpjmq0" [90m-> null[0m[0m
TestRunBankingSolutionsDA 2025-12-11T16:31:54+05:30 logger.go:67:       [31m-[0m[0m flavor                  = "bx2.4x16" [90m-> null[0m[0m
TestRunBankingSolutionsDA 2025-12-11T16:31:54+05:30 logger.go:67:       [31m-[0m[0m id                      = "d4t9datd0boee8jpjmq0/d4t9datd0boee8jpjmq0-53f6ec8" [90m-> null[0m[0m
TestRunBankingSolutionsDA 2025-12-11T16:31:54+05:30 logger.go:67:       [31m-[0m[0m import_on_create        = true [90m-> null[0m[0m
TestRunBankingSolutionsDA 2025-12-11T16:31:54+05:30 logger.go:67:       [31m-[0m[0m labels                  = {} [90m-> null[0m[0m
TestRunBankingSolutionsDA 2025-12-11T16:31:54+05:30 logger.go:67:       [31m-[0m[0m operating_system        = "RHEL_9_64" [90m-> null[0m[0m
TestRunBankingSolutionsDA 2025-12-11T16:31:54+05:30 logger.go:67:       [31m-[0m[0m orphan_on_delete        = true [90m-> null[0m[0m
TestRunBankingSolutionsDA 2025-12-11T16:31:54+05:30 logger.go:67:       [31m-[0m[0m resource_controller_url = "https://cloud.ibm.com/kubernetes/clusters" [90m-> null[0m[0m
TestRunBankingSolutionsDA 2025-12-11T16:31:54+05:30 logger.go:67:       [31m-[0m[0m resource_group_id       = "eb25051abc82406fac21424fb9bc3095" [90m-> null[0m[0m
TestRunBankingSolutionsDA 2025-12-11T16:31:54+05:30 logger.go:67:       [31m-[0m[0m vpc_id                  = "r006-8ebe2288-3cff-475c-991c-76259e11b8f6" [90m-> null[0m[0m
TestRunBankingSolutionsDA 2025-12-11T16:31:54+05:30 logger.go:67:       [31m-[0m[0m worker_count            = 2 [90m-> null[0m[0m
TestRunBankingSolutionsDA 2025-12-11T16:31:54+05:30 logger.go:67:       [31m-[0m[0m worker_pool_id          = "d4t9datd0boee8jpjmq0-53f6ec8" [90m-> null[0m[0m
TestRunBankingSolutionsDA 2025-12-11T16:31:54+05:30 logger.go:67:       [31m-[0m[0m worker_pool_name        = "default" [90m-> null[0m[0m
TestRunBankingSolutionsDA 2025-12-11T16:31:54+05:30 logger.go:67:         [90m# (1 unchanged attribute hidden)[0m[0m
TestRunBankingSolutionsDA 2025-12-11T16:31:54+05:30 logger.go:67: 
TestRunBankingSolutionsDA 2025-12-11T16:31:54+05:30 logger.go:67:       [31m-[0m[0m timeouts {
TestRunBankingSolutionsDA 2025-12-11T16:31:54+05:30 logger.go:67:           [31m-[0m[0m create = "2h" [90m-> null[0m[0m
TestRunBankingSolutionsDA 2025-12-11T16:31:54+05:30 logger.go:67:           [31m-[0m[0m delete = "2h" [90m-> null[0m[0m
TestRunBankingSolutionsDA 2025-12-11T16:31:54+05:30 logger.go:67:         }
TestRunBankingSolutionsDA 2025-12-11T16:31:54+05:30 logger.go:67: 
TestRunBankingSolutionsDA 2025-12-11T16:31:54+05:30 logger.go:67:       [31m-[0m[0m zones {
TestRunBankingSolutionsDA 2025-12-11T16:31:54+05:30 logger.go:67:           [31m-[0m[0m name      = "us-south-1" [90m-> null[0m[0m
TestRunBankingSolutionsDA 2025-12-11T16:31:54+05:30 logger.go:67:           [31m-[0m[0m subnet_id = "0717-4e0f5cc2-0f5a-474a-b1fe-962e2a4f08a6" [90m-> null[0m[0m
TestRunBankingSolutionsDA 2025-12-11T16:31:54+05:30 logger.go:67:         }
TestRunBankingSolutionsDA 2025-12-11T16:31:54+05:30 logger.go:67:     }
TestRunBankingSolutionsDA 2025-12-11T16:31:54+05:30 logger.go:67: 
TestRunBankingSolutionsDA 2025-12-11T16:31:54+05:30 logger.go:67: [1mPlan:[0m 0 to add, 0 to change, 19 to destroy.
TestRunBankingSolutionsDA 2025-12-11T16:31:54+05:30 logger.go:67: [0m
TestRunBankingSolutionsDA 2025-12-11T16:31:54+05:30 logger.go:67: Changes to Outputs:
TestRunBankingSolutionsDA 2025-12-11T16:31:54+05:30 logger.go:67:   [31m-[0m[0m cd_pipeline_id                                 = "7f78f846-b5b9-40cf-a3b1-f39422e9b17d" [90m-> null[0m[0m
TestRunBankingSolutionsDA 2025-12-11T16:31:54+05:30 logger.go:67:   [31m-[0m[0m ci_pipeline_id                                 = "4964bcd7-c441-4a6a-bce1-7c7f5f8cba19" [90m-> null[0m[0m
TestRunBankingSolutionsDA 2025-12-11T16:31:54+05:30 logger.go:67:   [31m-[0m[0m cluster_name                                   = "rag-s-bbr25d" [90m-> null[0m[0m
TestRunBankingSolutionsDA 2025-12-11T16:31:54+05:30 logger.go:67:   [31m-[0m[0m resource_group_name                            = "rag-s-bbr25d-resource-group" [90m-> null[0m[0m
TestRunBankingSolutionsDA 2025-12-11T16:31:54+05:30 logger.go:67:   [31m-[0m[0m signing_key                                    = (sensitive value) [90m-> null[0m[0m
TestRunBankingSolutionsDA 2025-12-11T16:31:54+05:30 logger.go:67:   [31m-[0m[0m watson_assistant_instance_id                   = "5d304912-4bca-41dc-9089-77f216c05973" [90m-> null[0m[0m
TestRunBankingSolutionsDA 2025-12-11T16:31:54+05:30 logger.go:67:   [31m-[0m[0m watson_assistant_region                        = "us-south" [90m-> null[0m[0m
TestRunBankingSolutionsDA 2025-12-11T16:31:54+05:30 logger.go:67:   [31m-[0m[0m watson_discovery_instance_id                   = "6e6fe9ad-c0b3-4fad-8cca-f4b207092adf" [90m-> null[0m[0m
TestRunBankingSolutionsDA 2025-12-11T16:31:54+05:30 logger.go:67:   [31m-[0m[0m watson_discovery_region                        = "us-south" [90m-> null[0m[0m
TestRunBankingSolutionsDA 2025-12-11T16:31:54+05:30 logger.go:67:   [31m-[0m[0m watson_machine_learning_instance_crn           = "crn:v1:bluemix:public:pm-20:us-south:a/abac0df06b644a9cabc6e44f55b3880e:40726f8a-4e25-48fe-bc46-557df9dc4f14::" [90m-> null[0m[0m
TestRunBankingSolutionsDA 2025-12-11T16:31:54+05:30 logger.go:67:   [31m-[0m[0m watson_machine_learning_instance_guid          = "40726f8a-4e25-48fe-bc46-557df9dc4f14" [90m-> null[0m[0m
TestRunBankingSolutionsDA 2025-12-11T16:31:54+05:30 logger.go:67:   [31m-[0m[0m watson_machine_learning_instance_resource_name = "rag-s-bbr25d-watson-machine-learning-instance" [90m-> null[0m[0m
TestRunBankingSolutionsDA 2025-12-11T16:31:54+05:30 logger.go:67: [0m[1mmodule.ocp_base[0].module.cos_instance[0].random_string.bucket_name_suffix[0]: Destroying... [id=vxpc][0m[0m
TestRunBankingSolutionsDA 2025-12-11T16:31:54+05:30 logger.go:67: [0m[1mmodule.ocp_base[0].module.cos_instance[0].random_string.bucket_name_suffix[0]: Destruction complete after 0s[0m
TestRunBankingSolutionsDA 2025-12-11T16:31:55+05:30 logger.go:67: [0m[1mibm_resource_instance.machine_learning_instance: Destroying... [id=crn:v1:bluemix:public:pm-20:us-south:a/abac0df06b644a9cabc6e44f55b3880e:40726f8a-4e25-48fe-bc46-557df9dc4f14::][0m[0m
TestRunBankingSolutionsDA 2025-12-11T16:31:55+05:30 logger.go:67: [0m[1mibm_cd_tekton_pipeline.ci_tekton_pipeline_instance: Destroying... [id=4964bcd7-c441-4a6a-bce1-7c7f5f8cba19][0m[0m
TestRunBankingSolutionsDA 2025-12-11T16:31:55+05:30 logger.go:67: [0m[1mmodule.ocp_base[0].ibm_container_addons.addons: Destroying... [id=d4t9datd0boee8jpjmq0][0m[0m
TestRunBankingSolutionsDA 2025-12-11T16:31:55+05:30 logger.go:67: [0m[1mibm_cd_tekton_pipeline.cd_tekton_pipeline_instance: Destroying... [id=7f78f846-b5b9-40cf-a3b1-f39422e9b17d][0m[0m
TestRunBankingSolutionsDA 2025-12-11T16:31:55+05:30 logger.go:67: [0m[1mibm_resource_instance.discovery_instance: Destroying... [id=crn:v1:bluemix:public:discovery:us-south:a/abac0df06b644a9cabc6e44f55b3880e:6e6fe9ad-c0b3-4fad-8cca-f4b207092adf::][0m[0m
TestRunBankingSolutionsDA 2025-12-11T16:31:55+05:30 logger.go:67: [0m[1mibm_resource_instance.assistant_instance: Destroying... [id=crn:v1:bluemix:public:conversation:us-south:a/abac0df06b644a9cabc6e44f55b3880e:5d304912-4bca-41dc-9089-77f216c05973::][0m[0m
TestRunBankingSolutionsDA 2025-12-11T16:31:58+05:30 logger.go:67: [0m[1mmodule.ocp_base[0].ibm_container_addons.addons: Destruction complete after 2s[0m
TestRunBankingSolutionsDA 2025-12-11T16:31:58+05:30 logger.go:67: [0m[1mmodule.ocp_base[0].null_resource.confirm_network_healthy[0]: Destroying... [id=1703417246780694034][0m[0m
TestRunBankingSolutionsDA 2025-12-11T16:31:58+05:30 logger.go:67: [0m[1mmodule.ocp_base[0].null_resource.confirm_network_healthy[0]: Destruction complete after 0s[0m
TestRunBankingSolutionsDA 2025-12-11T16:31:58+05:30 logger.go:67: [0m[1mmodule.ocp_base[0].module.worker_pools.ibm_container_vpc_worker_pool.pool["default"]: Destroying... [id=d4t9datd0boee8jpjmq0/d4t9datd0boee8jpjmq0-53f6ec8][0m[0m
TestRunBankingSolutionsDA 2025-12-11T16:31:58+05:30 logger.go:67: [0m[1mmodule.ocp_base[0].module.worker_pools.ibm_container_vpc_worker_pool.pool["default"]: Destruction complete after 0s[0m
TestRunBankingSolutionsDA 2025-12-11T16:31:58+05:30 logger.go:67: [0m[1mmodule.ocp_base[0].ibm_container_vpc_cluster.cluster[0]: Destroying... [id=d4t9datd0boee8jpjmq0][0m[0m
TestRunBankingSolutionsDA 2025-12-11T16:31:59+05:30 logger.go:67: [0m[1mibm_cd_tekton_pipeline.ci_tekton_pipeline_instance: Destruction complete after 4s[0m
TestRunBankingSolutionsDA 2025-12-11T16:31:59+05:30 logger.go:67: [0m[1mibm_cd_toolchain_tool_pipeline.ci_toolchain_tool_pipeline_instance: Destroying... [id=395c4b98-c82f-4c0a-8734-6eb4755f7fd5/4964bcd7-c441-4a6a-bce1-7c7f5f8cba19][0m[0m
TestRunBankingSolutionsDA 2025-12-11T16:31:59+05:30 logger.go:67: [0m[1mibm_cd_tekton_pipeline.cd_tekton_pipeline_instance: Destruction complete after 4s[0m
TestRunBankingSolutionsDA 2025-12-11T16:31:59+05:30 logger.go:67: [0m[1mibm_cd_toolchain_tool_pipeline.cd_toolchain_tool_pipeline_instance: Destroying... [id=395c4b98-c82f-4c0a-8734-6eb4755f7fd5/7f78f846-b5b9-40cf-a3b1-f39422e9b17d][0m[0m
TestRunBankingSolutionsDA 2025-12-11T16:32:01+05:30 logger.go:67: [0m[1mibm_cd_toolchain_tool_pipeline.cd_toolchain_tool_pipeline_instance: Destruction complete after 1s[0m
TestRunBankingSolutionsDA 2025-12-11T16:32:01+05:30 logger.go:67: [0m[1mibm_cd_toolchain_tool_pipeline.ci_toolchain_tool_pipeline_instance: Destruction complete after 1s[0m
TestRunBankingSolutionsDA 2025-12-11T16:32:01+05:30 logger.go:67: [0m[1mibm_cd_toolchain.cd_toolchain_instance: Destroying... [id=395c4b98-c82f-4c0a-8734-6eb4755f7fd5][0m[0m
TestRunBankingSolutionsDA 2025-12-11T16:32:02+05:30 logger.go:67: [0m[1mibm_cd_toolchain.cd_toolchain_instance: Destruction complete after 1s[0m
TestRunBankingSolutionsDA 2025-12-11T16:32:02+05:30 logger.go:67: [0m[1mibm_resource_instance.cd_instance: Destroying... [id=crn:v1:bluemix:public:continuous-delivery:us-south:a/abac0df06b644a9cabc6e44f55b3880e:2f2b0478-8ddd-46f4-8f2f-53da5bd056be::][0m[0m
TestRunBankingSolutionsDA 2025-12-11T16:32:05+05:30 logger.go:67: [0m[1mibm_resource_instance.machine_learning_instance: Still destroying... [id=crn:v1:bluemix:public:pm-20:us-south:a/...40726f8a-4e25-48fe-bc46-557df9dc4f14::, 00m10s elapsed][0m[0m
TestRunBankingSolutionsDA 2025-12-11T16:32:05+05:30 logger.go:67: [0m[1mibm_resource_instance.discovery_instance: Still destroying... [id=crn:v1:bluemix:public:discovery:us-sout...6e6fe9ad-c0b3-4fad-8cca-f4b207092adf::, 00m10s elapsed][0m[0m
TestRunBankingSolutionsDA 2025-12-11T16:32:05+05:30 logger.go:67: [0m[1mibm_resource_instance.assistant_instance: Still destroying... [id=crn:v1:bluemix:public:conversation:us-s...5d304912-4bca-41dc-9089-77f216c05973::, 00m10s elapsed][0m[0m
TestRunBankingSolutionsDA 2025-12-11T16:32:08+05:30 logger.go:67: [0m[1mibm_resource_instance.machine_learning_instance: Destruction complete after 12s[0m
TestRunBankingSolutionsDA 2025-12-11T16:32:08+05:30 logger.go:67: [0m[1mmodule.ocp_base[0].ibm_container_vpc_cluster.cluster[0]: Still destroying... [id=d4t9datd0boee8jpjmq0, 00m10s elapsed][0m[0m
TestRunBankingSolutionsDA 2025-12-11T16:32:08+05:30 logger.go:67: [0m[1mibm_resource_instance.discovery_instance: Destruction complete after 13s[0m
TestRunBankingSolutionsDA 2025-12-11T16:32:09+05:30 logger.go:67: [0m[1mibm_resource_instance.assistant_instance: Destruction complete after 13s[0m
TestRunBankingSolutionsDA 2025-12-11T16:32:12+05:30 logger.go:67: [0m[1mibm_resource_instance.cd_instance: Still destroying... [id=crn:v1:bluemix:public:continuous-delive...2f2b0478-8ddd-46f4-8f2f-53da5bd056be::, 00m10s elapsed][0m[0m
TestRunBankingSolutionsDA 2025-12-11T16:32:14+05:30 logger.go:67: [0m[1mibm_resource_instance.cd_instance: Destruction complete after 13s[0m
TestRunBankingSolutionsDA 2025-12-11T16:32:18+05:30 logger.go:67: [0m[1mmodule.ocp_base[0].ibm_container_vpc_cluster.cluster[0]: Still destroying... [id=d4t9datd0boee8jpjmq0, 00m20s elapsed][0m[0m
TestRunBankingSolutionsDA 2025-12-11T16:32:28+05:30 logger.go:67: [0m[1mmodule.ocp_base[0].ibm_container_vpc_cluster.cluster[0]: Still destroying... [id=d4t9datd0boee8jpjmq0, 00m30s elapsed][0m[0m
TestRunBankingSolutionsDA 2025-12-11T16:32:38+05:30 logger.go:67: [0m[1mmodule.ocp_base[0].ibm_container_vpc_cluster.cluster[0]: Still destroying... [id=d4t9datd0boee8jpjmq0, 00m40s elapsed][0m[0m
TestRunBankingSolutionsDA 2025-12-11T16:32:48+05:30 logger.go:67: [0m[1mmodule.ocp_base[0].ibm_container_vpc_cluster.cluster[0]: Still destroying... [id=d4t9datd0boee8jpjmq0, 00m50s elapsed][0m[0m
TestRunBankingSolutionsDA 2025-12-11T16:32:58+05:30 logger.go:67: [0m[1mmodule.ocp_base[0].ibm_container_vpc_cluster.cluster[0]: Still destroying... [id=d4t9datd0boee8jpjmq0, 01m00s elapsed][0m[0m
TestRunBankingSolutionsDA 2025-12-11T16:33:08+05:30 logger.go:67: [0m[1mmodule.ocp_base[0].ibm_container_vpc_cluster.cluster[0]: Still destroying... [id=d4t9datd0boee8jpjmq0, 01m10s elapsed][0m[0m
TestRunBankingSolutionsDA 2025-12-11T16:33:18+05:30 logger.go:67: [0m[1mmodule.ocp_base[0].ibm_container_vpc_cluster.cluster[0]: Still destroying... [id=d4t9datd0boee8jpjmq0, 01m20s elapsed][0m[0m
TestRunBankingSolutionsDA 2025-12-11T16:33:28+05:30 logger.go:67: [0m[1mmodule.ocp_base[0].ibm_container_vpc_cluster.cluster[0]: Still destroying... [id=d4t9datd0boee8jpjmq0, 01m30s elapsed][0m[0m
TestRunBankingSolutionsDA 2025-12-11T16:33:38+05:30 logger.go:67: [0m[1mmodule.ocp_base[0].ibm_container_vpc_cluster.cluster[0]: Still destroying... [id=d4t9datd0boee8jpjmq0, 01m40s elapsed][0m[0m
TestRunBankingSolutionsDA 2025-12-11T16:33:48+05:30 logger.go:67: [0m[1mmodule.ocp_base[0].ibm_container_vpc_cluster.cluster[0]: Still destroying... [id=d4t9datd0boee8jpjmq0, 01m50s elapsed][0m[0m
TestRunBankingSolutionsDA 2025-12-11T16:33:58+05:30 logger.go:67: [0m[1mmodule.ocp_base[0].ibm_container_vpc_cluster.cluster[0]: Still destroying... [id=d4t9datd0boee8jpjmq0, 02m00s elapsed][0m[0m
TestRunBankingSolutionsDA 2025-12-11T16:34:08+05:30 logger.go:67: [0m[1mmodule.ocp_base[0].ibm_container_vpc_cluster.cluster[0]: Still destroying... [id=d4t9datd0boee8jpjmq0, 02m10s elapsed][0m[0m
TestRunBankingSolutionsDA 2025-12-11T16:34:18+05:30 logger.go:67: [0m[1mmodule.ocp_base[0].ibm_container_vpc_cluster.cluster[0]: Still destroying... [id=d4t9datd0boee8jpjmq0, 02m20s elapsed][0m[0m
TestRunBankingSolutionsDA 2025-12-11T16:34:28+05:30 logger.go:67: [0m[1mmodule.ocp_base[0].ibm_container_vpc_cluster.cluster[0]: Still destroying... [id=d4t9datd0boee8jpjmq0, 02m30s elapsed][0m[0m
TestRunBankingSolutionsDA 2025-12-11T16:34:38+05:30 logger.go:67: [0m[1mmodule.ocp_base[0].ibm_container_vpc_cluster.cluster[0]: Still destroying... [id=d4t9datd0boee8jpjmq0, 02m40s elapsed][0m[0m
TestRunBankingSolutionsDA 2025-12-11T16:34:48+05:30 logger.go:67: [0m[1mmodule.ocp_base[0].ibm_container_vpc_cluster.cluster[0]: Still destroying... [id=d4t9datd0boee8jpjmq0, 02m50s elapsed][0m[0m
TestRunBankingSolutionsDA 2025-12-11T16:34:58+05:30 logger.go:67: [0m[1mmodule.ocp_base[0].ibm_container_vpc_cluster.cluster[0]: Still destroying... [id=d4t9datd0boee8jpjmq0, 03m00s elapsed][0m[0m
TestRunBankingSolutionsDA 2025-12-11T16:35:08+05:30 logger.go:67: [0m[1mmodule.ocp_base[0].ibm_container_vpc_cluster.cluster[0]: Still destroying... [id=d4t9datd0boee8jpjmq0, 03m10s elapsed][0m[0m
TestRunBankingSolutionsDA 2025-12-11T16:35:18+05:30 logger.go:67: [0m[1mmodule.ocp_base[0].ibm_container_vpc_cluster.cluster[0]: Still destroying... [id=d4t9datd0boee8jpjmq0, 03m20s elapsed][0m[0m
TestRunBankingSolutionsDA 2025-12-11T16:35:28+05:30 logger.go:67: [0m[1mmodule.ocp_base[0].ibm_container_vpc_cluster.cluster[0]: Still destroying... [id=d4t9datd0boee8jpjmq0, 03m30s elapsed][0m[0m
TestRunBankingSolutionsDA 2025-12-11T16:35:38+05:30 logger.go:67: [0m[1mmodule.ocp_base[0].ibm_container_vpc_cluster.cluster[0]: Still destroying... [id=d4t9datd0boee8jpjmq0, 03m40s elapsed][0m[0m
TestRunBankingSolutionsDA 2025-12-11T16:35:48+05:30 logger.go:67: [0m[1mmodule.ocp_base[0].ibm_container_vpc_cluster.cluster[0]: Still destroying... [id=d4t9datd0boee8jpjmq0, 03m50s elapsed][0m[0m
TestRunBankingSolutionsDA 2025-12-11T16:40:29+05:30 logger.go:67: [0m[1mmodule.ocp_base[0].ibm_container_vpc_cluster.cluster[0]: Still destroying... [id=d4t9datd0boee8jpjmq0, 08m31s elapsed][0m[0m
TestRunBankingSolutionsDA 2025-12-11T16:40:39+05:30 logger.go:67: [0m[1mmodule.ocp_base[0].ibm_container_vpc_cluster.cluster[0]: Still destroying... [id=d4t9datd0boee8jpjmq0, 08m41s elapsed][0m[0m
TestRunBankingSolutionsDA 2025-12-11T16:40:49+05:30 logger.go:67: [0m[1mmodule.ocp_base[0].ibm_container_vpc_cluster.cluster[0]: Still destroying... [id=d4t9datd0boee8jpjmq0, 08m51s elapsed][0m[0m
TestRunBankingSolutionsDA 2025-12-11T16:40:59+05:30 logger.go:67: [0m[1mmodule.ocp_base[0].ibm_container_vpc_cluster.cluster[0]: Still destroying... [id=d4t9datd0boee8jpjmq0, 09m01s elapsed][0m[0m
TestRunBankingSolutionsDA 2025-12-11T16:41:01+05:30 logger.go:67: [0m[1mmodule.ocp_base[0].ibm_container_vpc_cluster.cluster[0]: Destruction complete after 9m3s[0m
TestRunBankingSolutionsDA 2025-12-11T16:41:01+05:30 logger.go:67: [0m[1mibm_is_subnet.subnet_zone_1[0]: Destroying... [id=0717-4e0f5cc2-0f5a-474a-b1fe-962e2a4f08a6][0m[0m
TestRunBankingSolutionsDA 2025-12-11T16:41:01+05:30 logger.go:67: [0m[1mmodule.ocp_base[0].module.cos_instance[0].ibm_resource_instance.cos_instance[0]: Destroying... [id=crn:v1:bluemix:public:cloud-object-storage:global:a/abac0df06b644a9cabc6e44f55b3880e:dfaf5978-7a94-4d8d-a089-07cf5a0b06bb::][0m[0m
TestRunBankingSolutionsDA 2025-12-11T16:41:11+05:30 logger.go:67: [0m[1mibm_is_subnet.subnet_zone_1[0]: Still destroying... [id=0717-4e0f5cc2-0f5a-474a-b1fe-962e2a4f08a6, 00m10s elapsed][0m[0m
TestRunBankingSolutionsDA 2025-12-11T16:41:11+05:30 logger.go:67: [0m[1mmodule.ocp_base[0].module.cos_instance[0].ibm_resource_instance.cos_instance[0]: Still destroying... [id=crn:v1:bluemix:public:cloud-object-stor...dfaf5978-7a94-4d8d-a089-07cf5a0b06bb::, 00m10s elapsed][0m[0m
TestRunBankingSolutionsDA 2025-12-11T16:41:19+05:30 logger.go:67: [0m[1mmodule.ocp_base[0].module.cos_instance[0].ibm_resource_instance.cos_instance[0]: Destruction complete after 18s[0m
TestRunBankingSolutionsDA 2025-12-11T16:41:21+05:30 logger.go:67: [0m[1mibm_is_subnet.subnet_zone_1[0]: Still destroying... [id=0717-4e0f5cc2-0f5a-474a-b1fe-962e2a4f08a6, 00m20s elapsed][0m[0m
TestRunBankingSolutionsDA 2025-12-11T16:41:27+05:30 logger.go:67: [0m[1mibm_is_subnet.subnet_zone_1[0]: Destruction complete after 26s[0m
TestRunBankingSolutionsDA 2025-12-11T16:41:27+05:30 logger.go:67: [0m[1mibm_is_public_gateway.gateway[0]: Destroying... [id=r006-7acfa923-4f77-4df0-b1c0-699d10dbcc8b][0m[0m
TestRunBankingSolutionsDA 2025-12-11T16:41:37+05:30 logger.go:67: [0m[1mibm_is_public_gateway.gateway[0]: Still destroying... [id=r006-7acfa923-4f77-4df0-b1c0-699d10dbcc8b, 00m10s elapsed][0m[0m
TestRunBankingSolutionsDA 2025-12-11T16:41:39+05:30 logger.go:67: [0m[1mibm_is_public_gateway.gateway[0]: Destruction complete after 13s[0m
TestRunBankingSolutionsDA 2025-12-11T16:41:39+05:30 logger.go:67: [0m[1mibm_is_vpc.vpc[0]: Destroying... [id=r006-8ebe2288-3cff-475c-991c-76259e11b8f6][0m[0m
TestRunBankingSolutionsDA 2025-12-11T16:41:49+05:30 logger.go:67: [0m[1mibm_is_vpc.vpc[0]: Still destroying... [id=r006-8ebe2288-3cff-475c-991c-76259e11b8f6, 00m10s elapsed][0m[0m
TestRunBankingSolutionsDA 2025-12-11T16:41:51+05:30 logger.go:67: [0m[1mibm_is_vpc.vpc[0]: Destruction complete after 11s[0m
TestRunBankingSolutionsDA 2025-12-11T16:41:51+05:30 logger.go:67: [0m[1mmodule.resource_group.ibm_resource_group.resource_group[0]: Destroying... [id=eb25051abc82406fac21424fb9bc3095][0m[0m
TestRunBankingSolutionsDA 2025-12-11T16:41:52+05:30 logger.go:67: [0m[1mmodule.resource_group.ibm_resource_group.resource_group[0]: Destruction complete after 2s[0m
TestRunBankingSolutionsDA 2025-12-11T16:41:52+05:30 logger.go:67: [0m[1m[32m
TestRunBankingSolutionsDA 2025-12-11T16:41:52+05:30 logger.go:67: Destroy complete! Resources: 19 destroyed.
TestRunBankingSolutionsDA 2025-12-11T16:41:52+05:30 logger.go:67: [0m
TestRunBankingSolutionsDA 2025-12-11T16:41:52+05:30 retry.go:91: terraform [workspace show]
TestRunBankingSolutionsDA 2025-12-11T16:41:52+05:30 logger.go:67: Running command terraform with args [workspace show]
TestRunBankingSolutionsDA 2025-12-11T16:41:52+05:30 logger.go:67: rag-s-bbr25d
TestRunBankingSolutionsDA 2025-12-11T16:41:52+05:30 retry.go:91: terraform [workspace list]
TestRunBankingSolutionsDA 2025-12-11T16:41:52+05:30 logger.go:67: Running command terraform with args [workspace list]
TestRunBankingSolutionsDA 2025-12-11T16:41:53+05:30 logger.go:67:   default
TestRunBankingSolutionsDA 2025-12-11T16:41:53+05:30 logger.go:67: * rag-s-bbr25d
TestRunBankingSolutionsDA 2025-12-11T16:41:53+05:30 logger.go:67: 
TestRunBankingSolutionsDA 2025-12-11T16:41:53+05:30 retry.go:91: terraform [workspace list]
TestRunBankingSolutionsDA 2025-12-11T16:41:53+05:30 logger.go:67: Running command terraform with args [workspace list]
TestRunBankingSolutionsDA 2025-12-11T16:41:53+05:30 logger.go:67:   default
TestRunBankingSolutionsDA 2025-12-11T16:41:53+05:30 logger.go:67: * rag-s-bbr25d
TestRunBankingSolutionsDA 2025-12-11T16:41:53+05:30 logger.go:67: 
TestRunBankingSolutionsDA 2025-12-11T16:41:53+05:30 retry.go:91: terraform [workspace select default]
TestRunBankingSolutionsDA 2025-12-11T16:41:53+05:30 logger.go:67: Running command terraform with args [workspace select default]
TestRunBankingSolutionsDA 2025-12-11T16:41:53+05:30 logger.go:67: [0m[32mSwitched to workspace "default".[0m
TestRunBankingSolutionsDA 2025-12-11T16:41:53+05:30 retry.go:91: terraform [workspace show]
TestRunBankingSolutionsDA 2025-12-11T16:41:53+05:30 logger.go:67: Running command terraform with args [workspace show]
TestRunBankingSolutionsDA 2025-12-11T16:41:53+05:30 logger.go:67: default
TestRunBankingSolutionsDA 2025-12-11T16:41:53+05:30 retry.go:91: terraform [workspace delete rag-s-bbr25d]
TestRunBankingSolutionsDA 2025-12-11T16:41:53+05:30 logger.go:67: Running command terraform with args [workspace delete rag-s-bbr25d]
TestRunBankingSolutionsDA 2025-12-11T16:41:53+05:30 logger.go:67: [0m[32mDeleted workspace "rag-s-bbr25d"![0m
TestRunBankingSolutionsDA 2025-12-11T16:41:53+05:30 pr_test.go:327: END: Destroy (existing resources)
--- FAIL: TestRunBankingSolutionsDA (1905.42s)
FAIL
exit status 1
FAIL	github.com/terraform-ibm-modules/terraform-ibm-rag-sample-da	1906.569s
